{
    "version": 3,
    "terraform_version": "0.11.3",
    "serial": 2667,
    "lineage": "d3fcb5b8-357b-431a-b13f-f1f1e3782e44",
    "modules": [
        {
            "path": [
                "root"
            ],
            "outputs": {},
            "resources": {
                "azurerm_availability_set.EESSI-TEST01-RINA-BPM-RG__EESSI-TEST01-RINA-BPM-AS": {
                    "type": "azurerm_availability_set",
                    "depends_on": [],
                    "primary": {
                        "id": "/subscriptions/5efd619c-0d6c-4bf6-a31b-d54ffda461c4/resourceGroups/EESSI-TEST01-RINA-BPM-RG/providers/Microsoft.Compute/availabilitySets/EESSI-TEST01-RINA-BPM-AS",
                        "attributes": {
                            "id": "/subscriptions/5efd619c-0d6c-4bf6-a31b-d54ffda461c4/resourceGroups/EESSI-TEST01-RINA-BPM-RG/providers/Microsoft.Compute/availabilitySets/EESSI-TEST01-RINA-BPM-AS",
                            "location": "uksouth",
                            "managed": "true",
                            "name": "EESSI-TEST01-RINA-BPM-AS",
                            "platform_fault_domain_count": "2",
                            "platform_update_domain_count": "5",
                            "resource_group_name": "EESSI-TEST01-RINA-BPM-RG",
                            "tags.%": "0"
                        },
                        "meta": {},
                        "tainted": false
                    },
                    "deposed": [],
                    "provider": "provider.azurerm"
                },
                "azurerm_availability_set.EESSI-TEST01-RINA-ELAST-RG__EESSI-TEST01-RINA-ELAST-AS": {
                    "type": "azurerm_availability_set",
                    "depends_on": [],
                    "primary": {
                        "id": "/subscriptions/5efd619c-0d6c-4bf6-a31b-d54ffda461c4/resourceGroups/EESSI-TEST01-RINA-ELAST-RG/providers/Microsoft.Compute/availabilitySets/EESSI-TEST01-RINA-ELAST-AS",
                        "attributes": {
                            "id": "/subscriptions/5efd619c-0d6c-4bf6-a31b-d54ffda461c4/resourceGroups/EESSI-TEST01-RINA-ELAST-RG/providers/Microsoft.Compute/availabilitySets/EESSI-TEST01-RINA-ELAST-AS",
                            "location": "uksouth",
                            "managed": "true",
                            "name": "EESSI-TEST01-RINA-ELAST-AS",
                            "platform_fault_domain_count": "2",
                            "platform_update_domain_count": "5",
                            "resource_group_name": "EESSI-TEST01-RINA-ELAST-RG",
                            "tags.%": "0"
                        },
                        "meta": {},
                        "tainted": false
                    },
                    "deposed": [],
                    "provider": "provider.azurerm"
                },
                "azurerm_availability_set.EESSI-TEST01-RINA-FSHARE-RG__EESSI-TEST01-RINA-FSHARE-AS": {
                    "type": "azurerm_availability_set",
                    "depends_on": [],
                    "primary": {
                        "id": "/subscriptions/5efd619c-0d6c-4bf6-a31b-d54ffda461c4/resourceGroups/EESSI-TEST01-RINA-FSHARE-RG/providers/Microsoft.Compute/availabilitySets/EESSI-TEST01-RINA-FSHARE-AS",
                        "attributes": {
                            "id": "/subscriptions/5efd619c-0d6c-4bf6-a31b-d54ffda461c4/resourceGroups/EESSI-TEST01-RINA-FSHARE-RG/providers/Microsoft.Compute/availabilitySets/EESSI-TEST01-RINA-FSHARE-AS",
                            "location": "uksouth",
                            "managed": "true",
                            "name": "EESSI-TEST01-RINA-FSHARE-AS",
                            "platform_fault_domain_count": "2",
                            "platform_update_domain_count": "5",
                            "resource_group_name": "EESSI-TEST01-RINA-FSHARE-RG",
                            "tags.%": "0"
                        },
                        "meta": {},
                        "tainted": false
                    },
                    "deposed": [],
                    "provider": "provider.azurerm"
                },
                "azurerm_availability_set.EESSI-TEST01-RINA-HDK-RG__EESSI-TEST01-RINA-HDK-AS": {
                    "type": "azurerm_availability_set",
                    "depends_on": [],
                    "primary": {
                        "id": "/subscriptions/5efd619c-0d6c-4bf6-a31b-d54ffda461c4/resourceGroups/EESSI-TEST01-RINA-HDK-RG/providers/Microsoft.Compute/availabilitySets/EESSI-TEST01-RINA-HDK-AS",
                        "attributes": {
                            "id": "/subscriptions/5efd619c-0d6c-4bf6-a31b-d54ffda461c4/resourceGroups/EESSI-TEST01-RINA-HDK-RG/providers/Microsoft.Compute/availabilitySets/EESSI-TEST01-RINA-HDK-AS",
                            "location": "uksouth",
                            "managed": "true",
                            "name": "EESSI-TEST01-RINA-HDK-AS",
                            "platform_fault_domain_count": "2",
                            "platform_update_domain_count": "5",
                            "resource_group_name": "EESSI-TEST01-RINA-HDK-RG",
                            "tags.%": "0"
                        },
                        "meta": {},
                        "tainted": false
                    },
                    "deposed": [],
                    "provider": "provider.azurerm"
                },
                "azurerm_availability_set.EESSI-TEST01-RINA-LB-RG__EESSI-TEST01-RINA-LB-AS": {
                    "type": "azurerm_availability_set",
                    "depends_on": [],
                    "primary": {
                        "id": "/subscriptions/5efd619c-0d6c-4bf6-a31b-d54ffda461c4/resourceGroups/EESSI-TEST01-RINA-LB-RG/providers/Microsoft.Compute/availabilitySets/EESSI-TEST01-RINA-LB-AS",
                        "attributes": {
                            "id": "/subscriptions/5efd619c-0d6c-4bf6-a31b-d54ffda461c4/resourceGroups/EESSI-TEST01-RINA-LB-RG/providers/Microsoft.Compute/availabilitySets/EESSI-TEST01-RINA-LB-AS",
                            "location": "uksouth",
                            "managed": "true",
                            "name": "EESSI-TEST01-RINA-LB-AS",
                            "platform_fault_domain_count": "2",
                            "platform_update_domain_count": "5",
                            "resource_group_name": "EESSI-TEST01-RINA-LB-RG",
                            "tags.%": "0"
                        },
                        "meta": {},
                        "tainted": false
                    },
                    "deposed": [],
                    "provider": "provider.azurerm"
                },
                "azurerm_availability_set.EESSI-TEST01-RINA-POSTGRE-RG__EESSI-TEST01-RINA-POSTGRE-AS": {
                    "type": "azurerm_availability_set",
                    "depends_on": [],
                    "primary": {
                        "id": "/subscriptions/5efd619c-0d6c-4bf6-a31b-d54ffda461c4/resourceGroups/EESSI-TEST01-RINA-POSTGRE-RG/providers/Microsoft.Compute/availabilitySets/EESSI-TEST01-RINA-POSTGRE-AS",
                        "attributes": {
                            "id": "/subscriptions/5efd619c-0d6c-4bf6-a31b-d54ffda461c4/resourceGroups/EESSI-TEST01-RINA-POSTGRE-RG/providers/Microsoft.Compute/availabilitySets/EESSI-TEST01-RINA-POSTGRE-AS",
                            "location": "uksouth",
                            "managed": "true",
                            "name": "EESSI-TEST01-RINA-POSTGRE-AS",
                            "platform_fault_domain_count": "2",
                            "platform_update_domain_count": "5",
                            "resource_group_name": "EESSI-TEST01-RINA-POSTGRE-RG",
                            "tags.%": "0"
                        },
                        "meta": {},
                        "tainted": false
                    },
                    "deposed": [],
                    "provider": "provider.azurerm"
                },
                "azurerm_availability_set.EESSI-TEST01-RINA-REST-RG__EESSI-TEST01-RINA-REST-AS": {
                    "type": "azurerm_availability_set",
                    "depends_on": [],
                    "primary": {
                        "id": "/subscriptions/5efd619c-0d6c-4bf6-a31b-d54ffda461c4/resourceGroups/EESSI-TEST01-RINA-REST-RG/providers/Microsoft.Compute/availabilitySets/EESSI-TEST01-RINA-REST-AS",
                        "attributes": {
                            "id": "/subscriptions/5efd619c-0d6c-4bf6-a31b-d54ffda461c4/resourceGroups/EESSI-TEST01-RINA-REST-RG/providers/Microsoft.Compute/availabilitySets/EESSI-TEST01-RINA-REST-AS",
                            "location": "uksouth",
                            "managed": "true",
                            "name": "EESSI-TEST01-RINA-REST-AS",
                            "platform_fault_domain_count": "2",
                            "platform_update_domain_count": "5",
                            "resource_group_name": "EESSI-TEST01-RINA-REST-RG",
                            "tags.%": "0"
                        },
                        "meta": {},
                        "tainted": false
                    },
                    "deposed": [],
                    "provider": "provider.azurerm"
                },
                "azurerm_availability_set.EESSI-Test-Shared-AD-RG__EESSI-Test-Shared-AD-AS": {
                    "type": "azurerm_availability_set",
                    "depends_on": [],
                    "primary": {
                        "id": "/subscriptions/5efd619c-0d6c-4bf6-a31b-d54ffda461c4/resourceGroups/EESSI-Test-Shared-AD-RG/providers/Microsoft.Compute/availabilitySets/EESSI-Test-Shared-AD-AS",
                        "attributes": {
                            "id": "/subscriptions/5efd619c-0d6c-4bf6-a31b-d54ffda461c4/resourceGroups/EESSI-Test-Shared-AD-RG/providers/Microsoft.Compute/availabilitySets/EESSI-Test-Shared-AD-AS",
                            "location": "uksouth",
                            "managed": "true",
                            "name": "EESSI-Test-Shared-AD-AS",
                            "platform_fault_domain_count": "2",
                            "platform_update_domain_count": "5",
                            "resource_group_name": "EESSI-Test-Shared-AD-RG",
                            "tags.%": "0"
                        },
                        "meta": {},
                        "tainted": false
                    },
                    "deposed": [],
                    "provider": "provider.azurerm"
                },
                "azurerm_availability_set.EESSI-Test01-AP-Biz-RG__EESSI-Test01-AP-Biz-AS": {
                    "type": "azurerm_availability_set",
                    "depends_on": [],
                    "primary": {
                        "id": "/subscriptions/5efd619c-0d6c-4bf6-a31b-d54ffda461c4/resourceGroups/EESSI-Test01-AP-Biz-RG/providers/Microsoft.Compute/availabilitySets/EESSI-Test01-AP-Biz-AS",
                        "attributes": {
                            "id": "/subscriptions/5efd619c-0d6c-4bf6-a31b-d54ffda461c4/resourceGroups/EESSI-Test01-AP-Biz-RG/providers/Microsoft.Compute/availabilitySets/EESSI-Test01-AP-Biz-AS",
                            "location": "uksouth",
                            "managed": "true",
                            "name": "EESSI-Test01-AP-Biz-AS",
                            "platform_fault_domain_count": "2",
                            "platform_update_domain_count": "5",
                            "resource_group_name": "EESSI-Test01-AP-Biz-RG",
                            "tags.%": "0"
                        },
                        "meta": {},
                        "tainted": false
                    },
                    "deposed": [],
                    "provider": "provider.azurerm"
                },
                "azurerm_availability_set.EESSI-Test01-AP-Biz-RG__EESSI-Test02-AP-Biz-AS": {
                    "type": "azurerm_availability_set",
                    "depends_on": [],
                    "primary": {
                        "id": "/subscriptions/5efd619c-0d6c-4bf6-a31b-d54ffda461c4/resourceGroups/EESSI-Test01-AP-Biz-RG/providers/Microsoft.Compute/availabilitySets/EESSI-Test02-AP-Biz-AS",
                        "attributes": {
                            "id": "/subscriptions/5efd619c-0d6c-4bf6-a31b-d54ffda461c4/resourceGroups/EESSI-Test01-AP-Biz-RG/providers/Microsoft.Compute/availabilitySets/EESSI-Test02-AP-Biz-AS",
                            "location": "uksouth",
                            "managed": "true",
                            "name": "EESSI-Test02-AP-Biz-AS",
                            "platform_fault_domain_count": "2",
                            "platform_update_domain_count": "5",
                            "resource_group_name": "EESSI-Test01-AP-Biz-RG",
                            "tags.%": "0"
                        },
                        "meta": {},
                        "tainted": false
                    },
                    "deposed": [],
                    "provider": "provider.azurerm"
                },
                "azurerm_availability_set.EESSI-Test01-AP-FS-RG__EESSI-Test01-AP-FS-AS": {
                    "type": "azurerm_availability_set",
                    "depends_on": [],
                    "primary": {
                        "id": "/subscriptions/5efd619c-0d6c-4bf6-a31b-d54ffda461c4/resourceGroups/EESSI-Test01-AP-FS-RG/providers/Microsoft.Compute/availabilitySets/EESSI-Test01-AP-FS-AS",
                        "attributes": {
                            "id": "/subscriptions/5efd619c-0d6c-4bf6-a31b-d54ffda461c4/resourceGroups/EESSI-Test01-AP-FS-RG/providers/Microsoft.Compute/availabilitySets/EESSI-Test01-AP-FS-AS",
                            "location": "uksouth",
                            "managed": "true",
                            "name": "EESSI-Test01-AP-FS-AS",
                            "platform_fault_domain_count": "2",
                            "platform_update_domain_count": "5",
                            "resource_group_name": "EESSI-Test01-AP-FS-RG",
                            "tags.%": "0"
                        },
                        "meta": {},
                        "tainted": false
                    },
                    "deposed": [],
                    "provider": "provider.azurerm"
                },
                "azurerm_availability_set.EESSI-Test01-RINA-App-RG__EESSI-TEST01-RINA-APP-AS": {
                    "type": "azurerm_availability_set",
                    "depends_on": [],
                    "primary": {
                        "id": "/subscriptions/5efd619c-0d6c-4bf6-a31b-d54ffda461c4/resourceGroups/EESSI-Test01-RINA-App-RG/providers/Microsoft.Compute/availabilitySets/EESSI-TEST01-RINA-APP-AS",
                        "attributes": {
                            "id": "/subscriptions/5efd619c-0d6c-4bf6-a31b-d54ffda461c4/resourceGroups/EESSI-Test01-RINA-App-RG/providers/Microsoft.Compute/availabilitySets/EESSI-TEST01-RINA-APP-AS",
                            "location": "uksouth",
                            "managed": "true",
                            "name": "EESSI-TEST01-RINA-APP-AS",
                            "platform_fault_domain_count": "2",
                            "platform_update_domain_count": "5",
                            "resource_group_name": "EESSI-Test01-RINA-App-RG",
                            "tags.%": "0"
                        },
                        "meta": {},
                        "tainted": false
                    },
                    "deposed": [],
                    "provider": "provider.azurerm"
                },
                "azurerm_availability_set.EESSI-Test02-AP-FS-RG__EESSI-Test02-AP-FS-AS": {
                    "type": "azurerm_availability_set",
                    "depends_on": [],
                    "primary": {
                        "id": "/subscriptions/5efd619c-0d6c-4bf6-a31b-d54ffda461c4/resourceGroups/EESSI-Test02-AP-FS-RG/providers/Microsoft.Compute/availabilitySets/EESSI-Test02-AP-FS-AS",
                        "attributes": {
                            "id": "/subscriptions/5efd619c-0d6c-4bf6-a31b-d54ffda461c4/resourceGroups/EESSI-Test02-AP-FS-RG/providers/Microsoft.Compute/availabilitySets/EESSI-Test02-AP-FS-AS",
                            "location": "uksouth",
                            "managed": "true",
                            "name": "EESSI-Test02-AP-FS-AS",
                            "platform_fault_domain_count": "2",
                            "platform_update_domain_count": "5",
                            "resource_group_name": "EESSI-Test02-AP-FS-RG",
                            "tags.%": "0"
                        },
                        "meta": {},
                        "tainted": false
                    },
                    "deposed": [],
                    "provider": "provider.azurerm"
                },
                "azurerm_availability_set.EESSI-Test02-AP-SQL-RG__EESSI-Test02-AP-SQL-AS": {
                    "type": "azurerm_availability_set",
                    "depends_on": [],
                    "primary": {
                        "id": "/subscriptions/5efd619c-0d6c-4bf6-a31b-d54ffda461c4/resourceGroups/EESSI-Test02-AP-SQL-RG/providers/Microsoft.Compute/availabilitySets/EESSI-Test02-AP-SQL-AS",
                        "attributes": {
                            "id": "/subscriptions/5efd619c-0d6c-4bf6-a31b-d54ffda461c4/resourceGroups/EESSI-Test02-AP-SQL-RG/providers/Microsoft.Compute/availabilitySets/EESSI-Test02-AP-SQL-AS",
                            "location": "uksouth",
                            "managed": "true",
                            "name": "EESSI-Test02-AP-SQL-AS",
                            "platform_fault_domain_count": "2",
                            "platform_update_domain_count": "5",
                            "resource_group_name": "EESSI-Test02-AP-SQL-RG",
                            "tags.%": "0"
                        },
                        "meta": {},
                        "tainted": false
                    },
                    "deposed": [],
                    "provider": "provider.azurerm"
                },
                "azurerm_network_security_group.EESSI-TEST01-RINA-BPM-RG__aztst01-ribon01-nsg": {
                    "type": "azurerm_network_security_group",
                    "depends_on": [],
                    "primary": {
                        "id": "/subscriptions/5efd619c-0d6c-4bf6-a31b-d54ffda461c4/resourceGroups/EESSI-TEST01-RINA-BPM-RG/providers/Microsoft.Network/networkSecurityGroups/aztst01-ribon01-nsg",
                        "attributes": {
                            "id": "/subscriptions/5efd619c-0d6c-4bf6-a31b-d54ffda461c4/resourceGroups/EESSI-TEST01-RINA-BPM-RG/providers/Microsoft.Network/networkSecurityGroups/aztst01-ribon01-nsg",
                            "location": "uksouth",
                            "name": "aztst01-ribon01-nsg",
                            "resource_group_name": "EESSI-TEST01-RINA-BPM-RG",
                            "security_rule.#": "2",
                            "security_rule.2972012272.access": "Deny",
                            "security_rule.2972012272.description": "All traffic originating from the Point-to-Site VPN is to be denied",
                            "security_rule.2972012272.destination_address_prefix": "*",
                            "security_rule.2972012272.destination_address_prefixes.#": "0",
                            "security_rule.2972012272.destination_application_security_group_ids.#": "0",
                            "security_rule.2972012272.destination_port_range": "*",
                            "security_rule.2972012272.destination_port_ranges.#": "0",
                            "security_rule.2972012272.direction": "Inbound",
                            "security_rule.2972012272.name": "Deny-P2S-Traffic",
                            "security_rule.2972012272.priority": "4000",
                            "security_rule.2972012272.protocol": "*",
                            "security_rule.2972012272.source_address_prefix": "10.86.60.0/25",
                            "security_rule.2972012272.source_address_prefixes.#": "0",
                            "security_rule.2972012272.source_application_security_group_ids.#": "0",
                            "security_rule.2972012272.source_port_range": "*",
                            "security_rule.2972012272.source_port_ranges.#": "0",
                            "security_rule.4167390957.access": "Allow",
                            "security_rule.4167390957.description": "Allow Remote Desktop traffic from Jumpbox Session Host",
                            "security_rule.4167390957.destination_address_prefix": "*",
                            "security_rule.4167390957.destination_address_prefixes.#": "0",
                            "security_rule.4167390957.destination_application_security_group_ids.#": "0",
                            "security_rule.4167390957.destination_port_range": "3389",
                            "security_rule.4167390957.destination_port_ranges.#": "0",
                            "security_rule.4167390957.direction": "Inbound",
                            "security_rule.4167390957.name": "default-allow-rdp",
                            "security_rule.4167390957.priority": "1000",
                            "security_rule.4167390957.protocol": "TCP",
                            "security_rule.4167390957.source_address_prefix": "10.86.6.44/32",
                            "security_rule.4167390957.source_address_prefixes.#": "0",
                            "security_rule.4167390957.source_application_security_group_ids.#": "0",
                            "security_rule.4167390957.source_port_range": "*",
                            "security_rule.4167390957.source_port_ranges.#": "0",
                            "tags.%": "0"
                        },
                        "meta": {},
                        "tainted": false
                    },
                    "deposed": [],
                    "provider": "provider.azurerm"
                },
                "azurerm_network_security_group.EESSI-TEST01-RINA-BPM-RG__aztst01-ribon02-nsg": {
                    "type": "azurerm_network_security_group",
                    "depends_on": [],
                    "primary": {
                        "id": "/subscriptions/5efd619c-0d6c-4bf6-a31b-d54ffda461c4/resourceGroups/EESSI-TEST01-RINA-BPM-RG/providers/Microsoft.Network/networkSecurityGroups/aztst01-ribon02-nsg",
                        "attributes": {
                            "id": "/subscriptions/5efd619c-0d6c-4bf6-a31b-d54ffda461c4/resourceGroups/EESSI-TEST01-RINA-BPM-RG/providers/Microsoft.Network/networkSecurityGroups/aztst01-ribon02-nsg",
                            "location": "uksouth",
                            "name": "aztst01-ribon02-nsg",
                            "resource_group_name": "EESSI-TEST01-RINA-BPM-RG",
                            "security_rule.#": "2",
                            "security_rule.2972012272.access": "Deny",
                            "security_rule.2972012272.description": "All traffic originating from the Point-to-Site VPN is to be denied",
                            "security_rule.2972012272.destination_address_prefix": "*",
                            "security_rule.2972012272.destination_address_prefixes.#": "0",
                            "security_rule.2972012272.destination_application_security_group_ids.#": "0",
                            "security_rule.2972012272.destination_port_range": "*",
                            "security_rule.2972012272.destination_port_ranges.#": "0",
                            "security_rule.2972012272.direction": "Inbound",
                            "security_rule.2972012272.name": "Deny-P2S-Traffic",
                            "security_rule.2972012272.priority": "4000",
                            "security_rule.2972012272.protocol": "*",
                            "security_rule.2972012272.source_address_prefix": "10.86.60.0/25",
                            "security_rule.2972012272.source_address_prefixes.#": "0",
                            "security_rule.2972012272.source_application_security_group_ids.#": "0",
                            "security_rule.2972012272.source_port_range": "*",
                            "security_rule.2972012272.source_port_ranges.#": "0",
                            "security_rule.4167390957.access": "Allow",
                            "security_rule.4167390957.description": "Allow Remote Desktop traffic from Jumpbox Session Host",
                            "security_rule.4167390957.destination_address_prefix": "*",
                            "security_rule.4167390957.destination_address_prefixes.#": "0",
                            "security_rule.4167390957.destination_application_security_group_ids.#": "0",
                            "security_rule.4167390957.destination_port_range": "3389",
                            "security_rule.4167390957.destination_port_ranges.#": "0",
                            "security_rule.4167390957.direction": "Inbound",
                            "security_rule.4167390957.name": "default-allow-rdp",
                            "security_rule.4167390957.priority": "1000",
                            "security_rule.4167390957.protocol": "TCP",
                            "security_rule.4167390957.source_address_prefix": "10.86.6.44/32",
                            "security_rule.4167390957.source_address_prefixes.#": "0",
                            "security_rule.4167390957.source_application_security_group_ids.#": "0",
                            "security_rule.4167390957.source_port_range": "*",
                            "security_rule.4167390957.source_port_ranges.#": "0",
                            "tags.%": "0"
                        },
                        "meta": {},
                        "tainted": false
                    },
                    "deposed": [],
                    "provider": "provider.azurerm"
                },
                "azurerm_network_security_group.EESSI-TEST01-RINA-ELAST-RG__aztst01-ries01-nsg": {
                    "type": "azurerm_network_security_group",
                    "depends_on": [],
                    "primary": {
                        "id": "/subscriptions/5efd619c-0d6c-4bf6-a31b-d54ffda461c4/resourceGroups/EESSI-TEST01-RINA-ELAST-RG/providers/Microsoft.Network/networkSecurityGroups/aztst01-ries01-nsg",
                        "attributes": {
                            "id": "/subscriptions/5efd619c-0d6c-4bf6-a31b-d54ffda461c4/resourceGroups/EESSI-TEST01-RINA-ELAST-RG/providers/Microsoft.Network/networkSecurityGroups/aztst01-ries01-nsg",
                            "location": "uksouth",
                            "name": "aztst01-ries01-nsg",
                            "resource_group_name": "EESSI-TEST01-RINA-ELAST-RG",
                            "security_rule.#": "2",
                            "security_rule.2972012272.access": "Deny",
                            "security_rule.2972012272.description": "All traffic originating from the Point-to-Site VPN is to be denied",
                            "security_rule.2972012272.destination_address_prefix": "*",
                            "security_rule.2972012272.destination_address_prefixes.#": "0",
                            "security_rule.2972012272.destination_application_security_group_ids.#": "0",
                            "security_rule.2972012272.destination_port_range": "*",
                            "security_rule.2972012272.destination_port_ranges.#": "0",
                            "security_rule.2972012272.direction": "Inbound",
                            "security_rule.2972012272.name": "Deny-P2S-Traffic",
                            "security_rule.2972012272.priority": "4000",
                            "security_rule.2972012272.protocol": "*",
                            "security_rule.2972012272.source_address_prefix": "10.86.60.0/25",
                            "security_rule.2972012272.source_address_prefixes.#": "0",
                            "security_rule.2972012272.source_application_security_group_ids.#": "0",
                            "security_rule.2972012272.source_port_range": "*",
                            "security_rule.2972012272.source_port_ranges.#": "0",
                            "security_rule.4167390957.access": "Allow",
                            "security_rule.4167390957.description": "Allow Remote Desktop traffic from Jumpbox Session Host",
                            "security_rule.4167390957.destination_address_prefix": "*",
                            "security_rule.4167390957.destination_address_prefixes.#": "0",
                            "security_rule.4167390957.destination_application_security_group_ids.#": "0",
                            "security_rule.4167390957.destination_port_range": "3389",
                            "security_rule.4167390957.destination_port_ranges.#": "0",
                            "security_rule.4167390957.direction": "Inbound",
                            "security_rule.4167390957.name": "default-allow-rdp",
                            "security_rule.4167390957.priority": "1000",
                            "security_rule.4167390957.protocol": "TCP",
                            "security_rule.4167390957.source_address_prefix": "10.86.6.44/32",
                            "security_rule.4167390957.source_address_prefixes.#": "0",
                            "security_rule.4167390957.source_application_security_group_ids.#": "0",
                            "security_rule.4167390957.source_port_range": "*",
                            "security_rule.4167390957.source_port_ranges.#": "0",
                            "tags.%": "0"
                        },
                        "meta": {},
                        "tainted": false
                    },
                    "deposed": [],
                    "provider": "provider.azurerm"
                },
                "azurerm_network_security_group.EESSI-TEST01-RINA-ELAST-RG__aztst01-ries02-nsg": {
                    "type": "azurerm_network_security_group",
                    "depends_on": [],
                    "primary": {
                        "id": "/subscriptions/5efd619c-0d6c-4bf6-a31b-d54ffda461c4/resourceGroups/EESSI-TEST01-RINA-ELAST-RG/providers/Microsoft.Network/networkSecurityGroups/aztst01-ries02-nsg",
                        "attributes": {
                            "id": "/subscriptions/5efd619c-0d6c-4bf6-a31b-d54ffda461c4/resourceGroups/EESSI-TEST01-RINA-ELAST-RG/providers/Microsoft.Network/networkSecurityGroups/aztst01-ries02-nsg",
                            "location": "uksouth",
                            "name": "aztst01-ries02-nsg",
                            "resource_group_name": "EESSI-TEST01-RINA-ELAST-RG",
                            "security_rule.#": "2",
                            "security_rule.2972012272.access": "Deny",
                            "security_rule.2972012272.description": "All traffic originating from the Point-to-Site VPN is to be denied",
                            "security_rule.2972012272.destination_address_prefix": "*",
                            "security_rule.2972012272.destination_address_prefixes.#": "0",
                            "security_rule.2972012272.destination_application_security_group_ids.#": "0",
                            "security_rule.2972012272.destination_port_range": "*",
                            "security_rule.2972012272.destination_port_ranges.#": "0",
                            "security_rule.2972012272.direction": "Inbound",
                            "security_rule.2972012272.name": "Deny-P2S-Traffic",
                            "security_rule.2972012272.priority": "4000",
                            "security_rule.2972012272.protocol": "*",
                            "security_rule.2972012272.source_address_prefix": "10.86.60.0/25",
                            "security_rule.2972012272.source_address_prefixes.#": "0",
                            "security_rule.2972012272.source_application_security_group_ids.#": "0",
                            "security_rule.2972012272.source_port_range": "*",
                            "security_rule.2972012272.source_port_ranges.#": "0",
                            "security_rule.4167390957.access": "Allow",
                            "security_rule.4167390957.description": "Allow Remote Desktop traffic from Jumpbox Session Host",
                            "security_rule.4167390957.destination_address_prefix": "*",
                            "security_rule.4167390957.destination_address_prefixes.#": "0",
                            "security_rule.4167390957.destination_application_security_group_ids.#": "0",
                            "security_rule.4167390957.destination_port_range": "3389",
                            "security_rule.4167390957.destination_port_ranges.#": "0",
                            "security_rule.4167390957.direction": "Inbound",
                            "security_rule.4167390957.name": "default-allow-rdp",
                            "security_rule.4167390957.priority": "1000",
                            "security_rule.4167390957.protocol": "TCP",
                            "security_rule.4167390957.source_address_prefix": "10.86.6.44/32",
                            "security_rule.4167390957.source_address_prefixes.#": "0",
                            "security_rule.4167390957.source_application_security_group_ids.#": "0",
                            "security_rule.4167390957.source_port_range": "*",
                            "security_rule.4167390957.source_port_ranges.#": "0",
                            "tags.%": "0"
                        },
                        "meta": {},
                        "tainted": false
                    },
                    "deposed": [],
                    "provider": "provider.azurerm"
                },
                "azurerm_network_security_group.EESSI-TEST01-RINA-FSHARE-RG__aztst01-rifs01-nsg": {
                    "type": "azurerm_network_security_group",
                    "depends_on": [],
                    "primary": {
                        "id": "/subscriptions/5efd619c-0d6c-4bf6-a31b-d54ffda461c4/resourceGroups/EESSI-TEST01-RINA-FSHARE-RG/providers/Microsoft.Network/networkSecurityGroups/aztst01-rifs01-nsg",
                        "attributes": {
                            "id": "/subscriptions/5efd619c-0d6c-4bf6-a31b-d54ffda461c4/resourceGroups/EESSI-TEST01-RINA-FSHARE-RG/providers/Microsoft.Network/networkSecurityGroups/aztst01-rifs01-nsg",
                            "location": "uksouth",
                            "name": "aztst01-rifs01-nsg",
                            "resource_group_name": "EESSI-TEST01-RINA-FSHARE-RG",
                            "security_rule.#": "2",
                            "security_rule.2972012272.access": "Deny",
                            "security_rule.2972012272.description": "All traffic originating from the Point-to-Site VPN is to be denied",
                            "security_rule.2972012272.destination_address_prefix": "*",
                            "security_rule.2972012272.destination_address_prefixes.#": "0",
                            "security_rule.2972012272.destination_application_security_group_ids.#": "0",
                            "security_rule.2972012272.destination_port_range": "*",
                            "security_rule.2972012272.destination_port_ranges.#": "0",
                            "security_rule.2972012272.direction": "Inbound",
                            "security_rule.2972012272.name": "Deny-P2S-Traffic",
                            "security_rule.2972012272.priority": "4000",
                            "security_rule.2972012272.protocol": "*",
                            "security_rule.2972012272.source_address_prefix": "10.86.60.0/25",
                            "security_rule.2972012272.source_address_prefixes.#": "0",
                            "security_rule.2972012272.source_application_security_group_ids.#": "0",
                            "security_rule.2972012272.source_port_range": "*",
                            "security_rule.2972012272.source_port_ranges.#": "0",
                            "security_rule.4167390957.access": "Allow",
                            "security_rule.4167390957.description": "Allow Remote Desktop traffic from Jumpbox Session Host",
                            "security_rule.4167390957.destination_address_prefix": "*",
                            "security_rule.4167390957.destination_address_prefixes.#": "0",
                            "security_rule.4167390957.destination_application_security_group_ids.#": "0",
                            "security_rule.4167390957.destination_port_range": "3389",
                            "security_rule.4167390957.destination_port_ranges.#": "0",
                            "security_rule.4167390957.direction": "Inbound",
                            "security_rule.4167390957.name": "default-allow-rdp",
                            "security_rule.4167390957.priority": "1000",
                            "security_rule.4167390957.protocol": "TCP",
                            "security_rule.4167390957.source_address_prefix": "10.86.6.44/32",
                            "security_rule.4167390957.source_address_prefixes.#": "0",
                            "security_rule.4167390957.source_application_security_group_ids.#": "0",
                            "security_rule.4167390957.source_port_range": "*",
                            "security_rule.4167390957.source_port_ranges.#": "0",
                            "tags.%": "0"
                        },
                        "meta": {},
                        "tainted": false
                    },
                    "deposed": [],
                    "provider": "provider.azurerm"
                },
                "azurerm_network_security_group.EESSI-TEST01-RINA-FSHARE-RG__aztst01-rifs02-nsg": {
                    "type": "azurerm_network_security_group",
                    "depends_on": [],
                    "primary": {
                        "id": "/subscriptions/5efd619c-0d6c-4bf6-a31b-d54ffda461c4/resourceGroups/EESSI-TEST01-RINA-FSHARE-RG/providers/Microsoft.Network/networkSecurityGroups/aztst01-rifs02-nsg",
                        "attributes": {
                            "id": "/subscriptions/5efd619c-0d6c-4bf6-a31b-d54ffda461c4/resourceGroups/EESSI-TEST01-RINA-FSHARE-RG/providers/Microsoft.Network/networkSecurityGroups/aztst01-rifs02-nsg",
                            "location": "uksouth",
                            "name": "aztst01-rifs02-nsg",
                            "resource_group_name": "EESSI-TEST01-RINA-FSHARE-RG",
                            "security_rule.#": "2",
                            "security_rule.2972012272.access": "Deny",
                            "security_rule.2972012272.description": "All traffic originating from the Point-to-Site VPN is to be denied",
                            "security_rule.2972012272.destination_address_prefix": "*",
                            "security_rule.2972012272.destination_address_prefixes.#": "0",
                            "security_rule.2972012272.destination_application_security_group_ids.#": "0",
                            "security_rule.2972012272.destination_port_range": "*",
                            "security_rule.2972012272.destination_port_ranges.#": "0",
                            "security_rule.2972012272.direction": "Inbound",
                            "security_rule.2972012272.name": "Deny-P2S-Traffic",
                            "security_rule.2972012272.priority": "4000",
                            "security_rule.2972012272.protocol": "*",
                            "security_rule.2972012272.source_address_prefix": "10.86.60.0/25",
                            "security_rule.2972012272.source_address_prefixes.#": "0",
                            "security_rule.2972012272.source_application_security_group_ids.#": "0",
                            "security_rule.2972012272.source_port_range": "*",
                            "security_rule.2972012272.source_port_ranges.#": "0",
                            "security_rule.4167390957.access": "Allow",
                            "security_rule.4167390957.description": "Allow Remote Desktop traffic from Jumpbox Session Host",
                            "security_rule.4167390957.destination_address_prefix": "*",
                            "security_rule.4167390957.destination_address_prefixes.#": "0",
                            "security_rule.4167390957.destination_application_security_group_ids.#": "0",
                            "security_rule.4167390957.destination_port_range": "3389",
                            "security_rule.4167390957.destination_port_ranges.#": "0",
                            "security_rule.4167390957.direction": "Inbound",
                            "security_rule.4167390957.name": "default-allow-rdp",
                            "security_rule.4167390957.priority": "1000",
                            "security_rule.4167390957.protocol": "TCP",
                            "security_rule.4167390957.source_address_prefix": "10.86.6.44/32",
                            "security_rule.4167390957.source_address_prefixes.#": "0",
                            "security_rule.4167390957.source_application_security_group_ids.#": "0",
                            "security_rule.4167390957.source_port_range": "*",
                            "security_rule.4167390957.source_port_ranges.#": "0",
                            "tags.%": "0"
                        },
                        "meta": {},
                        "tainted": false
                    },
                    "deposed": [],
                    "provider": "provider.azurerm"
                },
                "azurerm_network_security_group.EESSI-TEST01-RINA-HDK-RG__aztst01-rihol01-nsg": {
                    "type": "azurerm_network_security_group",
                    "depends_on": [],
                    "primary": {
                        "id": "/subscriptions/5efd619c-0d6c-4bf6-a31b-d54ffda461c4/resourceGroups/EESSI-TEST01-RINA-HDK-RG/providers/Microsoft.Network/networkSecurityGroups/aztst01-rihol01-nsg",
                        "attributes": {
                            "id": "/subscriptions/5efd619c-0d6c-4bf6-a31b-d54ffda461c4/resourceGroups/EESSI-TEST01-RINA-HDK-RG/providers/Microsoft.Network/networkSecurityGroups/aztst01-rihol01-nsg",
                            "location": "uksouth",
                            "name": "aztst01-rihol01-nsg",
                            "resource_group_name": "EESSI-TEST01-RINA-HDK-RG",
                            "security_rule.#": "2",
                            "security_rule.2972012272.access": "Deny",
                            "security_rule.2972012272.description": "All traffic originating from the Point-to-Site VPN is to be denied",
                            "security_rule.2972012272.destination_address_prefix": "*",
                            "security_rule.2972012272.destination_address_prefixes.#": "0",
                            "security_rule.2972012272.destination_application_security_group_ids.#": "0",
                            "security_rule.2972012272.destination_port_range": "*",
                            "security_rule.2972012272.destination_port_ranges.#": "0",
                            "security_rule.2972012272.direction": "Inbound",
                            "security_rule.2972012272.name": "Deny-P2S-Traffic",
                            "security_rule.2972012272.priority": "4000",
                            "security_rule.2972012272.protocol": "*",
                            "security_rule.2972012272.source_address_prefix": "10.86.60.0/25",
                            "security_rule.2972012272.source_address_prefixes.#": "0",
                            "security_rule.2972012272.source_application_security_group_ids.#": "0",
                            "security_rule.2972012272.source_port_range": "*",
                            "security_rule.2972012272.source_port_ranges.#": "0",
                            "security_rule.4167390957.access": "Allow",
                            "security_rule.4167390957.description": "Allow Remote Desktop traffic from Jumpbox Session Host",
                            "security_rule.4167390957.destination_address_prefix": "*",
                            "security_rule.4167390957.destination_address_prefixes.#": "0",
                            "security_rule.4167390957.destination_application_security_group_ids.#": "0",
                            "security_rule.4167390957.destination_port_range": "3389",
                            "security_rule.4167390957.destination_port_ranges.#": "0",
                            "security_rule.4167390957.direction": "Inbound",
                            "security_rule.4167390957.name": "default-allow-rdp",
                            "security_rule.4167390957.priority": "1000",
                            "security_rule.4167390957.protocol": "TCP",
                            "security_rule.4167390957.source_address_prefix": "10.86.6.44/32",
                            "security_rule.4167390957.source_address_prefixes.#": "0",
                            "security_rule.4167390957.source_application_security_group_ids.#": "0",
                            "security_rule.4167390957.source_port_range": "*",
                            "security_rule.4167390957.source_port_ranges.#": "0",
                            "tags.%": "0"
                        },
                        "meta": {},
                        "tainted": false
                    },
                    "deposed": [],
                    "provider": "provider.azurerm"
                },
                "azurerm_network_security_group.EESSI-TEST01-RINA-HDK-RG__aztst01-rihol02-nsg": {
                    "type": "azurerm_network_security_group",
                    "depends_on": [],
                    "primary": {
                        "id": "/subscriptions/5efd619c-0d6c-4bf6-a31b-d54ffda461c4/resourceGroups/EESSI-TEST01-RINA-HDK-RG/providers/Microsoft.Network/networkSecurityGroups/aztst01-rihol02-nsg",
                        "attributes": {
                            "id": "/subscriptions/5efd619c-0d6c-4bf6-a31b-d54ffda461c4/resourceGroups/EESSI-TEST01-RINA-HDK-RG/providers/Microsoft.Network/networkSecurityGroups/aztst01-rihol02-nsg",
                            "location": "uksouth",
                            "name": "aztst01-rihol02-nsg",
                            "resource_group_name": "EESSI-TEST01-RINA-HDK-RG",
                            "security_rule.#": "2",
                            "security_rule.2972012272.access": "Deny",
                            "security_rule.2972012272.description": "All traffic originating from the Point-to-Site VPN is to be denied",
                            "security_rule.2972012272.destination_address_prefix": "*",
                            "security_rule.2972012272.destination_address_prefixes.#": "0",
                            "security_rule.2972012272.destination_application_security_group_ids.#": "0",
                            "security_rule.2972012272.destination_port_range": "*",
                            "security_rule.2972012272.destination_port_ranges.#": "0",
                            "security_rule.2972012272.direction": "Inbound",
                            "security_rule.2972012272.name": "Deny-P2S-Traffic",
                            "security_rule.2972012272.priority": "4000",
                            "security_rule.2972012272.protocol": "*",
                            "security_rule.2972012272.source_address_prefix": "10.86.60.0/25",
                            "security_rule.2972012272.source_address_prefixes.#": "0",
                            "security_rule.2972012272.source_application_security_group_ids.#": "0",
                            "security_rule.2972012272.source_port_range": "*",
                            "security_rule.2972012272.source_port_ranges.#": "0",
                            "security_rule.4167390957.access": "Allow",
                            "security_rule.4167390957.description": "Allow Remote Desktop traffic from Jumpbox Session Host",
                            "security_rule.4167390957.destination_address_prefix": "*",
                            "security_rule.4167390957.destination_address_prefixes.#": "0",
                            "security_rule.4167390957.destination_application_security_group_ids.#": "0",
                            "security_rule.4167390957.destination_port_range": "3389",
                            "security_rule.4167390957.destination_port_ranges.#": "0",
                            "security_rule.4167390957.direction": "Inbound",
                            "security_rule.4167390957.name": "default-allow-rdp",
                            "security_rule.4167390957.priority": "1000",
                            "security_rule.4167390957.protocol": "TCP",
                            "security_rule.4167390957.source_address_prefix": "10.86.6.44/32",
                            "security_rule.4167390957.source_address_prefixes.#": "0",
                            "security_rule.4167390957.source_application_security_group_ids.#": "0",
                            "security_rule.4167390957.source_port_range": "*",
                            "security_rule.4167390957.source_port_ranges.#": "0",
                            "tags.%": "0"
                        },
                        "meta": {},
                        "tainted": false
                    },
                    "deposed": [],
                    "provider": "provider.azurerm"
                },
                "azurerm_network_security_group.EESSI-TEST01-RINA-LB-RG__aztst01-rilb02-nsg": {
                    "type": "azurerm_network_security_group",
                    "depends_on": [],
                    "primary": {
                        "id": "/subscriptions/5efd619c-0d6c-4bf6-a31b-d54ffda461c4/resourceGroups/EESSI-TEST01-RINA-LB-RG/providers/Microsoft.Network/networkSecurityGroups/aztst01-rilb02-nsg",
                        "attributes": {
                            "id": "/subscriptions/5efd619c-0d6c-4bf6-a31b-d54ffda461c4/resourceGroups/EESSI-TEST01-RINA-LB-RG/providers/Microsoft.Network/networkSecurityGroups/aztst01-rilb02-nsg",
                            "location": "uksouth",
                            "name": "aztst01-rilb02-nsg",
                            "resource_group_name": "EESSI-TEST01-RINA-LB-RG",
                            "security_rule.#": "2",
                            "security_rule.2972012272.access": "Deny",
                            "security_rule.2972012272.description": "All traffic originating from the Point-to-Site VPN is to be denied",
                            "security_rule.2972012272.destination_address_prefix": "*",
                            "security_rule.2972012272.destination_address_prefixes.#": "0",
                            "security_rule.2972012272.destination_application_security_group_ids.#": "0",
                            "security_rule.2972012272.destination_port_range": "*",
                            "security_rule.2972012272.destination_port_ranges.#": "0",
                            "security_rule.2972012272.direction": "Inbound",
                            "security_rule.2972012272.name": "Deny-P2S-Traffic",
                            "security_rule.2972012272.priority": "4000",
                            "security_rule.2972012272.protocol": "*",
                            "security_rule.2972012272.source_address_prefix": "10.86.60.0/25",
                            "security_rule.2972012272.source_address_prefixes.#": "0",
                            "security_rule.2972012272.source_application_security_group_ids.#": "0",
                            "security_rule.2972012272.source_port_range": "*",
                            "security_rule.2972012272.source_port_ranges.#": "0",
                            "security_rule.4167390957.access": "Allow",
                            "security_rule.4167390957.description": "Allow Remote Desktop traffic from Jumpbox Session Host",
                            "security_rule.4167390957.destination_address_prefix": "*",
                            "security_rule.4167390957.destination_address_prefixes.#": "0",
                            "security_rule.4167390957.destination_application_security_group_ids.#": "0",
                            "security_rule.4167390957.destination_port_range": "3389",
                            "security_rule.4167390957.destination_port_ranges.#": "0",
                            "security_rule.4167390957.direction": "Inbound",
                            "security_rule.4167390957.name": "default-allow-rdp",
                            "security_rule.4167390957.priority": "1000",
                            "security_rule.4167390957.protocol": "TCP",
                            "security_rule.4167390957.source_address_prefix": "10.86.6.44/32",
                            "security_rule.4167390957.source_address_prefixes.#": "0",
                            "security_rule.4167390957.source_application_security_group_ids.#": "0",
                            "security_rule.4167390957.source_port_range": "*",
                            "security_rule.4167390957.source_port_ranges.#": "0",
                            "tags.%": "0"
                        },
                        "meta": {},
                        "tainted": false
                    },
                    "deposed": [],
                    "provider": "provider.azurerm"
                },
                "azurerm_network_security_group.EESSI-TEST01-RINA-POSTGRE-RG__aztst01-risql01-nsg": {
                    "type": "azurerm_network_security_group",
                    "depends_on": [],
                    "primary": {
                        "id": "/subscriptions/5efd619c-0d6c-4bf6-a31b-d54ffda461c4/resourceGroups/EESSI-TEST01-RINA-POSTGRE-RG/providers/Microsoft.Network/networkSecurityGroups/aztst01-risql01-nsg",
                        "attributes": {
                            "id": "/subscriptions/5efd619c-0d6c-4bf6-a31b-d54ffda461c4/resourceGroups/EESSI-TEST01-RINA-POSTGRE-RG/providers/Microsoft.Network/networkSecurityGroups/aztst01-risql01-nsg",
                            "location": "uksouth",
                            "name": "aztst01-risql01-nsg",
                            "resource_group_name": "EESSI-TEST01-RINA-POSTGRE-RG",
                            "security_rule.#": "2",
                            "security_rule.2972012272.access": "Deny",
                            "security_rule.2972012272.description": "All traffic originating from the Point-to-Site VPN is to be denied",
                            "security_rule.2972012272.destination_address_prefix": "*",
                            "security_rule.2972012272.destination_address_prefixes.#": "0",
                            "security_rule.2972012272.destination_application_security_group_ids.#": "0",
                            "security_rule.2972012272.destination_port_range": "*",
                            "security_rule.2972012272.destination_port_ranges.#": "0",
                            "security_rule.2972012272.direction": "Inbound",
                            "security_rule.2972012272.name": "Deny-P2S-Traffic",
                            "security_rule.2972012272.priority": "4000",
                            "security_rule.2972012272.protocol": "*",
                            "security_rule.2972012272.source_address_prefix": "10.86.60.0/25",
                            "security_rule.2972012272.source_address_prefixes.#": "0",
                            "security_rule.2972012272.source_application_security_group_ids.#": "0",
                            "security_rule.2972012272.source_port_range": "*",
                            "security_rule.2972012272.source_port_ranges.#": "0",
                            "security_rule.4167390957.access": "Allow",
                            "security_rule.4167390957.description": "Allow Remote Desktop traffic from Jumpbox Session Host",
                            "security_rule.4167390957.destination_address_prefix": "*",
                            "security_rule.4167390957.destination_address_prefixes.#": "0",
                            "security_rule.4167390957.destination_application_security_group_ids.#": "0",
                            "security_rule.4167390957.destination_port_range": "3389",
                            "security_rule.4167390957.destination_port_ranges.#": "0",
                            "security_rule.4167390957.direction": "Inbound",
                            "security_rule.4167390957.name": "default-allow-rdp",
                            "security_rule.4167390957.priority": "1000",
                            "security_rule.4167390957.protocol": "TCP",
                            "security_rule.4167390957.source_address_prefix": "10.86.6.44/32",
                            "security_rule.4167390957.source_address_prefixes.#": "0",
                            "security_rule.4167390957.source_application_security_group_ids.#": "0",
                            "security_rule.4167390957.source_port_range": "*",
                            "security_rule.4167390957.source_port_ranges.#": "0",
                            "tags.%": "0"
                        },
                        "meta": {},
                        "tainted": false
                    },
                    "deposed": [],
                    "provider": "provider.azurerm"
                },
                "azurerm_network_security_group.EESSI-TEST01-RINA-POSTGRE-RG__aztst01-risql02-nsg": {
                    "type": "azurerm_network_security_group",
                    "depends_on": [],
                    "primary": {
                        "id": "/subscriptions/5efd619c-0d6c-4bf6-a31b-d54ffda461c4/resourceGroups/EESSI-TEST01-RINA-POSTGRE-RG/providers/Microsoft.Network/networkSecurityGroups/aztst01-risql02-nsg",
                        "attributes": {
                            "id": "/subscriptions/5efd619c-0d6c-4bf6-a31b-d54ffda461c4/resourceGroups/EESSI-TEST01-RINA-POSTGRE-RG/providers/Microsoft.Network/networkSecurityGroups/aztst01-risql02-nsg",
                            "location": "uksouth",
                            "name": "aztst01-risql02-nsg",
                            "resource_group_name": "EESSI-TEST01-RINA-POSTGRE-RG",
                            "security_rule.#": "2",
                            "security_rule.2972012272.access": "Deny",
                            "security_rule.2972012272.description": "All traffic originating from the Point-to-Site VPN is to be denied",
                            "security_rule.2972012272.destination_address_prefix": "*",
                            "security_rule.2972012272.destination_address_prefixes.#": "0",
                            "security_rule.2972012272.destination_application_security_group_ids.#": "0",
                            "security_rule.2972012272.destination_port_range": "*",
                            "security_rule.2972012272.destination_port_ranges.#": "0",
                            "security_rule.2972012272.direction": "Inbound",
                            "security_rule.2972012272.name": "Deny-P2S-Traffic",
                            "security_rule.2972012272.priority": "4000",
                            "security_rule.2972012272.protocol": "*",
                            "security_rule.2972012272.source_address_prefix": "10.86.60.0/25",
                            "security_rule.2972012272.source_address_prefixes.#": "0",
                            "security_rule.2972012272.source_application_security_group_ids.#": "0",
                            "security_rule.2972012272.source_port_range": "*",
                            "security_rule.2972012272.source_port_ranges.#": "0",
                            "security_rule.4167390957.access": "Allow",
                            "security_rule.4167390957.description": "Allow Remote Desktop traffic from Jumpbox Session Host",
                            "security_rule.4167390957.destination_address_prefix": "*",
                            "security_rule.4167390957.destination_address_prefixes.#": "0",
                            "security_rule.4167390957.destination_application_security_group_ids.#": "0",
                            "security_rule.4167390957.destination_port_range": "3389",
                            "security_rule.4167390957.destination_port_ranges.#": "0",
                            "security_rule.4167390957.direction": "Inbound",
                            "security_rule.4167390957.name": "default-allow-rdp",
                            "security_rule.4167390957.priority": "1000",
                            "security_rule.4167390957.protocol": "TCP",
                            "security_rule.4167390957.source_address_prefix": "10.86.6.44/32",
                            "security_rule.4167390957.source_address_prefixes.#": "0",
                            "security_rule.4167390957.source_application_security_group_ids.#": "0",
                            "security_rule.4167390957.source_port_range": "*",
                            "security_rule.4167390957.source_port_ranges.#": "0",
                            "tags.%": "0"
                        },
                        "meta": {},
                        "tainted": false
                    },
                    "deposed": [],
                    "provider": "provider.azurerm"
                },
                "azurerm_network_security_group.EESSI-TEST01-RINA-REST-RG__aztst01-ritom01-nsg": {
                    "type": "azurerm_network_security_group",
                    "depends_on": [],
                    "primary": {
                        "id": "/subscriptions/5efd619c-0d6c-4bf6-a31b-d54ffda461c4/resourceGroups/EESSI-TEST01-RINA-REST-RG/providers/Microsoft.Network/networkSecurityGroups/aztst01-ritom01-nsg",
                        "attributes": {
                            "id": "/subscriptions/5efd619c-0d6c-4bf6-a31b-d54ffda461c4/resourceGroups/EESSI-TEST01-RINA-REST-RG/providers/Microsoft.Network/networkSecurityGroups/aztst01-ritom01-nsg",
                            "location": "uksouth",
                            "name": "aztst01-ritom01-nsg",
                            "resource_group_name": "EESSI-TEST01-RINA-REST-RG",
                            "security_rule.#": "2",
                            "security_rule.2972012272.access": "Deny",
                            "security_rule.2972012272.description": "All traffic originating from the Point-to-Site VPN is to be denied",
                            "security_rule.2972012272.destination_address_prefix": "*",
                            "security_rule.2972012272.destination_address_prefixes.#": "0",
                            "security_rule.2972012272.destination_application_security_group_ids.#": "0",
                            "security_rule.2972012272.destination_port_range": "*",
                            "security_rule.2972012272.destination_port_ranges.#": "0",
                            "security_rule.2972012272.direction": "Inbound",
                            "security_rule.2972012272.name": "Deny-P2S-Traffic",
                            "security_rule.2972012272.priority": "4000",
                            "security_rule.2972012272.protocol": "*",
                            "security_rule.2972012272.source_address_prefix": "10.86.60.0/25",
                            "security_rule.2972012272.source_address_prefixes.#": "0",
                            "security_rule.2972012272.source_application_security_group_ids.#": "0",
                            "security_rule.2972012272.source_port_range": "*",
                            "security_rule.2972012272.source_port_ranges.#": "0",
                            "security_rule.4167390957.access": "Allow",
                            "security_rule.4167390957.description": "Allow Remote Desktop traffic from Jumpbox Session Host",
                            "security_rule.4167390957.destination_address_prefix": "*",
                            "security_rule.4167390957.destination_address_prefixes.#": "0",
                            "security_rule.4167390957.destination_application_security_group_ids.#": "0",
                            "security_rule.4167390957.destination_port_range": "3389",
                            "security_rule.4167390957.destination_port_ranges.#": "0",
                            "security_rule.4167390957.direction": "Inbound",
                            "security_rule.4167390957.name": "default-allow-rdp",
                            "security_rule.4167390957.priority": "1000",
                            "security_rule.4167390957.protocol": "TCP",
                            "security_rule.4167390957.source_address_prefix": "10.86.6.44/32",
                            "security_rule.4167390957.source_address_prefixes.#": "0",
                            "security_rule.4167390957.source_application_security_group_ids.#": "0",
                            "security_rule.4167390957.source_port_range": "*",
                            "security_rule.4167390957.source_port_ranges.#": "0",
                            "tags.%": "0"
                        },
                        "meta": {},
                        "tainted": false
                    },
                    "deposed": [],
                    "provider": "provider.azurerm"
                },
                "azurerm_network_security_group.EESSI-TEST01-RINA-REST-RG__aztst01-ritom02-nsg": {
                    "type": "azurerm_network_security_group",
                    "depends_on": [],
                    "primary": {
                        "id": "/subscriptions/5efd619c-0d6c-4bf6-a31b-d54ffda461c4/resourceGroups/EESSI-TEST01-RINA-REST-RG/providers/Microsoft.Network/networkSecurityGroups/aztst01-ritom02-nsg",
                        "attributes": {
                            "id": "/subscriptions/5efd619c-0d6c-4bf6-a31b-d54ffda461c4/resourceGroups/EESSI-TEST01-RINA-REST-RG/providers/Microsoft.Network/networkSecurityGroups/aztst01-ritom02-nsg",
                            "location": "uksouth",
                            "name": "aztst01-ritom02-nsg",
                            "resource_group_name": "EESSI-TEST01-RINA-REST-RG",
                            "security_rule.#": "2",
                            "security_rule.2972012272.access": "Deny",
                            "security_rule.2972012272.description": "All traffic originating from the Point-to-Site VPN is to be denied",
                            "security_rule.2972012272.destination_address_prefix": "*",
                            "security_rule.2972012272.destination_address_prefixes.#": "0",
                            "security_rule.2972012272.destination_application_security_group_ids.#": "0",
                            "security_rule.2972012272.destination_port_range": "*",
                            "security_rule.2972012272.destination_port_ranges.#": "0",
                            "security_rule.2972012272.direction": "Inbound",
                            "security_rule.2972012272.name": "Deny-P2S-Traffic",
                            "security_rule.2972012272.priority": "4000",
                            "security_rule.2972012272.protocol": "*",
                            "security_rule.2972012272.source_address_prefix": "10.86.60.0/25",
                            "security_rule.2972012272.source_address_prefixes.#": "0",
                            "security_rule.2972012272.source_application_security_group_ids.#": "0",
                            "security_rule.2972012272.source_port_range": "*",
                            "security_rule.2972012272.source_port_ranges.#": "0",
                            "security_rule.4167390957.access": "Allow",
                            "security_rule.4167390957.description": "Allow Remote Desktop traffic from Jumpbox Session Host",
                            "security_rule.4167390957.destination_address_prefix": "*",
                            "security_rule.4167390957.destination_address_prefixes.#": "0",
                            "security_rule.4167390957.destination_application_security_group_ids.#": "0",
                            "security_rule.4167390957.destination_port_range": "3389",
                            "security_rule.4167390957.destination_port_ranges.#": "0",
                            "security_rule.4167390957.direction": "Inbound",
                            "security_rule.4167390957.name": "default-allow-rdp",
                            "security_rule.4167390957.priority": "1000",
                            "security_rule.4167390957.protocol": "TCP",
                            "security_rule.4167390957.source_address_prefix": "10.86.6.44/32",
                            "security_rule.4167390957.source_address_prefixes.#": "0",
                            "security_rule.4167390957.source_application_security_group_ids.#": "0",
                            "security_rule.4167390957.source_port_range": "*",
                            "security_rule.4167390957.source_port_ranges.#": "0",
                            "tags.%": "0"
                        },
                        "meta": {},
                        "tainted": false
                    },
                    "deposed": [],
                    "provider": "provider.azurerm"
                },
                "azurerm_network_security_group.EESSI-Test-Cisco01-RG__AZUTSTRTR1-SSH-SecurityGroup": {
                    "type": "azurerm_network_security_group",
                    "depends_on": [],
                    "primary": {
                        "id": "/subscriptions/5efd619c-0d6c-4bf6-a31b-d54ffda461c4/resourceGroups/EESSI-Test-Cisco01-RG/providers/Microsoft.Network/networkSecurityGroups/AZUTSTRTR1-SSH-SecurityGroup",
                        "attributes": {
                            "id": "/subscriptions/5efd619c-0d6c-4bf6-a31b-d54ffda461c4/resourceGroups/EESSI-Test-Cisco01-RG/providers/Microsoft.Network/networkSecurityGroups/AZUTSTRTR1-SSH-SecurityGroup",
                            "location": "uksouth",
                            "name": "AZUTSTRTR1-SSH-SecurityGroup",
                            "resource_group_name": "EESSI-Test-Cisco01-RG",
                            "security_rule.#": "3",
                            "security_rule.2019244362.access": "Allow",
                            "security_rule.2019244362.description": "Allow SSH Wes",
                            "security_rule.2019244362.destination_address_prefix": "*",
                            "security_rule.2019244362.destination_address_prefixes.#": "0",
                            "security_rule.2019244362.destination_application_security_group_ids.#": "0",
                            "security_rule.2019244362.destination_port_range": "22",
                            "security_rule.2019244362.destination_port_ranges.#": "0",
                            "security_rule.2019244362.direction": "Inbound",
                            "security_rule.2019244362.name": "SSH-Rule",
                            "security_rule.2019244362.priority": "100",
                            "security_rule.2019244362.protocol": "TCP",
                            "security_rule.2019244362.source_address_prefix": "51.140.73.168/32",
                            "security_rule.2019244362.source_address_prefixes.#": "0",
                            "security_rule.2019244362.source_application_security_group_ids.#": "0",
                            "security_rule.2019244362.source_port_range": "*",
                            "security_rule.2019244362.source_port_ranges.#": "0",
                            "security_rule.2295180089.access": "Allow",
                            "security_rule.2295180089.description": "",
                            "security_rule.2295180089.destination_address_prefix": "*",
                            "security_rule.2295180089.destination_address_prefixes.#": "0",
                            "security_rule.2295180089.destination_application_security_group_ids.#": "0",
                            "security_rule.2295180089.destination_port_range": "22",
                            "security_rule.2295180089.destination_port_ranges.#": "0",
                            "security_rule.2295180089.direction": "Inbound",
                            "security_rule.2295180089.name": "Allow-SSH-SteveG",
                            "security_rule.2295180089.priority": "103",
                            "security_rule.2295180089.protocol": "*",
                            "security_rule.2295180089.source_address_prefix": "86.164.149.147/32",
                            "security_rule.2295180089.source_address_prefixes.#": "0",
                            "security_rule.2295180089.source_application_security_group_ids.#": "0",
                            "security_rule.2295180089.source_port_range": "*",
                            "security_rule.2295180089.source_port_ranges.#": "0",
                            "security_rule.2972012272.access": "Deny",
                            "security_rule.2972012272.description": "All traffic originating from the Point-to-Site VPN is to be denied",
                            "security_rule.2972012272.destination_address_prefix": "*",
                            "security_rule.2972012272.destination_address_prefixes.#": "0",
                            "security_rule.2972012272.destination_application_security_group_ids.#": "0",
                            "security_rule.2972012272.destination_port_range": "*",
                            "security_rule.2972012272.destination_port_ranges.#": "0",
                            "security_rule.2972012272.direction": "Inbound",
                            "security_rule.2972012272.name": "Deny-P2S-Traffic",
                            "security_rule.2972012272.priority": "4000",
                            "security_rule.2972012272.protocol": "*",
                            "security_rule.2972012272.source_address_prefix": "10.86.60.0/25",
                            "security_rule.2972012272.source_address_prefixes.#": "0",
                            "security_rule.2972012272.source_application_security_group_ids.#": "0",
                            "security_rule.2972012272.source_port_range": "*",
                            "security_rule.2972012272.source_port_ranges.#": "0",
                            "tags.%": "0"
                        },
                        "meta": {},
                        "tainted": false
                    },
                    "deposed": [],
                    "provider": "provider.azurerm"
                },
                "azurerm_network_security_group.EESSI-Test-Cisco02-RG__AZUTSTRTR2-SSH-SecurityGroup": {
                    "type": "azurerm_network_security_group",
                    "depends_on": [],
                    "primary": {
                        "id": "/subscriptions/5efd619c-0d6c-4bf6-a31b-d54ffda461c4/resourceGroups/EESSI-Test-Cisco02-RG/providers/Microsoft.Network/networkSecurityGroups/AZUTSTRTR2-SSH-SecurityGroup",
                        "attributes": {
                            "id": "/subscriptions/5efd619c-0d6c-4bf6-a31b-d54ffda461c4/resourceGroups/EESSI-Test-Cisco02-RG/providers/Microsoft.Network/networkSecurityGroups/AZUTSTRTR2-SSH-SecurityGroup",
                            "location": "uksouth",
                            "name": "AZUTSTRTR2-SSH-SecurityGroup",
                            "resource_group_name": "EESSI-Test-Cisco02-RG",
                            "security_rule.#": "3",
                            "security_rule.1969585759.access": "Allow",
                            "security_rule.1969585759.description": "",
                            "security_rule.1969585759.destination_address_prefix": "*",
                            "security_rule.1969585759.destination_address_prefixes.#": "0",
                            "security_rule.1969585759.destination_application_security_group_ids.#": "0",
                            "security_rule.1969585759.destination_port_range": "22",
                            "security_rule.1969585759.destination_port_ranges.#": "0",
                            "security_rule.1969585759.direction": "Inbound",
                            "security_rule.1969585759.name": "Allow-SSH-SteveG",
                            "security_rule.1969585759.priority": "103",
                            "security_rule.1969585759.protocol": "TCP",
                            "security_rule.1969585759.source_address_prefix": "86.164.149.147/32",
                            "security_rule.1969585759.source_address_prefixes.#": "0",
                            "security_rule.1969585759.source_application_security_group_ids.#": "0",
                            "security_rule.1969585759.source_port_range": "*",
                            "security_rule.1969585759.source_port_ranges.#": "0",
                            "security_rule.2019244362.access": "Allow",
                            "security_rule.2019244362.description": "Allow SSH Wes",
                            "security_rule.2019244362.destination_address_prefix": "*",
                            "security_rule.2019244362.destination_address_prefixes.#": "0",
                            "security_rule.2019244362.destination_application_security_group_ids.#": "0",
                            "security_rule.2019244362.destination_port_range": "22",
                            "security_rule.2019244362.destination_port_ranges.#": "0",
                            "security_rule.2019244362.direction": "Inbound",
                            "security_rule.2019244362.name": "SSH-Rule",
                            "security_rule.2019244362.priority": "100",
                            "security_rule.2019244362.protocol": "TCP",
                            "security_rule.2019244362.source_address_prefix": "51.140.73.168/32",
                            "security_rule.2019244362.source_address_prefixes.#": "0",
                            "security_rule.2019244362.source_application_security_group_ids.#": "0",
                            "security_rule.2019244362.source_port_range": "*",
                            "security_rule.2019244362.source_port_ranges.#": "0",
                            "security_rule.2972012272.access": "Deny",
                            "security_rule.2972012272.description": "All traffic originating from the Point-to-Site VPN is to be denied",
                            "security_rule.2972012272.destination_address_prefix": "*",
                            "security_rule.2972012272.destination_address_prefixes.#": "0",
                            "security_rule.2972012272.destination_application_security_group_ids.#": "0",
                            "security_rule.2972012272.destination_port_range": "*",
                            "security_rule.2972012272.destination_port_ranges.#": "0",
                            "security_rule.2972012272.direction": "Inbound",
                            "security_rule.2972012272.name": "Deny-P2S-Traffic",
                            "security_rule.2972012272.priority": "4000",
                            "security_rule.2972012272.protocol": "*",
                            "security_rule.2972012272.source_address_prefix": "10.86.60.0/25",
                            "security_rule.2972012272.source_address_prefixes.#": "0",
                            "security_rule.2972012272.source_application_security_group_ids.#": "0",
                            "security_rule.2972012272.source_port_range": "*",
                            "security_rule.2972012272.source_port_ranges.#": "0",
                            "tags.%": "0"
                        },
                        "meta": {},
                        "tainted": false
                    },
                    "deposed": [],
                    "provider": "provider.azurerm"
                },
                "azurerm_network_security_group.EESSI-Test-Shared-AD-RG__aztst01-dc01-nsg": {
                    "type": "azurerm_network_security_group",
                    "depends_on": [],
                    "primary": {
                        "id": "/subscriptions/5efd619c-0d6c-4bf6-a31b-d54ffda461c4/resourceGroups/EESSI-Test-Shared-AD-RG/providers/Microsoft.Network/networkSecurityGroups/aztst01-dc01-nsg",
                        "attributes": {
                            "id": "/subscriptions/5efd619c-0d6c-4bf6-a31b-d54ffda461c4/resourceGroups/EESSI-Test-Shared-AD-RG/providers/Microsoft.Network/networkSecurityGroups/aztst01-dc01-nsg",
                            "location": "uksouth",
                            "name": "aztst01-dc01-nsg",
                            "resource_group_name": "EESSI-Test-Shared-AD-RG",
                            "security_rule.#": "2",
                            "security_rule.2972012272.access": "Deny",
                            "security_rule.2972012272.description": "All traffic originating from the Point-to-Site VPN is to be denied",
                            "security_rule.2972012272.destination_address_prefix": "*",
                            "security_rule.2972012272.destination_address_prefixes.#": "0",
                            "security_rule.2972012272.destination_application_security_group_ids.#": "0",
                            "security_rule.2972012272.destination_port_range": "*",
                            "security_rule.2972012272.destination_port_ranges.#": "0",
                            "security_rule.2972012272.direction": "Inbound",
                            "security_rule.2972012272.name": "Deny-P2S-Traffic",
                            "security_rule.2972012272.priority": "4000",
                            "security_rule.2972012272.protocol": "*",
                            "security_rule.2972012272.source_address_prefix": "10.86.60.0/25",
                            "security_rule.2972012272.source_address_prefixes.#": "0",
                            "security_rule.2972012272.source_application_security_group_ids.#": "0",
                            "security_rule.2972012272.source_port_range": "*",
                            "security_rule.2972012272.source_port_ranges.#": "0",
                            "security_rule.4167390957.access": "Allow",
                            "security_rule.4167390957.description": "Allow Remote Desktop traffic from Jumpbox Session Host",
                            "security_rule.4167390957.destination_address_prefix": "*",
                            "security_rule.4167390957.destination_address_prefixes.#": "0",
                            "security_rule.4167390957.destination_application_security_group_ids.#": "0",
                            "security_rule.4167390957.destination_port_range": "3389",
                            "security_rule.4167390957.destination_port_ranges.#": "0",
                            "security_rule.4167390957.direction": "Inbound",
                            "security_rule.4167390957.name": "default-allow-rdp",
                            "security_rule.4167390957.priority": "1000",
                            "security_rule.4167390957.protocol": "TCP",
                            "security_rule.4167390957.source_address_prefix": "10.86.6.44/32",
                            "security_rule.4167390957.source_address_prefixes.#": "0",
                            "security_rule.4167390957.source_application_security_group_ids.#": "0",
                            "security_rule.4167390957.source_port_range": "*",
                            "security_rule.4167390957.source_port_ranges.#": "0",
                            "tags.%": "0"
                        },
                        "meta": {},
                        "tainted": false
                    },
                    "deposed": [],
                    "provider": "provider.azurerm"
                },
                "azurerm_network_security_group.EESSI-Test-Shared-AD-RG__aztst01-dc02-nsg": {
                    "type": "azurerm_network_security_group",
                    "depends_on": [],
                    "primary": {
                        "id": "/subscriptions/5efd619c-0d6c-4bf6-a31b-d54ffda461c4/resourceGroups/EESSI-Test-Shared-AD-RG/providers/Microsoft.Network/networkSecurityGroups/aztst01-dc02-nsg",
                        "attributes": {
                            "id": "/subscriptions/5efd619c-0d6c-4bf6-a31b-d54ffda461c4/resourceGroups/EESSI-Test-Shared-AD-RG/providers/Microsoft.Network/networkSecurityGroups/aztst01-dc02-nsg",
                            "location": "uksouth",
                            "name": "aztst01-dc02-nsg",
                            "resource_group_name": "EESSI-Test-Shared-AD-RG",
                            "security_rule.#": "2",
                            "security_rule.2972012272.access": "Deny",
                            "security_rule.2972012272.description": "All traffic originating from the Point-to-Site VPN is to be denied",
                            "security_rule.2972012272.destination_address_prefix": "*",
                            "security_rule.2972012272.destination_address_prefixes.#": "0",
                            "security_rule.2972012272.destination_application_security_group_ids.#": "0",
                            "security_rule.2972012272.destination_port_range": "*",
                            "security_rule.2972012272.destination_port_ranges.#": "0",
                            "security_rule.2972012272.direction": "Inbound",
                            "security_rule.2972012272.name": "Deny-P2S-Traffic",
                            "security_rule.2972012272.priority": "4000",
                            "security_rule.2972012272.protocol": "*",
                            "security_rule.2972012272.source_address_prefix": "10.86.60.0/25",
                            "security_rule.2972012272.source_address_prefixes.#": "0",
                            "security_rule.2972012272.source_application_security_group_ids.#": "0",
                            "security_rule.2972012272.source_port_range": "*",
                            "security_rule.2972012272.source_port_ranges.#": "0",
                            "security_rule.4167390957.access": "Allow",
                            "security_rule.4167390957.description": "Allow Remote Desktop traffic from Jumpbox Session Host",
                            "security_rule.4167390957.destination_address_prefix": "*",
                            "security_rule.4167390957.destination_address_prefixes.#": "0",
                            "security_rule.4167390957.destination_application_security_group_ids.#": "0",
                            "security_rule.4167390957.destination_port_range": "3389",
                            "security_rule.4167390957.destination_port_ranges.#": "0",
                            "security_rule.4167390957.direction": "Inbound",
                            "security_rule.4167390957.name": "default-allow-rdp",
                            "security_rule.4167390957.priority": "1000",
                            "security_rule.4167390957.protocol": "TCP",
                            "security_rule.4167390957.source_address_prefix": "10.86.6.44/32",
                            "security_rule.4167390957.source_address_prefixes.#": "0",
                            "security_rule.4167390957.source_application_security_group_ids.#": "0",
                            "security_rule.4167390957.source_port_range": "*",
                            "security_rule.4167390957.source_port_ranges.#": "0",
                            "tags.%": "0"
                        },
                        "meta": {},
                        "tainted": false
                    },
                    "deposed": [],
                    "provider": "provider.azurerm"
                },
                "azurerm_network_security_group.EESSI-Test-Shared-BKP-RG__aztst01-bkp01-nsg": {
                    "type": "azurerm_network_security_group",
                    "depends_on": [],
                    "primary": {
                        "id": "/subscriptions/5efd619c-0d6c-4bf6-a31b-d54ffda461c4/resourceGroups/EESSI-Test-Shared-BKP-RG/providers/Microsoft.Network/networkSecurityGroups/aztst01-bkp01-nsg",
                        "attributes": {
                            "id": "/subscriptions/5efd619c-0d6c-4bf6-a31b-d54ffda461c4/resourceGroups/EESSI-Test-Shared-BKP-RG/providers/Microsoft.Network/networkSecurityGroups/aztst01-bkp01-nsg",
                            "location": "uksouth",
                            "name": "aztst01-bkp01-nsg",
                            "resource_group_name": "EESSI-Test-Shared-BKP-RG",
                            "security_rule.#": "2",
                            "security_rule.2972012272.access": "Deny",
                            "security_rule.2972012272.description": "All traffic originating from the Point-to-Site VPN is to be denied",
                            "security_rule.2972012272.destination_address_prefix": "*",
                            "security_rule.2972012272.destination_address_prefixes.#": "0",
                            "security_rule.2972012272.destination_application_security_group_ids.#": "0",
                            "security_rule.2972012272.destination_port_range": "*",
                            "security_rule.2972012272.destination_port_ranges.#": "0",
                            "security_rule.2972012272.direction": "Inbound",
                            "security_rule.2972012272.name": "Deny-P2S-Traffic",
                            "security_rule.2972012272.priority": "4000",
                            "security_rule.2972012272.protocol": "*",
                            "security_rule.2972012272.source_address_prefix": "10.86.60.0/25",
                            "security_rule.2972012272.source_address_prefixes.#": "0",
                            "security_rule.2972012272.source_application_security_group_ids.#": "0",
                            "security_rule.2972012272.source_port_range": "*",
                            "security_rule.2972012272.source_port_ranges.#": "0",
                            "security_rule.4167390957.access": "Allow",
                            "security_rule.4167390957.description": "Allow Remote Desktop traffic from Jumpbox Session Host",
                            "security_rule.4167390957.destination_address_prefix": "*",
                            "security_rule.4167390957.destination_address_prefixes.#": "0",
                            "security_rule.4167390957.destination_application_security_group_ids.#": "0",
                            "security_rule.4167390957.destination_port_range": "3389",
                            "security_rule.4167390957.destination_port_ranges.#": "0",
                            "security_rule.4167390957.direction": "Inbound",
                            "security_rule.4167390957.name": "default-allow-rdp",
                            "security_rule.4167390957.priority": "1000",
                            "security_rule.4167390957.protocol": "TCP",
                            "security_rule.4167390957.source_address_prefix": "10.86.6.44/32",
                            "security_rule.4167390957.source_address_prefixes.#": "0",
                            "security_rule.4167390957.source_application_security_group_ids.#": "0",
                            "security_rule.4167390957.source_port_range": "*",
                            "security_rule.4167390957.source_port_ranges.#": "0",
                            "tags.%": "0"
                        },
                        "meta": {},
                        "tainted": false
                    },
                    "deposed": [],
                    "provider": "provider.azurerm"
                },
                "azurerm_network_security_group.EESSI-Test-Shared-WSUS-RG__aztst01-wsus01-nsg": {
                    "type": "azurerm_network_security_group",
                    "depends_on": [],
                    "primary": {
                        "id": "/subscriptions/5efd619c-0d6c-4bf6-a31b-d54ffda461c4/resourceGroups/EESSI-Test-Shared-WSUS-RG/providers/Microsoft.Network/networkSecurityGroups/aztst01-wsus01-nsg",
                        "attributes": {
                            "id": "/subscriptions/5efd619c-0d6c-4bf6-a31b-d54ffda461c4/resourceGroups/EESSI-Test-Shared-WSUS-RG/providers/Microsoft.Network/networkSecurityGroups/aztst01-wsus01-nsg",
                            "location": "uksouth",
                            "name": "aztst01-wsus01-nsg",
                            "resource_group_name": "EESSI-Test-Shared-WSUS-RG",
                            "security_rule.#": "2",
                            "security_rule.2972012272.access": "Deny",
                            "security_rule.2972012272.description": "All traffic originating from the Point-to-Site VPN is to be denied",
                            "security_rule.2972012272.destination_address_prefix": "*",
                            "security_rule.2972012272.destination_address_prefixes.#": "0",
                            "security_rule.2972012272.destination_application_security_group_ids.#": "0",
                            "security_rule.2972012272.destination_port_range": "*",
                            "security_rule.2972012272.destination_port_ranges.#": "0",
                            "security_rule.2972012272.direction": "Inbound",
                            "security_rule.2972012272.name": "Deny-P2S-Traffic",
                            "security_rule.2972012272.priority": "4000",
                            "security_rule.2972012272.protocol": "*",
                            "security_rule.2972012272.source_address_prefix": "10.86.60.0/25",
                            "security_rule.2972012272.source_address_prefixes.#": "0",
                            "security_rule.2972012272.source_application_security_group_ids.#": "0",
                            "security_rule.2972012272.source_port_range": "*",
                            "security_rule.2972012272.source_port_ranges.#": "0",
                            "security_rule.4167390957.access": "Allow",
                            "security_rule.4167390957.description": "Allow Remote Desktop traffic from Jumpbox Session Host",
                            "security_rule.4167390957.destination_address_prefix": "*",
                            "security_rule.4167390957.destination_address_prefixes.#": "0",
                            "security_rule.4167390957.destination_application_security_group_ids.#": "0",
                            "security_rule.4167390957.destination_port_range": "3389",
                            "security_rule.4167390957.destination_port_ranges.#": "0",
                            "security_rule.4167390957.direction": "Inbound",
                            "security_rule.4167390957.name": "default-allow-rdp",
                            "security_rule.4167390957.priority": "1000",
                            "security_rule.4167390957.protocol": "TCP",
                            "security_rule.4167390957.source_address_prefix": "10.86.6.44/32",
                            "security_rule.4167390957.source_address_prefixes.#": "0",
                            "security_rule.4167390957.source_application_security_group_ids.#": "0",
                            "security_rule.4167390957.source_port_range": "*",
                            "security_rule.4167390957.source_port_ranges.#": "0",
                            "tags.%": "0"
                        },
                        "meta": {},
                        "tainted": false
                    },
                    "deposed": [],
                    "provider": "provider.azurerm"
                },
                "azurerm_network_security_group.EESSI-Test-Transit-RG__aztst-proxy01-nsg": {
                    "type": "azurerm_network_security_group",
                    "depends_on": [],
                    "primary": {
                        "id": "/subscriptions/5efd619c-0d6c-4bf6-a31b-d54ffda461c4/resourceGroups/EESSI-Test-Transit-RG/providers/Microsoft.Network/networkSecurityGroups/aztst-proxy01-nsg",
                        "attributes": {
                            "id": "/subscriptions/5efd619c-0d6c-4bf6-a31b-d54ffda461c4/resourceGroups/EESSI-Test-Transit-RG/providers/Microsoft.Network/networkSecurityGroups/aztst-proxy01-nsg",
                            "location": "uksouth",
                            "name": "aztst-proxy01-nsg",
                            "resource_group_name": "EESSI-Test-Transit-RG",
                            "security_rule.#": "2",
                            "security_rule.1021156238.access": "Allow",
                            "security_rule.1021156238.description": "",
                            "security_rule.1021156238.destination_address_prefix": "*",
                            "security_rule.1021156238.destination_address_prefixes.#": "0",
                            "security_rule.1021156238.destination_application_security_group_ids.#": "0",
                            "security_rule.1021156238.destination_port_range": "22",
                            "security_rule.1021156238.destination_port_ranges.#": "0",
                            "security_rule.1021156238.direction": "Inbound",
                            "security_rule.1021156238.name": "default-allow-ssh",
                            "security_rule.1021156238.priority": "1000",
                            "security_rule.1021156238.protocol": "TCP",
                            "security_rule.1021156238.source_address_prefix": "51.140.73.168/32",
                            "security_rule.1021156238.source_address_prefixes.#": "0",
                            "security_rule.1021156238.source_application_security_group_ids.#": "0",
                            "security_rule.1021156238.source_port_range": "*",
                            "security_rule.1021156238.source_port_ranges.#": "0",
                            "security_rule.2972012272.access": "Deny",
                            "security_rule.2972012272.description": "All traffic originating from the Point-to-Site VPN is to be denied",
                            "security_rule.2972012272.destination_address_prefix": "*",
                            "security_rule.2972012272.destination_address_prefixes.#": "0",
                            "security_rule.2972012272.destination_application_security_group_ids.#": "0",
                            "security_rule.2972012272.destination_port_range": "*",
                            "security_rule.2972012272.destination_port_ranges.#": "0",
                            "security_rule.2972012272.direction": "Inbound",
                            "security_rule.2972012272.name": "Deny-P2S-Traffic",
                            "security_rule.2972012272.priority": "4000",
                            "security_rule.2972012272.protocol": "*",
                            "security_rule.2972012272.source_address_prefix": "10.86.60.0/25",
                            "security_rule.2972012272.source_address_prefixes.#": "0",
                            "security_rule.2972012272.source_application_security_group_ids.#": "0",
                            "security_rule.2972012272.source_port_range": "*",
                            "security_rule.2972012272.source_port_ranges.#": "0",
                            "tags.%": "0"
                        },
                        "meta": {},
                        "tainted": false
                    },
                    "deposed": [],
                    "provider": "provider.azurerm"
                },
                "azurerm_network_security_group.EESSI-Test-Transit-RG__aztst01-proxy01-nsg": {
                    "type": "azurerm_network_security_group",
                    "depends_on": [],
                    "primary": {
                        "id": "/subscriptions/5efd619c-0d6c-4bf6-a31b-d54ffda461c4/resourceGroups/EESSI-Test-Transit-RG/providers/Microsoft.Network/networkSecurityGroups/aztst01-proxy01-nsg",
                        "attributes": {
                            "id": "/subscriptions/5efd619c-0d6c-4bf6-a31b-d54ffda461c4/resourceGroups/EESSI-Test-Transit-RG/providers/Microsoft.Network/networkSecurityGroups/aztst01-proxy01-nsg",
                            "location": "uksouth",
                            "name": "aztst01-proxy01-nsg",
                            "resource_group_name": "EESSI-Test-Transit-RG",
                            "security_rule.#": "2",
                            "security_rule.1410571546.access": "Allow",
                            "security_rule.1410571546.description": "",
                            "security_rule.1410571546.destination_address_prefix": "*",
                            "security_rule.1410571546.destination_address_prefixes.#": "0",
                            "security_rule.1410571546.destination_application_security_group_ids.#": "0",
                            "security_rule.1410571546.destination_port_range": "22",
                            "security_rule.1410571546.destination_port_ranges.#": "0",
                            "security_rule.1410571546.direction": "Inbound",
                            "security_rule.1410571546.name": "default-allow-ssh",
                            "security_rule.1410571546.priority": "1000",
                            "security_rule.1410571546.protocol": "TCP",
                            "security_rule.1410571546.source_address_prefix": "51.140.73.168",
                            "security_rule.1410571546.source_address_prefixes.#": "0",
                            "security_rule.1410571546.source_application_security_group_ids.#": "0",
                            "security_rule.1410571546.source_port_range": "*",
                            "security_rule.1410571546.source_port_ranges.#": "0",
                            "security_rule.2972012272.access": "Deny",
                            "security_rule.2972012272.description": "All traffic originating from the Point-to-Site VPN is to be denied",
                            "security_rule.2972012272.destination_address_prefix": "*",
                            "security_rule.2972012272.destination_address_prefixes.#": "0",
                            "security_rule.2972012272.destination_application_security_group_ids.#": "0",
                            "security_rule.2972012272.destination_port_range": "*",
                            "security_rule.2972012272.destination_port_ranges.#": "0",
                            "security_rule.2972012272.direction": "Inbound",
                            "security_rule.2972012272.name": "Deny-P2S-Traffic",
                            "security_rule.2972012272.priority": "4000",
                            "security_rule.2972012272.protocol": "*",
                            "security_rule.2972012272.source_address_prefix": "10.86.60.0/25",
                            "security_rule.2972012272.source_address_prefixes.#": "0",
                            "security_rule.2972012272.source_application_security_group_ids.#": "0",
                            "security_rule.2972012272.source_port_range": "*",
                            "security_rule.2972012272.source_port_ranges.#": "0",
                            "tags.%": "0"
                        },
                        "meta": {},
                        "tainted": false
                    },
                    "deposed": [],
                    "provider": "provider.azurerm"
                },
                "azurerm_network_security_group.EESSI-Test01-AP-Biz-RG__aztst01-apbiz01-nsg": {
                    "type": "azurerm_network_security_group",
                    "depends_on": [],
                    "primary": {
                        "id": "/subscriptions/5efd619c-0d6c-4bf6-a31b-d54ffda461c4/resourceGroups/EESSI-Test01-AP-Biz-RG/providers/Microsoft.Network/networkSecurityGroups/aztst01-apbiz01-nsg",
                        "attributes": {
                            "id": "/subscriptions/5efd619c-0d6c-4bf6-a31b-d54ffda461c4/resourceGroups/EESSI-Test01-AP-Biz-RG/providers/Microsoft.Network/networkSecurityGroups/aztst01-apbiz01-nsg",
                            "location": "uksouth",
                            "name": "aztst01-apbiz01-nsg",
                            "resource_group_name": "EESSI-Test01-AP-Biz-RG",
                            "security_rule.#": "2",
                            "security_rule.2972012272.access": "Deny",
                            "security_rule.2972012272.description": "All traffic originating from the Point-to-Site VPN is to be denied",
                            "security_rule.2972012272.destination_address_prefix": "*",
                            "security_rule.2972012272.destination_address_prefixes.#": "0",
                            "security_rule.2972012272.destination_application_security_group_ids.#": "0",
                            "security_rule.2972012272.destination_port_range": "*",
                            "security_rule.2972012272.destination_port_ranges.#": "0",
                            "security_rule.2972012272.direction": "Inbound",
                            "security_rule.2972012272.name": "Deny-P2S-Traffic",
                            "security_rule.2972012272.priority": "4000",
                            "security_rule.2972012272.protocol": "*",
                            "security_rule.2972012272.source_address_prefix": "10.86.60.0/25",
                            "security_rule.2972012272.source_address_prefixes.#": "0",
                            "security_rule.2972012272.source_application_security_group_ids.#": "0",
                            "security_rule.2972012272.source_port_range": "*",
                            "security_rule.2972012272.source_port_ranges.#": "0",
                            "security_rule.4167390957.access": "Allow",
                            "security_rule.4167390957.description": "Allow Remote Desktop traffic from Jumpbox Session Host",
                            "security_rule.4167390957.destination_address_prefix": "*",
                            "security_rule.4167390957.destination_address_prefixes.#": "0",
                            "security_rule.4167390957.destination_application_security_group_ids.#": "0",
                            "security_rule.4167390957.destination_port_range": "3389",
                            "security_rule.4167390957.destination_port_ranges.#": "0",
                            "security_rule.4167390957.direction": "Inbound",
                            "security_rule.4167390957.name": "default-allow-rdp",
                            "security_rule.4167390957.priority": "1000",
                            "security_rule.4167390957.protocol": "TCP",
                            "security_rule.4167390957.source_address_prefix": "10.86.6.44/32",
                            "security_rule.4167390957.source_address_prefixes.#": "0",
                            "security_rule.4167390957.source_application_security_group_ids.#": "0",
                            "security_rule.4167390957.source_port_range": "*",
                            "security_rule.4167390957.source_port_ranges.#": "0",
                            "tags.%": "0"
                        },
                        "meta": {},
                        "tainted": false
                    },
                    "deposed": [],
                    "provider": "provider.azurerm"
                },
                "azurerm_network_security_group.EESSI-Test01-AP-Biz-RG__aztst01-apbiz02-nsg": {
                    "type": "azurerm_network_security_group",
                    "depends_on": [],
                    "primary": {
                        "id": "/subscriptions/5efd619c-0d6c-4bf6-a31b-d54ffda461c4/resourceGroups/EESSI-Test01-AP-Biz-RG/providers/Microsoft.Network/networkSecurityGroups/aztst01-apbiz02-nsg",
                        "attributes": {
                            "id": "/subscriptions/5efd619c-0d6c-4bf6-a31b-d54ffda461c4/resourceGroups/EESSI-Test01-AP-Biz-RG/providers/Microsoft.Network/networkSecurityGroups/aztst01-apbiz02-nsg",
                            "location": "uksouth",
                            "name": "aztst01-apbiz02-nsg",
                            "resource_group_name": "EESSI-Test01-AP-Biz-RG",
                            "security_rule.#": "2",
                            "security_rule.2972012272.access": "Deny",
                            "security_rule.2972012272.description": "All traffic originating from the Point-to-Site VPN is to be denied",
                            "security_rule.2972012272.destination_address_prefix": "*",
                            "security_rule.2972012272.destination_address_prefixes.#": "0",
                            "security_rule.2972012272.destination_application_security_group_ids.#": "0",
                            "security_rule.2972012272.destination_port_range": "*",
                            "security_rule.2972012272.destination_port_ranges.#": "0",
                            "security_rule.2972012272.direction": "Inbound",
                            "security_rule.2972012272.name": "Deny-P2S-Traffic",
                            "security_rule.2972012272.priority": "4000",
                            "security_rule.2972012272.protocol": "*",
                            "security_rule.2972012272.source_address_prefix": "10.86.60.0/25",
                            "security_rule.2972012272.source_address_prefixes.#": "0",
                            "security_rule.2972012272.source_application_security_group_ids.#": "0",
                            "security_rule.2972012272.source_port_range": "*",
                            "security_rule.2972012272.source_port_ranges.#": "0",
                            "security_rule.4167390957.access": "Allow",
                            "security_rule.4167390957.description": "Allow Remote Desktop traffic from Jumpbox Session Host",
                            "security_rule.4167390957.destination_address_prefix": "*",
                            "security_rule.4167390957.destination_address_prefixes.#": "0",
                            "security_rule.4167390957.destination_application_security_group_ids.#": "0",
                            "security_rule.4167390957.destination_port_range": "3389",
                            "security_rule.4167390957.destination_port_ranges.#": "0",
                            "security_rule.4167390957.direction": "Inbound",
                            "security_rule.4167390957.name": "default-allow-rdp",
                            "security_rule.4167390957.priority": "1000",
                            "security_rule.4167390957.protocol": "TCP",
                            "security_rule.4167390957.source_address_prefix": "10.86.6.44/32",
                            "security_rule.4167390957.source_address_prefixes.#": "0",
                            "security_rule.4167390957.source_application_security_group_ids.#": "0",
                            "security_rule.4167390957.source_port_range": "*",
                            "security_rule.4167390957.source_port_ranges.#": "0",
                            "tags.%": "0"
                        },
                        "meta": {},
                        "tainted": false
                    },
                    "deposed": [],
                    "provider": "provider.azurerm"
                },
                "azurerm_network_security_group.EESSI-Test01-AP-Biz-RG__aztst02-apbiz01-nsg": {
                    "type": "azurerm_network_security_group",
                    "depends_on": [],
                    "primary": {
                        "id": "/subscriptions/5efd619c-0d6c-4bf6-a31b-d54ffda461c4/resourceGroups/EESSI-Test01-AP-Biz-RG/providers/Microsoft.Network/networkSecurityGroups/aztst02-apbiz01-nsg",
                        "attributes": {
                            "id": "/subscriptions/5efd619c-0d6c-4bf6-a31b-d54ffda461c4/resourceGroups/EESSI-Test01-AP-Biz-RG/providers/Microsoft.Network/networkSecurityGroups/aztst02-apbiz01-nsg",
                            "location": "uksouth",
                            "name": "aztst02-apbiz01-nsg",
                            "resource_group_name": "EESSI-Test01-AP-Biz-RG",
                            "security_rule.#": "2",
                            "security_rule.2972012272.access": "Deny",
                            "security_rule.2972012272.description": "All traffic originating from the Point-to-Site VPN is to be denied",
                            "security_rule.2972012272.destination_address_prefix": "*",
                            "security_rule.2972012272.destination_address_prefixes.#": "0",
                            "security_rule.2972012272.destination_application_security_group_ids.#": "0",
                            "security_rule.2972012272.destination_port_range": "*",
                            "security_rule.2972012272.destination_port_ranges.#": "0",
                            "security_rule.2972012272.direction": "Inbound",
                            "security_rule.2972012272.name": "Deny-P2S-Traffic",
                            "security_rule.2972012272.priority": "4000",
                            "security_rule.2972012272.protocol": "*",
                            "security_rule.2972012272.source_address_prefix": "10.86.60.0/25",
                            "security_rule.2972012272.source_address_prefixes.#": "0",
                            "security_rule.2972012272.source_application_security_group_ids.#": "0",
                            "security_rule.2972012272.source_port_range": "*",
                            "security_rule.2972012272.source_port_ranges.#": "0",
                            "security_rule.4167390957.access": "Allow",
                            "security_rule.4167390957.description": "Allow Remote Desktop traffic from Jumpbox Session Host",
                            "security_rule.4167390957.destination_address_prefix": "*",
                            "security_rule.4167390957.destination_address_prefixes.#": "0",
                            "security_rule.4167390957.destination_application_security_group_ids.#": "0",
                            "security_rule.4167390957.destination_port_range": "3389",
                            "security_rule.4167390957.destination_port_ranges.#": "0",
                            "security_rule.4167390957.direction": "Inbound",
                            "security_rule.4167390957.name": "default-allow-rdp",
                            "security_rule.4167390957.priority": "1000",
                            "security_rule.4167390957.protocol": "TCP",
                            "security_rule.4167390957.source_address_prefix": "10.86.6.44/32",
                            "security_rule.4167390957.source_address_prefixes.#": "0",
                            "security_rule.4167390957.source_application_security_group_ids.#": "0",
                            "security_rule.4167390957.source_port_range": "*",
                            "security_rule.4167390957.source_port_ranges.#": "0",
                            "tags.%": "0"
                        },
                        "meta": {},
                        "tainted": false
                    },
                    "deposed": [],
                    "provider": "provider.azurerm"
                },
                "azurerm_network_security_group.EESSI-Test01-AP-Biz-RG__aztst02-apbiz02-nsg": {
                    "type": "azurerm_network_security_group",
                    "depends_on": [],
                    "primary": {
                        "id": "/subscriptions/5efd619c-0d6c-4bf6-a31b-d54ffda461c4/resourceGroups/EESSI-Test01-AP-Biz-RG/providers/Microsoft.Network/networkSecurityGroups/aztst02-apbiz02-nsg",
                        "attributes": {
                            "id": "/subscriptions/5efd619c-0d6c-4bf6-a31b-d54ffda461c4/resourceGroups/EESSI-Test01-AP-Biz-RG/providers/Microsoft.Network/networkSecurityGroups/aztst02-apbiz02-nsg",
                            "location": "uksouth",
                            "name": "aztst02-apbiz02-nsg",
                            "resource_group_name": "EESSI-Test01-AP-Biz-RG",
                            "security_rule.#": "2",
                            "security_rule.2972012272.access": "Deny",
                            "security_rule.2972012272.description": "All traffic originating from the Point-to-Site VPN is to be denied",
                            "security_rule.2972012272.destination_address_prefix": "*",
                            "security_rule.2972012272.destination_address_prefixes.#": "0",
                            "security_rule.2972012272.destination_application_security_group_ids.#": "0",
                            "security_rule.2972012272.destination_port_range": "*",
                            "security_rule.2972012272.destination_port_ranges.#": "0",
                            "security_rule.2972012272.direction": "Inbound",
                            "security_rule.2972012272.name": "Deny-P2S-Traffic",
                            "security_rule.2972012272.priority": "4000",
                            "security_rule.2972012272.protocol": "*",
                            "security_rule.2972012272.source_address_prefix": "10.86.60.0/25",
                            "security_rule.2972012272.source_address_prefixes.#": "0",
                            "security_rule.2972012272.source_application_security_group_ids.#": "0",
                            "security_rule.2972012272.source_port_range": "*",
                            "security_rule.2972012272.source_port_ranges.#": "0",
                            "security_rule.4167390957.access": "Allow",
                            "security_rule.4167390957.description": "Allow Remote Desktop traffic from Jumpbox Session Host",
                            "security_rule.4167390957.destination_address_prefix": "*",
                            "security_rule.4167390957.destination_address_prefixes.#": "0",
                            "security_rule.4167390957.destination_application_security_group_ids.#": "0",
                            "security_rule.4167390957.destination_port_range": "3389",
                            "security_rule.4167390957.destination_port_ranges.#": "0",
                            "security_rule.4167390957.direction": "Inbound",
                            "security_rule.4167390957.name": "default-allow-rdp",
                            "security_rule.4167390957.priority": "1000",
                            "security_rule.4167390957.protocol": "TCP",
                            "security_rule.4167390957.source_address_prefix": "10.86.6.44/32",
                            "security_rule.4167390957.source_address_prefixes.#": "0",
                            "security_rule.4167390957.source_application_security_group_ids.#": "0",
                            "security_rule.4167390957.source_port_range": "*",
                            "security_rule.4167390957.source_port_ranges.#": "0",
                            "tags.%": "0"
                        },
                        "meta": {},
                        "tainted": false
                    },
                    "deposed": [],
                    "provider": "provider.azurerm"
                },
                "azurerm_network_security_group.EESSI-Test01-AP-FS-RG__aztst01-apfs01-nsg": {
                    "type": "azurerm_network_security_group",
                    "depends_on": [],
                    "primary": {
                        "id": "/subscriptions/5efd619c-0d6c-4bf6-a31b-d54ffda461c4/resourceGroups/EESSI-Test01-AP-FS-RG/providers/Microsoft.Network/networkSecurityGroups/aztst01-apfs01-nsg",
                        "attributes": {
                            "id": "/subscriptions/5efd619c-0d6c-4bf6-a31b-d54ffda461c4/resourceGroups/EESSI-Test01-AP-FS-RG/providers/Microsoft.Network/networkSecurityGroups/aztst01-apfs01-nsg",
                            "location": "uksouth",
                            "name": "aztst01-apfs01-nsg",
                            "resource_group_name": "EESSI-Test01-AP-FS-RG",
                            "security_rule.#": "2",
                            "security_rule.2972012272.access": "Deny",
                            "security_rule.2972012272.description": "All traffic originating from the Point-to-Site VPN is to be denied",
                            "security_rule.2972012272.destination_address_prefix": "*",
                            "security_rule.2972012272.destination_address_prefixes.#": "0",
                            "security_rule.2972012272.destination_application_security_group_ids.#": "0",
                            "security_rule.2972012272.destination_port_range": "*",
                            "security_rule.2972012272.destination_port_ranges.#": "0",
                            "security_rule.2972012272.direction": "Inbound",
                            "security_rule.2972012272.name": "Deny-P2S-Traffic",
                            "security_rule.2972012272.priority": "4000",
                            "security_rule.2972012272.protocol": "*",
                            "security_rule.2972012272.source_address_prefix": "10.86.60.0/25",
                            "security_rule.2972012272.source_address_prefixes.#": "0",
                            "security_rule.2972012272.source_application_security_group_ids.#": "0",
                            "security_rule.2972012272.source_port_range": "*",
                            "security_rule.2972012272.source_port_ranges.#": "0",
                            "security_rule.4167390957.access": "Allow",
                            "security_rule.4167390957.description": "Allow Remote Desktop traffic from Jumpbox Session Host",
                            "security_rule.4167390957.destination_address_prefix": "*",
                            "security_rule.4167390957.destination_address_prefixes.#": "0",
                            "security_rule.4167390957.destination_application_security_group_ids.#": "0",
                            "security_rule.4167390957.destination_port_range": "3389",
                            "security_rule.4167390957.destination_port_ranges.#": "0",
                            "security_rule.4167390957.direction": "Inbound",
                            "security_rule.4167390957.name": "default-allow-rdp",
                            "security_rule.4167390957.priority": "1000",
                            "security_rule.4167390957.protocol": "TCP",
                            "security_rule.4167390957.source_address_prefix": "10.86.6.44/32",
                            "security_rule.4167390957.source_address_prefixes.#": "0",
                            "security_rule.4167390957.source_application_security_group_ids.#": "0",
                            "security_rule.4167390957.source_port_range": "*",
                            "security_rule.4167390957.source_port_ranges.#": "0",
                            "tags.%": "0"
                        },
                        "meta": {},
                        "tainted": false
                    },
                    "deposed": [],
                    "provider": "provider.azurerm"
                },
                "azurerm_network_security_group.EESSI-Test01-AP-FS-RG__aztst01-apfs02-nsg": {
                    "type": "azurerm_network_security_group",
                    "depends_on": [],
                    "primary": {
                        "id": "/subscriptions/5efd619c-0d6c-4bf6-a31b-d54ffda461c4/resourceGroups/EESSI-Test01-AP-FS-RG/providers/Microsoft.Network/networkSecurityGroups/aztst01-apfs02-nsg",
                        "attributes": {
                            "id": "/subscriptions/5efd619c-0d6c-4bf6-a31b-d54ffda461c4/resourceGroups/EESSI-Test01-AP-FS-RG/providers/Microsoft.Network/networkSecurityGroups/aztst01-apfs02-nsg",
                            "location": "uksouth",
                            "name": "aztst01-apfs02-nsg",
                            "resource_group_name": "EESSI-Test01-AP-FS-RG",
                            "security_rule.#": "2",
                            "security_rule.2972012272.access": "Deny",
                            "security_rule.2972012272.description": "All traffic originating from the Point-to-Site VPN is to be denied",
                            "security_rule.2972012272.destination_address_prefix": "*",
                            "security_rule.2972012272.destination_address_prefixes.#": "0",
                            "security_rule.2972012272.destination_application_security_group_ids.#": "0",
                            "security_rule.2972012272.destination_port_range": "*",
                            "security_rule.2972012272.destination_port_ranges.#": "0",
                            "security_rule.2972012272.direction": "Inbound",
                            "security_rule.2972012272.name": "Deny-P2S-Traffic",
                            "security_rule.2972012272.priority": "4000",
                            "security_rule.2972012272.protocol": "*",
                            "security_rule.2972012272.source_address_prefix": "10.86.60.0/25",
                            "security_rule.2972012272.source_address_prefixes.#": "0",
                            "security_rule.2972012272.source_application_security_group_ids.#": "0",
                            "security_rule.2972012272.source_port_range": "*",
                            "security_rule.2972012272.source_port_ranges.#": "0",
                            "security_rule.4167390957.access": "Allow",
                            "security_rule.4167390957.description": "Allow Remote Desktop traffic from Jumpbox Session Host",
                            "security_rule.4167390957.destination_address_prefix": "*",
                            "security_rule.4167390957.destination_address_prefixes.#": "0",
                            "security_rule.4167390957.destination_application_security_group_ids.#": "0",
                            "security_rule.4167390957.destination_port_range": "3389",
                            "security_rule.4167390957.destination_port_ranges.#": "0",
                            "security_rule.4167390957.direction": "Inbound",
                            "security_rule.4167390957.name": "default-allow-rdp",
                            "security_rule.4167390957.priority": "1000",
                            "security_rule.4167390957.protocol": "TCP",
                            "security_rule.4167390957.source_address_prefix": "10.86.6.44/32",
                            "security_rule.4167390957.source_address_prefixes.#": "0",
                            "security_rule.4167390957.source_application_security_group_ids.#": "0",
                            "security_rule.4167390957.source_port_range": "*",
                            "security_rule.4167390957.source_port_ranges.#": "0",
                            "tags.%": "0"
                        },
                        "meta": {},
                        "tainted": false
                    },
                    "deposed": [],
                    "provider": "provider.azurerm"
                },
                "azurerm_network_security_group.EESSI-Test01-AP-SQL-RG__aztst01-apsql01-nsg": {
                    "type": "azurerm_network_security_group",
                    "depends_on": [],
                    "primary": {
                        "id": "/subscriptions/5efd619c-0d6c-4bf6-a31b-d54ffda461c4/resourceGroups/EESSI-Test01-AP-SQL-RG/providers/Microsoft.Network/networkSecurityGroups/aztst01-apsql01-nsg",
                        "attributes": {
                            "id": "/subscriptions/5efd619c-0d6c-4bf6-a31b-d54ffda461c4/resourceGroups/EESSI-Test01-AP-SQL-RG/providers/Microsoft.Network/networkSecurityGroups/aztst01-apsql01-nsg",
                            "location": "uksouth",
                            "name": "aztst01-apsql01-nsg",
                            "resource_group_name": "EESSI-Test01-AP-SQL-RG",
                            "security_rule.#": "2",
                            "security_rule.2972012272.access": "Deny",
                            "security_rule.2972012272.description": "All traffic originating from the Point-to-Site VPN is to be denied",
                            "security_rule.2972012272.destination_address_prefix": "*",
                            "security_rule.2972012272.destination_address_prefixes.#": "0",
                            "security_rule.2972012272.destination_application_security_group_ids.#": "0",
                            "security_rule.2972012272.destination_port_range": "*",
                            "security_rule.2972012272.destination_port_ranges.#": "0",
                            "security_rule.2972012272.direction": "Inbound",
                            "security_rule.2972012272.name": "Deny-P2S-Traffic",
                            "security_rule.2972012272.priority": "4000",
                            "security_rule.2972012272.protocol": "*",
                            "security_rule.2972012272.source_address_prefix": "10.86.60.0/25",
                            "security_rule.2972012272.source_address_prefixes.#": "0",
                            "security_rule.2972012272.source_application_security_group_ids.#": "0",
                            "security_rule.2972012272.source_port_range": "*",
                            "security_rule.2972012272.source_port_ranges.#": "0",
                            "security_rule.4167390957.access": "Allow",
                            "security_rule.4167390957.description": "Allow Remote Desktop traffic from Jumpbox Session Host",
                            "security_rule.4167390957.destination_address_prefix": "*",
                            "security_rule.4167390957.destination_address_prefixes.#": "0",
                            "security_rule.4167390957.destination_application_security_group_ids.#": "0",
                            "security_rule.4167390957.destination_port_range": "3389",
                            "security_rule.4167390957.destination_port_ranges.#": "0",
                            "security_rule.4167390957.direction": "Inbound",
                            "security_rule.4167390957.name": "default-allow-rdp",
                            "security_rule.4167390957.priority": "1000",
                            "security_rule.4167390957.protocol": "TCP",
                            "security_rule.4167390957.source_address_prefix": "10.86.6.44/32",
                            "security_rule.4167390957.source_address_prefixes.#": "0",
                            "security_rule.4167390957.source_application_security_group_ids.#": "0",
                            "security_rule.4167390957.source_port_range": "*",
                            "security_rule.4167390957.source_port_ranges.#": "0",
                            "tags.%": "0"
                        },
                        "meta": {},
                        "tainted": false
                    },
                    "deposed": [],
                    "provider": "provider.azurerm"
                },
                "azurerm_network_security_group.EESSI-Test01-RINA-App-RG__aztst01-riapp01-nsg": {
                    "type": "azurerm_network_security_group",
                    "depends_on": [],
                    "primary": {
                        "id": "/subscriptions/5efd619c-0d6c-4bf6-a31b-d54ffda461c4/resourceGroups/EESSI-Test01-RINA-App-RG/providers/Microsoft.Network/networkSecurityGroups/aztst01-riapp01-nsg",
                        "attributes": {
                            "id": "/subscriptions/5efd619c-0d6c-4bf6-a31b-d54ffda461c4/resourceGroups/EESSI-Test01-RINA-App-RG/providers/Microsoft.Network/networkSecurityGroups/aztst01-riapp01-nsg",
                            "location": "uksouth",
                            "name": "aztst01-riapp01-nsg",
                            "resource_group_name": "EESSI-Test01-RINA-App-RG",
                            "security_rule.#": "2",
                            "security_rule.2972012272.access": "Deny",
                            "security_rule.2972012272.description": "All traffic originating from the Point-to-Site VPN is to be denied",
                            "security_rule.2972012272.destination_address_prefix": "*",
                            "security_rule.2972012272.destination_address_prefixes.#": "0",
                            "security_rule.2972012272.destination_application_security_group_ids.#": "0",
                            "security_rule.2972012272.destination_port_range": "*",
                            "security_rule.2972012272.destination_port_ranges.#": "0",
                            "security_rule.2972012272.direction": "Inbound",
                            "security_rule.2972012272.name": "Deny-P2S-Traffic",
                            "security_rule.2972012272.priority": "4000",
                            "security_rule.2972012272.protocol": "*",
                            "security_rule.2972012272.source_address_prefix": "10.86.60.0/25",
                            "security_rule.2972012272.source_address_prefixes.#": "0",
                            "security_rule.2972012272.source_application_security_group_ids.#": "0",
                            "security_rule.2972012272.source_port_range": "*",
                            "security_rule.2972012272.source_port_ranges.#": "0",
                            "security_rule.4167390957.access": "Allow",
                            "security_rule.4167390957.description": "Allow Remote Desktop traffic from Jumpbox Session Host",
                            "security_rule.4167390957.destination_address_prefix": "*",
                            "security_rule.4167390957.destination_address_prefixes.#": "0",
                            "security_rule.4167390957.destination_application_security_group_ids.#": "0",
                            "security_rule.4167390957.destination_port_range": "3389",
                            "security_rule.4167390957.destination_port_ranges.#": "0",
                            "security_rule.4167390957.direction": "Inbound",
                            "security_rule.4167390957.name": "default-allow-rdp",
                            "security_rule.4167390957.priority": "1000",
                            "security_rule.4167390957.protocol": "TCP",
                            "security_rule.4167390957.source_address_prefix": "10.86.6.44/32",
                            "security_rule.4167390957.source_address_prefixes.#": "0",
                            "security_rule.4167390957.source_application_security_group_ids.#": "0",
                            "security_rule.4167390957.source_port_range": "*",
                            "security_rule.4167390957.source_port_ranges.#": "0",
                            "tags.%": "0"
                        },
                        "meta": {},
                        "tainted": false
                    },
                    "deposed": [],
                    "provider": "provider.azurerm"
                },
                "azurerm_network_security_group.EESSI-Test01-RINA-App-RG__aztst01-rilb01-nsg": {
                    "type": "azurerm_network_security_group",
                    "depends_on": [],
                    "primary": {
                        "id": "/subscriptions/5efd619c-0d6c-4bf6-a31b-d54ffda461c4/resourceGroups/EESSI-Test01-RINA-App-RG/providers/Microsoft.Network/networkSecurityGroups/aztst01-rilb01-nsg",
                        "attributes": {
                            "id": "/subscriptions/5efd619c-0d6c-4bf6-a31b-d54ffda461c4/resourceGroups/EESSI-Test01-RINA-App-RG/providers/Microsoft.Network/networkSecurityGroups/aztst01-rilb01-nsg",
                            "location": "uksouth",
                            "name": "aztst01-rilb01-nsg",
                            "resource_group_name": "EESSI-Test01-RINA-App-RG",
                            "security_rule.#": "1",
                            "security_rule.2972012272.access": "Deny",
                            "security_rule.2972012272.description": "All traffic originating from the Point-to-Site VPN is to be denied",
                            "security_rule.2972012272.destination_address_prefix": "*",
                            "security_rule.2972012272.destination_address_prefixes.#": "0",
                            "security_rule.2972012272.destination_application_security_group_ids.#": "0",
                            "security_rule.2972012272.destination_port_range": "*",
                            "security_rule.2972012272.destination_port_ranges.#": "0",
                            "security_rule.2972012272.direction": "Inbound",
                            "security_rule.2972012272.name": "Deny-P2S-Traffic",
                            "security_rule.2972012272.priority": "4000",
                            "security_rule.2972012272.protocol": "*",
                            "security_rule.2972012272.source_address_prefix": "10.86.60.0/25",
                            "security_rule.2972012272.source_address_prefixes.#": "0",
                            "security_rule.2972012272.source_application_security_group_ids.#": "0",
                            "security_rule.2972012272.source_port_range": "*",
                            "security_rule.2972012272.source_port_ranges.#": "0",
                            "tags.%": "0"
                        },
                        "meta": {},
                        "tainted": false
                    },
                    "deposed": [],
                    "provider": "provider.azurerm"
                },
                "azurerm_network_security_group.EESSI-Test01-RINA-App-RG__aztst01-rilb02-nsg": {
                    "type": "azurerm_network_security_group",
                    "depends_on": [],
                    "primary": {
                        "id": "/subscriptions/5efd619c-0d6c-4bf6-a31b-d54ffda461c4/resourceGroups/EESSI-Test01-RINA-App-RG/providers/Microsoft.Network/networkSecurityGroups/aztst01-rilb02-nsg",
                        "attributes": {
                            "id": "/subscriptions/5efd619c-0d6c-4bf6-a31b-d54ffda461c4/resourceGroups/EESSI-Test01-RINA-App-RG/providers/Microsoft.Network/networkSecurityGroups/aztst01-rilb02-nsg",
                            "location": "uksouth",
                            "name": "aztst01-rilb02-nsg",
                            "resource_group_name": "EESSI-Test01-RINA-App-RG",
                            "security_rule.#": "2",
                            "security_rule.2972012272.access": "Deny",
                            "security_rule.2972012272.description": "All traffic originating from the Point-to-Site VPN is to be denied",
                            "security_rule.2972012272.destination_address_prefix": "*",
                            "security_rule.2972012272.destination_address_prefixes.#": "0",
                            "security_rule.2972012272.destination_application_security_group_ids.#": "0",
                            "security_rule.2972012272.destination_port_range": "*",
                            "security_rule.2972012272.destination_port_ranges.#": "0",
                            "security_rule.2972012272.direction": "Inbound",
                            "security_rule.2972012272.name": "Deny-P2S-Traffic",
                            "security_rule.2972012272.priority": "4000",
                            "security_rule.2972012272.protocol": "*",
                            "security_rule.2972012272.source_address_prefix": "10.86.60.0/25",
                            "security_rule.2972012272.source_address_prefixes.#": "0",
                            "security_rule.2972012272.source_application_security_group_ids.#": "0",
                            "security_rule.2972012272.source_port_range": "*",
                            "security_rule.2972012272.source_port_ranges.#": "0",
                            "security_rule.4167390957.access": "Allow",
                            "security_rule.4167390957.description": "Allow Remote Desktop traffic from Jumpbox Session Host",
                            "security_rule.4167390957.destination_address_prefix": "*",
                            "security_rule.4167390957.destination_address_prefixes.#": "0",
                            "security_rule.4167390957.destination_application_security_group_ids.#": "0",
                            "security_rule.4167390957.destination_port_range": "3389",
                            "security_rule.4167390957.destination_port_ranges.#": "0",
                            "security_rule.4167390957.direction": "Inbound",
                            "security_rule.4167390957.name": "default-allow-rdp",
                            "security_rule.4167390957.priority": "1000",
                            "security_rule.4167390957.protocol": "TCP",
                            "security_rule.4167390957.source_address_prefix": "10.86.6.44/32",
                            "security_rule.4167390957.source_address_prefixes.#": "0",
                            "security_rule.4167390957.source_application_security_group_ids.#": "0",
                            "security_rule.4167390957.source_port_range": "*",
                            "security_rule.4167390957.source_port_ranges.#": "0",
                            "tags.%": "0"
                        },
                        "meta": {},
                        "tainted": false
                    },
                    "deposed": [],
                    "provider": "provider.azurerm"
                },
                "azurerm_network_security_group.EESSI-Test02-AP-FS-RG__aztst02-apfs01-nsg": {
                    "type": "azurerm_network_security_group",
                    "depends_on": [],
                    "primary": {
                        "id": "/subscriptions/5efd619c-0d6c-4bf6-a31b-d54ffda461c4/resourceGroups/EESSI-Test02-AP-FS-RG/providers/Microsoft.Network/networkSecurityGroups/aztst02-apfs01-nsg",
                        "attributes": {
                            "id": "/subscriptions/5efd619c-0d6c-4bf6-a31b-d54ffda461c4/resourceGroups/EESSI-Test02-AP-FS-RG/providers/Microsoft.Network/networkSecurityGroups/aztst02-apfs01-nsg",
                            "location": "uksouth",
                            "name": "aztst02-apfs01-nsg",
                            "resource_group_name": "EESSI-Test02-AP-FS-RG",
                            "security_rule.#": "2",
                            "security_rule.2972012272.access": "Deny",
                            "security_rule.2972012272.description": "All traffic originating from the Point-to-Site VPN is to be denied",
                            "security_rule.2972012272.destination_address_prefix": "*",
                            "security_rule.2972012272.destination_address_prefixes.#": "0",
                            "security_rule.2972012272.destination_application_security_group_ids.#": "0",
                            "security_rule.2972012272.destination_port_range": "*",
                            "security_rule.2972012272.destination_port_ranges.#": "0",
                            "security_rule.2972012272.direction": "Inbound",
                            "security_rule.2972012272.name": "Deny-P2S-Traffic",
                            "security_rule.2972012272.priority": "4000",
                            "security_rule.2972012272.protocol": "*",
                            "security_rule.2972012272.source_address_prefix": "10.86.60.0/25",
                            "security_rule.2972012272.source_address_prefixes.#": "0",
                            "security_rule.2972012272.source_application_security_group_ids.#": "0",
                            "security_rule.2972012272.source_port_range": "*",
                            "security_rule.2972012272.source_port_ranges.#": "0",
                            "security_rule.4167390957.access": "Allow",
                            "security_rule.4167390957.description": "Allow Remote Desktop traffic from Jumpbox Session Host",
                            "security_rule.4167390957.destination_address_prefix": "*",
                            "security_rule.4167390957.destination_address_prefixes.#": "0",
                            "security_rule.4167390957.destination_application_security_group_ids.#": "0",
                            "security_rule.4167390957.destination_port_range": "3389",
                            "security_rule.4167390957.destination_port_ranges.#": "0",
                            "security_rule.4167390957.direction": "Inbound",
                            "security_rule.4167390957.name": "default-allow-rdp",
                            "security_rule.4167390957.priority": "1000",
                            "security_rule.4167390957.protocol": "TCP",
                            "security_rule.4167390957.source_address_prefix": "10.86.6.44/32",
                            "security_rule.4167390957.source_address_prefixes.#": "0",
                            "security_rule.4167390957.source_application_security_group_ids.#": "0",
                            "security_rule.4167390957.source_port_range": "*",
                            "security_rule.4167390957.source_port_ranges.#": "0",
                            "tags.%": "0"
                        },
                        "meta": {},
                        "tainted": false
                    },
                    "deposed": [],
                    "provider": "provider.azurerm"
                },
                "azurerm_network_security_group.EESSI-Test02-AP-FS-RG__aztst02-apfs02-nsg": {
                    "type": "azurerm_network_security_group",
                    "depends_on": [],
                    "primary": {
                        "id": "/subscriptions/5efd619c-0d6c-4bf6-a31b-d54ffda461c4/resourceGroups/EESSI-Test02-AP-FS-RG/providers/Microsoft.Network/networkSecurityGroups/aztst02-apfs02-nsg",
                        "attributes": {
                            "id": "/subscriptions/5efd619c-0d6c-4bf6-a31b-d54ffda461c4/resourceGroups/EESSI-Test02-AP-FS-RG/providers/Microsoft.Network/networkSecurityGroups/aztst02-apfs02-nsg",
                            "location": "uksouth",
                            "name": "aztst02-apfs02-nsg",
                            "resource_group_name": "EESSI-Test02-AP-FS-RG",
                            "security_rule.#": "2",
                            "security_rule.2972012272.access": "Deny",
                            "security_rule.2972012272.description": "All traffic originating from the Point-to-Site VPN is to be denied",
                            "security_rule.2972012272.destination_address_prefix": "*",
                            "security_rule.2972012272.destination_address_prefixes.#": "0",
                            "security_rule.2972012272.destination_application_security_group_ids.#": "0",
                            "security_rule.2972012272.destination_port_range": "*",
                            "security_rule.2972012272.destination_port_ranges.#": "0",
                            "security_rule.2972012272.direction": "Inbound",
                            "security_rule.2972012272.name": "Deny-P2S-Traffic",
                            "security_rule.2972012272.priority": "4000",
                            "security_rule.2972012272.protocol": "*",
                            "security_rule.2972012272.source_address_prefix": "10.86.60.0/25",
                            "security_rule.2972012272.source_address_prefixes.#": "0",
                            "security_rule.2972012272.source_application_security_group_ids.#": "0",
                            "security_rule.2972012272.source_port_range": "*",
                            "security_rule.2972012272.source_port_ranges.#": "0",
                            "security_rule.4167390957.access": "Allow",
                            "security_rule.4167390957.description": "Allow Remote Desktop traffic from Jumpbox Session Host",
                            "security_rule.4167390957.destination_address_prefix": "*",
                            "security_rule.4167390957.destination_address_prefixes.#": "0",
                            "security_rule.4167390957.destination_application_security_group_ids.#": "0",
                            "security_rule.4167390957.destination_port_range": "3389",
                            "security_rule.4167390957.destination_port_ranges.#": "0",
                            "security_rule.4167390957.direction": "Inbound",
                            "security_rule.4167390957.name": "default-allow-rdp",
                            "security_rule.4167390957.priority": "1000",
                            "security_rule.4167390957.protocol": "TCP",
                            "security_rule.4167390957.source_address_prefix": "10.86.6.44/32",
                            "security_rule.4167390957.source_address_prefixes.#": "0",
                            "security_rule.4167390957.source_application_security_group_ids.#": "0",
                            "security_rule.4167390957.source_port_range": "*",
                            "security_rule.4167390957.source_port_ranges.#": "0",
                            "tags.%": "0"
                        },
                        "meta": {},
                        "tainted": false
                    },
                    "deposed": [],
                    "provider": "provider.azurerm"
                },
                "azurerm_network_security_group.EESSI-Test02-AP-SQL-RG__aztst02-apsql01-nsg": {
                    "type": "azurerm_network_security_group",
                    "depends_on": [],
                    "primary": {
                        "id": "/subscriptions/5efd619c-0d6c-4bf6-a31b-d54ffda461c4/resourceGroups/EESSI-Test02-AP-SQL-RG/providers/Microsoft.Network/networkSecurityGroups/aztst02-apsql01-nsg",
                        "attributes": {
                            "id": "/subscriptions/5efd619c-0d6c-4bf6-a31b-d54ffda461c4/resourceGroups/EESSI-Test02-AP-SQL-RG/providers/Microsoft.Network/networkSecurityGroups/aztst02-apsql01-nsg",
                            "location": "uksouth",
                            "name": "aztst02-apsql01-nsg",
                            "resource_group_name": "EESSI-Test02-AP-SQL-RG",
                            "security_rule.#": "2",
                            "security_rule.2972012272.access": "Deny",
                            "security_rule.2972012272.description": "All traffic originating from the Point-to-Site VPN is to be denied",
                            "security_rule.2972012272.destination_address_prefix": "*",
                            "security_rule.2972012272.destination_address_prefixes.#": "0",
                            "security_rule.2972012272.destination_application_security_group_ids.#": "0",
                            "security_rule.2972012272.destination_port_range": "*",
                            "security_rule.2972012272.destination_port_ranges.#": "0",
                            "security_rule.2972012272.direction": "Inbound",
                            "security_rule.2972012272.name": "Deny-P2S-Traffic",
                            "security_rule.2972012272.priority": "4000",
                            "security_rule.2972012272.protocol": "*",
                            "security_rule.2972012272.source_address_prefix": "10.86.60.0/25",
                            "security_rule.2972012272.source_address_prefixes.#": "0",
                            "security_rule.2972012272.source_application_security_group_ids.#": "0",
                            "security_rule.2972012272.source_port_range": "*",
                            "security_rule.2972012272.source_port_ranges.#": "0",
                            "security_rule.4167390957.access": "Allow",
                            "security_rule.4167390957.description": "Allow Remote Desktop traffic from Jumpbox Session Host",
                            "security_rule.4167390957.destination_address_prefix": "*",
                            "security_rule.4167390957.destination_address_prefixes.#": "0",
                            "security_rule.4167390957.destination_application_security_group_ids.#": "0",
                            "security_rule.4167390957.destination_port_range": "3389",
                            "security_rule.4167390957.destination_port_ranges.#": "0",
                            "security_rule.4167390957.direction": "Inbound",
                            "security_rule.4167390957.name": "default-allow-rdp",
                            "security_rule.4167390957.priority": "1000",
                            "security_rule.4167390957.protocol": "TCP",
                            "security_rule.4167390957.source_address_prefix": "10.86.6.44/32",
                            "security_rule.4167390957.source_address_prefixes.#": "0",
                            "security_rule.4167390957.source_application_security_group_ids.#": "0",
                            "security_rule.4167390957.source_port_range": "*",
                            "security_rule.4167390957.source_port_ranges.#": "0",
                            "tags.%": "0"
                        },
                        "meta": {},
                        "tainted": false
                    },
                    "deposed": [],
                    "provider": "provider.azurerm"
                },
                "azurerm_network_security_group.EESSI-Test02-AP-SQL-RG__aztst02-apsql02-nsg": {
                    "type": "azurerm_network_security_group",
                    "depends_on": [],
                    "primary": {
                        "id": "/subscriptions/5efd619c-0d6c-4bf6-a31b-d54ffda461c4/resourceGroups/EESSI-Test02-AP-SQL-RG/providers/Microsoft.Network/networkSecurityGroups/aztst02-apsql02-nsg",
                        "attributes": {
                            "id": "/subscriptions/5efd619c-0d6c-4bf6-a31b-d54ffda461c4/resourceGroups/EESSI-Test02-AP-SQL-RG/providers/Microsoft.Network/networkSecurityGroups/aztst02-apsql02-nsg",
                            "location": "uksouth",
                            "name": "aztst02-apsql02-nsg",
                            "resource_group_name": "EESSI-Test02-AP-SQL-RG",
                            "security_rule.#": "2",
                            "security_rule.2972012272.access": "Deny",
                            "security_rule.2972012272.description": "All traffic originating from the Point-to-Site VPN is to be denied",
                            "security_rule.2972012272.destination_address_prefix": "*",
                            "security_rule.2972012272.destination_address_prefixes.#": "0",
                            "security_rule.2972012272.destination_application_security_group_ids.#": "0",
                            "security_rule.2972012272.destination_port_range": "*",
                            "security_rule.2972012272.destination_port_ranges.#": "0",
                            "security_rule.2972012272.direction": "Inbound",
                            "security_rule.2972012272.name": "Deny-P2S-Traffic",
                            "security_rule.2972012272.priority": "4000",
                            "security_rule.2972012272.protocol": "*",
                            "security_rule.2972012272.source_address_prefix": "10.86.60.0/25",
                            "security_rule.2972012272.source_address_prefixes.#": "0",
                            "security_rule.2972012272.source_application_security_group_ids.#": "0",
                            "security_rule.2972012272.source_port_range": "*",
                            "security_rule.2972012272.source_port_ranges.#": "0",
                            "security_rule.4167390957.access": "Allow",
                            "security_rule.4167390957.description": "Allow Remote Desktop traffic from Jumpbox Session Host",
                            "security_rule.4167390957.destination_address_prefix": "*",
                            "security_rule.4167390957.destination_address_prefixes.#": "0",
                            "security_rule.4167390957.destination_application_security_group_ids.#": "0",
                            "security_rule.4167390957.destination_port_range": "3389",
                            "security_rule.4167390957.destination_port_ranges.#": "0",
                            "security_rule.4167390957.direction": "Inbound",
                            "security_rule.4167390957.name": "default-allow-rdp",
                            "security_rule.4167390957.priority": "1000",
                            "security_rule.4167390957.protocol": "TCP",
                            "security_rule.4167390957.source_address_prefix": "10.86.6.44/32",
                            "security_rule.4167390957.source_address_prefixes.#": "0",
                            "security_rule.4167390957.source_application_security_group_ids.#": "0",
                            "security_rule.4167390957.source_port_range": "*",
                            "security_rule.4167390957.source_port_ranges.#": "0",
                            "tags.%": "0"
                        },
                        "meta": {},
                        "tainted": false
                    },
                    "deposed": [],
                    "provider": "provider.azurerm"
                },
                "azurerm_network_security_group.RG-Rina2Rina-Playground__Rina2Rina-NSG": {
                    "type": "azurerm_network_security_group",
                    "depends_on": [],
                    "primary": {
                        "id": "/subscriptions/5efd619c-0d6c-4bf6-a31b-d54ffda461c4/resourceGroups/RG-Rina2Rina-Playground/providers/Microsoft.Network/networkSecurityGroups/Rina2Rina-NSG",
                        "attributes": {
                            "id": "/subscriptions/5efd619c-0d6c-4bf6-a31b-d54ffda461c4/resourceGroups/RG-Rina2Rina-Playground/providers/Microsoft.Network/networkSecurityGroups/Rina2Rina-NSG",
                            "location": "uksouth",
                            "name": "Rina2Rina-NSG",
                            "resource_group_name": "RG-Rina2Rina-Playground",
                            "security_rule.#": "3",
                            "security_rule.1587543010.access": "Deny",
                            "security_rule.1587543010.description": "",
                            "security_rule.1587543010.destination_address_prefix": "*",
                            "security_rule.1587543010.destination_address_prefixes.#": "0",
                            "security_rule.1587543010.destination_application_security_group_ids.#": "0",
                            "security_rule.1587543010.destination_port_range": "*",
                            "security_rule.1587543010.destination_port_ranges.#": "0",
                            "security_rule.1587543010.direction": "Inbound",
                            "security_rule.1587543010.name": "DenyAllInBound",
                            "security_rule.1587543010.priority": "4096",
                            "security_rule.1587543010.protocol": "*",
                            "security_rule.1587543010.source_address_prefix": "*",
                            "security_rule.1587543010.source_address_prefixes.#": "0",
                            "security_rule.1587543010.source_application_security_group_ids.#": "0",
                            "security_rule.1587543010.source_port_range": "*",
                            "security_rule.1587543010.source_port_ranges.#": "0",
                            "security_rule.2972012272.access": "Deny",
                            "security_rule.2972012272.description": "All traffic originating from the Point-to-Site VPN is to be denied",
                            "security_rule.2972012272.destination_address_prefix": "*",
                            "security_rule.2972012272.destination_address_prefixes.#": "0",
                            "security_rule.2972012272.destination_application_security_group_ids.#": "0",
                            "security_rule.2972012272.destination_port_range": "*",
                            "security_rule.2972012272.destination_port_ranges.#": "0",
                            "security_rule.2972012272.direction": "Inbound",
                            "security_rule.2972012272.name": "Deny-P2S-Traffic",
                            "security_rule.2972012272.priority": "4000",
                            "security_rule.2972012272.protocol": "*",
                            "security_rule.2972012272.source_address_prefix": "10.86.60.0/25",
                            "security_rule.2972012272.source_address_prefixes.#": "0",
                            "security_rule.2972012272.source_application_security_group_ids.#": "0",
                            "security_rule.2972012272.source_port_range": "*",
                            "security_rule.2972012272.source_port_ranges.#": "0",
                            "security_rule.4167390957.access": "Allow",
                            "security_rule.4167390957.description": "Allow Remote Desktop traffic from Jumpbox Session Host",
                            "security_rule.4167390957.destination_address_prefix": "*",
                            "security_rule.4167390957.destination_address_prefixes.#": "0",
                            "security_rule.4167390957.destination_application_security_group_ids.#": "0",
                            "security_rule.4167390957.destination_port_range": "3389",
                            "security_rule.4167390957.destination_port_ranges.#": "0",
                            "security_rule.4167390957.direction": "Inbound",
                            "security_rule.4167390957.name": "default-allow-rdp",
                            "security_rule.4167390957.priority": "1000",
                            "security_rule.4167390957.protocol": "TCP",
                            "security_rule.4167390957.source_address_prefix": "10.86.6.44/32",
                            "security_rule.4167390957.source_address_prefixes.#": "0",
                            "security_rule.4167390957.source_application_security_group_ids.#": "0",
                            "security_rule.4167390957.source_port_range": "*",
                            "security_rule.4167390957.source_port_ranges.#": "0",
                            "tags.%": "0"
                        },
                        "meta": {},
                        "tainted": false
                    },
                    "deposed": [],
                    "provider": "provider.azurerm"
                },
                "azurerm_network_security_group.RG-Rina2Rina-Playground__r2rnode01NSG": {
                    "type": "azurerm_network_security_group",
                    "depends_on": [],
                    "primary": {
                        "id": "/subscriptions/5efd619c-0d6c-4bf6-a31b-d54ffda461c4/resourceGroups/RG-Rina2Rina-Playground/providers/Microsoft.Network/networkSecurityGroups/r2rnode01NSG",
                        "attributes": {
                            "id": "/subscriptions/5efd619c-0d6c-4bf6-a31b-d54ffda461c4/resourceGroups/RG-Rina2Rina-Playground/providers/Microsoft.Network/networkSecurityGroups/r2rnode01NSG",
                            "location": "uksouth",
                            "name": "r2rnode01NSG",
                            "resource_group_name": "RG-Rina2Rina-Playground",
                            "security_rule.#": "4",
                            "security_rule.1536389737.access": "Allow",
                            "security_rule.1536389737.description": "",
                            "security_rule.1536389737.destination_address_prefix": "*",
                            "security_rule.1536389737.destination_address_prefixes.#": "0",
                            "security_rule.1536389737.destination_application_security_group_ids.#": "0",
                            "security_rule.1536389737.destination_port_range": "3389",
                            "security_rule.1536389737.destination_port_ranges.#": "0",
                            "security_rule.1536389737.direction": "Inbound",
                            "security_rule.1536389737.name": "rdp",
                            "security_rule.1536389737.priority": "1000",
                            "security_rule.1536389737.protocol": "TCP",
                            "security_rule.1536389737.source_address_prefix": "10.86.6.44/32",
                            "security_rule.1536389737.source_address_prefixes.#": "0",
                            "security_rule.1536389737.source_application_security_group_ids.#": "0",
                            "security_rule.1536389737.source_port_range": "*",
                            "security_rule.1536389737.source_port_ranges.#": "0",
                            "security_rule.2972012272.access": "Deny",
                            "security_rule.2972012272.description": "All traffic originating from the Point-to-Site VPN is to be denied",
                            "security_rule.2972012272.destination_address_prefix": "*",
                            "security_rule.2972012272.destination_address_prefixes.#": "0",
                            "security_rule.2972012272.destination_application_security_group_ids.#": "0",
                            "security_rule.2972012272.destination_port_range": "*",
                            "security_rule.2972012272.destination_port_ranges.#": "0",
                            "security_rule.2972012272.direction": "Inbound",
                            "security_rule.2972012272.name": "Deny-P2S-Traffic",
                            "security_rule.2972012272.priority": "4000",
                            "security_rule.2972012272.protocol": "*",
                            "security_rule.2972012272.source_address_prefix": "10.86.60.0/25",
                            "security_rule.2972012272.source_address_prefixes.#": "0",
                            "security_rule.2972012272.source_application_security_group_ids.#": "0",
                            "security_rule.2972012272.source_port_range": "*",
                            "security_rule.2972012272.source_port_ranges.#": "0",
                            "security_rule.3782769863.access": "Allow",
                            "security_rule.3782769863.description": "",
                            "security_rule.3782769863.destination_address_prefix": "*",
                            "security_rule.3782769863.destination_address_prefixes.#": "0",
                            "security_rule.3782769863.destination_application_security_group_ids.#": "0",
                            "security_rule.3782769863.destination_port_range": "443",
                            "security_rule.3782769863.destination_port_ranges.#": "0",
                            "security_rule.3782769863.direction": "Inbound",
                            "security_rule.3782769863.name": "Allow-P2S-HTTPS",
                            "security_rule.3782769863.priority": "2000",
                            "security_rule.3782769863.protocol": "*",
                            "security_rule.3782769863.source_address_prefix": "10.86.60.0/25",
                            "security_rule.3782769863.source_address_prefixes.#": "0",
                            "security_rule.3782769863.source_application_security_group_ids.#": "0",
                            "security_rule.3782769863.source_port_range": "*",
                            "security_rule.3782769863.source_port_ranges.#": "0",
                            "security_rule.411065545.access": "Allow",
                            "security_rule.411065545.description": "",
                            "security_rule.411065545.destination_address_prefix": "*",
                            "security_rule.411065545.destination_address_prefixes.#": "0",
                            "security_rule.411065545.destination_application_security_group_ids.#": "0",
                            "security_rule.411065545.destination_port_range": "80",
                            "security_rule.411065545.destination_port_ranges.#": "0",
                            "security_rule.411065545.direction": "Inbound",
                            "security_rule.411065545.name": "Allow-P2S-HTTP",
                            "security_rule.411065545.priority": "2001",
                            "security_rule.411065545.protocol": "*",
                            "security_rule.411065545.source_address_prefix": "10.86.60.0/25",
                            "security_rule.411065545.source_address_prefixes.#": "0",
                            "security_rule.411065545.source_application_security_group_ids.#": "0",
                            "security_rule.411065545.source_port_range": "*",
                            "security_rule.411065545.source_port_ranges.#": "0",
                            "tags.%": "0"
                        },
                        "meta": {},
                        "tainted": false
                    },
                    "deposed": [],
                    "provider": "provider.azurerm"
                },
                "azurerm_network_security_group.RG-Rina2Rina-Playground__r2rnode02NSG": {
                    "type": "azurerm_network_security_group",
                    "depends_on": [],
                    "primary": {
                        "id": "/subscriptions/5efd619c-0d6c-4bf6-a31b-d54ffda461c4/resourceGroups/RG-Rina2Rina-Playground/providers/Microsoft.Network/networkSecurityGroups/r2rnode02NSG",
                        "attributes": {
                            "id": "/subscriptions/5efd619c-0d6c-4bf6-a31b-d54ffda461c4/resourceGroups/RG-Rina2Rina-Playground/providers/Microsoft.Network/networkSecurityGroups/r2rnode02NSG",
                            "location": "uksouth",
                            "name": "r2rnode02NSG",
                            "resource_group_name": "RG-Rina2Rina-Playground",
                            "security_rule.#": "4",
                            "security_rule.1536389737.access": "Allow",
                            "security_rule.1536389737.description": "",
                            "security_rule.1536389737.destination_address_prefix": "*",
                            "security_rule.1536389737.destination_address_prefixes.#": "0",
                            "security_rule.1536389737.destination_application_security_group_ids.#": "0",
                            "security_rule.1536389737.destination_port_range": "3389",
                            "security_rule.1536389737.destination_port_ranges.#": "0",
                            "security_rule.1536389737.direction": "Inbound",
                            "security_rule.1536389737.name": "rdp",
                            "security_rule.1536389737.priority": "1000",
                            "security_rule.1536389737.protocol": "TCP",
                            "security_rule.1536389737.source_address_prefix": "10.86.6.44/32",
                            "security_rule.1536389737.source_address_prefixes.#": "0",
                            "security_rule.1536389737.source_application_security_group_ids.#": "0",
                            "security_rule.1536389737.source_port_range": "*",
                            "security_rule.1536389737.source_port_ranges.#": "0",
                            "security_rule.2972012272.access": "Deny",
                            "security_rule.2972012272.description": "All traffic originating from the Point-to-Site VPN is to be denied",
                            "security_rule.2972012272.destination_address_prefix": "*",
                            "security_rule.2972012272.destination_address_prefixes.#": "0",
                            "security_rule.2972012272.destination_application_security_group_ids.#": "0",
                            "security_rule.2972012272.destination_port_range": "*",
                            "security_rule.2972012272.destination_port_ranges.#": "0",
                            "security_rule.2972012272.direction": "Inbound",
                            "security_rule.2972012272.name": "Deny-P2S-Traffic",
                            "security_rule.2972012272.priority": "4000",
                            "security_rule.2972012272.protocol": "*",
                            "security_rule.2972012272.source_address_prefix": "10.86.60.0/25",
                            "security_rule.2972012272.source_address_prefixes.#": "0",
                            "security_rule.2972012272.source_application_security_group_ids.#": "0",
                            "security_rule.2972012272.source_port_range": "*",
                            "security_rule.2972012272.source_port_ranges.#": "0",
                            "security_rule.3782769863.access": "Allow",
                            "security_rule.3782769863.description": "",
                            "security_rule.3782769863.destination_address_prefix": "*",
                            "security_rule.3782769863.destination_address_prefixes.#": "0",
                            "security_rule.3782769863.destination_application_security_group_ids.#": "0",
                            "security_rule.3782769863.destination_port_range": "443",
                            "security_rule.3782769863.destination_port_ranges.#": "0",
                            "security_rule.3782769863.direction": "Inbound",
                            "security_rule.3782769863.name": "Allow-P2S-HTTPS",
                            "security_rule.3782769863.priority": "2000",
                            "security_rule.3782769863.protocol": "*",
                            "security_rule.3782769863.source_address_prefix": "10.86.60.0/25",
                            "security_rule.3782769863.source_address_prefixes.#": "0",
                            "security_rule.3782769863.source_application_security_group_ids.#": "0",
                            "security_rule.3782769863.source_port_range": "*",
                            "security_rule.3782769863.source_port_ranges.#": "0",
                            "security_rule.411065545.access": "Allow",
                            "security_rule.411065545.description": "",
                            "security_rule.411065545.destination_address_prefix": "*",
                            "security_rule.411065545.destination_address_prefixes.#": "0",
                            "security_rule.411065545.destination_application_security_group_ids.#": "0",
                            "security_rule.411065545.destination_port_range": "80",
                            "security_rule.411065545.destination_port_ranges.#": "0",
                            "security_rule.411065545.direction": "Inbound",
                            "security_rule.411065545.name": "Allow-P2S-HTTP",
                            "security_rule.411065545.priority": "2001",
                            "security_rule.411065545.protocol": "*",
                            "security_rule.411065545.source_address_prefix": "10.86.60.0/25",
                            "security_rule.411065545.source_address_prefixes.#": "0",
                            "security_rule.411065545.source_application_security_group_ids.#": "0",
                            "security_rule.411065545.source_port_range": "*",
                            "security_rule.411065545.source_port_ranges.#": "0",
                            "tags.%": "0"
                        },
                        "meta": {},
                        "tainted": false
                    },
                    "deposed": [],
                    "provider": "provider.azurerm"
                },
                "azurerm_network_security_group.RG-Rina2Rina-Playground__r2rnode04NSG": {
                    "type": "azurerm_network_security_group",
                    "depends_on": [],
                    "primary": {
                        "id": "/subscriptions/5efd619c-0d6c-4bf6-a31b-d54ffda461c4/resourceGroups/RG-Rina2Rina-Playground/providers/Microsoft.Network/networkSecurityGroups/r2rnode04NSG",
                        "attributes": {
                            "id": "/subscriptions/5efd619c-0d6c-4bf6-a31b-d54ffda461c4/resourceGroups/RG-Rina2Rina-Playground/providers/Microsoft.Network/networkSecurityGroups/r2rnode04NSG",
                            "location": "uksouth",
                            "name": "r2rnode04NSG",
                            "resource_group_name": "RG-Rina2Rina-Playground",
                            "security_rule.#": "4",
                            "security_rule.1536389737.access": "Allow",
                            "security_rule.1536389737.description": "",
                            "security_rule.1536389737.destination_address_prefix": "*",
                            "security_rule.1536389737.destination_address_prefixes.#": "0",
                            "security_rule.1536389737.destination_application_security_group_ids.#": "0",
                            "security_rule.1536389737.destination_port_range": "3389",
                            "security_rule.1536389737.destination_port_ranges.#": "0",
                            "security_rule.1536389737.direction": "Inbound",
                            "security_rule.1536389737.name": "rdp",
                            "security_rule.1536389737.priority": "1000",
                            "security_rule.1536389737.protocol": "TCP",
                            "security_rule.1536389737.source_address_prefix": "10.86.6.44/32",
                            "security_rule.1536389737.source_address_prefixes.#": "0",
                            "security_rule.1536389737.source_application_security_group_ids.#": "0",
                            "security_rule.1536389737.source_port_range": "*",
                            "security_rule.1536389737.source_port_ranges.#": "0",
                            "security_rule.2972012272.access": "Deny",
                            "security_rule.2972012272.description": "All traffic originating from the Point-to-Site VPN is to be denied",
                            "security_rule.2972012272.destination_address_prefix": "*",
                            "security_rule.2972012272.destination_address_prefixes.#": "0",
                            "security_rule.2972012272.destination_application_security_group_ids.#": "0",
                            "security_rule.2972012272.destination_port_range": "*",
                            "security_rule.2972012272.destination_port_ranges.#": "0",
                            "security_rule.2972012272.direction": "Inbound",
                            "security_rule.2972012272.name": "Deny-P2S-Traffic",
                            "security_rule.2972012272.priority": "4000",
                            "security_rule.2972012272.protocol": "*",
                            "security_rule.2972012272.source_address_prefix": "10.86.60.0/25",
                            "security_rule.2972012272.source_address_prefixes.#": "0",
                            "security_rule.2972012272.source_application_security_group_ids.#": "0",
                            "security_rule.2972012272.source_port_range": "*",
                            "security_rule.2972012272.source_port_ranges.#": "0",
                            "security_rule.3782769863.access": "Allow",
                            "security_rule.3782769863.description": "",
                            "security_rule.3782769863.destination_address_prefix": "*",
                            "security_rule.3782769863.destination_address_prefixes.#": "0",
                            "security_rule.3782769863.destination_application_security_group_ids.#": "0",
                            "security_rule.3782769863.destination_port_range": "443",
                            "security_rule.3782769863.destination_port_ranges.#": "0",
                            "security_rule.3782769863.direction": "Inbound",
                            "security_rule.3782769863.name": "Allow-P2S-HTTPS",
                            "security_rule.3782769863.priority": "2000",
                            "security_rule.3782769863.protocol": "*",
                            "security_rule.3782769863.source_address_prefix": "10.86.60.0/25",
                            "security_rule.3782769863.source_address_prefixes.#": "0",
                            "security_rule.3782769863.source_application_security_group_ids.#": "0",
                            "security_rule.3782769863.source_port_range": "*",
                            "security_rule.3782769863.source_port_ranges.#": "0",
                            "security_rule.411065545.access": "Allow",
                            "security_rule.411065545.description": "",
                            "security_rule.411065545.destination_address_prefix": "*",
                            "security_rule.411065545.destination_address_prefixes.#": "0",
                            "security_rule.411065545.destination_application_security_group_ids.#": "0",
                            "security_rule.411065545.destination_port_range": "80",
                            "security_rule.411065545.destination_port_ranges.#": "0",
                            "security_rule.411065545.direction": "Inbound",
                            "security_rule.411065545.name": "Allow-P2S-HTTP",
                            "security_rule.411065545.priority": "2001",
                            "security_rule.411065545.protocol": "*",
                            "security_rule.411065545.source_address_prefix": "10.86.60.0/25",
                            "security_rule.411065545.source_address_prefixes.#": "0",
                            "security_rule.411065545.source_application_security_group_ids.#": "0",
                            "security_rule.411065545.source_port_range": "*",
                            "security_rule.411065545.source_port_ranges.#": "0",
                            "tags.%": "0"
                        },
                        "meta": {},
                        "tainted": false
                    },
                    "deposed": [],
                    "provider": "provider.azurerm"
                },
                "azurerm_network_security_group.bpdts-testrg__bpdts-test-nsg": {
                    "type": "azurerm_network_security_group",
                    "depends_on": [],
                    "primary": {
                        "id": "/subscriptions/5efd619c-0d6c-4bf6-a31b-d54ffda461c4/resourceGroups/bpdts-testrg/providers/Microsoft.Network/networkSecurityGroups/bpdts-test-nsg",
                        "attributes": {
                            "id": "/subscriptions/5efd619c-0d6c-4bf6-a31b-d54ffda461c4/resourceGroups/bpdts-testrg/providers/Microsoft.Network/networkSecurityGroups/bpdts-test-nsg",
                            "location": "uksouth",
                            "name": "bpdts-test-nsg",
                            "resource_group_name": "bpdts-testrg",
                            "security_rule.#": "1",
                            "security_rule.1656343434.access": "Allow",
                            "security_rule.1656343434.description": "",
                            "security_rule.1656343434.destination_address_prefix": "*",
                            "security_rule.1656343434.destination_address_prefixes.#": "0",
                            "security_rule.1656343434.destination_application_security_group_ids.#": "0",
                            "security_rule.1656343434.destination_port_range": "3389",
                            "security_rule.1656343434.destination_port_ranges.#": "0",
                            "security_rule.1656343434.direction": "Inbound",
                            "security_rule.1656343434.name": "default-allow-rdp",
                            "security_rule.1656343434.priority": "1000",
                            "security_rule.1656343434.protocol": "TCP",
                            "security_rule.1656343434.source_address_prefix": "*",
                            "security_rule.1656343434.source_address_prefixes.#": "0",
                            "security_rule.1656343434.source_application_security_group_ids.#": "0",
                            "security_rule.1656343434.source_port_range": "*",
                            "security_rule.1656343434.source_port_ranges.#": "0",
                            "tags.%": "0"
                        },
                        "meta": {},
                        "tainted": false
                    },
                    "deposed": [],
                    "provider": "provider.azurerm"
                },
                "azurerm_network_security_group.bpdts-testrg__bpdts-testsql-nsg": {
                    "type": "azurerm_network_security_group",
                    "depends_on": [],
                    "primary": {
                        "id": "/subscriptions/5efd619c-0d6c-4bf6-a31b-d54ffda461c4/resourceGroups/bpdts-testrg/providers/Microsoft.Network/networkSecurityGroups/bpdts-testsql-nsg",
                        "attributes": {
                            "id": "/subscriptions/5efd619c-0d6c-4bf6-a31b-d54ffda461c4/resourceGroups/bpdts-testrg/providers/Microsoft.Network/networkSecurityGroups/bpdts-testsql-nsg",
                            "location": "uksouth",
                            "name": "bpdts-testsql-nsg",
                            "resource_group_name": "bpdts-testrg",
                            "security_rule.#": "1",
                            "security_rule.1656343434.access": "Allow",
                            "security_rule.1656343434.description": "",
                            "security_rule.1656343434.destination_address_prefix": "*",
                            "security_rule.1656343434.destination_address_prefixes.#": "0",
                            "security_rule.1656343434.destination_application_security_group_ids.#": "0",
                            "security_rule.1656343434.destination_port_range": "3389",
                            "security_rule.1656343434.destination_port_ranges.#": "0",
                            "security_rule.1656343434.direction": "Inbound",
                            "security_rule.1656343434.name": "default-allow-rdp",
                            "security_rule.1656343434.priority": "1000",
                            "security_rule.1656343434.protocol": "TCP",
                            "security_rule.1656343434.source_address_prefix": "*",
                            "security_rule.1656343434.source_address_prefixes.#": "0",
                            "security_rule.1656343434.source_application_security_group_ids.#": "0",
                            "security_rule.1656343434.source_port_range": "*",
                            "security_rule.1656343434.source_port_ranges.#": "0",
                            "tags.%": "0"
                        },
                        "meta": {},
                        "tainted": false
                    },
                    "deposed": [],
                    "provider": "provider.azurerm"
                },
                "azurerm_resource_group.DefaultResourceGroup-SUK": {
                    "type": "azurerm_resource_group",
                    "depends_on": [],
                    "primary": {
                        "id": "/subscriptions/5efd619c-0d6c-4bf6-a31b-d54ffda461c4/resourceGroups/DefaultResourceGroup-SUK",
                        "attributes": {
                            "id": "/subscriptions/5efd619c-0d6c-4bf6-a31b-d54ffda461c4/resourceGroups/DefaultResourceGroup-SUK",
                            "location": "uksouth",
                            "name": "DefaultResourceGroup-SUK",
                            "tags.%": "0"
                        },
                        "meta": {},
                        "tainted": false
                    },
                    "deposed": [],
                    "provider": "provider.azurerm"
                },
                "azurerm_resource_group.EESSI-Prod-Transit-RG": {
                    "type": "azurerm_resource_group",
                    "depends_on": [],
                    "primary": {
                        "id": "/subscriptions/5efd619c-0d6c-4bf6-a31b-d54ffda461c4/resourceGroups/EESSI-Prod-Transit-RG",
                        "attributes": {
                            "id": "/subscriptions/5efd619c-0d6c-4bf6-a31b-d54ffda461c4/resourceGroups/EESSI-Prod-Transit-RG",
                            "location": "uksouth",
                            "name": "EESSI-Prod-Transit-RG",
                            "tags.%": "0"
                        },
                        "meta": {},
                        "tainted": false
                    },
                    "deposed": [],
                    "provider": "provider.azurerm"
                },
                "azurerm_resource_group.EESSI-SharedResources-RG": {
                    "type": "azurerm_resource_group",
                    "depends_on": [],
                    "primary": {
                        "id": "/subscriptions/5efd619c-0d6c-4bf6-a31b-d54ffda461c4/resourceGroups/EESSI-SharedResources-RG",
                        "attributes": {
                            "id": "/subscriptions/5efd619c-0d6c-4bf6-a31b-d54ffda461c4/resourceGroups/EESSI-SharedResources-RG",
                            "location": "uksouth",
                            "name": "EESSI-SharedResources-RG",
                            "tags.%": "0"
                        },
                        "meta": {},
                        "tainted": false
                    },
                    "deposed": [],
                    "provider": "provider.azurerm"
                },
                "azurerm_resource_group.EESSI-TEST01-RINA-BPM-RG": {
                    "type": "azurerm_resource_group",
                    "depends_on": [],
                    "primary": {
                        "id": "/subscriptions/5efd619c-0d6c-4bf6-a31b-d54ffda461c4/resourceGroups/EESSI-TEST01-RINA-BPM-RG",
                        "attributes": {
                            "id": "/subscriptions/5efd619c-0d6c-4bf6-a31b-d54ffda461c4/resourceGroups/EESSI-TEST01-RINA-BPM-RG",
                            "location": "uksouth",
                            "name": "EESSI-TEST01-RINA-BPM-RG",
                            "tags.%": "0"
                        },
                        "meta": {},
                        "tainted": false
                    },
                    "deposed": [],
                    "provider": "provider.azurerm"
                },
                "azurerm_resource_group.EESSI-TEST01-RINA-ELAST-RG": {
                    "type": "azurerm_resource_group",
                    "depends_on": [],
                    "primary": {
                        "id": "/subscriptions/5efd619c-0d6c-4bf6-a31b-d54ffda461c4/resourceGroups/EESSI-TEST01-RINA-ELAST-RG",
                        "attributes": {
                            "id": "/subscriptions/5efd619c-0d6c-4bf6-a31b-d54ffda461c4/resourceGroups/EESSI-TEST01-RINA-ELAST-RG",
                            "location": "uksouth",
                            "name": "EESSI-TEST01-RINA-ELAST-RG",
                            "tags.%": "0"
                        },
                        "meta": {},
                        "tainted": false
                    },
                    "deposed": [],
                    "provider": "provider.azurerm"
                },
                "azurerm_resource_group.EESSI-TEST01-RINA-FSHARE-RG": {
                    "type": "azurerm_resource_group",
                    "depends_on": [],
                    "primary": {
                        "id": "/subscriptions/5efd619c-0d6c-4bf6-a31b-d54ffda461c4/resourceGroups/EESSI-TEST01-RINA-FSHARE-RG",
                        "attributes": {
                            "id": "/subscriptions/5efd619c-0d6c-4bf6-a31b-d54ffda461c4/resourceGroups/EESSI-TEST01-RINA-FSHARE-RG",
                            "location": "uksouth",
                            "name": "EESSI-TEST01-RINA-FSHARE-RG",
                            "tags.%": "0"
                        },
                        "meta": {},
                        "tainted": false
                    },
                    "deposed": [],
                    "provider": "provider.azurerm"
                },
                "azurerm_resource_group.EESSI-TEST01-RINA-HDK-RG": {
                    "type": "azurerm_resource_group",
                    "depends_on": [],
                    "primary": {
                        "id": "/subscriptions/5efd619c-0d6c-4bf6-a31b-d54ffda461c4/resourceGroups/EESSI-TEST01-RINA-HDK-RG",
                        "attributes": {
                            "id": "/subscriptions/5efd619c-0d6c-4bf6-a31b-d54ffda461c4/resourceGroups/EESSI-TEST01-RINA-HDK-RG",
                            "location": "uksouth",
                            "name": "EESSI-TEST01-RINA-HDK-RG",
                            "tags.%": "0"
                        },
                        "meta": {},
                        "tainted": false
                    },
                    "deposed": [],
                    "provider": "provider.azurerm"
                },
                "azurerm_resource_group.EESSI-TEST01-RINA-LB-RG": {
                    "type": "azurerm_resource_group",
                    "depends_on": [],
                    "primary": {
                        "id": "/subscriptions/5efd619c-0d6c-4bf6-a31b-d54ffda461c4/resourceGroups/EESSI-TEST01-RINA-LB-RG",
                        "attributes": {
                            "id": "/subscriptions/5efd619c-0d6c-4bf6-a31b-d54ffda461c4/resourceGroups/EESSI-TEST01-RINA-LB-RG",
                            "location": "uksouth",
                            "name": "EESSI-TEST01-RINA-LB-RG",
                            "tags.%": "0"
                        },
                        "meta": {},
                        "tainted": false
                    },
                    "deposed": [],
                    "provider": "provider.azurerm"
                },
                "azurerm_resource_group.EESSI-TEST01-RINA-POSTGRE-RG": {
                    "type": "azurerm_resource_group",
                    "depends_on": [],
                    "primary": {
                        "id": "/subscriptions/5efd619c-0d6c-4bf6-a31b-d54ffda461c4/resourceGroups/EESSI-TEST01-RINA-POSTGRE-RG",
                        "attributes": {
                            "id": "/subscriptions/5efd619c-0d6c-4bf6-a31b-d54ffda461c4/resourceGroups/EESSI-TEST01-RINA-POSTGRE-RG",
                            "location": "uksouth",
                            "name": "EESSI-TEST01-RINA-POSTGRE-RG",
                            "tags.%": "0"
                        },
                        "meta": {},
                        "tainted": false
                    },
                    "deposed": [],
                    "provider": "provider.azurerm"
                },
                "azurerm_resource_group.EESSI-TEST01-RINA-REST-RG": {
                    "type": "azurerm_resource_group",
                    "depends_on": [],
                    "primary": {
                        "id": "/subscriptions/5efd619c-0d6c-4bf6-a31b-d54ffda461c4/resourceGroups/EESSI-TEST01-RINA-REST-RG",
                        "attributes": {
                            "id": "/subscriptions/5efd619c-0d6c-4bf6-a31b-d54ffda461c4/resourceGroups/EESSI-TEST01-RINA-REST-RG",
                            "location": "uksouth",
                            "name": "EESSI-TEST01-RINA-REST-RG",
                            "tags.%": "0"
                        },
                        "meta": {},
                        "tainted": false
                    },
                    "deposed": [],
                    "provider": "provider.azurerm"
                },
                "azurerm_resource_group.EESSI-Test-Cisco01-RG": {
                    "type": "azurerm_resource_group",
                    "depends_on": [],
                    "primary": {
                        "id": "/subscriptions/5efd619c-0d6c-4bf6-a31b-d54ffda461c4/resourceGroups/EESSI-Test-Cisco01-RG",
                        "attributes": {
                            "id": "/subscriptions/5efd619c-0d6c-4bf6-a31b-d54ffda461c4/resourceGroups/EESSI-Test-Cisco01-RG",
                            "location": "uksouth",
                            "name": "EESSI-Test-Cisco01-RG",
                            "tags.%": "0"
                        },
                        "meta": {},
                        "tainted": false
                    },
                    "deposed": [],
                    "provider": "provider.azurerm"
                },
                "azurerm_resource_group.EESSI-Test-Cisco02-RG": {
                    "type": "azurerm_resource_group",
                    "depends_on": [],
                    "primary": {
                        "id": "/subscriptions/5efd619c-0d6c-4bf6-a31b-d54ffda461c4/resourceGroups/EESSI-Test-Cisco02-RG",
                        "attributes": {
                            "id": "/subscriptions/5efd619c-0d6c-4bf6-a31b-d54ffda461c4/resourceGroups/EESSI-Test-Cisco02-RG",
                            "location": "uksouth",
                            "name": "EESSI-Test-Cisco02-RG",
                            "tags.%": "0"
                        },
                        "meta": {},
                        "tainted": false
                    },
                    "deposed": [],
                    "provider": "provider.azurerm"
                },
                "azurerm_resource_group.EESSI-Test-KV-RG": {
                    "type": "azurerm_resource_group",
                    "depends_on": [],
                    "primary": {
                        "id": "/subscriptions/5efd619c-0d6c-4bf6-a31b-d54ffda461c4/resourceGroups/EESSI-Test-KV-RG",
                        "attributes": {
                            "id": "/subscriptions/5efd619c-0d6c-4bf6-a31b-d54ffda461c4/resourceGroups/EESSI-Test-KV-RG",
                            "location": "uksouth",
                            "name": "EESSI-Test-KV-RG",
                            "tags.%": "0"
                        },
                        "meta": {},
                        "tainted": false
                    },
                    "deposed": [],
                    "provider": "provider.azurerm"
                },
                "azurerm_resource_group.EESSI-Test-OMS-RG": {
                    "type": "azurerm_resource_group",
                    "depends_on": [],
                    "primary": {
                        "id": "/subscriptions/5efd619c-0d6c-4bf6-a31b-d54ffda461c4/resourceGroups/EESSI-Test-OMS-RG",
                        "attributes": {
                            "id": "/subscriptions/5efd619c-0d6c-4bf6-a31b-d54ffda461c4/resourceGroups/EESSI-Test-OMS-RG",
                            "location": "uksouth",
                            "name": "EESSI-Test-OMS-RG",
                            "tags.%": "0"
                        },
                        "meta": {},
                        "tainted": false
                    },
                    "deposed": [],
                    "provider": "provider.azurerm"
                },
                "azurerm_resource_group.EESSI-Test-Shared-AD-RG": {
                    "type": "azurerm_resource_group",
                    "depends_on": [],
                    "primary": {
                        "id": "/subscriptions/5efd619c-0d6c-4bf6-a31b-d54ffda461c4/resourceGroups/EESSI-Test-Shared-AD-RG",
                        "attributes": {
                            "id": "/subscriptions/5efd619c-0d6c-4bf6-a31b-d54ffda461c4/resourceGroups/EESSI-Test-Shared-AD-RG",
                            "location": "uksouth",
                            "name": "EESSI-Test-Shared-AD-RG",
                            "tags.%": "0"
                        },
                        "meta": {},
                        "tainted": false
                    },
                    "deposed": [],
                    "provider": "provider.azurerm"
                },
                "azurerm_resource_group.EESSI-Test-Shared-BKP-RG": {
                    "type": "azurerm_resource_group",
                    "depends_on": [],
                    "primary": {
                        "id": "/subscriptions/5efd619c-0d6c-4bf6-a31b-d54ffda461c4/resourceGroups/EESSI-Test-Shared-BKP-RG",
                        "attributes": {
                            "id": "/subscriptions/5efd619c-0d6c-4bf6-a31b-d54ffda461c4/resourceGroups/EESSI-Test-Shared-BKP-RG",
                            "location": "uksouth",
                            "name": "EESSI-Test-Shared-BKP-RG",
                            "tags.%": "0"
                        },
                        "meta": {},
                        "tainted": false
                    },
                    "deposed": [],
                    "provider": "provider.azurerm"
                },
                "azurerm_resource_group.EESSI-Test-Shared-RG": {
                    "type": "azurerm_resource_group",
                    "depends_on": [],
                    "primary": {
                        "id": "/subscriptions/5efd619c-0d6c-4bf6-a31b-d54ffda461c4/resourceGroups/EESSI-Test-Shared-RG",
                        "attributes": {
                            "id": "/subscriptions/5efd619c-0d6c-4bf6-a31b-d54ffda461c4/resourceGroups/EESSI-Test-Shared-RG",
                            "location": "uksouth",
                            "name": "EESSI-Test-Shared-RG",
                            "tags.%": "0"
                        },
                        "meta": {},
                        "tainted": false
                    },
                    "deposed": [],
                    "provider": "provider.azurerm"
                },
                "azurerm_resource_group.EESSI-Test-Shared-WSUS-RG": {
                    "type": "azurerm_resource_group",
                    "depends_on": [],
                    "primary": {
                        "id": "/subscriptions/5efd619c-0d6c-4bf6-a31b-d54ffda461c4/resourceGroups/EESSI-Test-Shared-WSUS-RG",
                        "attributes": {
                            "id": "/subscriptions/5efd619c-0d6c-4bf6-a31b-d54ffda461c4/resourceGroups/EESSI-Test-Shared-WSUS-RG",
                            "location": "uksouth",
                            "name": "EESSI-Test-Shared-WSUS-RG",
                            "tags.%": "0"
                        },
                        "meta": {},
                        "tainted": false
                    },
                    "deposed": [],
                    "provider": "provider.azurerm"
                },
                "azurerm_resource_group.EESSI-Test-Transit-RG": {
                    "type": "azurerm_resource_group",
                    "depends_on": [],
                    "primary": {
                        "id": "/subscriptions/5efd619c-0d6c-4bf6-a31b-d54ffda461c4/resourceGroups/EESSI-Test-Transit-RG",
                        "attributes": {
                            "id": "/subscriptions/5efd619c-0d6c-4bf6-a31b-d54ffda461c4/resourceGroups/EESSI-Test-Transit-RG",
                            "location": "uksouth",
                            "name": "EESSI-Test-Transit-RG",
                            "tags.%": "0"
                        },
                        "meta": {},
                        "tainted": false
                    },
                    "deposed": [],
                    "provider": "provider.azurerm"
                },
                "azurerm_resource_group.EESSI-Test01-AP-Biz-RG": {
                    "type": "azurerm_resource_group",
                    "depends_on": [],
                    "primary": {
                        "id": "/subscriptions/5efd619c-0d6c-4bf6-a31b-d54ffda461c4/resourceGroups/EESSI-Test01-AP-Biz-RG",
                        "attributes": {
                            "id": "/subscriptions/5efd619c-0d6c-4bf6-a31b-d54ffda461c4/resourceGroups/EESSI-Test01-AP-Biz-RG",
                            "location": "uksouth",
                            "name": "EESSI-Test01-AP-Biz-RG",
                            "tags.%": "0"
                        },
                        "meta": {},
                        "tainted": false
                    },
                    "deposed": [],
                    "provider": "provider.azurerm"
                },
                "azurerm_resource_group.EESSI-Test01-AP-FS-RG": {
                    "type": "azurerm_resource_group",
                    "depends_on": [],
                    "primary": {
                        "id": "/subscriptions/5efd619c-0d6c-4bf6-a31b-d54ffda461c4/resourceGroups/EESSI-Test01-AP-FS-RG",
                        "attributes": {
                            "id": "/subscriptions/5efd619c-0d6c-4bf6-a31b-d54ffda461c4/resourceGroups/EESSI-Test01-AP-FS-RG",
                            "location": "uksouth",
                            "name": "EESSI-Test01-AP-FS-RG",
                            "tags.%": "0"
                        },
                        "meta": {},
                        "tainted": false
                    },
                    "deposed": [],
                    "provider": "provider.azurerm"
                },
                "azurerm_resource_group.EESSI-Test01-AP-SQL-RG": {
                    "type": "azurerm_resource_group",
                    "depends_on": [],
                    "primary": {
                        "id": "/subscriptions/5efd619c-0d6c-4bf6-a31b-d54ffda461c4/resourceGroups/EESSI-Test01-AP-SQL-RG",
                        "attributes": {
                            "id": "/subscriptions/5efd619c-0d6c-4bf6-a31b-d54ffda461c4/resourceGroups/EESSI-Test01-AP-SQL-RG",
                            "location": "uksouth",
                            "name": "EESSI-Test01-AP-SQL-RG",
                            "tags.%": "0"
                        },
                        "meta": {},
                        "tainted": false
                    },
                    "deposed": [],
                    "provider": "provider.azurerm"
                },
                "azurerm_resource_group.EESSI-Test01-AP-Shared-RG": {
                    "type": "azurerm_resource_group",
                    "depends_on": [],
                    "primary": {
                        "id": "/subscriptions/5efd619c-0d6c-4bf6-a31b-d54ffda461c4/resourceGroups/EESSI-Test01-AP-Shared-RG",
                        "attributes": {
                            "id": "/subscriptions/5efd619c-0d6c-4bf6-a31b-d54ffda461c4/resourceGroups/EESSI-Test01-AP-Shared-RG",
                            "location": "uksouth",
                            "name": "EESSI-Test01-AP-Shared-RG",
                            "tags.%": "0"
                        },
                        "meta": {},
                        "tainted": false
                    },
                    "deposed": [],
                    "provider": "provider.azurerm"
                },
                "azurerm_resource_group.EESSI-Test01-RINA-App-RG": {
                    "type": "azurerm_resource_group",
                    "depends_on": [],
                    "primary": {
                        "id": "/subscriptions/5efd619c-0d6c-4bf6-a31b-d54ffda461c4/resourceGroups/EESSI-Test01-RINA-App-RG",
                        "attributes": {
                            "id": "/subscriptions/5efd619c-0d6c-4bf6-a31b-d54ffda461c4/resourceGroups/EESSI-Test01-RINA-App-RG",
                            "location": "uksouth",
                            "name": "EESSI-Test01-RINA-App-RG",
                            "tags.%": "0"
                        },
                        "meta": {},
                        "tainted": false
                    },
                    "deposed": [],
                    "provider": "provider.azurerm"
                },
                "azurerm_resource_group.EESSI-Test01-RINA-Shared-RG": {
                    "type": "azurerm_resource_group",
                    "depends_on": [],
                    "primary": {
                        "id": "/subscriptions/5efd619c-0d6c-4bf6-a31b-d54ffda461c4/resourceGroups/EESSI-Test01-RINA-Shared-RG",
                        "attributes": {
                            "id": "/subscriptions/5efd619c-0d6c-4bf6-a31b-d54ffda461c4/resourceGroups/EESSI-Test01-RINA-Shared-RG",
                            "location": "uksouth",
                            "name": "EESSI-Test01-RINA-Shared-RG",
                            "tags.%": "0"
                        },
                        "meta": {},
                        "tainted": false
                    },
                    "deposed": [],
                    "provider": "provider.azurerm"
                },
                "azurerm_resource_group.EESSI-Test02-AP-Biz-RG": {
                    "type": "azurerm_resource_group",
                    "depends_on": [],
                    "primary": {
                        "id": "/subscriptions/5efd619c-0d6c-4bf6-a31b-d54ffda461c4/resourceGroups/EESSI-Test02-AP-Biz-RG",
                        "attributes": {
                            "id": "/subscriptions/5efd619c-0d6c-4bf6-a31b-d54ffda461c4/resourceGroups/EESSI-Test02-AP-Biz-RG",
                            "location": "uksouth",
                            "name": "EESSI-Test02-AP-Biz-RG",
                            "tags.%": "0"
                        },
                        "meta": {},
                        "tainted": false
                    },
                    "deposed": [],
                    "provider": "provider.azurerm"
                },
                "azurerm_resource_group.EESSI-Test02-AP-FS-RG": {
                    "type": "azurerm_resource_group",
                    "depends_on": [],
                    "primary": {
                        "id": "/subscriptions/5efd619c-0d6c-4bf6-a31b-d54ffda461c4/resourceGroups/EESSI-Test02-AP-FS-RG",
                        "attributes": {
                            "id": "/subscriptions/5efd619c-0d6c-4bf6-a31b-d54ffda461c4/resourceGroups/EESSI-Test02-AP-FS-RG",
                            "location": "uksouth",
                            "name": "EESSI-Test02-AP-FS-RG",
                            "tags.%": "0"
                        },
                        "meta": {},
                        "tainted": false
                    },
                    "deposed": [],
                    "provider": "provider.azurerm"
                },
                "azurerm_resource_group.EESSI-Test02-AP-SQL-RG": {
                    "type": "azurerm_resource_group",
                    "depends_on": [],
                    "primary": {
                        "id": "/subscriptions/5efd619c-0d6c-4bf6-a31b-d54ffda461c4/resourceGroups/EESSI-Test02-AP-SQL-RG",
                        "attributes": {
                            "id": "/subscriptions/5efd619c-0d6c-4bf6-a31b-d54ffda461c4/resourceGroups/EESSI-Test02-AP-SQL-RG",
                            "location": "uksouth",
                            "name": "EESSI-Test02-AP-SQL-RG",
                            "tags.%": "0"
                        },
                        "meta": {},
                        "tainted": false
                    },
                    "deposed": [],
                    "provider": "provider.azurerm"
                },
                "azurerm_resource_group.EESSI-Test02-AP-Shared-RG": {
                    "type": "azurerm_resource_group",
                    "depends_on": [],
                    "primary": {
                        "id": "/subscriptions/5efd619c-0d6c-4bf6-a31b-d54ffda461c4/resourceGroups/EESSI-Test02-AP-Shared-RG",
                        "attributes": {
                            "id": "/subscriptions/5efd619c-0d6c-4bf6-a31b-d54ffda461c4/resourceGroups/EESSI-Test02-AP-Shared-RG",
                            "location": "uksouth",
                            "name": "EESSI-Test02-AP-Shared-RG",
                            "tags.%": "0"
                        },
                        "meta": {},
                        "tainted": false
                    },
                    "deposed": [],
                    "provider": "provider.azurerm"
                },
                "azurerm_resource_group.EESSI-Test02-RINA-BPM-RG": {
                    "type": "azurerm_resource_group",
                    "depends_on": [],
                    "primary": {
                        "id": "/subscriptions/5efd619c-0d6c-4bf6-a31b-d54ffda461c4/resourceGroups/EESSI-Test02-RINA-BPM-RG",
                        "attributes": {
                            "id": "/subscriptions/5efd619c-0d6c-4bf6-a31b-d54ffda461c4/resourceGroups/EESSI-Test02-RINA-BPM-RG",
                            "location": "uksouth",
                            "name": "EESSI-Test02-RINA-BPM-RG",
                            "tags.%": "0"
                        },
                        "meta": {},
                        "tainted": false
                    },
                    "deposed": [],
                    "provider": "provider.azurerm"
                },
                "azurerm_resource_group.EESSI-Test02-RINA-ELAST-RG": {
                    "type": "azurerm_resource_group",
                    "depends_on": [],
                    "primary": {
                        "id": "/subscriptions/5efd619c-0d6c-4bf6-a31b-d54ffda461c4/resourceGroups/EESSI-Test02-RINA-ELAST-RG",
                        "attributes": {
                            "id": "/subscriptions/5efd619c-0d6c-4bf6-a31b-d54ffda461c4/resourceGroups/EESSI-Test02-RINA-ELAST-RG",
                            "location": "uksouth",
                            "name": "EESSI-Test02-RINA-ELAST-RG",
                            "tags.%": "0"
                        },
                        "meta": {},
                        "tainted": false
                    },
                    "deposed": [],
                    "provider": "provider.azurerm"
                },
                "azurerm_resource_group.EESSI-Test02-RINA-FS-RG": {
                    "type": "azurerm_resource_group",
                    "depends_on": [],
                    "primary": {
                        "id": "/subscriptions/5efd619c-0d6c-4bf6-a31b-d54ffda461c4/resourceGroups/EESSI-Test02-RINA-FS-RG",
                        "attributes": {
                            "id": "/subscriptions/5efd619c-0d6c-4bf6-a31b-d54ffda461c4/resourceGroups/EESSI-Test02-RINA-FS-RG",
                            "location": "uksouth",
                            "name": "EESSI-Test02-RINA-FS-RG",
                            "tags.%": "0"
                        },
                        "meta": {},
                        "tainted": false
                    },
                    "deposed": [],
                    "provider": "provider.azurerm"
                },
                "azurerm_resource_group.EESSI-Test02-RINA-HOLO-RG": {
                    "type": "azurerm_resource_group",
                    "depends_on": [],
                    "primary": {
                        "id": "/subscriptions/5efd619c-0d6c-4bf6-a31b-d54ffda461c4/resourceGroups/EESSI-Test02-RINA-HOLO-RG",
                        "attributes": {
                            "id": "/subscriptions/5efd619c-0d6c-4bf6-a31b-d54ffda461c4/resourceGroups/EESSI-Test02-RINA-HOLO-RG",
                            "location": "uksouth",
                            "name": "EESSI-Test02-RINA-HOLO-RG",
                            "tags.%": "0"
                        },
                        "meta": {},
                        "tainted": false
                    },
                    "deposed": [],
                    "provider": "provider.azurerm"
                },
                "azurerm_resource_group.EESSI-Test02-RINA-LB-RG": {
                    "type": "azurerm_resource_group",
                    "depends_on": [],
                    "primary": {
                        "id": "/subscriptions/5efd619c-0d6c-4bf6-a31b-d54ffda461c4/resourceGroups/EESSI-Test02-RINA-LB-RG",
                        "attributes": {
                            "id": "/subscriptions/5efd619c-0d6c-4bf6-a31b-d54ffda461c4/resourceGroups/EESSI-Test02-RINA-LB-RG",
                            "location": "uksouth",
                            "name": "EESSI-Test02-RINA-LB-RG",
                            "tags.%": "0"
                        },
                        "meta": {},
                        "tainted": false
                    },
                    "deposed": [],
                    "provider": "provider.azurerm"
                },
                "azurerm_resource_group.EESSI-Test02-RINA-REST-RG": {
                    "type": "azurerm_resource_group",
                    "depends_on": [],
                    "primary": {
                        "id": "/subscriptions/5efd619c-0d6c-4bf6-a31b-d54ffda461c4/resourceGroups/EESSI-Test02-RINA-REST-RG",
                        "attributes": {
                            "id": "/subscriptions/5efd619c-0d6c-4bf6-a31b-d54ffda461c4/resourceGroups/EESSI-Test02-RINA-REST-RG",
                            "location": "uksouth",
                            "name": "EESSI-Test02-RINA-REST-RG",
                            "tags.%": "0"
                        },
                        "meta": {},
                        "tainted": false
                    },
                    "deposed": [],
                    "provider": "provider.azurerm"
                },
                "azurerm_resource_group.EESSI-Test02-RINA-SQL-RG": {
                    "type": "azurerm_resource_group",
                    "depends_on": [],
                    "primary": {
                        "id": "/subscriptions/5efd619c-0d6c-4bf6-a31b-d54ffda461c4/resourceGroups/EESSI-Test02-RINA-SQL-RG",
                        "attributes": {
                            "id": "/subscriptions/5efd619c-0d6c-4bf6-a31b-d54ffda461c4/resourceGroups/EESSI-Test02-RINA-SQL-RG",
                            "location": "uksouth",
                            "name": "EESSI-Test02-RINA-SQL-RG",
                            "tags.%": "0"
                        },
                        "meta": {},
                        "tainted": false
                    },
                    "deposed": [],
                    "provider": "provider.azurerm"
                },
                "azurerm_resource_group.EESSI-Test02-RINA-Shared-RG": {
                    "type": "azurerm_resource_group",
                    "depends_on": [],
                    "primary": {
                        "id": "/subscriptions/5efd619c-0d6c-4bf6-a31b-d54ffda461c4/resourceGroups/EESSI-Test02-RINA-Shared-RG",
                        "attributes": {
                            "id": "/subscriptions/5efd619c-0d6c-4bf6-a31b-d54ffda461c4/resourceGroups/EESSI-Test02-RINA-Shared-RG",
                            "location": "uksouth",
                            "name": "EESSI-Test02-RINA-Shared-RG",
                            "tags.%": "0"
                        },
                        "meta": {},
                        "tainted": false
                    },
                    "deposed": [],
                    "provider": "provider.azurerm"
                },
                "azurerm_resource_group.NetworkWatcherRG": {
                    "type": "azurerm_resource_group",
                    "depends_on": [],
                    "primary": {
                        "id": "/subscriptions/5efd619c-0d6c-4bf6-a31b-d54ffda461c4/resourceGroups/NetworkWatcherRG",
                        "attributes": {
                            "id": "/subscriptions/5efd619c-0d6c-4bf6-a31b-d54ffda461c4/resourceGroups/NetworkWatcherRG",
                            "location": "uksouth",
                            "name": "NetworkWatcherRG",
                            "tags.%": "0"
                        },
                        "meta": {},
                        "tainted": false
                    },
                    "deposed": [],
                    "provider": "provider.azurerm"
                },
                "azurerm_resource_group.RG-Auto": {
                    "type": "azurerm_resource_group",
                    "depends_on": [],
                    "primary": {
                        "id": "/subscriptions/5efd619c-0d6c-4bf6-a31b-d54ffda461c4/resourceGroups/RG-Auto",
                        "attributes": {
                            "id": "/subscriptions/5efd619c-0d6c-4bf6-a31b-d54ffda461c4/resourceGroups/RG-Auto",
                            "location": "uksouth",
                            "name": "RG-Auto",
                            "tags.%": "0"
                        },
                        "meta": {},
                        "tainted": false
                    },
                    "deposed": [],
                    "provider": "provider.azurerm"
                },
                "azurerm_resource_group.RG-OMS": {
                    "type": "azurerm_resource_group",
                    "depends_on": [],
                    "primary": {
                        "id": "/subscriptions/5efd619c-0d6c-4bf6-a31b-d54ffda461c4/resourceGroups/RG-OMS",
                        "attributes": {
                            "id": "/subscriptions/5efd619c-0d6c-4bf6-a31b-d54ffda461c4/resourceGroups/RG-OMS",
                            "location": "uksouth",
                            "name": "RG-OMS",
                            "tags.%": "0"
                        },
                        "meta": {},
                        "tainted": false
                    },
                    "deposed": [],
                    "provider": "provider.azurerm"
                },
                "azurerm_resource_group.RG-Rina2Rina-Playground": {
                    "type": "azurerm_resource_group",
                    "depends_on": [],
                    "primary": {
                        "id": "/subscriptions/5efd619c-0d6c-4bf6-a31b-d54ffda461c4/resourceGroups/RG-Rina2Rina-Playground",
                        "attributes": {
                            "id": "/subscriptions/5efd619c-0d6c-4bf6-a31b-d54ffda461c4/resourceGroups/RG-Rina2Rina-Playground",
                            "location": "uksouth",
                            "name": "RG-Rina2Rina-Playground",
                            "tags.%": "0"
                        },
                        "meta": {},
                        "tainted": false
                    },
                    "deposed": [],
                    "provider": "provider.azurerm"
                },
                "azurerm_resource_group.Testing_Sue": {
                    "type": "azurerm_resource_group",
                    "depends_on": [],
                    "primary": {
                        "id": "/subscriptions/5efd619c-0d6c-4bf6-a31b-d54ffda461c4/resourceGroups/Testing_Sue",
                        "attributes": {
                            "id": "/subscriptions/5efd619c-0d6c-4bf6-a31b-d54ffda461c4/resourceGroups/Testing_Sue",
                            "location": "uksouth",
                            "name": "Testing_Sue",
                            "tags.%": "0"
                        },
                        "meta": {},
                        "tainted": false
                    },
                    "deposed": [],
                    "provider": "provider.azurerm"
                },
                "azurerm_resource_group.bpdts-test-rg": {
                    "type": "azurerm_resource_group",
                    "depends_on": [],
                    "primary": {
                        "id": "/subscriptions/5efd619c-0d6c-4bf6-a31b-d54ffda461c4/resourceGroups/bpdts-test-rg",
                        "attributes": {
                            "id": "/subscriptions/5efd619c-0d6c-4bf6-a31b-d54ffda461c4/resourceGroups/bpdts-test-rg",
                            "location": "uksouth",
                            "name": "bpdts-test-rg",
                            "tags.%": "0"
                        },
                        "meta": {},
                        "tainted": false
                    },
                    "deposed": [],
                    "provider": "provider.azurerm"
                },
                "azurerm_resource_group.bpdts-testrg": {
                    "type": "azurerm_resource_group",
                    "depends_on": [],
                    "primary": {
                        "id": "/subscriptions/5efd619c-0d6c-4bf6-a31b-d54ffda461c4/resourceGroups/bpdts-testrg",
                        "attributes": {
                            "id": "/subscriptions/5efd619c-0d6c-4bf6-a31b-d54ffda461c4/resourceGroups/bpdts-testrg",
                            "location": "uksouth",
                            "name": "bpdts-testrg",
                            "tags.%": "0"
                        },
                        "meta": {},
                        "tainted": false
                    },
                    "deposed": [],
                    "provider": "provider.azurerm"
                },
                "azurerm_subnet.EESSI-Test-Shared-RG__Active-Directory": {
                    "type": "azurerm_subnet",
                    "depends_on": [],
                    "primary": {
                        "id": "/subscriptions/5efd619c-0d6c-4bf6-a31b-d54ffda461c4/resourceGroups/EESSI-Test-Shared-RG/providers/Microsoft.Network/virtualNetworks/EESSI-Test-Shared-vNet/subnets/Active-Directory",
                        "attributes": {
                            "address_prefix": "10.86.4.0/28",
                            "id": "/subscriptions/5efd619c-0d6c-4bf6-a31b-d54ffda461c4/resourceGroups/EESSI-Test-Shared-RG/providers/Microsoft.Network/virtualNetworks/EESSI-Test-Shared-vNet/subnets/Active-Directory",
                            "ip_configurations.#": "2",
                            "ip_configurations.2597095645": "/subscriptions/5efd619c-0d6c-4bf6-a31b-d54ffda461c4/resourceGroups/EESSI-Test-Shared-AD-RG/providers/Microsoft.Network/networkInterfaces/aztst01-dc02417/ipConfigurations/ipconfig1",
                            "ip_configurations.818328376": "/subscriptions/5efd619c-0d6c-4bf6-a31b-d54ffda461c4/resourceGroups/EESSI-Test-Shared-AD-RG/providers/Microsoft.Network/networkInterfaces/aztst01-dc01240/ipConfigurations/ipconfig1",
                            "name": "Active-Directory",
                            "resource_group_name": "EESSI-Test-Shared-RG",
                            "service_endpoints.#": "0",
                            "virtual_network_name": "EESSI-Test-Shared-vNet"
                        },
                        "meta": {},
                        "tainted": false
                    },
                    "deposed": [],
                    "provider": "provider.azurerm"
                },
                "azurerm_subnet.EESSI-Test-Shared-RG__Backup": {
                    "type": "azurerm_subnet",
                    "depends_on": [],
                    "primary": {
                        "id": "/subscriptions/5efd619c-0d6c-4bf6-a31b-d54ffda461c4/resourceGroups/EESSI-Test-Shared-RG/providers/Microsoft.Network/virtualNetworks/EESSI-Test-Shared-vNet/subnets/Backup",
                        "attributes": {
                            "address_prefix": "10.86.4.16/28",
                            "id": "/subscriptions/5efd619c-0d6c-4bf6-a31b-d54ffda461c4/resourceGroups/EESSI-Test-Shared-RG/providers/Microsoft.Network/virtualNetworks/EESSI-Test-Shared-vNet/subnets/Backup",
                            "ip_configurations.#": "1",
                            "ip_configurations.2454047239": "/subscriptions/5efd619c-0d6c-4bf6-a31b-d54ffda461c4/resourceGroups/EESSI-Test-Shared-BKP-RG/providers/Microsoft.Network/networkInterfaces/aztst01-bkp01134/ipConfigurations/ipconfig1",
                            "name": "Backup",
                            "resource_group_name": "EESSI-Test-Shared-RG",
                            "service_endpoints.#": "0",
                            "virtual_network_name": "EESSI-Test-Shared-vNet"
                        },
                        "meta": {},
                        "tainted": false
                    },
                    "deposed": [],
                    "provider": "provider.azurerm"
                },
                "azurerm_subnet.EESSI-Test-Shared-RG__WSUS": {
                    "type": "azurerm_subnet",
                    "depends_on": [],
                    "primary": {
                        "id": "/subscriptions/5efd619c-0d6c-4bf6-a31b-d54ffda461c4/resourceGroups/EESSI-Test-Shared-RG/providers/Microsoft.Network/virtualNetworks/EESSI-Test-Shared-vNet/subnets/WSUS",
                        "attributes": {
                            "address_prefix": "10.86.4.32/28",
                            "id": "/subscriptions/5efd619c-0d6c-4bf6-a31b-d54ffda461c4/resourceGroups/EESSI-Test-Shared-RG/providers/Microsoft.Network/virtualNetworks/EESSI-Test-Shared-vNet/subnets/WSUS",
                            "ip_configurations.#": "1",
                            "ip_configurations.1440593468": "/subscriptions/5efd619c-0d6c-4bf6-a31b-d54ffda461c4/resourceGroups/EESSI-Test-Shared-WSUS-RG/providers/Microsoft.Network/networkInterfaces/aztst01-wsus01648/ipConfigurations/ipconfig1",
                            "name": "WSUS",
                            "resource_group_name": "EESSI-Test-Shared-RG",
                            "service_endpoints.#": "0",
                            "virtual_network_name": "EESSI-Test-Shared-vNet"
                        },
                        "meta": {},
                        "tainted": false
                    },
                    "deposed": [],
                    "provider": "provider.azurerm"
                },
                "azurerm_subnet.EESSI-Test-Transit-RG__CSR1-Outside": {
                    "type": "azurerm_subnet",
                    "depends_on": [],
                    "primary": {
                        "id": "/subscriptions/5efd619c-0d6c-4bf6-a31b-d54ffda461c4/resourceGroups/EESSI-Test-Transit-RG/providers/Microsoft.Network/virtualNetworks/EESSI-Test-Transit-vNet/subnets/CSR1-Outside",
                        "attributes": {
                            "address_prefix": "10.80.22.32/28",
                            "id": "/subscriptions/5efd619c-0d6c-4bf6-a31b-d54ffda461c4/resourceGroups/EESSI-Test-Transit-RG/providers/Microsoft.Network/virtualNetworks/EESSI-Test-Transit-vNet/subnets/CSR1-Outside",
                            "ip_configurations.#": "3",
                            "ip_configurations.1279876916": "/subscriptions/5efd619c-0d6c-4bf6-a31b-d54ffda461c4/resourceGroups/EESSI-Test-Cisco02-RG/providers/Microsoft.Network/networkInterfaces/AZUTSTRTR2-Nic3/ipConfigurations/ipconfig1",
                            "ip_configurations.3865524784": "/subscriptions/5efd619c-0d6c-4bf6-a31b-d54ffda461c4/resourceGroups/EESSI-Test-Cisco01-RG/providers/Microsoft.Network/networkInterfaces/AZUTSTRTR1-Nic1/ipConfigurations/ipconfig1",
                            "ip_configurations.797311860": "/subscriptions/5efd619c-0d6c-4bf6-a31b-d54ffda461c4/resourceGroups/EESSI-Test-Cisco01-RG/providers/Microsoft.Network/networkInterfaces/AZUTSTRTR1-Nic1/ipConfigurations/RTR1-FVRF-SEC",
                            "name": "CSR1-Outside",
                            "resource_group_name": "EESSI-Test-Transit-RG",
                            "route_table_id": "/subscriptions/5efd619c-0d6c-4bf6-a31b-d54ffda461c4/resourceGroups/EESSI-Test-Transit-RG/providers/Microsoft.Network/routeTables/CSR1-Outside-CSR-RouteTable",
                            "service_endpoints.#": "0",
                            "virtual_network_name": "EESSI-Test-Transit-vNet"
                        },
                        "meta": {},
                        "tainted": false
                    },
                    "deposed": [],
                    "provider": "provider.azurerm"
                },
                "azurerm_subnet.EESSI-Test-Transit-RG__CSR2-Outside": {
                    "type": "azurerm_subnet",
                    "depends_on": [],
                    "primary": {
                        "id": "/subscriptions/5efd619c-0d6c-4bf6-a31b-d54ffda461c4/resourceGroups/EESSI-Test-Transit-RG/providers/Microsoft.Network/virtualNetworks/EESSI-Test-Transit-vNet/subnets/CSR2-Outside",
                        "attributes": {
                            "address_prefix": "10.80.22.48/28",
                            "id": "/subscriptions/5efd619c-0d6c-4bf6-a31b-d54ffda461c4/resourceGroups/EESSI-Test-Transit-RG/providers/Microsoft.Network/virtualNetworks/EESSI-Test-Transit-vNet/subnets/CSR2-Outside",
                            "ip_configurations.#": "2",
                            "ip_configurations.1327670542": "/subscriptions/5efd619c-0d6c-4bf6-a31b-d54ffda461c4/resourceGroups/EESSI-Test-Cisco02-RG/providers/Microsoft.Network/networkInterfaces/AZUTSTRTR2-Nic1/ipConfigurations/ipconfig1",
                            "ip_configurations.3900912016": "/subscriptions/5efd619c-0d6c-4bf6-a31b-d54ffda461c4/resourceGroups/EESSI-Test-Cisco02-RG/providers/Microsoft.Network/networkInterfaces/AZUTSTRTR2-Nic1/ipConfigurations/RTR2-G2-SEC",
                            "name": "CSR2-Outside",
                            "resource_group_name": "EESSI-Test-Transit-RG",
                            "route_table_id": "/subscriptions/5efd619c-0d6c-4bf6-a31b-d54ffda461c4/resourceGroups/EESSI-Test-Transit-RG/providers/Microsoft.Network/routeTables/CSR2-Outside-CSR-RouteTable",
                            "service_endpoints.#": "0",
                            "virtual_network_name": "EESSI-Test-Transit-vNet"
                        },
                        "meta": {},
                        "tainted": false
                    },
                    "deposed": [],
                    "provider": "provider.azurerm"
                },
                "azurerm_subnet.EESSI-Test-Transit-RG__GatewaySubnet": {
                    "type": "azurerm_subnet",
                    "depends_on": [],
                    "primary": {
                        "id": "/subscriptions/5efd619c-0d6c-4bf6-a31b-d54ffda461c4/resourceGroups/EESSI-Test-Transit-RG/providers/Microsoft.Network/virtualNetworks/EESSI-Test-Transit-vNet/subnets/GatewaySubnet",
                        "attributes": {
                            "address_prefix": "10.80.22.0/27",
                            "id": "/subscriptions/5efd619c-0d6c-4bf6-a31b-d54ffda461c4/resourceGroups/EESSI-Test-Transit-RG/providers/Microsoft.Network/virtualNetworks/EESSI-Test-Transit-vNet/subnets/GatewaySubnet",
                            "ip_configurations.#": "1",
                            "ip_configurations.857333896": "/subscriptions/5efd619c-0d6c-4bf6-a31b-d54ffda461c4/resourceGroups/EESSI-Test-Transit-RG/providers/Microsoft.Network/virtualNetworkGateways/EESSI-Test-Transit-ERGW/ipConfigurations/default",
                            "name": "GatewaySubnet",
                            "resource_group_name": "EESSI-Test-Transit-RG",
                            "route_table_id": "/subscriptions/5efd619c-0d6c-4bf6-a31b-d54ffda461c4/resourceGroups/EESSI-Test-Transit-RG/providers/Microsoft.Network/routeTables/GatewaySubnet-CSR-RouteTable",
                            "service_endpoints.#": "0",
                            "virtual_network_name": "EESSI-Test-Transit-vNet"
                        },
                        "meta": {},
                        "tainted": false
                    },
                    "deposed": [],
                    "provider": "provider.azurerm"
                },
                "azurerm_subnet.EESSI-Test-Transit-RG__Inside": {
                    "type": "azurerm_subnet",
                    "depends_on": [],
                    "primary": {
                        "id": "/subscriptions/5efd619c-0d6c-4bf6-a31b-d54ffda461c4/resourceGroups/EESSI-Test-Transit-RG/providers/Microsoft.Network/virtualNetworks/EESSI-Test-Transit-vNet/subnets/Inside",
                        "attributes": {
                            "address_prefix": "10.80.22.64/28",
                            "id": "/subscriptions/5efd619c-0d6c-4bf6-a31b-d54ffda461c4/resourceGroups/EESSI-Test-Transit-RG/providers/Microsoft.Network/virtualNetworks/EESSI-Test-Transit-vNet/subnets/Inside",
                            "ip_configurations.#": "2",
                            "ip_configurations.1308402217": "/subscriptions/5efd619c-0d6c-4bf6-a31b-d54ffda461c4/resourceGroups/EESSI-Test-Cisco02-RG/providers/Microsoft.Network/networkInterfaces/AZUTSTRTR2-Nic2/ipConfigurations/ipconfig1",
                            "ip_configurations.3837345047": "/subscriptions/5efd619c-0d6c-4bf6-a31b-d54ffda461c4/resourceGroups/EESSI-Test-Cisco01-RG/providers/Microsoft.Network/networkInterfaces/AZUTSTRTR1-Nic2/ipConfigurations/ipconfig1",
                            "name": "Inside",
                            "resource_group_name": "EESSI-Test-Transit-RG",
                            "route_table_id": "/subscriptions/5efd619c-0d6c-4bf6-a31b-d54ffda461c4/resourceGroups/EESSI-Test-Transit-RG/providers/Microsoft.Network/routeTables/Inside-CSR-RouteTable",
                            "service_endpoints.#": "0",
                            "virtual_network_name": "EESSI-Test-Transit-vNet"
                        },
                        "meta": {},
                        "tainted": false
                    },
                    "deposed": [],
                    "provider": "provider.azurerm"
                },
                "azurerm_subnet.EESSI-Test-Transit-RG__Management": {
                    "type": "azurerm_subnet",
                    "depends_on": [],
                    "primary": {
                        "id": "/subscriptions/5efd619c-0d6c-4bf6-a31b-d54ffda461c4/resourceGroups/EESSI-Test-Transit-RG/providers/Microsoft.Network/virtualNetworks/EESSI-Test-Transit-vNet/subnets/Management",
                        "attributes": {
                            "address_prefix": "10.80.22.224/27",
                            "id": "/subscriptions/5efd619c-0d6c-4bf6-a31b-d54ffda461c4/resourceGroups/EESSI-Test-Transit-RG/providers/Microsoft.Network/virtualNetworks/EESSI-Test-Transit-vNet/subnets/Management",
                            "ip_configurations.#": "2",
                            "ip_configurations.1318541331": "/subscriptions/5efd619c-0d6c-4bf6-a31b-d54ffda461c4/resourceGroups/EESSI-Test-Cisco02-RG/providers/Microsoft.Network/networkInterfaces/AZUTSTRTR2-Nic0/ipConfigurations/ipconfig1",
                            "ip_configurations.3889350445": "/subscriptions/5efd619c-0d6c-4bf6-a31b-d54ffda461c4/resourceGroups/EESSI-Test-Cisco01-RG/providers/Microsoft.Network/networkInterfaces/AZUTSTRTR1-Nic0/ipConfigurations/ipconfig1",
                            "name": "Management",
                            "resource_group_name": "EESSI-Test-Transit-RG",
                            "route_table_id": "/subscriptions/5efd619c-0d6c-4bf6-a31b-d54ffda461c4/resourceGroups/EESSI-Test-Transit-RG/providers/Microsoft.Network/routeTables/Management-CSR-RouteTable",
                            "service_endpoints.#": "0",
                            "virtual_network_name": "EESSI-Test-Transit-vNet"
                        },
                        "meta": {},
                        "tainted": false
                    },
                    "deposed": [],
                    "provider": "provider.azurerm"
                },
                "azurerm_subnet.EESSI-Test-Transit-RG__Proxy": {
                    "type": "azurerm_subnet",
                    "depends_on": [],
                    "primary": {
                        "id": "/subscriptions/5efd619c-0d6c-4bf6-a31b-d54ffda461c4/resourceGroups/EESSI-Test-Transit-RG/providers/Microsoft.Network/virtualNetworks/EESSI-Test-Transit-vNet/subnets/Proxy",
                        "attributes": {
                            "address_prefix": "10.80.22.80/28",
                            "id": "/subscriptions/5efd619c-0d6c-4bf6-a31b-d54ffda461c4/resourceGroups/EESSI-Test-Transit-RG/providers/Microsoft.Network/virtualNetworks/EESSI-Test-Transit-vNet/subnets/Proxy",
                            "ip_configurations.#": "3",
                            "ip_configurations.1813257681": "/subscriptions/5efd619c-0d6c-4bf6-a31b-d54ffda461c4/resourceGroups/EESSI-Test-Transit-RG/providers/Microsoft.Network/networkInterfaces/aztst01-proxy01799/ipConfigurations/ipconfig1",
                            "ip_configurations.3107718287": "/subscriptions/5efd619c-0d6c-4bf6-a31b-d54ffda461c4/resourceGroups/EESSI-Test-Transit-RG/providers/Microsoft.Network/networkInterfaces/aztst-proxy01688/ipConfigurations/ipconfig1",
                            "ip_configurations.3842818058": "/subscriptions/5efd619c-0d6c-4bf6-a31b-d54ffda461c4/resourceGroups/EESSI-Test-Cisco01-RG/providers/Microsoft.Network/networkInterfaces/AZUTSTRTR1-Nic3/ipConfigurations/ipconfig1",
                            "name": "Proxy",
                            "resource_group_name": "EESSI-Test-Transit-RG",
                            "service_endpoints.#": "0",
                            "virtual_network_name": "EESSI-Test-Transit-vNet"
                        },
                        "meta": {},
                        "tainted": false
                    },
                    "deposed": [],
                    "provider": "provider.azurerm"
                },
                "azurerm_subnet.EESSI-Test01-AP-Shared-RG__Application": {
                    "type": "azurerm_subnet",
                    "depends_on": [],
                    "primary": {
                        "id": "/subscriptions/5efd619c-0d6c-4bf6-a31b-d54ffda461c4/resourceGroups/EESSI-Test01-AP-Shared-RG/providers/Microsoft.Network/virtualNetworks/EESSI-Test01-AP-vNet/subnets/Application",
                        "attributes": {
                            "address_prefix": "10.86.1.0/28",
                            "id": "/subscriptions/5efd619c-0d6c-4bf6-a31b-d54ffda461c4/resourceGroups/EESSI-Test01-AP-Shared-RG/providers/Microsoft.Network/virtualNetworks/EESSI-Test01-AP-vNet/subnets/Application",
                            "ip_configurations.#": "4",
                            "ip_configurations.1623105769": "/subscriptions/5efd619c-0d6c-4bf6-a31b-d54ffda461c4/resourceGroups/bpdts-testrg/providers/Microsoft.Network/networkInterfaces/bpdts-testsql740/ipConfigurations/ipconfig1",
                            "ip_configurations.1972357094": "/subscriptions/5efd619c-0d6c-4bf6-a31b-d54ffda461c4/resourceGroups/EESSI-Test01-AP-Biz-RG/providers/Microsoft.Network/networkInterfaces/aztst01-apbiz02396/ipConfigurations/ipconfig1",
                            "ip_configurations.3650698954": "/subscriptions/5efd619c-0d6c-4bf6-a31b-d54ffda461c4/resourceGroups/bpdts-testrg/providers/Microsoft.Network/networkInterfaces/bpdts-test140/ipConfigurations/ipconfig1",
                            "ip_configurations.611855786": "/subscriptions/5efd619c-0d6c-4bf6-a31b-d54ffda461c4/resourceGroups/EESSI-Test01-AP-Biz-RG/providers/Microsoft.Network/networkInterfaces/aztst01-apbiz01877/ipConfigurations/ipconfig1",
                            "name": "Application",
                            "resource_group_name": "EESSI-Test01-AP-Shared-RG",
                            "route_table_id": "/subscriptions/5efd619c-0d6c-4bf6-a31b-d54ffda461c4/resourceGroups/EESSI-Test01-AP-Shared-RG/providers/Microsoft.Network/routeTables/Test01-AP-to-CSR",
                            "service_endpoints.#": "0",
                            "virtual_network_name": "EESSI-Test01-AP-vNet"
                        },
                        "meta": {},
                        "tainted": false
                    },
                    "deposed": [],
                    "provider": "provider.azurerm"
                },
                "azurerm_subnet.EESSI-Test01-AP-Shared-RG__Database": {
                    "type": "azurerm_subnet",
                    "depends_on": [],
                    "primary": {
                        "id": "/subscriptions/5efd619c-0d6c-4bf6-a31b-d54ffda461c4/resourceGroups/EESSI-Test01-AP-Shared-RG/providers/Microsoft.Network/virtualNetworks/EESSI-Test01-AP-vNet/subnets/Database",
                        "attributes": {
                            "address_prefix": "10.86.1.32/27",
                            "id": "/subscriptions/5efd619c-0d6c-4bf6-a31b-d54ffda461c4/resourceGroups/EESSI-Test01-AP-Shared-RG/providers/Microsoft.Network/virtualNetworks/EESSI-Test01-AP-vNet/subnets/Database",
                            "ip_configurations.#": "1",
                            "ip_configurations.3285259942": "/subscriptions/5efd619c-0d6c-4bf6-a31b-d54ffda461c4/resourceGroups/EESSI-Test01-AP-SQL-RG/providers/Microsoft.Network/networkInterfaces/aztst01-apsql01126/ipConfigurations/ipconfig1",
                            "name": "Database",
                            "resource_group_name": "EESSI-Test01-AP-Shared-RG",
                            "service_endpoints.#": "0",
                            "virtual_network_name": "EESSI-Test01-AP-vNet"
                        },
                        "meta": {},
                        "tainted": false
                    },
                    "deposed": [],
                    "provider": "provider.azurerm"
                },
                "azurerm_subnet.EESSI-Test01-AP-Shared-RG__File-Servers": {
                    "type": "azurerm_subnet",
                    "depends_on": [],
                    "primary": {
                        "id": "/subscriptions/5efd619c-0d6c-4bf6-a31b-d54ffda461c4/resourceGroups/EESSI-Test01-AP-Shared-RG/providers/Microsoft.Network/virtualNetworks/EESSI-Test01-AP-vNet/subnets/File-Servers",
                        "attributes": {
                            "address_prefix": "10.86.1.64/28",
                            "id": "/subscriptions/5efd619c-0d6c-4bf6-a31b-d54ffda461c4/resourceGroups/EESSI-Test01-AP-Shared-RG/providers/Microsoft.Network/virtualNetworks/EESSI-Test01-AP-vNet/subnets/File-Servers",
                            "ip_configurations.#": "3",
                            "ip_configurations.1868955499": "/subscriptions/5efd619c-0d6c-4bf6-a31b-d54ffda461c4/resourceGroups/EESSI-Test01-AP-FS-RG/providers/Microsoft.Network/networkInterfaces/aztst01-apfs02641/ipConfigurations/ipconfig1",
                            "ip_configurations.370522239": "/subscriptions/5efd619c-0d6c-4bf6-a31b-d54ffda461c4/resourceGroups/EESSI-Test01-AP-FS-RG/providers/Microsoft.Network/loadBalancers/EESSI-Test01-AP-FS-ILB/frontendIPConfigurations/LoadBalancerFrontEnd",
                            "ip_configurations.706225779": "/subscriptions/5efd619c-0d6c-4bf6-a31b-d54ffda461c4/resourceGroups/EESSI-Test01-AP-FS-RG/providers/Microsoft.Network/networkInterfaces/aztst01-apfs01272/ipConfigurations/ipconfig1",
                            "name": "File-Servers",
                            "resource_group_name": "EESSI-Test01-AP-Shared-RG",
                            "service_endpoints.#": "1",
                            "service_endpoints.0": "Microsoft.Storage",
                            "virtual_network_name": "EESSI-Test01-AP-vNet"
                        },
                        "meta": {},
                        "tainted": false
                    },
                    "deposed": [],
                    "provider": "provider.azurerm"
                },
                "azurerm_subnet.EESSI-Test01-RINA-Shared-RG__Application": {
                    "type": "azurerm_subnet",
                    "depends_on": [],
                    "primary": {
                        "id": "/subscriptions/5efd619c-0d6c-4bf6-a31b-d54ffda461c4/resourceGroups/EESSI-Test01-RINA-Shared-RG/providers/Microsoft.Network/virtualNetworks/EESSI-Test01-RINA-vNet/subnets/Application",
                        "attributes": {
                            "address_prefix": "10.86.2.0/28",
                            "id": "/subscriptions/5efd619c-0d6c-4bf6-a31b-d54ffda461c4/resourceGroups/EESSI-Test01-RINA-Shared-RG/providers/Microsoft.Network/virtualNetworks/EESSI-Test01-RINA-vNet/subnets/Application",
                            "ip_configurations.#": "4",
                            "ip_configurations.2411949842": "/subscriptions/5efd619c-0d6c-4bf6-a31b-d54ffda461c4/resourceGroups/EESSI-TEST01-RINA-LB-RG/providers/Microsoft.Network/networkInterfaces/aztst01-rilb02815/ipConfigurations/ipconfig1",
                            "ip_configurations.2633283525": "/subscriptions/5efd619c-0d6c-4bf6-a31b-d54ffda461c4/resourceGroups/EESSI-Test01-RINA-App-RG/providers/Microsoft.Network/networkInterfaces/aztst01-rilb02981/ipConfigurations/ipconfig1",
                            "ip_configurations.3205874755": "/subscriptions/5efd619c-0d6c-4bf6-a31b-d54ffda461c4/resourceGroups/EESSI-Test01-RINA-App-RG/providers/Microsoft.Network/networkInterfaces/aztst01-rilb01133/ipConfigurations/ipconfig1",
                            "ip_configurations.499687946": "/subscriptions/5efd619c-0d6c-4bf6-a31b-d54ffda461c4/resourceGroups/EESSI-Test01-RINA-App-RG/providers/Microsoft.Network/networkInterfaces/aztst01-riapp01846/ipConfigurations/ipconfig1",
                            "name": "Application",
                            "resource_group_name": "EESSI-Test01-RINA-Shared-RG",
                            "service_endpoints.#": "0",
                            "virtual_network_name": "EESSI-Test01-RINA-vNet"
                        },
                        "meta": {},
                        "tainted": false
                    },
                    "deposed": [],
                    "provider": "provider.azurerm"
                },
                "azurerm_subnet.EESSI-Test01-RINA-Shared-RG__Bonita": {
                    "type": "azurerm_subnet",
                    "depends_on": [],
                    "primary": {
                        "id": "/subscriptions/5efd619c-0d6c-4bf6-a31b-d54ffda461c4/resourceGroups/EESSI-Test01-RINA-Shared-RG/providers/Microsoft.Network/virtualNetworks/EESSI-Test01-RINA-vNet/subnets/Bonita",
                        "attributes": {
                            "address_prefix": "10.86.2.32/28",
                            "id": "/subscriptions/5efd619c-0d6c-4bf6-a31b-d54ffda461c4/resourceGroups/EESSI-Test01-RINA-Shared-RG/providers/Microsoft.Network/virtualNetworks/EESSI-Test01-RINA-vNet/subnets/Bonita",
                            "ip_configurations.#": "2",
                            "ip_configurations.1423369897": "/subscriptions/5efd619c-0d6c-4bf6-a31b-d54ffda461c4/resourceGroups/EESSI-TEST01-RINA-BPM-RG/providers/Microsoft.Network/networkInterfaces/aztst01-ribon02931/ipConfigurations/ipconfig1",
                            "ip_configurations.3265474590": "/subscriptions/5efd619c-0d6c-4bf6-a31b-d54ffda461c4/resourceGroups/EESSI-TEST01-RINA-BPM-RG/providers/Microsoft.Network/networkInterfaces/aztst01-ribon01761/ipConfigurations/ipconfig1",
                            "name": "Bonita",
                            "resource_group_name": "EESSI-Test01-RINA-Shared-RG",
                            "service_endpoints.#": "0",
                            "virtual_network_name": "EESSI-Test01-RINA-vNet"
                        },
                        "meta": {},
                        "tainted": false
                    },
                    "deposed": [],
                    "provider": "provider.azurerm"
                },
                "azurerm_subnet.EESSI-Test01-RINA-Shared-RG__Elastic-Search": {
                    "type": "azurerm_subnet",
                    "depends_on": [],
                    "primary": {
                        "id": "/subscriptions/5efd619c-0d6c-4bf6-a31b-d54ffda461c4/resourceGroups/EESSI-Test01-RINA-Shared-RG/providers/Microsoft.Network/virtualNetworks/EESSI-Test01-RINA-vNet/subnets/Elastic-Search",
                        "attributes": {
                            "address_prefix": "10.86.2.80/28",
                            "id": "/subscriptions/5efd619c-0d6c-4bf6-a31b-d54ffda461c4/resourceGroups/EESSI-Test01-RINA-Shared-RG/providers/Microsoft.Network/virtualNetworks/EESSI-Test01-RINA-vNet/subnets/Elastic-Search",
                            "ip_configurations.#": "2",
                            "ip_configurations.1524113218": "/subscriptions/5efd619c-0d6c-4bf6-a31b-d54ffda461c4/resourceGroups/EESSI-TEST01-RINA-ELAST-RG/providers/Microsoft.Network/networkInterfaces/aztst01-ries01930/ipConfigurations/ipconfig1",
                            "ip_configurations.658680230": "/subscriptions/5efd619c-0d6c-4bf6-a31b-d54ffda461c4/resourceGroups/EESSI-TEST01-RINA-ELAST-RG/providers/Microsoft.Network/networkInterfaces/aztst01-ries02876/ipConfigurations/ipconfig1",
                            "name": "Elastic-Search",
                            "resource_group_name": "EESSI-Test01-RINA-Shared-RG",
                            "service_endpoints.#": "0",
                            "virtual_network_name": "EESSI-Test01-RINA-vNet"
                        },
                        "meta": {},
                        "tainted": false
                    },
                    "deposed": [],
                    "provider": "provider.azurerm"
                },
                "azurerm_subnet.EESSI-Test01-RINA-Shared-RG__File-Servers": {
                    "type": "azurerm_subnet",
                    "depends_on": [],
                    "primary": {
                        "id": "/subscriptions/5efd619c-0d6c-4bf6-a31b-d54ffda461c4/resourceGroups/EESSI-Test01-RINA-Shared-RG/providers/Microsoft.Network/virtualNetworks/EESSI-Test01-RINA-vNet/subnets/File-Servers",
                        "attributes": {
                            "address_prefix": "10.86.2.96/28",
                            "id": "/subscriptions/5efd619c-0d6c-4bf6-a31b-d54ffda461c4/resourceGroups/EESSI-Test01-RINA-Shared-RG/providers/Microsoft.Network/virtualNetworks/EESSI-Test01-RINA-vNet/subnets/File-Servers",
                            "ip_configurations.#": "3",
                            "ip_configurations.2640939885": "/subscriptions/5efd619c-0d6c-4bf6-a31b-d54ffda461c4/resourceGroups/EESSI-TEST01-RINA-FSHARE-RG/providers/Microsoft.Network/loadBalancers/EESSI-Test01-RINA-FS-ILB/frontendIPConfigurations/LoadBalancerFrontEnd",
                            "ip_configurations.4147451396": "/subscriptions/5efd619c-0d6c-4bf6-a31b-d54ffda461c4/resourceGroups/EESSI-TEST01-RINA-FSHARE-RG/providers/Microsoft.Network/networkInterfaces/aztst01-rifs02999/ipConfigurations/ipconfig1",
                            "ip_configurations.423809952": "/subscriptions/5efd619c-0d6c-4bf6-a31b-d54ffda461c4/resourceGroups/EESSI-TEST01-RINA-FSHARE-RG/providers/Microsoft.Network/networkInterfaces/aztst01-rifs0162/ipConfigurations/ipconfig1",
                            "name": "File-Servers",
                            "resource_group_name": "EESSI-Test01-RINA-Shared-RG",
                            "service_endpoints.#": "1",
                            "service_endpoints.0": "Microsoft.Storage",
                            "virtual_network_name": "EESSI-Test01-RINA-vNet"
                        },
                        "meta": {},
                        "tainted": false
                    },
                    "deposed": [],
                    "provider": "provider.azurerm"
                },
                "azurerm_subnet.EESSI-Test01-RINA-Shared-RG__Holodeck": {
                    "type": "azurerm_subnet",
                    "depends_on": [],
                    "primary": {
                        "id": "/subscriptions/5efd619c-0d6c-4bf6-a31b-d54ffda461c4/resourceGroups/EESSI-Test01-RINA-Shared-RG/providers/Microsoft.Network/virtualNetworks/EESSI-Test01-RINA-vNet/subnets/Holodeck",
                        "attributes": {
                            "address_prefix": "10.86.2.48/28",
                            "id": "/subscriptions/5efd619c-0d6c-4bf6-a31b-d54ffda461c4/resourceGroups/EESSI-Test01-RINA-Shared-RG/providers/Microsoft.Network/virtualNetworks/EESSI-Test01-RINA-vNet/subnets/Holodeck",
                            "ip_configurations.#": "2",
                            "ip_configurations.3356350731": "/subscriptions/5efd619c-0d6c-4bf6-a31b-d54ffda461c4/resourceGroups/EESSI-TEST01-RINA-HDK-RG/providers/Microsoft.Network/networkInterfaces/aztst01-rihol01468/ipConfigurations/ipconfig1",
                            "ip_configurations.969251267": "/subscriptions/5efd619c-0d6c-4bf6-a31b-d54ffda461c4/resourceGroups/EESSI-TEST01-RINA-HDK-RG/providers/Microsoft.Network/networkInterfaces/aztst01-rihol02394/ipConfigurations/ipconfig1",
                            "name": "Holodeck",
                            "resource_group_name": "EESSI-Test01-RINA-Shared-RG",
                            "service_endpoints.#": "0",
                            "virtual_network_name": "EESSI-Test01-RINA-vNet"
                        },
                        "meta": {},
                        "tainted": false
                    },
                    "deposed": [],
                    "provider": "provider.azurerm"
                },
                "azurerm_subnet.EESSI-Test01-RINA-Shared-RG__PostgreSQL": {
                    "type": "azurerm_subnet",
                    "depends_on": [],
                    "primary": {
                        "id": "/subscriptions/5efd619c-0d6c-4bf6-a31b-d54ffda461c4/resourceGroups/EESSI-Test01-RINA-Shared-RG/providers/Microsoft.Network/virtualNetworks/EESSI-Test01-RINA-vNet/subnets/PostgreSQL",
                        "attributes": {
                            "address_prefix": "10.86.2.64/28",
                            "id": "/subscriptions/5efd619c-0d6c-4bf6-a31b-d54ffda461c4/resourceGroups/EESSI-Test01-RINA-Shared-RG/providers/Microsoft.Network/virtualNetworks/EESSI-Test01-RINA-vNet/subnets/PostgreSQL",
                            "ip_configurations.#": "2",
                            "ip_configurations.2537106587": "/subscriptions/5efd619c-0d6c-4bf6-a31b-d54ffda461c4/resourceGroups/EESSI-TEST01-RINA-POSTGRE-RG/providers/Microsoft.Network/networkInterfaces/aztst01-risql02497/ipConfigurations/ipconfig1",
                            "ip_configurations.710713783": "/subscriptions/5efd619c-0d6c-4bf6-a31b-d54ffda461c4/resourceGroups/EESSI-TEST01-RINA-POSTGRE-RG/providers/Microsoft.Network/networkInterfaces/aztst01-risql01962/ipConfigurations/ipconfig1",
                            "name": "PostgreSQL",
                            "resource_group_name": "EESSI-Test01-RINA-Shared-RG",
                            "service_endpoints.#": "0",
                            "virtual_network_name": "EESSI-Test01-RINA-vNet"
                        },
                        "meta": {},
                        "tainted": false
                    },
                    "deposed": [],
                    "provider": "provider.azurerm"
                },
                "azurerm_subnet.EESSI-Test01-RINA-Shared-RG__REST": {
                    "type": "azurerm_subnet",
                    "depends_on": [],
                    "primary": {
                        "id": "/subscriptions/5efd619c-0d6c-4bf6-a31b-d54ffda461c4/resourceGroups/EESSI-Test01-RINA-Shared-RG/providers/Microsoft.Network/virtualNetworks/EESSI-Test01-RINA-vNet/subnets/REST",
                        "attributes": {
                            "address_prefix": "10.86.2.16/28",
                            "id": "/subscriptions/5efd619c-0d6c-4bf6-a31b-d54ffda461c4/resourceGroups/EESSI-Test01-RINA-Shared-RG/providers/Microsoft.Network/virtualNetworks/EESSI-Test01-RINA-vNet/subnets/REST",
                            "ip_configurations.#": "2",
                            "ip_configurations.1598178424": "/subscriptions/5efd619c-0d6c-4bf6-a31b-d54ffda461c4/resourceGroups/EESSI-TEST01-RINA-REST-RG/providers/Microsoft.Network/networkInterfaces/aztst01-ritom01671/ipConfigurations/ipconfig1",
                            "ip_configurations.2306886366": "/subscriptions/5efd619c-0d6c-4bf6-a31b-d54ffda461c4/resourceGroups/EESSI-TEST01-RINA-REST-RG/providers/Microsoft.Network/networkInterfaces/aztst01-ritom02221/ipConfigurations/ipconfig1",
                            "name": "REST",
                            "resource_group_name": "EESSI-Test01-RINA-Shared-RG",
                            "service_endpoints.#": "0",
                            "virtual_network_name": "EESSI-Test01-RINA-vNet"
                        },
                        "meta": {},
                        "tainted": false
                    },
                    "deposed": [],
                    "provider": "provider.azurerm"
                },
                "azurerm_subnet.EESSI-Test02-AP-Biz-RG__default": {
                    "type": "azurerm_subnet",
                    "depends_on": [],
                    "primary": {
                        "id": "/subscriptions/5efd619c-0d6c-4bf6-a31b-d54ffda461c4/resourceGroups/EESSI-Test02-AP-Biz-RG/providers/Microsoft.Network/virtualNetworks/EESSI-Test02-AP-Biz-RG-vnet/subnets/default",
                        "attributes": {
                            "address_prefix": "10.0.0.0/24",
                            "id": "/subscriptions/5efd619c-0d6c-4bf6-a31b-d54ffda461c4/resourceGroups/EESSI-Test02-AP-Biz-RG/providers/Microsoft.Network/virtualNetworks/EESSI-Test02-AP-Biz-RG-vnet/subnets/default",
                            "ip_configurations.#": "0",
                            "name": "default",
                            "resource_group_name": "EESSI-Test02-AP-Biz-RG",
                            "service_endpoints.#": "0",
                            "virtual_network_name": "EESSI-Test02-AP-Biz-RG-vnet"
                        },
                        "meta": {},
                        "tainted": false
                    },
                    "deposed": [],
                    "provider": "provider.azurerm"
                },
                "azurerm_subnet.EESSI-Test02-AP-Shared-RG__Application": {
                    "type": "azurerm_subnet",
                    "depends_on": [],
                    "primary": {
                        "id": "/subscriptions/5efd619c-0d6c-4bf6-a31b-d54ffda461c4/resourceGroups/EESSI-Test02-AP-Shared-RG/providers/Microsoft.Network/virtualNetworks/EESSI-Test02-AP-vNet/subnets/Application",
                        "attributes": {
                            "address_prefix": "10.86.13.0/28",
                            "id": "/subscriptions/5efd619c-0d6c-4bf6-a31b-d54ffda461c4/resourceGroups/EESSI-Test02-AP-Shared-RG/providers/Microsoft.Network/virtualNetworks/EESSI-Test02-AP-vNet/subnets/Application",
                            "ip_configurations.#": "2",
                            "ip_configurations.225710321": "/subscriptions/5efd619c-0d6c-4bf6-a31b-d54ffda461c4/resourceGroups/EESSI-Test01-AP-Biz-RG/providers/Microsoft.Network/networkInterfaces/aztst02-apbiz02310/ipConfigurations/ipconfig1",
                            "ip_configurations.3956692721": "/subscriptions/5efd619c-0d6c-4bf6-a31b-d54ffda461c4/resourceGroups/EESSI-Test01-AP-Biz-RG/providers/Microsoft.Network/networkInterfaces/aztst02-apbiz01717/ipConfigurations/ipconfig1",
                            "name": "Application",
                            "resource_group_name": "EESSI-Test02-AP-Shared-RG",
                            "service_endpoints.#": "0",
                            "virtual_network_name": "EESSI-Test02-AP-vNet"
                        },
                        "meta": {},
                        "tainted": false
                    },
                    "deposed": [],
                    "provider": "provider.azurerm"
                },
                "azurerm_subnet.EESSI-Test02-AP-Shared-RG__Database": {
                    "type": "azurerm_subnet",
                    "depends_on": [],
                    "primary": {
                        "id": "/subscriptions/5efd619c-0d6c-4bf6-a31b-d54ffda461c4/resourceGroups/EESSI-Test02-AP-Shared-RG/providers/Microsoft.Network/virtualNetworks/EESSI-Test02-AP-vNet/subnets/Database",
                        "attributes": {
                            "address_prefix": "10.86.13.32/27",
                            "id": "/subscriptions/5efd619c-0d6c-4bf6-a31b-d54ffda461c4/resourceGroups/EESSI-Test02-AP-Shared-RG/providers/Microsoft.Network/virtualNetworks/EESSI-Test02-AP-vNet/subnets/Database",
                            "ip_configurations.#": "3",
                            "ip_configurations.2223682521": "/subscriptions/5efd619c-0d6c-4bf6-a31b-d54ffda461c4/resourceGroups/EESSI-Test02-AP-SQL-RG/providers/Microsoft.Network/networkInterfaces/aztst02-apsql02461/ipConfigurations/ipconfig1",
                            "ip_configurations.2237026265": "/subscriptions/5efd619c-0d6c-4bf6-a31b-d54ffda461c4/resourceGroups/EESSI-Test02-AP-SQL-RG/providers/Microsoft.Network/networkInterfaces/aztst02-apsql01352/ipConfigurations/ipconfig1",
                            "ip_configurations.3587464134": "/subscriptions/5efd619c-0d6c-4bf6-a31b-d54ffda461c4/resourceGroups/EESSI-Test02-AP-SQL-RG/providers/Microsoft.Network/networkInterfaces/aztst02-apsql01765/ipConfigurations/ipconfig1",
                            "name": "Database",
                            "resource_group_name": "EESSI-Test02-AP-Shared-RG",
                            "service_endpoints.#": "0",
                            "virtual_network_name": "EESSI-Test02-AP-vNet"
                        },
                        "meta": {},
                        "tainted": false
                    },
                    "deposed": [],
                    "provider": "provider.azurerm"
                },
                "azurerm_subnet.EESSI-Test02-AP-Shared-RG__File-Server": {
                    "type": "azurerm_subnet",
                    "depends_on": [],
                    "primary": {
                        "id": "/subscriptions/5efd619c-0d6c-4bf6-a31b-d54ffda461c4/resourceGroups/EESSI-Test02-AP-Shared-RG/providers/Microsoft.Network/virtualNetworks/EESSI-Test02-AP-vNet/subnets/File-Server",
                        "attributes": {
                            "address_prefix": "10.86.13.64/28",
                            "id": "/subscriptions/5efd619c-0d6c-4bf6-a31b-d54ffda461c4/resourceGroups/EESSI-Test02-AP-Shared-RG/providers/Microsoft.Network/virtualNetworks/EESSI-Test02-AP-vNet/subnets/File-Server",
                            "ip_configurations.#": "3",
                            "ip_configurations.3515665866": "/subscriptions/5efd619c-0d6c-4bf6-a31b-d54ffda461c4/resourceGroups/EESSI-Test02-AP-FS-RG/providers/Microsoft.Network/loadBalancers/EESSI-Test02-AP-FS-ILB/frontendIPConfigurations/LoadBalancerFrontEnd",
                            "ip_configurations.406425441": "/subscriptions/5efd619c-0d6c-4bf6-a31b-d54ffda461c4/resourceGroups/EESSI-Test02-AP-FS-RG/providers/Microsoft.Network/networkInterfaces/aztst02-apfs02160/ipConfigurations/ipconfig1",
                            "ip_configurations.862431251": "/subscriptions/5efd619c-0d6c-4bf6-a31b-d54ffda461c4/resourceGroups/EESSI-Test02-AP-FS-RG/providers/Microsoft.Network/networkInterfaces/aztst02-apfs01960/ipConfigurations/ipconfig1",
                            "name": "File-Server",
                            "resource_group_name": "EESSI-Test02-AP-Shared-RG",
                            "service_endpoints.#": "1",
                            "service_endpoints.0": "Microsoft.Storage",
                            "virtual_network_name": "EESSI-Test02-AP-vNet"
                        },
                        "meta": {},
                        "tainted": false
                    },
                    "deposed": [],
                    "provider": "provider.azurerm"
                },
                "azurerm_subnet.EESSI-Test02-RINA-Shared-RG__Application": {
                    "type": "azurerm_subnet",
                    "depends_on": [],
                    "primary": {
                        "id": "/subscriptions/5efd619c-0d6c-4bf6-a31b-d54ffda461c4/resourceGroups/EESSI-Test02-RINA-Shared-RG/providers/Microsoft.Network/virtualNetworks/EESSI-Test02-RINA-vNet/subnets/Application",
                        "attributes": {
                            "address_prefix": "10.86.14.0/28",
                            "id": "/subscriptions/5efd619c-0d6c-4bf6-a31b-d54ffda461c4/resourceGroups/EESSI-Test02-RINA-Shared-RG/providers/Microsoft.Network/virtualNetworks/EESSI-Test02-RINA-vNet/subnets/Application",
                            "ip_configurations.#": "0",
                            "name": "Application",
                            "resource_group_name": "EESSI-Test02-RINA-Shared-RG",
                            "service_endpoints.#": "0",
                            "virtual_network_name": "EESSI-Test02-RINA-vNet"
                        },
                        "meta": {},
                        "tainted": false
                    },
                    "deposed": [],
                    "provider": "provider.azurerm"
                },
                "azurerm_subnet.EESSI-Test02-RINA-Shared-RG__Bonita": {
                    "type": "azurerm_subnet",
                    "depends_on": [],
                    "primary": {
                        "id": "/subscriptions/5efd619c-0d6c-4bf6-a31b-d54ffda461c4/resourceGroups/EESSI-Test02-RINA-Shared-RG/providers/Microsoft.Network/virtualNetworks/EESSI-Test02-RINA-vNet/subnets/Bonita",
                        "attributes": {
                            "address_prefix": "10.86.14.32/28",
                            "id": "/subscriptions/5efd619c-0d6c-4bf6-a31b-d54ffda461c4/resourceGroups/EESSI-Test02-RINA-Shared-RG/providers/Microsoft.Network/virtualNetworks/EESSI-Test02-RINA-vNet/subnets/Bonita",
                            "ip_configurations.#": "0",
                            "name": "Bonita",
                            "resource_group_name": "EESSI-Test02-RINA-Shared-RG",
                            "service_endpoints.#": "0",
                            "virtual_network_name": "EESSI-Test02-RINA-vNet"
                        },
                        "meta": {},
                        "tainted": false
                    },
                    "deposed": [],
                    "provider": "provider.azurerm"
                },
                "azurerm_subnet.EESSI-Test02-RINA-Shared-RG__Elastic-Search": {
                    "type": "azurerm_subnet",
                    "depends_on": [],
                    "primary": {
                        "id": "/subscriptions/5efd619c-0d6c-4bf6-a31b-d54ffda461c4/resourceGroups/EESSI-Test02-RINA-Shared-RG/providers/Microsoft.Network/virtualNetworks/EESSI-Test02-RINA-vNet/subnets/Elastic-Search",
                        "attributes": {
                            "address_prefix": "10.86.14.80/28",
                            "id": "/subscriptions/5efd619c-0d6c-4bf6-a31b-d54ffda461c4/resourceGroups/EESSI-Test02-RINA-Shared-RG/providers/Microsoft.Network/virtualNetworks/EESSI-Test02-RINA-vNet/subnets/Elastic-Search",
                            "ip_configurations.#": "0",
                            "name": "Elastic-Search",
                            "resource_group_name": "EESSI-Test02-RINA-Shared-RG",
                            "service_endpoints.#": "0",
                            "virtual_network_name": "EESSI-Test02-RINA-vNet"
                        },
                        "meta": {},
                        "tainted": false
                    },
                    "deposed": [],
                    "provider": "provider.azurerm"
                },
                "azurerm_subnet.EESSI-Test02-RINA-Shared-RG__File-Servers": {
                    "type": "azurerm_subnet",
                    "depends_on": [],
                    "primary": {
                        "id": "/subscriptions/5efd619c-0d6c-4bf6-a31b-d54ffda461c4/resourceGroups/EESSI-Test02-RINA-Shared-RG/providers/Microsoft.Network/virtualNetworks/EESSI-Test02-RINA-vNet/subnets/File-Servers",
                        "attributes": {
                            "address_prefix": "10.86.14.96/28",
                            "id": "/subscriptions/5efd619c-0d6c-4bf6-a31b-d54ffda461c4/resourceGroups/EESSI-Test02-RINA-Shared-RG/providers/Microsoft.Network/virtualNetworks/EESSI-Test02-RINA-vNet/subnets/File-Servers",
                            "ip_configurations.#": "0",
                            "name": "File-Servers",
                            "resource_group_name": "EESSI-Test02-RINA-Shared-RG",
                            "service_endpoints.#": "0",
                            "virtual_network_name": "EESSI-Test02-RINA-vNet"
                        },
                        "meta": {},
                        "tainted": false
                    },
                    "deposed": [],
                    "provider": "provider.azurerm"
                },
                "azurerm_subnet.EESSI-Test02-RINA-Shared-RG__Holodeck": {
                    "type": "azurerm_subnet",
                    "depends_on": [],
                    "primary": {
                        "id": "/subscriptions/5efd619c-0d6c-4bf6-a31b-d54ffda461c4/resourceGroups/EESSI-Test02-RINA-Shared-RG/providers/Microsoft.Network/virtualNetworks/EESSI-Test02-RINA-vNet/subnets/Holodeck",
                        "attributes": {
                            "address_prefix": "10.86.14.48/28",
                            "id": "/subscriptions/5efd619c-0d6c-4bf6-a31b-d54ffda461c4/resourceGroups/EESSI-Test02-RINA-Shared-RG/providers/Microsoft.Network/virtualNetworks/EESSI-Test02-RINA-vNet/subnets/Holodeck",
                            "ip_configurations.#": "0",
                            "name": "Holodeck",
                            "resource_group_name": "EESSI-Test02-RINA-Shared-RG",
                            "service_endpoints.#": "0",
                            "virtual_network_name": "EESSI-Test02-RINA-vNet"
                        },
                        "meta": {},
                        "tainted": false
                    },
                    "deposed": [],
                    "provider": "provider.azurerm"
                },
                "azurerm_subnet.EESSI-Test02-RINA-Shared-RG__PostgreSQL": {
                    "type": "azurerm_subnet",
                    "depends_on": [],
                    "primary": {
                        "id": "/subscriptions/5efd619c-0d6c-4bf6-a31b-d54ffda461c4/resourceGroups/EESSI-Test02-RINA-Shared-RG/providers/Microsoft.Network/virtualNetworks/EESSI-Test02-RINA-vNet/subnets/PostgreSQL",
                        "attributes": {
                            "address_prefix": "10.86.14.64/28",
                            "id": "/subscriptions/5efd619c-0d6c-4bf6-a31b-d54ffda461c4/resourceGroups/EESSI-Test02-RINA-Shared-RG/providers/Microsoft.Network/virtualNetworks/EESSI-Test02-RINA-vNet/subnets/PostgreSQL",
                            "ip_configurations.#": "0",
                            "name": "PostgreSQL",
                            "resource_group_name": "EESSI-Test02-RINA-Shared-RG",
                            "service_endpoints.#": "0",
                            "virtual_network_name": "EESSI-Test02-RINA-vNet"
                        },
                        "meta": {},
                        "tainted": false
                    },
                    "deposed": [],
                    "provider": "provider.azurerm"
                },
                "azurerm_subnet.EESSI-Test02-RINA-Shared-RG__REST": {
                    "type": "azurerm_subnet",
                    "depends_on": [],
                    "primary": {
                        "id": "/subscriptions/5efd619c-0d6c-4bf6-a31b-d54ffda461c4/resourceGroups/EESSI-Test02-RINA-Shared-RG/providers/Microsoft.Network/virtualNetworks/EESSI-Test02-RINA-vNet/subnets/REST",
                        "attributes": {
                            "address_prefix": "10.86.14.16/28",
                            "id": "/subscriptions/5efd619c-0d6c-4bf6-a31b-d54ffda461c4/resourceGroups/EESSI-Test02-RINA-Shared-RG/providers/Microsoft.Network/virtualNetworks/EESSI-Test02-RINA-vNet/subnets/REST",
                            "ip_configurations.#": "0",
                            "name": "REST",
                            "resource_group_name": "EESSI-Test02-RINA-Shared-RG",
                            "service_endpoints.#": "0",
                            "virtual_network_name": "EESSI-Test02-RINA-vNet"
                        },
                        "meta": {},
                        "tainted": false
                    },
                    "deposed": [],
                    "provider": "provider.azurerm"
                },
                "azurerm_subnet.RG-Rina2Rina-Playground__Rina2Rina-Subnet": {
                    "type": "azurerm_subnet",
                    "depends_on": [],
                    "primary": {
                        "id": "/subscriptions/5efd619c-0d6c-4bf6-a31b-d54ffda461c4/resourceGroups/RG-Rina2Rina-Playground/providers/Microsoft.Network/virtualNetworks/EESSI-Rina2Rina-vNet/subnets/Rina2Rina-Subnet",
                        "attributes": {
                            "address_prefix": "10.87.1.0/24",
                            "id": "/subscriptions/5efd619c-0d6c-4bf6-a31b-d54ffda461c4/resourceGroups/RG-Rina2Rina-Playground/providers/Microsoft.Network/virtualNetworks/EESSI-Rina2Rina-vNet/subnets/Rina2Rina-Subnet",
                            "ip_configurations.#": "3",
                            "ip_configurations.195583373": "/subscriptions/5efd619c-0d6c-4bf6-a31b-d54ffda461c4/resourceGroups/RG-Rina2Rina-Playground/providers/Microsoft.Network/networkInterfaces/r2rnode04VMNic/ipConfigurations/ipconfigr2rnode04",
                            "ip_configurations.2238281637": "/subscriptions/5efd619c-0d6c-4bf6-a31b-d54ffda461c4/resourceGroups/RG-Rina2Rina-Playground/providers/Microsoft.Network/networkInterfaces/r2rnode01VMNic/ipConfigurations/ipconfigr2rnode01",
                            "ip_configurations.4280914365": "/subscriptions/5efd619c-0d6c-4bf6-a31b-d54ffda461c4/resourceGroups/RG-Rina2Rina-Playground/providers/Microsoft.Network/networkInterfaces/r2rnode02VMNic/ipConfigurations/ipconfigr2rnode02",
                            "name": "Rina2Rina-Subnet",
                            "resource_group_name": "RG-Rina2Rina-Playground",
                            "service_endpoints.#": "0",
                            "virtual_network_name": "EESSI-Rina2Rina-vNet"
                        },
                        "meta": {},
                        "tainted": false
                    },
                    "deposed": [],
                    "provider": "provider.azurerm"
                },
                "azurerm_virtual_network.EESSI-Test-Shared-RG__EESSI-Test-Shared-vNet": {
                    "type": "azurerm_virtual_network",
                    "depends_on": [],
                    "primary": {
                        "id": "/subscriptions/5efd619c-0d6c-4bf6-a31b-d54ffda461c4/resourceGroups/EESSI-Test-Shared-RG/providers/Microsoft.Network/virtualNetworks/EESSI-Test-Shared-vNet",
                        "attributes": {
                            "address_space.#": "1",
                            "address_space.0": "10.86.4.0/24",
                            "dns_servers.#": "2",
                            "dns_servers.0": "10.86.4.4",
                            "dns_servers.1": "10.86.4.5",
                            "id": "/subscriptions/5efd619c-0d6c-4bf6-a31b-d54ffda461c4/resourceGroups/EESSI-Test-Shared-RG/providers/Microsoft.Network/virtualNetworks/EESSI-Test-Shared-vNet",
                            "location": "uksouth",
                            "name": "EESSI-Test-Shared-vNet",
                            "resource_group_name": "EESSI-Test-Shared-RG",
                            "subnet.#": "3",
                            "subnet.1595600592.address_prefix": "10.86.4.32/28",
                            "subnet.1595600592.name": "WSUS",
                            "subnet.1595600592.security_group": "",
                            "subnet.2035004196.address_prefix": "10.86.4.16/28",
                            "subnet.2035004196.name": "Backup",
                            "subnet.2035004196.security_group": "",
                            "subnet.2497409723.address_prefix": "10.86.4.0/28",
                            "subnet.2497409723.name": "Active-Directory",
                            "subnet.2497409723.security_group": "",
                            "tags.%": "0"
                        },
                        "meta": {},
                        "tainted": false
                    },
                    "deposed": [],
                    "provider": "provider.azurerm"
                },
                "azurerm_virtual_network.EESSI-Test-Transit-RG__EESSI-Test-Transit-vNet": {
                    "type": "azurerm_virtual_network",
                    "depends_on": [],
                    "primary": {
                        "id": "/subscriptions/5efd619c-0d6c-4bf6-a31b-d54ffda461c4/resourceGroups/EESSI-Test-Transit-RG/providers/Microsoft.Network/virtualNetworks/EESSI-Test-Transit-vNet",
                        "attributes": {
                            "address_space.#": "1",
                            "address_space.0": "10.80.22.0/23",
                            "id": "/subscriptions/5efd619c-0d6c-4bf6-a31b-d54ffda461c4/resourceGroups/EESSI-Test-Transit-RG/providers/Microsoft.Network/virtualNetworks/EESSI-Test-Transit-vNet",
                            "location": "uksouth",
                            "name": "EESSI-Test-Transit-vNet",
                            "resource_group_name": "EESSI-Test-Transit-RG",
                            "subnet.#": "6",
                            "subnet.2176261344.address_prefix": "10.80.22.224/27",
                            "subnet.2176261344.name": "Management",
                            "subnet.2176261344.security_group": "",
                            "subnet.2183430352.address_prefix": "10.80.22.64/28",
                            "subnet.2183430352.name": "Inside",
                            "subnet.2183430352.security_group": "",
                            "subnet.2992552764.address_prefix": "10.80.22.32/28",
                            "subnet.2992552764.name": "CSR1-Outside",
                            "subnet.2992552764.security_group": "",
                            "subnet.3674948712.address_prefix": "10.80.22.0/27",
                            "subnet.3674948712.name": "GatewaySubnet",
                            "subnet.3674948712.security_group": "",
                            "subnet.421969525.address_prefix": "10.80.22.48/28",
                            "subnet.421969525.name": "CSR2-Outside",
                            "subnet.421969525.security_group": "",
                            "subnet.60831610.address_prefix": "10.80.22.80/28",
                            "subnet.60831610.name": "Proxy",
                            "subnet.60831610.security_group": "",
                            "tags.%": "0"
                        },
                        "meta": {},
                        "tainted": false
                    },
                    "deposed": [],
                    "provider": "provider.azurerm"
                },
                "azurerm_virtual_network.EESSI-Test01-AP-Shared-RG__EESSI-Test01-AP-vNet": {
                    "type": "azurerm_virtual_network",
                    "depends_on": [],
                    "primary": {
                        "id": "/subscriptions/5efd619c-0d6c-4bf6-a31b-d54ffda461c4/resourceGroups/EESSI-Test01-AP-Shared-RG/providers/Microsoft.Network/virtualNetworks/EESSI-Test01-AP-vNet",
                        "attributes": {
                            "address_space.#": "1",
                            "address_space.0": "10.86.1.0/24",
                            "dns_servers.#": "2",
                            "dns_servers.0": "10.86.4.4",
                            "dns_servers.1": "10.86.4.5",
                            "id": "/subscriptions/5efd619c-0d6c-4bf6-a31b-d54ffda461c4/resourceGroups/EESSI-Test01-AP-Shared-RG/providers/Microsoft.Network/virtualNetworks/EESSI-Test01-AP-vNet",
                            "location": "uksouth",
                            "name": "EESSI-Test01-AP-vNet",
                            "resource_group_name": "EESSI-Test01-AP-Shared-RG",
                            "subnet.#": "3",
                            "subnet.1660779073.address_prefix": "10.86.1.32/27",
                            "subnet.1660779073.name": "Database",
                            "subnet.1660779073.security_group": "",
                            "subnet.2254601584.address_prefix": "10.86.1.0/28",
                            "subnet.2254601584.name": "Application",
                            "subnet.2254601584.security_group": "",
                            "subnet.2631363812.address_prefix": "10.86.1.64/28",
                            "subnet.2631363812.name": "File-Servers",
                            "subnet.2631363812.security_group": "",
                            "tags.%": "0"
                        },
                        "meta": {},
                        "tainted": false
                    },
                    "deposed": [],
                    "provider": "provider.azurerm"
                },
                "azurerm_virtual_network.EESSI-Test01-RINA-Shared-RG__EESSI-Test01-RINA-vNet": {
                    "type": "azurerm_virtual_network",
                    "depends_on": [],
                    "primary": {
                        "id": "/subscriptions/5efd619c-0d6c-4bf6-a31b-d54ffda461c4/resourceGroups/EESSI-Test01-RINA-Shared-RG/providers/Microsoft.Network/virtualNetworks/EESSI-Test01-RINA-vNet",
                        "attributes": {
                            "address_space.#": "1",
                            "address_space.0": "10.86.2.0/24",
                            "dns_servers.#": "2",
                            "dns_servers.0": "10.86.4.4",
                            "dns_servers.1": "10.86.4.5",
                            "id": "/subscriptions/5efd619c-0d6c-4bf6-a31b-d54ffda461c4/resourceGroups/EESSI-Test01-RINA-Shared-RG/providers/Microsoft.Network/virtualNetworks/EESSI-Test01-RINA-vNet",
                            "location": "uksouth",
                            "name": "EESSI-Test01-RINA-vNet",
                            "resource_group_name": "EESSI-Test01-RINA-Shared-RG",
                            "subnet.#": "7",
                            "subnet.16125918.address_prefix": "10.86.2.0/28",
                            "subnet.16125918.name": "Application",
                            "subnet.16125918.security_group": "",
                            "subnet.2005129364.address_prefix": "10.86.2.80/28",
                            "subnet.2005129364.name": "Elastic-Search",
                            "subnet.2005129364.security_group": "",
                            "subnet.2238064931.address_prefix": "10.86.2.96/28",
                            "subnet.2238064931.name": "File-Servers",
                            "subnet.2238064931.security_group": "",
                            "subnet.2560334021.address_prefix": "10.86.2.64/28",
                            "subnet.2560334021.name": "PostgreSQL",
                            "subnet.2560334021.security_group": "",
                            "subnet.3477592601.address_prefix": "10.86.2.16/28",
                            "subnet.3477592601.name": "REST",
                            "subnet.3477592601.security_group": "",
                            "subnet.3489006293.address_prefix": "10.86.2.48/28",
                            "subnet.3489006293.name": "Holodeck",
                            "subnet.3489006293.security_group": "",
                            "subnet.558682147.address_prefix": "10.86.2.32/28",
                            "subnet.558682147.name": "Bonita",
                            "subnet.558682147.security_group": "",
                            "tags.%": "0"
                        },
                        "meta": {},
                        "tainted": false
                    },
                    "deposed": [],
                    "provider": "provider.azurerm"
                },
                "azurerm_virtual_network.EESSI-Test02-AP-Biz-RG__EESSI-Test02-AP-Biz-RG-vnet": {
                    "type": "azurerm_virtual_network",
                    "depends_on": [],
                    "primary": {
                        "id": "/subscriptions/5efd619c-0d6c-4bf6-a31b-d54ffda461c4/resourceGroups/EESSI-Test02-AP-Biz-RG/providers/Microsoft.Network/virtualNetworks/EESSI-Test02-AP-Biz-RG-vnet",
                        "attributes": {
                            "address_space.#": "1",
                            "address_space.0": "10.0.0.0/24",
                            "id": "/subscriptions/5efd619c-0d6c-4bf6-a31b-d54ffda461c4/resourceGroups/EESSI-Test02-AP-Biz-RG/providers/Microsoft.Network/virtualNetworks/EESSI-Test02-AP-Biz-RG-vnet",
                            "location": "uksouth",
                            "name": "EESSI-Test02-AP-Biz-RG-vnet",
                            "resource_group_name": "EESSI-Test02-AP-Biz-RG",
                            "subnet.#": "1",
                            "subnet.3841033454.address_prefix": "10.0.0.0/24",
                            "subnet.3841033454.name": "default",
                            "subnet.3841033454.security_group": "",
                            "tags.%": "0"
                        },
                        "meta": {},
                        "tainted": false
                    },
                    "deposed": [],
                    "provider": "provider.azurerm"
                },
                "azurerm_virtual_network.EESSI-Test02-AP-Shared-RG__EESSI-Test02-AP-vNet": {
                    "type": "azurerm_virtual_network",
                    "depends_on": [],
                    "primary": {
                        "id": "/subscriptions/5efd619c-0d6c-4bf6-a31b-d54ffda461c4/resourceGroups/EESSI-Test02-AP-Shared-RG/providers/Microsoft.Network/virtualNetworks/EESSI-Test02-AP-vNet",
                        "attributes": {
                            "address_space.#": "1",
                            "address_space.0": "10.86.13.0/24",
                            "dns_servers.#": "2",
                            "dns_servers.0": "10.86.4.4",
                            "dns_servers.1": "10.86.4.5",
                            "id": "/subscriptions/5efd619c-0d6c-4bf6-a31b-d54ffda461c4/resourceGroups/EESSI-Test02-AP-Shared-RG/providers/Microsoft.Network/virtualNetworks/EESSI-Test02-AP-vNet",
                            "location": "uksouth",
                            "name": "EESSI-Test02-AP-vNet",
                            "resource_group_name": "EESSI-Test02-AP-Shared-RG",
                            "subnet.#": "3",
                            "subnet.2032751651.address_prefix": "10.86.13.64/28",
                            "subnet.2032751651.name": "File-Server",
                            "subnet.2032751651.security_group": "",
                            "subnet.618481697.address_prefix": "10.86.13.32/27",
                            "subnet.618481697.name": "Database",
                            "subnet.618481697.security_group": "",
                            "subnet.745595796.address_prefix": "10.86.13.0/28",
                            "subnet.745595796.name": "Application",
                            "subnet.745595796.security_group": "",
                            "tags.%": "0"
                        },
                        "meta": {},
                        "tainted": false
                    },
                    "deposed": [],
                    "provider": "provider.azurerm"
                },
                "azurerm_virtual_network.EESSI-Test02-RINA-Shared-RG__EESSI-Test02-RINA-vNet": {
                    "type": "azurerm_virtual_network",
                    "depends_on": [],
                    "primary": {
                        "id": "/subscriptions/5efd619c-0d6c-4bf6-a31b-d54ffda461c4/resourceGroups/EESSI-Test02-RINA-Shared-RG/providers/Microsoft.Network/virtualNetworks/EESSI-Test02-RINA-vNet",
                        "attributes": {
                            "address_space.#": "1",
                            "address_space.0": "10.86.14.0/24",
                            "dns_servers.#": "2",
                            "dns_servers.0": "10.86.4.4",
                            "dns_servers.1": "10.86.4.5",
                            "id": "/subscriptions/5efd619c-0d6c-4bf6-a31b-d54ffda461c4/resourceGroups/EESSI-Test02-RINA-Shared-RG/providers/Microsoft.Network/virtualNetworks/EESSI-Test02-RINA-vNet",
                            "location": "uksouth",
                            "name": "EESSI-Test02-RINA-vNet",
                            "resource_group_name": "EESSI-Test02-RINA-Shared-RG",
                            "subnet.#": "7",
                            "subnet.1134588626.address_prefix": "10.86.14.80/28",
                            "subnet.1134588626.name": "Elastic-Search",
                            "subnet.1134588626.security_group": "",
                            "subnet.1245765989.address_prefix": "10.86.14.96/28",
                            "subnet.1245765989.name": "File-Servers",
                            "subnet.1245765989.security_group": "",
                            "subnet.1344655496.address_prefix": "10.86.14.16/28",
                            "subnet.1344655496.name": "REST",
                            "subnet.1344655496.security_group": "",
                            "subnet.2700862838.address_prefix": "10.86.14.64/28",
                            "subnet.2700862838.name": "PostgreSQL",
                            "subnet.2700862838.security_group": "",
                            "subnet.3677209036.address_prefix": "10.86.14.32/28",
                            "subnet.3677209036.name": "Bonita",
                            "subnet.3677209036.security_group": "",
                            "subnet.829805356.address_prefix": "10.86.14.0/28",
                            "subnet.829805356.name": "Application",
                            "subnet.829805356.security_group": "",
                            "subnet.87373914.address_prefix": "10.86.14.48/28",
                            "subnet.87373914.name": "Holodeck",
                            "subnet.87373914.security_group": "",
                            "tags.%": "0"
                        },
                        "meta": {},
                        "tainted": false
                    },
                    "deposed": [],
                    "provider": "provider.azurerm"
                },
                "azurerm_virtual_network.RG-Rina2Rina-Playground__EESSI-Rina2Rina-vNet": {
                    "type": "azurerm_virtual_network",
                    "depends_on": [],
                    "primary": {
                        "id": "/subscriptions/5efd619c-0d6c-4bf6-a31b-d54ffda461c4/resourceGroups/RG-Rina2Rina-Playground/providers/Microsoft.Network/virtualNetworks/EESSI-Rina2Rina-vNet",
                        "attributes": {
                            "address_space.#": "1",
                            "address_space.0": "10.87.1.0/24",
                            "dns_servers.#": "2",
                            "dns_servers.0": "10.86.4.4",
                            "dns_servers.1": "10.86.4.5",
                            "id": "/subscriptions/5efd619c-0d6c-4bf6-a31b-d54ffda461c4/resourceGroups/RG-Rina2Rina-Playground/providers/Microsoft.Network/virtualNetworks/EESSI-Rina2Rina-vNet",
                            "location": "uksouth",
                            "name": "EESSI-Rina2Rina-vNet",
                            "resource_group_name": "RG-Rina2Rina-Playground",
                            "subnet.#": "1",
                            "subnet.1042433820.address_prefix": "10.87.1.0/24",
                            "subnet.1042433820.name": "Rina2Rina-Subnet",
                            "subnet.1042433820.security_group": "",
                            "tags.%": "0"
                        },
                        "meta": {},
                        "tainted": false
                    },
                    "deposed": [],
                    "provider": "provider.azurerm"
                }
            },
            "depends_on": []
        }
    ]
}
