{
    "version": 3,
    "terraform_version": "0.11.3",
    "serial": 3212,
    "lineage": "d3fcb5b8-357b-431a-b13f-f1f1e3782e44",
    "modules": [
        {
            "path": [
                "root"
            ],
            "outputs": {},
            "resources": {
                "azurerm_availability_set.EESSI-TEST01-RINA-BPM-RG__EESSI-TEST01-RINA-BPM-AS": {
                    "type": "azurerm_availability_set",
                    "depends_on": [],
                    "primary": {
                        "id": "/subscriptions/5efd619c-0d6c-4bf6-a31b-d54ffda461c4/resourceGroups/EESSI-TEST01-RINA-BPM-RG/providers/Microsoft.Compute/availabilitySets/EESSI-TEST01-RINA-BPM-AS",
                        "attributes": {
                            "id": "/subscriptions/5efd619c-0d6c-4bf6-a31b-d54ffda461c4/resourceGroups/EESSI-TEST01-RINA-BPM-RG/providers/Microsoft.Compute/availabilitySets/EESSI-TEST01-RINA-BPM-AS",
                            "location": "uksouth",
                            "managed": "true",
                            "name": "EESSI-TEST01-RINA-BPM-AS",
                            "platform_fault_domain_count": "2",
                            "platform_update_domain_count": "5",
                            "resource_group_name": "EESSI-TEST01-RINA-BPM-RG",
                            "tags.%": "0"
                        },
                        "meta": {},
                        "tainted": false
                    },
                    "deposed": [],
                    "provider": "provider.azurerm"
                },
                "azurerm_availability_set.EESSI-TEST01-RINA-ELAST-RG__EESSI-TEST01-RINA-ELAST-AS": {
                    "type": "azurerm_availability_set",
                    "depends_on": [],
                    "primary": {
                        "id": "/subscriptions/5efd619c-0d6c-4bf6-a31b-d54ffda461c4/resourceGroups/EESSI-TEST01-RINA-ELAST-RG/providers/Microsoft.Compute/availabilitySets/EESSI-TEST01-RINA-ELAST-AS",
                        "attributes": {
                            "id": "/subscriptions/5efd619c-0d6c-4bf6-a31b-d54ffda461c4/resourceGroups/EESSI-TEST01-RINA-ELAST-RG/providers/Microsoft.Compute/availabilitySets/EESSI-TEST01-RINA-ELAST-AS",
                            "location": "uksouth",
                            "managed": "true",
                            "name": "EESSI-TEST01-RINA-ELAST-AS",
                            "platform_fault_domain_count": "2",
                            "platform_update_domain_count": "5",
                            "resource_group_name": "EESSI-TEST01-RINA-ELAST-RG",
                            "tags.%": "0"
                        },
                        "meta": {},
                        "tainted": false
                    },
                    "deposed": [],
                    "provider": "provider.azurerm"
                },
                "azurerm_availability_set.EESSI-TEST01-RINA-FSHARE-RG__EESSI-TEST01-RINA-FSHARE-AS": {
                    "type": "azurerm_availability_set",
                    "depends_on": [],
                    "primary": {
                        "id": "/subscriptions/5efd619c-0d6c-4bf6-a31b-d54ffda461c4/resourceGroups/EESSI-TEST01-RINA-FSHARE-RG/providers/Microsoft.Compute/availabilitySets/EESSI-TEST01-RINA-FSHARE-AS",
                        "attributes": {
                            "id": "/subscriptions/5efd619c-0d6c-4bf6-a31b-d54ffda461c4/resourceGroups/EESSI-TEST01-RINA-FSHARE-RG/providers/Microsoft.Compute/availabilitySets/EESSI-TEST01-RINA-FSHARE-AS",
                            "location": "uksouth",
                            "managed": "true",
                            "name": "EESSI-TEST01-RINA-FSHARE-AS",
                            "platform_fault_domain_count": "2",
                            "platform_update_domain_count": "5",
                            "resource_group_name": "EESSI-TEST01-RINA-FSHARE-RG",
                            "tags.%": "0"
                        },
                        "meta": {},
                        "tainted": false
                    },
                    "deposed": [],
                    "provider": "provider.azurerm"
                },
                "azurerm_availability_set.EESSI-TEST01-RINA-HDK-RG__EESSI-TEST01-RINA-HDK-AS": {
                    "type": "azurerm_availability_set",
                    "depends_on": [],
                    "primary": {
                        "id": "/subscriptions/5efd619c-0d6c-4bf6-a31b-d54ffda461c4/resourceGroups/EESSI-TEST01-RINA-HDK-RG/providers/Microsoft.Compute/availabilitySets/EESSI-TEST01-RINA-HDK-AS",
                        "attributes": {
                            "id": "/subscriptions/5efd619c-0d6c-4bf6-a31b-d54ffda461c4/resourceGroups/EESSI-TEST01-RINA-HDK-RG/providers/Microsoft.Compute/availabilitySets/EESSI-TEST01-RINA-HDK-AS",
                            "location": "uksouth",
                            "managed": "true",
                            "name": "EESSI-TEST01-RINA-HDK-AS",
                            "platform_fault_domain_count": "2",
                            "platform_update_domain_count": "5",
                            "resource_group_name": "EESSI-TEST01-RINA-HDK-RG",
                            "tags.%": "0"
                        },
                        "meta": {},
                        "tainted": false
                    },
                    "deposed": [],
                    "provider": "provider.azurerm"
                },
                "azurerm_availability_set.EESSI-TEST01-RINA-LB-RG__EESSI-TEST01-RINA-LB-AS": {
                    "type": "azurerm_availability_set",
                    "depends_on": [],
                    "primary": {
                        "id": "/subscriptions/5efd619c-0d6c-4bf6-a31b-d54ffda461c4/resourceGroups/EESSI-TEST01-RINA-LB-RG/providers/Microsoft.Compute/availabilitySets/EESSI-TEST01-RINA-LB-AS",
                        "attributes": {
                            "id": "/subscriptions/5efd619c-0d6c-4bf6-a31b-d54ffda461c4/resourceGroups/EESSI-TEST01-RINA-LB-RG/providers/Microsoft.Compute/availabilitySets/EESSI-TEST01-RINA-LB-AS",
                            "location": "uksouth",
                            "managed": "true",
                            "name": "EESSI-TEST01-RINA-LB-AS",
                            "platform_fault_domain_count": "2",
                            "platform_update_domain_count": "5",
                            "resource_group_name": "EESSI-TEST01-RINA-LB-RG",
                            "tags.%": "0"
                        },
                        "meta": {},
                        "tainted": false
                    },
                    "deposed": [],
                    "provider": "provider.azurerm"
                },
                "azurerm_availability_set.EESSI-TEST01-RINA-POSTGRE-RG__EESSI-TEST01-RINA-POSTGRE-AS": {
                    "type": "azurerm_availability_set",
                    "depends_on": [],
                    "primary": {
                        "id": "/subscriptions/5efd619c-0d6c-4bf6-a31b-d54ffda461c4/resourceGroups/EESSI-TEST01-RINA-POSTGRE-RG/providers/Microsoft.Compute/availabilitySets/EESSI-TEST01-RINA-POSTGRE-AS",
                        "attributes": {
                            "id": "/subscriptions/5efd619c-0d6c-4bf6-a31b-d54ffda461c4/resourceGroups/EESSI-TEST01-RINA-POSTGRE-RG/providers/Microsoft.Compute/availabilitySets/EESSI-TEST01-RINA-POSTGRE-AS",
                            "location": "uksouth",
                            "managed": "true",
                            "name": "EESSI-TEST01-RINA-POSTGRE-AS",
                            "platform_fault_domain_count": "2",
                            "platform_update_domain_count": "5",
                            "resource_group_name": "EESSI-TEST01-RINA-POSTGRE-RG",
                            "tags.%": "0"
                        },
                        "meta": {},
                        "tainted": false
                    },
                    "deposed": [],
                    "provider": "provider.azurerm"
                },
                "azurerm_availability_set.EESSI-TEST01-RINA-REST-RG__EESSI-TEST01-RINA-REST-AS": {
                    "type": "azurerm_availability_set",
                    "depends_on": [],
                    "primary": {
                        "id": "/subscriptions/5efd619c-0d6c-4bf6-a31b-d54ffda461c4/resourceGroups/EESSI-TEST01-RINA-REST-RG/providers/Microsoft.Compute/availabilitySets/EESSI-TEST01-RINA-REST-AS",
                        "attributes": {
                            "id": "/subscriptions/5efd619c-0d6c-4bf6-a31b-d54ffda461c4/resourceGroups/EESSI-TEST01-RINA-REST-RG/providers/Microsoft.Compute/availabilitySets/EESSI-TEST01-RINA-REST-AS",
                            "location": "uksouth",
                            "managed": "true",
                            "name": "EESSI-TEST01-RINA-REST-AS",
                            "platform_fault_domain_count": "2",
                            "platform_update_domain_count": "5",
                            "resource_group_name": "EESSI-TEST01-RINA-REST-RG",
                            "tags.%": "0"
                        },
                        "meta": {},
                        "tainted": false
                    },
                    "deposed": [],
                    "provider": "provider.azurerm"
                },
                "azurerm_availability_set.EESSI-Test-Shared-AD-RG__EESSI-Test-Shared-AD-AS": {
                    "type": "azurerm_availability_set",
                    "depends_on": [],
                    "primary": {
                        "id": "/subscriptions/5efd619c-0d6c-4bf6-a31b-d54ffda461c4/resourceGroups/EESSI-Test-Shared-AD-RG/providers/Microsoft.Compute/availabilitySets/EESSI-Test-Shared-AD-AS",
                        "attributes": {
                            "id": "/subscriptions/5efd619c-0d6c-4bf6-a31b-d54ffda461c4/resourceGroups/EESSI-Test-Shared-AD-RG/providers/Microsoft.Compute/availabilitySets/EESSI-Test-Shared-AD-AS",
                            "location": "uksouth",
                            "managed": "true",
                            "name": "EESSI-Test-Shared-AD-AS",
                            "platform_fault_domain_count": "2",
                            "platform_update_domain_count": "5",
                            "resource_group_name": "EESSI-Test-Shared-AD-RG",
                            "tags.%": "0"
                        },
                        "meta": {},
                        "tainted": false
                    },
                    "deposed": [],
                    "provider": "provider.azurerm"
                },
                "azurerm_availability_set.EESSI-Test01-AP-Biz-RG__EESSI-Test01-AP-Biz-AS": {
                    "type": "azurerm_availability_set",
                    "depends_on": [],
                    "primary": {
                        "id": "/subscriptions/5efd619c-0d6c-4bf6-a31b-d54ffda461c4/resourceGroups/EESSI-Test01-AP-Biz-RG/providers/Microsoft.Compute/availabilitySets/EESSI-Test01-AP-Biz-AS",
                        "attributes": {
                            "id": "/subscriptions/5efd619c-0d6c-4bf6-a31b-d54ffda461c4/resourceGroups/EESSI-Test01-AP-Biz-RG/providers/Microsoft.Compute/availabilitySets/EESSI-Test01-AP-Biz-AS",
                            "location": "uksouth",
                            "managed": "true",
                            "name": "EESSI-Test01-AP-Biz-AS",
                            "platform_fault_domain_count": "2",
                            "platform_update_domain_count": "5",
                            "resource_group_name": "EESSI-Test01-AP-Biz-RG",
                            "tags.%": "0"
                        },
                        "meta": {},
                        "tainted": false
                    },
                    "deposed": [],
                    "provider": "provider.azurerm"
                },
                "azurerm_availability_set.EESSI-Test01-AP-Biz-RG__EESSI-Test02-AP-Biz-AS": {
                    "type": "azurerm_availability_set",
                    "depends_on": [],
                    "primary": {
                        "id": "/subscriptions/5efd619c-0d6c-4bf6-a31b-d54ffda461c4/resourceGroups/EESSI-Test01-AP-Biz-RG/providers/Microsoft.Compute/availabilitySets/EESSI-Test02-AP-Biz-AS",
                        "attributes": {
                            "id": "/subscriptions/5efd619c-0d6c-4bf6-a31b-d54ffda461c4/resourceGroups/EESSI-Test01-AP-Biz-RG/providers/Microsoft.Compute/availabilitySets/EESSI-Test02-AP-Biz-AS",
                            "location": "uksouth",
                            "managed": "true",
                            "name": "EESSI-Test02-AP-Biz-AS",
                            "platform_fault_domain_count": "2",
                            "platform_update_domain_count": "5",
                            "resource_group_name": "EESSI-Test01-AP-Biz-RG",
                            "tags.%": "0"
                        },
                        "meta": {},
                        "tainted": false
                    },
                    "deposed": [],
                    "provider": "provider.azurerm"
                },
                "azurerm_availability_set.EESSI-Test01-AP-FS-RG__EESSI-Test01-AP-FS-AS": {
                    "type": "azurerm_availability_set",
                    "depends_on": [],
                    "primary": {
                        "id": "/subscriptions/5efd619c-0d6c-4bf6-a31b-d54ffda461c4/resourceGroups/EESSI-Test01-AP-FS-RG/providers/Microsoft.Compute/availabilitySets/EESSI-Test01-AP-FS-AS",
                        "attributes": {
                            "id": "/subscriptions/5efd619c-0d6c-4bf6-a31b-d54ffda461c4/resourceGroups/EESSI-Test01-AP-FS-RG/providers/Microsoft.Compute/availabilitySets/EESSI-Test01-AP-FS-AS",
                            "location": "uksouth",
                            "managed": "true",
                            "name": "EESSI-Test01-AP-FS-AS",
                            "platform_fault_domain_count": "2",
                            "platform_update_domain_count": "5",
                            "resource_group_name": "EESSI-Test01-AP-FS-RG",
                            "tags.%": "0"
                        },
                        "meta": {},
                        "tainted": false
                    },
                    "deposed": [],
                    "provider": "provider.azurerm"
                },
                "azurerm_availability_set.EESSI-Test01-RINA-App-RG__EESSI-TEST01-RINA-APP-AS": {
                    "type": "azurerm_availability_set",
                    "depends_on": [],
                    "primary": {
                        "id": "/subscriptions/5efd619c-0d6c-4bf6-a31b-d54ffda461c4/resourceGroups/EESSI-Test01-RINA-App-RG/providers/Microsoft.Compute/availabilitySets/EESSI-TEST01-RINA-APP-AS",
                        "attributes": {
                            "id": "/subscriptions/5efd619c-0d6c-4bf6-a31b-d54ffda461c4/resourceGroups/EESSI-Test01-RINA-App-RG/providers/Microsoft.Compute/availabilitySets/EESSI-TEST01-RINA-APP-AS",
                            "location": "uksouth",
                            "managed": "true",
                            "name": "EESSI-TEST01-RINA-APP-AS",
                            "platform_fault_domain_count": "2",
                            "platform_update_domain_count": "5",
                            "resource_group_name": "EESSI-Test01-RINA-App-RG",
                            "tags.%": "0"
                        },
                        "meta": {},
                        "tainted": false
                    },
                    "deposed": [],
                    "provider": "provider.azurerm"
                },
                "azurerm_availability_set.EESSI-Test02-AP-FS-RG__EESSI-Test02-AP-FS-AS": {
                    "type": "azurerm_availability_set",
                    "depends_on": [],
                    "primary": {
                        "id": "/subscriptions/5efd619c-0d6c-4bf6-a31b-d54ffda461c4/resourceGroups/EESSI-Test02-AP-FS-RG/providers/Microsoft.Compute/availabilitySets/EESSI-Test02-AP-FS-AS",
                        "attributes": {
                            "id": "/subscriptions/5efd619c-0d6c-4bf6-a31b-d54ffda461c4/resourceGroups/EESSI-Test02-AP-FS-RG/providers/Microsoft.Compute/availabilitySets/EESSI-Test02-AP-FS-AS",
                            "location": "uksouth",
                            "managed": "true",
                            "name": "EESSI-Test02-AP-FS-AS",
                            "platform_fault_domain_count": "2",
                            "platform_update_domain_count": "5",
                            "resource_group_name": "EESSI-Test02-AP-FS-RG",
                            "tags.%": "0"
                        },
                        "meta": {},
                        "tainted": false
                    },
                    "deposed": [],
                    "provider": "provider.azurerm"
                },
                "azurerm_availability_set.EESSI-Test02-AP-SQL-RG__EESSI-Test02-AP-SQL-AS": {
                    "type": "azurerm_availability_set",
                    "depends_on": [],
                    "primary": {
                        "id": "/subscriptions/5efd619c-0d6c-4bf6-a31b-d54ffda461c4/resourceGroups/EESSI-Test02-AP-SQL-RG/providers/Microsoft.Compute/availabilitySets/EESSI-Test02-AP-SQL-AS",
                        "attributes": {
                            "id": "/subscriptions/5efd619c-0d6c-4bf6-a31b-d54ffda461c4/resourceGroups/EESSI-Test02-AP-SQL-RG/providers/Microsoft.Compute/availabilitySets/EESSI-Test02-AP-SQL-AS",
                            "location": "uksouth",
                            "managed": "true",
                            "name": "EESSI-Test02-AP-SQL-AS",
                            "platform_fault_domain_count": "2",
                            "platform_update_domain_count": "5",
                            "resource_group_name": "EESSI-Test02-AP-SQL-RG",
                            "tags.%": "0"
                        },
                        "meta": {},
                        "tainted": false
                    },
                    "deposed": [],
                    "provider": "provider.azurerm"
                },
                "azurerm_managed_disk.EESSI-TEST01-RINA-BPM-RG__aztst01-ribon01_OsDisk_1_14a28c99425047f5846e3b0660a631e1": {
                    "type": "azurerm_managed_disk",
                    "depends_on": [],
                    "primary": {
                        "id": "/subscriptions/5efd619c-0d6c-4bf6-a31b-d54ffda461c4/resourceGroups/EESSI-TEST01-RINA-BPM-RG/providers/Microsoft.Compute/disks/aztst01-ribon01_OsDisk_1_14a28c99425047f5846e3b0660a631e1",
                        "attributes": {
                            "create_option": "FromImage",
                            "disk_size_gb": "127",
                            "encryption_settings.#": "1",
                            "encryption_settings.0.disk_encryption_key.#": "1",
                            "encryption_settings.0.disk_encryption_key.0.secret_url": "https://eessi-test01-rina-kv.vault.azure.net/secrets/312B53BB-1AA5-4C06-BAE2-9BDE27D8B4E6/392f5d68c4e64028b3dda7c3519bf10d",
                            "encryption_settings.0.disk_encryption_key.0.source_vault_id": "/subscriptions/5efd619c-0d6c-4bf6-a31b-d54ffda461c4/resourceGroups/EESSI-Test-KV-RG/providers/Microsoft.KeyVault/vaults/EESSI-Test01-RINA-KV",
                            "encryption_settings.0.enabled": "true",
                            "encryption_settings.0.key_encryption_key.#": "1",
                            "encryption_settings.0.key_encryption_key.0.key_url": "https://eessi-test01-rina-kv.vault.azure.net/keys/keyencryptionkey/fd3804a1ede74530b4df285efe8b44b0",
                            "encryption_settings.0.key_encryption_key.0.source_vault_id": "/subscriptions/5efd619c-0d6c-4bf6-a31b-d54ffda461c4/resourceGroups/EESSI-Test-KV-RG/providers/Microsoft.KeyVault/vaults/EESSI-Test01-RINA-KV",
                            "id": "/subscriptions/5efd619c-0d6c-4bf6-a31b-d54ffda461c4/resourceGroups/EESSI-TEST01-RINA-BPM-RG/providers/Microsoft.Compute/disks/aztst01-ribon01_OsDisk_1_14a28c99425047f5846e3b0660a631e1",
                            "image_reference_id": "/Subscriptions/5efd619c-0d6c-4bf6-a31b-d54ffda461c4/Providers/Microsoft.Compute/Locations/uksouth/Publishers/MicrosoftWindowsServer/ArtifactTypes/VMImage/Offers/WindowsServer/Skus/2016-Datacenter/Versions/2016.127.20171217",
                            "location": "uksouth",
                            "name": "aztst01-ribon01_OsDisk_1_14a28c99425047f5846e3b0660a631e1",
                            "os_type": "Windows",
                            "resource_group_name": "EESSI-TEST01-RINA-BPM-RG",
                            "storage_account_type": "Premium_LRS",
                            "tags.%": "0",
                            "zones.#": "0"
                        },
                        "meta": {},
                        "tainted": false
                    },
                    "deposed": [],
                    "provider": "provider.azurerm"
                },
                "azurerm_managed_disk.EESSI-TEST01-RINA-BPM-RG__aztst01-ribon02_OsDisk_1_76f04f80d9fb4e35bcc075aad19dd5e5": {
                    "type": "azurerm_managed_disk",
                    "depends_on": [],
                    "primary": {
                        "id": "/subscriptions/5efd619c-0d6c-4bf6-a31b-d54ffda461c4/resourceGroups/EESSI-TEST01-RINA-BPM-RG/providers/Microsoft.Compute/disks/aztst01-ribon02_OsDisk_1_76f04f80d9fb4e35bcc075aad19dd5e5",
                        "attributes": {
                            "create_option": "FromImage",
                            "disk_size_gb": "127",
                            "encryption_settings.#": "1",
                            "encryption_settings.0.disk_encryption_key.#": "1",
                            "encryption_settings.0.disk_encryption_key.0.secret_url": "https://eessi-test01-rina-kv.vault.azure.net/secrets/D0EE4253-9DA4-473E-83DD-BDF4E2FB7C4D/5dd0fd21bfe240b1b2bad5f5fb14c547",
                            "encryption_settings.0.disk_encryption_key.0.source_vault_id": "/subscriptions/5efd619c-0d6c-4bf6-a31b-d54ffda461c4/resourceGroups/EESSI-Test-KV-RG/providers/Microsoft.KeyVault/vaults/EESSI-Test01-RINA-KV",
                            "encryption_settings.0.enabled": "true",
                            "encryption_settings.0.key_encryption_key.#": "1",
                            "encryption_settings.0.key_encryption_key.0.key_url": "https://eessi-test01-rina-kv.vault.azure.net/keys/keyencryptionkey/fd3804a1ede74530b4df285efe8b44b0",
                            "encryption_settings.0.key_encryption_key.0.source_vault_id": "/subscriptions/5efd619c-0d6c-4bf6-a31b-d54ffda461c4/resourceGroups/EESSI-Test-KV-RG/providers/Microsoft.KeyVault/vaults/EESSI-Test01-RINA-KV",
                            "id": "/subscriptions/5efd619c-0d6c-4bf6-a31b-d54ffda461c4/resourceGroups/EESSI-TEST01-RINA-BPM-RG/providers/Microsoft.Compute/disks/aztst01-ribon02_OsDisk_1_76f04f80d9fb4e35bcc075aad19dd5e5",
                            "image_reference_id": "/Subscriptions/5efd619c-0d6c-4bf6-a31b-d54ffda461c4/Providers/Microsoft.Compute/Locations/uksouth/Publishers/MicrosoftWindowsServer/ArtifactTypes/VMImage/Offers/WindowsServer/Skus/2016-Datacenter/Versions/2016.127.20171217",
                            "location": "uksouth",
                            "name": "aztst01-ribon02_OsDisk_1_76f04f80d9fb4e35bcc075aad19dd5e5",
                            "os_type": "Windows",
                            "resource_group_name": "EESSI-TEST01-RINA-BPM-RG",
                            "storage_account_type": "Premium_LRS",
                            "tags.%": "0",
                            "zones.#": "0"
                        },
                        "meta": {},
                        "tainted": false
                    },
                    "deposed": [],
                    "provider": "provider.azurerm"
                },
                "azurerm_managed_disk.EESSI-TEST01-RINA-ELAST-RG__Data": {
                    "type": "azurerm_managed_disk",
                    "depends_on": [],
                    "primary": {
                        "id": "/subscriptions/5efd619c-0d6c-4bf6-a31b-d54ffda461c4/resourceGroups/EESSI-TEST01-RINA-ELAST-RG/providers/Microsoft.Compute/disks/Data",
                        "attributes": {
                            "create_option": "Empty",
                            "disk_size_gb": "500",
                            "id": "/subscriptions/5efd619c-0d6c-4bf6-a31b-d54ffda461c4/resourceGroups/EESSI-TEST01-RINA-ELAST-RG/providers/Microsoft.Compute/disks/Data",
                            "location": "uksouth",
                            "name": "Data",
                            "resource_group_name": "EESSI-TEST01-RINA-ELAST-RG",
                            "storage_account_type": "Premium_LRS",
                            "tags.%": "0",
                            "zones.#": "0"
                        },
                        "meta": {},
                        "tainted": false
                    },
                    "deposed": [],
                    "provider": "provider.azurerm"
                },
                "azurerm_managed_disk.EESSI-TEST01-RINA-ELAST-RG__aztest01-ries02-Data": {
                    "type": "azurerm_managed_disk",
                    "depends_on": [],
                    "primary": {
                        "id": "/subscriptions/5efd619c-0d6c-4bf6-a31b-d54ffda461c4/resourceGroups/EESSI-TEST01-RINA-ELAST-RG/providers/Microsoft.Compute/disks/aztest01-ries02-Data",
                        "attributes": {
                            "create_option": "Empty",
                            "disk_size_gb": "500",
                            "id": "/subscriptions/5efd619c-0d6c-4bf6-a31b-d54ffda461c4/resourceGroups/EESSI-TEST01-RINA-ELAST-RG/providers/Microsoft.Compute/disks/aztest01-ries02-Data",
                            "location": "uksouth",
                            "name": "aztest01-ries02-Data",
                            "resource_group_name": "EESSI-TEST01-RINA-ELAST-RG",
                            "storage_account_type": "Premium_LRS",
                            "tags.%": "0",
                            "zones.#": "0"
                        },
                        "meta": {},
                        "tainted": false
                    },
                    "deposed": [],
                    "provider": "provider.azurerm"
                },
                "azurerm_managed_disk.EESSI-TEST01-RINA-ELAST-RG__aztst01-ries01_OsDisk_1_7e2b15ba954e4f2bb6c5c7f2efdc9cd1": {
                    "type": "azurerm_managed_disk",
                    "depends_on": [],
                    "primary": {
                        "id": "/subscriptions/5efd619c-0d6c-4bf6-a31b-d54ffda461c4/resourceGroups/EESSI-TEST01-RINA-ELAST-RG/providers/Microsoft.Compute/disks/aztst01-ries01_OsDisk_1_7e2b15ba954e4f2bb6c5c7f2efdc9cd1",
                        "attributes": {
                            "create_option": "FromImage",
                            "disk_size_gb": "127",
                            "encryption_settings.#": "1",
                            "encryption_settings.0.disk_encryption_key.#": "1",
                            "encryption_settings.0.disk_encryption_key.0.secret_url": "https://eessi-test01-rina-kv.vault.azure.net/secrets/C98D4FBE-F8DB-4BD6-8D11-B8F67DD4B306/b2ad297f1ef547c2a84068abda0ae0bf",
                            "encryption_settings.0.disk_encryption_key.0.source_vault_id": "/subscriptions/5efd619c-0d6c-4bf6-a31b-d54ffda461c4/resourceGroups/EESSI-Test-KV-RG/providers/Microsoft.KeyVault/vaults/EESSI-Test01-RINA-KV",
                            "encryption_settings.0.enabled": "true",
                            "encryption_settings.0.key_encryption_key.#": "1",
                            "encryption_settings.0.key_encryption_key.0.key_url": "https://eessi-test01-rina-kv.vault.azure.net/keys/keyencryptionkey/fd3804a1ede74530b4df285efe8b44b0",
                            "encryption_settings.0.key_encryption_key.0.source_vault_id": "/subscriptions/5efd619c-0d6c-4bf6-a31b-d54ffda461c4/resourceGroups/EESSI-Test-KV-RG/providers/Microsoft.KeyVault/vaults/EESSI-Test01-RINA-KV",
                            "id": "/subscriptions/5efd619c-0d6c-4bf6-a31b-d54ffda461c4/resourceGroups/EESSI-TEST01-RINA-ELAST-RG/providers/Microsoft.Compute/disks/aztst01-ries01_OsDisk_1_7e2b15ba954e4f2bb6c5c7f2efdc9cd1",
                            "image_reference_id": "/Subscriptions/5efd619c-0d6c-4bf6-a31b-d54ffda461c4/Providers/Microsoft.Compute/Locations/uksouth/Publishers/MicrosoftWindowsServer/ArtifactTypes/VMImage/Offers/WindowsServer/Skus/2016-Datacenter/Versions/2016.127.20171217",
                            "location": "uksouth",
                            "name": "aztst01-ries01_OsDisk_1_7e2b15ba954e4f2bb6c5c7f2efdc9cd1",
                            "os_type": "Windows",
                            "resource_group_name": "EESSI-TEST01-RINA-ELAST-RG",
                            "storage_account_type": "Premium_LRS",
                            "tags.%": "0",
                            "zones.#": "0"
                        },
                        "meta": {},
                        "tainted": false
                    },
                    "deposed": [],
                    "provider": "provider.azurerm"
                },
                "azurerm_managed_disk.EESSI-TEST01-RINA-ELAST-RG__aztst01-ries02_OsDisk_1_a0ec6e7bf0d849c4a2942318af97226a": {
                    "type": "azurerm_managed_disk",
                    "depends_on": [],
                    "primary": {
                        "id": "/subscriptions/5efd619c-0d6c-4bf6-a31b-d54ffda461c4/resourceGroups/EESSI-TEST01-RINA-ELAST-RG/providers/Microsoft.Compute/disks/aztst01-ries02_OsDisk_1_a0ec6e7bf0d849c4a2942318af97226a",
                        "attributes": {
                            "create_option": "FromImage",
                            "disk_size_gb": "127",
                            "encryption_settings.#": "1",
                            "encryption_settings.0.disk_encryption_key.#": "1",
                            "encryption_settings.0.disk_encryption_key.0.secret_url": "https://eessi-test01-rina-kv.vault.azure.net/secrets/2ABACE2E-5E72-4983-94BD-A04747835E30/17043000ee784a4ab5be9b273e0ff8f2",
                            "encryption_settings.0.disk_encryption_key.0.source_vault_id": "/subscriptions/5efd619c-0d6c-4bf6-a31b-d54ffda461c4/resourceGroups/EESSI-Test-KV-RG/providers/Microsoft.KeyVault/vaults/EESSI-Test01-RINA-KV",
                            "encryption_settings.0.enabled": "true",
                            "encryption_settings.0.key_encryption_key.#": "1",
                            "encryption_settings.0.key_encryption_key.0.key_url": "https://eessi-test01-rina-kv.vault.azure.net/keys/keyencryptionkey/fd3804a1ede74530b4df285efe8b44b0",
                            "encryption_settings.0.key_encryption_key.0.source_vault_id": "/subscriptions/5efd619c-0d6c-4bf6-a31b-d54ffda461c4/resourceGroups/EESSI-Test-KV-RG/providers/Microsoft.KeyVault/vaults/EESSI-Test01-RINA-KV",
                            "id": "/subscriptions/5efd619c-0d6c-4bf6-a31b-d54ffda461c4/resourceGroups/EESSI-TEST01-RINA-ELAST-RG/providers/Microsoft.Compute/disks/aztst01-ries02_OsDisk_1_a0ec6e7bf0d849c4a2942318af97226a",
                            "image_reference_id": "/Subscriptions/5efd619c-0d6c-4bf6-a31b-d54ffda461c4/Providers/Microsoft.Compute/Locations/uksouth/Publishers/MicrosoftWindowsServer/ArtifactTypes/VMImage/Offers/WindowsServer/Skus/2016-Datacenter/Versions/2016.127.20171217",
                            "location": "uksouth",
                            "name": "aztst01-ries02_OsDisk_1_a0ec6e7bf0d849c4a2942318af97226a",
                            "os_type": "Windows",
                            "resource_group_name": "EESSI-TEST01-RINA-ELAST-RG",
                            "storage_account_type": "Premium_LRS",
                            "tags.%": "0",
                            "zones.#": "0"
                        },
                        "meta": {},
                        "tainted": false
                    },
                    "deposed": [],
                    "provider": "provider.azurerm"
                },
                "azurerm_managed_disk.EESSI-TEST01-RINA-FSHARE-RG__aztst01-rifs01-disk1": {
                    "type": "azurerm_managed_disk",
                    "depends_on": [],
                    "primary": {
                        "id": "/subscriptions/5efd619c-0d6c-4bf6-a31b-d54ffda461c4/resourceGroups/EESSI-TEST01-RINA-FSHARE-RG/providers/Microsoft.Compute/disks/aztst01-rifs01-disk1",
                        "attributes": {
                            "create_option": "Empty",
                            "disk_size_gb": "512",
                            "id": "/subscriptions/5efd619c-0d6c-4bf6-a31b-d54ffda461c4/resourceGroups/EESSI-TEST01-RINA-FSHARE-RG/providers/Microsoft.Compute/disks/aztst01-rifs01-disk1",
                            "location": "uksouth",
                            "name": "aztst01-rifs01-disk1",
                            "resource_group_name": "EESSI-TEST01-RINA-FSHARE-RG",
                            "storage_account_type": "Premium_LRS",
                            "tags.%": "0",
                            "zones.#": "0"
                        },
                        "meta": {},
                        "tainted": false
                    },
                    "deposed": [],
                    "provider": "provider.azurerm"
                },
                "azurerm_managed_disk.EESSI-TEST01-RINA-FSHARE-RG__aztst01-rifs01-disk2": {
                    "type": "azurerm_managed_disk",
                    "depends_on": [],
                    "primary": {
                        "id": "/subscriptions/5efd619c-0d6c-4bf6-a31b-d54ffda461c4/resourceGroups/EESSI-TEST01-RINA-FSHARE-RG/providers/Microsoft.Compute/disks/aztst01-rifs01-disk2",
                        "attributes": {
                            "create_option": "Empty",
                            "disk_size_gb": "512",
                            "id": "/subscriptions/5efd619c-0d6c-4bf6-a31b-d54ffda461c4/resourceGroups/EESSI-TEST01-RINA-FSHARE-RG/providers/Microsoft.Compute/disks/aztst01-rifs01-disk2",
                            "location": "uksouth",
                            "name": "aztst01-rifs01-disk2",
                            "resource_group_name": "EESSI-TEST01-RINA-FSHARE-RG",
                            "storage_account_type": "Premium_LRS",
                            "tags.%": "0",
                            "zones.#": "0"
                        },
                        "meta": {},
                        "tainted": false
                    },
                    "deposed": [],
                    "provider": "provider.azurerm"
                },
                "azurerm_managed_disk.EESSI-TEST01-RINA-FSHARE-RG__aztst01-rifs01_OsDisk_1_0b4f537f8e2043c3b6dfd4c38c08b8da": {
                    "type": "azurerm_managed_disk",
                    "depends_on": [],
                    "primary": {
                        "id": "/subscriptions/5efd619c-0d6c-4bf6-a31b-d54ffda461c4/resourceGroups/EESSI-TEST01-RINA-FSHARE-RG/providers/Microsoft.Compute/disks/aztst01-rifs01_OsDisk_1_0b4f537f8e2043c3b6dfd4c38c08b8da",
                        "attributes": {
                            "create_option": "FromImage",
                            "disk_size_gb": "127",
                            "id": "/subscriptions/5efd619c-0d6c-4bf6-a31b-d54ffda461c4/resourceGroups/EESSI-TEST01-RINA-FSHARE-RG/providers/Microsoft.Compute/disks/aztst01-rifs01_OsDisk_1_0b4f537f8e2043c3b6dfd4c38c08b8da",
                            "image_reference_id": "/Subscriptions/5efd619c-0d6c-4bf6-a31b-d54ffda461c4/Providers/Microsoft.Compute/Locations/uksouth/Publishers/MicrosoftWindowsServer/ArtifactTypes/VMImage/Offers/WindowsServer/Skus/2016-Datacenter/Versions/2016.127.20171217",
                            "location": "uksouth",
                            "name": "aztst01-rifs01_OsDisk_1_0b4f537f8e2043c3b6dfd4c38c08b8da",
                            "os_type": "Windows",
                            "resource_group_name": "EESSI-TEST01-RINA-FSHARE-RG",
                            "storage_account_type": "Premium_LRS",
                            "tags.%": "0",
                            "zones.#": "0"
                        },
                        "meta": {},
                        "tainted": false
                    },
                    "deposed": [],
                    "provider": "provider.azurerm"
                },
                "azurerm_managed_disk.EESSI-TEST01-RINA-FSHARE-RG__aztst01-rifs02-Disk1": {
                    "type": "azurerm_managed_disk",
                    "depends_on": [],
                    "primary": {
                        "id": "/subscriptions/5efd619c-0d6c-4bf6-a31b-d54ffda461c4/resourceGroups/EESSI-TEST01-RINA-FSHARE-RG/providers/Microsoft.Compute/disks/aztst01-rifs02-Disk1",
                        "attributes": {
                            "create_option": "Empty",
                            "disk_size_gb": "512",
                            "id": "/subscriptions/5efd619c-0d6c-4bf6-a31b-d54ffda461c4/resourceGroups/EESSI-TEST01-RINA-FSHARE-RG/providers/Microsoft.Compute/disks/aztst01-rifs02-Disk1",
                            "location": "uksouth",
                            "name": "aztst01-rifs02-Disk1",
                            "resource_group_name": "EESSI-TEST01-RINA-FSHARE-RG",
                            "storage_account_type": "Premium_LRS",
                            "tags.%": "0",
                            "zones.#": "0"
                        },
                        "meta": {},
                        "tainted": false
                    },
                    "deposed": [],
                    "provider": "provider.azurerm"
                },
                "azurerm_managed_disk.EESSI-TEST01-RINA-FSHARE-RG__aztst01-rifs02-Disk2": {
                    "type": "azurerm_managed_disk",
                    "depends_on": [],
                    "primary": {
                        "id": "/subscriptions/5efd619c-0d6c-4bf6-a31b-d54ffda461c4/resourceGroups/EESSI-TEST01-RINA-FSHARE-RG/providers/Microsoft.Compute/disks/aztst01-rifs02-Disk2",
                        "attributes": {
                            "create_option": "Empty",
                            "disk_size_gb": "512",
                            "id": "/subscriptions/5efd619c-0d6c-4bf6-a31b-d54ffda461c4/resourceGroups/EESSI-TEST01-RINA-FSHARE-RG/providers/Microsoft.Compute/disks/aztst01-rifs02-Disk2",
                            "location": "uksouth",
                            "name": "aztst01-rifs02-Disk2",
                            "resource_group_name": "EESSI-TEST01-RINA-FSHARE-RG",
                            "storage_account_type": "Premium_LRS",
                            "tags.%": "0",
                            "zones.#": "0"
                        },
                        "meta": {},
                        "tainted": false
                    },
                    "deposed": [],
                    "provider": "provider.azurerm"
                },
                "azurerm_managed_disk.EESSI-TEST01-RINA-FSHARE-RG__aztst01-rifs02_OsDisk_1_47064752dea14d36949a1af3d1679f5a": {
                    "type": "azurerm_managed_disk",
                    "depends_on": [],
                    "primary": {
                        "id": "/subscriptions/5efd619c-0d6c-4bf6-a31b-d54ffda461c4/resourceGroups/EESSI-TEST01-RINA-FSHARE-RG/providers/Microsoft.Compute/disks/aztst01-rifs02_OsDisk_1_47064752dea14d36949a1af3d1679f5a",
                        "attributes": {
                            "create_option": "FromImage",
                            "disk_size_gb": "127",
                            "encryption_settings.#": "1",
                            "encryption_settings.0.disk_encryption_key.#": "1",
                            "encryption_settings.0.disk_encryption_key.0.secret_url": "https://eessi-test01-rina-kv.vault.azure.net/secrets/1A3BF0A0-B92B-4C18-8C9E-F4D947331B8C/8cd3e188624c48e09fc35ae44c7bb3ba",
                            "encryption_settings.0.disk_encryption_key.0.source_vault_id": "/subscriptions/5efd619c-0d6c-4bf6-a31b-d54ffda461c4/resourceGroups/EESSI-Test-KV-RG/providers/Microsoft.KeyVault/vaults/EESSI-Test01-RINA-KV",
                            "encryption_settings.0.enabled": "true",
                            "encryption_settings.0.key_encryption_key.#": "1",
                            "encryption_settings.0.key_encryption_key.0.key_url": "https://eessi-test01-rina-kv.vault.azure.net/keys/keyencryptionkey/fd3804a1ede74530b4df285efe8b44b0",
                            "encryption_settings.0.key_encryption_key.0.source_vault_id": "/subscriptions/5efd619c-0d6c-4bf6-a31b-d54ffda461c4/resourceGroups/EESSI-Test-KV-RG/providers/Microsoft.KeyVault/vaults/EESSI-Test01-RINA-KV",
                            "id": "/subscriptions/5efd619c-0d6c-4bf6-a31b-d54ffda461c4/resourceGroups/EESSI-TEST01-RINA-FSHARE-RG/providers/Microsoft.Compute/disks/aztst01-rifs02_OsDisk_1_47064752dea14d36949a1af3d1679f5a",
                            "image_reference_id": "/Subscriptions/5efd619c-0d6c-4bf6-a31b-d54ffda461c4/Providers/Microsoft.Compute/Locations/uksouth/Publishers/MicrosoftWindowsServer/ArtifactTypes/VMImage/Offers/WindowsServer/Skus/2016-Datacenter/Versions/2016.127.20171217",
                            "location": "uksouth",
                            "name": "aztst01-rifs02_OsDisk_1_47064752dea14d36949a1af3d1679f5a",
                            "os_type": "Windows",
                            "resource_group_name": "EESSI-TEST01-RINA-FSHARE-RG",
                            "storage_account_type": "Premium_LRS",
                            "tags.%": "0",
                            "zones.#": "0"
                        },
                        "meta": {},
                        "tainted": false
                    },
                    "deposed": [],
                    "provider": "provider.azurerm"
                },
                "azurerm_managed_disk.EESSI-TEST01-RINA-HDK-RG__aztst01-rihol01_OsDisk_1_24810a96a40d436d81da63c6441c63bf": {
                    "type": "azurerm_managed_disk",
                    "depends_on": [],
                    "primary": {
                        "id": "/subscriptions/5efd619c-0d6c-4bf6-a31b-d54ffda461c4/resourceGroups/EESSI-TEST01-RINA-HDK-RG/providers/Microsoft.Compute/disks/aztst01-rihol01_OsDisk_1_24810a96a40d436d81da63c6441c63bf",
                        "attributes": {
                            "create_option": "FromImage",
                            "disk_size_gb": "127",
                            "encryption_settings.#": "1",
                            "encryption_settings.0.disk_encryption_key.#": "1",
                            "encryption_settings.0.disk_encryption_key.0.secret_url": "https://eessi-test01-rina-kv.vault.azure.net/secrets/F0323B2D-C008-4A21-8DF1-D5B1AAD0C9C1/018e1cbfde464bedba8c421ca6e5f772",
                            "encryption_settings.0.disk_encryption_key.0.source_vault_id": "/subscriptions/5efd619c-0d6c-4bf6-a31b-d54ffda461c4/resourceGroups/EESSI-Test-KV-RG/providers/Microsoft.KeyVault/vaults/EESSI-Test01-RINA-KV",
                            "encryption_settings.0.enabled": "true",
                            "encryption_settings.0.key_encryption_key.#": "1",
                            "encryption_settings.0.key_encryption_key.0.key_url": "https://eessi-test01-rina-kv.vault.azure.net/keys/keyencryptionkey/fd3804a1ede74530b4df285efe8b44b0",
                            "encryption_settings.0.key_encryption_key.0.source_vault_id": "/subscriptions/5efd619c-0d6c-4bf6-a31b-d54ffda461c4/resourceGroups/EESSI-Test-KV-RG/providers/Microsoft.KeyVault/vaults/EESSI-Test01-RINA-KV",
                            "id": "/subscriptions/5efd619c-0d6c-4bf6-a31b-d54ffda461c4/resourceGroups/EESSI-TEST01-RINA-HDK-RG/providers/Microsoft.Compute/disks/aztst01-rihol01_OsDisk_1_24810a96a40d436d81da63c6441c63bf",
                            "image_reference_id": "/Subscriptions/5efd619c-0d6c-4bf6-a31b-d54ffda461c4/Providers/Microsoft.Compute/Locations/uksouth/Publishers/MicrosoftWindowsServer/ArtifactTypes/VMImage/Offers/WindowsServer/Skus/2016-Datacenter/Versions/2016.127.20171217",
                            "location": "uksouth",
                            "name": "aztst01-rihol01_OsDisk_1_24810a96a40d436d81da63c6441c63bf",
                            "os_type": "Windows",
                            "resource_group_name": "EESSI-TEST01-RINA-HDK-RG",
                            "storage_account_type": "Premium_LRS",
                            "tags.%": "0",
                            "zones.#": "0"
                        },
                        "meta": {},
                        "tainted": false
                    },
                    "deposed": [],
                    "provider": "provider.azurerm"
                },
                "azurerm_managed_disk.EESSI-TEST01-RINA-HDK-RG__aztst01-rihol02_OsDisk_1_c7abf9bdd1884097975e1e2a5b2873a7": {
                    "type": "azurerm_managed_disk",
                    "depends_on": [],
                    "primary": {
                        "id": "/subscriptions/5efd619c-0d6c-4bf6-a31b-d54ffda461c4/resourceGroups/EESSI-TEST01-RINA-HDK-RG/providers/Microsoft.Compute/disks/aztst01-rihol02_OsDisk_1_c7abf9bdd1884097975e1e2a5b2873a7",
                        "attributes": {
                            "create_option": "FromImage",
                            "disk_size_gb": "127",
                            "encryption_settings.#": "1",
                            "encryption_settings.0.disk_encryption_key.#": "1",
                            "encryption_settings.0.disk_encryption_key.0.secret_url": "https://eessi-test01-rina-kv.vault.azure.net/secrets/953BBD7D-662E-4ADE-88E6-A5CE31E11B36/ece0f0f606294c18ac90a7358ced57e6",
                            "encryption_settings.0.disk_encryption_key.0.source_vault_id": "/subscriptions/5efd619c-0d6c-4bf6-a31b-d54ffda461c4/resourceGroups/EESSI-Test-KV-RG/providers/Microsoft.KeyVault/vaults/EESSI-Test01-RINA-KV",
                            "encryption_settings.0.enabled": "true",
                            "encryption_settings.0.key_encryption_key.#": "1",
                            "encryption_settings.0.key_encryption_key.0.key_url": "https://eessi-test01-rina-kv.vault.azure.net/keys/keyencryptionkey/fd3804a1ede74530b4df285efe8b44b0",
                            "encryption_settings.0.key_encryption_key.0.source_vault_id": "/subscriptions/5efd619c-0d6c-4bf6-a31b-d54ffda461c4/resourceGroups/EESSI-Test-KV-RG/providers/Microsoft.KeyVault/vaults/EESSI-Test01-RINA-KV",
                            "id": "/subscriptions/5efd619c-0d6c-4bf6-a31b-d54ffda461c4/resourceGroups/EESSI-TEST01-RINA-HDK-RG/providers/Microsoft.Compute/disks/aztst01-rihol02_OsDisk_1_c7abf9bdd1884097975e1e2a5b2873a7",
                            "image_reference_id": "/Subscriptions/5efd619c-0d6c-4bf6-a31b-d54ffda461c4/Providers/Microsoft.Compute/Locations/uksouth/Publishers/MicrosoftWindowsServer/ArtifactTypes/VMImage/Offers/WindowsServer/Skus/2016-Datacenter/Versions/2016.127.20171217",
                            "location": "uksouth",
                            "name": "aztst01-rihol02_OsDisk_1_c7abf9bdd1884097975e1e2a5b2873a7",
                            "os_type": "Windows",
                            "resource_group_name": "EESSI-TEST01-RINA-HDK-RG",
                            "storage_account_type": "Premium_LRS",
                            "tags.%": "0",
                            "zones.#": "0"
                        },
                        "meta": {},
                        "tainted": false
                    },
                    "deposed": [],
                    "provider": "provider.azurerm"
                },
                "azurerm_managed_disk.EESSI-TEST01-RINA-LB-RG__aztst01-rilb02_OsDisk_1_f905e79801364cfb909373f6e6ec0b6a": {
                    "type": "azurerm_managed_disk",
                    "depends_on": [],
                    "primary": {
                        "id": "/subscriptions/5efd619c-0d6c-4bf6-a31b-d54ffda461c4/resourceGroups/EESSI-TEST01-RINA-LB-RG/providers/Microsoft.Compute/disks/aztst01-rilb02_OsDisk_1_f905e79801364cfb909373f6e6ec0b6a",
                        "attributes": {
                            "create_option": "FromImage",
                            "disk_size_gb": "127",
                            "id": "/subscriptions/5efd619c-0d6c-4bf6-a31b-d54ffda461c4/resourceGroups/EESSI-TEST01-RINA-LB-RG/providers/Microsoft.Compute/disks/aztst01-rilb02_OsDisk_1_f905e79801364cfb909373f6e6ec0b6a",
                            "image_reference_id": "/Subscriptions/5efd619c-0d6c-4bf6-a31b-d54ffda461c4/Providers/Microsoft.Compute/Locations/uksouth/Publishers/MicrosoftWindowsServer/ArtifactTypes/VMImage/Offers/WindowsServer/Skus/2016-Datacenter/Versions/2016.127.20171217",
                            "location": "uksouth",
                            "name": "aztst01-rilb02_OsDisk_1_f905e79801364cfb909373f6e6ec0b6a",
                            "os_type": "Windows",
                            "resource_group_name": "EESSI-TEST01-RINA-LB-RG",
                            "storage_account_type": "Premium_LRS",
                            "tags.%": "0",
                            "zones.#": "0"
                        },
                        "meta": {},
                        "tainted": false
                    },
                    "deposed": [],
                    "provider": "provider.azurerm"
                },
                "azurerm_managed_disk.EESSI-TEST01-RINA-POSTGRE-RG__Data": {
                    "type": "azurerm_managed_disk",
                    "depends_on": [],
                    "primary": {
                        "id": "/subscriptions/5efd619c-0d6c-4bf6-a31b-d54ffda461c4/resourceGroups/EESSI-TEST01-RINA-POSTGRE-RG/providers/Microsoft.Compute/disks/Data",
                        "attributes": {
                            "create_option": "Empty",
                            "disk_size_gb": "500",
                            "id": "/subscriptions/5efd619c-0d6c-4bf6-a31b-d54ffda461c4/resourceGroups/EESSI-TEST01-RINA-POSTGRE-RG/providers/Microsoft.Compute/disks/Data",
                            "location": "uksouth",
                            "name": "Data",
                            "resource_group_name": "EESSI-TEST01-RINA-POSTGRE-RG",
                            "storage_account_type": "Premium_LRS",
                            "tags.%": "0",
                            "zones.#": "0"
                        },
                        "meta": {},
                        "tainted": false
                    },
                    "deposed": [],
                    "provider": "provider.azurerm"
                },
                "azurerm_managed_disk.EESSI-TEST01-RINA-POSTGRE-RG__aztst01-risql01_OsDisk_1_9a2ddd056e2241e3a5ca4447f19f24f0": {
                    "type": "azurerm_managed_disk",
                    "depends_on": [],
                    "primary": {
                        "id": "/subscriptions/5efd619c-0d6c-4bf6-a31b-d54ffda461c4/resourceGroups/EESSI-TEST01-RINA-POSTGRE-RG/providers/Microsoft.Compute/disks/aztst01-risql01_OsDisk_1_9a2ddd056e2241e3a5ca4447f19f24f0",
                        "attributes": {
                            "create_option": "FromImage",
                            "disk_size_gb": "127",
                            "encryption_settings.#": "1",
                            "encryption_settings.0.disk_encryption_key.#": "1",
                            "encryption_settings.0.disk_encryption_key.0.secret_url": "https://eessi-test01-rina-kv.vault.azure.net/secrets/0B3F9AF1-6C3F-4420-9FC6-AD554A73A8F6/0d4c8064957c4fd59fbae5573e8bb72c",
                            "encryption_settings.0.disk_encryption_key.0.source_vault_id": "/subscriptions/5efd619c-0d6c-4bf6-a31b-d54ffda461c4/resourceGroups/EESSI-Test-KV-RG/providers/Microsoft.KeyVault/vaults/EESSI-Test01-RINA-KV",
                            "encryption_settings.0.enabled": "true",
                            "encryption_settings.0.key_encryption_key.#": "1",
                            "encryption_settings.0.key_encryption_key.0.key_url": "https://eessi-test01-rina-kv.vault.azure.net/keys/keyencryptionkey/fd3804a1ede74530b4df285efe8b44b0",
                            "encryption_settings.0.key_encryption_key.0.source_vault_id": "/subscriptions/5efd619c-0d6c-4bf6-a31b-d54ffda461c4/resourceGroups/EESSI-Test-KV-RG/providers/Microsoft.KeyVault/vaults/EESSI-Test01-RINA-KV",
                            "id": "/subscriptions/5efd619c-0d6c-4bf6-a31b-d54ffda461c4/resourceGroups/EESSI-TEST01-RINA-POSTGRE-RG/providers/Microsoft.Compute/disks/aztst01-risql01_OsDisk_1_9a2ddd056e2241e3a5ca4447f19f24f0",
                            "image_reference_id": "/Subscriptions/5efd619c-0d6c-4bf6-a31b-d54ffda461c4/Providers/Microsoft.Compute/Locations/uksouth/Publishers/MicrosoftWindowsServer/ArtifactTypes/VMImage/Offers/WindowsServer/Skus/2016-Datacenter/Versions/2016.127.20171217",
                            "location": "uksouth",
                            "name": "aztst01-risql01_OsDisk_1_9a2ddd056e2241e3a5ca4447f19f24f0",
                            "os_type": "Windows",
                            "resource_group_name": "EESSI-TEST01-RINA-POSTGRE-RG",
                            "storage_account_type": "Premium_LRS",
                            "tags.%": "0",
                            "zones.#": "0"
                        },
                        "meta": {},
                        "tainted": false
                    },
                    "deposed": [],
                    "provider": "provider.azurerm"
                },
                "azurerm_managed_disk.EESSI-TEST01-RINA-POSTGRE-RG__aztst01-risql02-Data": {
                    "type": "azurerm_managed_disk",
                    "depends_on": [],
                    "primary": {
                        "id": "/subscriptions/5efd619c-0d6c-4bf6-a31b-d54ffda461c4/resourceGroups/EESSI-TEST01-RINA-POSTGRE-RG/providers/Microsoft.Compute/disks/aztst01-risql02-Data",
                        "attributes": {
                            "create_option": "Empty",
                            "disk_size_gb": "500",
                            "id": "/subscriptions/5efd619c-0d6c-4bf6-a31b-d54ffda461c4/resourceGroups/EESSI-TEST01-RINA-POSTGRE-RG/providers/Microsoft.Compute/disks/aztst01-risql02-Data",
                            "location": "uksouth",
                            "name": "aztst01-risql02-Data",
                            "resource_group_name": "EESSI-TEST01-RINA-POSTGRE-RG",
                            "storage_account_type": "Premium_LRS",
                            "tags.%": "0",
                            "zones.#": "0"
                        },
                        "meta": {},
                        "tainted": false
                    },
                    "deposed": [],
                    "provider": "provider.azurerm"
                },
                "azurerm_managed_disk.EESSI-TEST01-RINA-POSTGRE-RG__aztst01-risql02_OsDisk_1_a8fd780018a1422da2691e50f358302d": {
                    "type": "azurerm_managed_disk",
                    "depends_on": [],
                    "primary": {
                        "id": "/subscriptions/5efd619c-0d6c-4bf6-a31b-d54ffda461c4/resourceGroups/EESSI-TEST01-RINA-POSTGRE-RG/providers/Microsoft.Compute/disks/aztst01-risql02_OsDisk_1_a8fd780018a1422da2691e50f358302d",
                        "attributes": {
                            "create_option": "FromImage",
                            "disk_size_gb": "127",
                            "encryption_settings.#": "1",
                            "encryption_settings.0.disk_encryption_key.#": "1",
                            "encryption_settings.0.disk_encryption_key.0.secret_url": "https://eessi-test01-rina-kv.vault.azure.net/secrets/A3827075-B58F-45E7-B659-AF0918EDBBFF/141da8bb0f8b46198176ba069dc9bac0",
                            "encryption_settings.0.disk_encryption_key.0.source_vault_id": "/subscriptions/5efd619c-0d6c-4bf6-a31b-d54ffda461c4/resourceGroups/EESSI-Test-KV-RG/providers/Microsoft.KeyVault/vaults/EESSI-Test01-RINA-KV",
                            "encryption_settings.0.enabled": "true",
                            "encryption_settings.0.key_encryption_key.#": "1",
                            "encryption_settings.0.key_encryption_key.0.key_url": "https://eessi-test01-rina-kv.vault.azure.net/keys/keyencryptionkey/fd3804a1ede74530b4df285efe8b44b0",
                            "encryption_settings.0.key_encryption_key.0.source_vault_id": "/subscriptions/5efd619c-0d6c-4bf6-a31b-d54ffda461c4/resourceGroups/EESSI-Test-KV-RG/providers/Microsoft.KeyVault/vaults/EESSI-Test01-RINA-KV",
                            "id": "/subscriptions/5efd619c-0d6c-4bf6-a31b-d54ffda461c4/resourceGroups/EESSI-TEST01-RINA-POSTGRE-RG/providers/Microsoft.Compute/disks/aztst01-risql02_OsDisk_1_a8fd780018a1422da2691e50f358302d",
                            "image_reference_id": "/Subscriptions/5efd619c-0d6c-4bf6-a31b-d54ffda461c4/Providers/Microsoft.Compute/Locations/uksouth/Publishers/MicrosoftWindowsServer/ArtifactTypes/VMImage/Offers/WindowsServer/Skus/2016-Datacenter/Versions/2016.127.20171217",
                            "location": "uksouth",
                            "name": "aztst01-risql02_OsDisk_1_a8fd780018a1422da2691e50f358302d",
                            "os_type": "Windows",
                            "resource_group_name": "EESSI-TEST01-RINA-POSTGRE-RG",
                            "storage_account_type": "Premium_LRS",
                            "tags.%": "0",
                            "zones.#": "0"
                        },
                        "meta": {},
                        "tainted": false
                    },
                    "deposed": [],
                    "provider": "provider.azurerm"
                },
                "azurerm_managed_disk.EESSI-TEST01-RINA-REST-RG__aztst01-ritom01_OsDisk_1_16f773dbf2ce4178a3e0cba98966e6df": {
                    "type": "azurerm_managed_disk",
                    "depends_on": [],
                    "primary": {
                        "id": "/subscriptions/5efd619c-0d6c-4bf6-a31b-d54ffda461c4/resourceGroups/EESSI-TEST01-RINA-REST-RG/providers/Microsoft.Compute/disks/aztst01-ritom01_OsDisk_1_16f773dbf2ce4178a3e0cba98966e6df",
                        "attributes": {
                            "create_option": "FromImage",
                            "disk_size_gb": "127",
                            "encryption_settings.#": "1",
                            "encryption_settings.0.disk_encryption_key.#": "1",
                            "encryption_settings.0.disk_encryption_key.0.secret_url": "https://eessi-test01-rina-kv.vault.azure.net/secrets/3B9C2496-30FE-472A-8B9E-033EDD4275F7/65ef3b968f0a40a982d06971ccf13f9a",
                            "encryption_settings.0.disk_encryption_key.0.source_vault_id": "/subscriptions/5efd619c-0d6c-4bf6-a31b-d54ffda461c4/resourceGroups/EESSI-Test-KV-RG/providers/Microsoft.KeyVault/vaults/EESSI-Test01-RINA-KV",
                            "encryption_settings.0.enabled": "true",
                            "encryption_settings.0.key_encryption_key.#": "1",
                            "encryption_settings.0.key_encryption_key.0.key_url": "https://eessi-test01-rina-kv.vault.azure.net/keys/keyencryptionkey/fd3804a1ede74530b4df285efe8b44b0",
                            "encryption_settings.0.key_encryption_key.0.source_vault_id": "/subscriptions/5efd619c-0d6c-4bf6-a31b-d54ffda461c4/resourceGroups/EESSI-Test-KV-RG/providers/Microsoft.KeyVault/vaults/EESSI-Test01-RINA-KV",
                            "id": "/subscriptions/5efd619c-0d6c-4bf6-a31b-d54ffda461c4/resourceGroups/EESSI-TEST01-RINA-REST-RG/providers/Microsoft.Compute/disks/aztst01-ritom01_OsDisk_1_16f773dbf2ce4178a3e0cba98966e6df",
                            "image_reference_id": "/Subscriptions/5efd619c-0d6c-4bf6-a31b-d54ffda461c4/Providers/Microsoft.Compute/Locations/uksouth/Publishers/MicrosoftWindowsServer/ArtifactTypes/VMImage/Offers/WindowsServer/Skus/2016-Datacenter/Versions/2016.127.20171217",
                            "location": "uksouth",
                            "name": "aztst01-ritom01_OsDisk_1_16f773dbf2ce4178a3e0cba98966e6df",
                            "os_type": "Windows",
                            "resource_group_name": "EESSI-TEST01-RINA-REST-RG",
                            "storage_account_type": "Premium_LRS",
                            "tags.%": "0",
                            "zones.#": "0"
                        },
                        "meta": {},
                        "tainted": false
                    },
                    "deposed": [],
                    "provider": "provider.azurerm"
                },
                "azurerm_managed_disk.EESSI-TEST01-RINA-REST-RG__aztst01-ritom02_OsDisk_1_a709878dd94942f1ae71667c3feb36e5": {
                    "type": "azurerm_managed_disk",
                    "depends_on": [],
                    "primary": {
                        "id": "/subscriptions/5efd619c-0d6c-4bf6-a31b-d54ffda461c4/resourceGroups/EESSI-TEST01-RINA-REST-RG/providers/Microsoft.Compute/disks/aztst01-ritom02_OsDisk_1_a709878dd94942f1ae71667c3feb36e5",
                        "attributes": {
                            "create_option": "FromImage",
                            "disk_size_gb": "127",
                            "encryption_settings.#": "1",
                            "encryption_settings.0.disk_encryption_key.#": "1",
                            "encryption_settings.0.disk_encryption_key.0.secret_url": "https://eessi-test01-rina-kv.vault.azure.net/secrets/B1CFE6AF-F4DB-42B5-BA89-A2B5A484B956/af591b2cb72347ddb176abcc9f04b289",
                            "encryption_settings.0.disk_encryption_key.0.source_vault_id": "/subscriptions/5efd619c-0d6c-4bf6-a31b-d54ffda461c4/resourceGroups/EESSI-Test-KV-RG/providers/Microsoft.KeyVault/vaults/EESSI-Test01-RINA-KV",
                            "encryption_settings.0.enabled": "true",
                            "encryption_settings.0.key_encryption_key.#": "1",
                            "encryption_settings.0.key_encryption_key.0.key_url": "https://eessi-test01-rina-kv.vault.azure.net/keys/keyencryptionkey/fd3804a1ede74530b4df285efe8b44b0",
                            "encryption_settings.0.key_encryption_key.0.source_vault_id": "/subscriptions/5efd619c-0d6c-4bf6-a31b-d54ffda461c4/resourceGroups/EESSI-Test-KV-RG/providers/Microsoft.KeyVault/vaults/EESSI-Test01-RINA-KV",
                            "id": "/subscriptions/5efd619c-0d6c-4bf6-a31b-d54ffda461c4/resourceGroups/EESSI-TEST01-RINA-REST-RG/providers/Microsoft.Compute/disks/aztst01-ritom02_OsDisk_1_a709878dd94942f1ae71667c3feb36e5",
                            "image_reference_id": "/Subscriptions/5efd619c-0d6c-4bf6-a31b-d54ffda461c4/Providers/Microsoft.Compute/Locations/uksouth/Publishers/MicrosoftWindowsServer/ArtifactTypes/VMImage/Offers/WindowsServer/Skus/2016-Datacenter/Versions/2016.127.20171217",
                            "location": "uksouth",
                            "name": "aztst01-ritom02_OsDisk_1_a709878dd94942f1ae71667c3feb36e5",
                            "os_type": "Windows",
                            "resource_group_name": "EESSI-TEST01-RINA-REST-RG",
                            "storage_account_type": "Premium_LRS",
                            "tags.%": "0",
                            "zones.#": "0"
                        },
                        "meta": {},
                        "tainted": false
                    },
                    "deposed": [],
                    "provider": "provider.azurerm"
                },
                "azurerm_managed_disk.EESSI-Test-Shared-AD-RG__aztst01-dc01_OsDisk_1_8f3d613fd5fd49e38a7607b21e5d8494": {
                    "type": "azurerm_managed_disk",
                    "depends_on": [],
                    "primary": {
                        "id": "/subscriptions/5efd619c-0d6c-4bf6-a31b-d54ffda461c4/resourceGroups/EESSI-Test-Shared-AD-RG/providers/Microsoft.Compute/disks/aztst01-dc01_OsDisk_1_8f3d613fd5fd49e38a7607b21e5d8494",
                        "attributes": {
                            "create_option": "FromImage",
                            "disk_size_gb": "127",
                            "encryption_settings.#": "1",
                            "encryption_settings.0.disk_encryption_key.#": "1",
                            "encryption_settings.0.disk_encryption_key.0.secret_url": "https://eessi-test-shared-kv.vault.azure.net/secrets/5F81ADE5-D769-42A8-9F65-CAAE4B8BDDEA/e459f2e24bcc428aa13e42974daddd59",
                            "encryption_settings.0.disk_encryption_key.0.source_vault_id": "/subscriptions/5efd619c-0d6c-4bf6-a31b-d54ffda461c4/resourceGroups/EESSI-Test-KV-RG/providers/Microsoft.KeyVault/vaults/EESSI-Test-Shared-KV",
                            "encryption_settings.0.enabled": "true",
                            "encryption_settings.0.key_encryption_key.#": "1",
                            "encryption_settings.0.key_encryption_key.0.key_url": "https://eessi-test-shared-kv.vault.azure.net/keys/keyencryptionkey/05c4ef1fe0d04576ac7ef560057111f0",
                            "encryption_settings.0.key_encryption_key.0.source_vault_id": "/subscriptions/5efd619c-0d6c-4bf6-a31b-d54ffda461c4/resourceGroups/EESSI-Test-KV-RG/providers/Microsoft.KeyVault/vaults/EESSI-Test-Shared-KV",
                            "id": "/subscriptions/5efd619c-0d6c-4bf6-a31b-d54ffda461c4/resourceGroups/EESSI-Test-Shared-AD-RG/providers/Microsoft.Compute/disks/aztst01-dc01_OsDisk_1_8f3d613fd5fd49e38a7607b21e5d8494",
                            "image_reference_id": "/Subscriptions/5efd619c-0d6c-4bf6-a31b-d54ffda461c4/Providers/Microsoft.Compute/Locations/uksouth/Publishers/MicrosoftWindowsServer/ArtifactTypes/VMImage/Offers/WindowsServer/Skus/2016-Datacenter/Versions/2016.127.20170918",
                            "location": "uksouth",
                            "name": "aztst01-dc01_OsDisk_1_8f3d613fd5fd49e38a7607b21e5d8494",
                            "os_type": "Windows",
                            "resource_group_name": "EESSI-Test-Shared-AD-RG",
                            "storage_account_type": "Standard_LRS",
                            "tags.%": "0",
                            "zones.#": "0"
                        },
                        "meta": {},
                        "tainted": false
                    },
                    "deposed": [],
                    "provider": "provider.azurerm"
                },
                "azurerm_managed_disk.EESSI-Test-Shared-AD-RG__aztst01-dc02_OsDisk_1_ebb6aa330d774536b3abdf82c6abbb92": {
                    "type": "azurerm_managed_disk",
                    "depends_on": [],
                    "primary": {
                        "id": "/subscriptions/5efd619c-0d6c-4bf6-a31b-d54ffda461c4/resourceGroups/EESSI-Test-Shared-AD-RG/providers/Microsoft.Compute/disks/aztst01-dc02_OsDisk_1_ebb6aa330d774536b3abdf82c6abbb92",
                        "attributes": {
                            "create_option": "FromImage",
                            "disk_size_gb": "127",
                            "encryption_settings.#": "1",
                            "encryption_settings.0.disk_encryption_key.#": "1",
                            "encryption_settings.0.disk_encryption_key.0.secret_url": "https://eessi-test-shared-kv.vault.azure.net/secrets/9703E13E-382C-4942-A033-A4E747613C2D/c2682125411e42a79e6195dbd804562a",
                            "encryption_settings.0.disk_encryption_key.0.source_vault_id": "/subscriptions/5efd619c-0d6c-4bf6-a31b-d54ffda461c4/resourceGroups/EESSI-Test-KV-RG/providers/Microsoft.KeyVault/vaults/EESSI-Test-Shared-KV",
                            "encryption_settings.0.enabled": "true",
                            "encryption_settings.0.key_encryption_key.#": "1",
                            "encryption_settings.0.key_encryption_key.0.key_url": "https://eessi-test-shared-kv.vault.azure.net/keys/keyencryptionkey/05c4ef1fe0d04576ac7ef560057111f0",
                            "encryption_settings.0.key_encryption_key.0.source_vault_id": "/subscriptions/5efd619c-0d6c-4bf6-a31b-d54ffda461c4/resourceGroups/EESSI-Test-KV-RG/providers/Microsoft.KeyVault/vaults/EESSI-Test-Shared-KV",
                            "id": "/subscriptions/5efd619c-0d6c-4bf6-a31b-d54ffda461c4/resourceGroups/EESSI-Test-Shared-AD-RG/providers/Microsoft.Compute/disks/aztst01-dc02_OsDisk_1_ebb6aa330d774536b3abdf82c6abbb92",
                            "image_reference_id": "/Subscriptions/5efd619c-0d6c-4bf6-a31b-d54ffda461c4/Providers/Microsoft.Compute/Locations/uksouth/Publishers/MicrosoftWindowsServer/ArtifactTypes/VMImage/Offers/WindowsServer/Skus/2016-Datacenter/Versions/2016.127.20170918",
                            "location": "uksouth",
                            "name": "aztst01-dc02_OsDisk_1_ebb6aa330d774536b3abdf82c6abbb92",
                            "os_type": "Windows",
                            "resource_group_name": "EESSI-Test-Shared-AD-RG",
                            "storage_account_type": "Standard_LRS",
                            "tags.%": "0",
                            "zones.#": "0"
                        },
                        "meta": {},
                        "tainted": false
                    },
                    "deposed": [],
                    "provider": "provider.azurerm"
                },
                "azurerm_managed_disk.EESSI-Test-Shared-BKP-RG__aztst01-bkp01-bkpdata01": {
                    "type": "azurerm_managed_disk",
                    "depends_on": [],
                    "primary": {
                        "id": "/subscriptions/5efd619c-0d6c-4bf6-a31b-d54ffda461c4/resourceGroups/EESSI-Test-Shared-BKP-RG/providers/Microsoft.Compute/disks/aztst01-bkp01-bkpdata01",
                        "attributes": {
                            "create_option": "Empty",
                            "disk_size_gb": "512",
                            "id": "/subscriptions/5efd619c-0d6c-4bf6-a31b-d54ffda461c4/resourceGroups/EESSI-Test-Shared-BKP-RG/providers/Microsoft.Compute/disks/aztst01-bkp01-bkpdata01",
                            "location": "uksouth",
                            "name": "aztst01-bkp01-bkpdata01",
                            "resource_group_name": "EESSI-Test-Shared-BKP-RG",
                            "storage_account_type": "Premium_LRS",
                            "tags.%": "0",
                            "zones.#": "0"
                        },
                        "meta": {},
                        "tainted": false
                    },
                    "deposed": [],
                    "provider": "provider.azurerm"
                },
                "azurerm_managed_disk.EESSI-Test-Shared-BKP-RG__aztst01-bkp01_OsDisk_1_7b875ecb282546af81ce4e09866db26b": {
                    "type": "azurerm_managed_disk",
                    "depends_on": [],
                    "primary": {
                        "id": "/subscriptions/5efd619c-0d6c-4bf6-a31b-d54ffda461c4/resourceGroups/EESSI-Test-Shared-BKP-RG/providers/Microsoft.Compute/disks/aztst01-bkp01_OsDisk_1_7b875ecb282546af81ce4e09866db26b",
                        "attributes": {
                            "create_option": "FromImage",
                            "disk_size_gb": "127",
                            "encryption_settings.#": "1",
                            "encryption_settings.0.disk_encryption_key.#": "1",
                            "encryption_settings.0.disk_encryption_key.0.secret_url": "https://eessi-test-shared-kv.vault.azure.net/secrets/D2515220-CA03-420D-B55D-F71C25501E3B/fde21cf2e58d4e32be148b0a7e35d555",
                            "encryption_settings.0.disk_encryption_key.0.source_vault_id": "/subscriptions/5efd619c-0d6c-4bf6-a31b-d54ffda461c4/resourceGroups/EESSI-Test-KV-RG/providers/Microsoft.KeyVault/vaults/EESSI-Test-Shared-KV",
                            "encryption_settings.0.enabled": "true",
                            "encryption_settings.0.key_encryption_key.#": "1",
                            "encryption_settings.0.key_encryption_key.0.key_url": "https://eessi-test-shared-kv.vault.azure.net/keys/keyencryptionkey/05c4ef1fe0d04576ac7ef560057111f0",
                            "encryption_settings.0.key_encryption_key.0.source_vault_id": "/subscriptions/5efd619c-0d6c-4bf6-a31b-d54ffda461c4/resourceGroups/EESSI-Test-KV-RG/providers/Microsoft.KeyVault/vaults/EESSI-Test-Shared-KV",
                            "id": "/subscriptions/5efd619c-0d6c-4bf6-a31b-d54ffda461c4/resourceGroups/EESSI-Test-Shared-BKP-RG/providers/Microsoft.Compute/disks/aztst01-bkp01_OsDisk_1_7b875ecb282546af81ce4e09866db26b",
                            "image_reference_id": "/Subscriptions/5efd619c-0d6c-4bf6-a31b-d54ffda461c4/Providers/Microsoft.Compute/Locations/uksouth/Publishers/MicrosoftWindowsServer/ArtifactTypes/VMImage/Offers/WindowsServer/Skus/2016-Datacenter/Versions/2016.127.20170918",
                            "location": "uksouth",
                            "name": "aztst01-bkp01_OsDisk_1_7b875ecb282546af81ce4e09866db26b",
                            "os_type": "Windows",
                            "resource_group_name": "EESSI-Test-Shared-BKP-RG",
                            "storage_account_type": "Standard_LRS",
                            "tags.%": "0",
                            "zones.#": "0"
                        },
                        "meta": {},
                        "tainted": false
                    },
                    "deposed": [],
                    "provider": "provider.azurerm"
                },
                "azurerm_managed_disk.EESSI-Test-Shared-WSUS-RG__aztst01-wsus01-data01": {
                    "type": "azurerm_managed_disk",
                    "depends_on": [],
                    "primary": {
                        "id": "/subscriptions/5efd619c-0d6c-4bf6-a31b-d54ffda461c4/resourceGroups/EESSI-Test-Shared-WSUS-RG/providers/Microsoft.Compute/disks/aztst01-wsus01-data01",
                        "attributes": {
                            "create_option": "Empty",
                            "disk_size_gb": "512",
                            "id": "/subscriptions/5efd619c-0d6c-4bf6-a31b-d54ffda461c4/resourceGroups/EESSI-Test-Shared-WSUS-RG/providers/Microsoft.Compute/disks/aztst01-wsus01-data01",
                            "location": "uksouth",
                            "name": "aztst01-wsus01-data01",
                            "resource_group_name": "EESSI-Test-Shared-WSUS-RG",
                            "storage_account_type": "Premium_LRS",
                            "tags.%": "0",
                            "zones.#": "0"
                        },
                        "meta": {},
                        "tainted": false
                    },
                    "deposed": [],
                    "provider": "provider.azurerm"
                },
                "azurerm_managed_disk.EESSI-Test-Shared-WSUS-RG__aztst01-wsus01_OsDisk_1_7b5947dfe32b4d6db167577ded51f6c6": {
                    "type": "azurerm_managed_disk",
                    "depends_on": [],
                    "primary": {
                        "id": "/subscriptions/5efd619c-0d6c-4bf6-a31b-d54ffda461c4/resourceGroups/EESSI-Test-Shared-WSUS-RG/providers/Microsoft.Compute/disks/aztst01-wsus01_OsDisk_1_7b5947dfe32b4d6db167577ded51f6c6",
                        "attributes": {
                            "create_option": "FromImage",
                            "disk_size_gb": "127",
                            "encryption_settings.#": "1",
                            "encryption_settings.0.disk_encryption_key.#": "1",
                            "encryption_settings.0.disk_encryption_key.0.secret_url": "https://eessi-test-shared-kv.vault.azure.net/secrets/25D68175-0EB3-4D3C-A041-F798483C7861/bf60571766784333afa6257b370bd182",
                            "encryption_settings.0.disk_encryption_key.0.source_vault_id": "/subscriptions/5efd619c-0d6c-4bf6-a31b-d54ffda461c4/resourceGroups/EESSI-Test-KV-RG/providers/Microsoft.KeyVault/vaults/EESSI-Test-Shared-KV",
                            "encryption_settings.0.enabled": "true",
                            "encryption_settings.0.key_encryption_key.#": "1",
                            "encryption_settings.0.key_encryption_key.0.key_url": "https://eessi-test-shared-kv.vault.azure.net/keys/keyencryptionkey/05c4ef1fe0d04576ac7ef560057111f0",
                            "encryption_settings.0.key_encryption_key.0.source_vault_id": "/subscriptions/5efd619c-0d6c-4bf6-a31b-d54ffda461c4/resourceGroups/EESSI-Test-KV-RG/providers/Microsoft.KeyVault/vaults/EESSI-Test-Shared-KV",
                            "id": "/subscriptions/5efd619c-0d6c-4bf6-a31b-d54ffda461c4/resourceGroups/EESSI-Test-Shared-WSUS-RG/providers/Microsoft.Compute/disks/aztst01-wsus01_OsDisk_1_7b5947dfe32b4d6db167577ded51f6c6",
                            "image_reference_id": "/Subscriptions/5efd619c-0d6c-4bf6-a31b-d54ffda461c4/Providers/Microsoft.Compute/Locations/uksouth/Publishers/MicrosoftWindowsServer/ArtifactTypes/VMImage/Offers/WindowsServer/Skus/2016-Datacenter/Versions/2016.127.20171116",
                            "location": "uksouth",
                            "name": "aztst01-wsus01_OsDisk_1_7b5947dfe32b4d6db167577ded51f6c6",
                            "os_type": "Windows",
                            "resource_group_name": "EESSI-Test-Shared-WSUS-RG",
                            "storage_account_type": "Premium_LRS",
                            "tags.%": "0",
                            "zones.#": "0"
                        },
                        "meta": {},
                        "tainted": false
                    },
                    "deposed": [],
                    "provider": "provider.azurerm"
                },
                "azurerm_managed_disk.EESSI-Test-Transit-RG__aztst-proxy01_OsDisk_1_2c1ce3aa6d71462dbb1ff0ba10ee878f": {
                    "type": "azurerm_managed_disk",
                    "depends_on": [],
                    "primary": {
                        "id": "/subscriptions/5efd619c-0d6c-4bf6-a31b-d54ffda461c4/resourceGroups/EESSI-Test-Transit-RG/providers/Microsoft.Compute/disks/aztst-proxy01_OsDisk_1_2c1ce3aa6d71462dbb1ff0ba10ee878f",
                        "attributes": {
                            "create_option": "FromImage",
                            "disk_size_gb": "30",
                            "id": "/subscriptions/5efd619c-0d6c-4bf6-a31b-d54ffda461c4/resourceGroups/EESSI-Test-Transit-RG/providers/Microsoft.Compute/disks/aztst-proxy01_OsDisk_1_2c1ce3aa6d71462dbb1ff0ba10ee878f",
                            "image_reference_id": "/Subscriptions/5efd619c-0d6c-4bf6-a31b-d54ffda461c4/Providers/Microsoft.Compute/Locations/uksouth/Publishers/Canonical/ArtifactTypes/VMImage/Offers/UbuntuServer/Skus/16.04-LTS/Versions/16.04.201712080",
                            "location": "uksouth",
                            "name": "aztst-proxy01_OsDisk_1_2c1ce3aa6d71462dbb1ff0ba10ee878f",
                            "os_type": "Linux",
                            "resource_group_name": "EESSI-Test-Transit-RG",
                            "storage_account_type": "Premium_LRS",
                            "tags.%": "0",
                            "zones.#": "0"
                        },
                        "meta": {},
                        "tainted": false
                    },
                    "deposed": [],
                    "provider": "provider.azurerm"
                },
                "azurerm_managed_disk.EESSI-Test-Transit-RG__aztst01-proxy01_OsDisk_1_51fa1db87dc34d888d29881dfa5db9b0": {
                    "type": "azurerm_managed_disk",
                    "depends_on": [],
                    "primary": {
                        "id": "/subscriptions/5efd619c-0d6c-4bf6-a31b-d54ffda461c4/resourceGroups/EESSI-Test-Transit-RG/providers/Microsoft.Compute/disks/aztst01-proxy01_OsDisk_1_51fa1db87dc34d888d29881dfa5db9b0",
                        "attributes": {
                            "create_option": "FromImage",
                            "disk_size_gb": "30",
                            "encryption_settings.#": "1",
                            "encryption_settings.0.disk_encryption_key.#": "1",
                            "encryption_settings.0.disk_encryption_key.0.secret_url": "https://eessi-test-shared-kv.vault.azure.net/secrets/3838765f-cd93-462a-84d0-098b14c02353/1158ca5fa2c64016b46a1cf8e4728862",
                            "encryption_settings.0.disk_encryption_key.0.source_vault_id": "/subscriptions/5efd619c-0d6c-4bf6-a31b-d54ffda461c4/resourceGroups/EESSI-Test-KV-RG/providers/Microsoft.KeyVault/vaults/EESSI-Test-Shared-KV",
                            "encryption_settings.0.enabled": "true",
                            "encryption_settings.0.key_encryption_key.#": "1",
                            "encryption_settings.0.key_encryption_key.0.key_url": "https://eessi-test-shared-kv.vault.azure.net/keys/keyencryptionkey/05c4ef1fe0d04576ac7ef560057111f0",
                            "encryption_settings.0.key_encryption_key.0.source_vault_id": "/subscriptions/5efd619c-0d6c-4bf6-a31b-d54ffda461c4/resourceGroups/EESSI-Test-KV-RG/providers/Microsoft.KeyVault/vaults/EESSI-Test-Shared-KV",
                            "id": "/subscriptions/5efd619c-0d6c-4bf6-a31b-d54ffda461c4/resourceGroups/EESSI-Test-Transit-RG/providers/Microsoft.Compute/disks/aztst01-proxy01_OsDisk_1_51fa1db87dc34d888d29881dfa5db9b0",
                            "image_reference_id": "/Subscriptions/5efd619c-0d6c-4bf6-a31b-d54ffda461c4/Providers/Microsoft.Compute/Locations/uksouth/Publishers/Canonical/ArtifactTypes/VMImage/Offers/UbuntuServer/Skus/16.04-LTS/Versions/16.04.201712080",
                            "location": "uksouth",
                            "name": "aztst01-proxy01_OsDisk_1_51fa1db87dc34d888d29881dfa5db9b0",
                            "os_type": "Linux",
                            "resource_group_name": "EESSI-Test-Transit-RG",
                            "storage_account_type": "Premium_LRS",
                            "tags.%": "0",
                            "zones.#": "0"
                        },
                        "meta": {},
                        "tainted": false
                    },
                    "deposed": [],
                    "provider": "provider.azurerm"
                },
                "azurerm_managed_disk.EESSI-Test01-AP-Biz-RG__aztst01-apbiz01_OsDisk_1_8580168e99f543e881e45f5b6c2bb317": {
                    "type": "azurerm_managed_disk",
                    "depends_on": [],
                    "primary": {
                        "id": "/subscriptions/5efd619c-0d6c-4bf6-a31b-d54ffda461c4/resourceGroups/EESSI-Test01-AP-Biz-RG/providers/Microsoft.Compute/disks/aztst01-apbiz01_OsDisk_1_8580168e99f543e881e45f5b6c2bb317",
                        "attributes": {
                            "create_option": "FromImage",
                            "disk_size_gb": "127",
                            "encryption_settings.#": "1",
                            "encryption_settings.0.disk_encryption_key.#": "1",
                            "encryption_settings.0.disk_encryption_key.0.secret_url": "https://eessi-test01-ap-kv.vault.azure.net/secrets/E0A38C40-23D3-432F-BC7B-E7B5767AD4BC/a4304f9c7b864fc2a663f72c2afdba4c",
                            "encryption_settings.0.disk_encryption_key.0.source_vault_id": "/subscriptions/5efd619c-0d6c-4bf6-a31b-d54ffda461c4/resourceGroups/EESSI-Test-KV-RG/providers/Microsoft.KeyVault/vaults/EESSI-Test01-AP-KV",
                            "encryption_settings.0.enabled": "true",
                            "encryption_settings.0.key_encryption_key.#": "1",
                            "encryption_settings.0.key_encryption_key.0.key_url": "https://eessi-test01-ap-kv.vault.azure.net/keys/keyencryptionkey/070f1bb2be0a419aab3c89a0d2ddfb27",
                            "encryption_settings.0.key_encryption_key.0.source_vault_id": "/subscriptions/5efd619c-0d6c-4bf6-a31b-d54ffda461c4/resourceGroups/EESSI-Test-KV-RG/providers/Microsoft.KeyVault/vaults/EESSI-Test01-AP-KV",
                            "id": "/subscriptions/5efd619c-0d6c-4bf6-a31b-d54ffda461c4/resourceGroups/EESSI-Test01-AP-Biz-RG/providers/Microsoft.Compute/disks/aztst01-apbiz01_OsDisk_1_8580168e99f543e881e45f5b6c2bb317",
                            "image_reference_id": "/Subscriptions/5efd619c-0d6c-4bf6-a31b-d54ffda461c4/Providers/Microsoft.Compute/Locations/uksouth/Publishers/MicrosoftWindowsServer/ArtifactTypes/VMImage/Offers/WindowsServer/Skus/2016-Datacenter/Versions/2016.127.20171017",
                            "location": "uksouth",
                            "name": "aztst01-apbiz01_OsDisk_1_8580168e99f543e881e45f5b6c2bb317",
                            "os_type": "Windows",
                            "resource_group_name": "EESSI-Test01-AP-Biz-RG",
                            "storage_account_type": "Standard_LRS",
                            "tags.%": "0",
                            "zones.#": "0"
                        },
                        "meta": {},
                        "tainted": false
                    },
                    "deposed": [],
                    "provider": "provider.azurerm"
                },
                "azurerm_managed_disk.EESSI-Test01-AP-Biz-RG__aztst01-apbiz02_OsDisk_1_5b7e5e8abf734bb8b1904c6313b039d1": {
                    "type": "azurerm_managed_disk",
                    "depends_on": [],
                    "primary": {
                        "id": "/subscriptions/5efd619c-0d6c-4bf6-a31b-d54ffda461c4/resourceGroups/EESSI-Test01-AP-Biz-RG/providers/Microsoft.Compute/disks/aztst01-apbiz02_OsDisk_1_5b7e5e8abf734bb8b1904c6313b039d1",
                        "attributes": {
                            "create_option": "FromImage",
                            "disk_size_gb": "127",
                            "encryption_settings.#": "1",
                            "encryption_settings.0.disk_encryption_key.#": "1",
                            "encryption_settings.0.disk_encryption_key.0.secret_url": "https://eessi-test01-ap-kv.vault.azure.net/secrets/EBB16686-06A4-4B0F-B0FF-CDB552CDFE9A/1da64030b269411ca941d7320b4f646d",
                            "encryption_settings.0.disk_encryption_key.0.source_vault_id": "/subscriptions/5efd619c-0d6c-4bf6-a31b-d54ffda461c4/resourceGroups/EESSI-Test-KV-RG/providers/Microsoft.KeyVault/vaults/EESSI-Test01-AP-KV",
                            "encryption_settings.0.enabled": "true",
                            "encryption_settings.0.key_encryption_key.#": "1",
                            "encryption_settings.0.key_encryption_key.0.key_url": "https://eessi-test01-ap-kv.vault.azure.net/keys/keyencryptionkey/070f1bb2be0a419aab3c89a0d2ddfb27",
                            "encryption_settings.0.key_encryption_key.0.source_vault_id": "/subscriptions/5efd619c-0d6c-4bf6-a31b-d54ffda461c4/resourceGroups/EESSI-Test-KV-RG/providers/Microsoft.KeyVault/vaults/EESSI-Test01-AP-KV",
                            "id": "/subscriptions/5efd619c-0d6c-4bf6-a31b-d54ffda461c4/resourceGroups/EESSI-Test01-AP-Biz-RG/providers/Microsoft.Compute/disks/aztst01-apbiz02_OsDisk_1_5b7e5e8abf734bb8b1904c6313b039d1",
                            "image_reference_id": "/Subscriptions/5efd619c-0d6c-4bf6-a31b-d54ffda461c4/Providers/Microsoft.Compute/Locations/uksouth/Publishers/MicrosoftWindowsServer/ArtifactTypes/VMImage/Offers/WindowsServer/Skus/2016-Datacenter/Versions/2016.127.20171017",
                            "location": "uksouth",
                            "name": "aztst01-apbiz02_OsDisk_1_5b7e5e8abf734bb8b1904c6313b039d1",
                            "os_type": "Windows",
                            "resource_group_name": "EESSI-Test01-AP-Biz-RG",
                            "storage_account_type": "Standard_LRS",
                            "tags.%": "0",
                            "zones.#": "0"
                        },
                        "meta": {},
                        "tainted": false
                    },
                    "deposed": [],
                    "provider": "provider.azurerm"
                },
                "azurerm_managed_disk.EESSI-Test01-AP-Biz-RG__aztst02-apbiz01_disk1_fb790bb2618d4fd79e181cc3625dcbd1": {
                    "type": "azurerm_managed_disk",
                    "depends_on": [],
                    "primary": {
                        "id": "/subscriptions/5efd619c-0d6c-4bf6-a31b-d54ffda461c4/resourceGroups/EESSI-Test01-AP-Biz-RG/providers/Microsoft.Compute/disks/aztst02-apbiz01_disk1_fb790bb2618d4fd79e181cc3625dcbd1",
                        "attributes": {
                            "create_option": "Copy",
                            "disk_size_gb": "128",
                            "id": "/subscriptions/5efd619c-0d6c-4bf6-a31b-d54ffda461c4/resourceGroups/EESSI-Test01-AP-Biz-RG/providers/Microsoft.Compute/disks/aztst02-apbiz01_disk1_fb790bb2618d4fd79e181cc3625dcbd1",
                            "location": "uksouth",
                            "name": "aztst02-apbiz01_disk1_fb790bb2618d4fd79e181cc3625dcbd1",
                            "os_type": "Windows",
                            "resource_group_name": "EESSI-Test01-AP-Biz-RG",
                            "source_resource_id": "/subscriptions/5efd619c-0d6c-4bf6-a31b-d54ffda461c4/resourceGroups/EESSI-Test-Shared-RG/providers/Microsoft.Compute/snapshots/CISL2Win2016_bzgscl0lcfh",
                            "storage_account_type": "Standard_LRS",
                            "tags.%": "0",
                            "zones.#": "0"
                        },
                        "meta": {},
                        "tainted": false
                    },
                    "deposed": [],
                    "provider": "provider.azurerm"
                },
                "azurerm_managed_disk.EESSI-Test01-AP-Biz-RG__aztst02-apbiz02_disk1_8c3e98f74b1c4e33824e59b04f604a8f": {
                    "type": "azurerm_managed_disk",
                    "depends_on": [],
                    "primary": {
                        "id": "/subscriptions/5efd619c-0d6c-4bf6-a31b-d54ffda461c4/resourceGroups/EESSI-Test01-AP-Biz-RG/providers/Microsoft.Compute/disks/aztst02-apbiz02_disk1_8c3e98f74b1c4e33824e59b04f604a8f",
                        "attributes": {
                            "create_option": "Copy",
                            "disk_size_gb": "128",
                            "id": "/subscriptions/5efd619c-0d6c-4bf6-a31b-d54ffda461c4/resourceGroups/EESSI-Test01-AP-Biz-RG/providers/Microsoft.Compute/disks/aztst02-apbiz02_disk1_8c3e98f74b1c4e33824e59b04f604a8f",
                            "location": "uksouth",
                            "name": "aztst02-apbiz02_disk1_8c3e98f74b1c4e33824e59b04f604a8f",
                            "os_type": "Windows",
                            "resource_group_name": "EESSI-Test01-AP-Biz-RG",
                            "source_resource_id": "/subscriptions/5efd619c-0d6c-4bf6-a31b-d54ffda461c4/resourceGroups/EESSI-Test-Shared-RG/providers/Microsoft.Compute/snapshots/CISL2Win2016_bzgscl0lcfh",
                            "storage_account_type": "Standard_LRS",
                            "tags.%": "0",
                            "zones.#": "0"
                        },
                        "meta": {},
                        "tainted": false
                    },
                    "deposed": [],
                    "provider": "provider.azurerm"
                },
                "azurerm_managed_disk.EESSI-Test01-AP-FS-RG__aztst01-apfs01-s2d-data01": {
                    "type": "azurerm_managed_disk",
                    "depends_on": [],
                    "primary": {
                        "id": "/subscriptions/5efd619c-0d6c-4bf6-a31b-d54ffda461c4/resourceGroups/EESSI-Test01-AP-FS-RG/providers/Microsoft.Compute/disks/aztst01-apfs01-s2d-data01",
                        "attributes": {
                            "create_option": "Empty",
                            "disk_size_gb": "1023",
                            "id": "/subscriptions/5efd619c-0d6c-4bf6-a31b-d54ffda461c4/resourceGroups/EESSI-Test01-AP-FS-RG/providers/Microsoft.Compute/disks/aztst01-apfs01-s2d-data01",
                            "location": "uksouth",
                            "name": "aztst01-apfs01-s2d-data01",
                            "resource_group_name": "EESSI-Test01-AP-FS-RG",
                            "storage_account_type": "Standard_LRS",
                            "tags.%": "0",
                            "zones.#": "0"
                        },
                        "meta": {},
                        "tainted": false
                    },
                    "deposed": [],
                    "provider": "provider.azurerm"
                },
                "azurerm_managed_disk.EESSI-Test01-AP-FS-RG__aztst01-apfs01-s2d-data02": {
                    "type": "azurerm_managed_disk",
                    "depends_on": [],
                    "primary": {
                        "id": "/subscriptions/5efd619c-0d6c-4bf6-a31b-d54ffda461c4/resourceGroups/EESSI-Test01-AP-FS-RG/providers/Microsoft.Compute/disks/aztst01-apfs01-s2d-data02",
                        "attributes": {
                            "create_option": "Empty",
                            "disk_size_gb": "1023",
                            "id": "/subscriptions/5efd619c-0d6c-4bf6-a31b-d54ffda461c4/resourceGroups/EESSI-Test01-AP-FS-RG/providers/Microsoft.Compute/disks/aztst01-apfs01-s2d-data02",
                            "location": "uksouth",
                            "name": "aztst01-apfs01-s2d-data02",
                            "resource_group_name": "EESSI-Test01-AP-FS-RG",
                            "storage_account_type": "Standard_LRS",
                            "tags.%": "0",
                            "zones.#": "0"
                        },
                        "meta": {},
                        "tainted": false
                    },
                    "deposed": [],
                    "provider": "provider.azurerm"
                },
                "azurerm_managed_disk.EESSI-Test01-AP-FS-RG__aztst01-apfs01_OsDisk_1_577a0cefb31b47fea92356081dc80394": {
                    "type": "azurerm_managed_disk",
                    "depends_on": [],
                    "primary": {
                        "id": "/subscriptions/5efd619c-0d6c-4bf6-a31b-d54ffda461c4/resourceGroups/EESSI-Test01-AP-FS-RG/providers/Microsoft.Compute/disks/aztst01-apfs01_OsDisk_1_577a0cefb31b47fea92356081dc80394",
                        "attributes": {
                            "create_option": "FromImage",
                            "disk_size_gb": "127",
                            "encryption_settings.#": "1",
                            "encryption_settings.0.disk_encryption_key.#": "1",
                            "encryption_settings.0.disk_encryption_key.0.secret_url": "https://eessi-test01-ap-kv.vault.azure.net/secrets/9BEB46D8-41D3-4F1C-8598-A59D7F0FE392/02bea70a2c5144cda86f8385a59a24a1",
                            "encryption_settings.0.disk_encryption_key.0.source_vault_id": "/subscriptions/5efd619c-0d6c-4bf6-a31b-d54ffda461c4/resourceGroups/EESSI-Test-KV-RG/providers/Microsoft.KeyVault/vaults/EESSI-Test01-AP-KV",
                            "encryption_settings.0.enabled": "true",
                            "encryption_settings.0.key_encryption_key.#": "1",
                            "encryption_settings.0.key_encryption_key.0.key_url": "https://eessi-test01-ap-kv.vault.azure.net/keys/keyencryptionkey/070f1bb2be0a419aab3c89a0d2ddfb27",
                            "encryption_settings.0.key_encryption_key.0.source_vault_id": "/subscriptions/5efd619c-0d6c-4bf6-a31b-d54ffda461c4/resourceGroups/EESSI-Test-KV-RG/providers/Microsoft.KeyVault/vaults/EESSI-Test01-AP-KV",
                            "id": "/subscriptions/5efd619c-0d6c-4bf6-a31b-d54ffda461c4/resourceGroups/EESSI-Test01-AP-FS-RG/providers/Microsoft.Compute/disks/aztst01-apfs01_OsDisk_1_577a0cefb31b47fea92356081dc80394",
                            "image_reference_id": "/Subscriptions/5efd619c-0d6c-4bf6-a31b-d54ffda461c4/Providers/Microsoft.Compute/Locations/uksouth/Publishers/MicrosoftWindowsServer/ArtifactTypes/VMImage/Offers/WindowsServer/Skus/2016-Datacenter/Versions/2016.127.20171017",
                            "location": "uksouth",
                            "name": "aztst01-apfs01_OsDisk_1_577a0cefb31b47fea92356081dc80394",
                            "os_type": "Windows",
                            "resource_group_name": "EESSI-Test01-AP-FS-RG",
                            "storage_account_type": "Standard_LRS",
                            "tags.%": "0",
                            "zones.#": "0"
                        },
                        "meta": {},
                        "tainted": false
                    },
                    "deposed": [],
                    "provider": "provider.azurerm"
                },
                "azurerm_managed_disk.EESSI-Test01-AP-FS-RG__aztst01-apfs02-s2d-data01": {
                    "type": "azurerm_managed_disk",
                    "depends_on": [],
                    "primary": {
                        "id": "/subscriptions/5efd619c-0d6c-4bf6-a31b-d54ffda461c4/resourceGroups/EESSI-Test01-AP-FS-RG/providers/Microsoft.Compute/disks/aztst01-apfs02-s2d-data01",
                        "attributes": {
                            "create_option": "Empty",
                            "disk_size_gb": "1023",
                            "id": "/subscriptions/5efd619c-0d6c-4bf6-a31b-d54ffda461c4/resourceGroups/EESSI-Test01-AP-FS-RG/providers/Microsoft.Compute/disks/aztst01-apfs02-s2d-data01",
                            "location": "uksouth",
                            "name": "aztst01-apfs02-s2d-data01",
                            "resource_group_name": "EESSI-Test01-AP-FS-RG",
                            "storage_account_type": "Standard_LRS",
                            "tags.%": "0",
                            "zones.#": "0"
                        },
                        "meta": {},
                        "tainted": false
                    },
                    "deposed": [],
                    "provider": "provider.azurerm"
                },
                "azurerm_managed_disk.EESSI-Test01-AP-FS-RG__aztst01-apfs02-s2d-data02": {
                    "type": "azurerm_managed_disk",
                    "depends_on": [],
                    "primary": {
                        "id": "/subscriptions/5efd619c-0d6c-4bf6-a31b-d54ffda461c4/resourceGroups/EESSI-Test01-AP-FS-RG/providers/Microsoft.Compute/disks/aztst01-apfs02-s2d-data02",
                        "attributes": {
                            "create_option": "Empty",
                            "disk_size_gb": "1023",
                            "id": "/subscriptions/5efd619c-0d6c-4bf6-a31b-d54ffda461c4/resourceGroups/EESSI-Test01-AP-FS-RG/providers/Microsoft.Compute/disks/aztst01-apfs02-s2d-data02",
                            "location": "uksouth",
                            "name": "aztst01-apfs02-s2d-data02",
                            "resource_group_name": "EESSI-Test01-AP-FS-RG",
                            "storage_account_type": "Standard_LRS",
                            "tags.%": "0",
                            "zones.#": "0"
                        },
                        "meta": {},
                        "tainted": false
                    },
                    "deposed": [],
                    "provider": "provider.azurerm"
                },
                "azurerm_managed_disk.EESSI-Test01-AP-FS-RG__aztst01-apfs02_OsDisk_1_71ac0f4b4d614838826266aaf26f732a": {
                    "type": "azurerm_managed_disk",
                    "depends_on": [],
                    "primary": {
                        "id": "/subscriptions/5efd619c-0d6c-4bf6-a31b-d54ffda461c4/resourceGroups/EESSI-Test01-AP-FS-RG/providers/Microsoft.Compute/disks/aztst01-apfs02_OsDisk_1_71ac0f4b4d614838826266aaf26f732a",
                        "attributes": {
                            "create_option": "FromImage",
                            "disk_size_gb": "127",
                            "encryption_settings.#": "1",
                            "encryption_settings.0.disk_encryption_key.#": "1",
                            "encryption_settings.0.disk_encryption_key.0.secret_url": "https://eessi-test01-ap-kv.vault.azure.net/secrets/7C8FDF70-711F-4A60-B42A-43000D7DE6B1/97a771c3b3a74548b2aa97fd8e288c0d",
                            "encryption_settings.0.disk_encryption_key.0.source_vault_id": "/subscriptions/5efd619c-0d6c-4bf6-a31b-d54ffda461c4/resourceGroups/EESSI-Test-KV-RG/providers/Microsoft.KeyVault/vaults/EESSI-Test01-AP-KV",
                            "encryption_settings.0.enabled": "true",
                            "encryption_settings.0.key_encryption_key.#": "1",
                            "encryption_settings.0.key_encryption_key.0.key_url": "https://eessi-test01-ap-kv.vault.azure.net/keys/keyencryptionkey/070f1bb2be0a419aab3c89a0d2ddfb27",
                            "encryption_settings.0.key_encryption_key.0.source_vault_id": "/subscriptions/5efd619c-0d6c-4bf6-a31b-d54ffda461c4/resourceGroups/EESSI-Test-KV-RG/providers/Microsoft.KeyVault/vaults/EESSI-Test01-AP-KV",
                            "id": "/subscriptions/5efd619c-0d6c-4bf6-a31b-d54ffda461c4/resourceGroups/EESSI-Test01-AP-FS-RG/providers/Microsoft.Compute/disks/aztst01-apfs02_OsDisk_1_71ac0f4b4d614838826266aaf26f732a",
                            "image_reference_id": "/Subscriptions/5efd619c-0d6c-4bf6-a31b-d54ffda461c4/Providers/Microsoft.Compute/Locations/uksouth/Publishers/MicrosoftWindowsServer/ArtifactTypes/VMImage/Offers/WindowsServer/Skus/2016-Datacenter/Versions/2016.127.20171017",
                            "location": "uksouth",
                            "name": "aztst01-apfs02_OsDisk_1_71ac0f4b4d614838826266aaf26f732a",
                            "os_type": "Windows",
                            "resource_group_name": "EESSI-Test01-AP-FS-RG",
                            "storage_account_type": "Standard_LRS",
                            "tags.%": "0",
                            "zones.#": "0"
                        },
                        "meta": {},
                        "tainted": false
                    },
                    "deposed": [],
                    "provider": "provider.azurerm"
                },
                "azurerm_managed_disk.EESSI-Test01-AP-SQL-RG__aztst01-apsql01-sql-btsmonitoring": {
                    "type": "azurerm_managed_disk",
                    "depends_on": [],
                    "primary": {
                        "id": "/subscriptions/5efd619c-0d6c-4bf6-a31b-d54ffda461c4/resourceGroups/EESSI-Test01-AP-SQL-RG/providers/Microsoft.Compute/disks/aztst01-apsql01-sql-btsmonitoring",
                        "attributes": {
                            "create_option": "Empty",
                            "disk_size_gb": "1023",
                            "id": "/subscriptions/5efd619c-0d6c-4bf6-a31b-d54ffda461c4/resourceGroups/EESSI-Test01-AP-SQL-RG/providers/Microsoft.Compute/disks/aztst01-apsql01-sql-btsmonitoring",
                            "location": "uksouth",
                            "name": "aztst01-apsql01-sql-btsmonitoring",
                            "resource_group_name": "EESSI-Test01-AP-SQL-RG",
                            "storage_account_type": "Premium_LRS",
                            "tags.%": "0",
                            "zones.#": "0"
                        },
                        "meta": {},
                        "tainted": false
                    },
                    "deposed": [],
                    "provider": "provider.azurerm"
                },
                "azurerm_managed_disk.EESSI-Test01-AP-SQL-RG__aztst01-apsql01-sql-btsruntime": {
                    "type": "azurerm_managed_disk",
                    "depends_on": [],
                    "primary": {
                        "id": "/subscriptions/5efd619c-0d6c-4bf6-a31b-d54ffda461c4/resourceGroups/EESSI-Test01-AP-SQL-RG/providers/Microsoft.Compute/disks/aztst01-apsql01-sql-btsruntime",
                        "attributes": {
                            "create_option": "Empty",
                            "disk_size_gb": "1023",
                            "id": "/subscriptions/5efd619c-0d6c-4bf6-a31b-d54ffda461c4/resourceGroups/EESSI-Test01-AP-SQL-RG/providers/Microsoft.Compute/disks/aztst01-apsql01-sql-btsruntime",
                            "location": "uksouth",
                            "name": "aztst01-apsql01-sql-btsruntime",
                            "resource_group_name": "EESSI-Test01-AP-SQL-RG",
                            "storage_account_type": "Premium_LRS",
                            "tags.%": "0",
                            "zones.#": "0"
                        },
                        "meta": {},
                        "tainted": false
                    },
                    "deposed": [],
                    "provider": "provider.azurerm"
                },
                "azurerm_managed_disk.EESSI-Test01-AP-SQL-RG__aztst01-apsql01-sql-eessimgmt": {
                    "type": "azurerm_managed_disk",
                    "depends_on": [],
                    "primary": {
                        "id": "/subscriptions/5efd619c-0d6c-4bf6-a31b-d54ffda461c4/resourceGroups/EESSI-Test01-AP-SQL-RG/providers/Microsoft.Compute/disks/aztst01-apsql01-sql-eessimgmt",
                        "attributes": {
                            "create_option": "Empty",
                            "disk_size_gb": "1023",
                            "id": "/subscriptions/5efd619c-0d6c-4bf6-a31b-d54ffda461c4/resourceGroups/EESSI-Test01-AP-SQL-RG/providers/Microsoft.Compute/disks/aztst01-apsql01-sql-eessimgmt",
                            "location": "uksouth",
                            "name": "aztst01-apsql01-sql-eessimgmt",
                            "resource_group_name": "EESSI-Test01-AP-SQL-RG",
                            "storage_account_type": "Premium_LRS",
                            "tags.%": "0",
                            "zones.#": "0"
                        },
                        "meta": {},
                        "tainted": false
                    },
                    "deposed": [],
                    "provider": "provider.azurerm"
                },
                "azurerm_managed_disk.EESSI-Test01-AP-SQL-RG__aztst01-apsql01-sql-eessiqueue": {
                    "type": "azurerm_managed_disk",
                    "depends_on": [],
                    "primary": {
                        "id": "/subscriptions/5efd619c-0d6c-4bf6-a31b-d54ffda461c4/resourceGroups/EESSI-Test01-AP-SQL-RG/providers/Microsoft.Compute/disks/aztst01-apsql01-sql-eessiqueue",
                        "attributes": {
                            "create_option": "Empty",
                            "disk_size_gb": "1023",
                            "id": "/subscriptions/5efd619c-0d6c-4bf6-a31b-d54ffda461c4/resourceGroups/EESSI-Test01-AP-SQL-RG/providers/Microsoft.Compute/disks/aztst01-apsql01-sql-eessiqueue",
                            "location": "uksouth",
                            "name": "aztst01-apsql01-sql-eessiqueue",
                            "resource_group_name": "EESSI-Test01-AP-SQL-RG",
                            "storage_account_type": "Premium_LRS",
                            "tags.%": "0",
                            "zones.#": "0"
                        },
                        "meta": {},
                        "tainted": false
                    },
                    "deposed": [],
                    "provider": "provider.azurerm"
                },
                "azurerm_managed_disk.EESSI-Test01-AP-SQL-RG__aztst01-apsql01_OsDisk_1_276ff951c3394db0bca3e57706825c0b": {
                    "type": "azurerm_managed_disk",
                    "depends_on": [],
                    "primary": {
                        "id": "/subscriptions/5efd619c-0d6c-4bf6-a31b-d54ffda461c4/resourceGroups/EESSI-Test01-AP-SQL-RG/providers/Microsoft.Compute/disks/aztst01-apsql01_OsDisk_1_276ff951c3394db0bca3e57706825c0b",
                        "attributes": {
                            "create_option": "FromImage",
                            "disk_size_gb": "127",
                            "encryption_settings.#": "1",
                            "encryption_settings.0.disk_encryption_key.#": "1",
                            "encryption_settings.0.disk_encryption_key.0.secret_url": "https://eessi-test01-ap-kv.vault.azure.net/secrets/B9E90448-CAAE-4DDE-8ADF-1BE954F6D9C9/5c65a571bffe4cfd96e6a81786d4c55c",
                            "encryption_settings.0.disk_encryption_key.0.source_vault_id": "/subscriptions/5efd619c-0d6c-4bf6-a31b-d54ffda461c4/resourceGroups/EESSI-Test-KV-RG/providers/Microsoft.KeyVault/vaults/EESSI-Test01-AP-KV",
                            "encryption_settings.0.enabled": "true",
                            "encryption_settings.0.key_encryption_key.#": "1",
                            "encryption_settings.0.key_encryption_key.0.key_url": "https://eessi-test01-ap-kv.vault.azure.net/keys/keyencryptionkey/070f1bb2be0a419aab3c89a0d2ddfb27",
                            "encryption_settings.0.key_encryption_key.0.source_vault_id": "/subscriptions/5efd619c-0d6c-4bf6-a31b-d54ffda461c4/resourceGroups/EESSI-Test-KV-RG/providers/Microsoft.KeyVault/vaults/EESSI-Test01-AP-KV",
                            "id": "/subscriptions/5efd619c-0d6c-4bf6-a31b-d54ffda461c4/resourceGroups/EESSI-Test01-AP-SQL-RG/providers/Microsoft.Compute/disks/aztst01-apsql01_OsDisk_1_276ff951c3394db0bca3e57706825c0b",
                            "image_reference_id": "/Subscriptions/5efd619c-0d6c-4bf6-a31b-d54ffda461c4/Providers/Microsoft.Compute/Locations/uksouth/Publishers/MicrosoftWindowsServer/ArtifactTypes/VMImage/Offers/WindowsServer/Skus/2016-Datacenter/Versions/2016.127.20171017",
                            "location": "uksouth",
                            "name": "aztst01-apsql01_OsDisk_1_276ff951c3394db0bca3e57706825c0b",
                            "os_type": "Windows",
                            "resource_group_name": "EESSI-Test01-AP-SQL-RG",
                            "storage_account_type": "Premium_LRS",
                            "tags.%": "0",
                            "zones.#": "0"
                        },
                        "meta": {},
                        "tainted": false
                    },
                    "deposed": [],
                    "provider": "provider.azurerm"
                },
                "azurerm_managed_disk.EESSI-Test01-RINA-App-RG__aztst01-riapp01-data01": {
                    "type": "azurerm_managed_disk",
                    "depends_on": [],
                    "primary": {
                        "id": "/subscriptions/5efd619c-0d6c-4bf6-a31b-d54ffda461c4/resourceGroups/EESSI-Test01-RINA-App-RG/providers/Microsoft.Compute/disks/aztst01-riapp01-data01",
                        "attributes": {
                            "create_option": "Empty",
                            "disk_size_gb": "512",
                            "id": "/subscriptions/5efd619c-0d6c-4bf6-a31b-d54ffda461c4/resourceGroups/EESSI-Test01-RINA-App-RG/providers/Microsoft.Compute/disks/aztst01-riapp01-data01",
                            "location": "uksouth",
                            "name": "aztst01-riapp01-data01",
                            "resource_group_name": "EESSI-Test01-RINA-App-RG",
                            "storage_account_type": "Premium_LRS",
                            "tags.%": "0",
                            "zones.#": "0"
                        },
                        "meta": {},
                        "tainted": false
                    },
                    "deposed": [],
                    "provider": "provider.azurerm"
                },
                "azurerm_managed_disk.EESSI-Test01-RINA-App-RG__aztst01-riapp01_OsDisk_1_3ce1a2fc78154a62bf183ff7a459f8ff": {
                    "type": "azurerm_managed_disk",
                    "depends_on": [],
                    "primary": {
                        "id": "/subscriptions/5efd619c-0d6c-4bf6-a31b-d54ffda461c4/resourceGroups/EESSI-Test01-RINA-App-RG/providers/Microsoft.Compute/disks/aztst01-riapp01_OsDisk_1_3ce1a2fc78154a62bf183ff7a459f8ff",
                        "attributes": {
                            "create_option": "FromImage",
                            "disk_size_gb": "127",
                            "encryption_settings.#": "1",
                            "encryption_settings.0.disk_encryption_key.#": "1",
                            "encryption_settings.0.disk_encryption_key.0.secret_url": "https://eessi-test01-rina-kv.vault.azure.net/secrets/94AA802F-C973-4FE9-9439-EDC9178C4BC6/79fc24d778d2424f8f5825e2599ffea6",
                            "encryption_settings.0.disk_encryption_key.0.source_vault_id": "/subscriptions/5efd619c-0d6c-4bf6-a31b-d54ffda461c4/resourceGroups/EESSI-Test-KV-RG/providers/Microsoft.KeyVault/vaults/EESSI-Test01-RINA-KV",
                            "encryption_settings.0.enabled": "true",
                            "encryption_settings.0.key_encryption_key.#": "1",
                            "encryption_settings.0.key_encryption_key.0.key_url": "https://eessi-test01-rina-kv.vault.azure.net/keys/keyencryptionkey/fd3804a1ede74530b4df285efe8b44b0",
                            "encryption_settings.0.key_encryption_key.0.source_vault_id": "/subscriptions/5efd619c-0d6c-4bf6-a31b-d54ffda461c4/resourceGroups/EESSI-Test-KV-RG/providers/Microsoft.KeyVault/vaults/EESSI-Test01-RINA-KV",
                            "id": "/subscriptions/5efd619c-0d6c-4bf6-a31b-d54ffda461c4/resourceGroups/EESSI-Test01-RINA-App-RG/providers/Microsoft.Compute/disks/aztst01-riapp01_OsDisk_1_3ce1a2fc78154a62bf183ff7a459f8ff",
                            "image_reference_id": "/Subscriptions/5efd619c-0d6c-4bf6-a31b-d54ffda461c4/Providers/Microsoft.Compute/Locations/uksouth/Publishers/MicrosoftWindowsServer/ArtifactTypes/VMImage/Offers/WindowsServer/Skus/2016-Datacenter/Versions/2016.127.20171017",
                            "location": "uksouth",
                            "name": "aztst01-riapp01_OsDisk_1_3ce1a2fc78154a62bf183ff7a459f8ff",
                            "os_type": "Windows",
                            "resource_group_name": "EESSI-Test01-RINA-App-RG",
                            "storage_account_type": "Premium_LRS",
                            "tags.%": "0",
                            "zones.#": "0"
                        },
                        "meta": {},
                        "tainted": false
                    },
                    "deposed": [],
                    "provider": "provider.azurerm"
                },
                "azurerm_managed_disk.EESSI-Test01-RINA-App-RG__aztst01-rilb01_OsDisk_1_02ab17bb12be41a78490e4e8e3e1d82b": {
                    "type": "azurerm_managed_disk",
                    "depends_on": [],
                    "primary": {
                        "id": "/subscriptions/5efd619c-0d6c-4bf6-a31b-d54ffda461c4/resourceGroups/EESSI-Test01-RINA-App-RG/providers/Microsoft.Compute/disks/aztst01-rilb01_OsDisk_1_02ab17bb12be41a78490e4e8e3e1d82b",
                        "attributes": {
                            "create_option": "FromImage",
                            "disk_size_gb": "127",
                            "encryption_settings.#": "1",
                            "encryption_settings.0.disk_encryption_key.#": "1",
                            "encryption_settings.0.disk_encryption_key.0.secret_url": "https://eessi-test01-rina-kv.vault.azure.net/secrets/1376EED4-0190-4DE2-BA76-B9100E960D05/8c51c607b6024f679167da1b76665d3d",
                            "encryption_settings.0.disk_encryption_key.0.source_vault_id": "/subscriptions/5efd619c-0d6c-4bf6-a31b-d54ffda461c4/resourceGroups/EESSI-Test-KV-RG/providers/Microsoft.KeyVault/vaults/EESSI-Test01-RINA-KV",
                            "encryption_settings.0.enabled": "true",
                            "encryption_settings.0.key_encryption_key.#": "1",
                            "encryption_settings.0.key_encryption_key.0.key_url": "https://eessi-test01-rina-kv.vault.azure.net/keys/keyencryptionkey/fd3804a1ede74530b4df285efe8b44b0",
                            "encryption_settings.0.key_encryption_key.0.source_vault_id": "/subscriptions/5efd619c-0d6c-4bf6-a31b-d54ffda461c4/resourceGroups/EESSI-Test-KV-RG/providers/Microsoft.KeyVault/vaults/EESSI-Test01-RINA-KV",
                            "id": "/subscriptions/5efd619c-0d6c-4bf6-a31b-d54ffda461c4/resourceGroups/EESSI-Test01-RINA-App-RG/providers/Microsoft.Compute/disks/aztst01-rilb01_OsDisk_1_02ab17bb12be41a78490e4e8e3e1d82b",
                            "image_reference_id": "/Subscriptions/5efd619c-0d6c-4bf6-a31b-d54ffda461c4/Providers/Microsoft.Compute/Locations/uksouth/Publishers/MicrosoftWindowsServer/ArtifactTypes/VMImage/Offers/WindowsServer/Skus/2016-Datacenter/Versions/2016.127.20171217",
                            "location": "uksouth",
                            "name": "aztst01-rilb01_OsDisk_1_02ab17bb12be41a78490e4e8e3e1d82b",
                            "os_type": "Windows",
                            "resource_group_name": "EESSI-Test01-RINA-App-RG",
                            "storage_account_type": "Premium_LRS",
                            "tags.%": "0",
                            "zones.#": "0"
                        },
                        "meta": {},
                        "tainted": false
                    },
                    "deposed": [],
                    "provider": "provider.azurerm"
                },
                "azurerm_managed_disk.EESSI-Test01-RINA-App-RG__aztst01-rilb02_OsDisk_1_77772c70033a4890a1d5a615aef464c9": {
                    "type": "azurerm_managed_disk",
                    "depends_on": [],
                    "primary": {
                        "id": "/subscriptions/5efd619c-0d6c-4bf6-a31b-d54ffda461c4/resourceGroups/EESSI-Test01-RINA-App-RG/providers/Microsoft.Compute/disks/aztst01-rilb02_OsDisk_1_77772c70033a4890a1d5a615aef464c9",
                        "attributes": {
                            "create_option": "FromImage",
                            "disk_size_gb": "127",
                            "encryption_settings.#": "1",
                            "encryption_settings.0.disk_encryption_key.#": "1",
                            "encryption_settings.0.disk_encryption_key.0.secret_url": "https://eessi-test01-rina-kv.vault.azure.net/secrets/68BCDD7F-2BB5-45F7-807A-9C9FF8FE9180/27f65711685f4133bd1c4af5fc8d28c2",
                            "encryption_settings.0.disk_encryption_key.0.source_vault_id": "/subscriptions/5efd619c-0d6c-4bf6-a31b-d54ffda461c4/resourceGroups/EESSI-Test-KV-RG/providers/Microsoft.KeyVault/vaults/EESSI-Test01-RINA-KV",
                            "encryption_settings.0.enabled": "true",
                            "encryption_settings.0.key_encryption_key.#": "1",
                            "encryption_settings.0.key_encryption_key.0.key_url": "https://eessi-test01-rina-kv.vault.azure.net/keys/keyencryptionkey/fd3804a1ede74530b4df285efe8b44b0",
                            "encryption_settings.0.key_encryption_key.0.source_vault_id": "/subscriptions/5efd619c-0d6c-4bf6-a31b-d54ffda461c4/resourceGroups/EESSI-Test-KV-RG/providers/Microsoft.KeyVault/vaults/EESSI-Test01-RINA-KV",
                            "id": "/subscriptions/5efd619c-0d6c-4bf6-a31b-d54ffda461c4/resourceGroups/EESSI-Test01-RINA-App-RG/providers/Microsoft.Compute/disks/aztst01-rilb02_OsDisk_1_77772c70033a4890a1d5a615aef464c9",
                            "image_reference_id": "/Subscriptions/5efd619c-0d6c-4bf6-a31b-d54ffda461c4/Providers/Microsoft.Compute/Locations/uksouth/Publishers/MicrosoftWindowsServer/ArtifactTypes/VMImage/Offers/WindowsServer/Skus/2016-Datacenter/Versions/2016.127.20171217",
                            "location": "uksouth",
                            "name": "aztst01-rilb02_OsDisk_1_77772c70033a4890a1d5a615aef464c9",
                            "os_type": "Windows",
                            "resource_group_name": "EESSI-Test01-RINA-App-RG",
                            "storage_account_type": "Premium_LRS",
                            "tags.%": "0",
                            "zones.#": "0"
                        },
                        "meta": {},
                        "tainted": false
                    },
                    "deposed": [],
                    "provider": "provider.azurerm"
                },
                "azurerm_managed_disk.EESSI-Test02-AP-FS-RG__aztst02-apfs01-s2d-data01": {
                    "type": "azurerm_managed_disk",
                    "depends_on": [],
                    "primary": {
                        "id": "/subscriptions/5efd619c-0d6c-4bf6-a31b-d54ffda461c4/resourceGroups/EESSI-Test02-AP-FS-RG/providers/Microsoft.Compute/disks/aztst02-apfs01-s2d-data01",
                        "attributes": {
                            "create_option": "Empty",
                            "disk_size_gb": "512",
                            "id": "/subscriptions/5efd619c-0d6c-4bf6-a31b-d54ffda461c4/resourceGroups/EESSI-Test02-AP-FS-RG/providers/Microsoft.Compute/disks/aztst02-apfs01-s2d-data01",
                            "location": "uksouth",
                            "name": "aztst02-apfs01-s2d-data01",
                            "resource_group_name": "EESSI-Test02-AP-FS-RG",
                            "storage_account_type": "Standard_LRS",
                            "tags.%": "0",
                            "zones.#": "0"
                        },
                        "meta": {},
                        "tainted": false
                    },
                    "deposed": [],
                    "provider": "provider.azurerm"
                },
                "azurerm_managed_disk.EESSI-Test02-AP-FS-RG__aztst02-apfs01-s2d-data02": {
                    "type": "azurerm_managed_disk",
                    "depends_on": [],
                    "primary": {
                        "id": "/subscriptions/5efd619c-0d6c-4bf6-a31b-d54ffda461c4/resourceGroups/EESSI-Test02-AP-FS-RG/providers/Microsoft.Compute/disks/aztst02-apfs01-s2d-data02",
                        "attributes": {
                            "create_option": "Empty",
                            "disk_size_gb": "512",
                            "id": "/subscriptions/5efd619c-0d6c-4bf6-a31b-d54ffda461c4/resourceGroups/EESSI-Test02-AP-FS-RG/providers/Microsoft.Compute/disks/aztst02-apfs01-s2d-data02",
                            "location": "uksouth",
                            "name": "aztst02-apfs01-s2d-data02",
                            "resource_group_name": "EESSI-Test02-AP-FS-RG",
                            "storage_account_type": "Standard_LRS",
                            "tags.%": "0",
                            "zones.#": "0"
                        },
                        "meta": {},
                        "tainted": false
                    },
                    "deposed": [],
                    "provider": "provider.azurerm"
                },
                "azurerm_managed_disk.EESSI-Test02-AP-FS-RG__aztst02-apfs01_disk1_09aff62dd8a64fa4855a12bf9af7292f": {
                    "type": "azurerm_managed_disk",
                    "depends_on": [],
                    "primary": {
                        "id": "/subscriptions/5efd619c-0d6c-4bf6-a31b-d54ffda461c4/resourceGroups/EESSI-Test02-AP-FS-RG/providers/Microsoft.Compute/disks/aztst02-apfs01_disk1_09aff62dd8a64fa4855a12bf9af7292f",
                        "attributes": {
                            "create_option": "Copy",
                            "disk_size_gb": "128",
                            "id": "/subscriptions/5efd619c-0d6c-4bf6-a31b-d54ffda461c4/resourceGroups/EESSI-Test02-AP-FS-RG/providers/Microsoft.Compute/disks/aztst02-apfs01_disk1_09aff62dd8a64fa4855a12bf9af7292f",
                            "location": "uksouth",
                            "name": "aztst02-apfs01_disk1_09aff62dd8a64fa4855a12bf9af7292f",
                            "os_type": "Windows",
                            "resource_group_name": "EESSI-Test02-AP-FS-RG",
                            "source_resource_id": "/subscriptions/5efd619c-0d6c-4bf6-a31b-d54ffda461c4/resourceGroups/EESSI-Test-Shared-RG/providers/Microsoft.Compute/snapshots/CISL2Win2016_bzgscl0lcfh",
                            "storage_account_type": "Standard_LRS",
                            "tags.%": "0",
                            "zones.#": "0"
                        },
                        "meta": {},
                        "tainted": false
                    },
                    "deposed": [],
                    "provider": "provider.azurerm"
                },
                "azurerm_managed_disk.EESSI-Test02-AP-FS-RG__aztst02-apfs02-s2d-data01": {
                    "type": "azurerm_managed_disk",
                    "depends_on": [],
                    "primary": {
                        "id": "/subscriptions/5efd619c-0d6c-4bf6-a31b-d54ffda461c4/resourceGroups/EESSI-Test02-AP-FS-RG/providers/Microsoft.Compute/disks/aztst02-apfs02-s2d-data01",
                        "attributes": {
                            "create_option": "Empty",
                            "disk_size_gb": "512",
                            "id": "/subscriptions/5efd619c-0d6c-4bf6-a31b-d54ffda461c4/resourceGroups/EESSI-Test02-AP-FS-RG/providers/Microsoft.Compute/disks/aztst02-apfs02-s2d-data01",
                            "location": "uksouth",
                            "name": "aztst02-apfs02-s2d-data01",
                            "resource_group_name": "EESSI-Test02-AP-FS-RG",
                            "storage_account_type": "Standard_LRS",
                            "tags.%": "0",
                            "zones.#": "0"
                        },
                        "meta": {},
                        "tainted": false
                    },
                    "deposed": [],
                    "provider": "provider.azurerm"
                },
                "azurerm_managed_disk.EESSI-Test02-AP-FS-RG__aztst02-apfs02-s2d-data02": {
                    "type": "azurerm_managed_disk",
                    "depends_on": [],
                    "primary": {
                        "id": "/subscriptions/5efd619c-0d6c-4bf6-a31b-d54ffda461c4/resourceGroups/EESSI-Test02-AP-FS-RG/providers/Microsoft.Compute/disks/aztst02-apfs02-s2d-data02",
                        "attributes": {
                            "create_option": "Empty",
                            "disk_size_gb": "512",
                            "id": "/subscriptions/5efd619c-0d6c-4bf6-a31b-d54ffda461c4/resourceGroups/EESSI-Test02-AP-FS-RG/providers/Microsoft.Compute/disks/aztst02-apfs02-s2d-data02",
                            "location": "uksouth",
                            "name": "aztst02-apfs02-s2d-data02",
                            "resource_group_name": "EESSI-Test02-AP-FS-RG",
                            "storage_account_type": "Standard_LRS",
                            "tags.%": "0",
                            "zones.#": "0"
                        },
                        "meta": {},
                        "tainted": false
                    },
                    "deposed": [],
                    "provider": "provider.azurerm"
                },
                "azurerm_managed_disk.EESSI-Test02-AP-FS-RG__aztst02-apfs02_disk1_87d3123c14264541bb551077e0da3f53": {
                    "type": "azurerm_managed_disk",
                    "depends_on": [],
                    "primary": {
                        "id": "/subscriptions/5efd619c-0d6c-4bf6-a31b-d54ffda461c4/resourceGroups/EESSI-Test02-AP-FS-RG/providers/Microsoft.Compute/disks/aztst02-apfs02_disk1_87d3123c14264541bb551077e0da3f53",
                        "attributes": {
                            "create_option": "Copy",
                            "disk_size_gb": "128",
                            "id": "/subscriptions/5efd619c-0d6c-4bf6-a31b-d54ffda461c4/resourceGroups/EESSI-Test02-AP-FS-RG/providers/Microsoft.Compute/disks/aztst02-apfs02_disk1_87d3123c14264541bb551077e0da3f53",
                            "location": "uksouth",
                            "name": "aztst02-apfs02_disk1_87d3123c14264541bb551077e0da3f53",
                            "os_type": "Windows",
                            "resource_group_name": "EESSI-Test02-AP-FS-RG",
                            "source_resource_id": "/subscriptions/5efd619c-0d6c-4bf6-a31b-d54ffda461c4/resourceGroups/EESSI-Test-Shared-RG/providers/Microsoft.Compute/snapshots/CISL2Win2016_bzgscl0lcfh",
                            "storage_account_type": "Standard_LRS",
                            "tags.%": "0",
                            "zones.#": "0"
                        },
                        "meta": {},
                        "tainted": false
                    },
                    "deposed": [],
                    "provider": "provider.azurerm"
                },
                "azurerm_managed_disk.EESSI-Test02-AP-SQL-RG__aztst02-apsql01-btsmonitoring": {
                    "type": "azurerm_managed_disk",
                    "depends_on": [],
                    "primary": {
                        "id": "/subscriptions/5efd619c-0d6c-4bf6-a31b-d54ffda461c4/resourceGroups/EESSI-Test02-AP-SQL-RG/providers/Microsoft.Compute/disks/aztst02-apsql01-btsmonitoring",
                        "attributes": {
                            "create_option": "Empty",
                            "disk_size_gb": "512",
                            "id": "/subscriptions/5efd619c-0d6c-4bf6-a31b-d54ffda461c4/resourceGroups/EESSI-Test02-AP-SQL-RG/providers/Microsoft.Compute/disks/aztst02-apsql01-btsmonitoring",
                            "location": "uksouth",
                            "name": "aztst02-apsql01-btsmonitoring",
                            "resource_group_name": "EESSI-Test02-AP-SQL-RG",
                            "storage_account_type": "Standard_LRS",
                            "tags.%": "0",
                            "zones.#": "0"
                        },
                        "meta": {},
                        "tainted": false
                    },
                    "deposed": [],
                    "provider": "provider.azurerm"
                },
                "azurerm_managed_disk.EESSI-Test02-AP-SQL-RG__aztst02-apsql01-btsruntime": {
                    "type": "azurerm_managed_disk",
                    "depends_on": [],
                    "primary": {
                        "id": "/subscriptions/5efd619c-0d6c-4bf6-a31b-d54ffda461c4/resourceGroups/EESSI-Test02-AP-SQL-RG/providers/Microsoft.Compute/disks/aztst02-apsql01-btsruntime",
                        "attributes": {
                            "create_option": "Empty",
                            "disk_size_gb": "512",
                            "id": "/subscriptions/5efd619c-0d6c-4bf6-a31b-d54ffda461c4/resourceGroups/EESSI-Test02-AP-SQL-RG/providers/Microsoft.Compute/disks/aztst02-apsql01-btsruntime",
                            "location": "uksouth",
                            "name": "aztst02-apsql01-btsruntime",
                            "resource_group_name": "EESSI-Test02-AP-SQL-RG",
                            "storage_account_type": "Standard_LRS",
                            "tags.%": "0",
                            "zones.#": "0"
                        },
                        "meta": {},
                        "tainted": false
                    },
                    "deposed": [],
                    "provider": "provider.azurerm"
                },
                "azurerm_managed_disk.EESSI-Test02-AP-SQL-RG__aztst02-apsql01-eessimgmt": {
                    "type": "azurerm_managed_disk",
                    "depends_on": [],
                    "primary": {
                        "id": "/subscriptions/5efd619c-0d6c-4bf6-a31b-d54ffda461c4/resourceGroups/EESSI-Test02-AP-SQL-RG/providers/Microsoft.Compute/disks/aztst02-apsql01-eessimgmt",
                        "attributes": {
                            "create_option": "Empty",
                            "disk_size_gb": "512",
                            "id": "/subscriptions/5efd619c-0d6c-4bf6-a31b-d54ffda461c4/resourceGroups/EESSI-Test02-AP-SQL-RG/providers/Microsoft.Compute/disks/aztst02-apsql01-eessimgmt",
                            "location": "uksouth",
                            "name": "aztst02-apsql01-eessimgmt",
                            "resource_group_name": "EESSI-Test02-AP-SQL-RG",
                            "storage_account_type": "Standard_LRS",
                            "tags.%": "0",
                            "zones.#": "0"
                        },
                        "meta": {},
                        "tainted": false
                    },
                    "deposed": [],
                    "provider": "provider.azurerm"
                },
                "azurerm_managed_disk.EESSI-Test02-AP-SQL-RG__aztst02-apsql01-eessiqueue": {
                    "type": "azurerm_managed_disk",
                    "depends_on": [],
                    "primary": {
                        "id": "/subscriptions/5efd619c-0d6c-4bf6-a31b-d54ffda461c4/resourceGroups/EESSI-Test02-AP-SQL-RG/providers/Microsoft.Compute/disks/aztst02-apsql01-eessiqueue",
                        "attributes": {
                            "create_option": "Empty",
                            "disk_size_gb": "512",
                            "id": "/subscriptions/5efd619c-0d6c-4bf6-a31b-d54ffda461c4/resourceGroups/EESSI-Test02-AP-SQL-RG/providers/Microsoft.Compute/disks/aztst02-apsql01-eessiqueue",
                            "location": "uksouth",
                            "name": "aztst02-apsql01-eessiqueue",
                            "resource_group_name": "EESSI-Test02-AP-SQL-RG",
                            "storage_account_type": "Standard_LRS",
                            "tags.%": "0",
                            "zones.#": "0"
                        },
                        "meta": {},
                        "tainted": false
                    },
                    "deposed": [],
                    "provider": "provider.azurerm"
                },
                "azurerm_managed_disk.EESSI-Test02-AP-SQL-RG__aztst02-apsql01-msdtc": {
                    "type": "azurerm_managed_disk",
                    "depends_on": [],
                    "primary": {
                        "id": "/subscriptions/5efd619c-0d6c-4bf6-a31b-d54ffda461c4/resourceGroups/EESSI-Test02-AP-SQL-RG/providers/Microsoft.Compute/disks/aztst02-apsql01-msdtc",
                        "attributes": {
                            "create_option": "Empty",
                            "disk_size_gb": "512",
                            "id": "/subscriptions/5efd619c-0d6c-4bf6-a31b-d54ffda461c4/resourceGroups/EESSI-Test02-AP-SQL-RG/providers/Microsoft.Compute/disks/aztst02-apsql01-msdtc",
                            "location": "uksouth",
                            "name": "aztst02-apsql01-msdtc",
                            "resource_group_name": "EESSI-Test02-AP-SQL-RG",
                            "storage_account_type": "Standard_LRS",
                            "tags.%": "0",
                            "zones.#": "0"
                        },
                        "meta": {},
                        "tainted": false
                    },
                    "deposed": [],
                    "provider": "provider.azurerm"
                },
                "azurerm_managed_disk.EESSI-Test02-AP-SQL-RG__aztst02-apsql01_disk1_971f803d04e14161b855f607646d2980": {
                    "type": "azurerm_managed_disk",
                    "depends_on": [],
                    "primary": {
                        "id": "/subscriptions/5efd619c-0d6c-4bf6-a31b-d54ffda461c4/resourceGroups/EESSI-Test02-AP-SQL-RG/providers/Microsoft.Compute/disks/aztst02-apsql01_disk1_971f803d04e14161b855f607646d2980",
                        "attributes": {
                            "create_option": "Copy",
                            "disk_size_gb": "128",
                            "id": "/subscriptions/5efd619c-0d6c-4bf6-a31b-d54ffda461c4/resourceGroups/EESSI-Test02-AP-SQL-RG/providers/Microsoft.Compute/disks/aztst02-apsql01_disk1_971f803d04e14161b855f607646d2980",
                            "location": "uksouth",
                            "name": "aztst02-apsql01_disk1_971f803d04e14161b855f607646d2980",
                            "os_type": "Windows",
                            "resource_group_name": "EESSI-Test02-AP-SQL-RG",
                            "source_resource_id": "/subscriptions/5efd619c-0d6c-4bf6-a31b-d54ffda461c4/resourceGroups/EESSI-Test-Shared-RG/providers/Microsoft.Compute/snapshots/CISL2Win2016_bzgscl0lcfh",
                            "storage_account_type": "Premium_LRS",
                            "tags.%": "0",
                            "zones.#": "0"
                        },
                        "meta": {},
                        "tainted": false
                    },
                    "deposed": [],
                    "provider": "provider.azurerm"
                },
                "azurerm_managed_disk.EESSI-Test02-AP-SQL-RG__aztst02-apsql01_disk1_9aebb85084af4b47862cf8d4dd66187b": {
                    "type": "azurerm_managed_disk",
                    "depends_on": [],
                    "primary": {
                        "id": "/subscriptions/5efd619c-0d6c-4bf6-a31b-d54ffda461c4/resourceGroups/EESSI-Test02-AP-SQL-RG/providers/Microsoft.Compute/disks/aztst02-apsql01_disk1_9aebb85084af4b47862cf8d4dd66187b",
                        "attributes": {
                            "create_option": "Copy",
                            "disk_size_gb": "128",
                            "id": "/subscriptions/5efd619c-0d6c-4bf6-a31b-d54ffda461c4/resourceGroups/EESSI-Test02-AP-SQL-RG/providers/Microsoft.Compute/disks/aztst02-apsql01_disk1_9aebb85084af4b47862cf8d4dd66187b",
                            "location": "uksouth",
                            "name": "aztst02-apsql01_disk1_9aebb85084af4b47862cf8d4dd66187b",
                            "os_type": "Windows",
                            "resource_group_name": "EESSI-Test02-AP-SQL-RG",
                            "source_resource_id": "/subscriptions/5efd619c-0d6c-4bf6-a31b-d54ffda461c4/resourceGroups/EESSI-Test-Shared-RG/providers/Microsoft.Compute/snapshots/CISL2Win2016_bzgscl0lcfh",
                            "storage_account_type": "Premium_LRS",
                            "tags.%": "0",
                            "zones.#": "0"
                        },
                        "meta": {},
                        "tainted": false
                    },
                    "deposed": [],
                    "provider": "provider.azurerm"
                },
                "azurerm_managed_disk.EESSI-Test02-AP-SQL-RG__aztst02-apsql02-btsmonitoring": {
                    "type": "azurerm_managed_disk",
                    "depends_on": [],
                    "primary": {
                        "id": "/subscriptions/5efd619c-0d6c-4bf6-a31b-d54ffda461c4/resourceGroups/EESSI-Test02-AP-SQL-RG/providers/Microsoft.Compute/disks/aztst02-apsql02-btsmonitoring",
                        "attributes": {
                            "create_option": "Empty",
                            "disk_size_gb": "512",
                            "id": "/subscriptions/5efd619c-0d6c-4bf6-a31b-d54ffda461c4/resourceGroups/EESSI-Test02-AP-SQL-RG/providers/Microsoft.Compute/disks/aztst02-apsql02-btsmonitoring",
                            "location": "uksouth",
                            "name": "aztst02-apsql02-btsmonitoring",
                            "resource_group_name": "EESSI-Test02-AP-SQL-RG",
                            "storage_account_type": "Standard_LRS",
                            "tags.%": "0",
                            "zones.#": "0"
                        },
                        "meta": {},
                        "tainted": false
                    },
                    "deposed": [],
                    "provider": "provider.azurerm"
                },
                "azurerm_managed_disk.EESSI-Test02-AP-SQL-RG__aztst02-apsql02-btsruntime": {
                    "type": "azurerm_managed_disk",
                    "depends_on": [],
                    "primary": {
                        "id": "/subscriptions/5efd619c-0d6c-4bf6-a31b-d54ffda461c4/resourceGroups/EESSI-Test02-AP-SQL-RG/providers/Microsoft.Compute/disks/aztst02-apsql02-btsruntime",
                        "attributes": {
                            "create_option": "Empty",
                            "disk_size_gb": "512",
                            "id": "/subscriptions/5efd619c-0d6c-4bf6-a31b-d54ffda461c4/resourceGroups/EESSI-Test02-AP-SQL-RG/providers/Microsoft.Compute/disks/aztst02-apsql02-btsruntime",
                            "location": "uksouth",
                            "name": "aztst02-apsql02-btsruntime",
                            "resource_group_name": "EESSI-Test02-AP-SQL-RG",
                            "storage_account_type": "Standard_LRS",
                            "tags.%": "0",
                            "zones.#": "0"
                        },
                        "meta": {},
                        "tainted": false
                    },
                    "deposed": [],
                    "provider": "provider.azurerm"
                },
                "azurerm_managed_disk.EESSI-Test02-AP-SQL-RG__aztst02-apsql02-eessimgmt": {
                    "type": "azurerm_managed_disk",
                    "depends_on": [],
                    "primary": {
                        "id": "/subscriptions/5efd619c-0d6c-4bf6-a31b-d54ffda461c4/resourceGroups/EESSI-Test02-AP-SQL-RG/providers/Microsoft.Compute/disks/aztst02-apsql02-eessimgmt",
                        "attributes": {
                            "create_option": "Empty",
                            "disk_size_gb": "512",
                            "id": "/subscriptions/5efd619c-0d6c-4bf6-a31b-d54ffda461c4/resourceGroups/EESSI-Test02-AP-SQL-RG/providers/Microsoft.Compute/disks/aztst02-apsql02-eessimgmt",
                            "location": "uksouth",
                            "name": "aztst02-apsql02-eessimgmt",
                            "resource_group_name": "EESSI-Test02-AP-SQL-RG",
                            "storage_account_type": "Standard_LRS",
                            "tags.%": "0",
                            "zones.#": "0"
                        },
                        "meta": {},
                        "tainted": false
                    },
                    "deposed": [],
                    "provider": "provider.azurerm"
                },
                "azurerm_managed_disk.EESSI-Test02-AP-SQL-RG__aztst02-apsql02-eessiqueue": {
                    "type": "azurerm_managed_disk",
                    "depends_on": [],
                    "primary": {
                        "id": "/subscriptions/5efd619c-0d6c-4bf6-a31b-d54ffda461c4/resourceGroups/EESSI-Test02-AP-SQL-RG/providers/Microsoft.Compute/disks/aztst02-apsql02-eessiqueue",
                        "attributes": {
                            "create_option": "Empty",
                            "disk_size_gb": "512",
                            "id": "/subscriptions/5efd619c-0d6c-4bf6-a31b-d54ffda461c4/resourceGroups/EESSI-Test02-AP-SQL-RG/providers/Microsoft.Compute/disks/aztst02-apsql02-eessiqueue",
                            "location": "uksouth",
                            "name": "aztst02-apsql02-eessiqueue",
                            "resource_group_name": "EESSI-Test02-AP-SQL-RG",
                            "storage_account_type": "Standard_LRS",
                            "tags.%": "0",
                            "zones.#": "0"
                        },
                        "meta": {},
                        "tainted": false
                    },
                    "deposed": [],
                    "provider": "provider.azurerm"
                },
                "azurerm_managed_disk.EESSI-Test02-AP-SQL-RG__aztst02-apsql02-msdtc": {
                    "type": "azurerm_managed_disk",
                    "depends_on": [],
                    "primary": {
                        "id": "/subscriptions/5efd619c-0d6c-4bf6-a31b-d54ffda461c4/resourceGroups/EESSI-Test02-AP-SQL-RG/providers/Microsoft.Compute/disks/aztst02-apsql02-msdtc",
                        "attributes": {
                            "create_option": "Empty",
                            "disk_size_gb": "512",
                            "id": "/subscriptions/5efd619c-0d6c-4bf6-a31b-d54ffda461c4/resourceGroups/EESSI-Test02-AP-SQL-RG/providers/Microsoft.Compute/disks/aztst02-apsql02-msdtc",
                            "location": "uksouth",
                            "name": "aztst02-apsql02-msdtc",
                            "resource_group_name": "EESSI-Test02-AP-SQL-RG",
                            "storage_account_type": "Standard_LRS",
                            "tags.%": "0",
                            "zones.#": "0"
                        },
                        "meta": {},
                        "tainted": false
                    },
                    "deposed": [],
                    "provider": "provider.azurerm"
                },
                "azurerm_managed_disk.EESSI-Test02-AP-SQL-RG__aztst02-apsql02_disk1_f1655e6f9b6541ca83f73b97dddce734": {
                    "type": "azurerm_managed_disk",
                    "depends_on": [],
                    "primary": {
                        "id": "/subscriptions/5efd619c-0d6c-4bf6-a31b-d54ffda461c4/resourceGroups/EESSI-Test02-AP-SQL-RG/providers/Microsoft.Compute/disks/aztst02-apsql02_disk1_f1655e6f9b6541ca83f73b97dddce734",
                        "attributes": {
                            "create_option": "Copy",
                            "disk_size_gb": "128",
                            "id": "/subscriptions/5efd619c-0d6c-4bf6-a31b-d54ffda461c4/resourceGroups/EESSI-Test02-AP-SQL-RG/providers/Microsoft.Compute/disks/aztst02-apsql02_disk1_f1655e6f9b6541ca83f73b97dddce734",
                            "location": "uksouth",
                            "name": "aztst02-apsql02_disk1_f1655e6f9b6541ca83f73b97dddce734",
                            "os_type": "Windows",
                            "resource_group_name": "EESSI-Test02-AP-SQL-RG",
                            "source_resource_id": "/subscriptions/5efd619c-0d6c-4bf6-a31b-d54ffda461c4/resourceGroups/EESSI-Test-Shared-RG/providers/Microsoft.Compute/snapshots/CISL2Win2016_bzgscl0lcfh",
                            "storage_account_type": "Premium_LRS",
                            "tags.%": "0",
                            "zones.#": "0"
                        },
                        "meta": {},
                        "tainted": false
                    },
                    "deposed": [],
                    "provider": "provider.azurerm"
                },
                "azurerm_managed_disk.RG-Rina2Rina-Playground__r2rnode01_OsDisk_1_17d34b2d37ae48d8b85edca04e890bed": {
                    "type": "azurerm_managed_disk",
                    "depends_on": [],
                    "primary": {
                        "id": "/subscriptions/5efd619c-0d6c-4bf6-a31b-d54ffda461c4/resourceGroups/RG-Rina2Rina-Playground/providers/Microsoft.Compute/disks/r2rnode01_OsDisk_1_17d34b2d37ae48d8b85edca04e890bed",
                        "attributes": {
                            "create_option": "FromImage",
                            "disk_size_gb": "127",
                            "id": "/subscriptions/5efd619c-0d6c-4bf6-a31b-d54ffda461c4/resourceGroups/RG-Rina2Rina-Playground/providers/Microsoft.Compute/disks/r2rnode01_OsDisk_1_17d34b2d37ae48d8b85edca04e890bed",
                            "image_reference_id": "/Subscriptions/5efd619c-0d6c-4bf6-a31b-d54ffda461c4/Providers/Microsoft.Compute/Locations/uksouth/Publishers/MicrosoftWindowsServer/ArtifactTypes/VMImage/Offers/WindowsServer/Skus/2016-Datacenter/Versions/2016.127.20171217",
                            "location": "uksouth",
                            "name": "r2rnode01_OsDisk_1_17d34b2d37ae48d8b85edca04e890bed",
                            "os_type": "Windows",
                            "resource_group_name": "RG-Rina2Rina-Playground",
                            "storage_account_type": "Premium_LRS",
                            "tags.%": "0",
                            "zones.#": "0"
                        },
                        "meta": {},
                        "tainted": false
                    },
                    "deposed": [],
                    "provider": "provider.azurerm"
                },
                "azurerm_managed_disk.RG-Rina2Rina-Playground__r2rnode01_OsDisk_1_41de7c4230a4453cba557d884d0d2f2b": {
                    "type": "azurerm_managed_disk",
                    "depends_on": [],
                    "primary": {
                        "id": "/subscriptions/5efd619c-0d6c-4bf6-a31b-d54ffda461c4/resourceGroups/RG-Rina2Rina-Playground/providers/Microsoft.Compute/disks/r2rnode01_OsDisk_1_41de7c4230a4453cba557d884d0d2f2b",
                        "attributes": {
                            "create_option": "FromImage",
                            "disk_size_gb": "127",
                            "id": "/subscriptions/5efd619c-0d6c-4bf6-a31b-d54ffda461c4/resourceGroups/RG-Rina2Rina-Playground/providers/Microsoft.Compute/disks/r2rnode01_OsDisk_1_41de7c4230a4453cba557d884d0d2f2b",
                            "image_reference_id": "/Subscriptions/5efd619c-0d6c-4bf6-a31b-d54ffda461c4/Providers/Microsoft.Compute/Locations/uksouth/Publishers/MicrosoftWindowsServer/ArtifactTypes/VMImage/Offers/WindowsServer/Skus/2016-Datacenter/Versions/2016.127.20171217",
                            "location": "uksouth",
                            "name": "r2rnode01_OsDisk_1_41de7c4230a4453cba557d884d0d2f2b",
                            "os_type": "Windows",
                            "resource_group_name": "RG-Rina2Rina-Playground",
                            "storage_account_type": "Premium_LRS",
                            "tags.%": "0",
                            "zones.#": "0"
                        },
                        "meta": {},
                        "tainted": false
                    },
                    "deposed": [],
                    "provider": "provider.azurerm"
                },
                "azurerm_managed_disk.RG-Rina2Rina-Playground__r2rnode02_OsDisk_1_4905941adb35486b90a68e6f6e1cd7b1": {
                    "type": "azurerm_managed_disk",
                    "depends_on": [],
                    "primary": {
                        "id": "/subscriptions/5efd619c-0d6c-4bf6-a31b-d54ffda461c4/resourceGroups/RG-Rina2Rina-Playground/providers/Microsoft.Compute/disks/r2rnode02_OsDisk_1_4905941adb35486b90a68e6f6e1cd7b1",
                        "attributes": {
                            "create_option": "FromImage",
                            "disk_size_gb": "127",
                            "id": "/subscriptions/5efd619c-0d6c-4bf6-a31b-d54ffda461c4/resourceGroups/RG-Rina2Rina-Playground/providers/Microsoft.Compute/disks/r2rnode02_OsDisk_1_4905941adb35486b90a68e6f6e1cd7b1",
                            "image_reference_id": "/Subscriptions/5efd619c-0d6c-4bf6-a31b-d54ffda461c4/Providers/Microsoft.Compute/Locations/uksouth/Publishers/MicrosoftWindowsServer/ArtifactTypes/VMImage/Offers/WindowsServer/Skus/2016-Datacenter/Versions/2016.127.20171217",
                            "location": "uksouth",
                            "name": "r2rnode02_OsDisk_1_4905941adb35486b90a68e6f6e1cd7b1",
                            "os_type": "Windows",
                            "resource_group_name": "RG-Rina2Rina-Playground",
                            "storage_account_type": "Premium_LRS",
                            "tags.%": "0",
                            "zones.#": "0"
                        },
                        "meta": {},
                        "tainted": false
                    },
                    "deposed": [],
                    "provider": "provider.azurerm"
                },
                "azurerm_managed_disk.RG-Rina2Rina-Playground__r2rnode04_OsDisk_1_d29d1a0502814209a584b737bef33e22": {
                    "type": "azurerm_managed_disk",
                    "depends_on": [],
                    "primary": {
                        "id": "/subscriptions/5efd619c-0d6c-4bf6-a31b-d54ffda461c4/resourceGroups/RG-Rina2Rina-Playground/providers/Microsoft.Compute/disks/r2rnode04_OsDisk_1_d29d1a0502814209a584b737bef33e22",
                        "attributes": {
                            "create_option": "FromImage",
                            "disk_size_gb": "127",
                            "id": "/subscriptions/5efd619c-0d6c-4bf6-a31b-d54ffda461c4/resourceGroups/RG-Rina2Rina-Playground/providers/Microsoft.Compute/disks/r2rnode04_OsDisk_1_d29d1a0502814209a584b737bef33e22",
                            "image_reference_id": "/Subscriptions/5efd619c-0d6c-4bf6-a31b-d54ffda461c4/Providers/Microsoft.Compute/Locations/uksouth/Publishers/MicrosoftWindowsServer/ArtifactTypes/VMImage/Offers/WindowsServer/Skus/2016-Datacenter/Versions/2016.127.20171217",
                            "location": "uksouth",
                            "name": "r2rnode04_OsDisk_1_d29d1a0502814209a584b737bef33e22",
                            "os_type": "Windows",
                            "resource_group_name": "RG-Rina2Rina-Playground",
                            "storage_account_type": "Premium_LRS",
                            "tags.%": "0",
                            "zones.#": "0"
                        },
                        "meta": {},
                        "tainted": false
                    },
                    "deposed": [],
                    "provider": "provider.azurerm"
                },
                "azurerm_managed_disk.bpdts-testrg__bpdts-test_OsDisk_1_4d4beee4a547409f89502f0613ce1792": {
                    "type": "azurerm_managed_disk",
                    "depends_on": [],
                    "primary": {
                        "id": "/subscriptions/5efd619c-0d6c-4bf6-a31b-d54ffda461c4/resourceGroups/bpdts-testrg/providers/Microsoft.Compute/disks/bpdts-test_OsDisk_1_4d4beee4a547409f89502f0613ce1792",
                        "attributes": {
                            "create_option": "FromImage",
                            "disk_size_gb": "127",
                            "id": "/subscriptions/5efd619c-0d6c-4bf6-a31b-d54ffda461c4/resourceGroups/bpdts-testrg/providers/Microsoft.Compute/disks/bpdts-test_OsDisk_1_4d4beee4a547409f89502f0613ce1792",
                            "image_reference_id": "/Subscriptions/5efd619c-0d6c-4bf6-a31b-d54ffda461c4/Providers/Microsoft.Compute/Locations/uksouth/Publishers/MicrosoftWindowsServer/ArtifactTypes/VMImage/Offers/WindowsServer/Skus/2016-Datacenter/Versions/2016.127.20180220",
                            "location": "uksouth",
                            "name": "bpdts-test_OsDisk_1_4d4beee4a547409f89502f0613ce1792",
                            "os_type": "Windows",
                            "resource_group_name": "bpdts-testrg",
                            "storage_account_type": "Standard_LRS",
                            "tags.%": "0",
                            "zones.#": "0"
                        },
                        "meta": {},
                        "tainted": false
                    },
                    "deposed": [],
                    "provider": "provider.azurerm"
                },
                "azurerm_managed_disk.bpdts-testrg__bpdts-testsql_OsDisk_1_7d4a6515b7c74fb8b0bbac17555e9b25": {
                    "type": "azurerm_managed_disk",
                    "depends_on": [],
                    "primary": {
                        "id": "/subscriptions/5efd619c-0d6c-4bf6-a31b-d54ffda461c4/resourceGroups/bpdts-testrg/providers/Microsoft.Compute/disks/bpdts-testsql_OsDisk_1_7d4a6515b7c74fb8b0bbac17555e9b25",
                        "attributes": {
                            "create_option": "FromImage",
                            "disk_size_gb": "127",
                            "id": "/subscriptions/5efd619c-0d6c-4bf6-a31b-d54ffda461c4/resourceGroups/bpdts-testrg/providers/Microsoft.Compute/disks/bpdts-testsql_OsDisk_1_7d4a6515b7c74fb8b0bbac17555e9b25",
                            "image_reference_id": "/Subscriptions/5efd619c-0d6c-4bf6-a31b-d54ffda461c4/Providers/Microsoft.Compute/Locations/uksouth/Publishers/MicrosoftWindowsServer/ArtifactTypes/VMImage/Offers/WindowsServer/Skus/2016-Datacenter/Versions/2016.127.20180220",
                            "location": "uksouth",
                            "name": "bpdts-testsql_OsDisk_1_7d4a6515b7c74fb8b0bbac17555e9b25",
                            "os_type": "Windows",
                            "resource_group_name": "bpdts-testrg",
                            "storage_account_type": "Standard_LRS",
                            "tags.%": "0",
                            "zones.#": "0"
                        },
                        "meta": {},
                        "tainted": false
                    },
                    "deposed": [],
                    "provider": "provider.azurerm"
                },
                "azurerm_network_interface.EESSI-TEST01-RINA-BPM-RG__aztst01-ribon01761": {
                    "type": "azurerm_network_interface",
                    "depends_on": [],
                    "primary": {
                        "id": "/subscriptions/5efd619c-0d6c-4bf6-a31b-d54ffda461c4/resourceGroups/EESSI-TEST01-RINA-BPM-RG/providers/Microsoft.Network/networkInterfaces/aztst01-ribon01761",
                        "attributes": {
                            "applied_dns_servers.#": "0",
                            "dns_servers.#": "0",
                            "enable_accelerated_networking": "false",
                            "enable_ip_forwarding": "false",
                            "id": "/subscriptions/5efd619c-0d6c-4bf6-a31b-d54ffda461c4/resourceGroups/EESSI-TEST01-RINA-BPM-RG/providers/Microsoft.Network/networkInterfaces/aztst01-ribon01761",
                            "internal_dns_name_label": "",
                            "internal_fqdn": "",
                            "ip_configuration.#": "1",
                            "ip_configuration.0.application_security_group_ids.#": "0",
                            "ip_configuration.0.load_balancer_backend_address_pools_ids.#": "0",
                            "ip_configuration.0.load_balancer_inbound_nat_rules_ids.#": "0",
                            "ip_configuration.0.name": "ipconfig1",
                            "ip_configuration.0.primary": "true",
                            "ip_configuration.0.private_ip_address": "",
                            "ip_configuration.0.private_ip_address_allocation": "dynamic",
                            "ip_configuration.0.public_ip_address_id": "",
                            "ip_configuration.0.subnet_id": "/subscriptions/5efd619c-0d6c-4bf6-a31b-d54ffda461c4/resourceGroups/EESSI-Test01-RINA-Shared-RG/providers/Microsoft.Network/virtualNetworks/EESSI-Test01-RINA-vNet/subnets/Bonita",
                            "location": "uksouth",
                            "mac_address": "00-22-48-01-76-07",
                            "name": "aztst01-ribon01761",
                            "network_security_group_id": "/subscriptions/5efd619c-0d6c-4bf6-a31b-d54ffda461c4/resourceGroups/EESSI-TEST01-RINA-BPM-RG/providers/Microsoft.Network/networkSecurityGroups/aztst01-ribon01-nsg",
                            "private_ip_address": "10.86.2.36",
                            "private_ip_addresses.#": "1",
                            "private_ip_addresses.0": "10.86.2.36",
                            "resource_group_name": "EESSI-TEST01-RINA-BPM-RG",
                            "tags.%": "0",
                            "virtual_machine_id": "/subscriptions/5efd619c-0d6c-4bf6-a31b-d54ffda461c4/resourceGroups/EESSI-TEST01-RINA-BPM-RG/providers/Microsoft.Compute/virtualMachines/aztst01-ribon01"
                        },
                        "meta": {},
                        "tainted": false
                    },
                    "deposed": [],
                    "provider": "provider.azurerm"
                },
                "azurerm_network_interface.EESSI-TEST01-RINA-BPM-RG__aztst01-ribon02931": {
                    "type": "azurerm_network_interface",
                    "depends_on": [],
                    "primary": {
                        "id": "/subscriptions/5efd619c-0d6c-4bf6-a31b-d54ffda461c4/resourceGroups/EESSI-TEST01-RINA-BPM-RG/providers/Microsoft.Network/networkInterfaces/aztst01-ribon02931",
                        "attributes": {
                            "applied_dns_servers.#": "0",
                            "dns_servers.#": "0",
                            "enable_accelerated_networking": "false",
                            "enable_ip_forwarding": "false",
                            "id": "/subscriptions/5efd619c-0d6c-4bf6-a31b-d54ffda461c4/resourceGroups/EESSI-TEST01-RINA-BPM-RG/providers/Microsoft.Network/networkInterfaces/aztst01-ribon02931",
                            "internal_dns_name_label": "",
                            "internal_fqdn": "",
                            "ip_configuration.#": "1",
                            "ip_configuration.0.application_security_group_ids.#": "0",
                            "ip_configuration.0.load_balancer_backend_address_pools_ids.#": "0",
                            "ip_configuration.0.load_balancer_inbound_nat_rules_ids.#": "0",
                            "ip_configuration.0.name": "ipconfig1",
                            "ip_configuration.0.primary": "true",
                            "ip_configuration.0.private_ip_address": "",
                            "ip_configuration.0.private_ip_address_allocation": "dynamic",
                            "ip_configuration.0.public_ip_address_id": "",
                            "ip_configuration.0.subnet_id": "/subscriptions/5efd619c-0d6c-4bf6-a31b-d54ffda461c4/resourceGroups/EESSI-Test01-RINA-Shared-RG/providers/Microsoft.Network/virtualNetworks/EESSI-Test01-RINA-vNet/subnets/Bonita",
                            "location": "uksouth",
                            "mac_address": "00-22-48-01-99-A7",
                            "name": "aztst01-ribon02931",
                            "network_security_group_id": "/subscriptions/5efd619c-0d6c-4bf6-a31b-d54ffda461c4/resourceGroups/EESSI-TEST01-RINA-BPM-RG/providers/Microsoft.Network/networkSecurityGroups/aztst01-ribon02-nsg",
                            "private_ip_address": "10.86.2.37",
                            "private_ip_addresses.#": "1",
                            "private_ip_addresses.0": "10.86.2.37",
                            "resource_group_name": "EESSI-TEST01-RINA-BPM-RG",
                            "tags.%": "0",
                            "virtual_machine_id": "/subscriptions/5efd619c-0d6c-4bf6-a31b-d54ffda461c4/resourceGroups/EESSI-TEST01-RINA-BPM-RG/providers/Microsoft.Compute/virtualMachines/aztst01-ribon02"
                        },
                        "meta": {},
                        "tainted": false
                    },
                    "deposed": [],
                    "provider": "provider.azurerm"
                },
                "azurerm_network_interface.EESSI-TEST01-RINA-ELAST-RG__aztst01-ries01930": {
                    "type": "azurerm_network_interface",
                    "depends_on": [],
                    "primary": {
                        "id": "/subscriptions/5efd619c-0d6c-4bf6-a31b-d54ffda461c4/resourceGroups/EESSI-TEST01-RINA-ELAST-RG/providers/Microsoft.Network/networkInterfaces/aztst01-ries01930",
                        "attributes": {
                            "applied_dns_servers.#": "0",
                            "dns_servers.#": "0",
                            "enable_accelerated_networking": "false",
                            "enable_ip_forwarding": "false",
                            "id": "/subscriptions/5efd619c-0d6c-4bf6-a31b-d54ffda461c4/resourceGroups/EESSI-TEST01-RINA-ELAST-RG/providers/Microsoft.Network/networkInterfaces/aztst01-ries01930",
                            "internal_dns_name_label": "",
                            "internal_fqdn": "",
                            "ip_configuration.#": "1",
                            "ip_configuration.0.application_security_group_ids.#": "0",
                            "ip_configuration.0.load_balancer_backend_address_pools_ids.#": "0",
                            "ip_configuration.0.load_balancer_inbound_nat_rules_ids.#": "0",
                            "ip_configuration.0.name": "ipconfig1",
                            "ip_configuration.0.primary": "true",
                            "ip_configuration.0.private_ip_address": "",
                            "ip_configuration.0.private_ip_address_allocation": "dynamic",
                            "ip_configuration.0.public_ip_address_id": "",
                            "ip_configuration.0.subnet_id": "/subscriptions/5efd619c-0d6c-4bf6-a31b-d54ffda461c4/resourceGroups/EESSI-Test01-RINA-Shared-RG/providers/Microsoft.Network/virtualNetworks/EESSI-Test01-RINA-vNet/subnets/Elastic-Search",
                            "location": "uksouth",
                            "mac_address": "00-22-48-07-A7-B5",
                            "name": "aztst01-ries01930",
                            "network_security_group_id": "/subscriptions/5efd619c-0d6c-4bf6-a31b-d54ffda461c4/resourceGroups/EESSI-TEST01-RINA-ELAST-RG/providers/Microsoft.Network/networkSecurityGroups/aztst01-ries01-nsg",
                            "private_ip_address": "10.86.2.84",
                            "private_ip_addresses.#": "1",
                            "private_ip_addresses.0": "10.86.2.84",
                            "resource_group_name": "EESSI-TEST01-RINA-ELAST-RG",
                            "tags.%": "0",
                            "virtual_machine_id": "/subscriptions/5efd619c-0d6c-4bf6-a31b-d54ffda461c4/resourceGroups/EESSI-TEST01-RINA-ELAST-RG/providers/Microsoft.Compute/virtualMachines/aztst01-ries01"
                        },
                        "meta": {},
                        "tainted": false
                    },
                    "deposed": [],
                    "provider": "provider.azurerm"
                },
                "azurerm_network_interface.EESSI-TEST01-RINA-ELAST-RG__aztst01-ries02876": {
                    "type": "azurerm_network_interface",
                    "depends_on": [],
                    "primary": {
                        "id": "/subscriptions/5efd619c-0d6c-4bf6-a31b-d54ffda461c4/resourceGroups/EESSI-TEST01-RINA-ELAST-RG/providers/Microsoft.Network/networkInterfaces/aztst01-ries02876",
                        "attributes": {
                            "applied_dns_servers.#": "0",
                            "dns_servers.#": "0",
                            "enable_accelerated_networking": "false",
                            "enable_ip_forwarding": "false",
                            "id": "/subscriptions/5efd619c-0d6c-4bf6-a31b-d54ffda461c4/resourceGroups/EESSI-TEST01-RINA-ELAST-RG/providers/Microsoft.Network/networkInterfaces/aztst01-ries02876",
                            "internal_dns_name_label": "",
                            "internal_fqdn": "",
                            "ip_configuration.#": "1",
                            "ip_configuration.0.application_security_group_ids.#": "0",
                            "ip_configuration.0.load_balancer_backend_address_pools_ids.#": "0",
                            "ip_configuration.0.load_balancer_inbound_nat_rules_ids.#": "0",
                            "ip_configuration.0.name": "ipconfig1",
                            "ip_configuration.0.primary": "true",
                            "ip_configuration.0.private_ip_address": "",
                            "ip_configuration.0.private_ip_address_allocation": "dynamic",
                            "ip_configuration.0.public_ip_address_id": "",
                            "ip_configuration.0.subnet_id": "/subscriptions/5efd619c-0d6c-4bf6-a31b-d54ffda461c4/resourceGroups/EESSI-Test01-RINA-Shared-RG/providers/Microsoft.Network/virtualNetworks/EESSI-Test01-RINA-vNet/subnets/Elastic-Search",
                            "location": "uksouth",
                            "mac_address": "00-22-48-07-AA-CC",
                            "name": "aztst01-ries02876",
                            "network_security_group_id": "/subscriptions/5efd619c-0d6c-4bf6-a31b-d54ffda461c4/resourceGroups/EESSI-TEST01-RINA-ELAST-RG/providers/Microsoft.Network/networkSecurityGroups/aztst01-ries02-nsg",
                            "private_ip_address": "10.86.2.85",
                            "private_ip_addresses.#": "1",
                            "private_ip_addresses.0": "10.86.2.85",
                            "resource_group_name": "EESSI-TEST01-RINA-ELAST-RG",
                            "tags.%": "0",
                            "virtual_machine_id": "/subscriptions/5efd619c-0d6c-4bf6-a31b-d54ffda461c4/resourceGroups/EESSI-TEST01-RINA-ELAST-RG/providers/Microsoft.Compute/virtualMachines/aztst01-ries02"
                        },
                        "meta": {},
                        "tainted": false
                    },
                    "deposed": [],
                    "provider": "provider.azurerm"
                },
                "azurerm_network_interface.EESSI-TEST01-RINA-FSHARE-RG__aztst01-rifs0162": {
                    "type": "azurerm_network_interface",
                    "depends_on": [],
                    "primary": {
                        "id": "/subscriptions/5efd619c-0d6c-4bf6-a31b-d54ffda461c4/resourceGroups/EESSI-TEST01-RINA-FSHARE-RG/providers/Microsoft.Network/networkInterfaces/aztst01-rifs0162",
                        "attributes": {
                            "applied_dns_servers.#": "0",
                            "dns_servers.#": "0",
                            "enable_accelerated_networking": "false",
                            "enable_ip_forwarding": "false",
                            "id": "/subscriptions/5efd619c-0d6c-4bf6-a31b-d54ffda461c4/resourceGroups/EESSI-TEST01-RINA-FSHARE-RG/providers/Microsoft.Network/networkInterfaces/aztst01-rifs0162",
                            "internal_dns_name_label": "",
                            "internal_fqdn": "",
                            "ip_configuration.#": "1",
                            "ip_configuration.0.application_security_group_ids.#": "0",
                            "ip_configuration.0.load_balancer_backend_address_pools_ids.#": "1",
                            "ip_configuration.0.load_balancer_backend_address_pools_ids.4031485390": "/subscriptions/5efd619c-0d6c-4bf6-a31b-d54ffda461c4/resourceGroups/EESSI-TEST01-RINA-FSHARE-RG/providers/Microsoft.Network/loadBalancers/EESSI-Test01-RINA-FS-ILB/backendAddressPools/Test01-RINA-File-Servers",
                            "ip_configuration.0.load_balancer_inbound_nat_rules_ids.#": "0",
                            "ip_configuration.0.name": "ipconfig1",
                            "ip_configuration.0.primary": "true",
                            "ip_configuration.0.private_ip_address": "",
                            "ip_configuration.0.private_ip_address_allocation": "dynamic",
                            "ip_configuration.0.public_ip_address_id": "",
                            "ip_configuration.0.subnet_id": "/subscriptions/5efd619c-0d6c-4bf6-a31b-d54ffda461c4/resourceGroups/EESSI-Test01-RINA-Shared-RG/providers/Microsoft.Network/virtualNetworks/EESSI-Test01-RINA-vNet/subnets/File-Servers",
                            "location": "uksouth",
                            "mac_address": "00-22-48-07-A8-A0",
                            "name": "aztst01-rifs0162",
                            "network_security_group_id": "/subscriptions/5efd619c-0d6c-4bf6-a31b-d54ffda461c4/resourceGroups/EESSI-TEST01-RINA-FSHARE-RG/providers/Microsoft.Network/networkSecurityGroups/aztst01-rifs01-nsg",
                            "private_ip_address": "10.86.2.100",
                            "private_ip_addresses.#": "1",
                            "private_ip_addresses.0": "10.86.2.100",
                            "resource_group_name": "EESSI-TEST01-RINA-FSHARE-RG",
                            "tags.%": "0",
                            "virtual_machine_id": "/subscriptions/5efd619c-0d6c-4bf6-a31b-d54ffda461c4/resourceGroups/EESSI-TEST01-RINA-FSHARE-RG/providers/Microsoft.Compute/virtualMachines/aztst01-rifs01"
                        },
                        "meta": {},
                        "tainted": false
                    },
                    "deposed": [],
                    "provider": "provider.azurerm"
                },
                "azurerm_network_interface.EESSI-TEST01-RINA-FSHARE-RG__aztst01-rifs02999": {
                    "type": "azurerm_network_interface",
                    "depends_on": [],
                    "primary": {
                        "id": "/subscriptions/5efd619c-0d6c-4bf6-a31b-d54ffda461c4/resourceGroups/EESSI-TEST01-RINA-FSHARE-RG/providers/Microsoft.Network/networkInterfaces/aztst01-rifs02999",
                        "attributes": {
                            "applied_dns_servers.#": "0",
                            "dns_servers.#": "0",
                            "enable_accelerated_networking": "false",
                            "enable_ip_forwarding": "false",
                            "id": "/subscriptions/5efd619c-0d6c-4bf6-a31b-d54ffda461c4/resourceGroups/EESSI-TEST01-RINA-FSHARE-RG/providers/Microsoft.Network/networkInterfaces/aztst01-rifs02999",
                            "internal_dns_name_label": "",
                            "internal_fqdn": "",
                            "ip_configuration.#": "1",
                            "ip_configuration.0.application_security_group_ids.#": "0",
                            "ip_configuration.0.load_balancer_backend_address_pools_ids.#": "1",
                            "ip_configuration.0.load_balancer_backend_address_pools_ids.4031485390": "/subscriptions/5efd619c-0d6c-4bf6-a31b-d54ffda461c4/resourceGroups/EESSI-TEST01-RINA-FSHARE-RG/providers/Microsoft.Network/loadBalancers/EESSI-Test01-RINA-FS-ILB/backendAddressPools/Test01-RINA-File-Servers",
                            "ip_configuration.0.load_balancer_inbound_nat_rules_ids.#": "0",
                            "ip_configuration.0.name": "ipconfig1",
                            "ip_configuration.0.primary": "true",
                            "ip_configuration.0.private_ip_address": "",
                            "ip_configuration.0.private_ip_address_allocation": "dynamic",
                            "ip_configuration.0.public_ip_address_id": "",
                            "ip_configuration.0.subnet_id": "/subscriptions/5efd619c-0d6c-4bf6-a31b-d54ffda461c4/resourceGroups/EESSI-Test01-RINA-Shared-RG/providers/Microsoft.Network/virtualNetworks/EESSI-Test01-RINA-vNet/subnets/File-Servers",
                            "location": "uksouth",
                            "mac_address": "00-22-48-07-A8-99",
                            "name": "aztst01-rifs02999",
                            "network_security_group_id": "/subscriptions/5efd619c-0d6c-4bf6-a31b-d54ffda461c4/resourceGroups/EESSI-TEST01-RINA-FSHARE-RG/providers/Microsoft.Network/networkSecurityGroups/aztst01-rifs02-nsg",
                            "private_ip_address": "10.86.2.101",
                            "private_ip_addresses.#": "1",
                            "private_ip_addresses.0": "10.86.2.101",
                            "resource_group_name": "EESSI-TEST01-RINA-FSHARE-RG",
                            "tags.%": "0",
                            "virtual_machine_id": "/subscriptions/5efd619c-0d6c-4bf6-a31b-d54ffda461c4/resourceGroups/EESSI-TEST01-RINA-FSHARE-RG/providers/Microsoft.Compute/virtualMachines/aztst01-rifs02"
                        },
                        "meta": {},
                        "tainted": false
                    },
                    "deposed": [],
                    "provider": "provider.azurerm"
                },
                "azurerm_network_interface.EESSI-TEST01-RINA-HDK-RG__aztst01-rihol01468": {
                    "type": "azurerm_network_interface",
                    "depends_on": [],
                    "primary": {
                        "id": "/subscriptions/5efd619c-0d6c-4bf6-a31b-d54ffda461c4/resourceGroups/EESSI-TEST01-RINA-HDK-RG/providers/Microsoft.Network/networkInterfaces/aztst01-rihol01468",
                        "attributes": {
                            "applied_dns_servers.#": "0",
                            "dns_servers.#": "0",
                            "enable_accelerated_networking": "false",
                            "enable_ip_forwarding": "false",
                            "id": "/subscriptions/5efd619c-0d6c-4bf6-a31b-d54ffda461c4/resourceGroups/EESSI-TEST01-RINA-HDK-RG/providers/Microsoft.Network/networkInterfaces/aztst01-rihol01468",
                            "internal_dns_name_label": "",
                            "internal_fqdn": "",
                            "ip_configuration.#": "1",
                            "ip_configuration.0.application_security_group_ids.#": "0",
                            "ip_configuration.0.load_balancer_backend_address_pools_ids.#": "0",
                            "ip_configuration.0.load_balancer_inbound_nat_rules_ids.#": "0",
                            "ip_configuration.0.name": "ipconfig1",
                            "ip_configuration.0.primary": "true",
                            "ip_configuration.0.private_ip_address": "",
                            "ip_configuration.0.private_ip_address_allocation": "dynamic",
                            "ip_configuration.0.public_ip_address_id": "",
                            "ip_configuration.0.subnet_id": "/subscriptions/5efd619c-0d6c-4bf6-a31b-d54ffda461c4/resourceGroups/EESSI-Test01-RINA-Shared-RG/providers/Microsoft.Network/virtualNetworks/EESSI-Test01-RINA-vNet/subnets/Holodeck",
                            "location": "uksouth",
                            "mac_address": "00-22-48-07-5C-8D",
                            "name": "aztst01-rihol01468",
                            "network_security_group_id": "/subscriptions/5efd619c-0d6c-4bf6-a31b-d54ffda461c4/resourceGroups/EESSI-TEST01-RINA-HDK-RG/providers/Microsoft.Network/networkSecurityGroups/aztst01-rihol01-nsg",
                            "private_ip_address": "10.86.2.52",
                            "private_ip_addresses.#": "1",
                            "private_ip_addresses.0": "10.86.2.52",
                            "resource_group_name": "EESSI-TEST01-RINA-HDK-RG",
                            "tags.%": "0",
                            "virtual_machine_id": "/subscriptions/5efd619c-0d6c-4bf6-a31b-d54ffda461c4/resourceGroups/EESSI-TEST01-RINA-HDK-RG/providers/Microsoft.Compute/virtualMachines/aztst01-rihol01"
                        },
                        "meta": {},
                        "tainted": false
                    },
                    "deposed": [],
                    "provider": "provider.azurerm"
                },
                "azurerm_network_interface.EESSI-TEST01-RINA-HDK-RG__aztst01-rihol02394": {
                    "type": "azurerm_network_interface",
                    "depends_on": [],
                    "primary": {
                        "id": "/subscriptions/5efd619c-0d6c-4bf6-a31b-d54ffda461c4/resourceGroups/EESSI-TEST01-RINA-HDK-RG/providers/Microsoft.Network/networkInterfaces/aztst01-rihol02394",
                        "attributes": {
                            "applied_dns_servers.#": "0",
                            "dns_servers.#": "0",
                            "enable_accelerated_networking": "false",
                            "enable_ip_forwarding": "false",
                            "id": "/subscriptions/5efd619c-0d6c-4bf6-a31b-d54ffda461c4/resourceGroups/EESSI-TEST01-RINA-HDK-RG/providers/Microsoft.Network/networkInterfaces/aztst01-rihol02394",
                            "internal_dns_name_label": "",
                            "internal_fqdn": "",
                            "ip_configuration.#": "1",
                            "ip_configuration.0.application_security_group_ids.#": "0",
                            "ip_configuration.0.load_balancer_backend_address_pools_ids.#": "0",
                            "ip_configuration.0.load_balancer_inbound_nat_rules_ids.#": "0",
                            "ip_configuration.0.name": "ipconfig1",
                            "ip_configuration.0.primary": "true",
                            "ip_configuration.0.private_ip_address": "",
                            "ip_configuration.0.private_ip_address_allocation": "dynamic",
                            "ip_configuration.0.public_ip_address_id": "",
                            "ip_configuration.0.subnet_id": "/subscriptions/5efd619c-0d6c-4bf6-a31b-d54ffda461c4/resourceGroups/EESSI-Test01-RINA-Shared-RG/providers/Microsoft.Network/virtualNetworks/EESSI-Test01-RINA-vNet/subnets/Holodeck",
                            "location": "uksouth",
                            "mac_address": "00-22-48-07-50-80",
                            "name": "aztst01-rihol02394",
                            "network_security_group_id": "/subscriptions/5efd619c-0d6c-4bf6-a31b-d54ffda461c4/resourceGroups/EESSI-TEST01-RINA-HDK-RG/providers/Microsoft.Network/networkSecurityGroups/aztst01-rihol02-nsg",
                            "private_ip_address": "10.86.2.53",
                            "private_ip_addresses.#": "1",
                            "private_ip_addresses.0": "10.86.2.53",
                            "resource_group_name": "EESSI-TEST01-RINA-HDK-RG",
                            "tags.%": "0",
                            "virtual_machine_id": "/subscriptions/5efd619c-0d6c-4bf6-a31b-d54ffda461c4/resourceGroups/EESSI-TEST01-RINA-HDK-RG/providers/Microsoft.Compute/virtualMachines/aztst01-rihol02"
                        },
                        "meta": {},
                        "tainted": false
                    },
                    "deposed": [],
                    "provider": "provider.azurerm"
                },
                "azurerm_network_interface.EESSI-TEST01-RINA-LB-RG__aztst01-rilb02815": {
                    "type": "azurerm_network_interface",
                    "depends_on": [],
                    "primary": {
                        "id": "/subscriptions/5efd619c-0d6c-4bf6-a31b-d54ffda461c4/resourceGroups/EESSI-TEST01-RINA-LB-RG/providers/Microsoft.Network/networkInterfaces/aztst01-rilb02815",
                        "attributes": {
                            "applied_dns_servers.#": "0",
                            "dns_servers.#": "0",
                            "enable_accelerated_networking": "false",
                            "enable_ip_forwarding": "false",
                            "id": "/subscriptions/5efd619c-0d6c-4bf6-a31b-d54ffda461c4/resourceGroups/EESSI-TEST01-RINA-LB-RG/providers/Microsoft.Network/networkInterfaces/aztst01-rilb02815",
                            "internal_dns_name_label": "",
                            "internal_fqdn": "",
                            "ip_configuration.#": "1",
                            "ip_configuration.0.application_security_group_ids.#": "0",
                            "ip_configuration.0.load_balancer_backend_address_pools_ids.#": "0",
                            "ip_configuration.0.load_balancer_inbound_nat_rules_ids.#": "0",
                            "ip_configuration.0.name": "ipconfig1",
                            "ip_configuration.0.primary": "true",
                            "ip_configuration.0.private_ip_address": "",
                            "ip_configuration.0.private_ip_address_allocation": "dynamic",
                            "ip_configuration.0.public_ip_address_id": "",
                            "ip_configuration.0.subnet_id": "/subscriptions/5efd619c-0d6c-4bf6-a31b-d54ffda461c4/resourceGroups/EESSI-Test01-RINA-Shared-RG/providers/Microsoft.Network/virtualNetworks/EESSI-Test01-RINA-vNet/subnets/Application",
                            "location": "uksouth",
                            "mac_address": "00-22-48-01-DC-FE",
                            "name": "aztst01-rilb02815",
                            "network_security_group_id": "/subscriptions/5efd619c-0d6c-4bf6-a31b-d54ffda461c4/resourceGroups/EESSI-TEST01-RINA-LB-RG/providers/Microsoft.Network/networkSecurityGroups/aztst01-rilb02-nsg",
                            "private_ip_address": "10.86.2.6",
                            "private_ip_addresses.#": "1",
                            "private_ip_addresses.0": "10.86.2.6",
                            "resource_group_name": "EESSI-TEST01-RINA-LB-RG",
                            "tags.%": "0"
                        },
                        "meta": {},
                        "tainted": false
                    },
                    "deposed": [],
                    "provider": "provider.azurerm"
                },
                "azurerm_network_interface.EESSI-TEST01-RINA-POSTGRE-RG__aztst01-risql01962": {
                    "type": "azurerm_network_interface",
                    "depends_on": [],
                    "primary": {
                        "id": "/subscriptions/5efd619c-0d6c-4bf6-a31b-d54ffda461c4/resourceGroups/EESSI-TEST01-RINA-POSTGRE-RG/providers/Microsoft.Network/networkInterfaces/aztst01-risql01962",
                        "attributes": {
                            "applied_dns_servers.#": "0",
                            "dns_servers.#": "0",
                            "enable_accelerated_networking": "false",
                            "enable_ip_forwarding": "false",
                            "id": "/subscriptions/5efd619c-0d6c-4bf6-a31b-d54ffda461c4/resourceGroups/EESSI-TEST01-RINA-POSTGRE-RG/providers/Microsoft.Network/networkInterfaces/aztst01-risql01962",
                            "internal_dns_name_label": "",
                            "internal_fqdn": "",
                            "ip_configuration.#": "1",
                            "ip_configuration.0.application_security_group_ids.#": "0",
                            "ip_configuration.0.load_balancer_backend_address_pools_ids.#": "0",
                            "ip_configuration.0.load_balancer_inbound_nat_rules_ids.#": "0",
                            "ip_configuration.0.name": "ipconfig1",
                            "ip_configuration.0.primary": "true",
                            "ip_configuration.0.private_ip_address": "",
                            "ip_configuration.0.private_ip_address_allocation": "dynamic",
                            "ip_configuration.0.public_ip_address_id": "",
                            "ip_configuration.0.subnet_id": "/subscriptions/5efd619c-0d6c-4bf6-a31b-d54ffda461c4/resourceGroups/EESSI-Test01-RINA-Shared-RG/providers/Microsoft.Network/virtualNetworks/EESSI-Test01-RINA-vNet/subnets/PostgreSQL",
                            "location": "uksouth",
                            "mac_address": "00-22-48-07-A0-07",
                            "name": "aztst01-risql01962",
                            "network_security_group_id": "/subscriptions/5efd619c-0d6c-4bf6-a31b-d54ffda461c4/resourceGroups/EESSI-TEST01-RINA-POSTGRE-RG/providers/Microsoft.Network/networkSecurityGroups/aztst01-risql01-nsg",
                            "private_ip_address": "10.86.2.68",
                            "private_ip_addresses.#": "1",
                            "private_ip_addresses.0": "10.86.2.68",
                            "resource_group_name": "EESSI-TEST01-RINA-POSTGRE-RG",
                            "tags.%": "0",
                            "virtual_machine_id": "/subscriptions/5efd619c-0d6c-4bf6-a31b-d54ffda461c4/resourceGroups/EESSI-TEST01-RINA-POSTGRE-RG/providers/Microsoft.Compute/virtualMachines/aztst01-risql01"
                        },
                        "meta": {},
                        "tainted": false
                    },
                    "deposed": [],
                    "provider": "provider.azurerm"
                },
                "azurerm_network_interface.EESSI-TEST01-RINA-POSTGRE-RG__aztst01-risql02497": {
                    "type": "azurerm_network_interface",
                    "depends_on": [],
                    "primary": {
                        "id": "/subscriptions/5efd619c-0d6c-4bf6-a31b-d54ffda461c4/resourceGroups/EESSI-TEST01-RINA-POSTGRE-RG/providers/Microsoft.Network/networkInterfaces/aztst01-risql02497",
                        "attributes": {
                            "applied_dns_servers.#": "0",
                            "dns_servers.#": "0",
                            "enable_accelerated_networking": "false",
                            "enable_ip_forwarding": "false",
                            "id": "/subscriptions/5efd619c-0d6c-4bf6-a31b-d54ffda461c4/resourceGroups/EESSI-TEST01-RINA-POSTGRE-RG/providers/Microsoft.Network/networkInterfaces/aztst01-risql02497",
                            "internal_dns_name_label": "",
                            "internal_fqdn": "",
                            "ip_configuration.#": "1",
                            "ip_configuration.0.application_security_group_ids.#": "0",
                            "ip_configuration.0.load_balancer_backend_address_pools_ids.#": "0",
                            "ip_configuration.0.load_balancer_inbound_nat_rules_ids.#": "0",
                            "ip_configuration.0.name": "ipconfig1",
                            "ip_configuration.0.primary": "true",
                            "ip_configuration.0.private_ip_address": "",
                            "ip_configuration.0.private_ip_address_allocation": "dynamic",
                            "ip_configuration.0.public_ip_address_id": "",
                            "ip_configuration.0.subnet_id": "/subscriptions/5efd619c-0d6c-4bf6-a31b-d54ffda461c4/resourceGroups/EESSI-Test01-RINA-Shared-RG/providers/Microsoft.Network/virtualNetworks/EESSI-Test01-RINA-vNet/subnets/PostgreSQL",
                            "location": "uksouth",
                            "mac_address": "00-22-48-07-A2-F2",
                            "name": "aztst01-risql02497",
                            "network_security_group_id": "/subscriptions/5efd619c-0d6c-4bf6-a31b-d54ffda461c4/resourceGroups/EESSI-TEST01-RINA-POSTGRE-RG/providers/Microsoft.Network/networkSecurityGroups/aztst01-risql02-nsg",
                            "private_ip_address": "10.86.2.69",
                            "private_ip_addresses.#": "1",
                            "private_ip_addresses.0": "10.86.2.69",
                            "resource_group_name": "EESSI-TEST01-RINA-POSTGRE-RG",
                            "tags.%": "0",
                            "virtual_machine_id": "/subscriptions/5efd619c-0d6c-4bf6-a31b-d54ffda461c4/resourceGroups/EESSI-TEST01-RINA-POSTGRE-RG/providers/Microsoft.Compute/virtualMachines/aztst01-risql02"
                        },
                        "meta": {},
                        "tainted": false
                    },
                    "deposed": [],
                    "provider": "provider.azurerm"
                },
                "azurerm_network_interface.EESSI-TEST01-RINA-REST-RG__aztst01-ritom01671": {
                    "type": "azurerm_network_interface",
                    "depends_on": [],
                    "primary": {
                        "id": "/subscriptions/5efd619c-0d6c-4bf6-a31b-d54ffda461c4/resourceGroups/EESSI-TEST01-RINA-REST-RG/providers/Microsoft.Network/networkInterfaces/aztst01-ritom01671",
                        "attributes": {
                            "applied_dns_servers.#": "0",
                            "dns_servers.#": "0",
                            "enable_accelerated_networking": "false",
                            "enable_ip_forwarding": "false",
                            "id": "/subscriptions/5efd619c-0d6c-4bf6-a31b-d54ffda461c4/resourceGroups/EESSI-TEST01-RINA-REST-RG/providers/Microsoft.Network/networkInterfaces/aztst01-ritom01671",
                            "internal_dns_name_label": "",
                            "internal_fqdn": "",
                            "ip_configuration.#": "1",
                            "ip_configuration.0.application_security_group_ids.#": "0",
                            "ip_configuration.0.load_balancer_backend_address_pools_ids.#": "0",
                            "ip_configuration.0.load_balancer_inbound_nat_rules_ids.#": "0",
                            "ip_configuration.0.name": "ipconfig1",
                            "ip_configuration.0.primary": "true",
                            "ip_configuration.0.private_ip_address": "",
                            "ip_configuration.0.private_ip_address_allocation": "dynamic",
                            "ip_configuration.0.public_ip_address_id": "",
                            "ip_configuration.0.subnet_id": "/subscriptions/5efd619c-0d6c-4bf6-a31b-d54ffda461c4/resourceGroups/EESSI-Test01-RINA-Shared-RG/providers/Microsoft.Network/virtualNetworks/EESSI-Test01-RINA-vNet/subnets/REST",
                            "location": "uksouth",
                            "mac_address": "00-22-48-01-BB-32",
                            "name": "aztst01-ritom01671",
                            "network_security_group_id": "/subscriptions/5efd619c-0d6c-4bf6-a31b-d54ffda461c4/resourceGroups/EESSI-TEST01-RINA-REST-RG/providers/Microsoft.Network/networkSecurityGroups/aztst01-ritom01-nsg",
                            "private_ip_address": "10.86.2.20",
                            "private_ip_addresses.#": "1",
                            "private_ip_addresses.0": "10.86.2.20",
                            "resource_group_name": "EESSI-TEST01-RINA-REST-RG",
                            "tags.%": "0",
                            "virtual_machine_id": "/subscriptions/5efd619c-0d6c-4bf6-a31b-d54ffda461c4/resourceGroups/EESSI-TEST01-RINA-REST-RG/providers/Microsoft.Compute/virtualMachines/aztst01-ritom01"
                        },
                        "meta": {},
                        "tainted": false
                    },
                    "deposed": [],
                    "provider": "provider.azurerm"
                },
                "azurerm_network_interface.EESSI-TEST01-RINA-REST-RG__aztst01-ritom02221": {
                    "type": "azurerm_network_interface",
                    "depends_on": [],
                    "primary": {
                        "id": "/subscriptions/5efd619c-0d6c-4bf6-a31b-d54ffda461c4/resourceGroups/EESSI-TEST01-RINA-REST-RG/providers/Microsoft.Network/networkInterfaces/aztst01-ritom02221",
                        "attributes": {
                            "applied_dns_servers.#": "0",
                            "dns_servers.#": "0",
                            "enable_accelerated_networking": "false",
                            "enable_ip_forwarding": "false",
                            "id": "/subscriptions/5efd619c-0d6c-4bf6-a31b-d54ffda461c4/resourceGroups/EESSI-TEST01-RINA-REST-RG/providers/Microsoft.Network/networkInterfaces/aztst01-ritom02221",
                            "internal_dns_name_label": "",
                            "internal_fqdn": "",
                            "ip_configuration.#": "1",
                            "ip_configuration.0.application_security_group_ids.#": "0",
                            "ip_configuration.0.load_balancer_backend_address_pools_ids.#": "0",
                            "ip_configuration.0.load_balancer_inbound_nat_rules_ids.#": "0",
                            "ip_configuration.0.name": "ipconfig1",
                            "ip_configuration.0.primary": "true",
                            "ip_configuration.0.private_ip_address": "",
                            "ip_configuration.0.private_ip_address_allocation": "dynamic",
                            "ip_configuration.0.public_ip_address_id": "",
                            "ip_configuration.0.subnet_id": "/subscriptions/5efd619c-0d6c-4bf6-a31b-d54ffda461c4/resourceGroups/EESSI-Test01-RINA-Shared-RG/providers/Microsoft.Network/virtualNetworks/EESSI-Test01-RINA-vNet/subnets/REST",
                            "location": "uksouth",
                            "mac_address": "00-22-48-07-52-CA",
                            "name": "aztst01-ritom02221",
                            "network_security_group_id": "/subscriptions/5efd619c-0d6c-4bf6-a31b-d54ffda461c4/resourceGroups/EESSI-TEST01-RINA-REST-RG/providers/Microsoft.Network/networkSecurityGroups/aztst01-ritom02-nsg",
                            "private_ip_address": "10.86.2.21",
                            "private_ip_addresses.#": "1",
                            "private_ip_addresses.0": "10.86.2.21",
                            "resource_group_name": "EESSI-TEST01-RINA-REST-RG",
                            "tags.%": "0",
                            "virtual_machine_id": "/subscriptions/5efd619c-0d6c-4bf6-a31b-d54ffda461c4/resourceGroups/EESSI-TEST01-RINA-REST-RG/providers/Microsoft.Compute/virtualMachines/aztst01-ritom02"
                        },
                        "meta": {},
                        "tainted": false
                    },
                    "deposed": [],
                    "provider": "provider.azurerm"
                },
                "azurerm_network_interface.EESSI-Test-Cisco01-RG__AZUTSTRTR1-Nic0": {
                    "type": "azurerm_network_interface",
                    "depends_on": [],
                    "primary": {
                        "id": "/subscriptions/5efd619c-0d6c-4bf6-a31b-d54ffda461c4/resourceGroups/EESSI-Test-Cisco01-RG/providers/Microsoft.Network/networkInterfaces/AZUTSTRTR1-Nic0",
                        "attributes": {
                            "applied_dns_servers.#": "0",
                            "dns_servers.#": "0",
                            "enable_accelerated_networking": "false",
                            "enable_ip_forwarding": "true",
                            "id": "/subscriptions/5efd619c-0d6c-4bf6-a31b-d54ffda461c4/resourceGroups/EESSI-Test-Cisco01-RG/providers/Microsoft.Network/networkInterfaces/AZUTSTRTR1-Nic0",
                            "internal_dns_name_label": "",
                            "internal_fqdn": "",
                            "ip_configuration.#": "1",
                            "ip_configuration.0.application_security_group_ids.#": "0",
                            "ip_configuration.0.load_balancer_backend_address_pools_ids.#": "0",
                            "ip_configuration.0.load_balancer_inbound_nat_rules_ids.#": "0",
                            "ip_configuration.0.name": "ipconfig1",
                            "ip_configuration.0.primary": "true",
                            "ip_configuration.0.private_ip_address": "",
                            "ip_configuration.0.private_ip_address_allocation": "dynamic",
                            "ip_configuration.0.public_ip_address_id": "/subscriptions/5efd619c-0d6c-4bf6-a31b-d54ffda461c4/resourceGroups/EESSI-Test-Cisco01-RG/providers/Microsoft.Network/publicIPAddresses/AZUTSTRTR1-IP",
                            "ip_configuration.0.subnet_id": "/subscriptions/5efd619c-0d6c-4bf6-a31b-d54ffda461c4/resourceGroups/EESSI-Test-Transit-RG/providers/Microsoft.Network/virtualNetworks/EESSI-Test-Transit-vNet/subnets/Management",
                            "location": "uksouth",
                            "mac_address": "00-22-48-07-2E-02",
                            "name": "AZUTSTRTR1-Nic0",
                            "network_security_group_id": "/subscriptions/5efd619c-0d6c-4bf6-a31b-d54ffda461c4/resourceGroups/EESSI-Test-Cisco01-RG/providers/Microsoft.Network/networkSecurityGroups/AZUTSTRTR1-SSH-SecurityGroup",
                            "private_ip_address": "10.80.22.228",
                            "private_ip_addresses.#": "1",
                            "private_ip_addresses.0": "10.80.22.228",
                            "resource_group_name": "EESSI-Test-Cisco01-RG",
                            "tags.%": "0",
                            "virtual_machine_id": "/subscriptions/5efd619c-0d6c-4bf6-a31b-d54ffda461c4/resourceGroups/EESSI-Test-Cisco01-RG/providers/Microsoft.Compute/virtualMachines/AZUTSTRTR1"
                        },
                        "meta": {},
                        "tainted": false
                    },
                    "deposed": [],
                    "provider": "provider.azurerm"
                },
                "azurerm_network_interface.EESSI-Test-Cisco01-RG__AZUTSTRTR1-Nic1": {
                    "type": "azurerm_network_interface",
                    "depends_on": [],
                    "primary": {
                        "id": "/subscriptions/5efd619c-0d6c-4bf6-a31b-d54ffda461c4/resourceGroups/EESSI-Test-Cisco01-RG/providers/Microsoft.Network/networkInterfaces/AZUTSTRTR1-Nic1",
                        "attributes": {
                            "applied_dns_servers.#": "0",
                            "dns_servers.#": "0",
                            "enable_accelerated_networking": "false",
                            "enable_ip_forwarding": "true",
                            "id": "/subscriptions/5efd619c-0d6c-4bf6-a31b-d54ffda461c4/resourceGroups/EESSI-Test-Cisco01-RG/providers/Microsoft.Network/networkInterfaces/AZUTSTRTR1-Nic1",
                            "internal_dns_name_label": "",
                            "internal_fqdn": "",
                            "ip_configuration.#": "2",
                            "ip_configuration.0.application_security_group_ids.#": "0",
                            "ip_configuration.0.load_balancer_backend_address_pools_ids.#": "0",
                            "ip_configuration.0.load_balancer_inbound_nat_rules_ids.#": "0",
                            "ip_configuration.0.name": "ipconfig1",
                            "ip_configuration.0.primary": "true",
                            "ip_configuration.0.private_ip_address": "",
                            "ip_configuration.0.private_ip_address_allocation": "dynamic",
                            "ip_configuration.0.public_ip_address_id": "",
                            "ip_configuration.0.subnet_id": "/subscriptions/5efd619c-0d6c-4bf6-a31b-d54ffda461c4/resourceGroups/EESSI-Test-Transit-RG/providers/Microsoft.Network/virtualNetworks/EESSI-Test-Transit-vNet/subnets/CSR1-Outside",
                            "ip_configuration.1.application_security_group_ids.#": "0",
                            "ip_configuration.1.load_balancer_backend_address_pools_ids.#": "0",
                            "ip_configuration.1.load_balancer_inbound_nat_rules_ids.#": "0",
                            "ip_configuration.1.name": "RTR1-FVRF-SEC",
                            "ip_configuration.1.primary": "false",
                            "ip_configuration.1.private_ip_address": "10.80.22.38",
                            "ip_configuration.1.private_ip_address_allocation": "static",
                            "ip_configuration.1.public_ip_address_id": "",
                            "ip_configuration.1.subnet_id": "/subscriptions/5efd619c-0d6c-4bf6-a31b-d54ffda461c4/resourceGroups/EESSI-Test-Transit-RG/providers/Microsoft.Network/virtualNetworks/EESSI-Test-Transit-vNet/subnets/CSR1-Outside",
                            "location": "uksouth",
                            "mac_address": "00-22-48-07-29-CC",
                            "name": "AZUTSTRTR1-Nic1",
                            "network_security_group_id": "",
                            "private_ip_address": "10.80.22.36",
                            "private_ip_addresses.#": "2",
                            "private_ip_addresses.0": "10.80.22.36",
                            "private_ip_addresses.1": "10.80.22.38",
                            "resource_group_name": "EESSI-Test-Cisco01-RG",
                            "tags.%": "0",
                            "virtual_machine_id": "/subscriptions/5efd619c-0d6c-4bf6-a31b-d54ffda461c4/resourceGroups/EESSI-Test-Cisco01-RG/providers/Microsoft.Compute/virtualMachines/AZUTSTRTR1"
                        },
                        "meta": {},
                        "tainted": false
                    },
                    "deposed": [],
                    "provider": "provider.azurerm"
                },
                "azurerm_network_interface.EESSI-Test-Cisco01-RG__AZUTSTRTR1-Nic2": {
                    "type": "azurerm_network_interface",
                    "depends_on": [],
                    "primary": {
                        "id": "/subscriptions/5efd619c-0d6c-4bf6-a31b-d54ffda461c4/resourceGroups/EESSI-Test-Cisco01-RG/providers/Microsoft.Network/networkInterfaces/AZUTSTRTR1-Nic2",
                        "attributes": {
                            "applied_dns_servers.#": "0",
                            "dns_servers.#": "0",
                            "enable_accelerated_networking": "false",
                            "enable_ip_forwarding": "true",
                            "id": "/subscriptions/5efd619c-0d6c-4bf6-a31b-d54ffda461c4/resourceGroups/EESSI-Test-Cisco01-RG/providers/Microsoft.Network/networkInterfaces/AZUTSTRTR1-Nic2",
                            "internal_dns_name_label": "",
                            "internal_fqdn": "",
                            "ip_configuration.#": "1",
                            "ip_configuration.0.application_security_group_ids.#": "0",
                            "ip_configuration.0.load_balancer_backend_address_pools_ids.#": "0",
                            "ip_configuration.0.load_balancer_inbound_nat_rules_ids.#": "0",
                            "ip_configuration.0.name": "ipconfig1",
                            "ip_configuration.0.primary": "true",
                            "ip_configuration.0.private_ip_address": "10.80.22.68",
                            "ip_configuration.0.private_ip_address_allocation": "static",
                            "ip_configuration.0.public_ip_address_id": "",
                            "ip_configuration.0.subnet_id": "/subscriptions/5efd619c-0d6c-4bf6-a31b-d54ffda461c4/resourceGroups/EESSI-Test-Transit-RG/providers/Microsoft.Network/virtualNetworks/EESSI-Test-Transit-vNet/subnets/Inside",
                            "location": "uksouth",
                            "mac_address": "00-22-48-07-30-4C",
                            "name": "AZUTSTRTR1-Nic2",
                            "network_security_group_id": "",
                            "private_ip_address": "10.80.22.68",
                            "private_ip_addresses.#": "1",
                            "private_ip_addresses.0": "10.80.22.68",
                            "resource_group_name": "EESSI-Test-Cisco01-RG",
                            "tags.%": "0",
                            "virtual_machine_id": "/subscriptions/5efd619c-0d6c-4bf6-a31b-d54ffda461c4/resourceGroups/EESSI-Test-Cisco01-RG/providers/Microsoft.Compute/virtualMachines/AZUTSTRTR1"
                        },
                        "meta": {},
                        "tainted": false
                    },
                    "deposed": [],
                    "provider": "provider.azurerm"
                },
                "azurerm_network_interface.EESSI-Test-Cisco01-RG__AZUTSTRTR1-Nic3": {
                    "type": "azurerm_network_interface",
                    "depends_on": [],
                    "primary": {
                        "id": "/subscriptions/5efd619c-0d6c-4bf6-a31b-d54ffda461c4/resourceGroups/EESSI-Test-Cisco01-RG/providers/Microsoft.Network/networkInterfaces/AZUTSTRTR1-Nic3",
                        "attributes": {
                            "applied_dns_servers.#": "0",
                            "dns_servers.#": "0",
                            "enable_accelerated_networking": "false",
                            "enable_ip_forwarding": "true",
                            "id": "/subscriptions/5efd619c-0d6c-4bf6-a31b-d54ffda461c4/resourceGroups/EESSI-Test-Cisco01-RG/providers/Microsoft.Network/networkInterfaces/AZUTSTRTR1-Nic3",
                            "internal_dns_name_label": "",
                            "internal_fqdn": "",
                            "ip_configuration.#": "1",
                            "ip_configuration.0.application_security_group_ids.#": "0",
                            "ip_configuration.0.load_balancer_backend_address_pools_ids.#": "0",
                            "ip_configuration.0.load_balancer_inbound_nat_rules_ids.#": "0",
                            "ip_configuration.0.name": "ipconfig1",
                            "ip_configuration.0.primary": "true",
                            "ip_configuration.0.private_ip_address": "",
                            "ip_configuration.0.private_ip_address_allocation": "dynamic",
                            "ip_configuration.0.public_ip_address_id": "",
                            "ip_configuration.0.subnet_id": "/subscriptions/5efd619c-0d6c-4bf6-a31b-d54ffda461c4/resourceGroups/EESSI-Test-Transit-RG/providers/Microsoft.Network/virtualNetworks/EESSI-Test-Transit-vNet/subnets/Proxy",
                            "location": "uksouth",
                            "mac_address": "00-22-48-07-3B-52",
                            "name": "AZUTSTRTR1-Nic3",
                            "network_security_group_id": "",
                            "private_ip_address": "10.80.22.84",
                            "private_ip_addresses.#": "1",
                            "private_ip_addresses.0": "10.80.22.84",
                            "resource_group_name": "EESSI-Test-Cisco01-RG",
                            "tags.%": "0",
                            "virtual_machine_id": "/subscriptions/5efd619c-0d6c-4bf6-a31b-d54ffda461c4/resourceGroups/EESSI-Test-Cisco01-RG/providers/Microsoft.Compute/virtualMachines/AZUTSTRTR1"
                        },
                        "meta": {},
                        "tainted": false
                    },
                    "deposed": [],
                    "provider": "provider.azurerm"
                },
                "azurerm_network_interface.EESSI-Test-Cisco02-RG__AZUTSTRTR2-Nic0": {
                    "type": "azurerm_network_interface",
                    "depends_on": [],
                    "primary": {
                        "id": "/subscriptions/5efd619c-0d6c-4bf6-a31b-d54ffda461c4/resourceGroups/EESSI-Test-Cisco02-RG/providers/Microsoft.Network/networkInterfaces/AZUTSTRTR2-Nic0",
                        "attributes": {
                            "applied_dns_servers.#": "0",
                            "dns_servers.#": "0",
                            "enable_accelerated_networking": "false",
                            "enable_ip_forwarding": "true",
                            "id": "/subscriptions/5efd619c-0d6c-4bf6-a31b-d54ffda461c4/resourceGroups/EESSI-Test-Cisco02-RG/providers/Microsoft.Network/networkInterfaces/AZUTSTRTR2-Nic0",
                            "internal_dns_name_label": "",
                            "internal_fqdn": "",
                            "ip_configuration.#": "1",
                            "ip_configuration.0.application_security_group_ids.#": "0",
                            "ip_configuration.0.load_balancer_backend_address_pools_ids.#": "0",
                            "ip_configuration.0.load_balancer_inbound_nat_rules_ids.#": "0",
                            "ip_configuration.0.name": "ipconfig1",
                            "ip_configuration.0.primary": "true",
                            "ip_configuration.0.private_ip_address": "",
                            "ip_configuration.0.private_ip_address_allocation": "dynamic",
                            "ip_configuration.0.public_ip_address_id": "/subscriptions/5efd619c-0d6c-4bf6-a31b-d54ffda461c4/resourceGroups/EESSI-Test-Cisco02-RG/providers/Microsoft.Network/publicIPAddresses/AZUTSTRTR2-IP",
                            "ip_configuration.0.subnet_id": "/subscriptions/5efd619c-0d6c-4bf6-a31b-d54ffda461c4/resourceGroups/EESSI-Test-Transit-RG/providers/Microsoft.Network/virtualNetworks/EESSI-Test-Transit-vNet/subnets/Management",
                            "location": "uksouth",
                            "mac_address": "00-22-48-07-30-FB",
                            "name": "AZUTSTRTR2-Nic0",
                            "network_security_group_id": "/subscriptions/5efd619c-0d6c-4bf6-a31b-d54ffda461c4/resourceGroups/EESSI-Test-Cisco02-RG/providers/Microsoft.Network/networkSecurityGroups/AZUTSTRTR2-SSH-SecurityGroup",
                            "private_ip_address": "10.80.22.229",
                            "private_ip_addresses.#": "1",
                            "private_ip_addresses.0": "10.80.22.229",
                            "resource_group_name": "EESSI-Test-Cisco02-RG",
                            "tags.%": "0",
                            "virtual_machine_id": "/subscriptions/5efd619c-0d6c-4bf6-a31b-d54ffda461c4/resourceGroups/EESSI-Test-Cisco02-RG/providers/Microsoft.Compute/virtualMachines/AZUTSTRTR2"
                        },
                        "meta": {},
                        "tainted": false
                    },
                    "deposed": [],
                    "provider": "provider.azurerm"
                },
                "azurerm_network_interface.EESSI-Test-Cisco02-RG__AZUTSTRTR2-Nic1": {
                    "type": "azurerm_network_interface",
                    "depends_on": [],
                    "primary": {
                        "id": "/subscriptions/5efd619c-0d6c-4bf6-a31b-d54ffda461c4/resourceGroups/EESSI-Test-Cisco02-RG/providers/Microsoft.Network/networkInterfaces/AZUTSTRTR2-Nic1",
                        "attributes": {
                            "applied_dns_servers.#": "0",
                            "dns_servers.#": "0",
                            "enable_accelerated_networking": "false",
                            "enable_ip_forwarding": "true",
                            "id": "/subscriptions/5efd619c-0d6c-4bf6-a31b-d54ffda461c4/resourceGroups/EESSI-Test-Cisco02-RG/providers/Microsoft.Network/networkInterfaces/AZUTSTRTR2-Nic1",
                            "internal_dns_name_label": "",
                            "internal_fqdn": "",
                            "ip_configuration.#": "2",
                            "ip_configuration.0.application_security_group_ids.#": "0",
                            "ip_configuration.0.load_balancer_backend_address_pools_ids.#": "0",
                            "ip_configuration.0.load_balancer_inbound_nat_rules_ids.#": "0",
                            "ip_configuration.0.name": "ipconfig1",
                            "ip_configuration.0.primary": "true",
                            "ip_configuration.0.private_ip_address": "10.80.22.52",
                            "ip_configuration.0.private_ip_address_allocation": "static",
                            "ip_configuration.0.public_ip_address_id": "",
                            "ip_configuration.0.subnet_id": "/subscriptions/5efd619c-0d6c-4bf6-a31b-d54ffda461c4/resourceGroups/EESSI-Test-Transit-RG/providers/Microsoft.Network/virtualNetworks/EESSI-Test-Transit-vNet/subnets/CSR2-Outside",
                            "ip_configuration.1.application_security_group_ids.#": "0",
                            "ip_configuration.1.load_balancer_backend_address_pools_ids.#": "0",
                            "ip_configuration.1.load_balancer_inbound_nat_rules_ids.#": "0",
                            "ip_configuration.1.name": "RTR2-G2-SEC",
                            "ip_configuration.1.primary": "false",
                            "ip_configuration.1.private_ip_address": "10.80.22.54",
                            "ip_configuration.1.private_ip_address_allocation": "static",
                            "ip_configuration.1.public_ip_address_id": "",
                            "ip_configuration.1.subnet_id": "/subscriptions/5efd619c-0d6c-4bf6-a31b-d54ffda461c4/resourceGroups/EESSI-Test-Transit-RG/providers/Microsoft.Network/virtualNetworks/EESSI-Test-Transit-vNet/subnets/CSR2-Outside",
                            "location": "uksouth",
                            "mac_address": "00-22-48-07-35-A9",
                            "name": "AZUTSTRTR2-Nic1",
                            "network_security_group_id": "",
                            "private_ip_address": "10.80.22.52",
                            "private_ip_addresses.#": "2",
                            "private_ip_addresses.0": "10.80.22.52",
                            "private_ip_addresses.1": "10.80.22.54",
                            "resource_group_name": "EESSI-Test-Cisco02-RG",
                            "tags.%": "0",
                            "virtual_machine_id": "/subscriptions/5efd619c-0d6c-4bf6-a31b-d54ffda461c4/resourceGroups/EESSI-Test-Cisco02-RG/providers/Microsoft.Compute/virtualMachines/AZUTSTRTR2"
                        },
                        "meta": {},
                        "tainted": false
                    },
                    "deposed": [],
                    "provider": "provider.azurerm"
                },
                "azurerm_network_interface.EESSI-Test-Cisco02-RG__AZUTSTRTR2-Nic2": {
                    "type": "azurerm_network_interface",
                    "depends_on": [],
                    "primary": {
                        "id": "/subscriptions/5efd619c-0d6c-4bf6-a31b-d54ffda461c4/resourceGroups/EESSI-Test-Cisco02-RG/providers/Microsoft.Network/networkInterfaces/AZUTSTRTR2-Nic2",
                        "attributes": {
                            "applied_dns_servers.#": "0",
                            "dns_servers.#": "0",
                            "enable_accelerated_networking": "false",
                            "enable_ip_forwarding": "true",
                            "id": "/subscriptions/5efd619c-0d6c-4bf6-a31b-d54ffda461c4/resourceGroups/EESSI-Test-Cisco02-RG/providers/Microsoft.Network/networkInterfaces/AZUTSTRTR2-Nic2",
                            "internal_dns_name_label": "",
                            "internal_fqdn": "",
                            "ip_configuration.#": "1",
                            "ip_configuration.0.application_security_group_ids.#": "0",
                            "ip_configuration.0.load_balancer_backend_address_pools_ids.#": "0",
                            "ip_configuration.0.load_balancer_inbound_nat_rules_ids.#": "0",
                            "ip_configuration.0.name": "ipconfig1",
                            "ip_configuration.0.primary": "true",
                            "ip_configuration.0.private_ip_address": "10.80.22.69",
                            "ip_configuration.0.private_ip_address_allocation": "static",
                            "ip_configuration.0.public_ip_address_id": "",
                            "ip_configuration.0.subnet_id": "/subscriptions/5efd619c-0d6c-4bf6-a31b-d54ffda461c4/resourceGroups/EESSI-Test-Transit-RG/providers/Microsoft.Network/virtualNetworks/EESSI-Test-Transit-vNet/subnets/Inside",
                            "location": "uksouth",
                            "mac_address": "00-22-48-07-3D-FE",
                            "name": "AZUTSTRTR2-Nic2",
                            "network_security_group_id": "",
                            "private_ip_address": "10.80.22.69",
                            "private_ip_addresses.#": "1",
                            "private_ip_addresses.0": "10.80.22.69",
                            "resource_group_name": "EESSI-Test-Cisco02-RG",
                            "tags.%": "0",
                            "virtual_machine_id": "/subscriptions/5efd619c-0d6c-4bf6-a31b-d54ffda461c4/resourceGroups/EESSI-Test-Cisco02-RG/providers/Microsoft.Compute/virtualMachines/AZUTSTRTR2"
                        },
                        "meta": {},
                        "tainted": false
                    },
                    "deposed": [],
                    "provider": "provider.azurerm"
                },
                "azurerm_network_interface.EESSI-Test-Cisco02-RG__AZUTSTRTR2-Nic3": {
                    "type": "azurerm_network_interface",
                    "depends_on": [],
                    "primary": {
                        "id": "/subscriptions/5efd619c-0d6c-4bf6-a31b-d54ffda461c4/resourceGroups/EESSI-Test-Cisco02-RG/providers/Microsoft.Network/networkInterfaces/AZUTSTRTR2-Nic3",
                        "attributes": {
                            "applied_dns_servers.#": "0",
                            "dns_servers.#": "0",
                            "enable_accelerated_networking": "false",
                            "enable_ip_forwarding": "true",
                            "id": "/subscriptions/5efd619c-0d6c-4bf6-a31b-d54ffda461c4/resourceGroups/EESSI-Test-Cisco02-RG/providers/Microsoft.Network/networkInterfaces/AZUTSTRTR2-Nic3",
                            "internal_dns_name_label": "",
                            "internal_fqdn": "",
                            "ip_configuration.#": "1",
                            "ip_configuration.0.application_security_group_ids.#": "0",
                            "ip_configuration.0.load_balancer_backend_address_pools_ids.#": "0",
                            "ip_configuration.0.load_balancer_inbound_nat_rules_ids.#": "0",
                            "ip_configuration.0.name": "ipconfig1",
                            "ip_configuration.0.primary": "true",
                            "ip_configuration.0.private_ip_address": "",
                            "ip_configuration.0.private_ip_address_allocation": "dynamic",
                            "ip_configuration.0.public_ip_address_id": "",
                            "ip_configuration.0.subnet_id": "/subscriptions/5efd619c-0d6c-4bf6-a31b-d54ffda461c4/resourceGroups/EESSI-Test-Transit-RG/providers/Microsoft.Network/virtualNetworks/EESSI-Test-Transit-vNet/subnets/CSR1-Outside",
                            "location": "uksouth",
                            "mac_address": "00-22-48-07-3A-80",
                            "name": "AZUTSTRTR2-Nic3",
                            "network_security_group_id": "",
                            "private_ip_address": "10.80.22.37",
                            "private_ip_addresses.#": "1",
                            "private_ip_addresses.0": "10.80.22.37",
                            "resource_group_name": "EESSI-Test-Cisco02-RG",
                            "tags.%": "0",
                            "virtual_machine_id": "/subscriptions/5efd619c-0d6c-4bf6-a31b-d54ffda461c4/resourceGroups/EESSI-Test-Cisco02-RG/providers/Microsoft.Compute/virtualMachines/AZUTSTRTR2"
                        },
                        "meta": {},
                        "tainted": false
                    },
                    "deposed": [],
                    "provider": "provider.azurerm"
                },
                "azurerm_network_interface.EESSI-Test-Shared-AD-RG__aztst01-dc01240": {
                    "type": "azurerm_network_interface",
                    "depends_on": [],
                    "primary": {
                        "id": "/subscriptions/5efd619c-0d6c-4bf6-a31b-d54ffda461c4/resourceGroups/EESSI-Test-Shared-AD-RG/providers/Microsoft.Network/networkInterfaces/aztst01-dc01240",
                        "attributes": {
                            "applied_dns_servers.#": "0",
                            "dns_servers.#": "0",
                            "enable_accelerated_networking": "false",
                            "enable_ip_forwarding": "false",
                            "id": "/subscriptions/5efd619c-0d6c-4bf6-a31b-d54ffda461c4/resourceGroups/EESSI-Test-Shared-AD-RG/providers/Microsoft.Network/networkInterfaces/aztst01-dc01240",
                            "internal_dns_name_label": "",
                            "internal_fqdn": "",
                            "ip_configuration.#": "1",
                            "ip_configuration.0.application_security_group_ids.#": "0",
                            "ip_configuration.0.load_balancer_backend_address_pools_ids.#": "0",
                            "ip_configuration.0.load_balancer_inbound_nat_rules_ids.#": "0",
                            "ip_configuration.0.name": "ipconfig1",
                            "ip_configuration.0.primary": "true",
                            "ip_configuration.0.private_ip_address": "10.86.4.4",
                            "ip_configuration.0.private_ip_address_allocation": "static",
                            "ip_configuration.0.public_ip_address_id": "",
                            "ip_configuration.0.subnet_id": "/subscriptions/5efd619c-0d6c-4bf6-a31b-d54ffda461c4/resourceGroups/EESSI-Test-Shared-RG/providers/Microsoft.Network/virtualNetworks/EESSI-Test-Shared-vNet/subnets/Active-Directory",
                            "location": "uksouth",
                            "mac_address": "00-22-48-07-21-F7",
                            "name": "aztst01-dc01240",
                            "network_security_group_id": "/subscriptions/5efd619c-0d6c-4bf6-a31b-d54ffda461c4/resourceGroups/EESSI-Test-Shared-AD-RG/providers/Microsoft.Network/networkSecurityGroups/aztst01-dc01-nsg",
                            "private_ip_address": "10.86.4.4",
                            "private_ip_addresses.#": "1",
                            "private_ip_addresses.0": "10.86.4.4",
                            "resource_group_name": "EESSI-Test-Shared-AD-RG",
                            "tags.%": "0",
                            "virtual_machine_id": "/subscriptions/5efd619c-0d6c-4bf6-a31b-d54ffda461c4/resourceGroups/EESSI-Test-Shared-AD-RG/providers/Microsoft.Compute/virtualMachines/aztst01-dc01"
                        },
                        "meta": {},
                        "tainted": false
                    },
                    "deposed": [],
                    "provider": "provider.azurerm"
                },
                "azurerm_network_interface.EESSI-Test-Shared-AD-RG__aztst01-dc02417": {
                    "type": "azurerm_network_interface",
                    "depends_on": [],
                    "primary": {
                        "id": "/subscriptions/5efd619c-0d6c-4bf6-a31b-d54ffda461c4/resourceGroups/EESSI-Test-Shared-AD-RG/providers/Microsoft.Network/networkInterfaces/aztst01-dc02417",
                        "attributes": {
                            "applied_dns_servers.#": "0",
                            "dns_servers.#": "0",
                            "enable_accelerated_networking": "false",
                            "enable_ip_forwarding": "false",
                            "id": "/subscriptions/5efd619c-0d6c-4bf6-a31b-d54ffda461c4/resourceGroups/EESSI-Test-Shared-AD-RG/providers/Microsoft.Network/networkInterfaces/aztst01-dc02417",
                            "internal_dns_name_label": "",
                            "internal_fqdn": "",
                            "ip_configuration.#": "1",
                            "ip_configuration.0.application_security_group_ids.#": "0",
                            "ip_configuration.0.load_balancer_backend_address_pools_ids.#": "0",
                            "ip_configuration.0.load_balancer_inbound_nat_rules_ids.#": "0",
                            "ip_configuration.0.name": "ipconfig1",
                            "ip_configuration.0.primary": "true",
                            "ip_configuration.0.private_ip_address": "10.86.4.5",
                            "ip_configuration.0.private_ip_address_allocation": "static",
                            "ip_configuration.0.public_ip_address_id": "",
                            "ip_configuration.0.subnet_id": "/subscriptions/5efd619c-0d6c-4bf6-a31b-d54ffda461c4/resourceGroups/EESSI-Test-Shared-RG/providers/Microsoft.Network/virtualNetworks/EESSI-Test-Shared-vNet/subnets/Active-Directory",
                            "location": "uksouth",
                            "mac_address": "00-22-48-01-58-17",
                            "name": "aztst01-dc02417",
                            "network_security_group_id": "/subscriptions/5efd619c-0d6c-4bf6-a31b-d54ffda461c4/resourceGroups/EESSI-Test-Shared-AD-RG/providers/Microsoft.Network/networkSecurityGroups/aztst01-dc02-nsg",
                            "private_ip_address": "10.86.4.5",
                            "private_ip_addresses.#": "1",
                            "private_ip_addresses.0": "10.86.4.5",
                            "resource_group_name": "EESSI-Test-Shared-AD-RG",
                            "tags.%": "0",
                            "virtual_machine_id": "/subscriptions/5efd619c-0d6c-4bf6-a31b-d54ffda461c4/resourceGroups/EESSI-Test-Shared-AD-RG/providers/Microsoft.Compute/virtualMachines/aztst01-dc02"
                        },
                        "meta": {},
                        "tainted": false
                    },
                    "deposed": [],
                    "provider": "provider.azurerm"
                },
                "azurerm_network_interface.EESSI-Test-Shared-BKP-RG__aztst01-bkp01134": {
                    "type": "azurerm_network_interface",
                    "depends_on": [],
                    "primary": {
                        "id": "/subscriptions/5efd619c-0d6c-4bf6-a31b-d54ffda461c4/resourceGroups/EESSI-Test-Shared-BKP-RG/providers/Microsoft.Network/networkInterfaces/aztst01-bkp01134",
                        "attributes": {
                            "applied_dns_servers.#": "0",
                            "dns_servers.#": "0",
                            "enable_accelerated_networking": "false",
                            "enable_ip_forwarding": "false",
                            "id": "/subscriptions/5efd619c-0d6c-4bf6-a31b-d54ffda461c4/resourceGroups/EESSI-Test-Shared-BKP-RG/providers/Microsoft.Network/networkInterfaces/aztst01-bkp01134",
                            "internal_dns_name_label": "",
                            "internal_fqdn": "",
                            "ip_configuration.#": "1",
                            "ip_configuration.0.application_security_group_ids.#": "0",
                            "ip_configuration.0.load_balancer_backend_address_pools_ids.#": "0",
                            "ip_configuration.0.load_balancer_inbound_nat_rules_ids.#": "0",
                            "ip_configuration.0.name": "ipconfig1",
                            "ip_configuration.0.primary": "true",
                            "ip_configuration.0.private_ip_address": "",
                            "ip_configuration.0.private_ip_address_allocation": "dynamic",
                            "ip_configuration.0.public_ip_address_id": "",
                            "ip_configuration.0.subnet_id": "/subscriptions/5efd619c-0d6c-4bf6-a31b-d54ffda461c4/resourceGroups/EESSI-Test-Shared-RG/providers/Microsoft.Network/virtualNetworks/EESSI-Test-Shared-vNet/subnets/Backup",
                            "location": "uksouth",
                            "mac_address": "",
                            "name": "aztst01-bkp01134",
                            "network_security_group_id": "/subscriptions/5efd619c-0d6c-4bf6-a31b-d54ffda461c4/resourceGroups/EESSI-Test-Shared-BKP-RG/providers/Microsoft.Network/networkSecurityGroups/aztst01-bkp01-nsg",
                            "private_ip_address": "10.86.4.20",
                            "private_ip_addresses.#": "1",
                            "private_ip_addresses.0": "10.86.4.20",
                            "resource_group_name": "EESSI-Test-Shared-BKP-RG",
                            "tags.%": "0",
                            "virtual_machine_id": "/subscriptions/5efd619c-0d6c-4bf6-a31b-d54ffda461c4/resourceGroups/EESSI-Test-Shared-BKP-RG/providers/Microsoft.Compute/virtualMachines/aztst01-bkp01"
                        },
                        "meta": {},
                        "tainted": false
                    },
                    "deposed": [],
                    "provider": "provider.azurerm"
                },
                "azurerm_network_interface.EESSI-Test-Shared-WSUS-RG__aztst01-wsus01648": {
                    "type": "azurerm_network_interface",
                    "depends_on": [],
                    "primary": {
                        "id": "/subscriptions/5efd619c-0d6c-4bf6-a31b-d54ffda461c4/resourceGroups/EESSI-Test-Shared-WSUS-RG/providers/Microsoft.Network/networkInterfaces/aztst01-wsus01648",
                        "attributes": {
                            "applied_dns_servers.#": "0",
                            "dns_servers.#": "0",
                            "enable_accelerated_networking": "false",
                            "enable_ip_forwarding": "false",
                            "id": "/subscriptions/5efd619c-0d6c-4bf6-a31b-d54ffda461c4/resourceGroups/EESSI-Test-Shared-WSUS-RG/providers/Microsoft.Network/networkInterfaces/aztst01-wsus01648",
                            "internal_dns_name_label": "",
                            "internal_fqdn": "",
                            "ip_configuration.#": "1",
                            "ip_configuration.0.application_security_group_ids.#": "0",
                            "ip_configuration.0.load_balancer_backend_address_pools_ids.#": "0",
                            "ip_configuration.0.load_balancer_inbound_nat_rules_ids.#": "0",
                            "ip_configuration.0.name": "ipconfig1",
                            "ip_configuration.0.primary": "true",
                            "ip_configuration.0.private_ip_address": "",
                            "ip_configuration.0.private_ip_address_allocation": "dynamic",
                            "ip_configuration.0.public_ip_address_id": "",
                            "ip_configuration.0.subnet_id": "/subscriptions/5efd619c-0d6c-4bf6-a31b-d54ffda461c4/resourceGroups/EESSI-Test-Shared-RG/providers/Microsoft.Network/virtualNetworks/EESSI-Test-Shared-vNet/subnets/WSUS",
                            "location": "uksouth",
                            "mac_address": "00-22-48-07-36-00",
                            "name": "aztst01-wsus01648",
                            "network_security_group_id": "/subscriptions/5efd619c-0d6c-4bf6-a31b-d54ffda461c4/resourceGroups/EESSI-Test-Shared-WSUS-RG/providers/Microsoft.Network/networkSecurityGroups/aztst01-wsus01-nsg",
                            "private_ip_address": "10.86.4.36",
                            "private_ip_addresses.#": "1",
                            "private_ip_addresses.0": "10.86.4.36",
                            "resource_group_name": "EESSI-Test-Shared-WSUS-RG",
                            "tags.%": "0",
                            "virtual_machine_id": "/subscriptions/5efd619c-0d6c-4bf6-a31b-d54ffda461c4/resourceGroups/EESSI-Test-Shared-WSUS-RG/providers/Microsoft.Compute/virtualMachines/aztst01-wsus01"
                        },
                        "meta": {},
                        "tainted": false
                    },
                    "deposed": [],
                    "provider": "provider.azurerm"
                },
                "azurerm_network_interface.EESSI-Test-Transit-RG__aztst-proxy01688": {
                    "type": "azurerm_network_interface",
                    "depends_on": [],
                    "primary": {
                        "id": "/subscriptions/5efd619c-0d6c-4bf6-a31b-d54ffda461c4/resourceGroups/EESSI-Test-Transit-RG/providers/Microsoft.Network/networkInterfaces/aztst-proxy01688",
                        "attributes": {
                            "applied_dns_servers.#": "0",
                            "dns_servers.#": "0",
                            "enable_accelerated_networking": "false",
                            "enable_ip_forwarding": "false",
                            "id": "/subscriptions/5efd619c-0d6c-4bf6-a31b-d54ffda461c4/resourceGroups/EESSI-Test-Transit-RG/providers/Microsoft.Network/networkInterfaces/aztst-proxy01688",
                            "internal_dns_name_label": "",
                            "internal_fqdn": "",
                            "ip_configuration.#": "1",
                            "ip_configuration.0.application_security_group_ids.#": "0",
                            "ip_configuration.0.load_balancer_backend_address_pools_ids.#": "0",
                            "ip_configuration.0.load_balancer_inbound_nat_rules_ids.#": "0",
                            "ip_configuration.0.name": "ipconfig1",
                            "ip_configuration.0.primary": "true",
                            "ip_configuration.0.private_ip_address": "",
                            "ip_configuration.0.private_ip_address_allocation": "dynamic",
                            "ip_configuration.0.public_ip_address_id": "/subscriptions/5efd619c-0d6c-4bf6-a31b-d54ffda461c4/resourceGroups/EESSI-Test-Transit-RG/providers/Microsoft.Network/publicIPAddresses/aztst-proxy01-ip",
                            "ip_configuration.0.subnet_id": "/subscriptions/5efd619c-0d6c-4bf6-a31b-d54ffda461c4/resourceGroups/EESSI-Test-Transit-RG/providers/Microsoft.Network/virtualNetworks/EESSI-Test-Transit-vNet/subnets/Proxy",
                            "location": "uksouth",
                            "mac_address": "00-22-48-01-F4-8C",
                            "name": "aztst-proxy01688",
                            "network_security_group_id": "/subscriptions/5efd619c-0d6c-4bf6-a31b-d54ffda461c4/resourceGroups/EESSI-Test-Transit-RG/providers/Microsoft.Network/networkSecurityGroups/aztst-proxy01-nsg",
                            "private_ip_address": "10.80.22.85",
                            "private_ip_addresses.#": "1",
                            "private_ip_addresses.0": "10.80.22.85",
                            "resource_group_name": "EESSI-Test-Transit-RG",
                            "tags.%": "0"
                        },
                        "meta": {},
                        "tainted": false
                    },
                    "deposed": [],
                    "provider": "provider.azurerm"
                },
                "azurerm_network_interface.EESSI-Test-Transit-RG__aztst01-proxy01799": {
                    "type": "azurerm_network_interface",
                    "depends_on": [],
                    "primary": {
                        "id": "/subscriptions/5efd619c-0d6c-4bf6-a31b-d54ffda461c4/resourceGroups/EESSI-Test-Transit-RG/providers/Microsoft.Network/networkInterfaces/aztst01-proxy01799",
                        "attributes": {
                            "applied_dns_servers.#": "0",
                            "dns_servers.#": "0",
                            "enable_accelerated_networking": "false",
                            "enable_ip_forwarding": "false",
                            "id": "/subscriptions/5efd619c-0d6c-4bf6-a31b-d54ffda461c4/resourceGroups/EESSI-Test-Transit-RG/providers/Microsoft.Network/networkInterfaces/aztst01-proxy01799",
                            "internal_dns_name_label": "",
                            "internal_fqdn": "",
                            "ip_configuration.#": "1",
                            "ip_configuration.0.application_security_group_ids.#": "0",
                            "ip_configuration.0.load_balancer_backend_address_pools_ids.#": "0",
                            "ip_configuration.0.load_balancer_inbound_nat_rules_ids.#": "0",
                            "ip_configuration.0.name": "ipconfig1",
                            "ip_configuration.0.primary": "true",
                            "ip_configuration.0.private_ip_address": "",
                            "ip_configuration.0.private_ip_address_allocation": "dynamic",
                            "ip_configuration.0.public_ip_address_id": "",
                            "ip_configuration.0.subnet_id": "/subscriptions/5efd619c-0d6c-4bf6-a31b-d54ffda461c4/resourceGroups/EESSI-Test-Transit-RG/providers/Microsoft.Network/virtualNetworks/EESSI-Test-Transit-vNet/subnets/Proxy",
                            "location": "uksouth",
                            "mac_address": "00-22-48-01-70-E0",
                            "name": "aztst01-proxy01799",
                            "network_security_group_id": "/subscriptions/5efd619c-0d6c-4bf6-a31b-d54ffda461c4/resourceGroups/EESSI-Test-Transit-RG/providers/Microsoft.Network/networkSecurityGroups/aztst01-proxy01-nsg",
                            "private_ip_address": "10.80.22.86",
                            "private_ip_addresses.#": "1",
                            "private_ip_addresses.0": "10.80.22.86",
                            "resource_group_name": "EESSI-Test-Transit-RG",
                            "tags.%": "0",
                            "virtual_machine_id": "/subscriptions/5efd619c-0d6c-4bf6-a31b-d54ffda461c4/resourceGroups/EESSI-Test-Transit-RG/providers/Microsoft.Compute/virtualMachines/aztst01-proxy01"
                        },
                        "meta": {},
                        "tainted": false
                    },
                    "deposed": [],
                    "provider": "provider.azurerm"
                },
                "azurerm_network_interface.EESSI-Test01-AP-Biz-RG__aztst01-apbiz01877": {
                    "type": "azurerm_network_interface",
                    "depends_on": [],
                    "primary": {
                        "id": "/subscriptions/5efd619c-0d6c-4bf6-a31b-d54ffda461c4/resourceGroups/EESSI-Test01-AP-Biz-RG/providers/Microsoft.Network/networkInterfaces/aztst01-apbiz01877",
                        "attributes": {
                            "applied_dns_servers.#": "0",
                            "dns_servers.#": "0",
                            "enable_accelerated_networking": "false",
                            "enable_ip_forwarding": "false",
                            "id": "/subscriptions/5efd619c-0d6c-4bf6-a31b-d54ffda461c4/resourceGroups/EESSI-Test01-AP-Biz-RG/providers/Microsoft.Network/networkInterfaces/aztst01-apbiz01877",
                            "internal_dns_name_label": "",
                            "internal_fqdn": "",
                            "ip_configuration.#": "1",
                            "ip_configuration.0.application_security_group_ids.#": "0",
                            "ip_configuration.0.load_balancer_backend_address_pools_ids.#": "0",
                            "ip_configuration.0.load_balancer_inbound_nat_rules_ids.#": "0",
                            "ip_configuration.0.name": "ipconfig1",
                            "ip_configuration.0.primary": "true",
                            "ip_configuration.0.private_ip_address": "10.86.1.4",
                            "ip_configuration.0.private_ip_address_allocation": "static",
                            "ip_configuration.0.public_ip_address_id": "",
                            "ip_configuration.0.subnet_id": "/subscriptions/5efd619c-0d6c-4bf6-a31b-d54ffda461c4/resourceGroups/EESSI-Test01-AP-Shared-RG/providers/Microsoft.Network/virtualNetworks/EESSI-Test01-AP-vNet/subnets/Application",
                            "location": "uksouth",
                            "mac_address": "00-22-48-01-94-3F",
                            "name": "aztst01-apbiz01877",
                            "network_security_group_id": "/subscriptions/5efd619c-0d6c-4bf6-a31b-d54ffda461c4/resourceGroups/EESSI-Test01-AP-Biz-RG/providers/Microsoft.Network/networkSecurityGroups/aztst01-apbiz01-nsg",
                            "private_ip_address": "10.86.1.4",
                            "private_ip_addresses.#": "1",
                            "private_ip_addresses.0": "10.86.1.4",
                            "resource_group_name": "EESSI-Test01-AP-Biz-RG",
                            "tags.%": "0",
                            "virtual_machine_id": "/subscriptions/5efd619c-0d6c-4bf6-a31b-d54ffda461c4/resourceGroups/EESSI-Test01-AP-Biz-RG/providers/Microsoft.Compute/virtualMachines/aztst01-apbiz01"
                        },
                        "meta": {},
                        "tainted": false
                    },
                    "deposed": [],
                    "provider": "provider.azurerm"
                },
                "azurerm_network_interface.EESSI-Test01-AP-Biz-RG__aztst01-apbiz02396": {
                    "type": "azurerm_network_interface",
                    "depends_on": [],
                    "primary": {
                        "id": "/subscriptions/5efd619c-0d6c-4bf6-a31b-d54ffda461c4/resourceGroups/EESSI-Test01-AP-Biz-RG/providers/Microsoft.Network/networkInterfaces/aztst01-apbiz02396",
                        "attributes": {
                            "applied_dns_servers.#": "0",
                            "dns_servers.#": "0",
                            "enable_accelerated_networking": "false",
                            "enable_ip_forwarding": "false",
                            "id": "/subscriptions/5efd619c-0d6c-4bf6-a31b-d54ffda461c4/resourceGroups/EESSI-Test01-AP-Biz-RG/providers/Microsoft.Network/networkInterfaces/aztst01-apbiz02396",
                            "internal_dns_name_label": "",
                            "internal_fqdn": "",
                            "ip_configuration.#": "1",
                            "ip_configuration.0.application_security_group_ids.#": "0",
                            "ip_configuration.0.load_balancer_backend_address_pools_ids.#": "0",
                            "ip_configuration.0.load_balancer_inbound_nat_rules_ids.#": "0",
                            "ip_configuration.0.name": "ipconfig1",
                            "ip_configuration.0.primary": "true",
                            "ip_configuration.0.private_ip_address": "10.86.1.5",
                            "ip_configuration.0.private_ip_address_allocation": "static",
                            "ip_configuration.0.public_ip_address_id": "",
                            "ip_configuration.0.subnet_id": "/subscriptions/5efd619c-0d6c-4bf6-a31b-d54ffda461c4/resourceGroups/EESSI-Test01-AP-Shared-RG/providers/Microsoft.Network/virtualNetworks/EESSI-Test01-AP-vNet/subnets/Application",
                            "location": "uksouth",
                            "mac_address": "00-22-48-01-9E-08",
                            "name": "aztst01-apbiz02396",
                            "network_security_group_id": "/subscriptions/5efd619c-0d6c-4bf6-a31b-d54ffda461c4/resourceGroups/EESSI-Test01-AP-Biz-RG/providers/Microsoft.Network/networkSecurityGroups/aztst01-apbiz02-nsg",
                            "private_ip_address": "10.86.1.5",
                            "private_ip_addresses.#": "1",
                            "private_ip_addresses.0": "10.86.1.5",
                            "resource_group_name": "EESSI-Test01-AP-Biz-RG",
                            "tags.%": "0",
                            "virtual_machine_id": "/subscriptions/5efd619c-0d6c-4bf6-a31b-d54ffda461c4/resourceGroups/EESSI-Test01-AP-Biz-RG/providers/Microsoft.Compute/virtualMachines/aztst01-apbiz02"
                        },
                        "meta": {},
                        "tainted": false
                    },
                    "deposed": [],
                    "provider": "provider.azurerm"
                },
                "azurerm_network_interface.EESSI-Test01-AP-Biz-RG__aztst02-apbiz01717": {
                    "type": "azurerm_network_interface",
                    "depends_on": [],
                    "primary": {
                        "id": "/subscriptions/5efd619c-0d6c-4bf6-a31b-d54ffda461c4/resourceGroups/EESSI-Test01-AP-Biz-RG/providers/Microsoft.Network/networkInterfaces/aztst02-apbiz01717",
                        "attributes": {
                            "applied_dns_servers.#": "0",
                            "dns_servers.#": "0",
                            "enable_accelerated_networking": "false",
                            "enable_ip_forwarding": "false",
                            "id": "/subscriptions/5efd619c-0d6c-4bf6-a31b-d54ffda461c4/resourceGroups/EESSI-Test01-AP-Biz-RG/providers/Microsoft.Network/networkInterfaces/aztst02-apbiz01717",
                            "internal_dns_name_label": "",
                            "internal_fqdn": "",
                            "ip_configuration.#": "1",
                            "ip_configuration.0.application_security_group_ids.#": "0",
                            "ip_configuration.0.load_balancer_backend_address_pools_ids.#": "0",
                            "ip_configuration.0.load_balancer_inbound_nat_rules_ids.#": "0",
                            "ip_configuration.0.name": "ipconfig1",
                            "ip_configuration.0.primary": "true",
                            "ip_configuration.0.private_ip_address": "",
                            "ip_configuration.0.private_ip_address_allocation": "dynamic",
                            "ip_configuration.0.public_ip_address_id": "",
                            "ip_configuration.0.subnet_id": "/subscriptions/5efd619c-0d6c-4bf6-a31b-d54ffda461c4/resourceGroups/EESSI-Test02-AP-Shared-RG/providers/Microsoft.Network/virtualNetworks/EESSI-Test02-AP-vNet/subnets/Application",
                            "location": "uksouth",
                            "mac_address": "00-22-48-07-5F-A9",
                            "name": "aztst02-apbiz01717",
                            "network_security_group_id": "/subscriptions/5efd619c-0d6c-4bf6-a31b-d54ffda461c4/resourceGroups/EESSI-Test01-AP-Biz-RG/providers/Microsoft.Network/networkSecurityGroups/aztst02-apbiz01-nsg",
                            "private_ip_address": "10.86.13.4",
                            "private_ip_addresses.#": "1",
                            "private_ip_addresses.0": "10.86.13.4",
                            "resource_group_name": "EESSI-Test01-AP-Biz-RG",
                            "tags.%": "0",
                            "virtual_machine_id": "/subscriptions/5efd619c-0d6c-4bf6-a31b-d54ffda461c4/resourceGroups/EESSI-Test01-AP-Biz-RG/providers/Microsoft.Compute/virtualMachines/aztst02-apbiz01"
                        },
                        "meta": {},
                        "tainted": false
                    },
                    "deposed": [],
                    "provider": "provider.azurerm"
                },
                "azurerm_network_interface.EESSI-Test01-AP-Biz-RG__aztst02-apbiz02310": {
                    "type": "azurerm_network_interface",
                    "depends_on": [],
                    "primary": {
                        "id": "/subscriptions/5efd619c-0d6c-4bf6-a31b-d54ffda461c4/resourceGroups/EESSI-Test01-AP-Biz-RG/providers/Microsoft.Network/networkInterfaces/aztst02-apbiz02310",
                        "attributes": {
                            "applied_dns_servers.#": "0",
                            "dns_servers.#": "0",
                            "enable_accelerated_networking": "false",
                            "enable_ip_forwarding": "false",
                            "id": "/subscriptions/5efd619c-0d6c-4bf6-a31b-d54ffda461c4/resourceGroups/EESSI-Test01-AP-Biz-RG/providers/Microsoft.Network/networkInterfaces/aztst02-apbiz02310",
                            "internal_dns_name_label": "",
                            "internal_fqdn": "",
                            "ip_configuration.#": "1",
                            "ip_configuration.0.application_security_group_ids.#": "0",
                            "ip_configuration.0.load_balancer_backend_address_pools_ids.#": "0",
                            "ip_configuration.0.load_balancer_inbound_nat_rules_ids.#": "0",
                            "ip_configuration.0.name": "ipconfig1",
                            "ip_configuration.0.primary": "true",
                            "ip_configuration.0.private_ip_address": "",
                            "ip_configuration.0.private_ip_address_allocation": "dynamic",
                            "ip_configuration.0.public_ip_address_id": "",
                            "ip_configuration.0.subnet_id": "/subscriptions/5efd619c-0d6c-4bf6-a31b-d54ffda461c4/resourceGroups/EESSI-Test02-AP-Shared-RG/providers/Microsoft.Network/virtualNetworks/EESSI-Test02-AP-vNet/subnets/Application",
                            "location": "uksouth",
                            "mac_address": "00-22-48-07-5C-E7",
                            "name": "aztst02-apbiz02310",
                            "network_security_group_id": "/subscriptions/5efd619c-0d6c-4bf6-a31b-d54ffda461c4/resourceGroups/EESSI-Test01-AP-Biz-RG/providers/Microsoft.Network/networkSecurityGroups/aztst02-apbiz02-nsg",
                            "private_ip_address": "10.86.13.5",
                            "private_ip_addresses.#": "1",
                            "private_ip_addresses.0": "10.86.13.5",
                            "resource_group_name": "EESSI-Test01-AP-Biz-RG",
                            "tags.%": "0",
                            "virtual_machine_id": "/subscriptions/5efd619c-0d6c-4bf6-a31b-d54ffda461c4/resourceGroups/EESSI-Test01-AP-Biz-RG/providers/Microsoft.Compute/virtualMachines/aztst02-apbiz02"
                        },
                        "meta": {},
                        "tainted": false
                    },
                    "deposed": [],
                    "provider": "provider.azurerm"
                },
                "azurerm_network_interface.EESSI-Test01-AP-FS-RG__aztst01-apfs01272": {
                    "type": "azurerm_network_interface",
                    "depends_on": [],
                    "primary": {
                        "id": "/subscriptions/5efd619c-0d6c-4bf6-a31b-d54ffda461c4/resourceGroups/EESSI-Test01-AP-FS-RG/providers/Microsoft.Network/networkInterfaces/aztst01-apfs01272",
                        "attributes": {
                            "applied_dns_servers.#": "0",
                            "dns_servers.#": "0",
                            "enable_accelerated_networking": "false",
                            "enable_ip_forwarding": "false",
                            "id": "/subscriptions/5efd619c-0d6c-4bf6-a31b-d54ffda461c4/resourceGroups/EESSI-Test01-AP-FS-RG/providers/Microsoft.Network/networkInterfaces/aztst01-apfs01272",
                            "internal_dns_name_label": "",
                            "internal_fqdn": "",
                            "ip_configuration.#": "1",
                            "ip_configuration.0.application_security_group_ids.#": "0",
                            "ip_configuration.0.load_balancer_backend_address_pools_ids.#": "1",
                            "ip_configuration.0.load_balancer_backend_address_pools_ids.1572227217": "/subscriptions/5efd619c-0d6c-4bf6-a31b-d54ffda461c4/resourceGroups/EESSI-Test01-AP-FS-RG/providers/Microsoft.Network/loadBalancers/EESSI-Test01-AP-FS-ILB/backendAddressPools/EESSI-Test01-AP-FS",
                            "ip_configuration.0.load_balancer_inbound_nat_rules_ids.#": "0",
                            "ip_configuration.0.name": "ipconfig1",
                            "ip_configuration.0.primary": "true",
                            "ip_configuration.0.private_ip_address": "10.86.1.68",
                            "ip_configuration.0.private_ip_address_allocation": "static",
                            "ip_configuration.0.public_ip_address_id": "",
                            "ip_configuration.0.subnet_id": "/subscriptions/5efd619c-0d6c-4bf6-a31b-d54ffda461c4/resourceGroups/EESSI-Test01-AP-Shared-RG/providers/Microsoft.Network/virtualNetworks/EESSI-Test01-AP-vNet/subnets/File-Servers",
                            "location": "uksouth",
                            "mac_address": "00-22-48-01-24-BB",
                            "name": "aztst01-apfs01272",
                            "network_security_group_id": "/subscriptions/5efd619c-0d6c-4bf6-a31b-d54ffda461c4/resourceGroups/EESSI-Test01-AP-FS-RG/providers/Microsoft.Network/networkSecurityGroups/aztst01-apfs01-nsg",
                            "private_ip_address": "10.86.1.68",
                            "private_ip_addresses.#": "1",
                            "private_ip_addresses.0": "10.86.1.68",
                            "resource_group_name": "EESSI-Test01-AP-FS-RG",
                            "tags.%": "0",
                            "virtual_machine_id": "/subscriptions/5efd619c-0d6c-4bf6-a31b-d54ffda461c4/resourceGroups/EESSI-Test01-AP-FS-RG/providers/Microsoft.Compute/virtualMachines/aztst01-apfs01"
                        },
                        "meta": {},
                        "tainted": false
                    },
                    "deposed": [],
                    "provider": "provider.azurerm"
                },
                "azurerm_network_interface.EESSI-Test01-AP-FS-RG__aztst01-apfs02641": {
                    "type": "azurerm_network_interface",
                    "depends_on": [],
                    "primary": {
                        "id": "/subscriptions/5efd619c-0d6c-4bf6-a31b-d54ffda461c4/resourceGroups/EESSI-Test01-AP-FS-RG/providers/Microsoft.Network/networkInterfaces/aztst01-apfs02641",
                        "attributes": {
                            "applied_dns_servers.#": "0",
                            "dns_servers.#": "0",
                            "enable_accelerated_networking": "false",
                            "enable_ip_forwarding": "false",
                            "id": "/subscriptions/5efd619c-0d6c-4bf6-a31b-d54ffda461c4/resourceGroups/EESSI-Test01-AP-FS-RG/providers/Microsoft.Network/networkInterfaces/aztst01-apfs02641",
                            "internal_dns_name_label": "",
                            "internal_fqdn": "",
                            "ip_configuration.#": "1",
                            "ip_configuration.0.application_security_group_ids.#": "0",
                            "ip_configuration.0.load_balancer_backend_address_pools_ids.#": "1",
                            "ip_configuration.0.load_balancer_backend_address_pools_ids.1572227217": "/subscriptions/5efd619c-0d6c-4bf6-a31b-d54ffda461c4/resourceGroups/EESSI-Test01-AP-FS-RG/providers/Microsoft.Network/loadBalancers/EESSI-Test01-AP-FS-ILB/backendAddressPools/EESSI-Test01-AP-FS",
                            "ip_configuration.0.load_balancer_inbound_nat_rules_ids.#": "0",
                            "ip_configuration.0.name": "ipconfig1",
                            "ip_configuration.0.primary": "true",
                            "ip_configuration.0.private_ip_address": "10.86.1.69",
                            "ip_configuration.0.private_ip_address_allocation": "static",
                            "ip_configuration.0.public_ip_address_id": "",
                            "ip_configuration.0.subnet_id": "/subscriptions/5efd619c-0d6c-4bf6-a31b-d54ffda461c4/resourceGroups/EESSI-Test01-AP-Shared-RG/providers/Microsoft.Network/virtualNetworks/EESSI-Test01-AP-vNet/subnets/File-Servers",
                            "location": "uksouth",
                            "mac_address": "00-22-48-01-27-8F",
                            "name": "aztst01-apfs02641",
                            "network_security_group_id": "/subscriptions/5efd619c-0d6c-4bf6-a31b-d54ffda461c4/resourceGroups/EESSI-Test01-AP-FS-RG/providers/Microsoft.Network/networkSecurityGroups/aztst01-apfs02-nsg",
                            "private_ip_address": "10.86.1.69",
                            "private_ip_addresses.#": "1",
                            "private_ip_addresses.0": "10.86.1.69",
                            "resource_group_name": "EESSI-Test01-AP-FS-RG",
                            "tags.%": "0",
                            "virtual_machine_id": "/subscriptions/5efd619c-0d6c-4bf6-a31b-d54ffda461c4/resourceGroups/EESSI-Test01-AP-FS-RG/providers/Microsoft.Compute/virtualMachines/aztst01-apfs02"
                        },
                        "meta": {},
                        "tainted": false
                    },
                    "deposed": [],
                    "provider": "provider.azurerm"
                },
                "azurerm_network_interface.EESSI-Test01-AP-SQL-RG__aztst01-apsql01126": {
                    "type": "azurerm_network_interface",
                    "depends_on": [],
                    "primary": {
                        "id": "/subscriptions/5efd619c-0d6c-4bf6-a31b-d54ffda461c4/resourceGroups/EESSI-Test01-AP-SQL-RG/providers/Microsoft.Network/networkInterfaces/aztst01-apsql01126",
                        "attributes": {
                            "applied_dns_servers.#": "0",
                            "dns_servers.#": "0",
                            "enable_accelerated_networking": "false",
                            "enable_ip_forwarding": "false",
                            "id": "/subscriptions/5efd619c-0d6c-4bf6-a31b-d54ffda461c4/resourceGroups/EESSI-Test01-AP-SQL-RG/providers/Microsoft.Network/networkInterfaces/aztst01-apsql01126",
                            "internal_dns_name_label": "",
                            "internal_fqdn": "",
                            "ip_configuration.#": "1",
                            "ip_configuration.0.application_security_group_ids.#": "0",
                            "ip_configuration.0.load_balancer_backend_address_pools_ids.#": "0",
                            "ip_configuration.0.load_balancer_inbound_nat_rules_ids.#": "0",
                            "ip_configuration.0.name": "ipconfig1",
                            "ip_configuration.0.primary": "true",
                            "ip_configuration.0.private_ip_address": "10.86.1.36",
                            "ip_configuration.0.private_ip_address_allocation": "static",
                            "ip_configuration.0.public_ip_address_id": "",
                            "ip_configuration.0.subnet_id": "/subscriptions/5efd619c-0d6c-4bf6-a31b-d54ffda461c4/resourceGroups/EESSI-Test01-AP-Shared-RG/providers/Microsoft.Network/virtualNetworks/EESSI-Test01-AP-vNet/subnets/Database",
                            "location": "uksouth",
                            "mac_address": "00-22-48-01-E2-E5",
                            "name": "aztst01-apsql01126",
                            "network_security_group_id": "/subscriptions/5efd619c-0d6c-4bf6-a31b-d54ffda461c4/resourceGroups/EESSI-Test01-AP-SQL-RG/providers/Microsoft.Network/networkSecurityGroups/aztst01-apsql01-nsg",
                            "private_ip_address": "10.86.1.36",
                            "private_ip_addresses.#": "1",
                            "private_ip_addresses.0": "10.86.1.36",
                            "resource_group_name": "EESSI-Test01-AP-SQL-RG",
                            "tags.%": "0",
                            "virtual_machine_id": "/subscriptions/5efd619c-0d6c-4bf6-a31b-d54ffda461c4/resourceGroups/EESSI-Test01-AP-SQL-RG/providers/Microsoft.Compute/virtualMachines/aztst01-apsql01"
                        },
                        "meta": {},
                        "tainted": false
                    },
                    "deposed": [],
                    "provider": "provider.azurerm"
                },
                "azurerm_network_interface.EESSI-Test01-RINA-App-RG__aztst01-riapp01846": {
                    "type": "azurerm_network_interface",
                    "depends_on": [],
                    "primary": {
                        "id": "/subscriptions/5efd619c-0d6c-4bf6-a31b-d54ffda461c4/resourceGroups/EESSI-Test01-RINA-App-RG/providers/Microsoft.Network/networkInterfaces/aztst01-riapp01846",
                        "attributes": {
                            "applied_dns_servers.#": "0",
                            "dns_servers.#": "0",
                            "enable_accelerated_networking": "false",
                            "enable_ip_forwarding": "false",
                            "id": "/subscriptions/5efd619c-0d6c-4bf6-a31b-d54ffda461c4/resourceGroups/EESSI-Test01-RINA-App-RG/providers/Microsoft.Network/networkInterfaces/aztst01-riapp01846",
                            "internal_dns_name_label": "",
                            "internal_fqdn": "",
                            "ip_configuration.#": "1",
                            "ip_configuration.0.application_security_group_ids.#": "0",
                            "ip_configuration.0.load_balancer_backend_address_pools_ids.#": "0",
                            "ip_configuration.0.load_balancer_inbound_nat_rules_ids.#": "0",
                            "ip_configuration.0.name": "ipconfig1",
                            "ip_configuration.0.primary": "true",
                            "ip_configuration.0.private_ip_address": "",
                            "ip_configuration.0.private_ip_address_allocation": "dynamic",
                            "ip_configuration.0.public_ip_address_id": "",
                            "ip_configuration.0.subnet_id": "/subscriptions/5efd619c-0d6c-4bf6-a31b-d54ffda461c4/resourceGroups/EESSI-Test01-RINA-Shared-RG/providers/Microsoft.Network/virtualNetworks/EESSI-Test01-RINA-vNet/subnets/Application",
                            "location": "uksouth",
                            "mac_address": "",
                            "name": "aztst01-riapp01846",
                            "network_security_group_id": "/subscriptions/5efd619c-0d6c-4bf6-a31b-d54ffda461c4/resourceGroups/EESSI-Test01-RINA-App-RG/providers/Microsoft.Network/networkSecurityGroups/aztst01-riapp01-nsg",
                            "private_ip_address": "10.86.2.4",
                            "private_ip_addresses.#": "1",
                            "private_ip_addresses.0": "10.86.2.4",
                            "resource_group_name": "EESSI-Test01-RINA-App-RG",
                            "tags.%": "0",
                            "virtual_machine_id": "/subscriptions/5efd619c-0d6c-4bf6-a31b-d54ffda461c4/resourceGroups/EESSI-Test01-RINA-App-RG/providers/Microsoft.Compute/virtualMachines/aztst01-riapp01"
                        },
                        "meta": {},
                        "tainted": false
                    },
                    "deposed": [],
                    "provider": "provider.azurerm"
                },
                "azurerm_network_interface.EESSI-Test01-RINA-App-RG__aztst01-rilb01133": {
                    "type": "azurerm_network_interface",
                    "depends_on": [],
                    "primary": {
                        "id": "/subscriptions/5efd619c-0d6c-4bf6-a31b-d54ffda461c4/resourceGroups/EESSI-Test01-RINA-App-RG/providers/Microsoft.Network/networkInterfaces/aztst01-rilb01133",
                        "attributes": {
                            "applied_dns_servers.#": "0",
                            "dns_servers.#": "0",
                            "enable_accelerated_networking": "false",
                            "enable_ip_forwarding": "false",
                            "id": "/subscriptions/5efd619c-0d6c-4bf6-a31b-d54ffda461c4/resourceGroups/EESSI-Test01-RINA-App-RG/providers/Microsoft.Network/networkInterfaces/aztst01-rilb01133",
                            "internal_dns_name_label": "",
                            "internal_fqdn": "",
                            "ip_configuration.#": "1",
                            "ip_configuration.0.application_security_group_ids.#": "0",
                            "ip_configuration.0.load_balancer_backend_address_pools_ids.#": "0",
                            "ip_configuration.0.load_balancer_inbound_nat_rules_ids.#": "0",
                            "ip_configuration.0.name": "ipconfig1",
                            "ip_configuration.0.primary": "true",
                            "ip_configuration.0.private_ip_address": "",
                            "ip_configuration.0.private_ip_address_allocation": "dynamic",
                            "ip_configuration.0.public_ip_address_id": "",
                            "ip_configuration.0.subnet_id": "/subscriptions/5efd619c-0d6c-4bf6-a31b-d54ffda461c4/resourceGroups/EESSI-Test01-RINA-Shared-RG/providers/Microsoft.Network/virtualNetworks/EESSI-Test01-RINA-vNet/subnets/Application",
                            "location": "uksouth",
                            "mac_address": "00-22-48-01-6E-79",
                            "name": "aztst01-rilb01133",
                            "network_security_group_id": "/subscriptions/5efd619c-0d6c-4bf6-a31b-d54ffda461c4/resourceGroups/EESSI-Test01-RINA-App-RG/providers/Microsoft.Network/networkSecurityGroups/aztst01-rilb01-nsg",
                            "private_ip_address": "10.86.2.5",
                            "private_ip_addresses.#": "1",
                            "private_ip_addresses.0": "10.86.2.5",
                            "resource_group_name": "EESSI-Test01-RINA-App-RG",
                            "tags.%": "0",
                            "virtual_machine_id": "/subscriptions/5efd619c-0d6c-4bf6-a31b-d54ffda461c4/resourceGroups/EESSI-Test01-RINA-App-RG/providers/Microsoft.Compute/virtualMachines/aztst01-rilb01"
                        },
                        "meta": {},
                        "tainted": false
                    },
                    "deposed": [],
                    "provider": "provider.azurerm"
                },
                "azurerm_network_interface.EESSI-Test01-RINA-App-RG__aztst01-rilb02981": {
                    "type": "azurerm_network_interface",
                    "depends_on": [],
                    "primary": {
                        "id": "/subscriptions/5efd619c-0d6c-4bf6-a31b-d54ffda461c4/resourceGroups/EESSI-Test01-RINA-App-RG/providers/Microsoft.Network/networkInterfaces/aztst01-rilb02981",
                        "attributes": {
                            "applied_dns_servers.#": "0",
                            "dns_servers.#": "0",
                            "enable_accelerated_networking": "false",
                            "enable_ip_forwarding": "false",
                            "id": "/subscriptions/5efd619c-0d6c-4bf6-a31b-d54ffda461c4/resourceGroups/EESSI-Test01-RINA-App-RG/providers/Microsoft.Network/networkInterfaces/aztst01-rilb02981",
                            "internal_dns_name_label": "",
                            "internal_fqdn": "",
                            "ip_configuration.#": "1",
                            "ip_configuration.0.application_security_group_ids.#": "0",
                            "ip_configuration.0.load_balancer_backend_address_pools_ids.#": "0",
                            "ip_configuration.0.load_balancer_inbound_nat_rules_ids.#": "0",
                            "ip_configuration.0.name": "ipconfig1",
                            "ip_configuration.0.primary": "true",
                            "ip_configuration.0.private_ip_address": "",
                            "ip_configuration.0.private_ip_address_allocation": "dynamic",
                            "ip_configuration.0.public_ip_address_id": "",
                            "ip_configuration.0.subnet_id": "/subscriptions/5efd619c-0d6c-4bf6-a31b-d54ffda461c4/resourceGroups/EESSI-Test01-RINA-Shared-RG/providers/Microsoft.Network/virtualNetworks/EESSI-Test01-RINA-vNet/subnets/Application",
                            "location": "uksouth",
                            "mac_address": "00-22-48-07-0A-CD",
                            "name": "aztst01-rilb02981",
                            "network_security_group_id": "/subscriptions/5efd619c-0d6c-4bf6-a31b-d54ffda461c4/resourceGroups/EESSI-Test01-RINA-App-RG/providers/Microsoft.Network/networkSecurityGroups/aztst01-rilb02-nsg",
                            "private_ip_address": "10.86.2.7",
                            "private_ip_addresses.#": "1",
                            "private_ip_addresses.0": "10.86.2.7",
                            "resource_group_name": "EESSI-Test01-RINA-App-RG",
                            "tags.%": "0",
                            "virtual_machine_id": "/subscriptions/5efd619c-0d6c-4bf6-a31b-d54ffda461c4/resourceGroups/EESSI-Test01-RINA-App-RG/providers/Microsoft.Compute/virtualMachines/aztst01-rilb02"
                        },
                        "meta": {},
                        "tainted": false
                    },
                    "deposed": [],
                    "provider": "provider.azurerm"
                },
                "azurerm_network_interface.EESSI-Test02-AP-FS-RG__aztst02-apfs01960": {
                    "type": "azurerm_network_interface",
                    "depends_on": [],
                    "primary": {
                        "id": "/subscriptions/5efd619c-0d6c-4bf6-a31b-d54ffda461c4/resourceGroups/EESSI-Test02-AP-FS-RG/providers/Microsoft.Network/networkInterfaces/aztst02-apfs01960",
                        "attributes": {
                            "applied_dns_servers.#": "0",
                            "dns_servers.#": "0",
                            "enable_accelerated_networking": "false",
                            "enable_ip_forwarding": "false",
                            "id": "/subscriptions/5efd619c-0d6c-4bf6-a31b-d54ffda461c4/resourceGroups/EESSI-Test02-AP-FS-RG/providers/Microsoft.Network/networkInterfaces/aztst02-apfs01960",
                            "internal_dns_name_label": "",
                            "internal_fqdn": "",
                            "ip_configuration.#": "1",
                            "ip_configuration.0.application_security_group_ids.#": "0",
                            "ip_configuration.0.load_balancer_backend_address_pools_ids.#": "1",
                            "ip_configuration.0.load_balancer_backend_address_pools_ids.2294616862": "/subscriptions/5efd619c-0d6c-4bf6-a31b-d54ffda461c4/resourceGroups/EESSI-Test02-AP-FS-RG/providers/Microsoft.Network/loadBalancers/EESSI-Test02-AP-FS-ILB/backendAddressPools/File-Servers",
                            "ip_configuration.0.load_balancer_inbound_nat_rules_ids.#": "0",
                            "ip_configuration.0.name": "ipconfig1",
                            "ip_configuration.0.primary": "true",
                            "ip_configuration.0.private_ip_address": "",
                            "ip_configuration.0.private_ip_address_allocation": "dynamic",
                            "ip_configuration.0.public_ip_address_id": "",
                            "ip_configuration.0.subnet_id": "/subscriptions/5efd619c-0d6c-4bf6-a31b-d54ffda461c4/resourceGroups/EESSI-Test02-AP-Shared-RG/providers/Microsoft.Network/virtualNetworks/EESSI-Test02-AP-vNet/subnets/File-Server",
                            "location": "uksouth",
                            "mac_address": "00-22-48-01-0E-22",
                            "name": "aztst02-apfs01960",
                            "network_security_group_id": "/subscriptions/5efd619c-0d6c-4bf6-a31b-d54ffda461c4/resourceGroups/EESSI-Test02-AP-FS-RG/providers/Microsoft.Network/networkSecurityGroups/aztst02-apfs01-nsg",
                            "private_ip_address": "10.86.13.68",
                            "private_ip_addresses.#": "1",
                            "private_ip_addresses.0": "10.86.13.68",
                            "resource_group_name": "EESSI-Test02-AP-FS-RG",
                            "tags.%": "0",
                            "virtual_machine_id": "/subscriptions/5efd619c-0d6c-4bf6-a31b-d54ffda461c4/resourceGroups/EESSI-Test02-AP-FS-RG/providers/Microsoft.Compute/virtualMachines/aztst02-apfs01"
                        },
                        "meta": {},
                        "tainted": false
                    },
                    "deposed": [],
                    "provider": "provider.azurerm"
                },
                "azurerm_network_interface.EESSI-Test02-AP-FS-RG__aztst02-apfs02160": {
                    "type": "azurerm_network_interface",
                    "depends_on": [],
                    "primary": {
                        "id": "/subscriptions/5efd619c-0d6c-4bf6-a31b-d54ffda461c4/resourceGroups/EESSI-Test02-AP-FS-RG/providers/Microsoft.Network/networkInterfaces/aztst02-apfs02160",
                        "attributes": {
                            "applied_dns_servers.#": "0",
                            "dns_servers.#": "0",
                            "enable_accelerated_networking": "false",
                            "enable_ip_forwarding": "false",
                            "id": "/subscriptions/5efd619c-0d6c-4bf6-a31b-d54ffda461c4/resourceGroups/EESSI-Test02-AP-FS-RG/providers/Microsoft.Network/networkInterfaces/aztst02-apfs02160",
                            "internal_dns_name_label": "",
                            "internal_fqdn": "",
                            "ip_configuration.#": "1",
                            "ip_configuration.0.application_security_group_ids.#": "0",
                            "ip_configuration.0.load_balancer_backend_address_pools_ids.#": "1",
                            "ip_configuration.0.load_balancer_backend_address_pools_ids.2294616862": "/subscriptions/5efd619c-0d6c-4bf6-a31b-d54ffda461c4/resourceGroups/EESSI-Test02-AP-FS-RG/providers/Microsoft.Network/loadBalancers/EESSI-Test02-AP-FS-ILB/backendAddressPools/File-Servers",
                            "ip_configuration.0.load_balancer_inbound_nat_rules_ids.#": "0",
                            "ip_configuration.0.name": "ipconfig1",
                            "ip_configuration.0.primary": "true",
                            "ip_configuration.0.private_ip_address": "",
                            "ip_configuration.0.private_ip_address_allocation": "dynamic",
                            "ip_configuration.0.public_ip_address_id": "",
                            "ip_configuration.0.subnet_id": "/subscriptions/5efd619c-0d6c-4bf6-a31b-d54ffda461c4/resourceGroups/EESSI-Test02-AP-Shared-RG/providers/Microsoft.Network/virtualNetworks/EESSI-Test02-AP-vNet/subnets/File-Server",
                            "location": "uksouth",
                            "mac_address": "00-22-48-01-E4-04",
                            "name": "aztst02-apfs02160",
                            "network_security_group_id": "/subscriptions/5efd619c-0d6c-4bf6-a31b-d54ffda461c4/resourceGroups/EESSI-Test02-AP-FS-RG/providers/Microsoft.Network/networkSecurityGroups/aztst02-apfs02-nsg",
                            "private_ip_address": "10.86.13.69",
                            "private_ip_addresses.#": "1",
                            "private_ip_addresses.0": "10.86.13.69",
                            "resource_group_name": "EESSI-Test02-AP-FS-RG",
                            "tags.%": "0",
                            "virtual_machine_id": "/subscriptions/5efd619c-0d6c-4bf6-a31b-d54ffda461c4/resourceGroups/EESSI-Test02-AP-FS-RG/providers/Microsoft.Compute/virtualMachines/aztst02-apfs02"
                        },
                        "meta": {},
                        "tainted": false
                    },
                    "deposed": [],
                    "provider": "provider.azurerm"
                },
                "azurerm_network_interface.EESSI-Test02-AP-SQL-RG__aztst02-apsql01352": {
                    "type": "azurerm_network_interface",
                    "depends_on": [],
                    "primary": {
                        "id": "/subscriptions/5efd619c-0d6c-4bf6-a31b-d54ffda461c4/resourceGroups/EESSI-Test02-AP-SQL-RG/providers/Microsoft.Network/networkInterfaces/aztst02-apsql01352",
                        "attributes": {
                            "applied_dns_servers.#": "0",
                            "dns_servers.#": "0",
                            "enable_accelerated_networking": "false",
                            "enable_ip_forwarding": "false",
                            "id": "/subscriptions/5efd619c-0d6c-4bf6-a31b-d54ffda461c4/resourceGroups/EESSI-Test02-AP-SQL-RG/providers/Microsoft.Network/networkInterfaces/aztst02-apsql01352",
                            "internal_dns_name_label": "",
                            "internal_fqdn": "",
                            "ip_configuration.#": "1",
                            "ip_configuration.0.application_security_group_ids.#": "0",
                            "ip_configuration.0.load_balancer_backend_address_pools_ids.#": "0",
                            "ip_configuration.0.load_balancer_inbound_nat_rules_ids.#": "0",
                            "ip_configuration.0.name": "ipconfig1",
                            "ip_configuration.0.primary": "true",
                            "ip_configuration.0.private_ip_address": "",
                            "ip_configuration.0.private_ip_address_allocation": "dynamic",
                            "ip_configuration.0.public_ip_address_id": "",
                            "ip_configuration.0.subnet_id": "/subscriptions/5efd619c-0d6c-4bf6-a31b-d54ffda461c4/resourceGroups/EESSI-Test02-AP-Shared-RG/providers/Microsoft.Network/virtualNetworks/EESSI-Test02-AP-vNet/subnets/Database",
                            "location": "uksouth",
                            "mac_address": "00-22-48-07-57-98",
                            "name": "aztst02-apsql01352",
                            "network_security_group_id": "/subscriptions/5efd619c-0d6c-4bf6-a31b-d54ffda461c4/resourceGroups/EESSI-Test02-AP-SQL-RG/providers/Microsoft.Network/networkSecurityGroups/aztst02-apsql01-nsg",
                            "private_ip_address": "10.86.13.36",
                            "private_ip_addresses.#": "1",
                            "private_ip_addresses.0": "10.86.13.36",
                            "resource_group_name": "EESSI-Test02-AP-SQL-RG",
                            "tags.%": "0"
                        },
                        "meta": {},
                        "tainted": false
                    },
                    "deposed": [],
                    "provider": "provider.azurerm"
                },
                "azurerm_network_interface.EESSI-Test02-AP-SQL-RG__aztst02-apsql01765": {
                    "type": "azurerm_network_interface",
                    "depends_on": [],
                    "primary": {
                        "id": "/subscriptions/5efd619c-0d6c-4bf6-a31b-d54ffda461c4/resourceGroups/EESSI-Test02-AP-SQL-RG/providers/Microsoft.Network/networkInterfaces/aztst02-apsql01765",
                        "attributes": {
                            "applied_dns_servers.#": "0",
                            "dns_servers.#": "0",
                            "enable_accelerated_networking": "false",
                            "enable_ip_forwarding": "false",
                            "id": "/subscriptions/5efd619c-0d6c-4bf6-a31b-d54ffda461c4/resourceGroups/EESSI-Test02-AP-SQL-RG/providers/Microsoft.Network/networkInterfaces/aztst02-apsql01765",
                            "internal_dns_name_label": "",
                            "internal_fqdn": "",
                            "ip_configuration.#": "1",
                            "ip_configuration.0.application_security_group_ids.#": "0",
                            "ip_configuration.0.load_balancer_backend_address_pools_ids.#": "0",
                            "ip_configuration.0.load_balancer_inbound_nat_rules_ids.#": "0",
                            "ip_configuration.0.name": "ipconfig1",
                            "ip_configuration.0.primary": "true",
                            "ip_configuration.0.private_ip_address": "",
                            "ip_configuration.0.private_ip_address_allocation": "dynamic",
                            "ip_configuration.0.public_ip_address_id": "",
                            "ip_configuration.0.subnet_id": "/subscriptions/5efd619c-0d6c-4bf6-a31b-d54ffda461c4/resourceGroups/EESSI-Test02-AP-Shared-RG/providers/Microsoft.Network/virtualNetworks/EESSI-Test02-AP-vNet/subnets/Database",
                            "location": "uksouth",
                            "mac_address": "00-22-48-07-14-10",
                            "name": "aztst02-apsql01765",
                            "network_security_group_id": "/subscriptions/5efd619c-0d6c-4bf6-a31b-d54ffda461c4/resourceGroups/EESSI-Test02-AP-SQL-RG/providers/Microsoft.Network/networkSecurityGroups/aztst02-apsql01-nsg",
                            "private_ip_address": "10.86.13.37",
                            "private_ip_addresses.#": "1",
                            "private_ip_addresses.0": "10.86.13.37",
                            "resource_group_name": "EESSI-Test02-AP-SQL-RG",
                            "tags.%": "0",
                            "virtual_machine_id": "/subscriptions/5efd619c-0d6c-4bf6-a31b-d54ffda461c4/resourceGroups/EESSI-Test02-AP-SQL-RG/providers/Microsoft.Compute/virtualMachines/aztst02-apsql01"
                        },
                        "meta": {},
                        "tainted": false
                    },
                    "deposed": [],
                    "provider": "provider.azurerm"
                },
                "azurerm_network_interface.EESSI-Test02-AP-SQL-RG__aztst02-apsql02461": {
                    "type": "azurerm_network_interface",
                    "depends_on": [],
                    "primary": {
                        "id": "/subscriptions/5efd619c-0d6c-4bf6-a31b-d54ffda461c4/resourceGroups/EESSI-Test02-AP-SQL-RG/providers/Microsoft.Network/networkInterfaces/aztst02-apsql02461",
                        "attributes": {
                            "applied_dns_servers.#": "0",
                            "dns_servers.#": "0",
                            "enable_accelerated_networking": "false",
                            "enable_ip_forwarding": "false",
                            "id": "/subscriptions/5efd619c-0d6c-4bf6-a31b-d54ffda461c4/resourceGroups/EESSI-Test02-AP-SQL-RG/providers/Microsoft.Network/networkInterfaces/aztst02-apsql02461",
                            "internal_dns_name_label": "",
                            "internal_fqdn": "",
                            "ip_configuration.#": "1",
                            "ip_configuration.0.application_security_group_ids.#": "0",
                            "ip_configuration.0.load_balancer_backend_address_pools_ids.#": "0",
                            "ip_configuration.0.load_balancer_inbound_nat_rules_ids.#": "0",
                            "ip_configuration.0.name": "ipconfig1",
                            "ip_configuration.0.primary": "true",
                            "ip_configuration.0.private_ip_address": "",
                            "ip_configuration.0.private_ip_address_allocation": "dynamic",
                            "ip_configuration.0.public_ip_address_id": "",
                            "ip_configuration.0.subnet_id": "/subscriptions/5efd619c-0d6c-4bf6-a31b-d54ffda461c4/resourceGroups/EESSI-Test02-AP-Shared-RG/providers/Microsoft.Network/virtualNetworks/EESSI-Test02-AP-vNet/subnets/Database",
                            "location": "uksouth",
                            "mac_address": "00-22-48-07-BB-D2",
                            "name": "aztst02-apsql02461",
                            "network_security_group_id": "/subscriptions/5efd619c-0d6c-4bf6-a31b-d54ffda461c4/resourceGroups/EESSI-Test02-AP-SQL-RG/providers/Microsoft.Network/networkSecurityGroups/aztst02-apsql02-nsg",
                            "private_ip_address": "10.86.13.38",
                            "private_ip_addresses.#": "1",
                            "private_ip_addresses.0": "10.86.13.38",
                            "resource_group_name": "EESSI-Test02-AP-SQL-RG",
                            "tags.%": "0",
                            "virtual_machine_id": "/subscriptions/5efd619c-0d6c-4bf6-a31b-d54ffda461c4/resourceGroups/EESSI-Test02-AP-SQL-RG/providers/Microsoft.Compute/virtualMachines/aztst02-apsql02"
                        },
                        "meta": {},
                        "tainted": false
                    },
                    "deposed": [],
                    "provider": "provider.azurerm"
                },
                "azurerm_network_interface.RG-Rina2Rina-Playground__r2rnode01VMNic": {
                    "type": "azurerm_network_interface",
                    "depends_on": [],
                    "primary": {
                        "id": "/subscriptions/5efd619c-0d6c-4bf6-a31b-d54ffda461c4/resourceGroups/RG-Rina2Rina-Playground/providers/Microsoft.Network/networkInterfaces/r2rnode01VMNic",
                        "attributes": {
                            "applied_dns_servers.#": "0",
                            "dns_servers.#": "0",
                            "enable_accelerated_networking": "false",
                            "enable_ip_forwarding": "false",
                            "id": "/subscriptions/5efd619c-0d6c-4bf6-a31b-d54ffda461c4/resourceGroups/RG-Rina2Rina-Playground/providers/Microsoft.Network/networkInterfaces/r2rnode01VMNic",
                            "internal_dns_name_label": "",
                            "internal_fqdn": "",
                            "ip_configuration.#": "1",
                            "ip_configuration.0.application_security_group_ids.#": "0",
                            "ip_configuration.0.load_balancer_backend_address_pools_ids.#": "0",
                            "ip_configuration.0.load_balancer_inbound_nat_rules_ids.#": "0",
                            "ip_configuration.0.name": "ipconfigr2rnode01",
                            "ip_configuration.0.primary": "true",
                            "ip_configuration.0.private_ip_address": "10.87.1.6",
                            "ip_configuration.0.private_ip_address_allocation": "static",
                            "ip_configuration.0.public_ip_address_id": "",
                            "ip_configuration.0.subnet_id": "/subscriptions/5efd619c-0d6c-4bf6-a31b-d54ffda461c4/resourceGroups/RG-Rina2Rina-Playground/providers/Microsoft.Network/virtualNetworks/EESSI-Rina2Rina-vNet/subnets/Rina2Rina-Subnet",
                            "location": "uksouth",
                            "mac_address": "00-22-48-07-58-E3",
                            "name": "r2rnode01VMNic",
                            "network_security_group_id": "/subscriptions/5efd619c-0d6c-4bf6-a31b-d54ffda461c4/resourceGroups/RG-Rina2Rina-Playground/providers/Microsoft.Network/networkSecurityGroups/r2rnode01NSG",
                            "private_ip_address": "10.87.1.6",
                            "private_ip_addresses.#": "1",
                            "private_ip_addresses.0": "10.87.1.6",
                            "resource_group_name": "RG-Rina2Rina-Playground",
                            "tags.%": "0",
                            "virtual_machine_id": "/subscriptions/5efd619c-0d6c-4bf6-a31b-d54ffda461c4/resourceGroups/RG-RINA2RINA-PLAYGROUND/providers/Microsoft.Compute/virtualMachines/r2rnode01"
                        },
                        "meta": {},
                        "tainted": false
                    },
                    "deposed": [],
                    "provider": "provider.azurerm"
                },
                "azurerm_network_interface.RG-Rina2Rina-Playground__r2rnode02VMNic": {
                    "type": "azurerm_network_interface",
                    "depends_on": [],
                    "primary": {
                        "id": "/subscriptions/5efd619c-0d6c-4bf6-a31b-d54ffda461c4/resourceGroups/RG-Rina2Rina-Playground/providers/Microsoft.Network/networkInterfaces/r2rnode02VMNic",
                        "attributes": {
                            "applied_dns_servers.#": "0",
                            "dns_servers.#": "0",
                            "enable_accelerated_networking": "false",
                            "enable_ip_forwarding": "false",
                            "id": "/subscriptions/5efd619c-0d6c-4bf6-a31b-d54ffda461c4/resourceGroups/RG-Rina2Rina-Playground/providers/Microsoft.Network/networkInterfaces/r2rnode02VMNic",
                            "internal_dns_name_label": "",
                            "internal_fqdn": "",
                            "ip_configuration.#": "1",
                            "ip_configuration.0.application_security_group_ids.#": "0",
                            "ip_configuration.0.load_balancer_backend_address_pools_ids.#": "0",
                            "ip_configuration.0.load_balancer_inbound_nat_rules_ids.#": "0",
                            "ip_configuration.0.name": "ipconfigr2rnode02",
                            "ip_configuration.0.primary": "true",
                            "ip_configuration.0.private_ip_address": "10.87.1.5",
                            "ip_configuration.0.private_ip_address_allocation": "static",
                            "ip_configuration.0.public_ip_address_id": "",
                            "ip_configuration.0.subnet_id": "/subscriptions/5efd619c-0d6c-4bf6-a31b-d54ffda461c4/resourceGroups/RG-Rina2Rina-Playground/providers/Microsoft.Network/virtualNetworks/EESSI-Rina2Rina-vNet/subnets/Rina2Rina-Subnet",
                            "location": "uksouth",
                            "mac_address": "00-22-48-01-BE-85",
                            "name": "r2rnode02VMNic",
                            "network_security_group_id": "/subscriptions/5efd619c-0d6c-4bf6-a31b-d54ffda461c4/resourceGroups/RG-Rina2Rina-Playground/providers/Microsoft.Network/networkSecurityGroups/r2rnode02NSG",
                            "private_ip_address": "10.87.1.5",
                            "private_ip_addresses.#": "1",
                            "private_ip_addresses.0": "10.87.1.5",
                            "resource_group_name": "RG-Rina2Rina-Playground",
                            "tags.%": "0",
                            "virtual_machine_id": "/subscriptions/5efd619c-0d6c-4bf6-a31b-d54ffda461c4/resourceGroups/RG-RINA2RINA-PLAYGROUND/providers/Microsoft.Compute/virtualMachines/r2rnode02"
                        },
                        "meta": {},
                        "tainted": false
                    },
                    "deposed": [],
                    "provider": "provider.azurerm"
                },
                "azurerm_network_interface.RG-Rina2Rina-Playground__r2rnode04VMNic": {
                    "type": "azurerm_network_interface",
                    "depends_on": [],
                    "primary": {
                        "id": "/subscriptions/5efd619c-0d6c-4bf6-a31b-d54ffda461c4/resourceGroups/RG-Rina2Rina-Playground/providers/Microsoft.Network/networkInterfaces/r2rnode04VMNic",
                        "attributes": {
                            "applied_dns_servers.#": "0",
                            "dns_servers.#": "0",
                            "enable_accelerated_networking": "false",
                            "enable_ip_forwarding": "false",
                            "id": "/subscriptions/5efd619c-0d6c-4bf6-a31b-d54ffda461c4/resourceGroups/RG-Rina2Rina-Playground/providers/Microsoft.Network/networkInterfaces/r2rnode04VMNic",
                            "internal_dns_name_label": "",
                            "internal_fqdn": "",
                            "ip_configuration.#": "1",
                            "ip_configuration.0.application_security_group_ids.#": "0",
                            "ip_configuration.0.load_balancer_backend_address_pools_ids.#": "0",
                            "ip_configuration.0.load_balancer_inbound_nat_rules_ids.#": "0",
                            "ip_configuration.0.name": "ipconfigr2rnode04",
                            "ip_configuration.0.primary": "true",
                            "ip_configuration.0.private_ip_address": "10.87.1.8",
                            "ip_configuration.0.private_ip_address_allocation": "static",
                            "ip_configuration.0.public_ip_address_id": "",
                            "ip_configuration.0.subnet_id": "/subscriptions/5efd619c-0d6c-4bf6-a31b-d54ffda461c4/resourceGroups/RG-Rina2Rina-Playground/providers/Microsoft.Network/virtualNetworks/EESSI-Rina2Rina-vNet/subnets/Rina2Rina-Subnet",
                            "location": "uksouth",
                            "mac_address": "00-22-48-01-26-B8",
                            "name": "r2rnode04VMNic",
                            "network_security_group_id": "/subscriptions/5efd619c-0d6c-4bf6-a31b-d54ffda461c4/resourceGroups/RG-Rina2Rina-Playground/providers/Microsoft.Network/networkSecurityGroups/r2rnode04NSG",
                            "private_ip_address": "10.87.1.8",
                            "private_ip_addresses.#": "1",
                            "private_ip_addresses.0": "10.87.1.8",
                            "resource_group_name": "RG-Rina2Rina-Playground",
                            "tags.%": "0",
                            "virtual_machine_id": "/subscriptions/5efd619c-0d6c-4bf6-a31b-d54ffda461c4/resourceGroups/RG-Rina2Rina-Playground/providers/Microsoft.Compute/virtualMachines/r2rnode04"
                        },
                        "meta": {},
                        "tainted": false
                    },
                    "deposed": [],
                    "provider": "provider.azurerm"
                },
                "azurerm_network_interface.bpdts-testrg__bpdts-test140": {
                    "type": "azurerm_network_interface",
                    "depends_on": [],
                    "primary": {
                        "id": "/subscriptions/5efd619c-0d6c-4bf6-a31b-d54ffda461c4/resourceGroups/bpdts-testrg/providers/Microsoft.Network/networkInterfaces/bpdts-test140",
                        "attributes": {
                            "applied_dns_servers.#": "0",
                            "dns_servers.#": "0",
                            "enable_accelerated_networking": "false",
                            "enable_ip_forwarding": "false",
                            "id": "/subscriptions/5efd619c-0d6c-4bf6-a31b-d54ffda461c4/resourceGroups/bpdts-testrg/providers/Microsoft.Network/networkInterfaces/bpdts-test140",
                            "internal_dns_name_label": "",
                            "internal_fqdn": "",
                            "ip_configuration.#": "1",
                            "ip_configuration.0.application_security_group_ids.#": "0",
                            "ip_configuration.0.load_balancer_backend_address_pools_ids.#": "0",
                            "ip_configuration.0.load_balancer_inbound_nat_rules_ids.#": "0",
                            "ip_configuration.0.name": "ipconfig1",
                            "ip_configuration.0.primary": "true",
                            "ip_configuration.0.private_ip_address": "",
                            "ip_configuration.0.private_ip_address_allocation": "dynamic",
                            "ip_configuration.0.public_ip_address_id": "",
                            "ip_configuration.0.subnet_id": "/subscriptions/5efd619c-0d6c-4bf6-a31b-d54ffda461c4/resourceGroups/EESSI-Test01-AP-Shared-RG/providers/Microsoft.Network/virtualNetworks/EESSI-Test01-AP-vNet/subnets/Application",
                            "location": "uksouth",
                            "mac_address": "",
                            "name": "bpdts-test140",
                            "network_security_group_id": "/subscriptions/5efd619c-0d6c-4bf6-a31b-d54ffda461c4/resourceGroups/bpdts-testrg/providers/Microsoft.Network/networkSecurityGroups/bpdts-test-nsg",
                            "private_ip_address": "10.86.1.6",
                            "private_ip_addresses.#": "1",
                            "private_ip_addresses.0": "10.86.1.6",
                            "resource_group_name": "bpdts-testrg",
                            "tags.%": "0",
                            "virtual_machine_id": "/subscriptions/5efd619c-0d6c-4bf6-a31b-d54ffda461c4/resourceGroups/BPDTS-TESTRG/providers/Microsoft.Compute/virtualMachines/bpdts-test"
                        },
                        "meta": {},
                        "tainted": false
                    },
                    "deposed": [],
                    "provider": "provider.azurerm"
                },
                "azurerm_network_interface.bpdts-testrg__bpdts-testsql740": {
                    "type": "azurerm_network_interface",
                    "depends_on": [],
                    "primary": {
                        "id": "/subscriptions/5efd619c-0d6c-4bf6-a31b-d54ffda461c4/resourceGroups/bpdts-testrg/providers/Microsoft.Network/networkInterfaces/bpdts-testsql740",
                        "attributes": {
                            "applied_dns_servers.#": "0",
                            "dns_servers.#": "0",
                            "enable_accelerated_networking": "false",
                            "enable_ip_forwarding": "false",
                            "id": "/subscriptions/5efd619c-0d6c-4bf6-a31b-d54ffda461c4/resourceGroups/bpdts-testrg/providers/Microsoft.Network/networkInterfaces/bpdts-testsql740",
                            "internal_dns_name_label": "",
                            "internal_fqdn": "",
                            "ip_configuration.#": "1",
                            "ip_configuration.0.application_security_group_ids.#": "0",
                            "ip_configuration.0.load_balancer_backend_address_pools_ids.#": "0",
                            "ip_configuration.0.load_balancer_inbound_nat_rules_ids.#": "0",
                            "ip_configuration.0.name": "ipconfig1",
                            "ip_configuration.0.primary": "true",
                            "ip_configuration.0.private_ip_address": "",
                            "ip_configuration.0.private_ip_address_allocation": "dynamic",
                            "ip_configuration.0.public_ip_address_id": "",
                            "ip_configuration.0.subnet_id": "/subscriptions/5efd619c-0d6c-4bf6-a31b-d54ffda461c4/resourceGroups/EESSI-Test01-AP-Shared-RG/providers/Microsoft.Network/virtualNetworks/EESSI-Test01-AP-vNet/subnets/Application",
                            "location": "uksouth",
                            "mac_address": "",
                            "name": "bpdts-testsql740",
                            "network_security_group_id": "/subscriptions/5efd619c-0d6c-4bf6-a31b-d54ffda461c4/resourceGroups/bpdts-testrg/providers/Microsoft.Network/networkSecurityGroups/bpdts-testsql-nsg",
                            "private_ip_address": "10.86.1.7",
                            "private_ip_addresses.#": "1",
                            "private_ip_addresses.0": "10.86.1.7",
                            "resource_group_name": "bpdts-testrg",
                            "tags.%": "0",
                            "virtual_machine_id": "/subscriptions/5efd619c-0d6c-4bf6-a31b-d54ffda461c4/resourceGroups/bpdts-testrg/providers/Microsoft.Compute/virtualMachines/bpdts-testsql"
                        },
                        "meta": {},
                        "tainted": false
                    },
                    "deposed": [],
                    "provider": "provider.azurerm"
                },
                "azurerm_network_security_group.EESSI-TEST01-RINA-BPM-RG__aztst01-ribon01-nsg": {
                    "type": "azurerm_network_security_group",
                    "depends_on": [],
                    "primary": {
                        "id": "/subscriptions/5efd619c-0d6c-4bf6-a31b-d54ffda461c4/resourceGroups/EESSI-TEST01-RINA-BPM-RG/providers/Microsoft.Network/networkSecurityGroups/aztst01-ribon01-nsg",
                        "attributes": {
                            "id": "/subscriptions/5efd619c-0d6c-4bf6-a31b-d54ffda461c4/resourceGroups/EESSI-TEST01-RINA-BPM-RG/providers/Microsoft.Network/networkSecurityGroups/aztst01-ribon01-nsg",
                            "location": "uksouth",
                            "name": "aztst01-ribon01-nsg",
                            "resource_group_name": "EESSI-TEST01-RINA-BPM-RG",
                            "security_rule.#": "2",
                            "security_rule.2972012272.access": "Deny",
                            "security_rule.2972012272.description": "All traffic originating from the Point-to-Site VPN is to be denied",
                            "security_rule.2972012272.destination_address_prefix": "*",
                            "security_rule.2972012272.destination_address_prefixes.#": "0",
                            "security_rule.2972012272.destination_application_security_group_ids.#": "0",
                            "security_rule.2972012272.destination_port_range": "*",
                            "security_rule.2972012272.destination_port_ranges.#": "0",
                            "security_rule.2972012272.direction": "Inbound",
                            "security_rule.2972012272.name": "Deny-P2S-Traffic",
                            "security_rule.2972012272.priority": "4000",
                            "security_rule.2972012272.protocol": "*",
                            "security_rule.2972012272.source_address_prefix": "10.86.60.0/25",
                            "security_rule.2972012272.source_address_prefixes.#": "0",
                            "security_rule.2972012272.source_application_security_group_ids.#": "0",
                            "security_rule.2972012272.source_port_range": "*",
                            "security_rule.2972012272.source_port_ranges.#": "0",
                            "security_rule.4167390957.access": "Allow",
                            "security_rule.4167390957.description": "Allow Remote Desktop traffic from Jumpbox Session Host",
                            "security_rule.4167390957.destination_address_prefix": "*",
                            "security_rule.4167390957.destination_address_prefixes.#": "0",
                            "security_rule.4167390957.destination_application_security_group_ids.#": "0",
                            "security_rule.4167390957.destination_port_range": "3389",
                            "security_rule.4167390957.destination_port_ranges.#": "0",
                            "security_rule.4167390957.direction": "Inbound",
                            "security_rule.4167390957.name": "default-allow-rdp",
                            "security_rule.4167390957.priority": "1000",
                            "security_rule.4167390957.protocol": "TCP",
                            "security_rule.4167390957.source_address_prefix": "10.86.6.44/32",
                            "security_rule.4167390957.source_address_prefixes.#": "0",
                            "security_rule.4167390957.source_application_security_group_ids.#": "0",
                            "security_rule.4167390957.source_port_range": "*",
                            "security_rule.4167390957.source_port_ranges.#": "0",
                            "tags.%": "0"
                        },
                        "meta": {},
                        "tainted": false
                    },
                    "deposed": [],
                    "provider": "provider.azurerm"
                },
                "azurerm_network_security_group.EESSI-TEST01-RINA-BPM-RG__aztst01-ribon02-nsg": {
                    "type": "azurerm_network_security_group",
                    "depends_on": [],
                    "primary": {
                        "id": "/subscriptions/5efd619c-0d6c-4bf6-a31b-d54ffda461c4/resourceGroups/EESSI-TEST01-RINA-BPM-RG/providers/Microsoft.Network/networkSecurityGroups/aztst01-ribon02-nsg",
                        "attributes": {
                            "id": "/subscriptions/5efd619c-0d6c-4bf6-a31b-d54ffda461c4/resourceGroups/EESSI-TEST01-RINA-BPM-RG/providers/Microsoft.Network/networkSecurityGroups/aztst01-ribon02-nsg",
                            "location": "uksouth",
                            "name": "aztst01-ribon02-nsg",
                            "resource_group_name": "EESSI-TEST01-RINA-BPM-RG",
                            "security_rule.#": "2",
                            "security_rule.2972012272.access": "Deny",
                            "security_rule.2972012272.description": "All traffic originating from the Point-to-Site VPN is to be denied",
                            "security_rule.2972012272.destination_address_prefix": "*",
                            "security_rule.2972012272.destination_address_prefixes.#": "0",
                            "security_rule.2972012272.destination_application_security_group_ids.#": "0",
                            "security_rule.2972012272.destination_port_range": "*",
                            "security_rule.2972012272.destination_port_ranges.#": "0",
                            "security_rule.2972012272.direction": "Inbound",
                            "security_rule.2972012272.name": "Deny-P2S-Traffic",
                            "security_rule.2972012272.priority": "4000",
                            "security_rule.2972012272.protocol": "*",
                            "security_rule.2972012272.source_address_prefix": "10.86.60.0/25",
                            "security_rule.2972012272.source_address_prefixes.#": "0",
                            "security_rule.2972012272.source_application_security_group_ids.#": "0",
                            "security_rule.2972012272.source_port_range": "*",
                            "security_rule.2972012272.source_port_ranges.#": "0",
                            "security_rule.4167390957.access": "Allow",
                            "security_rule.4167390957.description": "Allow Remote Desktop traffic from Jumpbox Session Host",
                            "security_rule.4167390957.destination_address_prefix": "*",
                            "security_rule.4167390957.destination_address_prefixes.#": "0",
                            "security_rule.4167390957.destination_application_security_group_ids.#": "0",
                            "security_rule.4167390957.destination_port_range": "3389",
                            "security_rule.4167390957.destination_port_ranges.#": "0",
                            "security_rule.4167390957.direction": "Inbound",
                            "security_rule.4167390957.name": "default-allow-rdp",
                            "security_rule.4167390957.priority": "1000",
                            "security_rule.4167390957.protocol": "TCP",
                            "security_rule.4167390957.source_address_prefix": "10.86.6.44/32",
                            "security_rule.4167390957.source_address_prefixes.#": "0",
                            "security_rule.4167390957.source_application_security_group_ids.#": "0",
                            "security_rule.4167390957.source_port_range": "*",
                            "security_rule.4167390957.source_port_ranges.#": "0",
                            "tags.%": "0"
                        },
                        "meta": {},
                        "tainted": false
                    },
                    "deposed": [],
                    "provider": "provider.azurerm"
                },
                "azurerm_network_security_group.EESSI-TEST01-RINA-ELAST-RG__aztst01-ries01-nsg": {
                    "type": "azurerm_network_security_group",
                    "depends_on": [],
                    "primary": {
                        "id": "/subscriptions/5efd619c-0d6c-4bf6-a31b-d54ffda461c4/resourceGroups/EESSI-TEST01-RINA-ELAST-RG/providers/Microsoft.Network/networkSecurityGroups/aztst01-ries01-nsg",
                        "attributes": {
                            "id": "/subscriptions/5efd619c-0d6c-4bf6-a31b-d54ffda461c4/resourceGroups/EESSI-TEST01-RINA-ELAST-RG/providers/Microsoft.Network/networkSecurityGroups/aztst01-ries01-nsg",
                            "location": "uksouth",
                            "name": "aztst01-ries01-nsg",
                            "resource_group_name": "EESSI-TEST01-RINA-ELAST-RG",
                            "security_rule.#": "2",
                            "security_rule.2972012272.access": "Deny",
                            "security_rule.2972012272.description": "All traffic originating from the Point-to-Site VPN is to be denied",
                            "security_rule.2972012272.destination_address_prefix": "*",
                            "security_rule.2972012272.destination_address_prefixes.#": "0",
                            "security_rule.2972012272.destination_application_security_group_ids.#": "0",
                            "security_rule.2972012272.destination_port_range": "*",
                            "security_rule.2972012272.destination_port_ranges.#": "0",
                            "security_rule.2972012272.direction": "Inbound",
                            "security_rule.2972012272.name": "Deny-P2S-Traffic",
                            "security_rule.2972012272.priority": "4000",
                            "security_rule.2972012272.protocol": "*",
                            "security_rule.2972012272.source_address_prefix": "10.86.60.0/25",
                            "security_rule.2972012272.source_address_prefixes.#": "0",
                            "security_rule.2972012272.source_application_security_group_ids.#": "0",
                            "security_rule.2972012272.source_port_range": "*",
                            "security_rule.2972012272.source_port_ranges.#": "0",
                            "security_rule.4167390957.access": "Allow",
                            "security_rule.4167390957.description": "Allow Remote Desktop traffic from Jumpbox Session Host",
                            "security_rule.4167390957.destination_address_prefix": "*",
                            "security_rule.4167390957.destination_address_prefixes.#": "0",
                            "security_rule.4167390957.destination_application_security_group_ids.#": "0",
                            "security_rule.4167390957.destination_port_range": "3389",
                            "security_rule.4167390957.destination_port_ranges.#": "0",
                            "security_rule.4167390957.direction": "Inbound",
                            "security_rule.4167390957.name": "default-allow-rdp",
                            "security_rule.4167390957.priority": "1000",
                            "security_rule.4167390957.protocol": "TCP",
                            "security_rule.4167390957.source_address_prefix": "10.86.6.44/32",
                            "security_rule.4167390957.source_address_prefixes.#": "0",
                            "security_rule.4167390957.source_application_security_group_ids.#": "0",
                            "security_rule.4167390957.source_port_range": "*",
                            "security_rule.4167390957.source_port_ranges.#": "0",
                            "tags.%": "0"
                        },
                        "meta": {},
                        "tainted": false
                    },
                    "deposed": [],
                    "provider": "provider.azurerm"
                },
                "azurerm_network_security_group.EESSI-TEST01-RINA-ELAST-RG__aztst01-ries02-nsg": {
                    "type": "azurerm_network_security_group",
                    "depends_on": [],
                    "primary": {
                        "id": "/subscriptions/5efd619c-0d6c-4bf6-a31b-d54ffda461c4/resourceGroups/EESSI-TEST01-RINA-ELAST-RG/providers/Microsoft.Network/networkSecurityGroups/aztst01-ries02-nsg",
                        "attributes": {
                            "id": "/subscriptions/5efd619c-0d6c-4bf6-a31b-d54ffda461c4/resourceGroups/EESSI-TEST01-RINA-ELAST-RG/providers/Microsoft.Network/networkSecurityGroups/aztst01-ries02-nsg",
                            "location": "uksouth",
                            "name": "aztst01-ries02-nsg",
                            "resource_group_name": "EESSI-TEST01-RINA-ELAST-RG",
                            "security_rule.#": "2",
                            "security_rule.2972012272.access": "Deny",
                            "security_rule.2972012272.description": "All traffic originating from the Point-to-Site VPN is to be denied",
                            "security_rule.2972012272.destination_address_prefix": "*",
                            "security_rule.2972012272.destination_address_prefixes.#": "0",
                            "security_rule.2972012272.destination_application_security_group_ids.#": "0",
                            "security_rule.2972012272.destination_port_range": "*",
                            "security_rule.2972012272.destination_port_ranges.#": "0",
                            "security_rule.2972012272.direction": "Inbound",
                            "security_rule.2972012272.name": "Deny-P2S-Traffic",
                            "security_rule.2972012272.priority": "4000",
                            "security_rule.2972012272.protocol": "*",
                            "security_rule.2972012272.source_address_prefix": "10.86.60.0/25",
                            "security_rule.2972012272.source_address_prefixes.#": "0",
                            "security_rule.2972012272.source_application_security_group_ids.#": "0",
                            "security_rule.2972012272.source_port_range": "*",
                            "security_rule.2972012272.source_port_ranges.#": "0",
                            "security_rule.4167390957.access": "Allow",
                            "security_rule.4167390957.description": "Allow Remote Desktop traffic from Jumpbox Session Host",
                            "security_rule.4167390957.destination_address_prefix": "*",
                            "security_rule.4167390957.destination_address_prefixes.#": "0",
                            "security_rule.4167390957.destination_application_security_group_ids.#": "0",
                            "security_rule.4167390957.destination_port_range": "3389",
                            "security_rule.4167390957.destination_port_ranges.#": "0",
                            "security_rule.4167390957.direction": "Inbound",
                            "security_rule.4167390957.name": "default-allow-rdp",
                            "security_rule.4167390957.priority": "1000",
                            "security_rule.4167390957.protocol": "TCP",
                            "security_rule.4167390957.source_address_prefix": "10.86.6.44/32",
                            "security_rule.4167390957.source_address_prefixes.#": "0",
                            "security_rule.4167390957.source_application_security_group_ids.#": "0",
                            "security_rule.4167390957.source_port_range": "*",
                            "security_rule.4167390957.source_port_ranges.#": "0",
                            "tags.%": "0"
                        },
                        "meta": {},
                        "tainted": false
                    },
                    "deposed": [],
                    "provider": "provider.azurerm"
                },
                "azurerm_network_security_group.EESSI-TEST01-RINA-FSHARE-RG__aztst01-rifs01-nsg": {
                    "type": "azurerm_network_security_group",
                    "depends_on": [],
                    "primary": {
                        "id": "/subscriptions/5efd619c-0d6c-4bf6-a31b-d54ffda461c4/resourceGroups/EESSI-TEST01-RINA-FSHARE-RG/providers/Microsoft.Network/networkSecurityGroups/aztst01-rifs01-nsg",
                        "attributes": {
                            "id": "/subscriptions/5efd619c-0d6c-4bf6-a31b-d54ffda461c4/resourceGroups/EESSI-TEST01-RINA-FSHARE-RG/providers/Microsoft.Network/networkSecurityGroups/aztst01-rifs01-nsg",
                            "location": "uksouth",
                            "name": "aztst01-rifs01-nsg",
                            "resource_group_name": "EESSI-TEST01-RINA-FSHARE-RG",
                            "security_rule.#": "2",
                            "security_rule.2972012272.access": "Deny",
                            "security_rule.2972012272.description": "All traffic originating from the Point-to-Site VPN is to be denied",
                            "security_rule.2972012272.destination_address_prefix": "*",
                            "security_rule.2972012272.destination_address_prefixes.#": "0",
                            "security_rule.2972012272.destination_application_security_group_ids.#": "0",
                            "security_rule.2972012272.destination_port_range": "*",
                            "security_rule.2972012272.destination_port_ranges.#": "0",
                            "security_rule.2972012272.direction": "Inbound",
                            "security_rule.2972012272.name": "Deny-P2S-Traffic",
                            "security_rule.2972012272.priority": "4000",
                            "security_rule.2972012272.protocol": "*",
                            "security_rule.2972012272.source_address_prefix": "10.86.60.0/25",
                            "security_rule.2972012272.source_address_prefixes.#": "0",
                            "security_rule.2972012272.source_application_security_group_ids.#": "0",
                            "security_rule.2972012272.source_port_range": "*",
                            "security_rule.2972012272.source_port_ranges.#": "0",
                            "security_rule.4167390957.access": "Allow",
                            "security_rule.4167390957.description": "Allow Remote Desktop traffic from Jumpbox Session Host",
                            "security_rule.4167390957.destination_address_prefix": "*",
                            "security_rule.4167390957.destination_address_prefixes.#": "0",
                            "security_rule.4167390957.destination_application_security_group_ids.#": "0",
                            "security_rule.4167390957.destination_port_range": "3389",
                            "security_rule.4167390957.destination_port_ranges.#": "0",
                            "security_rule.4167390957.direction": "Inbound",
                            "security_rule.4167390957.name": "default-allow-rdp",
                            "security_rule.4167390957.priority": "1000",
                            "security_rule.4167390957.protocol": "TCP",
                            "security_rule.4167390957.source_address_prefix": "10.86.6.44/32",
                            "security_rule.4167390957.source_address_prefixes.#": "0",
                            "security_rule.4167390957.source_application_security_group_ids.#": "0",
                            "security_rule.4167390957.source_port_range": "*",
                            "security_rule.4167390957.source_port_ranges.#": "0",
                            "tags.%": "0"
                        },
                        "meta": {},
                        "tainted": false
                    },
                    "deposed": [],
                    "provider": "provider.azurerm"
                },
                "azurerm_network_security_group.EESSI-TEST01-RINA-FSHARE-RG__aztst01-rifs02-nsg": {
                    "type": "azurerm_network_security_group",
                    "depends_on": [],
                    "primary": {
                        "id": "/subscriptions/5efd619c-0d6c-4bf6-a31b-d54ffda461c4/resourceGroups/EESSI-TEST01-RINA-FSHARE-RG/providers/Microsoft.Network/networkSecurityGroups/aztst01-rifs02-nsg",
                        "attributes": {
                            "id": "/subscriptions/5efd619c-0d6c-4bf6-a31b-d54ffda461c4/resourceGroups/EESSI-TEST01-RINA-FSHARE-RG/providers/Microsoft.Network/networkSecurityGroups/aztst01-rifs02-nsg",
                            "location": "uksouth",
                            "name": "aztst01-rifs02-nsg",
                            "resource_group_name": "EESSI-TEST01-RINA-FSHARE-RG",
                            "security_rule.#": "2",
                            "security_rule.2972012272.access": "Deny",
                            "security_rule.2972012272.description": "All traffic originating from the Point-to-Site VPN is to be denied",
                            "security_rule.2972012272.destination_address_prefix": "*",
                            "security_rule.2972012272.destination_address_prefixes.#": "0",
                            "security_rule.2972012272.destination_application_security_group_ids.#": "0",
                            "security_rule.2972012272.destination_port_range": "*",
                            "security_rule.2972012272.destination_port_ranges.#": "0",
                            "security_rule.2972012272.direction": "Inbound",
                            "security_rule.2972012272.name": "Deny-P2S-Traffic",
                            "security_rule.2972012272.priority": "4000",
                            "security_rule.2972012272.protocol": "*",
                            "security_rule.2972012272.source_address_prefix": "10.86.60.0/25",
                            "security_rule.2972012272.source_address_prefixes.#": "0",
                            "security_rule.2972012272.source_application_security_group_ids.#": "0",
                            "security_rule.2972012272.source_port_range": "*",
                            "security_rule.2972012272.source_port_ranges.#": "0",
                            "security_rule.4167390957.access": "Allow",
                            "security_rule.4167390957.description": "Allow Remote Desktop traffic from Jumpbox Session Host",
                            "security_rule.4167390957.destination_address_prefix": "*",
                            "security_rule.4167390957.destination_address_prefixes.#": "0",
                            "security_rule.4167390957.destination_application_security_group_ids.#": "0",
                            "security_rule.4167390957.destination_port_range": "3389",
                            "security_rule.4167390957.destination_port_ranges.#": "0",
                            "security_rule.4167390957.direction": "Inbound",
                            "security_rule.4167390957.name": "default-allow-rdp",
                            "security_rule.4167390957.priority": "1000",
                            "security_rule.4167390957.protocol": "TCP",
                            "security_rule.4167390957.source_address_prefix": "10.86.6.44/32",
                            "security_rule.4167390957.source_address_prefixes.#": "0",
                            "security_rule.4167390957.source_application_security_group_ids.#": "0",
                            "security_rule.4167390957.source_port_range": "*",
                            "security_rule.4167390957.source_port_ranges.#": "0",
                            "tags.%": "0"
                        },
                        "meta": {},
                        "tainted": false
                    },
                    "deposed": [],
                    "provider": "provider.azurerm"
                },
                "azurerm_network_security_group.EESSI-TEST01-RINA-HDK-RG__aztst01-rihol01-nsg": {
                    "type": "azurerm_network_security_group",
                    "depends_on": [],
                    "primary": {
                        "id": "/subscriptions/5efd619c-0d6c-4bf6-a31b-d54ffda461c4/resourceGroups/EESSI-TEST01-RINA-HDK-RG/providers/Microsoft.Network/networkSecurityGroups/aztst01-rihol01-nsg",
                        "attributes": {
                            "id": "/subscriptions/5efd619c-0d6c-4bf6-a31b-d54ffda461c4/resourceGroups/EESSI-TEST01-RINA-HDK-RG/providers/Microsoft.Network/networkSecurityGroups/aztst01-rihol01-nsg",
                            "location": "uksouth",
                            "name": "aztst01-rihol01-nsg",
                            "resource_group_name": "EESSI-TEST01-RINA-HDK-RG",
                            "security_rule.#": "2",
                            "security_rule.2972012272.access": "Deny",
                            "security_rule.2972012272.description": "All traffic originating from the Point-to-Site VPN is to be denied",
                            "security_rule.2972012272.destination_address_prefix": "*",
                            "security_rule.2972012272.destination_address_prefixes.#": "0",
                            "security_rule.2972012272.destination_application_security_group_ids.#": "0",
                            "security_rule.2972012272.destination_port_range": "*",
                            "security_rule.2972012272.destination_port_ranges.#": "0",
                            "security_rule.2972012272.direction": "Inbound",
                            "security_rule.2972012272.name": "Deny-P2S-Traffic",
                            "security_rule.2972012272.priority": "4000",
                            "security_rule.2972012272.protocol": "*",
                            "security_rule.2972012272.source_address_prefix": "10.86.60.0/25",
                            "security_rule.2972012272.source_address_prefixes.#": "0",
                            "security_rule.2972012272.source_application_security_group_ids.#": "0",
                            "security_rule.2972012272.source_port_range": "*",
                            "security_rule.2972012272.source_port_ranges.#": "0",
                            "security_rule.4167390957.access": "Allow",
                            "security_rule.4167390957.description": "Allow Remote Desktop traffic from Jumpbox Session Host",
                            "security_rule.4167390957.destination_address_prefix": "*",
                            "security_rule.4167390957.destination_address_prefixes.#": "0",
                            "security_rule.4167390957.destination_application_security_group_ids.#": "0",
                            "security_rule.4167390957.destination_port_range": "3389",
                            "security_rule.4167390957.destination_port_ranges.#": "0",
                            "security_rule.4167390957.direction": "Inbound",
                            "security_rule.4167390957.name": "default-allow-rdp",
                            "security_rule.4167390957.priority": "1000",
                            "security_rule.4167390957.protocol": "TCP",
                            "security_rule.4167390957.source_address_prefix": "10.86.6.44/32",
                            "security_rule.4167390957.source_address_prefixes.#": "0",
                            "security_rule.4167390957.source_application_security_group_ids.#": "0",
                            "security_rule.4167390957.source_port_range": "*",
                            "security_rule.4167390957.source_port_ranges.#": "0",
                            "tags.%": "0"
                        },
                        "meta": {},
                        "tainted": false
                    },
                    "deposed": [],
                    "provider": "provider.azurerm"
                },
                "azurerm_network_security_group.EESSI-TEST01-RINA-HDK-RG__aztst01-rihol02-nsg": {
                    "type": "azurerm_network_security_group",
                    "depends_on": [],
                    "primary": {
                        "id": "/subscriptions/5efd619c-0d6c-4bf6-a31b-d54ffda461c4/resourceGroups/EESSI-TEST01-RINA-HDK-RG/providers/Microsoft.Network/networkSecurityGroups/aztst01-rihol02-nsg",
                        "attributes": {
                            "id": "/subscriptions/5efd619c-0d6c-4bf6-a31b-d54ffda461c4/resourceGroups/EESSI-TEST01-RINA-HDK-RG/providers/Microsoft.Network/networkSecurityGroups/aztst01-rihol02-nsg",
                            "location": "uksouth",
                            "name": "aztst01-rihol02-nsg",
                            "resource_group_name": "EESSI-TEST01-RINA-HDK-RG",
                            "security_rule.#": "2",
                            "security_rule.2972012272.access": "Deny",
                            "security_rule.2972012272.description": "All traffic originating from the Point-to-Site VPN is to be denied",
                            "security_rule.2972012272.destination_address_prefix": "*",
                            "security_rule.2972012272.destination_address_prefixes.#": "0",
                            "security_rule.2972012272.destination_application_security_group_ids.#": "0",
                            "security_rule.2972012272.destination_port_range": "*",
                            "security_rule.2972012272.destination_port_ranges.#": "0",
                            "security_rule.2972012272.direction": "Inbound",
                            "security_rule.2972012272.name": "Deny-P2S-Traffic",
                            "security_rule.2972012272.priority": "4000",
                            "security_rule.2972012272.protocol": "*",
                            "security_rule.2972012272.source_address_prefix": "10.86.60.0/25",
                            "security_rule.2972012272.source_address_prefixes.#": "0",
                            "security_rule.2972012272.source_application_security_group_ids.#": "0",
                            "security_rule.2972012272.source_port_range": "*",
                            "security_rule.2972012272.source_port_ranges.#": "0",
                            "security_rule.4167390957.access": "Allow",
                            "security_rule.4167390957.description": "Allow Remote Desktop traffic from Jumpbox Session Host",
                            "security_rule.4167390957.destination_address_prefix": "*",
                            "security_rule.4167390957.destination_address_prefixes.#": "0",
                            "security_rule.4167390957.destination_application_security_group_ids.#": "0",
                            "security_rule.4167390957.destination_port_range": "3389",
                            "security_rule.4167390957.destination_port_ranges.#": "0",
                            "security_rule.4167390957.direction": "Inbound",
                            "security_rule.4167390957.name": "default-allow-rdp",
                            "security_rule.4167390957.priority": "1000",
                            "security_rule.4167390957.protocol": "TCP",
                            "security_rule.4167390957.source_address_prefix": "10.86.6.44/32",
                            "security_rule.4167390957.source_address_prefixes.#": "0",
                            "security_rule.4167390957.source_application_security_group_ids.#": "0",
                            "security_rule.4167390957.source_port_range": "*",
                            "security_rule.4167390957.source_port_ranges.#": "0",
                            "tags.%": "0"
                        },
                        "meta": {},
                        "tainted": false
                    },
                    "deposed": [],
                    "provider": "provider.azurerm"
                },
                "azurerm_network_security_group.EESSI-TEST01-RINA-LB-RG__aztst01-rilb02-nsg": {
                    "type": "azurerm_network_security_group",
                    "depends_on": [],
                    "primary": {
                        "id": "/subscriptions/5efd619c-0d6c-4bf6-a31b-d54ffda461c4/resourceGroups/EESSI-TEST01-RINA-LB-RG/providers/Microsoft.Network/networkSecurityGroups/aztst01-rilb02-nsg",
                        "attributes": {
                            "id": "/subscriptions/5efd619c-0d6c-4bf6-a31b-d54ffda461c4/resourceGroups/EESSI-TEST01-RINA-LB-RG/providers/Microsoft.Network/networkSecurityGroups/aztst01-rilb02-nsg",
                            "location": "uksouth",
                            "name": "aztst01-rilb02-nsg",
                            "resource_group_name": "EESSI-TEST01-RINA-LB-RG",
                            "security_rule.#": "2",
                            "security_rule.2972012272.access": "Deny",
                            "security_rule.2972012272.description": "All traffic originating from the Point-to-Site VPN is to be denied",
                            "security_rule.2972012272.destination_address_prefix": "*",
                            "security_rule.2972012272.destination_address_prefixes.#": "0",
                            "security_rule.2972012272.destination_application_security_group_ids.#": "0",
                            "security_rule.2972012272.destination_port_range": "*",
                            "security_rule.2972012272.destination_port_ranges.#": "0",
                            "security_rule.2972012272.direction": "Inbound",
                            "security_rule.2972012272.name": "Deny-P2S-Traffic",
                            "security_rule.2972012272.priority": "4000",
                            "security_rule.2972012272.protocol": "*",
                            "security_rule.2972012272.source_address_prefix": "10.86.60.0/25",
                            "security_rule.2972012272.source_address_prefixes.#": "0",
                            "security_rule.2972012272.source_application_security_group_ids.#": "0",
                            "security_rule.2972012272.source_port_range": "*",
                            "security_rule.2972012272.source_port_ranges.#": "0",
                            "security_rule.4167390957.access": "Allow",
                            "security_rule.4167390957.description": "Allow Remote Desktop traffic from Jumpbox Session Host",
                            "security_rule.4167390957.destination_address_prefix": "*",
                            "security_rule.4167390957.destination_address_prefixes.#": "0",
                            "security_rule.4167390957.destination_application_security_group_ids.#": "0",
                            "security_rule.4167390957.destination_port_range": "3389",
                            "security_rule.4167390957.destination_port_ranges.#": "0",
                            "security_rule.4167390957.direction": "Inbound",
                            "security_rule.4167390957.name": "default-allow-rdp",
                            "security_rule.4167390957.priority": "1000",
                            "security_rule.4167390957.protocol": "TCP",
                            "security_rule.4167390957.source_address_prefix": "10.86.6.44/32",
                            "security_rule.4167390957.source_address_prefixes.#": "0",
                            "security_rule.4167390957.source_application_security_group_ids.#": "0",
                            "security_rule.4167390957.source_port_range": "*",
                            "security_rule.4167390957.source_port_ranges.#": "0",
                            "tags.%": "0"
                        },
                        "meta": {},
                        "tainted": false
                    },
                    "deposed": [],
                    "provider": "provider.azurerm"
                },
                "azurerm_network_security_group.EESSI-TEST01-RINA-POSTGRE-RG__aztst01-risql01-nsg": {
                    "type": "azurerm_network_security_group",
                    "depends_on": [],
                    "primary": {
                        "id": "/subscriptions/5efd619c-0d6c-4bf6-a31b-d54ffda461c4/resourceGroups/EESSI-TEST01-RINA-POSTGRE-RG/providers/Microsoft.Network/networkSecurityGroups/aztst01-risql01-nsg",
                        "attributes": {
                            "id": "/subscriptions/5efd619c-0d6c-4bf6-a31b-d54ffda461c4/resourceGroups/EESSI-TEST01-RINA-POSTGRE-RG/providers/Microsoft.Network/networkSecurityGroups/aztst01-risql01-nsg",
                            "location": "uksouth",
                            "name": "aztst01-risql01-nsg",
                            "resource_group_name": "EESSI-TEST01-RINA-POSTGRE-RG",
                            "security_rule.#": "2",
                            "security_rule.2972012272.access": "Deny",
                            "security_rule.2972012272.description": "All traffic originating from the Point-to-Site VPN is to be denied",
                            "security_rule.2972012272.destination_address_prefix": "*",
                            "security_rule.2972012272.destination_address_prefixes.#": "0",
                            "security_rule.2972012272.destination_application_security_group_ids.#": "0",
                            "security_rule.2972012272.destination_port_range": "*",
                            "security_rule.2972012272.destination_port_ranges.#": "0",
                            "security_rule.2972012272.direction": "Inbound",
                            "security_rule.2972012272.name": "Deny-P2S-Traffic",
                            "security_rule.2972012272.priority": "4000",
                            "security_rule.2972012272.protocol": "*",
                            "security_rule.2972012272.source_address_prefix": "10.86.60.0/25",
                            "security_rule.2972012272.source_address_prefixes.#": "0",
                            "security_rule.2972012272.source_application_security_group_ids.#": "0",
                            "security_rule.2972012272.source_port_range": "*",
                            "security_rule.2972012272.source_port_ranges.#": "0",
                            "security_rule.4167390957.access": "Allow",
                            "security_rule.4167390957.description": "Allow Remote Desktop traffic from Jumpbox Session Host",
                            "security_rule.4167390957.destination_address_prefix": "*",
                            "security_rule.4167390957.destination_address_prefixes.#": "0",
                            "security_rule.4167390957.destination_application_security_group_ids.#": "0",
                            "security_rule.4167390957.destination_port_range": "3389",
                            "security_rule.4167390957.destination_port_ranges.#": "0",
                            "security_rule.4167390957.direction": "Inbound",
                            "security_rule.4167390957.name": "default-allow-rdp",
                            "security_rule.4167390957.priority": "1000",
                            "security_rule.4167390957.protocol": "TCP",
                            "security_rule.4167390957.source_address_prefix": "10.86.6.44/32",
                            "security_rule.4167390957.source_address_prefixes.#": "0",
                            "security_rule.4167390957.source_application_security_group_ids.#": "0",
                            "security_rule.4167390957.source_port_range": "*",
                            "security_rule.4167390957.source_port_ranges.#": "0",
                            "tags.%": "0"
                        },
                        "meta": {},
                        "tainted": false
                    },
                    "deposed": [],
                    "provider": "provider.azurerm"
                },
                "azurerm_network_security_group.EESSI-TEST01-RINA-POSTGRE-RG__aztst01-risql02-nsg": {
                    "type": "azurerm_network_security_group",
                    "depends_on": [],
                    "primary": {
                        "id": "/subscriptions/5efd619c-0d6c-4bf6-a31b-d54ffda461c4/resourceGroups/EESSI-TEST01-RINA-POSTGRE-RG/providers/Microsoft.Network/networkSecurityGroups/aztst01-risql02-nsg",
                        "attributes": {
                            "id": "/subscriptions/5efd619c-0d6c-4bf6-a31b-d54ffda461c4/resourceGroups/EESSI-TEST01-RINA-POSTGRE-RG/providers/Microsoft.Network/networkSecurityGroups/aztst01-risql02-nsg",
                            "location": "uksouth",
                            "name": "aztst01-risql02-nsg",
                            "resource_group_name": "EESSI-TEST01-RINA-POSTGRE-RG",
                            "security_rule.#": "2",
                            "security_rule.2972012272.access": "Deny",
                            "security_rule.2972012272.description": "All traffic originating from the Point-to-Site VPN is to be denied",
                            "security_rule.2972012272.destination_address_prefix": "*",
                            "security_rule.2972012272.destination_address_prefixes.#": "0",
                            "security_rule.2972012272.destination_application_security_group_ids.#": "0",
                            "security_rule.2972012272.destination_port_range": "*",
                            "security_rule.2972012272.destination_port_ranges.#": "0",
                            "security_rule.2972012272.direction": "Inbound",
                            "security_rule.2972012272.name": "Deny-P2S-Traffic",
                            "security_rule.2972012272.priority": "4000",
                            "security_rule.2972012272.protocol": "*",
                            "security_rule.2972012272.source_address_prefix": "10.86.60.0/25",
                            "security_rule.2972012272.source_address_prefixes.#": "0",
                            "security_rule.2972012272.source_application_security_group_ids.#": "0",
                            "security_rule.2972012272.source_port_range": "*",
                            "security_rule.2972012272.source_port_ranges.#": "0",
                            "security_rule.4167390957.access": "Allow",
                            "security_rule.4167390957.description": "Allow Remote Desktop traffic from Jumpbox Session Host",
                            "security_rule.4167390957.destination_address_prefix": "*",
                            "security_rule.4167390957.destination_address_prefixes.#": "0",
                            "security_rule.4167390957.destination_application_security_group_ids.#": "0",
                            "security_rule.4167390957.destination_port_range": "3389",
                            "security_rule.4167390957.destination_port_ranges.#": "0",
                            "security_rule.4167390957.direction": "Inbound",
                            "security_rule.4167390957.name": "default-allow-rdp",
                            "security_rule.4167390957.priority": "1000",
                            "security_rule.4167390957.protocol": "TCP",
                            "security_rule.4167390957.source_address_prefix": "10.86.6.44/32",
                            "security_rule.4167390957.source_address_prefixes.#": "0",
                            "security_rule.4167390957.source_application_security_group_ids.#": "0",
                            "security_rule.4167390957.source_port_range": "*",
                            "security_rule.4167390957.source_port_ranges.#": "0",
                            "tags.%": "0"
                        },
                        "meta": {},
                        "tainted": false
                    },
                    "deposed": [],
                    "provider": "provider.azurerm"
                },
                "azurerm_network_security_group.EESSI-TEST01-RINA-REST-RG__aztst01-ritom01-nsg": {
                    "type": "azurerm_network_security_group",
                    "depends_on": [],
                    "primary": {
                        "id": "/subscriptions/5efd619c-0d6c-4bf6-a31b-d54ffda461c4/resourceGroups/EESSI-TEST01-RINA-REST-RG/providers/Microsoft.Network/networkSecurityGroups/aztst01-ritom01-nsg",
                        "attributes": {
                            "id": "/subscriptions/5efd619c-0d6c-4bf6-a31b-d54ffda461c4/resourceGroups/EESSI-TEST01-RINA-REST-RG/providers/Microsoft.Network/networkSecurityGroups/aztst01-ritom01-nsg",
                            "location": "uksouth",
                            "name": "aztst01-ritom01-nsg",
                            "resource_group_name": "EESSI-TEST01-RINA-REST-RG",
                            "security_rule.#": "2",
                            "security_rule.2972012272.access": "Deny",
                            "security_rule.2972012272.description": "All traffic originating from the Point-to-Site VPN is to be denied",
                            "security_rule.2972012272.destination_address_prefix": "*",
                            "security_rule.2972012272.destination_address_prefixes.#": "0",
                            "security_rule.2972012272.destination_application_security_group_ids.#": "0",
                            "security_rule.2972012272.destination_port_range": "*",
                            "security_rule.2972012272.destination_port_ranges.#": "0",
                            "security_rule.2972012272.direction": "Inbound",
                            "security_rule.2972012272.name": "Deny-P2S-Traffic",
                            "security_rule.2972012272.priority": "4000",
                            "security_rule.2972012272.protocol": "*",
                            "security_rule.2972012272.source_address_prefix": "10.86.60.0/25",
                            "security_rule.2972012272.source_address_prefixes.#": "0",
                            "security_rule.2972012272.source_application_security_group_ids.#": "0",
                            "security_rule.2972012272.source_port_range": "*",
                            "security_rule.2972012272.source_port_ranges.#": "0",
                            "security_rule.4167390957.access": "Allow",
                            "security_rule.4167390957.description": "Allow Remote Desktop traffic from Jumpbox Session Host",
                            "security_rule.4167390957.destination_address_prefix": "*",
                            "security_rule.4167390957.destination_address_prefixes.#": "0",
                            "security_rule.4167390957.destination_application_security_group_ids.#": "0",
                            "security_rule.4167390957.destination_port_range": "3389",
                            "security_rule.4167390957.destination_port_ranges.#": "0",
                            "security_rule.4167390957.direction": "Inbound",
                            "security_rule.4167390957.name": "default-allow-rdp",
                            "security_rule.4167390957.priority": "1000",
                            "security_rule.4167390957.protocol": "TCP",
                            "security_rule.4167390957.source_address_prefix": "10.86.6.44/32",
                            "security_rule.4167390957.source_address_prefixes.#": "0",
                            "security_rule.4167390957.source_application_security_group_ids.#": "0",
                            "security_rule.4167390957.source_port_range": "*",
                            "security_rule.4167390957.source_port_ranges.#": "0",
                            "tags.%": "0"
                        },
                        "meta": {},
                        "tainted": false
                    },
                    "deposed": [],
                    "provider": "provider.azurerm"
                },
                "azurerm_network_security_group.EESSI-TEST01-RINA-REST-RG__aztst01-ritom02-nsg": {
                    "type": "azurerm_network_security_group",
                    "depends_on": [],
                    "primary": {
                        "id": "/subscriptions/5efd619c-0d6c-4bf6-a31b-d54ffda461c4/resourceGroups/EESSI-TEST01-RINA-REST-RG/providers/Microsoft.Network/networkSecurityGroups/aztst01-ritom02-nsg",
                        "attributes": {
                            "id": "/subscriptions/5efd619c-0d6c-4bf6-a31b-d54ffda461c4/resourceGroups/EESSI-TEST01-RINA-REST-RG/providers/Microsoft.Network/networkSecurityGroups/aztst01-ritom02-nsg",
                            "location": "uksouth",
                            "name": "aztst01-ritom02-nsg",
                            "resource_group_name": "EESSI-TEST01-RINA-REST-RG",
                            "security_rule.#": "2",
                            "security_rule.2972012272.access": "Deny",
                            "security_rule.2972012272.description": "All traffic originating from the Point-to-Site VPN is to be denied",
                            "security_rule.2972012272.destination_address_prefix": "*",
                            "security_rule.2972012272.destination_address_prefixes.#": "0",
                            "security_rule.2972012272.destination_application_security_group_ids.#": "0",
                            "security_rule.2972012272.destination_port_range": "*",
                            "security_rule.2972012272.destination_port_ranges.#": "0",
                            "security_rule.2972012272.direction": "Inbound",
                            "security_rule.2972012272.name": "Deny-P2S-Traffic",
                            "security_rule.2972012272.priority": "4000",
                            "security_rule.2972012272.protocol": "*",
                            "security_rule.2972012272.source_address_prefix": "10.86.60.0/25",
                            "security_rule.2972012272.source_address_prefixes.#": "0",
                            "security_rule.2972012272.source_application_security_group_ids.#": "0",
                            "security_rule.2972012272.source_port_range": "*",
                            "security_rule.2972012272.source_port_ranges.#": "0",
                            "security_rule.4167390957.access": "Allow",
                            "security_rule.4167390957.description": "Allow Remote Desktop traffic from Jumpbox Session Host",
                            "security_rule.4167390957.destination_address_prefix": "*",
                            "security_rule.4167390957.destination_address_prefixes.#": "0",
                            "security_rule.4167390957.destination_application_security_group_ids.#": "0",
                            "security_rule.4167390957.destination_port_range": "3389",
                            "security_rule.4167390957.destination_port_ranges.#": "0",
                            "security_rule.4167390957.direction": "Inbound",
                            "security_rule.4167390957.name": "default-allow-rdp",
                            "security_rule.4167390957.priority": "1000",
                            "security_rule.4167390957.protocol": "TCP",
                            "security_rule.4167390957.source_address_prefix": "10.86.6.44/32",
                            "security_rule.4167390957.source_address_prefixes.#": "0",
                            "security_rule.4167390957.source_application_security_group_ids.#": "0",
                            "security_rule.4167390957.source_port_range": "*",
                            "security_rule.4167390957.source_port_ranges.#": "0",
                            "tags.%": "0"
                        },
                        "meta": {},
                        "tainted": false
                    },
                    "deposed": [],
                    "provider": "provider.azurerm"
                },
                "azurerm_network_security_group.EESSI-Test-Cisco01-RG__AZUTSTRTR1-SSH-SecurityGroup": {
                    "type": "azurerm_network_security_group",
                    "depends_on": [],
                    "primary": {
                        "id": "/subscriptions/5efd619c-0d6c-4bf6-a31b-d54ffda461c4/resourceGroups/EESSI-Test-Cisco01-RG/providers/Microsoft.Network/networkSecurityGroups/AZUTSTRTR1-SSH-SecurityGroup",
                        "attributes": {
                            "id": "/subscriptions/5efd619c-0d6c-4bf6-a31b-d54ffda461c4/resourceGroups/EESSI-Test-Cisco01-RG/providers/Microsoft.Network/networkSecurityGroups/AZUTSTRTR1-SSH-SecurityGroup",
                            "location": "uksouth",
                            "name": "AZUTSTRTR1-SSH-SecurityGroup",
                            "resource_group_name": "EESSI-Test-Cisco01-RG",
                            "security_rule.#": "3",
                            "security_rule.2019244362.access": "Allow",
                            "security_rule.2019244362.description": "Allow SSH Wes",
                            "security_rule.2019244362.destination_address_prefix": "*",
                            "security_rule.2019244362.destination_address_prefixes.#": "0",
                            "security_rule.2019244362.destination_application_security_group_ids.#": "0",
                            "security_rule.2019244362.destination_port_range": "22",
                            "security_rule.2019244362.destination_port_ranges.#": "0",
                            "security_rule.2019244362.direction": "Inbound",
                            "security_rule.2019244362.name": "SSH-Rule",
                            "security_rule.2019244362.priority": "100",
                            "security_rule.2019244362.protocol": "TCP",
                            "security_rule.2019244362.source_address_prefix": "51.140.73.168/32",
                            "security_rule.2019244362.source_address_prefixes.#": "0",
                            "security_rule.2019244362.source_application_security_group_ids.#": "0",
                            "security_rule.2019244362.source_port_range": "*",
                            "security_rule.2019244362.source_port_ranges.#": "0",
                            "security_rule.2295180089.access": "Allow",
                            "security_rule.2295180089.description": "",
                            "security_rule.2295180089.destination_address_prefix": "*",
                            "security_rule.2295180089.destination_address_prefixes.#": "0",
                            "security_rule.2295180089.destination_application_security_group_ids.#": "0",
                            "security_rule.2295180089.destination_port_range": "22",
                            "security_rule.2295180089.destination_port_ranges.#": "0",
                            "security_rule.2295180089.direction": "Inbound",
                            "security_rule.2295180089.name": "Allow-SSH-SteveG",
                            "security_rule.2295180089.priority": "103",
                            "security_rule.2295180089.protocol": "*",
                            "security_rule.2295180089.source_address_prefix": "86.164.149.147/32",
                            "security_rule.2295180089.source_address_prefixes.#": "0",
                            "security_rule.2295180089.source_application_security_group_ids.#": "0",
                            "security_rule.2295180089.source_port_range": "*",
                            "security_rule.2295180089.source_port_ranges.#": "0",
                            "security_rule.2972012272.access": "Deny",
                            "security_rule.2972012272.description": "All traffic originating from the Point-to-Site VPN is to be denied",
                            "security_rule.2972012272.destination_address_prefix": "*",
                            "security_rule.2972012272.destination_address_prefixes.#": "0",
                            "security_rule.2972012272.destination_application_security_group_ids.#": "0",
                            "security_rule.2972012272.destination_port_range": "*",
                            "security_rule.2972012272.destination_port_ranges.#": "0",
                            "security_rule.2972012272.direction": "Inbound",
                            "security_rule.2972012272.name": "Deny-P2S-Traffic",
                            "security_rule.2972012272.priority": "4000",
                            "security_rule.2972012272.protocol": "*",
                            "security_rule.2972012272.source_address_prefix": "10.86.60.0/25",
                            "security_rule.2972012272.source_address_prefixes.#": "0",
                            "security_rule.2972012272.source_application_security_group_ids.#": "0",
                            "security_rule.2972012272.source_port_range": "*",
                            "security_rule.2972012272.source_port_ranges.#": "0",
                            "tags.%": "0"
                        },
                        "meta": {},
                        "tainted": false
                    },
                    "deposed": [],
                    "provider": "provider.azurerm"
                },
                "azurerm_network_security_group.EESSI-Test-Cisco02-RG__AZUTSTRTR2-SSH-SecurityGroup": {
                    "type": "azurerm_network_security_group",
                    "depends_on": [],
                    "primary": {
                        "id": "/subscriptions/5efd619c-0d6c-4bf6-a31b-d54ffda461c4/resourceGroups/EESSI-Test-Cisco02-RG/providers/Microsoft.Network/networkSecurityGroups/AZUTSTRTR2-SSH-SecurityGroup",
                        "attributes": {
                            "id": "/subscriptions/5efd619c-0d6c-4bf6-a31b-d54ffda461c4/resourceGroups/EESSI-Test-Cisco02-RG/providers/Microsoft.Network/networkSecurityGroups/AZUTSTRTR2-SSH-SecurityGroup",
                            "location": "uksouth",
                            "name": "AZUTSTRTR2-SSH-SecurityGroup",
                            "resource_group_name": "EESSI-Test-Cisco02-RG",
                            "security_rule.#": "3",
                            "security_rule.1969585759.access": "Allow",
                            "security_rule.1969585759.description": "",
                            "security_rule.1969585759.destination_address_prefix": "*",
                            "security_rule.1969585759.destination_address_prefixes.#": "0",
                            "security_rule.1969585759.destination_application_security_group_ids.#": "0",
                            "security_rule.1969585759.destination_port_range": "22",
                            "security_rule.1969585759.destination_port_ranges.#": "0",
                            "security_rule.1969585759.direction": "Inbound",
                            "security_rule.1969585759.name": "Allow-SSH-SteveG",
                            "security_rule.1969585759.priority": "103",
                            "security_rule.1969585759.protocol": "TCP",
                            "security_rule.1969585759.source_address_prefix": "86.164.149.147/32",
                            "security_rule.1969585759.source_address_prefixes.#": "0",
                            "security_rule.1969585759.source_application_security_group_ids.#": "0",
                            "security_rule.1969585759.source_port_range": "*",
                            "security_rule.1969585759.source_port_ranges.#": "0",
                            "security_rule.2019244362.access": "Allow",
                            "security_rule.2019244362.description": "Allow SSH Wes",
                            "security_rule.2019244362.destination_address_prefix": "*",
                            "security_rule.2019244362.destination_address_prefixes.#": "0",
                            "security_rule.2019244362.destination_application_security_group_ids.#": "0",
                            "security_rule.2019244362.destination_port_range": "22",
                            "security_rule.2019244362.destination_port_ranges.#": "0",
                            "security_rule.2019244362.direction": "Inbound",
                            "security_rule.2019244362.name": "SSH-Rule",
                            "security_rule.2019244362.priority": "100",
                            "security_rule.2019244362.protocol": "TCP",
                            "security_rule.2019244362.source_address_prefix": "51.140.73.168/32",
                            "security_rule.2019244362.source_address_prefixes.#": "0",
                            "security_rule.2019244362.source_application_security_group_ids.#": "0",
                            "security_rule.2019244362.source_port_range": "*",
                            "security_rule.2019244362.source_port_ranges.#": "0",
                            "security_rule.2972012272.access": "Deny",
                            "security_rule.2972012272.description": "All traffic originating from the Point-to-Site VPN is to be denied",
                            "security_rule.2972012272.destination_address_prefix": "*",
                            "security_rule.2972012272.destination_address_prefixes.#": "0",
                            "security_rule.2972012272.destination_application_security_group_ids.#": "0",
                            "security_rule.2972012272.destination_port_range": "*",
                            "security_rule.2972012272.destination_port_ranges.#": "0",
                            "security_rule.2972012272.direction": "Inbound",
                            "security_rule.2972012272.name": "Deny-P2S-Traffic",
                            "security_rule.2972012272.priority": "4000",
                            "security_rule.2972012272.protocol": "*",
                            "security_rule.2972012272.source_address_prefix": "10.86.60.0/25",
                            "security_rule.2972012272.source_address_prefixes.#": "0",
                            "security_rule.2972012272.source_application_security_group_ids.#": "0",
                            "security_rule.2972012272.source_port_range": "*",
                            "security_rule.2972012272.source_port_ranges.#": "0",
                            "tags.%": "0"
                        },
                        "meta": {},
                        "tainted": false
                    },
                    "deposed": [],
                    "provider": "provider.azurerm"
                },
                "azurerm_network_security_group.EESSI-Test-Shared-AD-RG__aztst01-dc01-nsg": {
                    "type": "azurerm_network_security_group",
                    "depends_on": [],
                    "primary": {
                        "id": "/subscriptions/5efd619c-0d6c-4bf6-a31b-d54ffda461c4/resourceGroups/EESSI-Test-Shared-AD-RG/providers/Microsoft.Network/networkSecurityGroups/aztst01-dc01-nsg",
                        "attributes": {
                            "id": "/subscriptions/5efd619c-0d6c-4bf6-a31b-d54ffda461c4/resourceGroups/EESSI-Test-Shared-AD-RG/providers/Microsoft.Network/networkSecurityGroups/aztst01-dc01-nsg",
                            "location": "uksouth",
                            "name": "aztst01-dc01-nsg",
                            "resource_group_name": "EESSI-Test-Shared-AD-RG",
                            "security_rule.#": "2",
                            "security_rule.2972012272.access": "Deny",
                            "security_rule.2972012272.description": "All traffic originating from the Point-to-Site VPN is to be denied",
                            "security_rule.2972012272.destination_address_prefix": "*",
                            "security_rule.2972012272.destination_address_prefixes.#": "0",
                            "security_rule.2972012272.destination_application_security_group_ids.#": "0",
                            "security_rule.2972012272.destination_port_range": "*",
                            "security_rule.2972012272.destination_port_ranges.#": "0",
                            "security_rule.2972012272.direction": "Inbound",
                            "security_rule.2972012272.name": "Deny-P2S-Traffic",
                            "security_rule.2972012272.priority": "4000",
                            "security_rule.2972012272.protocol": "*",
                            "security_rule.2972012272.source_address_prefix": "10.86.60.0/25",
                            "security_rule.2972012272.source_address_prefixes.#": "0",
                            "security_rule.2972012272.source_application_security_group_ids.#": "0",
                            "security_rule.2972012272.source_port_range": "*",
                            "security_rule.2972012272.source_port_ranges.#": "0",
                            "security_rule.4167390957.access": "Allow",
                            "security_rule.4167390957.description": "Allow Remote Desktop traffic from Jumpbox Session Host",
                            "security_rule.4167390957.destination_address_prefix": "*",
                            "security_rule.4167390957.destination_address_prefixes.#": "0",
                            "security_rule.4167390957.destination_application_security_group_ids.#": "0",
                            "security_rule.4167390957.destination_port_range": "3389",
                            "security_rule.4167390957.destination_port_ranges.#": "0",
                            "security_rule.4167390957.direction": "Inbound",
                            "security_rule.4167390957.name": "default-allow-rdp",
                            "security_rule.4167390957.priority": "1000",
                            "security_rule.4167390957.protocol": "TCP",
                            "security_rule.4167390957.source_address_prefix": "10.86.6.44/32",
                            "security_rule.4167390957.source_address_prefixes.#": "0",
                            "security_rule.4167390957.source_application_security_group_ids.#": "0",
                            "security_rule.4167390957.source_port_range": "*",
                            "security_rule.4167390957.source_port_ranges.#": "0",
                            "tags.%": "0"
                        },
                        "meta": {},
                        "tainted": false
                    },
                    "deposed": [],
                    "provider": "provider.azurerm"
                },
                "azurerm_network_security_group.EESSI-Test-Shared-AD-RG__aztst01-dc02-nsg": {
                    "type": "azurerm_network_security_group",
                    "depends_on": [],
                    "primary": {
                        "id": "/subscriptions/5efd619c-0d6c-4bf6-a31b-d54ffda461c4/resourceGroups/EESSI-Test-Shared-AD-RG/providers/Microsoft.Network/networkSecurityGroups/aztst01-dc02-nsg",
                        "attributes": {
                            "id": "/subscriptions/5efd619c-0d6c-4bf6-a31b-d54ffda461c4/resourceGroups/EESSI-Test-Shared-AD-RG/providers/Microsoft.Network/networkSecurityGroups/aztst01-dc02-nsg",
                            "location": "uksouth",
                            "name": "aztst01-dc02-nsg",
                            "resource_group_name": "EESSI-Test-Shared-AD-RG",
                            "security_rule.#": "2",
                            "security_rule.2972012272.access": "Deny",
                            "security_rule.2972012272.description": "All traffic originating from the Point-to-Site VPN is to be denied",
                            "security_rule.2972012272.destination_address_prefix": "*",
                            "security_rule.2972012272.destination_address_prefixes.#": "0",
                            "security_rule.2972012272.destination_application_security_group_ids.#": "0",
                            "security_rule.2972012272.destination_port_range": "*",
                            "security_rule.2972012272.destination_port_ranges.#": "0",
                            "security_rule.2972012272.direction": "Inbound",
                            "security_rule.2972012272.name": "Deny-P2S-Traffic",
                            "security_rule.2972012272.priority": "4000",
                            "security_rule.2972012272.protocol": "*",
                            "security_rule.2972012272.source_address_prefix": "10.86.60.0/25",
                            "security_rule.2972012272.source_address_prefixes.#": "0",
                            "security_rule.2972012272.source_application_security_group_ids.#": "0",
                            "security_rule.2972012272.source_port_range": "*",
                            "security_rule.2972012272.source_port_ranges.#": "0",
                            "security_rule.4167390957.access": "Allow",
                            "security_rule.4167390957.description": "Allow Remote Desktop traffic from Jumpbox Session Host",
                            "security_rule.4167390957.destination_address_prefix": "*",
                            "security_rule.4167390957.destination_address_prefixes.#": "0",
                            "security_rule.4167390957.destination_application_security_group_ids.#": "0",
                            "security_rule.4167390957.destination_port_range": "3389",
                            "security_rule.4167390957.destination_port_ranges.#": "0",
                            "security_rule.4167390957.direction": "Inbound",
                            "security_rule.4167390957.name": "default-allow-rdp",
                            "security_rule.4167390957.priority": "1000",
                            "security_rule.4167390957.protocol": "TCP",
                            "security_rule.4167390957.source_address_prefix": "10.86.6.44/32",
                            "security_rule.4167390957.source_address_prefixes.#": "0",
                            "security_rule.4167390957.source_application_security_group_ids.#": "0",
                            "security_rule.4167390957.source_port_range": "*",
                            "security_rule.4167390957.source_port_ranges.#": "0",
                            "tags.%": "0"
                        },
                        "meta": {},
                        "tainted": false
                    },
                    "deposed": [],
                    "provider": "provider.azurerm"
                },
                "azurerm_network_security_group.EESSI-Test-Shared-BKP-RG__aztst01-bkp01-nsg": {
                    "type": "azurerm_network_security_group",
                    "depends_on": [],
                    "primary": {
                        "id": "/subscriptions/5efd619c-0d6c-4bf6-a31b-d54ffda461c4/resourceGroups/EESSI-Test-Shared-BKP-RG/providers/Microsoft.Network/networkSecurityGroups/aztst01-bkp01-nsg",
                        "attributes": {
                            "id": "/subscriptions/5efd619c-0d6c-4bf6-a31b-d54ffda461c4/resourceGroups/EESSI-Test-Shared-BKP-RG/providers/Microsoft.Network/networkSecurityGroups/aztst01-bkp01-nsg",
                            "location": "uksouth",
                            "name": "aztst01-bkp01-nsg",
                            "resource_group_name": "EESSI-Test-Shared-BKP-RG",
                            "security_rule.#": "2",
                            "security_rule.2972012272.access": "Deny",
                            "security_rule.2972012272.description": "All traffic originating from the Point-to-Site VPN is to be denied",
                            "security_rule.2972012272.destination_address_prefix": "*",
                            "security_rule.2972012272.destination_address_prefixes.#": "0",
                            "security_rule.2972012272.destination_application_security_group_ids.#": "0",
                            "security_rule.2972012272.destination_port_range": "*",
                            "security_rule.2972012272.destination_port_ranges.#": "0",
                            "security_rule.2972012272.direction": "Inbound",
                            "security_rule.2972012272.name": "Deny-P2S-Traffic",
                            "security_rule.2972012272.priority": "4000",
                            "security_rule.2972012272.protocol": "*",
                            "security_rule.2972012272.source_address_prefix": "10.86.60.0/25",
                            "security_rule.2972012272.source_address_prefixes.#": "0",
                            "security_rule.2972012272.source_application_security_group_ids.#": "0",
                            "security_rule.2972012272.source_port_range": "*",
                            "security_rule.2972012272.source_port_ranges.#": "0",
                            "security_rule.4167390957.access": "Allow",
                            "security_rule.4167390957.description": "Allow Remote Desktop traffic from Jumpbox Session Host",
                            "security_rule.4167390957.destination_address_prefix": "*",
                            "security_rule.4167390957.destination_address_prefixes.#": "0",
                            "security_rule.4167390957.destination_application_security_group_ids.#": "0",
                            "security_rule.4167390957.destination_port_range": "3389",
                            "security_rule.4167390957.destination_port_ranges.#": "0",
                            "security_rule.4167390957.direction": "Inbound",
                            "security_rule.4167390957.name": "default-allow-rdp",
                            "security_rule.4167390957.priority": "1000",
                            "security_rule.4167390957.protocol": "TCP",
                            "security_rule.4167390957.source_address_prefix": "10.86.6.44/32",
                            "security_rule.4167390957.source_address_prefixes.#": "0",
                            "security_rule.4167390957.source_application_security_group_ids.#": "0",
                            "security_rule.4167390957.source_port_range": "*",
                            "security_rule.4167390957.source_port_ranges.#": "0",
                            "tags.%": "0"
                        },
                        "meta": {},
                        "tainted": false
                    },
                    "deposed": [],
                    "provider": "provider.azurerm"
                },
                "azurerm_network_security_group.EESSI-Test-Shared-WSUS-RG__aztst01-wsus01-nsg": {
                    "type": "azurerm_network_security_group",
                    "depends_on": [],
                    "primary": {
                        "id": "/subscriptions/5efd619c-0d6c-4bf6-a31b-d54ffda461c4/resourceGroups/EESSI-Test-Shared-WSUS-RG/providers/Microsoft.Network/networkSecurityGroups/aztst01-wsus01-nsg",
                        "attributes": {
                            "id": "/subscriptions/5efd619c-0d6c-4bf6-a31b-d54ffda461c4/resourceGroups/EESSI-Test-Shared-WSUS-RG/providers/Microsoft.Network/networkSecurityGroups/aztst01-wsus01-nsg",
                            "location": "uksouth",
                            "name": "aztst01-wsus01-nsg",
                            "resource_group_name": "EESSI-Test-Shared-WSUS-RG",
                            "security_rule.#": "2",
                            "security_rule.2972012272.access": "Deny",
                            "security_rule.2972012272.description": "All traffic originating from the Point-to-Site VPN is to be denied",
                            "security_rule.2972012272.destination_address_prefix": "*",
                            "security_rule.2972012272.destination_address_prefixes.#": "0",
                            "security_rule.2972012272.destination_application_security_group_ids.#": "0",
                            "security_rule.2972012272.destination_port_range": "*",
                            "security_rule.2972012272.destination_port_ranges.#": "0",
                            "security_rule.2972012272.direction": "Inbound",
                            "security_rule.2972012272.name": "Deny-P2S-Traffic",
                            "security_rule.2972012272.priority": "4000",
                            "security_rule.2972012272.protocol": "*",
                            "security_rule.2972012272.source_address_prefix": "10.86.60.0/25",
                            "security_rule.2972012272.source_address_prefixes.#": "0",
                            "security_rule.2972012272.source_application_security_group_ids.#": "0",
                            "security_rule.2972012272.source_port_range": "*",
                            "security_rule.2972012272.source_port_ranges.#": "0",
                            "security_rule.4167390957.access": "Allow",
                            "security_rule.4167390957.description": "Allow Remote Desktop traffic from Jumpbox Session Host",
                            "security_rule.4167390957.destination_address_prefix": "*",
                            "security_rule.4167390957.destination_address_prefixes.#": "0",
                            "security_rule.4167390957.destination_application_security_group_ids.#": "0",
                            "security_rule.4167390957.destination_port_range": "3389",
                            "security_rule.4167390957.destination_port_ranges.#": "0",
                            "security_rule.4167390957.direction": "Inbound",
                            "security_rule.4167390957.name": "default-allow-rdp",
                            "security_rule.4167390957.priority": "1000",
                            "security_rule.4167390957.protocol": "TCP",
                            "security_rule.4167390957.source_address_prefix": "10.86.6.44/32",
                            "security_rule.4167390957.source_address_prefixes.#": "0",
                            "security_rule.4167390957.source_application_security_group_ids.#": "0",
                            "security_rule.4167390957.source_port_range": "*",
                            "security_rule.4167390957.source_port_ranges.#": "0",
                            "tags.%": "0"
                        },
                        "meta": {},
                        "tainted": false
                    },
                    "deposed": [],
                    "provider": "provider.azurerm"
                },
                "azurerm_network_security_group.EESSI-Test-Transit-RG__aztst-proxy01-nsg": {
                    "type": "azurerm_network_security_group",
                    "depends_on": [],
                    "primary": {
                        "id": "/subscriptions/5efd619c-0d6c-4bf6-a31b-d54ffda461c4/resourceGroups/EESSI-Test-Transit-RG/providers/Microsoft.Network/networkSecurityGroups/aztst-proxy01-nsg",
                        "attributes": {
                            "id": "/subscriptions/5efd619c-0d6c-4bf6-a31b-d54ffda461c4/resourceGroups/EESSI-Test-Transit-RG/providers/Microsoft.Network/networkSecurityGroups/aztst-proxy01-nsg",
                            "location": "uksouth",
                            "name": "aztst-proxy01-nsg",
                            "resource_group_name": "EESSI-Test-Transit-RG",
                            "security_rule.#": "2",
                            "security_rule.1021156238.access": "Allow",
                            "security_rule.1021156238.description": "",
                            "security_rule.1021156238.destination_address_prefix": "*",
                            "security_rule.1021156238.destination_address_prefixes.#": "0",
                            "security_rule.1021156238.destination_application_security_group_ids.#": "0",
                            "security_rule.1021156238.destination_port_range": "22",
                            "security_rule.1021156238.destination_port_ranges.#": "0",
                            "security_rule.1021156238.direction": "Inbound",
                            "security_rule.1021156238.name": "default-allow-ssh",
                            "security_rule.1021156238.priority": "1000",
                            "security_rule.1021156238.protocol": "TCP",
                            "security_rule.1021156238.source_address_prefix": "51.140.73.168/32",
                            "security_rule.1021156238.source_address_prefixes.#": "0",
                            "security_rule.1021156238.source_application_security_group_ids.#": "0",
                            "security_rule.1021156238.source_port_range": "*",
                            "security_rule.1021156238.source_port_ranges.#": "0",
                            "security_rule.2972012272.access": "Deny",
                            "security_rule.2972012272.description": "All traffic originating from the Point-to-Site VPN is to be denied",
                            "security_rule.2972012272.destination_address_prefix": "*",
                            "security_rule.2972012272.destination_address_prefixes.#": "0",
                            "security_rule.2972012272.destination_application_security_group_ids.#": "0",
                            "security_rule.2972012272.destination_port_range": "*",
                            "security_rule.2972012272.destination_port_ranges.#": "0",
                            "security_rule.2972012272.direction": "Inbound",
                            "security_rule.2972012272.name": "Deny-P2S-Traffic",
                            "security_rule.2972012272.priority": "4000",
                            "security_rule.2972012272.protocol": "*",
                            "security_rule.2972012272.source_address_prefix": "10.86.60.0/25",
                            "security_rule.2972012272.source_address_prefixes.#": "0",
                            "security_rule.2972012272.source_application_security_group_ids.#": "0",
                            "security_rule.2972012272.source_port_range": "*",
                            "security_rule.2972012272.source_port_ranges.#": "0",
                            "tags.%": "0"
                        },
                        "meta": {},
                        "tainted": false
                    },
                    "deposed": [],
                    "provider": "provider.azurerm"
                },
                "azurerm_network_security_group.EESSI-Test-Transit-RG__aztst01-proxy01-nsg": {
                    "type": "azurerm_network_security_group",
                    "depends_on": [],
                    "primary": {
                        "id": "/subscriptions/5efd619c-0d6c-4bf6-a31b-d54ffda461c4/resourceGroups/EESSI-Test-Transit-RG/providers/Microsoft.Network/networkSecurityGroups/aztst01-proxy01-nsg",
                        "attributes": {
                            "id": "/subscriptions/5efd619c-0d6c-4bf6-a31b-d54ffda461c4/resourceGroups/EESSI-Test-Transit-RG/providers/Microsoft.Network/networkSecurityGroups/aztst01-proxy01-nsg",
                            "location": "uksouth",
                            "name": "aztst01-proxy01-nsg",
                            "resource_group_name": "EESSI-Test-Transit-RG",
                            "security_rule.#": "2",
                            "security_rule.1410571546.access": "Allow",
                            "security_rule.1410571546.description": "",
                            "security_rule.1410571546.destination_address_prefix": "*",
                            "security_rule.1410571546.destination_address_prefixes.#": "0",
                            "security_rule.1410571546.destination_application_security_group_ids.#": "0",
                            "security_rule.1410571546.destination_port_range": "22",
                            "security_rule.1410571546.destination_port_ranges.#": "0",
                            "security_rule.1410571546.direction": "Inbound",
                            "security_rule.1410571546.name": "default-allow-ssh",
                            "security_rule.1410571546.priority": "1000",
                            "security_rule.1410571546.protocol": "TCP",
                            "security_rule.1410571546.source_address_prefix": "51.140.73.168",
                            "security_rule.1410571546.source_address_prefixes.#": "0",
                            "security_rule.1410571546.source_application_security_group_ids.#": "0",
                            "security_rule.1410571546.source_port_range": "*",
                            "security_rule.1410571546.source_port_ranges.#": "0",
                            "security_rule.2972012272.access": "Deny",
                            "security_rule.2972012272.description": "All traffic originating from the Point-to-Site VPN is to be denied",
                            "security_rule.2972012272.destination_address_prefix": "*",
                            "security_rule.2972012272.destination_address_prefixes.#": "0",
                            "security_rule.2972012272.destination_application_security_group_ids.#": "0",
                            "security_rule.2972012272.destination_port_range": "*",
                            "security_rule.2972012272.destination_port_ranges.#": "0",
                            "security_rule.2972012272.direction": "Inbound",
                            "security_rule.2972012272.name": "Deny-P2S-Traffic",
                            "security_rule.2972012272.priority": "4000",
                            "security_rule.2972012272.protocol": "*",
                            "security_rule.2972012272.source_address_prefix": "10.86.60.0/25",
                            "security_rule.2972012272.source_address_prefixes.#": "0",
                            "security_rule.2972012272.source_application_security_group_ids.#": "0",
                            "security_rule.2972012272.source_port_range": "*",
                            "security_rule.2972012272.source_port_ranges.#": "0",
                            "tags.%": "0"
                        },
                        "meta": {},
                        "tainted": false
                    },
                    "deposed": [],
                    "provider": "provider.azurerm"
                },
                "azurerm_network_security_group.EESSI-Test01-AP-Biz-RG__aztst01-apbiz01-nsg": {
                    "type": "azurerm_network_security_group",
                    "depends_on": [],
                    "primary": {
                        "id": "/subscriptions/5efd619c-0d6c-4bf6-a31b-d54ffda461c4/resourceGroups/EESSI-Test01-AP-Biz-RG/providers/Microsoft.Network/networkSecurityGroups/aztst01-apbiz01-nsg",
                        "attributes": {
                            "id": "/subscriptions/5efd619c-0d6c-4bf6-a31b-d54ffda461c4/resourceGroups/EESSI-Test01-AP-Biz-RG/providers/Microsoft.Network/networkSecurityGroups/aztst01-apbiz01-nsg",
                            "location": "uksouth",
                            "name": "aztst01-apbiz01-nsg",
                            "resource_group_name": "EESSI-Test01-AP-Biz-RG",
                            "security_rule.#": "2",
                            "security_rule.2972012272.access": "Deny",
                            "security_rule.2972012272.description": "All traffic originating from the Point-to-Site VPN is to be denied",
                            "security_rule.2972012272.destination_address_prefix": "*",
                            "security_rule.2972012272.destination_address_prefixes.#": "0",
                            "security_rule.2972012272.destination_application_security_group_ids.#": "0",
                            "security_rule.2972012272.destination_port_range": "*",
                            "security_rule.2972012272.destination_port_ranges.#": "0",
                            "security_rule.2972012272.direction": "Inbound",
                            "security_rule.2972012272.name": "Deny-P2S-Traffic",
                            "security_rule.2972012272.priority": "4000",
                            "security_rule.2972012272.protocol": "*",
                            "security_rule.2972012272.source_address_prefix": "10.86.60.0/25",
                            "security_rule.2972012272.source_address_prefixes.#": "0",
                            "security_rule.2972012272.source_application_security_group_ids.#": "0",
                            "security_rule.2972012272.source_port_range": "*",
                            "security_rule.2972012272.source_port_ranges.#": "0",
                            "security_rule.4167390957.access": "Allow",
                            "security_rule.4167390957.description": "Allow Remote Desktop traffic from Jumpbox Session Host",
                            "security_rule.4167390957.destination_address_prefix": "*",
                            "security_rule.4167390957.destination_address_prefixes.#": "0",
                            "security_rule.4167390957.destination_application_security_group_ids.#": "0",
                            "security_rule.4167390957.destination_port_range": "3389",
                            "security_rule.4167390957.destination_port_ranges.#": "0",
                            "security_rule.4167390957.direction": "Inbound",
                            "security_rule.4167390957.name": "default-allow-rdp",
                            "security_rule.4167390957.priority": "1000",
                            "security_rule.4167390957.protocol": "TCP",
                            "security_rule.4167390957.source_address_prefix": "10.86.6.44/32",
                            "security_rule.4167390957.source_address_prefixes.#": "0",
                            "security_rule.4167390957.source_application_security_group_ids.#": "0",
                            "security_rule.4167390957.source_port_range": "*",
                            "security_rule.4167390957.source_port_ranges.#": "0",
                            "tags.%": "0"
                        },
                        "meta": {},
                        "tainted": false
                    },
                    "deposed": [],
                    "provider": "provider.azurerm"
                },
                "azurerm_network_security_group.EESSI-Test01-AP-Biz-RG__aztst01-apbiz02-nsg": {
                    "type": "azurerm_network_security_group",
                    "depends_on": [],
                    "primary": {
                        "id": "/subscriptions/5efd619c-0d6c-4bf6-a31b-d54ffda461c4/resourceGroups/EESSI-Test01-AP-Biz-RG/providers/Microsoft.Network/networkSecurityGroups/aztst01-apbiz02-nsg",
                        "attributes": {
                            "id": "/subscriptions/5efd619c-0d6c-4bf6-a31b-d54ffda461c4/resourceGroups/EESSI-Test01-AP-Biz-RG/providers/Microsoft.Network/networkSecurityGroups/aztst01-apbiz02-nsg",
                            "location": "uksouth",
                            "name": "aztst01-apbiz02-nsg",
                            "resource_group_name": "EESSI-Test01-AP-Biz-RG",
                            "security_rule.#": "2",
                            "security_rule.2972012272.access": "Deny",
                            "security_rule.2972012272.description": "All traffic originating from the Point-to-Site VPN is to be denied",
                            "security_rule.2972012272.destination_address_prefix": "*",
                            "security_rule.2972012272.destination_address_prefixes.#": "0",
                            "security_rule.2972012272.destination_application_security_group_ids.#": "0",
                            "security_rule.2972012272.destination_port_range": "*",
                            "security_rule.2972012272.destination_port_ranges.#": "0",
                            "security_rule.2972012272.direction": "Inbound",
                            "security_rule.2972012272.name": "Deny-P2S-Traffic",
                            "security_rule.2972012272.priority": "4000",
                            "security_rule.2972012272.protocol": "*",
                            "security_rule.2972012272.source_address_prefix": "10.86.60.0/25",
                            "security_rule.2972012272.source_address_prefixes.#": "0",
                            "security_rule.2972012272.source_application_security_group_ids.#": "0",
                            "security_rule.2972012272.source_port_range": "*",
                            "security_rule.2972012272.source_port_ranges.#": "0",
                            "security_rule.4167390957.access": "Allow",
                            "security_rule.4167390957.description": "Allow Remote Desktop traffic from Jumpbox Session Host",
                            "security_rule.4167390957.destination_address_prefix": "*",
                            "security_rule.4167390957.destination_address_prefixes.#": "0",
                            "security_rule.4167390957.destination_application_security_group_ids.#": "0",
                            "security_rule.4167390957.destination_port_range": "3389",
                            "security_rule.4167390957.destination_port_ranges.#": "0",
                            "security_rule.4167390957.direction": "Inbound",
                            "security_rule.4167390957.name": "default-allow-rdp",
                            "security_rule.4167390957.priority": "1000",
                            "security_rule.4167390957.protocol": "TCP",
                            "security_rule.4167390957.source_address_prefix": "10.86.6.44/32",
                            "security_rule.4167390957.source_address_prefixes.#": "0",
                            "security_rule.4167390957.source_application_security_group_ids.#": "0",
                            "security_rule.4167390957.source_port_range": "*",
                            "security_rule.4167390957.source_port_ranges.#": "0",
                            "tags.%": "0"
                        },
                        "meta": {},
                        "tainted": false
                    },
                    "deposed": [],
                    "provider": "provider.azurerm"
                },
                "azurerm_network_security_group.EESSI-Test01-AP-Biz-RG__aztst02-apbiz01-nsg": {
                    "type": "azurerm_network_security_group",
                    "depends_on": [],
                    "primary": {
                        "id": "/subscriptions/5efd619c-0d6c-4bf6-a31b-d54ffda461c4/resourceGroups/EESSI-Test01-AP-Biz-RG/providers/Microsoft.Network/networkSecurityGroups/aztst02-apbiz01-nsg",
                        "attributes": {
                            "id": "/subscriptions/5efd619c-0d6c-4bf6-a31b-d54ffda461c4/resourceGroups/EESSI-Test01-AP-Biz-RG/providers/Microsoft.Network/networkSecurityGroups/aztst02-apbiz01-nsg",
                            "location": "uksouth",
                            "name": "aztst02-apbiz01-nsg",
                            "resource_group_name": "EESSI-Test01-AP-Biz-RG",
                            "security_rule.#": "2",
                            "security_rule.2972012272.access": "Deny",
                            "security_rule.2972012272.description": "All traffic originating from the Point-to-Site VPN is to be denied",
                            "security_rule.2972012272.destination_address_prefix": "*",
                            "security_rule.2972012272.destination_address_prefixes.#": "0",
                            "security_rule.2972012272.destination_application_security_group_ids.#": "0",
                            "security_rule.2972012272.destination_port_range": "*",
                            "security_rule.2972012272.destination_port_ranges.#": "0",
                            "security_rule.2972012272.direction": "Inbound",
                            "security_rule.2972012272.name": "Deny-P2S-Traffic",
                            "security_rule.2972012272.priority": "4000",
                            "security_rule.2972012272.protocol": "*",
                            "security_rule.2972012272.source_address_prefix": "10.86.60.0/25",
                            "security_rule.2972012272.source_address_prefixes.#": "0",
                            "security_rule.2972012272.source_application_security_group_ids.#": "0",
                            "security_rule.2972012272.source_port_range": "*",
                            "security_rule.2972012272.source_port_ranges.#": "0",
                            "security_rule.4167390957.access": "Allow",
                            "security_rule.4167390957.description": "Allow Remote Desktop traffic from Jumpbox Session Host",
                            "security_rule.4167390957.destination_address_prefix": "*",
                            "security_rule.4167390957.destination_address_prefixes.#": "0",
                            "security_rule.4167390957.destination_application_security_group_ids.#": "0",
                            "security_rule.4167390957.destination_port_range": "3389",
                            "security_rule.4167390957.destination_port_ranges.#": "0",
                            "security_rule.4167390957.direction": "Inbound",
                            "security_rule.4167390957.name": "default-allow-rdp",
                            "security_rule.4167390957.priority": "1000",
                            "security_rule.4167390957.protocol": "TCP",
                            "security_rule.4167390957.source_address_prefix": "10.86.6.44/32",
                            "security_rule.4167390957.source_address_prefixes.#": "0",
                            "security_rule.4167390957.source_application_security_group_ids.#": "0",
                            "security_rule.4167390957.source_port_range": "*",
                            "security_rule.4167390957.source_port_ranges.#": "0",
                            "tags.%": "0"
                        },
                        "meta": {},
                        "tainted": false
                    },
                    "deposed": [],
                    "provider": "provider.azurerm"
                },
                "azurerm_network_security_group.EESSI-Test01-AP-Biz-RG__aztst02-apbiz02-nsg": {
                    "type": "azurerm_network_security_group",
                    "depends_on": [],
                    "primary": {
                        "id": "/subscriptions/5efd619c-0d6c-4bf6-a31b-d54ffda461c4/resourceGroups/EESSI-Test01-AP-Biz-RG/providers/Microsoft.Network/networkSecurityGroups/aztst02-apbiz02-nsg",
                        "attributes": {
                            "id": "/subscriptions/5efd619c-0d6c-4bf6-a31b-d54ffda461c4/resourceGroups/EESSI-Test01-AP-Biz-RG/providers/Microsoft.Network/networkSecurityGroups/aztst02-apbiz02-nsg",
                            "location": "uksouth",
                            "name": "aztst02-apbiz02-nsg",
                            "resource_group_name": "EESSI-Test01-AP-Biz-RG",
                            "security_rule.#": "2",
                            "security_rule.2972012272.access": "Deny",
                            "security_rule.2972012272.description": "All traffic originating from the Point-to-Site VPN is to be denied",
                            "security_rule.2972012272.destination_address_prefix": "*",
                            "security_rule.2972012272.destination_address_prefixes.#": "0",
                            "security_rule.2972012272.destination_application_security_group_ids.#": "0",
                            "security_rule.2972012272.destination_port_range": "*",
                            "security_rule.2972012272.destination_port_ranges.#": "0",
                            "security_rule.2972012272.direction": "Inbound",
                            "security_rule.2972012272.name": "Deny-P2S-Traffic",
                            "security_rule.2972012272.priority": "4000",
                            "security_rule.2972012272.protocol": "*",
                            "security_rule.2972012272.source_address_prefix": "10.86.60.0/25",
                            "security_rule.2972012272.source_address_prefixes.#": "0",
                            "security_rule.2972012272.source_application_security_group_ids.#": "0",
                            "security_rule.2972012272.source_port_range": "*",
                            "security_rule.2972012272.source_port_ranges.#": "0",
                            "security_rule.4167390957.access": "Allow",
                            "security_rule.4167390957.description": "Allow Remote Desktop traffic from Jumpbox Session Host",
                            "security_rule.4167390957.destination_address_prefix": "*",
                            "security_rule.4167390957.destination_address_prefixes.#": "0",
                            "security_rule.4167390957.destination_application_security_group_ids.#": "0",
                            "security_rule.4167390957.destination_port_range": "3389",
                            "security_rule.4167390957.destination_port_ranges.#": "0",
                            "security_rule.4167390957.direction": "Inbound",
                            "security_rule.4167390957.name": "default-allow-rdp",
                            "security_rule.4167390957.priority": "1000",
                            "security_rule.4167390957.protocol": "TCP",
                            "security_rule.4167390957.source_address_prefix": "10.86.6.44/32",
                            "security_rule.4167390957.source_address_prefixes.#": "0",
                            "security_rule.4167390957.source_application_security_group_ids.#": "0",
                            "security_rule.4167390957.source_port_range": "*",
                            "security_rule.4167390957.source_port_ranges.#": "0",
                            "tags.%": "0"
                        },
                        "meta": {},
                        "tainted": false
                    },
                    "deposed": [],
                    "provider": "provider.azurerm"
                },
                "azurerm_network_security_group.EESSI-Test01-AP-FS-RG__aztst01-apfs01-nsg": {
                    "type": "azurerm_network_security_group",
                    "depends_on": [],
                    "primary": {
                        "id": "/subscriptions/5efd619c-0d6c-4bf6-a31b-d54ffda461c4/resourceGroups/EESSI-Test01-AP-FS-RG/providers/Microsoft.Network/networkSecurityGroups/aztst01-apfs01-nsg",
                        "attributes": {
                            "id": "/subscriptions/5efd619c-0d6c-4bf6-a31b-d54ffda461c4/resourceGroups/EESSI-Test01-AP-FS-RG/providers/Microsoft.Network/networkSecurityGroups/aztst01-apfs01-nsg",
                            "location": "uksouth",
                            "name": "aztst01-apfs01-nsg",
                            "resource_group_name": "EESSI-Test01-AP-FS-RG",
                            "security_rule.#": "2",
                            "security_rule.2972012272.access": "Deny",
                            "security_rule.2972012272.description": "All traffic originating from the Point-to-Site VPN is to be denied",
                            "security_rule.2972012272.destination_address_prefix": "*",
                            "security_rule.2972012272.destination_address_prefixes.#": "0",
                            "security_rule.2972012272.destination_application_security_group_ids.#": "0",
                            "security_rule.2972012272.destination_port_range": "*",
                            "security_rule.2972012272.destination_port_ranges.#": "0",
                            "security_rule.2972012272.direction": "Inbound",
                            "security_rule.2972012272.name": "Deny-P2S-Traffic",
                            "security_rule.2972012272.priority": "4000",
                            "security_rule.2972012272.protocol": "*",
                            "security_rule.2972012272.source_address_prefix": "10.86.60.0/25",
                            "security_rule.2972012272.source_address_prefixes.#": "0",
                            "security_rule.2972012272.source_application_security_group_ids.#": "0",
                            "security_rule.2972012272.source_port_range": "*",
                            "security_rule.2972012272.source_port_ranges.#": "0",
                            "security_rule.4167390957.access": "Allow",
                            "security_rule.4167390957.description": "Allow Remote Desktop traffic from Jumpbox Session Host",
                            "security_rule.4167390957.destination_address_prefix": "*",
                            "security_rule.4167390957.destination_address_prefixes.#": "0",
                            "security_rule.4167390957.destination_application_security_group_ids.#": "0",
                            "security_rule.4167390957.destination_port_range": "3389",
                            "security_rule.4167390957.destination_port_ranges.#": "0",
                            "security_rule.4167390957.direction": "Inbound",
                            "security_rule.4167390957.name": "default-allow-rdp",
                            "security_rule.4167390957.priority": "1000",
                            "security_rule.4167390957.protocol": "TCP",
                            "security_rule.4167390957.source_address_prefix": "10.86.6.44/32",
                            "security_rule.4167390957.source_address_prefixes.#": "0",
                            "security_rule.4167390957.source_application_security_group_ids.#": "0",
                            "security_rule.4167390957.source_port_range": "*",
                            "security_rule.4167390957.source_port_ranges.#": "0",
                            "tags.%": "0"
                        },
                        "meta": {},
                        "tainted": false
                    },
                    "deposed": [],
                    "provider": "provider.azurerm"
                },
                "azurerm_network_security_group.EESSI-Test01-AP-FS-RG__aztst01-apfs02-nsg": {
                    "type": "azurerm_network_security_group",
                    "depends_on": [],
                    "primary": {
                        "id": "/subscriptions/5efd619c-0d6c-4bf6-a31b-d54ffda461c4/resourceGroups/EESSI-Test01-AP-FS-RG/providers/Microsoft.Network/networkSecurityGroups/aztst01-apfs02-nsg",
                        "attributes": {
                            "id": "/subscriptions/5efd619c-0d6c-4bf6-a31b-d54ffda461c4/resourceGroups/EESSI-Test01-AP-FS-RG/providers/Microsoft.Network/networkSecurityGroups/aztst01-apfs02-nsg",
                            "location": "uksouth",
                            "name": "aztst01-apfs02-nsg",
                            "resource_group_name": "EESSI-Test01-AP-FS-RG",
                            "security_rule.#": "2",
                            "security_rule.2972012272.access": "Deny",
                            "security_rule.2972012272.description": "All traffic originating from the Point-to-Site VPN is to be denied",
                            "security_rule.2972012272.destination_address_prefix": "*",
                            "security_rule.2972012272.destination_address_prefixes.#": "0",
                            "security_rule.2972012272.destination_application_security_group_ids.#": "0",
                            "security_rule.2972012272.destination_port_range": "*",
                            "security_rule.2972012272.destination_port_ranges.#": "0",
                            "security_rule.2972012272.direction": "Inbound",
                            "security_rule.2972012272.name": "Deny-P2S-Traffic",
                            "security_rule.2972012272.priority": "4000",
                            "security_rule.2972012272.protocol": "*",
                            "security_rule.2972012272.source_address_prefix": "10.86.60.0/25",
                            "security_rule.2972012272.source_address_prefixes.#": "0",
                            "security_rule.2972012272.source_application_security_group_ids.#": "0",
                            "security_rule.2972012272.source_port_range": "*",
                            "security_rule.2972012272.source_port_ranges.#": "0",
                            "security_rule.4167390957.access": "Allow",
                            "security_rule.4167390957.description": "Allow Remote Desktop traffic from Jumpbox Session Host",
                            "security_rule.4167390957.destination_address_prefix": "*",
                            "security_rule.4167390957.destination_address_prefixes.#": "0",
                            "security_rule.4167390957.destination_application_security_group_ids.#": "0",
                            "security_rule.4167390957.destination_port_range": "3389",
                            "security_rule.4167390957.destination_port_ranges.#": "0",
                            "security_rule.4167390957.direction": "Inbound",
                            "security_rule.4167390957.name": "default-allow-rdp",
                            "security_rule.4167390957.priority": "1000",
                            "security_rule.4167390957.protocol": "TCP",
                            "security_rule.4167390957.source_address_prefix": "10.86.6.44/32",
                            "security_rule.4167390957.source_address_prefixes.#": "0",
                            "security_rule.4167390957.source_application_security_group_ids.#": "0",
                            "security_rule.4167390957.source_port_range": "*",
                            "security_rule.4167390957.source_port_ranges.#": "0",
                            "tags.%": "0"
                        },
                        "meta": {},
                        "tainted": false
                    },
                    "deposed": [],
                    "provider": "provider.azurerm"
                },
                "azurerm_network_security_group.EESSI-Test01-AP-SQL-RG__aztst01-apsql01-nsg": {
                    "type": "azurerm_network_security_group",
                    "depends_on": [],
                    "primary": {
                        "id": "/subscriptions/5efd619c-0d6c-4bf6-a31b-d54ffda461c4/resourceGroups/EESSI-Test01-AP-SQL-RG/providers/Microsoft.Network/networkSecurityGroups/aztst01-apsql01-nsg",
                        "attributes": {
                            "id": "/subscriptions/5efd619c-0d6c-4bf6-a31b-d54ffda461c4/resourceGroups/EESSI-Test01-AP-SQL-RG/providers/Microsoft.Network/networkSecurityGroups/aztst01-apsql01-nsg",
                            "location": "uksouth",
                            "name": "aztst01-apsql01-nsg",
                            "resource_group_name": "EESSI-Test01-AP-SQL-RG",
                            "security_rule.#": "2",
                            "security_rule.2972012272.access": "Deny",
                            "security_rule.2972012272.description": "All traffic originating from the Point-to-Site VPN is to be denied",
                            "security_rule.2972012272.destination_address_prefix": "*",
                            "security_rule.2972012272.destination_address_prefixes.#": "0",
                            "security_rule.2972012272.destination_application_security_group_ids.#": "0",
                            "security_rule.2972012272.destination_port_range": "*",
                            "security_rule.2972012272.destination_port_ranges.#": "0",
                            "security_rule.2972012272.direction": "Inbound",
                            "security_rule.2972012272.name": "Deny-P2S-Traffic",
                            "security_rule.2972012272.priority": "4000",
                            "security_rule.2972012272.protocol": "*",
                            "security_rule.2972012272.source_address_prefix": "10.86.60.0/25",
                            "security_rule.2972012272.source_address_prefixes.#": "0",
                            "security_rule.2972012272.source_application_security_group_ids.#": "0",
                            "security_rule.2972012272.source_port_range": "*",
                            "security_rule.2972012272.source_port_ranges.#": "0",
                            "security_rule.4167390957.access": "Allow",
                            "security_rule.4167390957.description": "Allow Remote Desktop traffic from Jumpbox Session Host",
                            "security_rule.4167390957.destination_address_prefix": "*",
                            "security_rule.4167390957.destination_address_prefixes.#": "0",
                            "security_rule.4167390957.destination_application_security_group_ids.#": "0",
                            "security_rule.4167390957.destination_port_range": "3389",
                            "security_rule.4167390957.destination_port_ranges.#": "0",
                            "security_rule.4167390957.direction": "Inbound",
                            "security_rule.4167390957.name": "default-allow-rdp",
                            "security_rule.4167390957.priority": "1000",
                            "security_rule.4167390957.protocol": "TCP",
                            "security_rule.4167390957.source_address_prefix": "10.86.6.44/32",
                            "security_rule.4167390957.source_address_prefixes.#": "0",
                            "security_rule.4167390957.source_application_security_group_ids.#": "0",
                            "security_rule.4167390957.source_port_range": "*",
                            "security_rule.4167390957.source_port_ranges.#": "0",
                            "tags.%": "0"
                        },
                        "meta": {},
                        "tainted": false
                    },
                    "deposed": [],
                    "provider": "provider.azurerm"
                },
                "azurerm_network_security_group.EESSI-Test01-RINA-App-RG__aztst01-riapp01-nsg": {
                    "type": "azurerm_network_security_group",
                    "depends_on": [],
                    "primary": {
                        "id": "/subscriptions/5efd619c-0d6c-4bf6-a31b-d54ffda461c4/resourceGroups/EESSI-Test01-RINA-App-RG/providers/Microsoft.Network/networkSecurityGroups/aztst01-riapp01-nsg",
                        "attributes": {
                            "id": "/subscriptions/5efd619c-0d6c-4bf6-a31b-d54ffda461c4/resourceGroups/EESSI-Test01-RINA-App-RG/providers/Microsoft.Network/networkSecurityGroups/aztst01-riapp01-nsg",
                            "location": "uksouth",
                            "name": "aztst01-riapp01-nsg",
                            "resource_group_name": "EESSI-Test01-RINA-App-RG",
                            "security_rule.#": "2",
                            "security_rule.2972012272.access": "Deny",
                            "security_rule.2972012272.description": "All traffic originating from the Point-to-Site VPN is to be denied",
                            "security_rule.2972012272.destination_address_prefix": "*",
                            "security_rule.2972012272.destination_address_prefixes.#": "0",
                            "security_rule.2972012272.destination_application_security_group_ids.#": "0",
                            "security_rule.2972012272.destination_port_range": "*",
                            "security_rule.2972012272.destination_port_ranges.#": "0",
                            "security_rule.2972012272.direction": "Inbound",
                            "security_rule.2972012272.name": "Deny-P2S-Traffic",
                            "security_rule.2972012272.priority": "4000",
                            "security_rule.2972012272.protocol": "*",
                            "security_rule.2972012272.source_address_prefix": "10.86.60.0/25",
                            "security_rule.2972012272.source_address_prefixes.#": "0",
                            "security_rule.2972012272.source_application_security_group_ids.#": "0",
                            "security_rule.2972012272.source_port_range": "*",
                            "security_rule.2972012272.source_port_ranges.#": "0",
                            "security_rule.4167390957.access": "Allow",
                            "security_rule.4167390957.description": "Allow Remote Desktop traffic from Jumpbox Session Host",
                            "security_rule.4167390957.destination_address_prefix": "*",
                            "security_rule.4167390957.destination_address_prefixes.#": "0",
                            "security_rule.4167390957.destination_application_security_group_ids.#": "0",
                            "security_rule.4167390957.destination_port_range": "3389",
                            "security_rule.4167390957.destination_port_ranges.#": "0",
                            "security_rule.4167390957.direction": "Inbound",
                            "security_rule.4167390957.name": "default-allow-rdp",
                            "security_rule.4167390957.priority": "1000",
                            "security_rule.4167390957.protocol": "TCP",
                            "security_rule.4167390957.source_address_prefix": "10.86.6.44/32",
                            "security_rule.4167390957.source_address_prefixes.#": "0",
                            "security_rule.4167390957.source_application_security_group_ids.#": "0",
                            "security_rule.4167390957.source_port_range": "*",
                            "security_rule.4167390957.source_port_ranges.#": "0",
                            "tags.%": "0"
                        },
                        "meta": {},
                        "tainted": false
                    },
                    "deposed": [],
                    "provider": "provider.azurerm"
                },
                "azurerm_network_security_group.EESSI-Test01-RINA-App-RG__aztst01-rilb01-nsg": {
                    "type": "azurerm_network_security_group",
                    "depends_on": [],
                    "primary": {
                        "id": "/subscriptions/5efd619c-0d6c-4bf6-a31b-d54ffda461c4/resourceGroups/EESSI-Test01-RINA-App-RG/providers/Microsoft.Network/networkSecurityGroups/aztst01-rilb01-nsg",
                        "attributes": {
                            "id": "/subscriptions/5efd619c-0d6c-4bf6-a31b-d54ffda461c4/resourceGroups/EESSI-Test01-RINA-App-RG/providers/Microsoft.Network/networkSecurityGroups/aztst01-rilb01-nsg",
                            "location": "uksouth",
                            "name": "aztst01-rilb01-nsg",
                            "resource_group_name": "EESSI-Test01-RINA-App-RG",
                            "security_rule.#": "1",
                            "security_rule.2972012272.access": "Deny",
                            "security_rule.2972012272.description": "All traffic originating from the Point-to-Site VPN is to be denied",
                            "security_rule.2972012272.destination_address_prefix": "*",
                            "security_rule.2972012272.destination_address_prefixes.#": "0",
                            "security_rule.2972012272.destination_application_security_group_ids.#": "0",
                            "security_rule.2972012272.destination_port_range": "*",
                            "security_rule.2972012272.destination_port_ranges.#": "0",
                            "security_rule.2972012272.direction": "Inbound",
                            "security_rule.2972012272.name": "Deny-P2S-Traffic",
                            "security_rule.2972012272.priority": "4000",
                            "security_rule.2972012272.protocol": "*",
                            "security_rule.2972012272.source_address_prefix": "10.86.60.0/25",
                            "security_rule.2972012272.source_address_prefixes.#": "0",
                            "security_rule.2972012272.source_application_security_group_ids.#": "0",
                            "security_rule.2972012272.source_port_range": "*",
                            "security_rule.2972012272.source_port_ranges.#": "0",
                            "tags.%": "0"
                        },
                        "meta": {},
                        "tainted": false
                    },
                    "deposed": [],
                    "provider": "provider.azurerm"
                },
                "azurerm_network_security_group.EESSI-Test01-RINA-App-RG__aztst01-rilb02-nsg": {
                    "type": "azurerm_network_security_group",
                    "depends_on": [],
                    "primary": {
                        "id": "/subscriptions/5efd619c-0d6c-4bf6-a31b-d54ffda461c4/resourceGroups/EESSI-Test01-RINA-App-RG/providers/Microsoft.Network/networkSecurityGroups/aztst01-rilb02-nsg",
                        "attributes": {
                            "id": "/subscriptions/5efd619c-0d6c-4bf6-a31b-d54ffda461c4/resourceGroups/EESSI-Test01-RINA-App-RG/providers/Microsoft.Network/networkSecurityGroups/aztst01-rilb02-nsg",
                            "location": "uksouth",
                            "name": "aztst01-rilb02-nsg",
                            "resource_group_name": "EESSI-Test01-RINA-App-RG",
                            "security_rule.#": "2",
                            "security_rule.2972012272.access": "Deny",
                            "security_rule.2972012272.description": "All traffic originating from the Point-to-Site VPN is to be denied",
                            "security_rule.2972012272.destination_address_prefix": "*",
                            "security_rule.2972012272.destination_address_prefixes.#": "0",
                            "security_rule.2972012272.destination_application_security_group_ids.#": "0",
                            "security_rule.2972012272.destination_port_range": "*",
                            "security_rule.2972012272.destination_port_ranges.#": "0",
                            "security_rule.2972012272.direction": "Inbound",
                            "security_rule.2972012272.name": "Deny-P2S-Traffic",
                            "security_rule.2972012272.priority": "4000",
                            "security_rule.2972012272.protocol": "*",
                            "security_rule.2972012272.source_address_prefix": "10.86.60.0/25",
                            "security_rule.2972012272.source_address_prefixes.#": "0",
                            "security_rule.2972012272.source_application_security_group_ids.#": "0",
                            "security_rule.2972012272.source_port_range": "*",
                            "security_rule.2972012272.source_port_ranges.#": "0",
                            "security_rule.4167390957.access": "Allow",
                            "security_rule.4167390957.description": "Allow Remote Desktop traffic from Jumpbox Session Host",
                            "security_rule.4167390957.destination_address_prefix": "*",
                            "security_rule.4167390957.destination_address_prefixes.#": "0",
                            "security_rule.4167390957.destination_application_security_group_ids.#": "0",
                            "security_rule.4167390957.destination_port_range": "3389",
                            "security_rule.4167390957.destination_port_ranges.#": "0",
                            "security_rule.4167390957.direction": "Inbound",
                            "security_rule.4167390957.name": "default-allow-rdp",
                            "security_rule.4167390957.priority": "1000",
                            "security_rule.4167390957.protocol": "TCP",
                            "security_rule.4167390957.source_address_prefix": "10.86.6.44/32",
                            "security_rule.4167390957.source_address_prefixes.#": "0",
                            "security_rule.4167390957.source_application_security_group_ids.#": "0",
                            "security_rule.4167390957.source_port_range": "*",
                            "security_rule.4167390957.source_port_ranges.#": "0",
                            "tags.%": "0"
                        },
                        "meta": {},
                        "tainted": false
                    },
                    "deposed": [],
                    "provider": "provider.azurerm"
                },
                "azurerm_network_security_group.EESSI-Test02-AP-FS-RG__aztst02-apfs01-nsg": {
                    "type": "azurerm_network_security_group",
                    "depends_on": [],
                    "primary": {
                        "id": "/subscriptions/5efd619c-0d6c-4bf6-a31b-d54ffda461c4/resourceGroups/EESSI-Test02-AP-FS-RG/providers/Microsoft.Network/networkSecurityGroups/aztst02-apfs01-nsg",
                        "attributes": {
                            "id": "/subscriptions/5efd619c-0d6c-4bf6-a31b-d54ffda461c4/resourceGroups/EESSI-Test02-AP-FS-RG/providers/Microsoft.Network/networkSecurityGroups/aztst02-apfs01-nsg",
                            "location": "uksouth",
                            "name": "aztst02-apfs01-nsg",
                            "resource_group_name": "EESSI-Test02-AP-FS-RG",
                            "security_rule.#": "2",
                            "security_rule.2972012272.access": "Deny",
                            "security_rule.2972012272.description": "All traffic originating from the Point-to-Site VPN is to be denied",
                            "security_rule.2972012272.destination_address_prefix": "*",
                            "security_rule.2972012272.destination_address_prefixes.#": "0",
                            "security_rule.2972012272.destination_application_security_group_ids.#": "0",
                            "security_rule.2972012272.destination_port_range": "*",
                            "security_rule.2972012272.destination_port_ranges.#": "0",
                            "security_rule.2972012272.direction": "Inbound",
                            "security_rule.2972012272.name": "Deny-P2S-Traffic",
                            "security_rule.2972012272.priority": "4000",
                            "security_rule.2972012272.protocol": "*",
                            "security_rule.2972012272.source_address_prefix": "10.86.60.0/25",
                            "security_rule.2972012272.source_address_prefixes.#": "0",
                            "security_rule.2972012272.source_application_security_group_ids.#": "0",
                            "security_rule.2972012272.source_port_range": "*",
                            "security_rule.2972012272.source_port_ranges.#": "0",
                            "security_rule.4167390957.access": "Allow",
                            "security_rule.4167390957.description": "Allow Remote Desktop traffic from Jumpbox Session Host",
                            "security_rule.4167390957.destination_address_prefix": "*",
                            "security_rule.4167390957.destination_address_prefixes.#": "0",
                            "security_rule.4167390957.destination_application_security_group_ids.#": "0",
                            "security_rule.4167390957.destination_port_range": "3389",
                            "security_rule.4167390957.destination_port_ranges.#": "0",
                            "security_rule.4167390957.direction": "Inbound",
                            "security_rule.4167390957.name": "default-allow-rdp",
                            "security_rule.4167390957.priority": "1000",
                            "security_rule.4167390957.protocol": "TCP",
                            "security_rule.4167390957.source_address_prefix": "10.86.6.44/32",
                            "security_rule.4167390957.source_address_prefixes.#": "0",
                            "security_rule.4167390957.source_application_security_group_ids.#": "0",
                            "security_rule.4167390957.source_port_range": "*",
                            "security_rule.4167390957.source_port_ranges.#": "0",
                            "tags.%": "0"
                        },
                        "meta": {},
                        "tainted": false
                    },
                    "deposed": [],
                    "provider": "provider.azurerm"
                },
                "azurerm_network_security_group.EESSI-Test02-AP-FS-RG__aztst02-apfs02-nsg": {
                    "type": "azurerm_network_security_group",
                    "depends_on": [],
                    "primary": {
                        "id": "/subscriptions/5efd619c-0d6c-4bf6-a31b-d54ffda461c4/resourceGroups/EESSI-Test02-AP-FS-RG/providers/Microsoft.Network/networkSecurityGroups/aztst02-apfs02-nsg",
                        "attributes": {
                            "id": "/subscriptions/5efd619c-0d6c-4bf6-a31b-d54ffda461c4/resourceGroups/EESSI-Test02-AP-FS-RG/providers/Microsoft.Network/networkSecurityGroups/aztst02-apfs02-nsg",
                            "location": "uksouth",
                            "name": "aztst02-apfs02-nsg",
                            "resource_group_name": "EESSI-Test02-AP-FS-RG",
                            "security_rule.#": "2",
                            "security_rule.2972012272.access": "Deny",
                            "security_rule.2972012272.description": "All traffic originating from the Point-to-Site VPN is to be denied",
                            "security_rule.2972012272.destination_address_prefix": "*",
                            "security_rule.2972012272.destination_address_prefixes.#": "0",
                            "security_rule.2972012272.destination_application_security_group_ids.#": "0",
                            "security_rule.2972012272.destination_port_range": "*",
                            "security_rule.2972012272.destination_port_ranges.#": "0",
                            "security_rule.2972012272.direction": "Inbound",
                            "security_rule.2972012272.name": "Deny-P2S-Traffic",
                            "security_rule.2972012272.priority": "4000",
                            "security_rule.2972012272.protocol": "*",
                            "security_rule.2972012272.source_address_prefix": "10.86.60.0/25",
                            "security_rule.2972012272.source_address_prefixes.#": "0",
                            "security_rule.2972012272.source_application_security_group_ids.#": "0",
                            "security_rule.2972012272.source_port_range": "*",
                            "security_rule.2972012272.source_port_ranges.#": "0",
                            "security_rule.4167390957.access": "Allow",
                            "security_rule.4167390957.description": "Allow Remote Desktop traffic from Jumpbox Session Host",
                            "security_rule.4167390957.destination_address_prefix": "*",
                            "security_rule.4167390957.destination_address_prefixes.#": "0",
                            "security_rule.4167390957.destination_application_security_group_ids.#": "0",
                            "security_rule.4167390957.destination_port_range": "3389",
                            "security_rule.4167390957.destination_port_ranges.#": "0",
                            "security_rule.4167390957.direction": "Inbound",
                            "security_rule.4167390957.name": "default-allow-rdp",
                            "security_rule.4167390957.priority": "1000",
                            "security_rule.4167390957.protocol": "TCP",
                            "security_rule.4167390957.source_address_prefix": "10.86.6.44/32",
                            "security_rule.4167390957.source_address_prefixes.#": "0",
                            "security_rule.4167390957.source_application_security_group_ids.#": "0",
                            "security_rule.4167390957.source_port_range": "*",
                            "security_rule.4167390957.source_port_ranges.#": "0",
                            "tags.%": "0"
                        },
                        "meta": {},
                        "tainted": false
                    },
                    "deposed": [],
                    "provider": "provider.azurerm"
                },
                "azurerm_network_security_group.EESSI-Test02-AP-SQL-RG__aztst02-apsql01-nsg": {
                    "type": "azurerm_network_security_group",
                    "depends_on": [],
                    "primary": {
                        "id": "/subscriptions/5efd619c-0d6c-4bf6-a31b-d54ffda461c4/resourceGroups/EESSI-Test02-AP-SQL-RG/providers/Microsoft.Network/networkSecurityGroups/aztst02-apsql01-nsg",
                        "attributes": {
                            "id": "/subscriptions/5efd619c-0d6c-4bf6-a31b-d54ffda461c4/resourceGroups/EESSI-Test02-AP-SQL-RG/providers/Microsoft.Network/networkSecurityGroups/aztst02-apsql01-nsg",
                            "location": "uksouth",
                            "name": "aztst02-apsql01-nsg",
                            "resource_group_name": "EESSI-Test02-AP-SQL-RG",
                            "security_rule.#": "2",
                            "security_rule.2972012272.access": "Deny",
                            "security_rule.2972012272.description": "All traffic originating from the Point-to-Site VPN is to be denied",
                            "security_rule.2972012272.destination_address_prefix": "*",
                            "security_rule.2972012272.destination_address_prefixes.#": "0",
                            "security_rule.2972012272.destination_application_security_group_ids.#": "0",
                            "security_rule.2972012272.destination_port_range": "*",
                            "security_rule.2972012272.destination_port_ranges.#": "0",
                            "security_rule.2972012272.direction": "Inbound",
                            "security_rule.2972012272.name": "Deny-P2S-Traffic",
                            "security_rule.2972012272.priority": "4000",
                            "security_rule.2972012272.protocol": "*",
                            "security_rule.2972012272.source_address_prefix": "10.86.60.0/25",
                            "security_rule.2972012272.source_address_prefixes.#": "0",
                            "security_rule.2972012272.source_application_security_group_ids.#": "0",
                            "security_rule.2972012272.source_port_range": "*",
                            "security_rule.2972012272.source_port_ranges.#": "0",
                            "security_rule.4167390957.access": "Allow",
                            "security_rule.4167390957.description": "Allow Remote Desktop traffic from Jumpbox Session Host",
                            "security_rule.4167390957.destination_address_prefix": "*",
                            "security_rule.4167390957.destination_address_prefixes.#": "0",
                            "security_rule.4167390957.destination_application_security_group_ids.#": "0",
                            "security_rule.4167390957.destination_port_range": "3389",
                            "security_rule.4167390957.destination_port_ranges.#": "0",
                            "security_rule.4167390957.direction": "Inbound",
                            "security_rule.4167390957.name": "default-allow-rdp",
                            "security_rule.4167390957.priority": "1000",
                            "security_rule.4167390957.protocol": "TCP",
                            "security_rule.4167390957.source_address_prefix": "10.86.6.44/32",
                            "security_rule.4167390957.source_address_prefixes.#": "0",
                            "security_rule.4167390957.source_application_security_group_ids.#": "0",
                            "security_rule.4167390957.source_port_range": "*",
                            "security_rule.4167390957.source_port_ranges.#": "0",
                            "tags.%": "0"
                        },
                        "meta": {},
                        "tainted": false
                    },
                    "deposed": [],
                    "provider": "provider.azurerm"
                },
                "azurerm_network_security_group.EESSI-Test02-AP-SQL-RG__aztst02-apsql02-nsg": {
                    "type": "azurerm_network_security_group",
                    "depends_on": [],
                    "primary": {
                        "id": "/subscriptions/5efd619c-0d6c-4bf6-a31b-d54ffda461c4/resourceGroups/EESSI-Test02-AP-SQL-RG/providers/Microsoft.Network/networkSecurityGroups/aztst02-apsql02-nsg",
                        "attributes": {
                            "id": "/subscriptions/5efd619c-0d6c-4bf6-a31b-d54ffda461c4/resourceGroups/EESSI-Test02-AP-SQL-RG/providers/Microsoft.Network/networkSecurityGroups/aztst02-apsql02-nsg",
                            "location": "uksouth",
                            "name": "aztst02-apsql02-nsg",
                            "resource_group_name": "EESSI-Test02-AP-SQL-RG",
                            "security_rule.#": "2",
                            "security_rule.2972012272.access": "Deny",
                            "security_rule.2972012272.description": "All traffic originating from the Point-to-Site VPN is to be denied",
                            "security_rule.2972012272.destination_address_prefix": "*",
                            "security_rule.2972012272.destination_address_prefixes.#": "0",
                            "security_rule.2972012272.destination_application_security_group_ids.#": "0",
                            "security_rule.2972012272.destination_port_range": "*",
                            "security_rule.2972012272.destination_port_ranges.#": "0",
                            "security_rule.2972012272.direction": "Inbound",
                            "security_rule.2972012272.name": "Deny-P2S-Traffic",
                            "security_rule.2972012272.priority": "4000",
                            "security_rule.2972012272.protocol": "*",
                            "security_rule.2972012272.source_address_prefix": "10.86.60.0/25",
                            "security_rule.2972012272.source_address_prefixes.#": "0",
                            "security_rule.2972012272.source_application_security_group_ids.#": "0",
                            "security_rule.2972012272.source_port_range": "*",
                            "security_rule.2972012272.source_port_ranges.#": "0",
                            "security_rule.4167390957.access": "Allow",
                            "security_rule.4167390957.description": "Allow Remote Desktop traffic from Jumpbox Session Host",
                            "security_rule.4167390957.destination_address_prefix": "*",
                            "security_rule.4167390957.destination_address_prefixes.#": "0",
                            "security_rule.4167390957.destination_application_security_group_ids.#": "0",
                            "security_rule.4167390957.destination_port_range": "3389",
                            "security_rule.4167390957.destination_port_ranges.#": "0",
                            "security_rule.4167390957.direction": "Inbound",
                            "security_rule.4167390957.name": "default-allow-rdp",
                            "security_rule.4167390957.priority": "1000",
                            "security_rule.4167390957.protocol": "TCP",
                            "security_rule.4167390957.source_address_prefix": "10.86.6.44/32",
                            "security_rule.4167390957.source_address_prefixes.#": "0",
                            "security_rule.4167390957.source_application_security_group_ids.#": "0",
                            "security_rule.4167390957.source_port_range": "*",
                            "security_rule.4167390957.source_port_ranges.#": "0",
                            "tags.%": "0"
                        },
                        "meta": {},
                        "tainted": false
                    },
                    "deposed": [],
                    "provider": "provider.azurerm"
                },
                "azurerm_network_security_group.RG-Rina2Rina-Playground__Rina2Rina-NSG": {
                    "type": "azurerm_network_security_group",
                    "depends_on": [],
                    "primary": {
                        "id": "/subscriptions/5efd619c-0d6c-4bf6-a31b-d54ffda461c4/resourceGroups/RG-Rina2Rina-Playground/providers/Microsoft.Network/networkSecurityGroups/Rina2Rina-NSG",
                        "attributes": {
                            "id": "/subscriptions/5efd619c-0d6c-4bf6-a31b-d54ffda461c4/resourceGroups/RG-Rina2Rina-Playground/providers/Microsoft.Network/networkSecurityGroups/Rina2Rina-NSG",
                            "location": "uksouth",
                            "name": "Rina2Rina-NSG",
                            "resource_group_name": "RG-Rina2Rina-Playground",
                            "security_rule.#": "3",
                            "security_rule.1587543010.access": "Deny",
                            "security_rule.1587543010.description": "",
                            "security_rule.1587543010.destination_address_prefix": "*",
                            "security_rule.1587543010.destination_address_prefixes.#": "0",
                            "security_rule.1587543010.destination_application_security_group_ids.#": "0",
                            "security_rule.1587543010.destination_port_range": "*",
                            "security_rule.1587543010.destination_port_ranges.#": "0",
                            "security_rule.1587543010.direction": "Inbound",
                            "security_rule.1587543010.name": "DenyAllInBound",
                            "security_rule.1587543010.priority": "4096",
                            "security_rule.1587543010.protocol": "*",
                            "security_rule.1587543010.source_address_prefix": "*",
                            "security_rule.1587543010.source_address_prefixes.#": "0",
                            "security_rule.1587543010.source_application_security_group_ids.#": "0",
                            "security_rule.1587543010.source_port_range": "*",
                            "security_rule.1587543010.source_port_ranges.#": "0",
                            "security_rule.2972012272.access": "Deny",
                            "security_rule.2972012272.description": "All traffic originating from the Point-to-Site VPN is to be denied",
                            "security_rule.2972012272.destination_address_prefix": "*",
                            "security_rule.2972012272.destination_address_prefixes.#": "0",
                            "security_rule.2972012272.destination_application_security_group_ids.#": "0",
                            "security_rule.2972012272.destination_port_range": "*",
                            "security_rule.2972012272.destination_port_ranges.#": "0",
                            "security_rule.2972012272.direction": "Inbound",
                            "security_rule.2972012272.name": "Deny-P2S-Traffic",
                            "security_rule.2972012272.priority": "4000",
                            "security_rule.2972012272.protocol": "*",
                            "security_rule.2972012272.source_address_prefix": "10.86.60.0/25",
                            "security_rule.2972012272.source_address_prefixes.#": "0",
                            "security_rule.2972012272.source_application_security_group_ids.#": "0",
                            "security_rule.2972012272.source_port_range": "*",
                            "security_rule.2972012272.source_port_ranges.#": "0",
                            "security_rule.4167390957.access": "Allow",
                            "security_rule.4167390957.description": "Allow Remote Desktop traffic from Jumpbox Session Host",
                            "security_rule.4167390957.destination_address_prefix": "*",
                            "security_rule.4167390957.destination_address_prefixes.#": "0",
                            "security_rule.4167390957.destination_application_security_group_ids.#": "0",
                            "security_rule.4167390957.destination_port_range": "3389",
                            "security_rule.4167390957.destination_port_ranges.#": "0",
                            "security_rule.4167390957.direction": "Inbound",
                            "security_rule.4167390957.name": "default-allow-rdp",
                            "security_rule.4167390957.priority": "1000",
                            "security_rule.4167390957.protocol": "TCP",
                            "security_rule.4167390957.source_address_prefix": "10.86.6.44/32",
                            "security_rule.4167390957.source_address_prefixes.#": "0",
                            "security_rule.4167390957.source_application_security_group_ids.#": "0",
                            "security_rule.4167390957.source_port_range": "*",
                            "security_rule.4167390957.source_port_ranges.#": "0",
                            "tags.%": "0"
                        },
                        "meta": {},
                        "tainted": false
                    },
                    "deposed": [],
                    "provider": "provider.azurerm"
                },
                "azurerm_network_security_group.RG-Rina2Rina-Playground__r2rnode01NSG": {
                    "type": "azurerm_network_security_group",
                    "depends_on": [],
                    "primary": {
                        "id": "/subscriptions/5efd619c-0d6c-4bf6-a31b-d54ffda461c4/resourceGroups/RG-Rina2Rina-Playground/providers/Microsoft.Network/networkSecurityGroups/r2rnode01NSG",
                        "attributes": {
                            "id": "/subscriptions/5efd619c-0d6c-4bf6-a31b-d54ffda461c4/resourceGroups/RG-Rina2Rina-Playground/providers/Microsoft.Network/networkSecurityGroups/r2rnode01NSG",
                            "location": "uksouth",
                            "name": "r2rnode01NSG",
                            "resource_group_name": "RG-Rina2Rina-Playground",
                            "security_rule.#": "4",
                            "security_rule.1536389737.access": "Allow",
                            "security_rule.1536389737.description": "",
                            "security_rule.1536389737.destination_address_prefix": "*",
                            "security_rule.1536389737.destination_address_prefixes.#": "0",
                            "security_rule.1536389737.destination_application_security_group_ids.#": "0",
                            "security_rule.1536389737.destination_port_range": "3389",
                            "security_rule.1536389737.destination_port_ranges.#": "0",
                            "security_rule.1536389737.direction": "Inbound",
                            "security_rule.1536389737.name": "rdp",
                            "security_rule.1536389737.priority": "1000",
                            "security_rule.1536389737.protocol": "TCP",
                            "security_rule.1536389737.source_address_prefix": "10.86.6.44/32",
                            "security_rule.1536389737.source_address_prefixes.#": "0",
                            "security_rule.1536389737.source_application_security_group_ids.#": "0",
                            "security_rule.1536389737.source_port_range": "*",
                            "security_rule.1536389737.source_port_ranges.#": "0",
                            "security_rule.2972012272.access": "Deny",
                            "security_rule.2972012272.description": "All traffic originating from the Point-to-Site VPN is to be denied",
                            "security_rule.2972012272.destination_address_prefix": "*",
                            "security_rule.2972012272.destination_address_prefixes.#": "0",
                            "security_rule.2972012272.destination_application_security_group_ids.#": "0",
                            "security_rule.2972012272.destination_port_range": "*",
                            "security_rule.2972012272.destination_port_ranges.#": "0",
                            "security_rule.2972012272.direction": "Inbound",
                            "security_rule.2972012272.name": "Deny-P2S-Traffic",
                            "security_rule.2972012272.priority": "4000",
                            "security_rule.2972012272.protocol": "*",
                            "security_rule.2972012272.source_address_prefix": "10.86.60.0/25",
                            "security_rule.2972012272.source_address_prefixes.#": "0",
                            "security_rule.2972012272.source_application_security_group_ids.#": "0",
                            "security_rule.2972012272.source_port_range": "*",
                            "security_rule.2972012272.source_port_ranges.#": "0",
                            "security_rule.3782769863.access": "Allow",
                            "security_rule.3782769863.description": "",
                            "security_rule.3782769863.destination_address_prefix": "*",
                            "security_rule.3782769863.destination_address_prefixes.#": "0",
                            "security_rule.3782769863.destination_application_security_group_ids.#": "0",
                            "security_rule.3782769863.destination_port_range": "443",
                            "security_rule.3782769863.destination_port_ranges.#": "0",
                            "security_rule.3782769863.direction": "Inbound",
                            "security_rule.3782769863.name": "Allow-P2S-HTTPS",
                            "security_rule.3782769863.priority": "2000",
                            "security_rule.3782769863.protocol": "*",
                            "security_rule.3782769863.source_address_prefix": "10.86.60.0/25",
                            "security_rule.3782769863.source_address_prefixes.#": "0",
                            "security_rule.3782769863.source_application_security_group_ids.#": "0",
                            "security_rule.3782769863.source_port_range": "*",
                            "security_rule.3782769863.source_port_ranges.#": "0",
                            "security_rule.411065545.access": "Allow",
                            "security_rule.411065545.description": "",
                            "security_rule.411065545.destination_address_prefix": "*",
                            "security_rule.411065545.destination_address_prefixes.#": "0",
                            "security_rule.411065545.destination_application_security_group_ids.#": "0",
                            "security_rule.411065545.destination_port_range": "80",
                            "security_rule.411065545.destination_port_ranges.#": "0",
                            "security_rule.411065545.direction": "Inbound",
                            "security_rule.411065545.name": "Allow-P2S-HTTP",
                            "security_rule.411065545.priority": "2001",
                            "security_rule.411065545.protocol": "*",
                            "security_rule.411065545.source_address_prefix": "10.86.60.0/25",
                            "security_rule.411065545.source_address_prefixes.#": "0",
                            "security_rule.411065545.source_application_security_group_ids.#": "0",
                            "security_rule.411065545.source_port_range": "*",
                            "security_rule.411065545.source_port_ranges.#": "0",
                            "tags.%": "0"
                        },
                        "meta": {},
                        "tainted": false
                    },
                    "deposed": [],
                    "provider": "provider.azurerm"
                },
                "azurerm_network_security_group.RG-Rina2Rina-Playground__r2rnode02NSG": {
                    "type": "azurerm_network_security_group",
                    "depends_on": [],
                    "primary": {
                        "id": "/subscriptions/5efd619c-0d6c-4bf6-a31b-d54ffda461c4/resourceGroups/RG-Rina2Rina-Playground/providers/Microsoft.Network/networkSecurityGroups/r2rnode02NSG",
                        "attributes": {
                            "id": "/subscriptions/5efd619c-0d6c-4bf6-a31b-d54ffda461c4/resourceGroups/RG-Rina2Rina-Playground/providers/Microsoft.Network/networkSecurityGroups/r2rnode02NSG",
                            "location": "uksouth",
                            "name": "r2rnode02NSG",
                            "resource_group_name": "RG-Rina2Rina-Playground",
                            "security_rule.#": "4",
                            "security_rule.1536389737.access": "Allow",
                            "security_rule.1536389737.description": "",
                            "security_rule.1536389737.destination_address_prefix": "*",
                            "security_rule.1536389737.destination_address_prefixes.#": "0",
                            "security_rule.1536389737.destination_application_security_group_ids.#": "0",
                            "security_rule.1536389737.destination_port_range": "3389",
                            "security_rule.1536389737.destination_port_ranges.#": "0",
                            "security_rule.1536389737.direction": "Inbound",
                            "security_rule.1536389737.name": "rdp",
                            "security_rule.1536389737.priority": "1000",
                            "security_rule.1536389737.protocol": "TCP",
                            "security_rule.1536389737.source_address_prefix": "10.86.6.44/32",
                            "security_rule.1536389737.source_address_prefixes.#": "0",
                            "security_rule.1536389737.source_application_security_group_ids.#": "0",
                            "security_rule.1536389737.source_port_range": "*",
                            "security_rule.1536389737.source_port_ranges.#": "0",
                            "security_rule.2972012272.access": "Deny",
                            "security_rule.2972012272.description": "All traffic originating from the Point-to-Site VPN is to be denied",
                            "security_rule.2972012272.destination_address_prefix": "*",
                            "security_rule.2972012272.destination_address_prefixes.#": "0",
                            "security_rule.2972012272.destination_application_security_group_ids.#": "0",
                            "security_rule.2972012272.destination_port_range": "*",
                            "security_rule.2972012272.destination_port_ranges.#": "0",
                            "security_rule.2972012272.direction": "Inbound",
                            "security_rule.2972012272.name": "Deny-P2S-Traffic",
                            "security_rule.2972012272.priority": "4000",
                            "security_rule.2972012272.protocol": "*",
                            "security_rule.2972012272.source_address_prefix": "10.86.60.0/25",
                            "security_rule.2972012272.source_address_prefixes.#": "0",
                            "security_rule.2972012272.source_application_security_group_ids.#": "0",
                            "security_rule.2972012272.source_port_range": "*",
                            "security_rule.2972012272.source_port_ranges.#": "0",
                            "security_rule.3782769863.access": "Allow",
                            "security_rule.3782769863.description": "",
                            "security_rule.3782769863.destination_address_prefix": "*",
                            "security_rule.3782769863.destination_address_prefixes.#": "0",
                            "security_rule.3782769863.destination_application_security_group_ids.#": "0",
                            "security_rule.3782769863.destination_port_range": "443",
                            "security_rule.3782769863.destination_port_ranges.#": "0",
                            "security_rule.3782769863.direction": "Inbound",
                            "security_rule.3782769863.name": "Allow-P2S-HTTPS",
                            "security_rule.3782769863.priority": "2000",
                            "security_rule.3782769863.protocol": "*",
                            "security_rule.3782769863.source_address_prefix": "10.86.60.0/25",
                            "security_rule.3782769863.source_address_prefixes.#": "0",
                            "security_rule.3782769863.source_application_security_group_ids.#": "0",
                            "security_rule.3782769863.source_port_range": "*",
                            "security_rule.3782769863.source_port_ranges.#": "0",
                            "security_rule.411065545.access": "Allow",
                            "security_rule.411065545.description": "",
                            "security_rule.411065545.destination_address_prefix": "*",
                            "security_rule.411065545.destination_address_prefixes.#": "0",
                            "security_rule.411065545.destination_application_security_group_ids.#": "0",
                            "security_rule.411065545.destination_port_range": "80",
                            "security_rule.411065545.destination_port_ranges.#": "0",
                            "security_rule.411065545.direction": "Inbound",
                            "security_rule.411065545.name": "Allow-P2S-HTTP",
                            "security_rule.411065545.priority": "2001",
                            "security_rule.411065545.protocol": "*",
                            "security_rule.411065545.source_address_prefix": "10.86.60.0/25",
                            "security_rule.411065545.source_address_prefixes.#": "0",
                            "security_rule.411065545.source_application_security_group_ids.#": "0",
                            "security_rule.411065545.source_port_range": "*",
                            "security_rule.411065545.source_port_ranges.#": "0",
                            "tags.%": "0"
                        },
                        "meta": {},
                        "tainted": false
                    },
                    "deposed": [],
                    "provider": "provider.azurerm"
                },
                "azurerm_network_security_group.RG-Rina2Rina-Playground__r2rnode04NSG": {
                    "type": "azurerm_network_security_group",
                    "depends_on": [],
                    "primary": {
                        "id": "/subscriptions/5efd619c-0d6c-4bf6-a31b-d54ffda461c4/resourceGroups/RG-Rina2Rina-Playground/providers/Microsoft.Network/networkSecurityGroups/r2rnode04NSG",
                        "attributes": {
                            "id": "/subscriptions/5efd619c-0d6c-4bf6-a31b-d54ffda461c4/resourceGroups/RG-Rina2Rina-Playground/providers/Microsoft.Network/networkSecurityGroups/r2rnode04NSG",
                            "location": "uksouth",
                            "name": "r2rnode04NSG",
                            "resource_group_name": "RG-Rina2Rina-Playground",
                            "security_rule.#": "4",
                            "security_rule.1536389737.access": "Allow",
                            "security_rule.1536389737.description": "",
                            "security_rule.1536389737.destination_address_prefix": "*",
                            "security_rule.1536389737.destination_address_prefixes.#": "0",
                            "security_rule.1536389737.destination_application_security_group_ids.#": "0",
                            "security_rule.1536389737.destination_port_range": "3389",
                            "security_rule.1536389737.destination_port_ranges.#": "0",
                            "security_rule.1536389737.direction": "Inbound",
                            "security_rule.1536389737.name": "rdp",
                            "security_rule.1536389737.priority": "1000",
                            "security_rule.1536389737.protocol": "TCP",
                            "security_rule.1536389737.source_address_prefix": "10.86.6.44/32",
                            "security_rule.1536389737.source_address_prefixes.#": "0",
                            "security_rule.1536389737.source_application_security_group_ids.#": "0",
                            "security_rule.1536389737.source_port_range": "*",
                            "security_rule.1536389737.source_port_ranges.#": "0",
                            "security_rule.2972012272.access": "Deny",
                            "security_rule.2972012272.description": "All traffic originating from the Point-to-Site VPN is to be denied",
                            "security_rule.2972012272.destination_address_prefix": "*",
                            "security_rule.2972012272.destination_address_prefixes.#": "0",
                            "security_rule.2972012272.destination_application_security_group_ids.#": "0",
                            "security_rule.2972012272.destination_port_range": "*",
                            "security_rule.2972012272.destination_port_ranges.#": "0",
                            "security_rule.2972012272.direction": "Inbound",
                            "security_rule.2972012272.name": "Deny-P2S-Traffic",
                            "security_rule.2972012272.priority": "4000",
                            "security_rule.2972012272.protocol": "*",
                            "security_rule.2972012272.source_address_prefix": "10.86.60.0/25",
                            "security_rule.2972012272.source_address_prefixes.#": "0",
                            "security_rule.2972012272.source_application_security_group_ids.#": "0",
                            "security_rule.2972012272.source_port_range": "*",
                            "security_rule.2972012272.source_port_ranges.#": "0",
                            "security_rule.3782769863.access": "Allow",
                            "security_rule.3782769863.description": "",
                            "security_rule.3782769863.destination_address_prefix": "*",
                            "security_rule.3782769863.destination_address_prefixes.#": "0",
                            "security_rule.3782769863.destination_application_security_group_ids.#": "0",
                            "security_rule.3782769863.destination_port_range": "443",
                            "security_rule.3782769863.destination_port_ranges.#": "0",
                            "security_rule.3782769863.direction": "Inbound",
                            "security_rule.3782769863.name": "Allow-P2S-HTTPS",
                            "security_rule.3782769863.priority": "2000",
                            "security_rule.3782769863.protocol": "*",
                            "security_rule.3782769863.source_address_prefix": "10.86.60.0/25",
                            "security_rule.3782769863.source_address_prefixes.#": "0",
                            "security_rule.3782769863.source_application_security_group_ids.#": "0",
                            "security_rule.3782769863.source_port_range": "*",
                            "security_rule.3782769863.source_port_ranges.#": "0",
                            "security_rule.411065545.access": "Allow",
                            "security_rule.411065545.description": "",
                            "security_rule.411065545.destination_address_prefix": "*",
                            "security_rule.411065545.destination_address_prefixes.#": "0",
                            "security_rule.411065545.destination_application_security_group_ids.#": "0",
                            "security_rule.411065545.destination_port_range": "80",
                            "security_rule.411065545.destination_port_ranges.#": "0",
                            "security_rule.411065545.direction": "Inbound",
                            "security_rule.411065545.name": "Allow-P2S-HTTP",
                            "security_rule.411065545.priority": "2001",
                            "security_rule.411065545.protocol": "*",
                            "security_rule.411065545.source_address_prefix": "10.86.60.0/25",
                            "security_rule.411065545.source_address_prefixes.#": "0",
                            "security_rule.411065545.source_application_security_group_ids.#": "0",
                            "security_rule.411065545.source_port_range": "*",
                            "security_rule.411065545.source_port_ranges.#": "0",
                            "tags.%": "0"
                        },
                        "meta": {},
                        "tainted": false
                    },
                    "deposed": [],
                    "provider": "provider.azurerm"
                },
                "azurerm_network_security_group.bpdts-testrg__bpdts-test-nsg": {
                    "type": "azurerm_network_security_group",
                    "depends_on": [],
                    "primary": {
                        "id": "/subscriptions/5efd619c-0d6c-4bf6-a31b-d54ffda461c4/resourceGroups/bpdts-testrg/providers/Microsoft.Network/networkSecurityGroups/bpdts-test-nsg",
                        "attributes": {
                            "id": "/subscriptions/5efd619c-0d6c-4bf6-a31b-d54ffda461c4/resourceGroups/bpdts-testrg/providers/Microsoft.Network/networkSecurityGroups/bpdts-test-nsg",
                            "location": "uksouth",
                            "name": "bpdts-test-nsg",
                            "resource_group_name": "bpdts-testrg",
                            "security_rule.#": "1",
                            "security_rule.1656343434.access": "Allow",
                            "security_rule.1656343434.description": "",
                            "security_rule.1656343434.destination_address_prefix": "*",
                            "security_rule.1656343434.destination_address_prefixes.#": "0",
                            "security_rule.1656343434.destination_application_security_group_ids.#": "0",
                            "security_rule.1656343434.destination_port_range": "3389",
                            "security_rule.1656343434.destination_port_ranges.#": "0",
                            "security_rule.1656343434.direction": "Inbound",
                            "security_rule.1656343434.name": "default-allow-rdp",
                            "security_rule.1656343434.priority": "1000",
                            "security_rule.1656343434.protocol": "TCP",
                            "security_rule.1656343434.source_address_prefix": "*",
                            "security_rule.1656343434.source_address_prefixes.#": "0",
                            "security_rule.1656343434.source_application_security_group_ids.#": "0",
                            "security_rule.1656343434.source_port_range": "*",
                            "security_rule.1656343434.source_port_ranges.#": "0",
                            "tags.%": "0"
                        },
                        "meta": {},
                        "tainted": false
                    },
                    "deposed": [],
                    "provider": "provider.azurerm"
                },
                "azurerm_network_security_group.bpdts-testrg__bpdts-testsql-nsg": {
                    "type": "azurerm_network_security_group",
                    "depends_on": [],
                    "primary": {
                        "id": "/subscriptions/5efd619c-0d6c-4bf6-a31b-d54ffda461c4/resourceGroups/bpdts-testrg/providers/Microsoft.Network/networkSecurityGroups/bpdts-testsql-nsg",
                        "attributes": {
                            "id": "/subscriptions/5efd619c-0d6c-4bf6-a31b-d54ffda461c4/resourceGroups/bpdts-testrg/providers/Microsoft.Network/networkSecurityGroups/bpdts-testsql-nsg",
                            "location": "uksouth",
                            "name": "bpdts-testsql-nsg",
                            "resource_group_name": "bpdts-testrg",
                            "security_rule.#": "1",
                            "security_rule.1656343434.access": "Allow",
                            "security_rule.1656343434.description": "",
                            "security_rule.1656343434.destination_address_prefix": "*",
                            "security_rule.1656343434.destination_address_prefixes.#": "0",
                            "security_rule.1656343434.destination_application_security_group_ids.#": "0",
                            "security_rule.1656343434.destination_port_range": "3389",
                            "security_rule.1656343434.destination_port_ranges.#": "0",
                            "security_rule.1656343434.direction": "Inbound",
                            "security_rule.1656343434.name": "default-allow-rdp",
                            "security_rule.1656343434.priority": "1000",
                            "security_rule.1656343434.protocol": "TCP",
                            "security_rule.1656343434.source_address_prefix": "*",
                            "security_rule.1656343434.source_address_prefixes.#": "0",
                            "security_rule.1656343434.source_application_security_group_ids.#": "0",
                            "security_rule.1656343434.source_port_range": "*",
                            "security_rule.1656343434.source_port_ranges.#": "0",
                            "tags.%": "0"
                        },
                        "meta": {},
                        "tainted": false
                    },
                    "deposed": [],
                    "provider": "provider.azurerm"
                },
                "azurerm_public_ip.EESSI-Test-Cisco01-RG__AZUTSTRTR1-IP": {
                    "type": "azurerm_public_ip",
                    "depends_on": [],
                    "primary": {
                        "id": "/subscriptions/5efd619c-0d6c-4bf6-a31b-d54ffda461c4/resourceGroups/EESSI-Test-Cisco01-RG/providers/Microsoft.Network/publicIPAddresses/AZUTSTRTR1-IP",
                        "attributes": {
                            "fqdn": "azutstrtr1.uksouth.cloudapp.azure.com",
                            "id": "/subscriptions/5efd619c-0d6c-4bf6-a31b-d54ffda461c4/resourceGroups/EESSI-Test-Cisco01-RG/providers/Microsoft.Network/publicIPAddresses/AZUTSTRTR1-IP",
                            "ip_address": "51.140.162.168",
                            "location": "uksouth",
                            "name": "AZUTSTRTR1-IP",
                            "public_ip_address_allocation": "static",
                            "resource_group_name": "EESSI-Test-Cisco01-RG",
                            "sku": "Basic",
                            "tags.%": "0",
                            "zones.#": "0"
                        },
                        "meta": {},
                        "tainted": false
                    },
                    "deposed": [],
                    "provider": "provider.azurerm"
                },
                "azurerm_public_ip.EESSI-Test-Cisco02-RG__AZUTSTRTR2-IP": {
                    "type": "azurerm_public_ip",
                    "depends_on": [],
                    "primary": {
                        "id": "/subscriptions/5efd619c-0d6c-4bf6-a31b-d54ffda461c4/resourceGroups/EESSI-Test-Cisco02-RG/providers/Microsoft.Network/publicIPAddresses/AZUTSTRTR2-IP",
                        "attributes": {
                            "fqdn": "azutstrtr2.uksouth.cloudapp.azure.com",
                            "id": "/subscriptions/5efd619c-0d6c-4bf6-a31b-d54ffda461c4/resourceGroups/EESSI-Test-Cisco02-RG/providers/Microsoft.Network/publicIPAddresses/AZUTSTRTR2-IP",
                            "ip_address": "51.140.36.235",
                            "location": "uksouth",
                            "name": "AZUTSTRTR2-IP",
                            "public_ip_address_allocation": "static",
                            "resource_group_name": "EESSI-Test-Cisco02-RG",
                            "sku": "Basic",
                            "tags.%": "0",
                            "zones.#": "0"
                        },
                        "meta": {},
                        "tainted": false
                    },
                    "deposed": [],
                    "provider": "provider.azurerm"
                },
                "azurerm_public_ip.EESSI-Test-Transit-RG__EESSI-Test-Transit-ERGW-IP": {
                    "type": "azurerm_public_ip",
                    "depends_on": [],
                    "primary": {
                        "id": "/subscriptions/5efd619c-0d6c-4bf6-a31b-d54ffda461c4/resourceGroups/EESSI-Test-Transit-RG/providers/Microsoft.Network/publicIPAddresses/EESSI-Test-Transit-ERGW-IP",
                        "attributes": {
                            "id": "/subscriptions/5efd619c-0d6c-4bf6-a31b-d54ffda461c4/resourceGroups/EESSI-Test-Transit-RG/providers/Microsoft.Network/publicIPAddresses/EESSI-Test-Transit-ERGW-IP",
                            "ip_address": "51.140.183.140",
                            "location": "uksouth",
                            "name": "EESSI-Test-Transit-ERGW-IP",
                            "public_ip_address_allocation": "dynamic",
                            "resource_group_name": "EESSI-Test-Transit-RG",
                            "sku": "Basic",
                            "tags.%": "0",
                            "zones.#": "0"
                        },
                        "meta": {},
                        "tainted": false
                    },
                    "deposed": [],
                    "provider": "provider.azurerm"
                },
                "azurerm_public_ip.EESSI-Test-Transit-RG__aztst-proxy01-ip": {
                    "type": "azurerm_public_ip",
                    "depends_on": [],
                    "primary": {
                        "id": "/subscriptions/5efd619c-0d6c-4bf6-a31b-d54ffda461c4/resourceGroups/EESSI-Test-Transit-RG/providers/Microsoft.Network/publicIPAddresses/aztst-proxy01-ip",
                        "attributes": {
                            "id": "/subscriptions/5efd619c-0d6c-4bf6-a31b-d54ffda461c4/resourceGroups/EESSI-Test-Transit-RG/providers/Microsoft.Network/publicIPAddresses/aztst-proxy01-ip",
                            "location": "uksouth",
                            "name": "aztst-proxy01-ip",
                            "public_ip_address_allocation": "dynamic",
                            "resource_group_name": "EESSI-Test-Transit-RG",
                            "sku": "Basic",
                            "tags.%": "0",
                            "zones.#": "0"
                        },
                        "meta": {},
                        "tainted": false
                    },
                    "deposed": [],
                    "provider": "provider.azurerm"
                },
                "azurerm_public_ip.EESSI-Test-Transit-RG__aztst01-proxy01-ip": {
                    "type": "azurerm_public_ip",
                    "depends_on": [],
                    "primary": {
                        "id": "/subscriptions/5efd619c-0d6c-4bf6-a31b-d54ffda461c4/resourceGroups/EESSI-Test-Transit-RG/providers/Microsoft.Network/publicIPAddresses/aztst01-proxy01-ip",
                        "attributes": {
                            "id": "/subscriptions/5efd619c-0d6c-4bf6-a31b-d54ffda461c4/resourceGroups/EESSI-Test-Transit-RG/providers/Microsoft.Network/publicIPAddresses/aztst01-proxy01-ip",
                            "ip_address": "51.140.62.77",
                            "location": "uksouth",
                            "name": "aztst01-proxy01-ip",
                            "public_ip_address_allocation": "static",
                            "resource_group_name": "EESSI-Test-Transit-RG",
                            "sku": "Basic",
                            "tags.%": "0",
                            "zones.#": "0"
                        },
                        "meta": {},
                        "tainted": false
                    },
                    "deposed": [],
                    "provider": "provider.azurerm"
                },
                "azurerm_public_ip.EESSI-Test01-RINA-App-RG__aztst01-rilb01-ip": {
                    "type": "azurerm_public_ip",
                    "depends_on": [],
                    "primary": {
                        "id": "/subscriptions/5efd619c-0d6c-4bf6-a31b-d54ffda461c4/resourceGroups/EESSI-Test01-RINA-App-RG/providers/Microsoft.Network/publicIPAddresses/aztst01-rilb01-ip",
                        "attributes": {
                            "id": "/subscriptions/5efd619c-0d6c-4bf6-a31b-d54ffda461c4/resourceGroups/EESSI-Test01-RINA-App-RG/providers/Microsoft.Network/publicIPAddresses/aztst01-rilb01-ip",
                            "location": "uksouth",
                            "name": "aztst01-rilb01-ip",
                            "public_ip_address_allocation": "dynamic",
                            "resource_group_name": "EESSI-Test01-RINA-App-RG",
                            "sku": "Basic",
                            "tags.%": "0",
                            "zones.#": "0"
                        },
                        "meta": {},
                        "tainted": false
                    },
                    "deposed": [],
                    "provider": "provider.azurerm"
                },
                "azurerm_resource_group.DefaultResourceGroup-SUK": {
                    "type": "azurerm_resource_group",
                    "depends_on": [],
                    "primary": {
                        "id": "/subscriptions/5efd619c-0d6c-4bf6-a31b-d54ffda461c4/resourceGroups/DefaultResourceGroup-SUK",
                        "attributes": {
                            "id": "/subscriptions/5efd619c-0d6c-4bf6-a31b-d54ffda461c4/resourceGroups/DefaultResourceGroup-SUK",
                            "location": "uksouth",
                            "name": "DefaultResourceGroup-SUK",
                            "tags.%": "0"
                        },
                        "meta": {},
                        "tainted": false
                    },
                    "deposed": [],
                    "provider": "provider.azurerm"
                },
                "azurerm_resource_group.EESSI-Prod-Transit-RG": {
                    "type": "azurerm_resource_group",
                    "depends_on": [],
                    "primary": {
                        "id": "/subscriptions/5efd619c-0d6c-4bf6-a31b-d54ffda461c4/resourceGroups/EESSI-Prod-Transit-RG",
                        "attributes": {
                            "id": "/subscriptions/5efd619c-0d6c-4bf6-a31b-d54ffda461c4/resourceGroups/EESSI-Prod-Transit-RG",
                            "location": "uksouth",
                            "name": "EESSI-Prod-Transit-RG",
                            "tags.%": "0"
                        },
                        "meta": {},
                        "tainted": false
                    },
                    "deposed": [],
                    "provider": "provider.azurerm"
                },
                "azurerm_resource_group.EESSI-SharedResources-RG": {
                    "type": "azurerm_resource_group",
                    "depends_on": [],
                    "primary": {
                        "id": "/subscriptions/5efd619c-0d6c-4bf6-a31b-d54ffda461c4/resourceGroups/EESSI-SharedResources-RG",
                        "attributes": {
                            "id": "/subscriptions/5efd619c-0d6c-4bf6-a31b-d54ffda461c4/resourceGroups/EESSI-SharedResources-RG",
                            "location": "uksouth",
                            "name": "EESSI-SharedResources-RG",
                            "tags.%": "0"
                        },
                        "meta": {},
                        "tainted": false
                    },
                    "deposed": [],
                    "provider": "provider.azurerm"
                },
                "azurerm_resource_group.EESSI-TEST01-RINA-BPM-RG": {
                    "type": "azurerm_resource_group",
                    "depends_on": [],
                    "primary": {
                        "id": "/subscriptions/5efd619c-0d6c-4bf6-a31b-d54ffda461c4/resourceGroups/EESSI-TEST01-RINA-BPM-RG",
                        "attributes": {
                            "id": "/subscriptions/5efd619c-0d6c-4bf6-a31b-d54ffda461c4/resourceGroups/EESSI-TEST01-RINA-BPM-RG",
                            "location": "uksouth",
                            "name": "EESSI-TEST01-RINA-BPM-RG",
                            "tags.%": "0"
                        },
                        "meta": {},
                        "tainted": false
                    },
                    "deposed": [],
                    "provider": "provider.azurerm"
                },
                "azurerm_resource_group.EESSI-TEST01-RINA-ELAST-RG": {
                    "type": "azurerm_resource_group",
                    "depends_on": [],
                    "primary": {
                        "id": "/subscriptions/5efd619c-0d6c-4bf6-a31b-d54ffda461c4/resourceGroups/EESSI-TEST01-RINA-ELAST-RG",
                        "attributes": {
                            "id": "/subscriptions/5efd619c-0d6c-4bf6-a31b-d54ffda461c4/resourceGroups/EESSI-TEST01-RINA-ELAST-RG",
                            "location": "uksouth",
                            "name": "EESSI-TEST01-RINA-ELAST-RG",
                            "tags.%": "0"
                        },
                        "meta": {},
                        "tainted": false
                    },
                    "deposed": [],
                    "provider": "provider.azurerm"
                },
                "azurerm_resource_group.EESSI-TEST01-RINA-FSHARE-RG": {
                    "type": "azurerm_resource_group",
                    "depends_on": [],
                    "primary": {
                        "id": "/subscriptions/5efd619c-0d6c-4bf6-a31b-d54ffda461c4/resourceGroups/EESSI-TEST01-RINA-FSHARE-RG",
                        "attributes": {
                            "id": "/subscriptions/5efd619c-0d6c-4bf6-a31b-d54ffda461c4/resourceGroups/EESSI-TEST01-RINA-FSHARE-RG",
                            "location": "uksouth",
                            "name": "EESSI-TEST01-RINA-FSHARE-RG",
                            "tags.%": "0"
                        },
                        "meta": {},
                        "tainted": false
                    },
                    "deposed": [],
                    "provider": "provider.azurerm"
                },
                "azurerm_resource_group.EESSI-TEST01-RINA-HDK-RG": {
                    "type": "azurerm_resource_group",
                    "depends_on": [],
                    "primary": {
                        "id": "/subscriptions/5efd619c-0d6c-4bf6-a31b-d54ffda461c4/resourceGroups/EESSI-TEST01-RINA-HDK-RG",
                        "attributes": {
                            "id": "/subscriptions/5efd619c-0d6c-4bf6-a31b-d54ffda461c4/resourceGroups/EESSI-TEST01-RINA-HDK-RG",
                            "location": "uksouth",
                            "name": "EESSI-TEST01-RINA-HDK-RG",
                            "tags.%": "0"
                        },
                        "meta": {},
                        "tainted": false
                    },
                    "deposed": [],
                    "provider": "provider.azurerm"
                },
                "azurerm_resource_group.EESSI-TEST01-RINA-LB-RG": {
                    "type": "azurerm_resource_group",
                    "depends_on": [],
                    "primary": {
                        "id": "/subscriptions/5efd619c-0d6c-4bf6-a31b-d54ffda461c4/resourceGroups/EESSI-TEST01-RINA-LB-RG",
                        "attributes": {
                            "id": "/subscriptions/5efd619c-0d6c-4bf6-a31b-d54ffda461c4/resourceGroups/EESSI-TEST01-RINA-LB-RG",
                            "location": "uksouth",
                            "name": "EESSI-TEST01-RINA-LB-RG",
                            "tags.%": "0"
                        },
                        "meta": {},
                        "tainted": false
                    },
                    "deposed": [],
                    "provider": "provider.azurerm"
                },
                "azurerm_resource_group.EESSI-TEST01-RINA-POSTGRE-RG": {
                    "type": "azurerm_resource_group",
                    "depends_on": [],
                    "primary": {
                        "id": "/subscriptions/5efd619c-0d6c-4bf6-a31b-d54ffda461c4/resourceGroups/EESSI-TEST01-RINA-POSTGRE-RG",
                        "attributes": {
                            "id": "/subscriptions/5efd619c-0d6c-4bf6-a31b-d54ffda461c4/resourceGroups/EESSI-TEST01-RINA-POSTGRE-RG",
                            "location": "uksouth",
                            "name": "EESSI-TEST01-RINA-POSTGRE-RG",
                            "tags.%": "0"
                        },
                        "meta": {},
                        "tainted": false
                    },
                    "deposed": [],
                    "provider": "provider.azurerm"
                },
                "azurerm_resource_group.EESSI-TEST01-RINA-REST-RG": {
                    "type": "azurerm_resource_group",
                    "depends_on": [],
                    "primary": {
                        "id": "/subscriptions/5efd619c-0d6c-4bf6-a31b-d54ffda461c4/resourceGroups/EESSI-TEST01-RINA-REST-RG",
                        "attributes": {
                            "id": "/subscriptions/5efd619c-0d6c-4bf6-a31b-d54ffda461c4/resourceGroups/EESSI-TEST01-RINA-REST-RG",
                            "location": "uksouth",
                            "name": "EESSI-TEST01-RINA-REST-RG",
                            "tags.%": "0"
                        },
                        "meta": {},
                        "tainted": false
                    },
                    "deposed": [],
                    "provider": "provider.azurerm"
                },
                "azurerm_resource_group.EESSI-Test-Cisco01-RG": {
                    "type": "azurerm_resource_group",
                    "depends_on": [],
                    "primary": {
                        "id": "/subscriptions/5efd619c-0d6c-4bf6-a31b-d54ffda461c4/resourceGroups/EESSI-Test-Cisco01-RG",
                        "attributes": {
                            "id": "/subscriptions/5efd619c-0d6c-4bf6-a31b-d54ffda461c4/resourceGroups/EESSI-Test-Cisco01-RG",
                            "location": "uksouth",
                            "name": "EESSI-Test-Cisco01-RG",
                            "tags.%": "0"
                        },
                        "meta": {},
                        "tainted": false
                    },
                    "deposed": [],
                    "provider": "provider.azurerm"
                },
                "azurerm_resource_group.EESSI-Test-Cisco02-RG": {
                    "type": "azurerm_resource_group",
                    "depends_on": [],
                    "primary": {
                        "id": "/subscriptions/5efd619c-0d6c-4bf6-a31b-d54ffda461c4/resourceGroups/EESSI-Test-Cisco02-RG",
                        "attributes": {
                            "id": "/subscriptions/5efd619c-0d6c-4bf6-a31b-d54ffda461c4/resourceGroups/EESSI-Test-Cisco02-RG",
                            "location": "uksouth",
                            "name": "EESSI-Test-Cisco02-RG",
                            "tags.%": "0"
                        },
                        "meta": {},
                        "tainted": false
                    },
                    "deposed": [],
                    "provider": "provider.azurerm"
                },
                "azurerm_resource_group.EESSI-Test-KV-RG": {
                    "type": "azurerm_resource_group",
                    "depends_on": [],
                    "primary": {
                        "id": "/subscriptions/5efd619c-0d6c-4bf6-a31b-d54ffda461c4/resourceGroups/EESSI-Test-KV-RG",
                        "attributes": {
                            "id": "/subscriptions/5efd619c-0d6c-4bf6-a31b-d54ffda461c4/resourceGroups/EESSI-Test-KV-RG",
                            "location": "uksouth",
                            "name": "EESSI-Test-KV-RG",
                            "tags.%": "0"
                        },
                        "meta": {},
                        "tainted": false
                    },
                    "deposed": [],
                    "provider": "provider.azurerm"
                },
                "azurerm_resource_group.EESSI-Test-OMS-RG": {
                    "type": "azurerm_resource_group",
                    "depends_on": [],
                    "primary": {
                        "id": "/subscriptions/5efd619c-0d6c-4bf6-a31b-d54ffda461c4/resourceGroups/EESSI-Test-OMS-RG",
                        "attributes": {
                            "id": "/subscriptions/5efd619c-0d6c-4bf6-a31b-d54ffda461c4/resourceGroups/EESSI-Test-OMS-RG",
                            "location": "uksouth",
                            "name": "EESSI-Test-OMS-RG",
                            "tags.%": "0"
                        },
                        "meta": {},
                        "tainted": false
                    },
                    "deposed": [],
                    "provider": "provider.azurerm"
                },
                "azurerm_resource_group.EESSI-Test-Shared-AD-RG": {
                    "type": "azurerm_resource_group",
                    "depends_on": [],
                    "primary": {
                        "id": "/subscriptions/5efd619c-0d6c-4bf6-a31b-d54ffda461c4/resourceGroups/EESSI-Test-Shared-AD-RG",
                        "attributes": {
                            "id": "/subscriptions/5efd619c-0d6c-4bf6-a31b-d54ffda461c4/resourceGroups/EESSI-Test-Shared-AD-RG",
                            "location": "uksouth",
                            "name": "EESSI-Test-Shared-AD-RG",
                            "tags.%": "0"
                        },
                        "meta": {},
                        "tainted": false
                    },
                    "deposed": [],
                    "provider": "provider.azurerm"
                },
                "azurerm_resource_group.EESSI-Test-Shared-BKP-RG": {
                    "type": "azurerm_resource_group",
                    "depends_on": [],
                    "primary": {
                        "id": "/subscriptions/5efd619c-0d6c-4bf6-a31b-d54ffda461c4/resourceGroups/EESSI-Test-Shared-BKP-RG",
                        "attributes": {
                            "id": "/subscriptions/5efd619c-0d6c-4bf6-a31b-d54ffda461c4/resourceGroups/EESSI-Test-Shared-BKP-RG",
                            "location": "uksouth",
                            "name": "EESSI-Test-Shared-BKP-RG",
                            "tags.%": "0"
                        },
                        "meta": {},
                        "tainted": false
                    },
                    "deposed": [],
                    "provider": "provider.azurerm"
                },
                "azurerm_resource_group.EESSI-Test-Shared-RG": {
                    "type": "azurerm_resource_group",
                    "depends_on": [],
                    "primary": {
                        "id": "/subscriptions/5efd619c-0d6c-4bf6-a31b-d54ffda461c4/resourceGroups/EESSI-Test-Shared-RG",
                        "attributes": {
                            "id": "/subscriptions/5efd619c-0d6c-4bf6-a31b-d54ffda461c4/resourceGroups/EESSI-Test-Shared-RG",
                            "location": "uksouth",
                            "name": "EESSI-Test-Shared-RG",
                            "tags.%": "0"
                        },
                        "meta": {},
                        "tainted": false
                    },
                    "deposed": [],
                    "provider": "provider.azurerm"
                },
                "azurerm_resource_group.EESSI-Test-Shared-WSUS-RG": {
                    "type": "azurerm_resource_group",
                    "depends_on": [],
                    "primary": {
                        "id": "/subscriptions/5efd619c-0d6c-4bf6-a31b-d54ffda461c4/resourceGroups/EESSI-Test-Shared-WSUS-RG",
                        "attributes": {
                            "id": "/subscriptions/5efd619c-0d6c-4bf6-a31b-d54ffda461c4/resourceGroups/EESSI-Test-Shared-WSUS-RG",
                            "location": "uksouth",
                            "name": "EESSI-Test-Shared-WSUS-RG",
                            "tags.%": "0"
                        },
                        "meta": {},
                        "tainted": false
                    },
                    "deposed": [],
                    "provider": "provider.azurerm"
                },
                "azurerm_resource_group.EESSI-Test-Transit-RG": {
                    "type": "azurerm_resource_group",
                    "depends_on": [],
                    "primary": {
                        "id": "/subscriptions/5efd619c-0d6c-4bf6-a31b-d54ffda461c4/resourceGroups/EESSI-Test-Transit-RG",
                        "attributes": {
                            "id": "/subscriptions/5efd619c-0d6c-4bf6-a31b-d54ffda461c4/resourceGroups/EESSI-Test-Transit-RG",
                            "location": "uksouth",
                            "name": "EESSI-Test-Transit-RG",
                            "tags.%": "0"
                        },
                        "meta": {},
                        "tainted": false
                    },
                    "deposed": [],
                    "provider": "provider.azurerm"
                },
                "azurerm_resource_group.EESSI-Test01-AP-Biz-RG": {
                    "type": "azurerm_resource_group",
                    "depends_on": [],
                    "primary": {
                        "id": "/subscriptions/5efd619c-0d6c-4bf6-a31b-d54ffda461c4/resourceGroups/EESSI-Test01-AP-Biz-RG",
                        "attributes": {
                            "id": "/subscriptions/5efd619c-0d6c-4bf6-a31b-d54ffda461c4/resourceGroups/EESSI-Test01-AP-Biz-RG",
                            "location": "uksouth",
                            "name": "EESSI-Test01-AP-Biz-RG",
                            "tags.%": "0"
                        },
                        "meta": {},
                        "tainted": false
                    },
                    "deposed": [],
                    "provider": "provider.azurerm"
                },
                "azurerm_resource_group.EESSI-Test01-AP-FS-RG": {
                    "type": "azurerm_resource_group",
                    "depends_on": [],
                    "primary": {
                        "id": "/subscriptions/5efd619c-0d6c-4bf6-a31b-d54ffda461c4/resourceGroups/EESSI-Test01-AP-FS-RG",
                        "attributes": {
                            "id": "/subscriptions/5efd619c-0d6c-4bf6-a31b-d54ffda461c4/resourceGroups/EESSI-Test01-AP-FS-RG",
                            "location": "uksouth",
                            "name": "EESSI-Test01-AP-FS-RG",
                            "tags.%": "0"
                        },
                        "meta": {},
                        "tainted": false
                    },
                    "deposed": [],
                    "provider": "provider.azurerm"
                },
                "azurerm_resource_group.EESSI-Test01-AP-SQL-RG": {
                    "type": "azurerm_resource_group",
                    "depends_on": [],
                    "primary": {
                        "id": "/subscriptions/5efd619c-0d6c-4bf6-a31b-d54ffda461c4/resourceGroups/EESSI-Test01-AP-SQL-RG",
                        "attributes": {
                            "id": "/subscriptions/5efd619c-0d6c-4bf6-a31b-d54ffda461c4/resourceGroups/EESSI-Test01-AP-SQL-RG",
                            "location": "uksouth",
                            "name": "EESSI-Test01-AP-SQL-RG",
                            "tags.%": "0"
                        },
                        "meta": {},
                        "tainted": false
                    },
                    "deposed": [],
                    "provider": "provider.azurerm"
                },
                "azurerm_resource_group.EESSI-Test01-AP-Shared-RG": {
                    "type": "azurerm_resource_group",
                    "depends_on": [],
                    "primary": {
                        "id": "/subscriptions/5efd619c-0d6c-4bf6-a31b-d54ffda461c4/resourceGroups/EESSI-Test01-AP-Shared-RG",
                        "attributes": {
                            "id": "/subscriptions/5efd619c-0d6c-4bf6-a31b-d54ffda461c4/resourceGroups/EESSI-Test01-AP-Shared-RG",
                            "location": "uksouth",
                            "name": "EESSI-Test01-AP-Shared-RG",
                            "tags.%": "0"
                        },
                        "meta": {},
                        "tainted": false
                    },
                    "deposed": [],
                    "provider": "provider.azurerm"
                },
                "azurerm_resource_group.EESSI-Test01-RINA-App-RG": {
                    "type": "azurerm_resource_group",
                    "depends_on": [],
                    "primary": {
                        "id": "/subscriptions/5efd619c-0d6c-4bf6-a31b-d54ffda461c4/resourceGroups/EESSI-Test01-RINA-App-RG",
                        "attributes": {
                            "id": "/subscriptions/5efd619c-0d6c-4bf6-a31b-d54ffda461c4/resourceGroups/EESSI-Test01-RINA-App-RG",
                            "location": "uksouth",
                            "name": "EESSI-Test01-RINA-App-RG",
                            "tags.%": "0"
                        },
                        "meta": {},
                        "tainted": false
                    },
                    "deposed": [],
                    "provider": "provider.azurerm"
                },
                "azurerm_resource_group.EESSI-Test01-RINA-Shared-RG": {
                    "type": "azurerm_resource_group",
                    "depends_on": [],
                    "primary": {
                        "id": "/subscriptions/5efd619c-0d6c-4bf6-a31b-d54ffda461c4/resourceGroups/EESSI-Test01-RINA-Shared-RG",
                        "attributes": {
                            "id": "/subscriptions/5efd619c-0d6c-4bf6-a31b-d54ffda461c4/resourceGroups/EESSI-Test01-RINA-Shared-RG",
                            "location": "uksouth",
                            "name": "EESSI-Test01-RINA-Shared-RG",
                            "tags.%": "0"
                        },
                        "meta": {},
                        "tainted": false
                    },
                    "deposed": [],
                    "provider": "provider.azurerm"
                },
                "azurerm_resource_group.EESSI-Test02-AP-Biz-RG": {
                    "type": "azurerm_resource_group",
                    "depends_on": [],
                    "primary": {
                        "id": "/subscriptions/5efd619c-0d6c-4bf6-a31b-d54ffda461c4/resourceGroups/EESSI-Test02-AP-Biz-RG",
                        "attributes": {
                            "id": "/subscriptions/5efd619c-0d6c-4bf6-a31b-d54ffda461c4/resourceGroups/EESSI-Test02-AP-Biz-RG",
                            "location": "uksouth",
                            "name": "EESSI-Test02-AP-Biz-RG",
                            "tags.%": "0"
                        },
                        "meta": {},
                        "tainted": false
                    },
                    "deposed": [],
                    "provider": "provider.azurerm"
                },
                "azurerm_resource_group.EESSI-Test02-AP-FS-RG": {
                    "type": "azurerm_resource_group",
                    "depends_on": [],
                    "primary": {
                        "id": "/subscriptions/5efd619c-0d6c-4bf6-a31b-d54ffda461c4/resourceGroups/EESSI-Test02-AP-FS-RG",
                        "attributes": {
                            "id": "/subscriptions/5efd619c-0d6c-4bf6-a31b-d54ffda461c4/resourceGroups/EESSI-Test02-AP-FS-RG",
                            "location": "uksouth",
                            "name": "EESSI-Test02-AP-FS-RG",
                            "tags.%": "0"
                        },
                        "meta": {},
                        "tainted": false
                    },
                    "deposed": [],
                    "provider": "provider.azurerm"
                },
                "azurerm_resource_group.EESSI-Test02-AP-SQL-RG": {
                    "type": "azurerm_resource_group",
                    "depends_on": [],
                    "primary": {
                        "id": "/subscriptions/5efd619c-0d6c-4bf6-a31b-d54ffda461c4/resourceGroups/EESSI-Test02-AP-SQL-RG",
                        "attributes": {
                            "id": "/subscriptions/5efd619c-0d6c-4bf6-a31b-d54ffda461c4/resourceGroups/EESSI-Test02-AP-SQL-RG",
                            "location": "uksouth",
                            "name": "EESSI-Test02-AP-SQL-RG",
                            "tags.%": "0"
                        },
                        "meta": {},
                        "tainted": false
                    },
                    "deposed": [],
                    "provider": "provider.azurerm"
                },
                "azurerm_resource_group.EESSI-Test02-AP-Shared-RG": {
                    "type": "azurerm_resource_group",
                    "depends_on": [],
                    "primary": {
                        "id": "/subscriptions/5efd619c-0d6c-4bf6-a31b-d54ffda461c4/resourceGroups/EESSI-Test02-AP-Shared-RG",
                        "attributes": {
                            "id": "/subscriptions/5efd619c-0d6c-4bf6-a31b-d54ffda461c4/resourceGroups/EESSI-Test02-AP-Shared-RG",
                            "location": "uksouth",
                            "name": "EESSI-Test02-AP-Shared-RG",
                            "tags.%": "0"
                        },
                        "meta": {},
                        "tainted": false
                    },
                    "deposed": [],
                    "provider": "provider.azurerm"
                },
                "azurerm_resource_group.EESSI-Test02-RINA-BPM-RG": {
                    "type": "azurerm_resource_group",
                    "depends_on": [],
                    "primary": {
                        "id": "/subscriptions/5efd619c-0d6c-4bf6-a31b-d54ffda461c4/resourceGroups/EESSI-Test02-RINA-BPM-RG",
                        "attributes": {
                            "id": "/subscriptions/5efd619c-0d6c-4bf6-a31b-d54ffda461c4/resourceGroups/EESSI-Test02-RINA-BPM-RG",
                            "location": "uksouth",
                            "name": "EESSI-Test02-RINA-BPM-RG",
                            "tags.%": "0"
                        },
                        "meta": {},
                        "tainted": false
                    },
                    "deposed": [],
                    "provider": "provider.azurerm"
                },
                "azurerm_resource_group.EESSI-Test02-RINA-ELAST-RG": {
                    "type": "azurerm_resource_group",
                    "depends_on": [],
                    "primary": {
                        "id": "/subscriptions/5efd619c-0d6c-4bf6-a31b-d54ffda461c4/resourceGroups/EESSI-Test02-RINA-ELAST-RG",
                        "attributes": {
                            "id": "/subscriptions/5efd619c-0d6c-4bf6-a31b-d54ffda461c4/resourceGroups/EESSI-Test02-RINA-ELAST-RG",
                            "location": "uksouth",
                            "name": "EESSI-Test02-RINA-ELAST-RG",
                            "tags.%": "0"
                        },
                        "meta": {},
                        "tainted": false
                    },
                    "deposed": [],
                    "provider": "provider.azurerm"
                },
                "azurerm_resource_group.EESSI-Test02-RINA-FS-RG": {
                    "type": "azurerm_resource_group",
                    "depends_on": [],
                    "primary": {
                        "id": "/subscriptions/5efd619c-0d6c-4bf6-a31b-d54ffda461c4/resourceGroups/EESSI-Test02-RINA-FS-RG",
                        "attributes": {
                            "id": "/subscriptions/5efd619c-0d6c-4bf6-a31b-d54ffda461c4/resourceGroups/EESSI-Test02-RINA-FS-RG",
                            "location": "uksouth",
                            "name": "EESSI-Test02-RINA-FS-RG",
                            "tags.%": "0"
                        },
                        "meta": {},
                        "tainted": false
                    },
                    "deposed": [],
                    "provider": "provider.azurerm"
                },
                "azurerm_resource_group.EESSI-Test02-RINA-HOLO-RG": {
                    "type": "azurerm_resource_group",
                    "depends_on": [],
                    "primary": {
                        "id": "/subscriptions/5efd619c-0d6c-4bf6-a31b-d54ffda461c4/resourceGroups/EESSI-Test02-RINA-HOLO-RG",
                        "attributes": {
                            "id": "/subscriptions/5efd619c-0d6c-4bf6-a31b-d54ffda461c4/resourceGroups/EESSI-Test02-RINA-HOLO-RG",
                            "location": "uksouth",
                            "name": "EESSI-Test02-RINA-HOLO-RG",
                            "tags.%": "0"
                        },
                        "meta": {},
                        "tainted": false
                    },
                    "deposed": [],
                    "provider": "provider.azurerm"
                },
                "azurerm_resource_group.EESSI-Test02-RINA-LB-RG": {
                    "type": "azurerm_resource_group",
                    "depends_on": [],
                    "primary": {
                        "id": "/subscriptions/5efd619c-0d6c-4bf6-a31b-d54ffda461c4/resourceGroups/EESSI-Test02-RINA-LB-RG",
                        "attributes": {
                            "id": "/subscriptions/5efd619c-0d6c-4bf6-a31b-d54ffda461c4/resourceGroups/EESSI-Test02-RINA-LB-RG",
                            "location": "uksouth",
                            "name": "EESSI-Test02-RINA-LB-RG",
                            "tags.%": "0"
                        },
                        "meta": {},
                        "tainted": false
                    },
                    "deposed": [],
                    "provider": "provider.azurerm"
                },
                "azurerm_resource_group.EESSI-Test02-RINA-REST-RG": {
                    "type": "azurerm_resource_group",
                    "depends_on": [],
                    "primary": {
                        "id": "/subscriptions/5efd619c-0d6c-4bf6-a31b-d54ffda461c4/resourceGroups/EESSI-Test02-RINA-REST-RG",
                        "attributes": {
                            "id": "/subscriptions/5efd619c-0d6c-4bf6-a31b-d54ffda461c4/resourceGroups/EESSI-Test02-RINA-REST-RG",
                            "location": "uksouth",
                            "name": "EESSI-Test02-RINA-REST-RG",
                            "tags.%": "0"
                        },
                        "meta": {},
                        "tainted": false
                    },
                    "deposed": [],
                    "provider": "provider.azurerm"
                },
                "azurerm_resource_group.EESSI-Test02-RINA-SQL-RG": {
                    "type": "azurerm_resource_group",
                    "depends_on": [],
                    "primary": {
                        "id": "/subscriptions/5efd619c-0d6c-4bf6-a31b-d54ffda461c4/resourceGroups/EESSI-Test02-RINA-SQL-RG",
                        "attributes": {
                            "id": "/subscriptions/5efd619c-0d6c-4bf6-a31b-d54ffda461c4/resourceGroups/EESSI-Test02-RINA-SQL-RG",
                            "location": "uksouth",
                            "name": "EESSI-Test02-RINA-SQL-RG",
                            "tags.%": "0"
                        },
                        "meta": {},
                        "tainted": false
                    },
                    "deposed": [],
                    "provider": "provider.azurerm"
                },
                "azurerm_resource_group.EESSI-Test02-RINA-Shared-RG": {
                    "type": "azurerm_resource_group",
                    "depends_on": [],
                    "primary": {
                        "id": "/subscriptions/5efd619c-0d6c-4bf6-a31b-d54ffda461c4/resourceGroups/EESSI-Test02-RINA-Shared-RG",
                        "attributes": {
                            "id": "/subscriptions/5efd619c-0d6c-4bf6-a31b-d54ffda461c4/resourceGroups/EESSI-Test02-RINA-Shared-RG",
                            "location": "uksouth",
                            "name": "EESSI-Test02-RINA-Shared-RG",
                            "tags.%": "0"
                        },
                        "meta": {},
                        "tainted": false
                    },
                    "deposed": [],
                    "provider": "provider.azurerm"
                },
                "azurerm_resource_group.NetworkWatcherRG": {
                    "type": "azurerm_resource_group",
                    "depends_on": [],
                    "primary": {
                        "id": "/subscriptions/5efd619c-0d6c-4bf6-a31b-d54ffda461c4/resourceGroups/NetworkWatcherRG",
                        "attributes": {
                            "id": "/subscriptions/5efd619c-0d6c-4bf6-a31b-d54ffda461c4/resourceGroups/NetworkWatcherRG",
                            "location": "uksouth",
                            "name": "NetworkWatcherRG",
                            "tags.%": "0"
                        },
                        "meta": {},
                        "tainted": false
                    },
                    "deposed": [],
                    "provider": "provider.azurerm"
                },
                "azurerm_resource_group.RG-Auto": {
                    "type": "azurerm_resource_group",
                    "depends_on": [],
                    "primary": {
                        "id": "/subscriptions/5efd619c-0d6c-4bf6-a31b-d54ffda461c4/resourceGroups/RG-Auto",
                        "attributes": {
                            "id": "/subscriptions/5efd619c-0d6c-4bf6-a31b-d54ffda461c4/resourceGroups/RG-Auto",
                            "location": "uksouth",
                            "name": "RG-Auto",
                            "tags.%": "0"
                        },
                        "meta": {},
                        "tainted": false
                    },
                    "deposed": [],
                    "provider": "provider.azurerm"
                },
                "azurerm_resource_group.RG-OMS": {
                    "type": "azurerm_resource_group",
                    "depends_on": [],
                    "primary": {
                        "id": "/subscriptions/5efd619c-0d6c-4bf6-a31b-d54ffda461c4/resourceGroups/RG-OMS",
                        "attributes": {
                            "id": "/subscriptions/5efd619c-0d6c-4bf6-a31b-d54ffda461c4/resourceGroups/RG-OMS",
                            "location": "uksouth",
                            "name": "RG-OMS",
                            "tags.%": "0"
                        },
                        "meta": {},
                        "tainted": false
                    },
                    "deposed": [],
                    "provider": "provider.azurerm"
                },
                "azurerm_resource_group.RG-Rina2Rina-Playground": {
                    "type": "azurerm_resource_group",
                    "depends_on": [],
                    "primary": {
                        "id": "/subscriptions/5efd619c-0d6c-4bf6-a31b-d54ffda461c4/resourceGroups/RG-Rina2Rina-Playground",
                        "attributes": {
                            "id": "/subscriptions/5efd619c-0d6c-4bf6-a31b-d54ffda461c4/resourceGroups/RG-Rina2Rina-Playground",
                            "location": "uksouth",
                            "name": "RG-Rina2Rina-Playground",
                            "tags.%": "0"
                        },
                        "meta": {},
                        "tainted": false
                    },
                    "deposed": [],
                    "provider": "provider.azurerm"
                },
                "azurerm_resource_group.Testing_Sue": {
                    "type": "azurerm_resource_group",
                    "depends_on": [],
                    "primary": {
                        "id": "/subscriptions/5efd619c-0d6c-4bf6-a31b-d54ffda461c4/resourceGroups/Testing_Sue",
                        "attributes": {
                            "id": "/subscriptions/5efd619c-0d6c-4bf6-a31b-d54ffda461c4/resourceGroups/Testing_Sue",
                            "location": "uksouth",
                            "name": "Testing_Sue",
                            "tags.%": "0"
                        },
                        "meta": {},
                        "tainted": false
                    },
                    "deposed": [],
                    "provider": "provider.azurerm"
                },
                "azurerm_resource_group.bpdts-test-rg": {
                    "type": "azurerm_resource_group",
                    "depends_on": [],
                    "primary": {
                        "id": "/subscriptions/5efd619c-0d6c-4bf6-a31b-d54ffda461c4/resourceGroups/bpdts-test-rg",
                        "attributes": {
                            "id": "/subscriptions/5efd619c-0d6c-4bf6-a31b-d54ffda461c4/resourceGroups/bpdts-test-rg",
                            "location": "uksouth",
                            "name": "bpdts-test-rg",
                            "tags.%": "0"
                        },
                        "meta": {},
                        "tainted": false
                    },
                    "deposed": [],
                    "provider": "provider.azurerm"
                },
                "azurerm_resource_group.bpdts-testrg": {
                    "type": "azurerm_resource_group",
                    "depends_on": [],
                    "primary": {
                        "id": "/subscriptions/5efd619c-0d6c-4bf6-a31b-d54ffda461c4/resourceGroups/bpdts-testrg",
                        "attributes": {
                            "id": "/subscriptions/5efd619c-0d6c-4bf6-a31b-d54ffda461c4/resourceGroups/bpdts-testrg",
                            "location": "uksouth",
                            "name": "bpdts-testrg",
                            "tags.%": "0"
                        },
                        "meta": {},
                        "tainted": false
                    },
                    "deposed": [],
                    "provider": "provider.azurerm"
                },
                "azurerm_route_table.EESSI-Test-Cisco01-RG__Proxy-CSR-RouteTable": {
                    "type": "azurerm_route_table",
                    "depends_on": [],
                    "primary": {
                        "id": "/subscriptions/5efd619c-0d6c-4bf6-a31b-d54ffda461c4/resourceGroups/EESSI-Test-Cisco01-RG/providers/Microsoft.Network/routeTables/Proxy-CSR-RouteTable",
                        "attributes": {
                            "id": "/subscriptions/5efd619c-0d6c-4bf6-a31b-d54ffda461c4/resourceGroups/EESSI-Test-Cisco01-RG/providers/Microsoft.Network/routeTables/Proxy-CSR-RouteTable",
                            "location": "uksouth",
                            "name": "Proxy-CSR-RouteTable",
                            "resource_group_name": "EESSI-Test-Cisco01-RG",
                            "route.#": "0",
                            "subnets.#": "0",
                            "tags.%": "0"
                        },
                        "meta": {},
                        "tainted": false
                    },
                    "deposed": [],
                    "provider": "provider.azurerm"
                },
                "azurerm_route_table.EESSI-Test-Transit-RG__CSR1-Outside-CSR-RouteTable": {
                    "type": "azurerm_route_table",
                    "depends_on": [],
                    "primary": {
                        "id": "/subscriptions/5efd619c-0d6c-4bf6-a31b-d54ffda461c4/resourceGroups/EESSI-Test-Transit-RG/providers/Microsoft.Network/routeTables/CSR1-Outside-CSR-RouteTable",
                        "attributes": {
                            "id": "/subscriptions/5efd619c-0d6c-4bf6-a31b-d54ffda461c4/resourceGroups/EESSI-Test-Transit-RG/providers/Microsoft.Network/routeTables/CSR1-Outside-CSR-RouteTable",
                            "location": "uksouth",
                            "name": "CSR1-Outside-CSR-RouteTable",
                            "resource_group_name": "EESSI-Test-Transit-RG",
                            "route.#": "0",
                            "subnets.#": "1",
                            "subnets.3017663915": "/subscriptions/5efd619c-0d6c-4bf6-a31b-d54ffda461c4/resourceGroups/EESSI-Test-Transit-RG/providers/Microsoft.Network/virtualNetworks/EESSI-Test-Transit-vNet/subnets/CSR1-Outside",
                            "tags.%": "0"
                        },
                        "meta": {},
                        "tainted": false
                    },
                    "deposed": [],
                    "provider": "provider.azurerm"
                },
                "azurerm_route_table.EESSI-Test-Transit-RG__CSR2-Outside-CSR-RouteTable": {
                    "type": "azurerm_route_table",
                    "depends_on": [],
                    "primary": {
                        "id": "/subscriptions/5efd619c-0d6c-4bf6-a31b-d54ffda461c4/resourceGroups/EESSI-Test-Transit-RG/providers/Microsoft.Network/routeTables/CSR2-Outside-CSR-RouteTable",
                        "attributes": {
                            "id": "/subscriptions/5efd619c-0d6c-4bf6-a31b-d54ffda461c4/resourceGroups/EESSI-Test-Transit-RG/providers/Microsoft.Network/routeTables/CSR2-Outside-CSR-RouteTable",
                            "location": "uksouth",
                            "name": "CSR2-Outside-CSR-RouteTable",
                            "resource_group_name": "EESSI-Test-Transit-RG",
                            "route.#": "0",
                            "subnets.#": "1",
                            "subnets.2320554350": "/subscriptions/5efd619c-0d6c-4bf6-a31b-d54ffda461c4/resourceGroups/EESSI-Test-Transit-RG/providers/Microsoft.Network/virtualNetworks/EESSI-Test-Transit-vNet/subnets/CSR2-Outside",
                            "tags.%": "0"
                        },
                        "meta": {},
                        "tainted": false
                    },
                    "deposed": [],
                    "provider": "provider.azurerm"
                },
                "azurerm_route_table.EESSI-Test-Transit-RG__GatewaySubnet-CSR-RouteTable": {
                    "type": "azurerm_route_table",
                    "depends_on": [],
                    "primary": {
                        "id": "/subscriptions/5efd619c-0d6c-4bf6-a31b-d54ffda461c4/resourceGroups/EESSI-Test-Transit-RG/providers/Microsoft.Network/routeTables/GatewaySubnet-CSR-RouteTable",
                        "attributes": {
                            "id": "/subscriptions/5efd619c-0d6c-4bf6-a31b-d54ffda461c4/resourceGroups/EESSI-Test-Transit-RG/providers/Microsoft.Network/routeTables/GatewaySubnet-CSR-RouteTable",
                            "location": "uksouth",
                            "name": "GatewaySubnet-CSR-RouteTable",
                            "resource_group_name": "EESSI-Test-Transit-RG",
                            "route.#": "0",
                            "subnets.#": "1",
                            "subnets.2717863815": "/subscriptions/5efd619c-0d6c-4bf6-a31b-d54ffda461c4/resourceGroups/EESSI-Test-Transit-RG/providers/Microsoft.Network/virtualNetworks/EESSI-Test-Transit-vNet/subnets/GatewaySubnet",
                            "tags.%": "0"
                        },
                        "meta": {},
                        "tainted": false
                    },
                    "deposed": [],
                    "provider": "provider.azurerm"
                },
                "azurerm_route_table.EESSI-Test-Transit-RG__Inside-CSR-RouteTable": {
                    "type": "azurerm_route_table",
                    "depends_on": [],
                    "primary": {
                        "id": "/subscriptions/5efd619c-0d6c-4bf6-a31b-d54ffda461c4/resourceGroups/EESSI-Test-Transit-RG/providers/Microsoft.Network/routeTables/Inside-CSR-RouteTable",
                        "attributes": {
                            "id": "/subscriptions/5efd619c-0d6c-4bf6-a31b-d54ffda461c4/resourceGroups/EESSI-Test-Transit-RG/providers/Microsoft.Network/routeTables/Inside-CSR-RouteTable",
                            "location": "uksouth",
                            "name": "Inside-CSR-RouteTable",
                            "resource_group_name": "EESSI-Test-Transit-RG",
                            "route.#": "1",
                            "route.0.address_prefix": "0.0.0.0/0",
                            "route.0.name": "Default-Gateway",
                            "route.0.next_hop_in_ip_address": "10.80.22.68",
                            "route.0.next_hop_type": "VirtualAppliance",
                            "subnets.#": "1",
                            "subnets.4061770387": "/subscriptions/5efd619c-0d6c-4bf6-a31b-d54ffda461c4/resourceGroups/EESSI-Test-Transit-RG/providers/Microsoft.Network/virtualNetworks/EESSI-Test-Transit-vNet/subnets/Inside",
                            "tags.%": "0"
                        },
                        "meta": {},
                        "tainted": false
                    },
                    "deposed": [],
                    "provider": "provider.azurerm"
                },
                "azurerm_route_table.EESSI-Test-Transit-RG__Management-CSR-RouteTable": {
                    "type": "azurerm_route_table",
                    "depends_on": [],
                    "primary": {
                        "id": "/subscriptions/5efd619c-0d6c-4bf6-a31b-d54ffda461c4/resourceGroups/EESSI-Test-Transit-RG/providers/Microsoft.Network/routeTables/Management-CSR-RouteTable",
                        "attributes": {
                            "id": "/subscriptions/5efd619c-0d6c-4bf6-a31b-d54ffda461c4/resourceGroups/EESSI-Test-Transit-RG/providers/Microsoft.Network/routeTables/Management-CSR-RouteTable",
                            "location": "uksouth",
                            "name": "Management-CSR-RouteTable",
                            "resource_group_name": "EESSI-Test-Transit-RG",
                            "route.#": "0",
                            "subnets.#": "1",
                            "subnets.789128065": "/subscriptions/5efd619c-0d6c-4bf6-a31b-d54ffda461c4/resourceGroups/EESSI-Test-Transit-RG/providers/Microsoft.Network/virtualNetworks/EESSI-Test-Transit-vNet/subnets/Management",
                            "tags.%": "0"
                        },
                        "meta": {},
                        "tainted": false
                    },
                    "deposed": [],
                    "provider": "provider.azurerm"
                },
                "azurerm_route_table.EESSI-Test01-AP-Shared-RG__Test01-AP-to-CSR": {
                    "type": "azurerm_route_table",
                    "depends_on": [],
                    "primary": {
                        "id": "/subscriptions/5efd619c-0d6c-4bf6-a31b-d54ffda461c4/resourceGroups/EESSI-Test01-AP-Shared-RG/providers/Microsoft.Network/routeTables/Test01-AP-to-CSR",
                        "attributes": {
                            "id": "/subscriptions/5efd619c-0d6c-4bf6-a31b-d54ffda461c4/resourceGroups/EESSI-Test01-AP-Shared-RG/providers/Microsoft.Network/routeTables/Test01-AP-to-CSR",
                            "location": "uksouth",
                            "name": "Test01-AP-to-CSR",
                            "resource_group_name": "EESSI-Test01-AP-Shared-RG",
                            "route.#": "1",
                            "route.0.address_prefix": "0.0.0.0/0",
                            "route.0.name": "Default-Gateway",
                            "route.0.next_hop_in_ip_address": "10.80.22.68",
                            "route.0.next_hop_type": "VirtualAppliance",
                            "subnets.#": "1",
                            "subnets.2499044880": "/subscriptions/5efd619c-0d6c-4bf6-a31b-d54ffda461c4/resourceGroups/EESSI-Test01-AP-Shared-RG/providers/Microsoft.Network/virtualNetworks/EESSI-Test01-AP-vNet/subnets/Application",
                            "tags.%": "0"
                        },
                        "meta": {},
                        "tainted": false
                    },
                    "deposed": [],
                    "provider": "provider.azurerm"
                },
                "azurerm_storage_account.EESSI-TEST01-RINA-BPM-RG__eessitest01ribpmdiagsa": {
                    "type": "azurerm_storage_account",
                    "depends_on": [],
                    "primary": {
                        "id": "/subscriptions/5efd619c-0d6c-4bf6-a31b-d54ffda461c4/resourceGroups/EESSI-TEST01-RINA-BPM-RG/providers/Microsoft.Storage/storageAccounts/eessitest01ribpmdiagsa",
                        "attributes": {
                            "access_tier": "",
                            "account_encryption_source": "Microsoft.Storage",
                            "account_kind": "Storage",
                            "account_replication_type": "LRS",
                            "account_tier": "Standard",
                            "account_type": "Standard_LRS",
                            "enable_blob_encryption": "true",
                            "enable_file_encryption": "true",
                            "enable_https_traffic_only": "false",
                            "id": "/subscriptions/5efd619c-0d6c-4bf6-a31b-d54ffda461c4/resourceGroups/EESSI-TEST01-RINA-BPM-RG/providers/Microsoft.Storage/storageAccounts/eessitest01ribpmdiagsa",
                            "location": "uksouth",
                            "name": "eessitest01ribpmdiagsa",
                            "primary_access_key": "z6jNODSX86fL+v89Z7pIx1S8xfiBfo+h7bheMx+4y1TKFibQtUepmlmJY2zENk0NJdNoHL2I06VAgIisxFUCJQ==",
                            "primary_blob_connection_string": "DefaultEndpointsProtocol=https;BlobEndpoint=https://eessitest01ribpmdiagsa.blob.core.windows.net/;AccountName=eessitest01ribpmdiagsa;AccountKey=z6jNODSX86fL+v89Z7pIx1S8xfiBfo+h7bheMx+4y1TKFibQtUepmlmJY2zENk0NJdNoHL2I06VAgIisxFUCJQ==",
                            "primary_blob_endpoint": "https://eessitest01ribpmdiagsa.blob.core.windows.net/",
                            "primary_connection_string": "DefaultEndpointsProtocol=https;AccountName=eessitest01ribpmdiagsa;AccountKey=z6jNODSX86fL+v89Z7pIx1S8xfiBfo+h7bheMx+4y1TKFibQtUepmlmJY2zENk0NJdNoHL2I06VAgIisxFUCJQ==;EndpointSuffix=core.windows.net",
                            "primary_file_endpoint": "https://eessitest01ribpmdiagsa.file.core.windows.net/",
                            "primary_location": "uksouth",
                            "primary_queue_endpoint": "https://eessitest01ribpmdiagsa.queue.core.windows.net/",
                            "primary_table_endpoint": "https://eessitest01ribpmdiagsa.table.core.windows.net/",
                            "resource_group_name": "EESSI-TEST01-RINA-BPM-RG",
                            "secondary_access_key": "0THKbVLLXUpru+5SQOKRuo5h89cfOWNiyOflduhDWNU0djXB6wG2SEucgxy+TuIOuoGbWrzfEdNrsD9dGS53wQ==",
                            "secondary_connection_string": "DefaultEndpointsProtocol=https;AccountName=eessitest01ribpmdiagsa;AccountKey=0THKbVLLXUpru+5SQOKRuo5h89cfOWNiyOflduhDWNU0djXB6wG2SEucgxy+TuIOuoGbWrzfEdNrsD9dGS53wQ==;EndpointSuffix=core.windows.net",
                            "secondary_location": "",
                            "tags.%": "0"
                        },
                        "meta": {
                            "schema_version": "2"
                        },
                        "tainted": false
                    },
                    "deposed": [],
                    "provider": "provider.azurerm"
                },
                "azurerm_storage_account.EESSI-TEST01-RINA-BPM-RG__eessitest01rinabpmrg798": {
                    "type": "azurerm_storage_account",
                    "depends_on": [],
                    "primary": {
                        "id": "/subscriptions/5efd619c-0d6c-4bf6-a31b-d54ffda461c4/resourceGroups/EESSI-TEST01-RINA-BPM-RG/providers/Microsoft.Storage/storageAccounts/eessitest01rinabpmrg798",
                        "attributes": {
                            "access_tier": "",
                            "account_encryption_source": "Microsoft.Storage",
                            "account_kind": "Storage",
                            "account_replication_type": "LRS",
                            "account_tier": "Standard",
                            "account_type": "Standard_LRS",
                            "enable_blob_encryption": "true",
                            "enable_file_encryption": "true",
                            "enable_https_traffic_only": "false",
                            "id": "/subscriptions/5efd619c-0d6c-4bf6-a31b-d54ffda461c4/resourceGroups/EESSI-TEST01-RINA-BPM-RG/providers/Microsoft.Storage/storageAccounts/eessitest01rinabpmrg798",
                            "location": "uksouth",
                            "name": "eessitest01rinabpmrg798",
                            "primary_access_key": "92uNzTMGwqxSbRzYIoKc1fhhgPVco+Lo1J5QX+o1seIHIyTDllnEjB/eK+luWSkRZmU1BJVecn9kVwCYSl4XOQ==",
                            "primary_blob_connection_string": "DefaultEndpointsProtocol=https;BlobEndpoint=https://eessitest01rinabpmrg798.blob.core.windows.net/;AccountName=eessitest01rinabpmrg798;AccountKey=92uNzTMGwqxSbRzYIoKc1fhhgPVco+Lo1J5QX+o1seIHIyTDllnEjB/eK+luWSkRZmU1BJVecn9kVwCYSl4XOQ==",
                            "primary_blob_endpoint": "https://eessitest01rinabpmrg798.blob.core.windows.net/",
                            "primary_connection_string": "DefaultEndpointsProtocol=https;AccountName=eessitest01rinabpmrg798;AccountKey=92uNzTMGwqxSbRzYIoKc1fhhgPVco+Lo1J5QX+o1seIHIyTDllnEjB/eK+luWSkRZmU1BJVecn9kVwCYSl4XOQ==;EndpointSuffix=core.windows.net",
                            "primary_file_endpoint": "https://eessitest01rinabpmrg798.file.core.windows.net/",
                            "primary_location": "uksouth",
                            "primary_queue_endpoint": "https://eessitest01rinabpmrg798.queue.core.windows.net/",
                            "primary_table_endpoint": "https://eessitest01rinabpmrg798.table.core.windows.net/",
                            "resource_group_name": "EESSI-TEST01-RINA-BPM-RG",
                            "secondary_access_key": "SV3eeeSHCtpje7GyfuQBGpkOvIzXnS1BmxIa2w1kz8HK+xNi3eNnOjYYNU0It41ZcLzTBKWCLNngnISYcghmXA==",
                            "secondary_connection_string": "DefaultEndpointsProtocol=https;AccountName=eessitest01rinabpmrg798;AccountKey=SV3eeeSHCtpje7GyfuQBGpkOvIzXnS1BmxIa2w1kz8HK+xNi3eNnOjYYNU0It41ZcLzTBKWCLNngnISYcghmXA==;EndpointSuffix=core.windows.net",
                            "secondary_location": "",
                            "tags.%": "0"
                        },
                        "meta": {
                            "schema_version": "2"
                        },
                        "tainted": false
                    },
                    "deposed": [],
                    "provider": "provider.azurerm"
                },
                "azurerm_storage_account.EESSI-TEST01-RINA-ELAST-RG__eessitest01rielastdiagsa": {
                    "type": "azurerm_storage_account",
                    "depends_on": [],
                    "primary": {
                        "id": "/subscriptions/5efd619c-0d6c-4bf6-a31b-d54ffda461c4/resourceGroups/EESSI-TEST01-RINA-ELAST-RG/providers/Microsoft.Storage/storageAccounts/eessitest01rielastdiagsa",
                        "attributes": {
                            "access_tier": "",
                            "account_encryption_source": "Microsoft.Storage",
                            "account_kind": "Storage",
                            "account_replication_type": "LRS",
                            "account_tier": "Standard",
                            "account_type": "Standard_LRS",
                            "enable_blob_encryption": "true",
                            "enable_file_encryption": "true",
                            "enable_https_traffic_only": "false",
                            "id": "/subscriptions/5efd619c-0d6c-4bf6-a31b-d54ffda461c4/resourceGroups/EESSI-TEST01-RINA-ELAST-RG/providers/Microsoft.Storage/storageAccounts/eessitest01rielastdiagsa",
                            "location": "uksouth",
                            "name": "eessitest01rielastdiagsa",
                            "primary_access_key": "SgzOhBYSru1QxN7ciDsNXKBzgWeYq0W8v2loty7b7srX6MF07r8Un5dT8FBS6JcxeOrmcEqQZgvr8OmLDfK6JQ==",
                            "primary_blob_connection_string": "DefaultEndpointsProtocol=https;BlobEndpoint=https://eessitest01rielastdiagsa.blob.core.windows.net/;AccountName=eessitest01rielastdiagsa;AccountKey=SgzOhBYSru1QxN7ciDsNXKBzgWeYq0W8v2loty7b7srX6MF07r8Un5dT8FBS6JcxeOrmcEqQZgvr8OmLDfK6JQ==",
                            "primary_blob_endpoint": "https://eessitest01rielastdiagsa.blob.core.windows.net/",
                            "primary_connection_string": "DefaultEndpointsProtocol=https;AccountName=eessitest01rielastdiagsa;AccountKey=SgzOhBYSru1QxN7ciDsNXKBzgWeYq0W8v2loty7b7srX6MF07r8Un5dT8FBS6JcxeOrmcEqQZgvr8OmLDfK6JQ==;EndpointSuffix=core.windows.net",
                            "primary_file_endpoint": "https://eessitest01rielastdiagsa.file.core.windows.net/",
                            "primary_location": "uksouth",
                            "primary_queue_endpoint": "https://eessitest01rielastdiagsa.queue.core.windows.net/",
                            "primary_table_endpoint": "https://eessitest01rielastdiagsa.table.core.windows.net/",
                            "resource_group_name": "EESSI-TEST01-RINA-ELAST-RG",
                            "secondary_access_key": "Lhv2pRCBozNVPR0mBBOKe0CZkRucWEmbsqXj1ouuK9HCHU6b0d6Cn7KD6re+hpqYNOFjKDdB7EhOqFqsCbGSzQ==",
                            "secondary_connection_string": "DefaultEndpointsProtocol=https;AccountName=eessitest01rielastdiagsa;AccountKey=Lhv2pRCBozNVPR0mBBOKe0CZkRucWEmbsqXj1ouuK9HCHU6b0d6Cn7KD6re+hpqYNOFjKDdB7EhOqFqsCbGSzQ==;EndpointSuffix=core.windows.net",
                            "secondary_location": "",
                            "tags.%": "0"
                        },
                        "meta": {
                            "schema_version": "2"
                        },
                        "tainted": false
                    },
                    "deposed": [],
                    "provider": "provider.azurerm"
                },
                "azurerm_storage_account.EESSI-TEST01-RINA-FSHARE-RG__eessitest01rifshardiagsa": {
                    "type": "azurerm_storage_account",
                    "depends_on": [],
                    "primary": {
                        "id": "/subscriptions/5efd619c-0d6c-4bf6-a31b-d54ffda461c4/resourceGroups/EESSI-TEST01-RINA-FSHARE-RG/providers/Microsoft.Storage/storageAccounts/eessitest01rifshardiagsa",
                        "attributes": {
                            "access_tier": "",
                            "account_encryption_source": "Microsoft.Storage",
                            "account_kind": "Storage",
                            "account_replication_type": "LRS",
                            "account_tier": "Standard",
                            "account_type": "Standard_LRS",
                            "enable_blob_encryption": "true",
                            "enable_file_encryption": "true",
                            "enable_https_traffic_only": "false",
                            "id": "/subscriptions/5efd619c-0d6c-4bf6-a31b-d54ffda461c4/resourceGroups/EESSI-TEST01-RINA-FSHARE-RG/providers/Microsoft.Storage/storageAccounts/eessitest01rifshardiagsa",
                            "location": "uksouth",
                            "name": "eessitest01rifshardiagsa",
                            "primary_access_key": "9aAv6Is7QypqT1x3beba1T661MIpL+gA+J3LCUXzxU4zroZ0NRCJOgw5/u6XKvC3Jt5NrtZZoOzOrXg7fBHbUg==",
                            "primary_blob_connection_string": "DefaultEndpointsProtocol=https;BlobEndpoint=https://eessitest01rifshardiagsa.blob.core.windows.net/;AccountName=eessitest01rifshardiagsa;AccountKey=9aAv6Is7QypqT1x3beba1T661MIpL+gA+J3LCUXzxU4zroZ0NRCJOgw5/u6XKvC3Jt5NrtZZoOzOrXg7fBHbUg==",
                            "primary_blob_endpoint": "https://eessitest01rifshardiagsa.blob.core.windows.net/",
                            "primary_connection_string": "DefaultEndpointsProtocol=https;AccountName=eessitest01rifshardiagsa;AccountKey=9aAv6Is7QypqT1x3beba1T661MIpL+gA+J3LCUXzxU4zroZ0NRCJOgw5/u6XKvC3Jt5NrtZZoOzOrXg7fBHbUg==;EndpointSuffix=core.windows.net",
                            "primary_file_endpoint": "https://eessitest01rifshardiagsa.file.core.windows.net/",
                            "primary_location": "uksouth",
                            "primary_queue_endpoint": "https://eessitest01rifshardiagsa.queue.core.windows.net/",
                            "primary_table_endpoint": "https://eessitest01rifshardiagsa.table.core.windows.net/",
                            "resource_group_name": "EESSI-TEST01-RINA-FSHARE-RG",
                            "secondary_access_key": "X0X6JbSYet0EImCLkwQvPf2FsciEoEkzcrVcfAGRkfTZ6KqvT0x3LqPgQtwVuOTFaPatuGkoRJhhk9acNf9OjQ==",
                            "secondary_connection_string": "DefaultEndpointsProtocol=https;AccountName=eessitest01rifshardiagsa;AccountKey=X0X6JbSYet0EImCLkwQvPf2FsciEoEkzcrVcfAGRkfTZ6KqvT0x3LqPgQtwVuOTFaPatuGkoRJhhk9acNf9OjQ==;EndpointSuffix=core.windows.net",
                            "secondary_location": "",
                            "tags.%": "0"
                        },
                        "meta": {
                            "schema_version": "2"
                        },
                        "tainted": false
                    },
                    "deposed": [],
                    "provider": "provider.azurerm"
                },
                "azurerm_storage_account.EESSI-TEST01-RINA-FSHARE-RG__eessitest01rifsquorumsa": {
                    "type": "azurerm_storage_account",
                    "depends_on": [],
                    "primary": {
                        "id": "/subscriptions/5efd619c-0d6c-4bf6-a31b-d54ffda461c4/resourceGroups/EESSI-TEST01-RINA-FSHARE-RG/providers/Microsoft.Storage/storageAccounts/eessitest01rifsquorumsa",
                        "attributes": {
                            "access_tier": "Hot",
                            "account_encryption_source": "Microsoft.Storage",
                            "account_kind": "StorageV2",
                            "account_replication_type": "LRS",
                            "account_tier": "Standard",
                            "account_type": "Standard_LRS",
                            "enable_blob_encryption": "true",
                            "enable_file_encryption": "true",
                            "enable_https_traffic_only": "true",
                            "id": "/subscriptions/5efd619c-0d6c-4bf6-a31b-d54ffda461c4/resourceGroups/EESSI-TEST01-RINA-FSHARE-RG/providers/Microsoft.Storage/storageAccounts/eessitest01rifsquorumsa",
                            "location": "uksouth",
                            "name": "eessitest01rifsquorumsa",
                            "primary_access_key": "3awRfdLFRX/BQcWOwiUwdSCK8/ywq/iZoq4sJih01ny5rcTCIXhmPFHPvmh3Q/Jy+W4jPgrv01cgs1U27EUsIg==",
                            "primary_blob_connection_string": "DefaultEndpointsProtocol=https;BlobEndpoint=https://eessitest01rifsquorumsa.blob.core.windows.net/;AccountName=eessitest01rifsquorumsa;AccountKey=3awRfdLFRX/BQcWOwiUwdSCK8/ywq/iZoq4sJih01ny5rcTCIXhmPFHPvmh3Q/Jy+W4jPgrv01cgs1U27EUsIg==",
                            "primary_blob_endpoint": "https://eessitest01rifsquorumsa.blob.core.windows.net/",
                            "primary_connection_string": "DefaultEndpointsProtocol=https;AccountName=eessitest01rifsquorumsa;AccountKey=3awRfdLFRX/BQcWOwiUwdSCK8/ywq/iZoq4sJih01ny5rcTCIXhmPFHPvmh3Q/Jy+W4jPgrv01cgs1U27EUsIg==;EndpointSuffix=core.windows.net",
                            "primary_file_endpoint": "https://eessitest01rifsquorumsa.file.core.windows.net/",
                            "primary_location": "uksouth",
                            "primary_queue_endpoint": "https://eessitest01rifsquorumsa.queue.core.windows.net/",
                            "primary_table_endpoint": "https://eessitest01rifsquorumsa.table.core.windows.net/",
                            "resource_group_name": "EESSI-TEST01-RINA-FSHARE-RG",
                            "secondary_access_key": "ktDYRKG9a41rBkwAVCqNWbbUUdFBzQ/DgWI9X9G+PGAx2YwnKX44L22SajG8+goHNLdVYqEZ0BhmHXbe8Vv15Q==",
                            "secondary_connection_string": "DefaultEndpointsProtocol=https;AccountName=eessitest01rifsquorumsa;AccountKey=ktDYRKG9a41rBkwAVCqNWbbUUdFBzQ/DgWI9X9G+PGAx2YwnKX44L22SajG8+goHNLdVYqEZ0BhmHXbe8Vv15Q==;EndpointSuffix=core.windows.net",
                            "secondary_location": "",
                            "tags.%": "0"
                        },
                        "meta": {
                            "schema_version": "2"
                        },
                        "tainted": false
                    },
                    "deposed": [],
                    "provider": "provider.azurerm"
                },
                "azurerm_storage_account.EESSI-TEST01-RINA-HDK-RG__eessitest01rihdkdiagsa": {
                    "type": "azurerm_storage_account",
                    "depends_on": [],
                    "primary": {
                        "id": "/subscriptions/5efd619c-0d6c-4bf6-a31b-d54ffda461c4/resourceGroups/EESSI-TEST01-RINA-HDK-RG/providers/Microsoft.Storage/storageAccounts/eessitest01rihdkdiagsa",
                        "attributes": {
                            "access_tier": "",
                            "account_encryption_source": "Microsoft.Storage",
                            "account_kind": "Storage",
                            "account_replication_type": "LRS",
                            "account_tier": "Standard",
                            "account_type": "Standard_LRS",
                            "enable_blob_encryption": "true",
                            "enable_file_encryption": "true",
                            "enable_https_traffic_only": "false",
                            "id": "/subscriptions/5efd619c-0d6c-4bf6-a31b-d54ffda461c4/resourceGroups/EESSI-TEST01-RINA-HDK-RG/providers/Microsoft.Storage/storageAccounts/eessitest01rihdkdiagsa",
                            "location": "uksouth",
                            "name": "eessitest01rihdkdiagsa",
                            "primary_access_key": "lSni3qZcpLVCHBDxDSGKko1urz6wjEwguc58RUoEfsviAw2X7ug/glv4oN52ELMRZUapIWuwyIpFHmVg2l3dIw==",
                            "primary_blob_connection_string": "DefaultEndpointsProtocol=https;BlobEndpoint=https://eessitest01rihdkdiagsa.blob.core.windows.net/;AccountName=eessitest01rihdkdiagsa;AccountKey=lSni3qZcpLVCHBDxDSGKko1urz6wjEwguc58RUoEfsviAw2X7ug/glv4oN52ELMRZUapIWuwyIpFHmVg2l3dIw==",
                            "primary_blob_endpoint": "https://eessitest01rihdkdiagsa.blob.core.windows.net/",
                            "primary_connection_string": "DefaultEndpointsProtocol=https;AccountName=eessitest01rihdkdiagsa;AccountKey=lSni3qZcpLVCHBDxDSGKko1urz6wjEwguc58RUoEfsviAw2X7ug/glv4oN52ELMRZUapIWuwyIpFHmVg2l3dIw==;EndpointSuffix=core.windows.net",
                            "primary_file_endpoint": "https://eessitest01rihdkdiagsa.file.core.windows.net/",
                            "primary_location": "uksouth",
                            "primary_queue_endpoint": "https://eessitest01rihdkdiagsa.queue.core.windows.net/",
                            "primary_table_endpoint": "https://eessitest01rihdkdiagsa.table.core.windows.net/",
                            "resource_group_name": "EESSI-TEST01-RINA-HDK-RG",
                            "secondary_access_key": "L83S5pD7WyJQnL9lv+ZadfGIv1fI6xse9c7Kmz0N7TgmpESg+xM1VYhz691hOwt77GqApyMpxWumb2LmPpi3xA==",
                            "secondary_connection_string": "DefaultEndpointsProtocol=https;AccountName=eessitest01rihdkdiagsa;AccountKey=L83S5pD7WyJQnL9lv+ZadfGIv1fI6xse9c7Kmz0N7TgmpESg+xM1VYhz691hOwt77GqApyMpxWumb2LmPpi3xA==;EndpointSuffix=core.windows.net",
                            "secondary_location": "",
                            "tags.%": "0"
                        },
                        "meta": {
                            "schema_version": "2"
                        },
                        "tainted": false
                    },
                    "deposed": [],
                    "provider": "provider.azurerm"
                },
                "azurerm_storage_account.EESSI-TEST01-RINA-POSTGRE-RG__eessitest01ripostgdiagsa": {
                    "type": "azurerm_storage_account",
                    "depends_on": [],
                    "primary": {
                        "id": "/subscriptions/5efd619c-0d6c-4bf6-a31b-d54ffda461c4/resourceGroups/EESSI-TEST01-RINA-POSTGRE-RG/providers/Microsoft.Storage/storageAccounts/eessitest01ripostgdiagsa",
                        "attributes": {
                            "access_tier": "",
                            "account_encryption_source": "Microsoft.Storage",
                            "account_kind": "Storage",
                            "account_replication_type": "LRS",
                            "account_tier": "Standard",
                            "account_type": "Standard_LRS",
                            "enable_blob_encryption": "true",
                            "enable_file_encryption": "true",
                            "enable_https_traffic_only": "false",
                            "id": "/subscriptions/5efd619c-0d6c-4bf6-a31b-d54ffda461c4/resourceGroups/EESSI-TEST01-RINA-POSTGRE-RG/providers/Microsoft.Storage/storageAccounts/eessitest01ripostgdiagsa",
                            "location": "uksouth",
                            "name": "eessitest01ripostgdiagsa",
                            "primary_access_key": "0SKpyaagKa/Dfuj8AkY5Ne/7vl3NC+AYNqD/iKcuMlaGLVwYhRzpVBvjwWGpQ7aVrLtVkEctWU0ejLgWcmnKdg==",
                            "primary_blob_connection_string": "DefaultEndpointsProtocol=https;BlobEndpoint=https://eessitest01ripostgdiagsa.blob.core.windows.net/;AccountName=eessitest01ripostgdiagsa;AccountKey=0SKpyaagKa/Dfuj8AkY5Ne/7vl3NC+AYNqD/iKcuMlaGLVwYhRzpVBvjwWGpQ7aVrLtVkEctWU0ejLgWcmnKdg==",
                            "primary_blob_endpoint": "https://eessitest01ripostgdiagsa.blob.core.windows.net/",
                            "primary_connection_string": "DefaultEndpointsProtocol=https;AccountName=eessitest01ripostgdiagsa;AccountKey=0SKpyaagKa/Dfuj8AkY5Ne/7vl3NC+AYNqD/iKcuMlaGLVwYhRzpVBvjwWGpQ7aVrLtVkEctWU0ejLgWcmnKdg==;EndpointSuffix=core.windows.net",
                            "primary_file_endpoint": "https://eessitest01ripostgdiagsa.file.core.windows.net/",
                            "primary_location": "uksouth",
                            "primary_queue_endpoint": "https://eessitest01ripostgdiagsa.queue.core.windows.net/",
                            "primary_table_endpoint": "https://eessitest01ripostgdiagsa.table.core.windows.net/",
                            "resource_group_name": "EESSI-TEST01-RINA-POSTGRE-RG",
                            "secondary_access_key": "SzpXtJkM32ZGUY92hAUr7PampncSR01c/Sdb+JAAIlvbVwucd5wmLlcTTcamaJejtsANky6e69X3/aVfzr6tWg==",
                            "secondary_connection_string": "DefaultEndpointsProtocol=https;AccountName=eessitest01ripostgdiagsa;AccountKey=SzpXtJkM32ZGUY92hAUr7PampncSR01c/Sdb+JAAIlvbVwucd5wmLlcTTcamaJejtsANky6e69X3/aVfzr6tWg==;EndpointSuffix=core.windows.net",
                            "secondary_location": "",
                            "tags.%": "0"
                        },
                        "meta": {
                            "schema_version": "2"
                        },
                        "tainted": false
                    },
                    "deposed": [],
                    "provider": "provider.azurerm"
                },
                "azurerm_storage_account.EESSI-TEST01-RINA-REST-RG__eessitest01rirstdiagsa": {
                    "type": "azurerm_storage_account",
                    "depends_on": [],
                    "primary": {
                        "id": "/subscriptions/5efd619c-0d6c-4bf6-a31b-d54ffda461c4/resourceGroups/EESSI-TEST01-RINA-REST-RG/providers/Microsoft.Storage/storageAccounts/eessitest01rirstdiagsa",
                        "attributes": {
                            "access_tier": "",
                            "account_encryption_source": "Microsoft.Storage",
                            "account_kind": "Storage",
                            "account_replication_type": "LRS",
                            "account_tier": "Standard",
                            "account_type": "Standard_LRS",
                            "enable_blob_encryption": "true",
                            "enable_file_encryption": "true",
                            "enable_https_traffic_only": "false",
                            "id": "/subscriptions/5efd619c-0d6c-4bf6-a31b-d54ffda461c4/resourceGroups/EESSI-TEST01-RINA-REST-RG/providers/Microsoft.Storage/storageAccounts/eessitest01rirstdiagsa",
                            "location": "uksouth",
                            "name": "eessitest01rirstdiagsa",
                            "primary_access_key": "6WQbZJ8tlDbQeS9f5/GyO8aFIVbWD1Shj1pWA5kW7+u+MIRcHf6aopwLQ6I+AcvZITnt66YQywyJkH8l1SjKhA==",
                            "primary_blob_connection_string": "DefaultEndpointsProtocol=https;BlobEndpoint=https://eessitest01rirstdiagsa.blob.core.windows.net/;AccountName=eessitest01rirstdiagsa;AccountKey=6WQbZJ8tlDbQeS9f5/GyO8aFIVbWD1Shj1pWA5kW7+u+MIRcHf6aopwLQ6I+AcvZITnt66YQywyJkH8l1SjKhA==",
                            "primary_blob_endpoint": "https://eessitest01rirstdiagsa.blob.core.windows.net/",
                            "primary_connection_string": "DefaultEndpointsProtocol=https;AccountName=eessitest01rirstdiagsa;AccountKey=6WQbZJ8tlDbQeS9f5/GyO8aFIVbWD1Shj1pWA5kW7+u+MIRcHf6aopwLQ6I+AcvZITnt66YQywyJkH8l1SjKhA==;EndpointSuffix=core.windows.net",
                            "primary_file_endpoint": "https://eessitest01rirstdiagsa.file.core.windows.net/",
                            "primary_location": "uksouth",
                            "primary_queue_endpoint": "https://eessitest01rirstdiagsa.queue.core.windows.net/",
                            "primary_table_endpoint": "https://eessitest01rirstdiagsa.table.core.windows.net/",
                            "resource_group_name": "EESSI-TEST01-RINA-REST-RG",
                            "secondary_access_key": "9+3jG96/nmGNDxgQR4eDCaSjIl7Pajykh6J0waK2LMnpuCttMTVfk1Am1hqChhlvmO5deXJXbRN/R8hcWS4g6Q==",
                            "secondary_connection_string": "DefaultEndpointsProtocol=https;AccountName=eessitest01rirstdiagsa;AccountKey=9+3jG96/nmGNDxgQR4eDCaSjIl7Pajykh6J0waK2LMnpuCttMTVfk1Am1hqChhlvmO5deXJXbRN/R8hcWS4g6Q==;EndpointSuffix=core.windows.net",
                            "secondary_location": "",
                            "tags.%": "0"
                        },
                        "meta": {
                            "schema_version": "2"
                        },
                        "tainted": false
                    },
                    "deposed": [],
                    "provider": "provider.azurerm"
                },
                "azurerm_storage_account.EESSI-Test01-AP-Biz-RG__eessitest02apbizdiagsa": {
                    "type": "azurerm_storage_account",
                    "depends_on": [],
                    "primary": {
                        "id": "/subscriptions/5efd619c-0d6c-4bf6-a31b-d54ffda461c4/resourceGroups/EESSI-Test01-AP-Biz-RG/providers/Microsoft.Storage/storageAccounts/eessitest02apbizdiagsa",
                        "attributes": {
                            "access_tier": "",
                            "account_encryption_source": "Microsoft.Storage",
                            "account_kind": "Storage",
                            "account_replication_type": "LRS",
                            "account_tier": "Standard",
                            "account_type": "Standard_LRS",
                            "enable_blob_encryption": "true",
                            "enable_file_encryption": "true",
                            "enable_https_traffic_only": "false",
                            "id": "/subscriptions/5efd619c-0d6c-4bf6-a31b-d54ffda461c4/resourceGroups/EESSI-Test01-AP-Biz-RG/providers/Microsoft.Storage/storageAccounts/eessitest02apbizdiagsa",
                            "location": "uksouth",
                            "name": "eessitest02apbizdiagsa",
                            "primary_access_key": "WCH/1JddEmOMauJLri/z+KBN4hflCekIL9TLKdFVCZZJeAySxGN8IveKqL8DLWmf0U0A84YfduMidO7Tra6LFw==",
                            "primary_blob_connection_string": "DefaultEndpointsProtocol=https;BlobEndpoint=https://eessitest02apbizdiagsa.blob.core.windows.net/;AccountName=eessitest02apbizdiagsa;AccountKey=WCH/1JddEmOMauJLri/z+KBN4hflCekIL9TLKdFVCZZJeAySxGN8IveKqL8DLWmf0U0A84YfduMidO7Tra6LFw==",
                            "primary_blob_endpoint": "https://eessitest02apbizdiagsa.blob.core.windows.net/",
                            "primary_connection_string": "DefaultEndpointsProtocol=https;AccountName=eessitest02apbizdiagsa;AccountKey=WCH/1JddEmOMauJLri/z+KBN4hflCekIL9TLKdFVCZZJeAySxGN8IveKqL8DLWmf0U0A84YfduMidO7Tra6LFw==;EndpointSuffix=core.windows.net",
                            "primary_file_endpoint": "https://eessitest02apbizdiagsa.file.core.windows.net/",
                            "primary_location": "uksouth",
                            "primary_queue_endpoint": "https://eessitest02apbizdiagsa.queue.core.windows.net/",
                            "primary_table_endpoint": "https://eessitest02apbizdiagsa.table.core.windows.net/",
                            "resource_group_name": "EESSI-Test01-AP-Biz-RG",
                            "secondary_access_key": "cnNxgO/hEGzAqlgtoTunLgyYt9mLaFfjCeKCO1ibbNgELK/KgXeLwWqzt9WBXriKDNV7xKbc0OLYglg7x4rPeA==",
                            "secondary_connection_string": "DefaultEndpointsProtocol=https;AccountName=eessitest02apbizdiagsa;AccountKey=cnNxgO/hEGzAqlgtoTunLgyYt9mLaFfjCeKCO1ibbNgELK/KgXeLwWqzt9WBXriKDNV7xKbc0OLYglg7x4rPeA==;EndpointSuffix=core.windows.net",
                            "secondary_location": "",
                            "tags.%": "0"
                        },
                        "meta": {
                            "schema_version": "2"
                        },
                        "tainted": false
                    },
                    "deposed": [],
                    "provider": "provider.azurerm"
                },
                "azurerm_storage_account.EESSI-Test01-RINA-App-RG__eessitest01rialbdiagsa": {
                    "type": "azurerm_storage_account",
                    "depends_on": [],
                    "primary": {
                        "id": "/subscriptions/5efd619c-0d6c-4bf6-a31b-d54ffda461c4/resourceGroups/EESSI-Test01-RINA-App-RG/providers/Microsoft.Storage/storageAccounts/eessitest01rialbdiagsa",
                        "attributes": {
                            "access_tier": "",
                            "account_encryption_source": "Microsoft.Storage",
                            "account_kind": "Storage",
                            "account_replication_type": "LRS",
                            "account_tier": "Standard",
                            "account_type": "Standard_LRS",
                            "enable_blob_encryption": "true",
                            "enable_file_encryption": "true",
                            "enable_https_traffic_only": "false",
                            "id": "/subscriptions/5efd619c-0d6c-4bf6-a31b-d54ffda461c4/resourceGroups/EESSI-Test01-RINA-App-RG/providers/Microsoft.Storage/storageAccounts/eessitest01rialbdiagsa",
                            "location": "uksouth",
                            "name": "eessitest01rialbdiagsa",
                            "primary_access_key": "7D+9Ki1/6Jy6gfQQPC951D657utQBx2xMAay2E/emB+0nzydHa4UxDv2B0Z1z7ELoFd8gnjMBx5LoRNyGOwYVQ==",
                            "primary_blob_connection_string": "DefaultEndpointsProtocol=https;BlobEndpoint=https://eessitest01rialbdiagsa.blob.core.windows.net/;AccountName=eessitest01rialbdiagsa;AccountKey=7D+9Ki1/6Jy6gfQQPC951D657utQBx2xMAay2E/emB+0nzydHa4UxDv2B0Z1z7ELoFd8gnjMBx5LoRNyGOwYVQ==",
                            "primary_blob_endpoint": "https://eessitest01rialbdiagsa.blob.core.windows.net/",
                            "primary_connection_string": "DefaultEndpointsProtocol=https;AccountName=eessitest01rialbdiagsa;AccountKey=7D+9Ki1/6Jy6gfQQPC951D657utQBx2xMAay2E/emB+0nzydHa4UxDv2B0Z1z7ELoFd8gnjMBx5LoRNyGOwYVQ==;EndpointSuffix=core.windows.net",
                            "primary_file_endpoint": "https://eessitest01rialbdiagsa.file.core.windows.net/",
                            "primary_location": "uksouth",
                            "primary_queue_endpoint": "https://eessitest01rialbdiagsa.queue.core.windows.net/",
                            "primary_table_endpoint": "https://eessitest01rialbdiagsa.table.core.windows.net/",
                            "resource_group_name": "EESSI-Test01-RINA-App-RG",
                            "secondary_access_key": "ZxwNNvP7wYw2aEgmoMjZOGl3eIIEgZuMoaE4adbGmpUPDBNplu82NaUAIx3oJ4Bs3HK08v24Xh7ZZzVWEqvbjQ==",
                            "secondary_connection_string": "DefaultEndpointsProtocol=https;AccountName=eessitest01rialbdiagsa;AccountKey=ZxwNNvP7wYw2aEgmoMjZOGl3eIIEgZuMoaE4adbGmpUPDBNplu82NaUAIx3oJ4Bs3HK08v24Xh7ZZzVWEqvbjQ==;EndpointSuffix=core.windows.net",
                            "secondary_location": "",
                            "tags.%": "0"
                        },
                        "meta": {
                            "schema_version": "2"
                        },
                        "tainted": false
                    },
                    "deposed": [],
                    "provider": "provider.azurerm"
                },
                "azurerm_storage_account.EESSI-Test02-AP-FS-RG__eessitest02apfsdiagsa": {
                    "type": "azurerm_storage_account",
                    "depends_on": [],
                    "primary": {
                        "id": "/subscriptions/5efd619c-0d6c-4bf6-a31b-d54ffda461c4/resourceGroups/EESSI-Test02-AP-FS-RG/providers/Microsoft.Storage/storageAccounts/eessitest02apfsdiagsa",
                        "attributes": {
                            "access_tier": "",
                            "account_encryption_source": "Microsoft.Storage",
                            "account_kind": "Storage",
                            "account_replication_type": "LRS",
                            "account_tier": "Standard",
                            "account_type": "Standard_LRS",
                            "enable_blob_encryption": "true",
                            "enable_file_encryption": "true",
                            "enable_https_traffic_only": "false",
                            "id": "/subscriptions/5efd619c-0d6c-4bf6-a31b-d54ffda461c4/resourceGroups/EESSI-Test02-AP-FS-RG/providers/Microsoft.Storage/storageAccounts/eessitest02apfsdiagsa",
                            "location": "uksouth",
                            "name": "eessitest02apfsdiagsa",
                            "primary_access_key": "iWkk9p+PNtBszlrv56GBsAmNsfVdlb6WVxjGpSNVoyRerF5x9P507wjJSViumu0STcngKRypalFsymC4ubVHgw==",
                            "primary_blob_connection_string": "DefaultEndpointsProtocol=https;BlobEndpoint=https://eessitest02apfsdiagsa.blob.core.windows.net/;AccountName=eessitest02apfsdiagsa;AccountKey=iWkk9p+PNtBszlrv56GBsAmNsfVdlb6WVxjGpSNVoyRerF5x9P507wjJSViumu0STcngKRypalFsymC4ubVHgw==",
                            "primary_blob_endpoint": "https://eessitest02apfsdiagsa.blob.core.windows.net/",
                            "primary_connection_string": "DefaultEndpointsProtocol=https;AccountName=eessitest02apfsdiagsa;AccountKey=iWkk9p+PNtBszlrv56GBsAmNsfVdlb6WVxjGpSNVoyRerF5x9P507wjJSViumu0STcngKRypalFsymC4ubVHgw==;EndpointSuffix=core.windows.net",
                            "primary_file_endpoint": "https://eessitest02apfsdiagsa.file.core.windows.net/",
                            "primary_location": "uksouth",
                            "primary_queue_endpoint": "https://eessitest02apfsdiagsa.queue.core.windows.net/",
                            "primary_table_endpoint": "https://eessitest02apfsdiagsa.table.core.windows.net/",
                            "resource_group_name": "EESSI-Test02-AP-FS-RG",
                            "secondary_access_key": "M3J6DFca4KoIvoF/tZqBkrOOhgq/P/0C63AQUuT+fNn6OHcORksRjl5vQf+T+ZvDlen3DJjHKyRcDRMkJVvhiQ==",
                            "secondary_connection_string": "DefaultEndpointsProtocol=https;AccountName=eessitest02apfsdiagsa;AccountKey=M3J6DFca4KoIvoF/tZqBkrOOhgq/P/0C63AQUuT+fNn6OHcORksRjl5vQf+T+ZvDlen3DJjHKyRcDRMkJVvhiQ==;EndpointSuffix=core.windows.net",
                            "secondary_location": "",
                            "tags.%": "0"
                        },
                        "meta": {
                            "schema_version": "2"
                        },
                        "tainted": false
                    },
                    "deposed": [],
                    "provider": "provider.azurerm"
                },
                "azurerm_storage_account.EESSI-Test02-AP-FS-RG__eessitest02apfsquorumsa": {
                    "type": "azurerm_storage_account",
                    "depends_on": [],
                    "primary": {
                        "id": "/subscriptions/5efd619c-0d6c-4bf6-a31b-d54ffda461c4/resourceGroups/EESSI-Test02-AP-FS-RG/providers/Microsoft.Storage/storageAccounts/eessitest02apfsquorumsa",
                        "attributes": {
                            "access_tier": "",
                            "account_encryption_source": "Microsoft.Storage",
                            "account_kind": "Storage",
                            "account_replication_type": "LRS",
                            "account_tier": "Standard",
                            "account_type": "Standard_LRS",
                            "enable_blob_encryption": "true",
                            "enable_file_encryption": "true",
                            "enable_https_traffic_only": "true",
                            "id": "/subscriptions/5efd619c-0d6c-4bf6-a31b-d54ffda461c4/resourceGroups/EESSI-Test02-AP-FS-RG/providers/Microsoft.Storage/storageAccounts/eessitest02apfsquorumsa",
                            "location": "uksouth",
                            "name": "eessitest02apfsquorumsa",
                            "primary_access_key": "VTk7RencLcel2+AJFtDdCXChdWgCgQMjPA1cq70CYMVLO6dRQqLXjPD4qs+2OeXLYYC9b0hTdqsg5FbvKOu1Cg==",
                            "primary_blob_connection_string": "DefaultEndpointsProtocol=https;BlobEndpoint=https://eessitest02apfsquorumsa.blob.core.windows.net/;AccountName=eessitest02apfsquorumsa;AccountKey=VTk7RencLcel2+AJFtDdCXChdWgCgQMjPA1cq70CYMVLO6dRQqLXjPD4qs+2OeXLYYC9b0hTdqsg5FbvKOu1Cg==",
                            "primary_blob_endpoint": "https://eessitest02apfsquorumsa.blob.core.windows.net/",
                            "primary_connection_string": "DefaultEndpointsProtocol=https;AccountName=eessitest02apfsquorumsa;AccountKey=VTk7RencLcel2+AJFtDdCXChdWgCgQMjPA1cq70CYMVLO6dRQqLXjPD4qs+2OeXLYYC9b0hTdqsg5FbvKOu1Cg==;EndpointSuffix=core.windows.net",
                            "primary_file_endpoint": "https://eessitest02apfsquorumsa.file.core.windows.net/",
                            "primary_location": "uksouth",
                            "primary_queue_endpoint": "https://eessitest02apfsquorumsa.queue.core.windows.net/",
                            "primary_table_endpoint": "https://eessitest02apfsquorumsa.table.core.windows.net/",
                            "resource_group_name": "EESSI-Test02-AP-FS-RG",
                            "secondary_access_key": "ERqSQnMFL2FucnqKPSaw3D7JJVX9iBkYDAMGINW6PiZJMAJLJOssa8qo6oQIw/PFWTmF772BG4H621FDZMfRuw==",
                            "secondary_connection_string": "DefaultEndpointsProtocol=https;AccountName=eessitest02apfsquorumsa;AccountKey=ERqSQnMFL2FucnqKPSaw3D7JJVX9iBkYDAMGINW6PiZJMAJLJOssa8qo6oQIw/PFWTmF772BG4H621FDZMfRuw==;EndpointSuffix=core.windows.net",
                            "secondary_location": "",
                            "tags.%": "0"
                        },
                        "meta": {
                            "schema_version": "2"
                        },
                        "tainted": false
                    },
                    "deposed": [],
                    "provider": "provider.azurerm"
                },
                "azurerm_storage_account.EESSI-Test02-AP-SQL-RG__eessitest02apsqldiagsa": {
                    "type": "azurerm_storage_account",
                    "depends_on": [],
                    "primary": {
                        "id": "/subscriptions/5efd619c-0d6c-4bf6-a31b-d54ffda461c4/resourceGroups/EESSI-Test02-AP-SQL-RG/providers/Microsoft.Storage/storageAccounts/eessitest02apsqldiagsa",
                        "attributes": {
                            "access_tier": "",
                            "account_encryption_source": "Microsoft.Storage",
                            "account_kind": "Storage",
                            "account_replication_type": "LRS",
                            "account_tier": "Standard",
                            "account_type": "Standard_LRS",
                            "enable_blob_encryption": "true",
                            "enable_file_encryption": "true",
                            "enable_https_traffic_only": "false",
                            "id": "/subscriptions/5efd619c-0d6c-4bf6-a31b-d54ffda461c4/resourceGroups/EESSI-Test02-AP-SQL-RG/providers/Microsoft.Storage/storageAccounts/eessitest02apsqldiagsa",
                            "location": "uksouth",
                            "name": "eessitest02apsqldiagsa",
                            "primary_access_key": "Dj50860qwFO6YxvRL8GBDqocUydD+0nIyPaOIgeKnvnJk5tqe3qV4wxIpWma/u/OYlblbDkG0FCiMZ+J6re92w==",
                            "primary_blob_connection_string": "DefaultEndpointsProtocol=https;BlobEndpoint=https://eessitest02apsqldiagsa.blob.core.windows.net/;AccountName=eessitest02apsqldiagsa;AccountKey=Dj50860qwFO6YxvRL8GBDqocUydD+0nIyPaOIgeKnvnJk5tqe3qV4wxIpWma/u/OYlblbDkG0FCiMZ+J6re92w==",
                            "primary_blob_endpoint": "https://eessitest02apsqldiagsa.blob.core.windows.net/",
                            "primary_connection_string": "DefaultEndpointsProtocol=https;AccountName=eessitest02apsqldiagsa;AccountKey=Dj50860qwFO6YxvRL8GBDqocUydD+0nIyPaOIgeKnvnJk5tqe3qV4wxIpWma/u/OYlblbDkG0FCiMZ+J6re92w==;EndpointSuffix=core.windows.net",
                            "primary_file_endpoint": "https://eessitest02apsqldiagsa.file.core.windows.net/",
                            "primary_location": "uksouth",
                            "primary_queue_endpoint": "https://eessitest02apsqldiagsa.queue.core.windows.net/",
                            "primary_table_endpoint": "https://eessitest02apsqldiagsa.table.core.windows.net/",
                            "resource_group_name": "EESSI-Test02-AP-SQL-RG",
                            "secondary_access_key": "gTAWVgbQH7g8SA2IWB4HkjAJzIJmV//7s9ASt8/xq9EaeWpNE5gYbj/GWH6K+LscEV9D4EIRX+JGVmifkzDfYg==",
                            "secondary_connection_string": "DefaultEndpointsProtocol=https;AccountName=eessitest02apsqldiagsa;AccountKey=gTAWVgbQH7g8SA2IWB4HkjAJzIJmV//7s9ASt8/xq9EaeWpNE5gYbj/GWH6K+LscEV9D4EIRX+JGVmifkzDfYg==;EndpointSuffix=core.windows.net",
                            "secondary_location": "",
                            "tags.%": "0"
                        },
                        "meta": {
                            "schema_version": "2"
                        },
                        "tainted": false
                    },
                    "deposed": [],
                    "provider": "provider.azurerm"
                },
                "azurerm_storage_account.eessi-sharedresources-rg__eessisharedfilestorage": {
                    "type": "azurerm_storage_account",
                    "depends_on": [],
                    "primary": {
                        "id": "/subscriptions/5efd619c-0d6c-4bf6-a31b-d54ffda461c4/resourceGroups/eessi-sharedresources-rg/providers/Microsoft.Storage/storageAccounts/eessisharedfilestorage",
                        "attributes": {
                            "access_tier": "",
                            "account_encryption_source": "Microsoft.Storage",
                            "account_kind": "Storage",
                            "account_replication_type": "LRS",
                            "account_tier": "Standard",
                            "account_type": "Standard_LRS",
                            "enable_blob_encryption": "true",
                            "enable_file_encryption": "true",
                            "enable_https_traffic_only": "true",
                            "id": "/subscriptions/5efd619c-0d6c-4bf6-a31b-d54ffda461c4/resourceGroups/eessi-sharedresources-rg/providers/Microsoft.Storage/storageAccounts/eessisharedfilestorage",
                            "location": "uksouth",
                            "name": "eessisharedfilestorage",
                            "primary_access_key": "iAfKGfOa3ixseg9LmIwOECrH3ivZH75ElBh4Mn911ghbu8qaWcfvDWy8/0RRIMKfuSMKoBAfMpl2KmHuuL03ig==",
                            "primary_blob_connection_string": "DefaultEndpointsProtocol=https;BlobEndpoint=https://eessisharedfilestorage.blob.core.windows.net/;AccountName=eessisharedfilestorage;AccountKey=iAfKGfOa3ixseg9LmIwOECrH3ivZH75ElBh4Mn911ghbu8qaWcfvDWy8/0RRIMKfuSMKoBAfMpl2KmHuuL03ig==",
                            "primary_blob_endpoint": "https://eessisharedfilestorage.blob.core.windows.net/",
                            "primary_connection_string": "DefaultEndpointsProtocol=https;AccountName=eessisharedfilestorage;AccountKey=iAfKGfOa3ixseg9LmIwOECrH3ivZH75ElBh4Mn911ghbu8qaWcfvDWy8/0RRIMKfuSMKoBAfMpl2KmHuuL03ig==;EndpointSuffix=core.windows.net",
                            "primary_file_endpoint": "https://eessisharedfilestorage.file.core.windows.net/",
                            "primary_location": "uksouth",
                            "primary_queue_endpoint": "https://eessisharedfilestorage.queue.core.windows.net/",
                            "primary_table_endpoint": "https://eessisharedfilestorage.table.core.windows.net/",
                            "resource_group_name": "eessi-sharedresources-rg",
                            "secondary_access_key": "fTC0b6zEkHsoIpk1OiJOxG/dtmZwsj6G5o2Fp3mm8Damdc6WIZLPiU7bWmfiUNUm8Bz5tKj0tiPc1Sf7KPiJUQ==",
                            "secondary_connection_string": "DefaultEndpointsProtocol=https;AccountName=eessisharedfilestorage;AccountKey=fTC0b6zEkHsoIpk1OiJOxG/dtmZwsj6G5o2Fp3mm8Damdc6WIZLPiU7bWmfiUNUm8Bz5tKj0tiPc1Sf7KPiJUQ==;EndpointSuffix=core.windows.net",
                            "secondary_location": "",
                            "tags.%": "0"
                        },
                        "meta": {
                            "schema_version": "2"
                        },
                        "tainted": false
                    },
                    "deposed": [],
                    "provider": "provider.azurerm"
                },
                "azurerm_storage_account.eessi-test-cisco01-rg__eessitestcisco01sa": {
                    "type": "azurerm_storage_account",
                    "depends_on": [],
                    "primary": {
                        "id": "/subscriptions/5efd619c-0d6c-4bf6-a31b-d54ffda461c4/resourceGroups/eessi-test-cisco01-rg/providers/Microsoft.Storage/storageAccounts/eessitestcisco01sa",
                        "attributes": {
                            "access_tier": "",
                            "account_encryption_source": "Microsoft.Storage",
                            "account_kind": "Storage",
                            "account_replication_type": "LRS",
                            "account_tier": "Standard",
                            "account_type": "Standard_LRS",
                            "enable_blob_encryption": "true",
                            "enable_file_encryption": "true",
                            "enable_https_traffic_only": "false",
                            "id": "/subscriptions/5efd619c-0d6c-4bf6-a31b-d54ffda461c4/resourceGroups/eessi-test-cisco01-rg/providers/Microsoft.Storage/storageAccounts/eessitestcisco01sa",
                            "location": "uksouth",
                            "name": "eessitestcisco01sa",
                            "primary_access_key": "qwEXD04f7xMceA2PwgpPLhaQVp9GnROqdcTnmLnKt/kCRb4AFpOqrJqeTxp1apn0ys2ypCxLlOF92tTvjLP6jg==",
                            "primary_blob_connection_string": "DefaultEndpointsProtocol=https;BlobEndpoint=https://eessitestcisco01sa.blob.core.windows.net/;AccountName=eessitestcisco01sa;AccountKey=qwEXD04f7xMceA2PwgpPLhaQVp9GnROqdcTnmLnKt/kCRb4AFpOqrJqeTxp1apn0ys2ypCxLlOF92tTvjLP6jg==",
                            "primary_blob_endpoint": "https://eessitestcisco01sa.blob.core.windows.net/",
                            "primary_connection_string": "DefaultEndpointsProtocol=https;AccountName=eessitestcisco01sa;AccountKey=qwEXD04f7xMceA2PwgpPLhaQVp9GnROqdcTnmLnKt/kCRb4AFpOqrJqeTxp1apn0ys2ypCxLlOF92tTvjLP6jg==;EndpointSuffix=core.windows.net",
                            "primary_file_endpoint": "https://eessitestcisco01sa.file.core.windows.net/",
                            "primary_location": "uksouth",
                            "primary_queue_endpoint": "https://eessitestcisco01sa.queue.core.windows.net/",
                            "primary_table_endpoint": "https://eessitestcisco01sa.table.core.windows.net/",
                            "resource_group_name": "eessi-test-cisco01-rg",
                            "secondary_access_key": "ctMeiaUxKT4i25gy6bYY0MxQgHxvUvhX1q5BteUAaSV0hkybfH5pDnUshCa5SS394FCrEoyewRILvf1U+vryvw==",
                            "secondary_connection_string": "DefaultEndpointsProtocol=https;AccountName=eessitestcisco01sa;AccountKey=ctMeiaUxKT4i25gy6bYY0MxQgHxvUvhX1q5BteUAaSV0hkybfH5pDnUshCa5SS394FCrEoyewRILvf1U+vryvw==;EndpointSuffix=core.windows.net",
                            "secondary_location": "",
                            "tags.%": "0"
                        },
                        "meta": {
                            "schema_version": "2"
                        },
                        "tainted": false
                    },
                    "deposed": [],
                    "provider": "provider.azurerm"
                },
                "azurerm_storage_account.eessi-test-cisco02-rg__eessitestcisco02sa": {
                    "type": "azurerm_storage_account",
                    "depends_on": [],
                    "primary": {
                        "id": "/subscriptions/5efd619c-0d6c-4bf6-a31b-d54ffda461c4/resourceGroups/eessi-test-cisco02-rg/providers/Microsoft.Storage/storageAccounts/eessitestcisco02sa",
                        "attributes": {
                            "access_tier": "",
                            "account_encryption_source": "Microsoft.Storage",
                            "account_kind": "Storage",
                            "account_replication_type": "LRS",
                            "account_tier": "Standard",
                            "account_type": "Standard_LRS",
                            "enable_blob_encryption": "true",
                            "enable_file_encryption": "true",
                            "enable_https_traffic_only": "false",
                            "id": "/subscriptions/5efd619c-0d6c-4bf6-a31b-d54ffda461c4/resourceGroups/eessi-test-cisco02-rg/providers/Microsoft.Storage/storageAccounts/eessitestcisco02sa",
                            "location": "uksouth",
                            "name": "eessitestcisco02sa",
                            "primary_access_key": "LiYr5dr+SCkzduZMsyv6qyMTjAEFJKqawblSQr2Bk9MegGQ2lmdrbSfUQcyWB6YHBmuv1krIETQoVpyfdoPf3A==",
                            "primary_blob_connection_string": "DefaultEndpointsProtocol=https;BlobEndpoint=https://eessitestcisco02sa.blob.core.windows.net/;AccountName=eessitestcisco02sa;AccountKey=LiYr5dr+SCkzduZMsyv6qyMTjAEFJKqawblSQr2Bk9MegGQ2lmdrbSfUQcyWB6YHBmuv1krIETQoVpyfdoPf3A==",
                            "primary_blob_endpoint": "https://eessitestcisco02sa.blob.core.windows.net/",
                            "primary_connection_string": "DefaultEndpointsProtocol=https;AccountName=eessitestcisco02sa;AccountKey=LiYr5dr+SCkzduZMsyv6qyMTjAEFJKqawblSQr2Bk9MegGQ2lmdrbSfUQcyWB6YHBmuv1krIETQoVpyfdoPf3A==;EndpointSuffix=core.windows.net",
                            "primary_file_endpoint": "https://eessitestcisco02sa.file.core.windows.net/",
                            "primary_location": "uksouth",
                            "primary_queue_endpoint": "https://eessitestcisco02sa.queue.core.windows.net/",
                            "primary_table_endpoint": "https://eessitestcisco02sa.table.core.windows.net/",
                            "resource_group_name": "eessi-test-cisco02-rg",
                            "secondary_access_key": "mBnZRkquVA9JcSHVYxrFjrRBkB2dsBDz3Gln9ykBFFDKO0ge0/e+1uhfrqP5WCMkG0aQspuJSc8yBEZcWAkxiQ==",
                            "secondary_connection_string": "DefaultEndpointsProtocol=https;AccountName=eessitestcisco02sa;AccountKey=mBnZRkquVA9JcSHVYxrFjrRBkB2dsBDz3Gln9ykBFFDKO0ge0/e+1uhfrqP5WCMkG0aQspuJSc8yBEZcWAkxiQ==;EndpointSuffix=core.windows.net",
                            "secondary_location": "",
                            "tags.%": "0"
                        },
                        "meta": {
                            "schema_version": "2"
                        },
                        "tainted": false
                    },
                    "deposed": [],
                    "provider": "provider.azurerm"
                },
                "azurerm_storage_account.eessi-test-shared-ad-rg__eessitestsharedadrdiagsa": {
                    "type": "azurerm_storage_account",
                    "depends_on": [],
                    "primary": {
                        "id": "/subscriptions/5efd619c-0d6c-4bf6-a31b-d54ffda461c4/resourceGroups/eessi-test-shared-ad-rg/providers/Microsoft.Storage/storageAccounts/eessitestsharedadrdiagsa",
                        "attributes": {
                            "access_tier": "",
                            "account_encryption_source": "Microsoft.Storage",
                            "account_kind": "Storage",
                            "account_replication_type": "LRS",
                            "account_tier": "Standard",
                            "account_type": "Standard_LRS",
                            "enable_blob_encryption": "true",
                            "enable_file_encryption": "true",
                            "enable_https_traffic_only": "false",
                            "id": "/subscriptions/5efd619c-0d6c-4bf6-a31b-d54ffda461c4/resourceGroups/eessi-test-shared-ad-rg/providers/Microsoft.Storage/storageAccounts/eessitestsharedadrdiagsa",
                            "location": "uksouth",
                            "name": "eessitestsharedadrdiagsa",
                            "primary_access_key": "yMTDHVqYmAjinj8WMpWRbPXVDqOXOhmE4NBTxi4SEmzG5GLxqOwv71saj/NzK9hhwG0aAVoNzbLie2gotaG1nQ==",
                            "primary_blob_connection_string": "DefaultEndpointsProtocol=https;BlobEndpoint=https://eessitestsharedadrdiagsa.blob.core.windows.net/;AccountName=eessitestsharedadrdiagsa;AccountKey=yMTDHVqYmAjinj8WMpWRbPXVDqOXOhmE4NBTxi4SEmzG5GLxqOwv71saj/NzK9hhwG0aAVoNzbLie2gotaG1nQ==",
                            "primary_blob_endpoint": "https://eessitestsharedadrdiagsa.blob.core.windows.net/",
                            "primary_connection_string": "DefaultEndpointsProtocol=https;AccountName=eessitestsharedadrdiagsa;AccountKey=yMTDHVqYmAjinj8WMpWRbPXVDqOXOhmE4NBTxi4SEmzG5GLxqOwv71saj/NzK9hhwG0aAVoNzbLie2gotaG1nQ==;EndpointSuffix=core.windows.net",
                            "primary_file_endpoint": "https://eessitestsharedadrdiagsa.file.core.windows.net/",
                            "primary_location": "uksouth",
                            "primary_queue_endpoint": "https://eessitestsharedadrdiagsa.queue.core.windows.net/",
                            "primary_table_endpoint": "https://eessitestsharedadrdiagsa.table.core.windows.net/",
                            "resource_group_name": "eessi-test-shared-ad-rg",
                            "secondary_access_key": "42o6G1k2YE3GJuQ9sOHXXZRD343hGno/0+d2Htmf2rX5TQD06ZqcyQCs445+AtiSFx6MIxAwEtxj1lIKsJB0WQ==",
                            "secondary_connection_string": "DefaultEndpointsProtocol=https;AccountName=eessitestsharedadrdiagsa;AccountKey=42o6G1k2YE3GJuQ9sOHXXZRD343hGno/0+d2Htmf2rX5TQD06ZqcyQCs445+AtiSFx6MIxAwEtxj1lIKsJB0WQ==;EndpointSuffix=core.windows.net",
                            "secondary_location": "",
                            "tags.%": "0"
                        },
                        "meta": {
                            "schema_version": "2"
                        },
                        "tainted": false
                    },
                    "deposed": [],
                    "provider": "provider.azurerm"
                },
                "azurerm_storage_account.eessi-test-shared-bkp-rg__eessitestsharedbkpdiagsa": {
                    "type": "azurerm_storage_account",
                    "depends_on": [],
                    "primary": {
                        "id": "/subscriptions/5efd619c-0d6c-4bf6-a31b-d54ffda461c4/resourceGroups/eessi-test-shared-bkp-rg/providers/Microsoft.Storage/storageAccounts/eessitestsharedbkpdiagsa",
                        "attributes": {
                            "access_tier": "",
                            "account_encryption_source": "Microsoft.Storage",
                            "account_kind": "Storage",
                            "account_replication_type": "LRS",
                            "account_tier": "Standard",
                            "account_type": "Standard_LRS",
                            "enable_blob_encryption": "true",
                            "enable_file_encryption": "true",
                            "enable_https_traffic_only": "false",
                            "id": "/subscriptions/5efd619c-0d6c-4bf6-a31b-d54ffda461c4/resourceGroups/eessi-test-shared-bkp-rg/providers/Microsoft.Storage/storageAccounts/eessitestsharedbkpdiagsa",
                            "location": "uksouth",
                            "name": "eessitestsharedbkpdiagsa",
                            "primary_access_key": "nwAVlOyWOWIZu/yJKpuesd06FsrqstyIPeter7iqS9vTesNIrRlX5cArONiNU8g/A5ti3sDdfQdZkC4t1Z2Jew==",
                            "primary_blob_connection_string": "DefaultEndpointsProtocol=https;BlobEndpoint=https://eessitestsharedbkpdiagsa.blob.core.windows.net/;AccountName=eessitestsharedbkpdiagsa;AccountKey=nwAVlOyWOWIZu/yJKpuesd06FsrqstyIPeter7iqS9vTesNIrRlX5cArONiNU8g/A5ti3sDdfQdZkC4t1Z2Jew==",
                            "primary_blob_endpoint": "https://eessitestsharedbkpdiagsa.blob.core.windows.net/",
                            "primary_connection_string": "DefaultEndpointsProtocol=https;AccountName=eessitestsharedbkpdiagsa;AccountKey=nwAVlOyWOWIZu/yJKpuesd06FsrqstyIPeter7iqS9vTesNIrRlX5cArONiNU8g/A5ti3sDdfQdZkC4t1Z2Jew==;EndpointSuffix=core.windows.net",
                            "primary_file_endpoint": "https://eessitestsharedbkpdiagsa.file.core.windows.net/",
                            "primary_location": "uksouth",
                            "primary_queue_endpoint": "https://eessitestsharedbkpdiagsa.queue.core.windows.net/",
                            "primary_table_endpoint": "https://eessitestsharedbkpdiagsa.table.core.windows.net/",
                            "resource_group_name": "eessi-test-shared-bkp-rg",
                            "secondary_access_key": "EvODVFE8hmclFpnEBa0nroTKcfMU2F1RG3cqtE11d+dlDYobwwHYHRNq203xUmXENJOhBp5Oen2zK2E3x3fC2Q==",
                            "secondary_connection_string": "DefaultEndpointsProtocol=https;AccountName=eessitestsharedbkpdiagsa;AccountKey=EvODVFE8hmclFpnEBa0nroTKcfMU2F1RG3cqtE11d+dlDYobwwHYHRNq203xUmXENJOhBp5Oen2zK2E3x3fC2Q==;EndpointSuffix=core.windows.net",
                            "secondary_location": "",
                            "tags.%": "0"
                        },
                        "meta": {
                            "schema_version": "2"
                        },
                        "tainted": false
                    },
                    "deposed": [],
                    "provider": "provider.azurerm"
                },
                "azurerm_storage_account.eessi-test-shared-wsus-rg__eessitestwsusdiagsa": {
                    "type": "azurerm_storage_account",
                    "depends_on": [],
                    "primary": {
                        "id": "/subscriptions/5efd619c-0d6c-4bf6-a31b-d54ffda461c4/resourceGroups/eessi-test-shared-wsus-rg/providers/Microsoft.Storage/storageAccounts/eessitestwsusdiagsa",
                        "attributes": {
                            "access_tier": "",
                            "account_encryption_source": "Microsoft.Storage",
                            "account_kind": "Storage",
                            "account_replication_type": "LRS",
                            "account_tier": "Standard",
                            "account_type": "Standard_LRS",
                            "enable_blob_encryption": "true",
                            "enable_file_encryption": "true",
                            "enable_https_traffic_only": "false",
                            "id": "/subscriptions/5efd619c-0d6c-4bf6-a31b-d54ffda461c4/resourceGroups/eessi-test-shared-wsus-rg/providers/Microsoft.Storage/storageAccounts/eessitestwsusdiagsa",
                            "location": "uksouth",
                            "name": "eessitestwsusdiagsa",
                            "primary_access_key": "5JH9KZYDK7BY1TonUKCXPrfsvwtMTI03/NMnmAaTJ/C1xqxhVigMih8MRLGYy4RxQuiEjg8QSDjK3r74Z7zWzw==",
                            "primary_blob_connection_string": "DefaultEndpointsProtocol=https;BlobEndpoint=https://eessitestwsusdiagsa.blob.core.windows.net/;AccountName=eessitestwsusdiagsa;AccountKey=5JH9KZYDK7BY1TonUKCXPrfsvwtMTI03/NMnmAaTJ/C1xqxhVigMih8MRLGYy4RxQuiEjg8QSDjK3r74Z7zWzw==",
                            "primary_blob_endpoint": "https://eessitestwsusdiagsa.blob.core.windows.net/",
                            "primary_connection_string": "DefaultEndpointsProtocol=https;AccountName=eessitestwsusdiagsa;AccountKey=5JH9KZYDK7BY1TonUKCXPrfsvwtMTI03/NMnmAaTJ/C1xqxhVigMih8MRLGYy4RxQuiEjg8QSDjK3r74Z7zWzw==;EndpointSuffix=core.windows.net",
                            "primary_file_endpoint": "https://eessitestwsusdiagsa.file.core.windows.net/",
                            "primary_location": "uksouth",
                            "primary_queue_endpoint": "https://eessitestwsusdiagsa.queue.core.windows.net/",
                            "primary_table_endpoint": "https://eessitestwsusdiagsa.table.core.windows.net/",
                            "resource_group_name": "eessi-test-shared-wsus-rg",
                            "secondary_access_key": "R2LEgog8ygY85GCkIDlmYWY9cVPaubz3mWgljMm9vu6uKkkwcQVXaaGw3KBqtDRZ+BUQc+nwMqjObXEtDdXPXg==",
                            "secondary_connection_string": "DefaultEndpointsProtocol=https;AccountName=eessitestwsusdiagsa;AccountKey=R2LEgog8ygY85GCkIDlmYWY9cVPaubz3mWgljMm9vu6uKkkwcQVXaaGw3KBqtDRZ+BUQc+nwMqjObXEtDdXPXg==;EndpointSuffix=core.windows.net",
                            "secondary_location": "",
                            "tags.%": "0"
                        },
                        "meta": {
                            "schema_version": "2"
                        },
                        "tainted": false
                    },
                    "deposed": [],
                    "provider": "provider.azurerm"
                },
                "azurerm_storage_account.eessi-test-transit-rg__eessitestciscosa": {
                    "type": "azurerm_storage_account",
                    "depends_on": [],
                    "primary": {
                        "id": "/subscriptions/5efd619c-0d6c-4bf6-a31b-d54ffda461c4/resourceGroups/eessi-test-transit-rg/providers/Microsoft.Storage/storageAccounts/eessitestciscosa",
                        "attributes": {
                            "access_tier": "",
                            "account_encryption_source": "Microsoft.Storage",
                            "account_kind": "Storage",
                            "account_replication_type": "LRS",
                            "account_tier": "Standard",
                            "account_type": "Standard_LRS",
                            "enable_blob_encryption": "true",
                            "enable_file_encryption": "true",
                            "enable_https_traffic_only": "false",
                            "id": "/subscriptions/5efd619c-0d6c-4bf6-a31b-d54ffda461c4/resourceGroups/eessi-test-transit-rg/providers/Microsoft.Storage/storageAccounts/eessitestciscosa",
                            "location": "uksouth",
                            "name": "eessitestciscosa",
                            "primary_access_key": "042NG4dPQfU9sX4fJ7sW6ul3PRxtW2DjL90u4oH7kJ7ODVE948wmwc0ycbc+9TnR1hiPA3YnNyHpmlByHlMCOg==",
                            "primary_blob_connection_string": "DefaultEndpointsProtocol=https;BlobEndpoint=https://eessitestciscosa.blob.core.windows.net/;AccountName=eessitestciscosa;AccountKey=042NG4dPQfU9sX4fJ7sW6ul3PRxtW2DjL90u4oH7kJ7ODVE948wmwc0ycbc+9TnR1hiPA3YnNyHpmlByHlMCOg==",
                            "primary_blob_endpoint": "https://eessitestciscosa.blob.core.windows.net/",
                            "primary_connection_string": "DefaultEndpointsProtocol=https;AccountName=eessitestciscosa;AccountKey=042NG4dPQfU9sX4fJ7sW6ul3PRxtW2DjL90u4oH7kJ7ODVE948wmwc0ycbc+9TnR1hiPA3YnNyHpmlByHlMCOg==;EndpointSuffix=core.windows.net",
                            "primary_file_endpoint": "https://eessitestciscosa.file.core.windows.net/",
                            "primary_location": "uksouth",
                            "primary_queue_endpoint": "https://eessitestciscosa.queue.core.windows.net/",
                            "primary_table_endpoint": "https://eessitestciscosa.table.core.windows.net/",
                            "resource_group_name": "eessi-test-transit-rg",
                            "secondary_access_key": "IJTOFcG7UaSKcJ2F63jo9BMaRF0NGUBILXdq1UjKt92nJRYy8DDYW5knH8FqI6jqm9oT6b0sJUNk8EmCiHzvVA==",
                            "secondary_connection_string": "DefaultEndpointsProtocol=https;AccountName=eessitestciscosa;AccountKey=IJTOFcG7UaSKcJ2F63jo9BMaRF0NGUBILXdq1UjKt92nJRYy8DDYW5knH8FqI6jqm9oT6b0sJUNk8EmCiHzvVA==;EndpointSuffix=core.windows.net",
                            "secondary_location": "",
                            "tags.%": "0"
                        },
                        "meta": {
                            "schema_version": "2"
                        },
                        "tainted": false
                    },
                    "deposed": [],
                    "provider": "provider.azurerm"
                },
                "azurerm_storage_account.eessi-test-transit-rg__eessitestproxy01diagsa": {
                    "type": "azurerm_storage_account",
                    "depends_on": [],
                    "primary": {
                        "id": "/subscriptions/5efd619c-0d6c-4bf6-a31b-d54ffda461c4/resourceGroups/eessi-test-transit-rg/providers/Microsoft.Storage/storageAccounts/eessitestproxy01diagsa",
                        "attributes": {
                            "access_tier": "",
                            "account_encryption_source": "Microsoft.Storage",
                            "account_kind": "Storage",
                            "account_replication_type": "LRS",
                            "account_tier": "Standard",
                            "account_type": "Standard_LRS",
                            "enable_blob_encryption": "true",
                            "enable_file_encryption": "true",
                            "enable_https_traffic_only": "false",
                            "id": "/subscriptions/5efd619c-0d6c-4bf6-a31b-d54ffda461c4/resourceGroups/eessi-test-transit-rg/providers/Microsoft.Storage/storageAccounts/eessitestproxy01diagsa",
                            "location": "uksouth",
                            "name": "eessitestproxy01diagsa",
                            "primary_access_key": "6f/3shUjpfkn9XrEQjI+UbyVxczed3BSKbPqHwD9e+6sKLRbKw/uplt6LM5TxjD4MlnMYYHSVLEaC5Crt8dvaw==",
                            "primary_blob_connection_string": "DefaultEndpointsProtocol=https;BlobEndpoint=https://eessitestproxy01diagsa.blob.core.windows.net/;AccountName=eessitestproxy01diagsa;AccountKey=6f/3shUjpfkn9XrEQjI+UbyVxczed3BSKbPqHwD9e+6sKLRbKw/uplt6LM5TxjD4MlnMYYHSVLEaC5Crt8dvaw==",
                            "primary_blob_endpoint": "https://eessitestproxy01diagsa.blob.core.windows.net/",
                            "primary_connection_string": "DefaultEndpointsProtocol=https;AccountName=eessitestproxy01diagsa;AccountKey=6f/3shUjpfkn9XrEQjI+UbyVxczed3BSKbPqHwD9e+6sKLRbKw/uplt6LM5TxjD4MlnMYYHSVLEaC5Crt8dvaw==;EndpointSuffix=core.windows.net",
                            "primary_file_endpoint": "https://eessitestproxy01diagsa.file.core.windows.net/",
                            "primary_location": "uksouth",
                            "primary_queue_endpoint": "https://eessitestproxy01diagsa.queue.core.windows.net/",
                            "primary_table_endpoint": "https://eessitestproxy01diagsa.table.core.windows.net/",
                            "resource_group_name": "eessi-test-transit-rg",
                            "secondary_access_key": "FOiyQRJEcI3IH/DyQm8Njj45ZMVrlZMwJ0tmR4z/iOISZFBvJuWoMQMzMnZFwDuERYUOfl01L6fPsCNvTRzf0g==",
                            "secondary_connection_string": "DefaultEndpointsProtocol=https;AccountName=eessitestproxy01diagsa;AccountKey=FOiyQRJEcI3IH/DyQm8Njj45ZMVrlZMwJ0tmR4z/iOISZFBvJuWoMQMzMnZFwDuERYUOfl01L6fPsCNvTRzf0g==;EndpointSuffix=core.windows.net",
                            "secondary_location": "",
                            "tags.%": "0"
                        },
                        "meta": {
                            "schema_version": "2"
                        },
                        "tainted": false
                    },
                    "deposed": [],
                    "provider": "provider.azurerm"
                },
                "azurerm_storage_account.eessi-test01-ap-biz-rg__eessitest01apbizdiagsa": {
                    "type": "azurerm_storage_account",
                    "depends_on": [],
                    "primary": {
                        "id": "/subscriptions/5efd619c-0d6c-4bf6-a31b-d54ffda461c4/resourceGroups/eessi-test01-ap-biz-rg/providers/Microsoft.Storage/storageAccounts/eessitest01apbizdiagsa",
                        "attributes": {
                            "access_tier": "",
                            "account_encryption_source": "Microsoft.Storage",
                            "account_kind": "Storage",
                            "account_replication_type": "LRS",
                            "account_tier": "Standard",
                            "account_type": "Standard_LRS",
                            "enable_blob_encryption": "true",
                            "enable_file_encryption": "true",
                            "enable_https_traffic_only": "false",
                            "id": "/subscriptions/5efd619c-0d6c-4bf6-a31b-d54ffda461c4/resourceGroups/eessi-test01-ap-biz-rg/providers/Microsoft.Storage/storageAccounts/eessitest01apbizdiagsa",
                            "location": "uksouth",
                            "name": "eessitest01apbizdiagsa",
                            "primary_access_key": "dptqQ6RGoSqm6SCA1U4DxhLXaK8X0ndYEeTZEoR5pSkWi0xYwCcJJkPMt4wqTH8oVnCK656ZjvFS03Q5xwsnCQ==",
                            "primary_blob_connection_string": "DefaultEndpointsProtocol=https;BlobEndpoint=https://eessitest01apbizdiagsa.blob.core.windows.net/;AccountName=eessitest01apbizdiagsa;AccountKey=dptqQ6RGoSqm6SCA1U4DxhLXaK8X0ndYEeTZEoR5pSkWi0xYwCcJJkPMt4wqTH8oVnCK656ZjvFS03Q5xwsnCQ==",
                            "primary_blob_endpoint": "https://eessitest01apbizdiagsa.blob.core.windows.net/",
                            "primary_connection_string": "DefaultEndpointsProtocol=https;AccountName=eessitest01apbizdiagsa;AccountKey=dptqQ6RGoSqm6SCA1U4DxhLXaK8X0ndYEeTZEoR5pSkWi0xYwCcJJkPMt4wqTH8oVnCK656ZjvFS03Q5xwsnCQ==;EndpointSuffix=core.windows.net",
                            "primary_file_endpoint": "https://eessitest01apbizdiagsa.file.core.windows.net/",
                            "primary_location": "uksouth",
                            "primary_queue_endpoint": "https://eessitest01apbizdiagsa.queue.core.windows.net/",
                            "primary_table_endpoint": "https://eessitest01apbizdiagsa.table.core.windows.net/",
                            "resource_group_name": "eessi-test01-ap-biz-rg",
                            "secondary_access_key": "/xwH38k7LwzlNGG+B7rNeJxDKruiS1RjuLj7GMnrCbb4ojzgiTrCZaBAsKP0NJhjPj29BlcrN5hopUHJVlUEPg==",
                            "secondary_connection_string": "DefaultEndpointsProtocol=https;AccountName=eessitest01apbizdiagsa;AccountKey=/xwH38k7LwzlNGG+B7rNeJxDKruiS1RjuLj7GMnrCbb4ojzgiTrCZaBAsKP0NJhjPj29BlcrN5hopUHJVlUEPg==;EndpointSuffix=core.windows.net",
                            "secondary_location": "",
                            "tags.%": "0"
                        },
                        "meta": {
                            "schema_version": "2"
                        },
                        "tainted": false
                    },
                    "deposed": [],
                    "provider": "provider.azurerm"
                },
                "azurerm_storage_account.eessi-test01-ap-fs-rg__eessitest01apfsdiagsa": {
                    "type": "azurerm_storage_account",
                    "depends_on": [],
                    "primary": {
                        "id": "/subscriptions/5efd619c-0d6c-4bf6-a31b-d54ffda461c4/resourceGroups/eessi-test01-ap-fs-rg/providers/Microsoft.Storage/storageAccounts/eessitest01apfsdiagsa",
                        "attributes": {
                            "access_tier": "",
                            "account_encryption_source": "Microsoft.Storage",
                            "account_kind": "Storage",
                            "account_replication_type": "LRS",
                            "account_tier": "Standard",
                            "account_type": "Standard_LRS",
                            "enable_blob_encryption": "true",
                            "enable_file_encryption": "true",
                            "enable_https_traffic_only": "false",
                            "id": "/subscriptions/5efd619c-0d6c-4bf6-a31b-d54ffda461c4/resourceGroups/eessi-test01-ap-fs-rg/providers/Microsoft.Storage/storageAccounts/eessitest01apfsdiagsa",
                            "location": "uksouth",
                            "name": "eessitest01apfsdiagsa",
                            "primary_access_key": "lqlVdooTnN3KWNcCV+kji5k47leqY+69l2SohUo20Z0xO1E0zq+9EoXc9oKGb9+OhsOi4dk3XGR9xBfNtcMdLA==",
                            "primary_blob_connection_string": "DefaultEndpointsProtocol=https;BlobEndpoint=https://eessitest01apfsdiagsa.blob.core.windows.net/;AccountName=eessitest01apfsdiagsa;AccountKey=lqlVdooTnN3KWNcCV+kji5k47leqY+69l2SohUo20Z0xO1E0zq+9EoXc9oKGb9+OhsOi4dk3XGR9xBfNtcMdLA==",
                            "primary_blob_endpoint": "https://eessitest01apfsdiagsa.blob.core.windows.net/",
                            "primary_connection_string": "DefaultEndpointsProtocol=https;AccountName=eessitest01apfsdiagsa;AccountKey=lqlVdooTnN3KWNcCV+kji5k47leqY+69l2SohUo20Z0xO1E0zq+9EoXc9oKGb9+OhsOi4dk3XGR9xBfNtcMdLA==;EndpointSuffix=core.windows.net",
                            "primary_file_endpoint": "https://eessitest01apfsdiagsa.file.core.windows.net/",
                            "primary_location": "uksouth",
                            "primary_queue_endpoint": "https://eessitest01apfsdiagsa.queue.core.windows.net/",
                            "primary_table_endpoint": "https://eessitest01apfsdiagsa.table.core.windows.net/",
                            "resource_group_name": "eessi-test01-ap-fs-rg",
                            "secondary_access_key": "NlDLbPsanf3Kc6jxFlu2LY8KDQ3jx4RjCKce/chmgx7SyttZV6MQudmArSubir8lNYfo6mDf0a3vHOZIoF/8ew==",
                            "secondary_connection_string": "DefaultEndpointsProtocol=https;AccountName=eessitest01apfsdiagsa;AccountKey=NlDLbPsanf3Kc6jxFlu2LY8KDQ3jx4RjCKce/chmgx7SyttZV6MQudmArSubir8lNYfo6mDf0a3vHOZIoF/8ew==;EndpointSuffix=core.windows.net",
                            "secondary_location": "",
                            "tags.%": "0"
                        },
                        "meta": {
                            "schema_version": "2"
                        },
                        "tainted": false
                    },
                    "deposed": [],
                    "provider": "provider.azurerm"
                },
                "azurerm_storage_account.eessi-test01-ap-fs-rg__eessitest01apfsquorumsa": {
                    "type": "azurerm_storage_account",
                    "depends_on": [],
                    "primary": {
                        "id": "/subscriptions/5efd619c-0d6c-4bf6-a31b-d54ffda461c4/resourceGroups/eessi-test01-ap-fs-rg/providers/Microsoft.Storage/storageAccounts/eessitest01apfsquorumsa",
                        "attributes": {
                            "access_tier": "",
                            "account_encryption_source": "Microsoft.Storage",
                            "account_kind": "Storage",
                            "account_replication_type": "LRS",
                            "account_tier": "Standard",
                            "account_type": "Standard_LRS",
                            "enable_blob_encryption": "true",
                            "enable_file_encryption": "true",
                            "enable_https_traffic_only": "true",
                            "id": "/subscriptions/5efd619c-0d6c-4bf6-a31b-d54ffda461c4/resourceGroups/eessi-test01-ap-fs-rg/providers/Microsoft.Storage/storageAccounts/eessitest01apfsquorumsa",
                            "location": "uksouth",
                            "name": "eessitest01apfsquorumsa",
                            "primary_access_key": "wnESDP09iCfSNPaGSr6zJMCb/siVDwwziyB5UQiAEaAwnX2kE9K8WjCJVQGrwvVZlDZWDUPX9XZB7Bab0eiCXw==",
                            "primary_blob_connection_string": "DefaultEndpointsProtocol=https;BlobEndpoint=https://eessitest01apfsquorumsa.blob.core.windows.net/;AccountName=eessitest01apfsquorumsa;AccountKey=wnESDP09iCfSNPaGSr6zJMCb/siVDwwziyB5UQiAEaAwnX2kE9K8WjCJVQGrwvVZlDZWDUPX9XZB7Bab0eiCXw==",
                            "primary_blob_endpoint": "https://eessitest01apfsquorumsa.blob.core.windows.net/",
                            "primary_connection_string": "DefaultEndpointsProtocol=https;AccountName=eessitest01apfsquorumsa;AccountKey=wnESDP09iCfSNPaGSr6zJMCb/siVDwwziyB5UQiAEaAwnX2kE9K8WjCJVQGrwvVZlDZWDUPX9XZB7Bab0eiCXw==;EndpointSuffix=core.windows.net",
                            "primary_file_endpoint": "https://eessitest01apfsquorumsa.file.core.windows.net/",
                            "primary_location": "uksouth",
                            "primary_queue_endpoint": "https://eessitest01apfsquorumsa.queue.core.windows.net/",
                            "primary_table_endpoint": "https://eessitest01apfsquorumsa.table.core.windows.net/",
                            "resource_group_name": "eessi-test01-ap-fs-rg",
                            "secondary_access_key": "FKS195jUvuW3mBptqIBSdjLQOFwlRrJBMJltdyOPDd+dTFO/EgdhgYn/dtJhLb586rEzLyvU5adYPlQCuukzwA==",
                            "secondary_connection_string": "DefaultEndpointsProtocol=https;AccountName=eessitest01apfsquorumsa;AccountKey=FKS195jUvuW3mBptqIBSdjLQOFwlRrJBMJltdyOPDd+dTFO/EgdhgYn/dtJhLb586rEzLyvU5adYPlQCuukzwA==;EndpointSuffix=core.windows.net",
                            "secondary_location": "",
                            "tags.%": "0"
                        },
                        "meta": {
                            "schema_version": "2"
                        },
                        "tainted": false
                    },
                    "deposed": [],
                    "provider": "provider.azurerm"
                },
                "azurerm_storage_account.eessi-test01-ap-sql-rg__eessitest01apsqldiagsa": {
                    "type": "azurerm_storage_account",
                    "depends_on": [],
                    "primary": {
                        "id": "/subscriptions/5efd619c-0d6c-4bf6-a31b-d54ffda461c4/resourceGroups/eessi-test01-ap-sql-rg/providers/Microsoft.Storage/storageAccounts/eessitest01apsqldiagsa",
                        "attributes": {
                            "access_tier": "",
                            "account_encryption_source": "Microsoft.Storage",
                            "account_kind": "Storage",
                            "account_replication_type": "LRS",
                            "account_tier": "Standard",
                            "account_type": "Standard_LRS",
                            "enable_blob_encryption": "true",
                            "enable_file_encryption": "true",
                            "enable_https_traffic_only": "false",
                            "id": "/subscriptions/5efd619c-0d6c-4bf6-a31b-d54ffda461c4/resourceGroups/eessi-test01-ap-sql-rg/providers/Microsoft.Storage/storageAccounts/eessitest01apsqldiagsa",
                            "location": "uksouth",
                            "name": "eessitest01apsqldiagsa",
                            "primary_access_key": "FHnHRYufpX/TYdsrwrisfMFUfV3EP4wcs8wIiDcSz7tO+iexDnS7vnYOLbcuDszAAWHuAjlFMoeZmm7LDL5Olg==",
                            "primary_blob_connection_string": "DefaultEndpointsProtocol=https;BlobEndpoint=https://eessitest01apsqldiagsa.blob.core.windows.net/;AccountName=eessitest01apsqldiagsa;AccountKey=FHnHRYufpX/TYdsrwrisfMFUfV3EP4wcs8wIiDcSz7tO+iexDnS7vnYOLbcuDszAAWHuAjlFMoeZmm7LDL5Olg==",
                            "primary_blob_endpoint": "https://eessitest01apsqldiagsa.blob.core.windows.net/",
                            "primary_connection_string": "DefaultEndpointsProtocol=https;AccountName=eessitest01apsqldiagsa;AccountKey=FHnHRYufpX/TYdsrwrisfMFUfV3EP4wcs8wIiDcSz7tO+iexDnS7vnYOLbcuDszAAWHuAjlFMoeZmm7LDL5Olg==;EndpointSuffix=core.windows.net",
                            "primary_file_endpoint": "https://eessitest01apsqldiagsa.file.core.windows.net/",
                            "primary_location": "uksouth",
                            "primary_queue_endpoint": "https://eessitest01apsqldiagsa.queue.core.windows.net/",
                            "primary_table_endpoint": "https://eessitest01apsqldiagsa.table.core.windows.net/",
                            "resource_group_name": "eessi-test01-ap-sql-rg",
                            "secondary_access_key": "04NKVMsslkAUOwjMTOYEL8SPCKuMaKE+e0k1uYcm4LosfH56l0tQsR7jcPBZARjq2cpqg2xG69CP+JZ+qvY2Ug==",
                            "secondary_connection_string": "DefaultEndpointsProtocol=https;AccountName=eessitest01apsqldiagsa;AccountKey=04NKVMsslkAUOwjMTOYEL8SPCKuMaKE+e0k1uYcm4LosfH56l0tQsR7jcPBZARjq2cpqg2xG69CP+JZ+qvY2Ug==;EndpointSuffix=core.windows.net",
                            "secondary_location": "",
                            "tags.%": "0"
                        },
                        "meta": {
                            "schema_version": "2"
                        },
                        "tainted": false
                    },
                    "deposed": [],
                    "provider": "provider.azurerm"
                },
                "azurerm_storage_account.eessi-test01-rina-app-rg__eessitest01riappdiagsa": {
                    "type": "azurerm_storage_account",
                    "depends_on": [],
                    "primary": {
                        "id": "/subscriptions/5efd619c-0d6c-4bf6-a31b-d54ffda461c4/resourceGroups/eessi-test01-rina-app-rg/providers/Microsoft.Storage/storageAccounts/eessitest01riappdiagsa",
                        "attributes": {
                            "access_tier": "",
                            "account_encryption_source": "Microsoft.Storage",
                            "account_kind": "Storage",
                            "account_replication_type": "LRS",
                            "account_tier": "Standard",
                            "account_type": "Standard_LRS",
                            "enable_blob_encryption": "true",
                            "enable_file_encryption": "true",
                            "enable_https_traffic_only": "false",
                            "id": "/subscriptions/5efd619c-0d6c-4bf6-a31b-d54ffda461c4/resourceGroups/eessi-test01-rina-app-rg/providers/Microsoft.Storage/storageAccounts/eessitest01riappdiagsa",
                            "location": "uksouth",
                            "name": "eessitest01riappdiagsa",
                            "primary_access_key": "mh9waXwidACbGRwOc7/6XFjq70EoVVBi4zxzAKhjtMNC9B/EOuLU/F8fbk6k4bfEX4a/mwTAqsS48JeiFgKpuA==",
                            "primary_blob_connection_string": "DefaultEndpointsProtocol=https;BlobEndpoint=https://eessitest01riappdiagsa.blob.core.windows.net/;AccountName=eessitest01riappdiagsa;AccountKey=mh9waXwidACbGRwOc7/6XFjq70EoVVBi4zxzAKhjtMNC9B/EOuLU/F8fbk6k4bfEX4a/mwTAqsS48JeiFgKpuA==",
                            "primary_blob_endpoint": "https://eessitest01riappdiagsa.blob.core.windows.net/",
                            "primary_connection_string": "DefaultEndpointsProtocol=https;AccountName=eessitest01riappdiagsa;AccountKey=mh9waXwidACbGRwOc7/6XFjq70EoVVBi4zxzAKhjtMNC9B/EOuLU/F8fbk6k4bfEX4a/mwTAqsS48JeiFgKpuA==;EndpointSuffix=core.windows.net",
                            "primary_file_endpoint": "https://eessitest01riappdiagsa.file.core.windows.net/",
                            "primary_location": "uksouth",
                            "primary_queue_endpoint": "https://eessitest01riappdiagsa.queue.core.windows.net/",
                            "primary_table_endpoint": "https://eessitest01riappdiagsa.table.core.windows.net/",
                            "resource_group_name": "eessi-test01-rina-app-rg",
                            "secondary_access_key": "E9mBQGmI0sPK42nVlqJKTjNrcQDv9iTulC6Y1JdGVJFF0W/LnnTtr6tdNOZQi8JeL86wW2f3l5RrlIuLd2l6eg==",
                            "secondary_connection_string": "DefaultEndpointsProtocol=https;AccountName=eessitest01riappdiagsa;AccountKey=E9mBQGmI0sPK42nVlqJKTjNrcQDv9iTulC6Y1JdGVJFF0W/LnnTtr6tdNOZQi8JeL86wW2f3l5RrlIuLd2l6eg==;EndpointSuffix=core.windows.net",
                            "secondary_location": "",
                            "tags.%": "0"
                        },
                        "meta": {
                            "schema_version": "2"
                        },
                        "tainted": false
                    },
                    "deposed": [],
                    "provider": "provider.azurerm"
                },
                "azurerm_subnet.EESSI-Test-Shared-RG__Active-Directory": {
                    "type": "azurerm_subnet",
                    "depends_on": [],
                    "primary": {
                        "id": "/subscriptions/5efd619c-0d6c-4bf6-a31b-d54ffda461c4/resourceGroups/EESSI-Test-Shared-RG/providers/Microsoft.Network/virtualNetworks/EESSI-Test-Shared-vNet/subnets/Active-Directory",
                        "attributes": {
                            "address_prefix": "10.86.4.0/28",
                            "id": "/subscriptions/5efd619c-0d6c-4bf6-a31b-d54ffda461c4/resourceGroups/EESSI-Test-Shared-RG/providers/Microsoft.Network/virtualNetworks/EESSI-Test-Shared-vNet/subnets/Active-Directory",
                            "ip_configurations.#": "2",
                            "ip_configurations.2597095645": "/subscriptions/5efd619c-0d6c-4bf6-a31b-d54ffda461c4/resourceGroups/EESSI-Test-Shared-AD-RG/providers/Microsoft.Network/networkInterfaces/aztst01-dc02417/ipConfigurations/ipconfig1",
                            "ip_configurations.818328376": "/subscriptions/5efd619c-0d6c-4bf6-a31b-d54ffda461c4/resourceGroups/EESSI-Test-Shared-AD-RG/providers/Microsoft.Network/networkInterfaces/aztst01-dc01240/ipConfigurations/ipconfig1",
                            "name": "Active-Directory",
                            "resource_group_name": "EESSI-Test-Shared-RG",
                            "service_endpoints.#": "0",
                            "virtual_network_name": "EESSI-Test-Shared-vNet"
                        },
                        "meta": {},
                        "tainted": false
                    },
                    "deposed": [],
                    "provider": "provider.azurerm"
                },
                "azurerm_subnet.EESSI-Test-Shared-RG__Backup": {
                    "type": "azurerm_subnet",
                    "depends_on": [],
                    "primary": {
                        "id": "/subscriptions/5efd619c-0d6c-4bf6-a31b-d54ffda461c4/resourceGroups/EESSI-Test-Shared-RG/providers/Microsoft.Network/virtualNetworks/EESSI-Test-Shared-vNet/subnets/Backup",
                        "attributes": {
                            "address_prefix": "10.86.4.16/28",
                            "id": "/subscriptions/5efd619c-0d6c-4bf6-a31b-d54ffda461c4/resourceGroups/EESSI-Test-Shared-RG/providers/Microsoft.Network/virtualNetworks/EESSI-Test-Shared-vNet/subnets/Backup",
                            "ip_configurations.#": "1",
                            "ip_configurations.2454047239": "/subscriptions/5efd619c-0d6c-4bf6-a31b-d54ffda461c4/resourceGroups/EESSI-Test-Shared-BKP-RG/providers/Microsoft.Network/networkInterfaces/aztst01-bkp01134/ipConfigurations/ipconfig1",
                            "name": "Backup",
                            "resource_group_name": "EESSI-Test-Shared-RG",
                            "service_endpoints.#": "0",
                            "virtual_network_name": "EESSI-Test-Shared-vNet"
                        },
                        "meta": {},
                        "tainted": false
                    },
                    "deposed": [],
                    "provider": "provider.azurerm"
                },
                "azurerm_subnet.EESSI-Test-Shared-RG__WSUS": {
                    "type": "azurerm_subnet",
                    "depends_on": [],
                    "primary": {
                        "id": "/subscriptions/5efd619c-0d6c-4bf6-a31b-d54ffda461c4/resourceGroups/EESSI-Test-Shared-RG/providers/Microsoft.Network/virtualNetworks/EESSI-Test-Shared-vNet/subnets/WSUS",
                        "attributes": {
                            "address_prefix": "10.86.4.32/28",
                            "id": "/subscriptions/5efd619c-0d6c-4bf6-a31b-d54ffda461c4/resourceGroups/EESSI-Test-Shared-RG/providers/Microsoft.Network/virtualNetworks/EESSI-Test-Shared-vNet/subnets/WSUS",
                            "ip_configurations.#": "1",
                            "ip_configurations.1440593468": "/subscriptions/5efd619c-0d6c-4bf6-a31b-d54ffda461c4/resourceGroups/EESSI-Test-Shared-WSUS-RG/providers/Microsoft.Network/networkInterfaces/aztst01-wsus01648/ipConfigurations/ipconfig1",
                            "name": "WSUS",
                            "resource_group_name": "EESSI-Test-Shared-RG",
                            "service_endpoints.#": "0",
                            "virtual_network_name": "EESSI-Test-Shared-vNet"
                        },
                        "meta": {},
                        "tainted": false
                    },
                    "deposed": [],
                    "provider": "provider.azurerm"
                },
                "azurerm_subnet.EESSI-Test-Transit-RG__CSR1-Outside": {
                    "type": "azurerm_subnet",
                    "depends_on": [],
                    "primary": {
                        "id": "/subscriptions/5efd619c-0d6c-4bf6-a31b-d54ffda461c4/resourceGroups/EESSI-Test-Transit-RG/providers/Microsoft.Network/virtualNetworks/EESSI-Test-Transit-vNet/subnets/CSR1-Outside",
                        "attributes": {
                            "address_prefix": "10.80.22.32/28",
                            "id": "/subscriptions/5efd619c-0d6c-4bf6-a31b-d54ffda461c4/resourceGroups/EESSI-Test-Transit-RG/providers/Microsoft.Network/virtualNetworks/EESSI-Test-Transit-vNet/subnets/CSR1-Outside",
                            "ip_configurations.#": "3",
                            "ip_configurations.1279876916": "/subscriptions/5efd619c-0d6c-4bf6-a31b-d54ffda461c4/resourceGroups/EESSI-Test-Cisco02-RG/providers/Microsoft.Network/networkInterfaces/AZUTSTRTR2-Nic3/ipConfigurations/ipconfig1",
                            "ip_configurations.3865524784": "/subscriptions/5efd619c-0d6c-4bf6-a31b-d54ffda461c4/resourceGroups/EESSI-Test-Cisco01-RG/providers/Microsoft.Network/networkInterfaces/AZUTSTRTR1-Nic1/ipConfigurations/ipconfig1",
                            "ip_configurations.797311860": "/subscriptions/5efd619c-0d6c-4bf6-a31b-d54ffda461c4/resourceGroups/EESSI-Test-Cisco01-RG/providers/Microsoft.Network/networkInterfaces/AZUTSTRTR1-Nic1/ipConfigurations/RTR1-FVRF-SEC",
                            "name": "CSR1-Outside",
                            "resource_group_name": "EESSI-Test-Transit-RG",
                            "route_table_id": "/subscriptions/5efd619c-0d6c-4bf6-a31b-d54ffda461c4/resourceGroups/EESSI-Test-Transit-RG/providers/Microsoft.Network/routeTables/CSR1-Outside-CSR-RouteTable",
                            "service_endpoints.#": "0",
                            "virtual_network_name": "EESSI-Test-Transit-vNet"
                        },
                        "meta": {},
                        "tainted": false
                    },
                    "deposed": [],
                    "provider": "provider.azurerm"
                },
                "azurerm_subnet.EESSI-Test-Transit-RG__CSR2-Outside": {
                    "type": "azurerm_subnet",
                    "depends_on": [],
                    "primary": {
                        "id": "/subscriptions/5efd619c-0d6c-4bf6-a31b-d54ffda461c4/resourceGroups/EESSI-Test-Transit-RG/providers/Microsoft.Network/virtualNetworks/EESSI-Test-Transit-vNet/subnets/CSR2-Outside",
                        "attributes": {
                            "address_prefix": "10.80.22.48/28",
                            "id": "/subscriptions/5efd619c-0d6c-4bf6-a31b-d54ffda461c4/resourceGroups/EESSI-Test-Transit-RG/providers/Microsoft.Network/virtualNetworks/EESSI-Test-Transit-vNet/subnets/CSR2-Outside",
                            "ip_configurations.#": "2",
                            "ip_configurations.1327670542": "/subscriptions/5efd619c-0d6c-4bf6-a31b-d54ffda461c4/resourceGroups/EESSI-Test-Cisco02-RG/providers/Microsoft.Network/networkInterfaces/AZUTSTRTR2-Nic1/ipConfigurations/ipconfig1",
                            "ip_configurations.3900912016": "/subscriptions/5efd619c-0d6c-4bf6-a31b-d54ffda461c4/resourceGroups/EESSI-Test-Cisco02-RG/providers/Microsoft.Network/networkInterfaces/AZUTSTRTR2-Nic1/ipConfigurations/RTR2-G2-SEC",
                            "name": "CSR2-Outside",
                            "resource_group_name": "EESSI-Test-Transit-RG",
                            "route_table_id": "/subscriptions/5efd619c-0d6c-4bf6-a31b-d54ffda461c4/resourceGroups/EESSI-Test-Transit-RG/providers/Microsoft.Network/routeTables/CSR2-Outside-CSR-RouteTable",
                            "service_endpoints.#": "0",
                            "virtual_network_name": "EESSI-Test-Transit-vNet"
                        },
                        "meta": {},
                        "tainted": false
                    },
                    "deposed": [],
                    "provider": "provider.azurerm"
                },
                "azurerm_subnet.EESSI-Test-Transit-RG__GatewaySubnet": {
                    "type": "azurerm_subnet",
                    "depends_on": [],
                    "primary": {
                        "id": "/subscriptions/5efd619c-0d6c-4bf6-a31b-d54ffda461c4/resourceGroups/EESSI-Test-Transit-RG/providers/Microsoft.Network/virtualNetworks/EESSI-Test-Transit-vNet/subnets/GatewaySubnet",
                        "attributes": {
                            "address_prefix": "10.80.22.0/27",
                            "id": "/subscriptions/5efd619c-0d6c-4bf6-a31b-d54ffda461c4/resourceGroups/EESSI-Test-Transit-RG/providers/Microsoft.Network/virtualNetworks/EESSI-Test-Transit-vNet/subnets/GatewaySubnet",
                            "ip_configurations.#": "1",
                            "ip_configurations.857333896": "/subscriptions/5efd619c-0d6c-4bf6-a31b-d54ffda461c4/resourceGroups/EESSI-Test-Transit-RG/providers/Microsoft.Network/virtualNetworkGateways/EESSI-Test-Transit-ERGW/ipConfigurations/default",
                            "name": "GatewaySubnet",
                            "resource_group_name": "EESSI-Test-Transit-RG",
                            "route_table_id": "/subscriptions/5efd619c-0d6c-4bf6-a31b-d54ffda461c4/resourceGroups/EESSI-Test-Transit-RG/providers/Microsoft.Network/routeTables/GatewaySubnet-CSR-RouteTable",
                            "service_endpoints.#": "0",
                            "virtual_network_name": "EESSI-Test-Transit-vNet"
                        },
                        "meta": {},
                        "tainted": false
                    },
                    "deposed": [],
                    "provider": "provider.azurerm"
                },
                "azurerm_subnet.EESSI-Test-Transit-RG__Inside": {
                    "type": "azurerm_subnet",
                    "depends_on": [],
                    "primary": {
                        "id": "/subscriptions/5efd619c-0d6c-4bf6-a31b-d54ffda461c4/resourceGroups/EESSI-Test-Transit-RG/providers/Microsoft.Network/virtualNetworks/EESSI-Test-Transit-vNet/subnets/Inside",
                        "attributes": {
                            "address_prefix": "10.80.22.64/28",
                            "id": "/subscriptions/5efd619c-0d6c-4bf6-a31b-d54ffda461c4/resourceGroups/EESSI-Test-Transit-RG/providers/Microsoft.Network/virtualNetworks/EESSI-Test-Transit-vNet/subnets/Inside",
                            "ip_configurations.#": "2",
                            "ip_configurations.1308402217": "/subscriptions/5efd619c-0d6c-4bf6-a31b-d54ffda461c4/resourceGroups/EESSI-Test-Cisco02-RG/providers/Microsoft.Network/networkInterfaces/AZUTSTRTR2-Nic2/ipConfigurations/ipconfig1",
                            "ip_configurations.3837345047": "/subscriptions/5efd619c-0d6c-4bf6-a31b-d54ffda461c4/resourceGroups/EESSI-Test-Cisco01-RG/providers/Microsoft.Network/networkInterfaces/AZUTSTRTR1-Nic2/ipConfigurations/ipconfig1",
                            "name": "Inside",
                            "resource_group_name": "EESSI-Test-Transit-RG",
                            "route_table_id": "/subscriptions/5efd619c-0d6c-4bf6-a31b-d54ffda461c4/resourceGroups/EESSI-Test-Transit-RG/providers/Microsoft.Network/routeTables/Inside-CSR-RouteTable",
                            "service_endpoints.#": "0",
                            "virtual_network_name": "EESSI-Test-Transit-vNet"
                        },
                        "meta": {},
                        "tainted": false
                    },
                    "deposed": [],
                    "provider": "provider.azurerm"
                },
                "azurerm_subnet.EESSI-Test-Transit-RG__Management": {
                    "type": "azurerm_subnet",
                    "depends_on": [],
                    "primary": {
                        "id": "/subscriptions/5efd619c-0d6c-4bf6-a31b-d54ffda461c4/resourceGroups/EESSI-Test-Transit-RG/providers/Microsoft.Network/virtualNetworks/EESSI-Test-Transit-vNet/subnets/Management",
                        "attributes": {
                            "address_prefix": "10.80.22.224/27",
                            "id": "/subscriptions/5efd619c-0d6c-4bf6-a31b-d54ffda461c4/resourceGroups/EESSI-Test-Transit-RG/providers/Microsoft.Network/virtualNetworks/EESSI-Test-Transit-vNet/subnets/Management",
                            "ip_configurations.#": "2",
                            "ip_configurations.1318541331": "/subscriptions/5efd619c-0d6c-4bf6-a31b-d54ffda461c4/resourceGroups/EESSI-Test-Cisco02-RG/providers/Microsoft.Network/networkInterfaces/AZUTSTRTR2-Nic0/ipConfigurations/ipconfig1",
                            "ip_configurations.3889350445": "/subscriptions/5efd619c-0d6c-4bf6-a31b-d54ffda461c4/resourceGroups/EESSI-Test-Cisco01-RG/providers/Microsoft.Network/networkInterfaces/AZUTSTRTR1-Nic0/ipConfigurations/ipconfig1",
                            "name": "Management",
                            "resource_group_name": "EESSI-Test-Transit-RG",
                            "route_table_id": "/subscriptions/5efd619c-0d6c-4bf6-a31b-d54ffda461c4/resourceGroups/EESSI-Test-Transit-RG/providers/Microsoft.Network/routeTables/Management-CSR-RouteTable",
                            "service_endpoints.#": "0",
                            "virtual_network_name": "EESSI-Test-Transit-vNet"
                        },
                        "meta": {},
                        "tainted": false
                    },
                    "deposed": [],
                    "provider": "provider.azurerm"
                },
                "azurerm_subnet.EESSI-Test-Transit-RG__Proxy": {
                    "type": "azurerm_subnet",
                    "depends_on": [],
                    "primary": {
                        "id": "/subscriptions/5efd619c-0d6c-4bf6-a31b-d54ffda461c4/resourceGroups/EESSI-Test-Transit-RG/providers/Microsoft.Network/virtualNetworks/EESSI-Test-Transit-vNet/subnets/Proxy",
                        "attributes": {
                            "address_prefix": "10.80.22.80/28",
                            "id": "/subscriptions/5efd619c-0d6c-4bf6-a31b-d54ffda461c4/resourceGroups/EESSI-Test-Transit-RG/providers/Microsoft.Network/virtualNetworks/EESSI-Test-Transit-vNet/subnets/Proxy",
                            "ip_configurations.#": "3",
                            "ip_configurations.1813257681": "/subscriptions/5efd619c-0d6c-4bf6-a31b-d54ffda461c4/resourceGroups/EESSI-Test-Transit-RG/providers/Microsoft.Network/networkInterfaces/aztst01-proxy01799/ipConfigurations/ipconfig1",
                            "ip_configurations.3107718287": "/subscriptions/5efd619c-0d6c-4bf6-a31b-d54ffda461c4/resourceGroups/EESSI-Test-Transit-RG/providers/Microsoft.Network/networkInterfaces/aztst-proxy01688/ipConfigurations/ipconfig1",
                            "ip_configurations.3842818058": "/subscriptions/5efd619c-0d6c-4bf6-a31b-d54ffda461c4/resourceGroups/EESSI-Test-Cisco01-RG/providers/Microsoft.Network/networkInterfaces/AZUTSTRTR1-Nic3/ipConfigurations/ipconfig1",
                            "name": "Proxy",
                            "resource_group_name": "EESSI-Test-Transit-RG",
                            "service_endpoints.#": "0",
                            "virtual_network_name": "EESSI-Test-Transit-vNet"
                        },
                        "meta": {},
                        "tainted": false
                    },
                    "deposed": [],
                    "provider": "provider.azurerm"
                },
                "azurerm_subnet.EESSI-Test01-AP-Shared-RG__Application": {
                    "type": "azurerm_subnet",
                    "depends_on": [],
                    "primary": {
                        "id": "/subscriptions/5efd619c-0d6c-4bf6-a31b-d54ffda461c4/resourceGroups/EESSI-Test01-AP-Shared-RG/providers/Microsoft.Network/virtualNetworks/EESSI-Test01-AP-vNet/subnets/Application",
                        "attributes": {
                            "address_prefix": "10.86.1.0/28",
                            "id": "/subscriptions/5efd619c-0d6c-4bf6-a31b-d54ffda461c4/resourceGroups/EESSI-Test01-AP-Shared-RG/providers/Microsoft.Network/virtualNetworks/EESSI-Test01-AP-vNet/subnets/Application",
                            "ip_configurations.#": "4",
                            "ip_configurations.1623105769": "/subscriptions/5efd619c-0d6c-4bf6-a31b-d54ffda461c4/resourceGroups/bpdts-testrg/providers/Microsoft.Network/networkInterfaces/bpdts-testsql740/ipConfigurations/ipconfig1",
                            "ip_configurations.1972357094": "/subscriptions/5efd619c-0d6c-4bf6-a31b-d54ffda461c4/resourceGroups/EESSI-Test01-AP-Biz-RG/providers/Microsoft.Network/networkInterfaces/aztst01-apbiz02396/ipConfigurations/ipconfig1",
                            "ip_configurations.3650698954": "/subscriptions/5efd619c-0d6c-4bf6-a31b-d54ffda461c4/resourceGroups/bpdts-testrg/providers/Microsoft.Network/networkInterfaces/bpdts-test140/ipConfigurations/ipconfig1",
                            "ip_configurations.611855786": "/subscriptions/5efd619c-0d6c-4bf6-a31b-d54ffda461c4/resourceGroups/EESSI-Test01-AP-Biz-RG/providers/Microsoft.Network/networkInterfaces/aztst01-apbiz01877/ipConfigurations/ipconfig1",
                            "name": "Application",
                            "resource_group_name": "EESSI-Test01-AP-Shared-RG",
                            "route_table_id": "/subscriptions/5efd619c-0d6c-4bf6-a31b-d54ffda461c4/resourceGroups/EESSI-Test01-AP-Shared-RG/providers/Microsoft.Network/routeTables/Test01-AP-to-CSR",
                            "service_endpoints.#": "0",
                            "virtual_network_name": "EESSI-Test01-AP-vNet"
                        },
                        "meta": {},
                        "tainted": false
                    },
                    "deposed": [],
                    "provider": "provider.azurerm"
                },
                "azurerm_subnet.EESSI-Test01-AP-Shared-RG__Database": {
                    "type": "azurerm_subnet",
                    "depends_on": [],
                    "primary": {
                        "id": "/subscriptions/5efd619c-0d6c-4bf6-a31b-d54ffda461c4/resourceGroups/EESSI-Test01-AP-Shared-RG/providers/Microsoft.Network/virtualNetworks/EESSI-Test01-AP-vNet/subnets/Database",
                        "attributes": {
                            "address_prefix": "10.86.1.32/27",
                            "id": "/subscriptions/5efd619c-0d6c-4bf6-a31b-d54ffda461c4/resourceGroups/EESSI-Test01-AP-Shared-RG/providers/Microsoft.Network/virtualNetworks/EESSI-Test01-AP-vNet/subnets/Database",
                            "ip_configurations.#": "1",
                            "ip_configurations.3285259942": "/subscriptions/5efd619c-0d6c-4bf6-a31b-d54ffda461c4/resourceGroups/EESSI-Test01-AP-SQL-RG/providers/Microsoft.Network/networkInterfaces/aztst01-apsql01126/ipConfigurations/ipconfig1",
                            "name": "Database",
                            "resource_group_name": "EESSI-Test01-AP-Shared-RG",
                            "service_endpoints.#": "0",
                            "virtual_network_name": "EESSI-Test01-AP-vNet"
                        },
                        "meta": {},
                        "tainted": false
                    },
                    "deposed": [],
                    "provider": "provider.azurerm"
                },
                "azurerm_subnet.EESSI-Test01-AP-Shared-RG__File-Servers": {
                    "type": "azurerm_subnet",
                    "depends_on": [],
                    "primary": {
                        "id": "/subscriptions/5efd619c-0d6c-4bf6-a31b-d54ffda461c4/resourceGroups/EESSI-Test01-AP-Shared-RG/providers/Microsoft.Network/virtualNetworks/EESSI-Test01-AP-vNet/subnets/File-Servers",
                        "attributes": {
                            "address_prefix": "10.86.1.64/28",
                            "id": "/subscriptions/5efd619c-0d6c-4bf6-a31b-d54ffda461c4/resourceGroups/EESSI-Test01-AP-Shared-RG/providers/Microsoft.Network/virtualNetworks/EESSI-Test01-AP-vNet/subnets/File-Servers",
                            "ip_configurations.#": "3",
                            "ip_configurations.1868955499": "/subscriptions/5efd619c-0d6c-4bf6-a31b-d54ffda461c4/resourceGroups/EESSI-Test01-AP-FS-RG/providers/Microsoft.Network/networkInterfaces/aztst01-apfs02641/ipConfigurations/ipconfig1",
                            "ip_configurations.370522239": "/subscriptions/5efd619c-0d6c-4bf6-a31b-d54ffda461c4/resourceGroups/EESSI-Test01-AP-FS-RG/providers/Microsoft.Network/loadBalancers/EESSI-Test01-AP-FS-ILB/frontendIPConfigurations/LoadBalancerFrontEnd",
                            "ip_configurations.706225779": "/subscriptions/5efd619c-0d6c-4bf6-a31b-d54ffda461c4/resourceGroups/EESSI-Test01-AP-FS-RG/providers/Microsoft.Network/networkInterfaces/aztst01-apfs01272/ipConfigurations/ipconfig1",
                            "name": "File-Servers",
                            "resource_group_name": "EESSI-Test01-AP-Shared-RG",
                            "service_endpoints.#": "1",
                            "service_endpoints.0": "Microsoft.Storage",
                            "virtual_network_name": "EESSI-Test01-AP-vNet"
                        },
                        "meta": {},
                        "tainted": false
                    },
                    "deposed": [],
                    "provider": "provider.azurerm"
                },
                "azurerm_subnet.EESSI-Test01-RINA-Shared-RG__Application": {
                    "type": "azurerm_subnet",
                    "depends_on": [],
                    "primary": {
                        "id": "/subscriptions/5efd619c-0d6c-4bf6-a31b-d54ffda461c4/resourceGroups/EESSI-Test01-RINA-Shared-RG/providers/Microsoft.Network/virtualNetworks/EESSI-Test01-RINA-vNet/subnets/Application",
                        "attributes": {
                            "address_prefix": "10.86.2.0/28",
                            "id": "/subscriptions/5efd619c-0d6c-4bf6-a31b-d54ffda461c4/resourceGroups/EESSI-Test01-RINA-Shared-RG/providers/Microsoft.Network/virtualNetworks/EESSI-Test01-RINA-vNet/subnets/Application",
                            "ip_configurations.#": "4",
                            "ip_configurations.2411949842": "/subscriptions/5efd619c-0d6c-4bf6-a31b-d54ffda461c4/resourceGroups/EESSI-TEST01-RINA-LB-RG/providers/Microsoft.Network/networkInterfaces/aztst01-rilb02815/ipConfigurations/ipconfig1",
                            "ip_configurations.2633283525": "/subscriptions/5efd619c-0d6c-4bf6-a31b-d54ffda461c4/resourceGroups/EESSI-Test01-RINA-App-RG/providers/Microsoft.Network/networkInterfaces/aztst01-rilb02981/ipConfigurations/ipconfig1",
                            "ip_configurations.3205874755": "/subscriptions/5efd619c-0d6c-4bf6-a31b-d54ffda461c4/resourceGroups/EESSI-Test01-RINA-App-RG/providers/Microsoft.Network/networkInterfaces/aztst01-rilb01133/ipConfigurations/ipconfig1",
                            "ip_configurations.499687946": "/subscriptions/5efd619c-0d6c-4bf6-a31b-d54ffda461c4/resourceGroups/EESSI-Test01-RINA-App-RG/providers/Microsoft.Network/networkInterfaces/aztst01-riapp01846/ipConfigurations/ipconfig1",
                            "name": "Application",
                            "resource_group_name": "EESSI-Test01-RINA-Shared-RG",
                            "service_endpoints.#": "0",
                            "virtual_network_name": "EESSI-Test01-RINA-vNet"
                        },
                        "meta": {},
                        "tainted": false
                    },
                    "deposed": [],
                    "provider": "provider.azurerm"
                },
                "azurerm_subnet.EESSI-Test01-RINA-Shared-RG__Bonita": {
                    "type": "azurerm_subnet",
                    "depends_on": [],
                    "primary": {
                        "id": "/subscriptions/5efd619c-0d6c-4bf6-a31b-d54ffda461c4/resourceGroups/EESSI-Test01-RINA-Shared-RG/providers/Microsoft.Network/virtualNetworks/EESSI-Test01-RINA-vNet/subnets/Bonita",
                        "attributes": {
                            "address_prefix": "10.86.2.32/28",
                            "id": "/subscriptions/5efd619c-0d6c-4bf6-a31b-d54ffda461c4/resourceGroups/EESSI-Test01-RINA-Shared-RG/providers/Microsoft.Network/virtualNetworks/EESSI-Test01-RINA-vNet/subnets/Bonita",
                            "ip_configurations.#": "2",
                            "ip_configurations.1423369897": "/subscriptions/5efd619c-0d6c-4bf6-a31b-d54ffda461c4/resourceGroups/EESSI-TEST01-RINA-BPM-RG/providers/Microsoft.Network/networkInterfaces/aztst01-ribon02931/ipConfigurations/ipconfig1",
                            "ip_configurations.3265474590": "/subscriptions/5efd619c-0d6c-4bf6-a31b-d54ffda461c4/resourceGroups/EESSI-TEST01-RINA-BPM-RG/providers/Microsoft.Network/networkInterfaces/aztst01-ribon01761/ipConfigurations/ipconfig1",
                            "name": "Bonita",
                            "resource_group_name": "EESSI-Test01-RINA-Shared-RG",
                            "service_endpoints.#": "0",
                            "virtual_network_name": "EESSI-Test01-RINA-vNet"
                        },
                        "meta": {},
                        "tainted": false
                    },
                    "deposed": [],
                    "provider": "provider.azurerm"
                },
                "azurerm_subnet.EESSI-Test01-RINA-Shared-RG__Elastic-Search": {
                    "type": "azurerm_subnet",
                    "depends_on": [],
                    "primary": {
                        "id": "/subscriptions/5efd619c-0d6c-4bf6-a31b-d54ffda461c4/resourceGroups/EESSI-Test01-RINA-Shared-RG/providers/Microsoft.Network/virtualNetworks/EESSI-Test01-RINA-vNet/subnets/Elastic-Search",
                        "attributes": {
                            "address_prefix": "10.86.2.80/28",
                            "id": "/subscriptions/5efd619c-0d6c-4bf6-a31b-d54ffda461c4/resourceGroups/EESSI-Test01-RINA-Shared-RG/providers/Microsoft.Network/virtualNetworks/EESSI-Test01-RINA-vNet/subnets/Elastic-Search",
                            "ip_configurations.#": "2",
                            "ip_configurations.1524113218": "/subscriptions/5efd619c-0d6c-4bf6-a31b-d54ffda461c4/resourceGroups/EESSI-TEST01-RINA-ELAST-RG/providers/Microsoft.Network/networkInterfaces/aztst01-ries01930/ipConfigurations/ipconfig1",
                            "ip_configurations.658680230": "/subscriptions/5efd619c-0d6c-4bf6-a31b-d54ffda461c4/resourceGroups/EESSI-TEST01-RINA-ELAST-RG/providers/Microsoft.Network/networkInterfaces/aztst01-ries02876/ipConfigurations/ipconfig1",
                            "name": "Elastic-Search",
                            "resource_group_name": "EESSI-Test01-RINA-Shared-RG",
                            "service_endpoints.#": "0",
                            "virtual_network_name": "EESSI-Test01-RINA-vNet"
                        },
                        "meta": {},
                        "tainted": false
                    },
                    "deposed": [],
                    "provider": "provider.azurerm"
                },
                "azurerm_subnet.EESSI-Test01-RINA-Shared-RG__File-Servers": {
                    "type": "azurerm_subnet",
                    "depends_on": [],
                    "primary": {
                        "id": "/subscriptions/5efd619c-0d6c-4bf6-a31b-d54ffda461c4/resourceGroups/EESSI-Test01-RINA-Shared-RG/providers/Microsoft.Network/virtualNetworks/EESSI-Test01-RINA-vNet/subnets/File-Servers",
                        "attributes": {
                            "address_prefix": "10.86.2.96/28",
                            "id": "/subscriptions/5efd619c-0d6c-4bf6-a31b-d54ffda461c4/resourceGroups/EESSI-Test01-RINA-Shared-RG/providers/Microsoft.Network/virtualNetworks/EESSI-Test01-RINA-vNet/subnets/File-Servers",
                            "ip_configurations.#": "3",
                            "ip_configurations.2640939885": "/subscriptions/5efd619c-0d6c-4bf6-a31b-d54ffda461c4/resourceGroups/EESSI-TEST01-RINA-FSHARE-RG/providers/Microsoft.Network/loadBalancers/EESSI-Test01-RINA-FS-ILB/frontendIPConfigurations/LoadBalancerFrontEnd",
                            "ip_configurations.4147451396": "/subscriptions/5efd619c-0d6c-4bf6-a31b-d54ffda461c4/resourceGroups/EESSI-TEST01-RINA-FSHARE-RG/providers/Microsoft.Network/networkInterfaces/aztst01-rifs02999/ipConfigurations/ipconfig1",
                            "ip_configurations.423809952": "/subscriptions/5efd619c-0d6c-4bf6-a31b-d54ffda461c4/resourceGroups/EESSI-TEST01-RINA-FSHARE-RG/providers/Microsoft.Network/networkInterfaces/aztst01-rifs0162/ipConfigurations/ipconfig1",
                            "name": "File-Servers",
                            "resource_group_name": "EESSI-Test01-RINA-Shared-RG",
                            "service_endpoints.#": "1",
                            "service_endpoints.0": "Microsoft.Storage",
                            "virtual_network_name": "EESSI-Test01-RINA-vNet"
                        },
                        "meta": {},
                        "tainted": false
                    },
                    "deposed": [],
                    "provider": "provider.azurerm"
                },
                "azurerm_subnet.EESSI-Test01-RINA-Shared-RG__Holodeck": {
                    "type": "azurerm_subnet",
                    "depends_on": [],
                    "primary": {
                        "id": "/subscriptions/5efd619c-0d6c-4bf6-a31b-d54ffda461c4/resourceGroups/EESSI-Test01-RINA-Shared-RG/providers/Microsoft.Network/virtualNetworks/EESSI-Test01-RINA-vNet/subnets/Holodeck",
                        "attributes": {
                            "address_prefix": "10.86.2.48/28",
                            "id": "/subscriptions/5efd619c-0d6c-4bf6-a31b-d54ffda461c4/resourceGroups/EESSI-Test01-RINA-Shared-RG/providers/Microsoft.Network/virtualNetworks/EESSI-Test01-RINA-vNet/subnets/Holodeck",
                            "ip_configurations.#": "2",
                            "ip_configurations.3356350731": "/subscriptions/5efd619c-0d6c-4bf6-a31b-d54ffda461c4/resourceGroups/EESSI-TEST01-RINA-HDK-RG/providers/Microsoft.Network/networkInterfaces/aztst01-rihol01468/ipConfigurations/ipconfig1",
                            "ip_configurations.969251267": "/subscriptions/5efd619c-0d6c-4bf6-a31b-d54ffda461c4/resourceGroups/EESSI-TEST01-RINA-HDK-RG/providers/Microsoft.Network/networkInterfaces/aztst01-rihol02394/ipConfigurations/ipconfig1",
                            "name": "Holodeck",
                            "resource_group_name": "EESSI-Test01-RINA-Shared-RG",
                            "service_endpoints.#": "0",
                            "virtual_network_name": "EESSI-Test01-RINA-vNet"
                        },
                        "meta": {},
                        "tainted": false
                    },
                    "deposed": [],
                    "provider": "provider.azurerm"
                },
                "azurerm_subnet.EESSI-Test01-RINA-Shared-RG__PostgreSQL": {
                    "type": "azurerm_subnet",
                    "depends_on": [],
                    "primary": {
                        "id": "/subscriptions/5efd619c-0d6c-4bf6-a31b-d54ffda461c4/resourceGroups/EESSI-Test01-RINA-Shared-RG/providers/Microsoft.Network/virtualNetworks/EESSI-Test01-RINA-vNet/subnets/PostgreSQL",
                        "attributes": {
                            "address_prefix": "10.86.2.64/28",
                            "id": "/subscriptions/5efd619c-0d6c-4bf6-a31b-d54ffda461c4/resourceGroups/EESSI-Test01-RINA-Shared-RG/providers/Microsoft.Network/virtualNetworks/EESSI-Test01-RINA-vNet/subnets/PostgreSQL",
                            "ip_configurations.#": "2",
                            "ip_configurations.2537106587": "/subscriptions/5efd619c-0d6c-4bf6-a31b-d54ffda461c4/resourceGroups/EESSI-TEST01-RINA-POSTGRE-RG/providers/Microsoft.Network/networkInterfaces/aztst01-risql02497/ipConfigurations/ipconfig1",
                            "ip_configurations.710713783": "/subscriptions/5efd619c-0d6c-4bf6-a31b-d54ffda461c4/resourceGroups/EESSI-TEST01-RINA-POSTGRE-RG/providers/Microsoft.Network/networkInterfaces/aztst01-risql01962/ipConfigurations/ipconfig1",
                            "name": "PostgreSQL",
                            "resource_group_name": "EESSI-Test01-RINA-Shared-RG",
                            "service_endpoints.#": "0",
                            "virtual_network_name": "EESSI-Test01-RINA-vNet"
                        },
                        "meta": {},
                        "tainted": false
                    },
                    "deposed": [],
                    "provider": "provider.azurerm"
                },
                "azurerm_subnet.EESSI-Test01-RINA-Shared-RG__REST": {
                    "type": "azurerm_subnet",
                    "depends_on": [],
                    "primary": {
                        "id": "/subscriptions/5efd619c-0d6c-4bf6-a31b-d54ffda461c4/resourceGroups/EESSI-Test01-RINA-Shared-RG/providers/Microsoft.Network/virtualNetworks/EESSI-Test01-RINA-vNet/subnets/REST",
                        "attributes": {
                            "address_prefix": "10.86.2.16/28",
                            "id": "/subscriptions/5efd619c-0d6c-4bf6-a31b-d54ffda461c4/resourceGroups/EESSI-Test01-RINA-Shared-RG/providers/Microsoft.Network/virtualNetworks/EESSI-Test01-RINA-vNet/subnets/REST",
                            "ip_configurations.#": "2",
                            "ip_configurations.1598178424": "/subscriptions/5efd619c-0d6c-4bf6-a31b-d54ffda461c4/resourceGroups/EESSI-TEST01-RINA-REST-RG/providers/Microsoft.Network/networkInterfaces/aztst01-ritom01671/ipConfigurations/ipconfig1",
                            "ip_configurations.2306886366": "/subscriptions/5efd619c-0d6c-4bf6-a31b-d54ffda461c4/resourceGroups/EESSI-TEST01-RINA-REST-RG/providers/Microsoft.Network/networkInterfaces/aztst01-ritom02221/ipConfigurations/ipconfig1",
                            "name": "REST",
                            "resource_group_name": "EESSI-Test01-RINA-Shared-RG",
                            "service_endpoints.#": "0",
                            "virtual_network_name": "EESSI-Test01-RINA-vNet"
                        },
                        "meta": {},
                        "tainted": false
                    },
                    "deposed": [],
                    "provider": "provider.azurerm"
                },
                "azurerm_subnet.EESSI-Test02-AP-Biz-RG__default": {
                    "type": "azurerm_subnet",
                    "depends_on": [],
                    "primary": {
                        "id": "/subscriptions/5efd619c-0d6c-4bf6-a31b-d54ffda461c4/resourceGroups/EESSI-Test02-AP-Biz-RG/providers/Microsoft.Network/virtualNetworks/EESSI-Test02-AP-Biz-RG-vnet/subnets/default",
                        "attributes": {
                            "address_prefix": "10.0.0.0/24",
                            "id": "/subscriptions/5efd619c-0d6c-4bf6-a31b-d54ffda461c4/resourceGroups/EESSI-Test02-AP-Biz-RG/providers/Microsoft.Network/virtualNetworks/EESSI-Test02-AP-Biz-RG-vnet/subnets/default",
                            "ip_configurations.#": "0",
                            "name": "default",
                            "resource_group_name": "EESSI-Test02-AP-Biz-RG",
                            "service_endpoints.#": "0",
                            "virtual_network_name": "EESSI-Test02-AP-Biz-RG-vnet"
                        },
                        "meta": {},
                        "tainted": false
                    },
                    "deposed": [],
                    "provider": "provider.azurerm"
                },
                "azurerm_subnet.EESSI-Test02-AP-Shared-RG__Application": {
                    "type": "azurerm_subnet",
                    "depends_on": [],
                    "primary": {
                        "id": "/subscriptions/5efd619c-0d6c-4bf6-a31b-d54ffda461c4/resourceGroups/EESSI-Test02-AP-Shared-RG/providers/Microsoft.Network/virtualNetworks/EESSI-Test02-AP-vNet/subnets/Application",
                        "attributes": {
                            "address_prefix": "10.86.13.0/28",
                            "id": "/subscriptions/5efd619c-0d6c-4bf6-a31b-d54ffda461c4/resourceGroups/EESSI-Test02-AP-Shared-RG/providers/Microsoft.Network/virtualNetworks/EESSI-Test02-AP-vNet/subnets/Application",
                            "ip_configurations.#": "2",
                            "ip_configurations.225710321": "/subscriptions/5efd619c-0d6c-4bf6-a31b-d54ffda461c4/resourceGroups/EESSI-Test01-AP-Biz-RG/providers/Microsoft.Network/networkInterfaces/aztst02-apbiz02310/ipConfigurations/ipconfig1",
                            "ip_configurations.3956692721": "/subscriptions/5efd619c-0d6c-4bf6-a31b-d54ffda461c4/resourceGroups/EESSI-Test01-AP-Biz-RG/providers/Microsoft.Network/networkInterfaces/aztst02-apbiz01717/ipConfigurations/ipconfig1",
                            "name": "Application",
                            "resource_group_name": "EESSI-Test02-AP-Shared-RG",
                            "service_endpoints.#": "0",
                            "virtual_network_name": "EESSI-Test02-AP-vNet"
                        },
                        "meta": {},
                        "tainted": false
                    },
                    "deposed": [],
                    "provider": "provider.azurerm"
                },
                "azurerm_subnet.EESSI-Test02-AP-Shared-RG__Database": {
                    "type": "azurerm_subnet",
                    "depends_on": [],
                    "primary": {
                        "id": "/subscriptions/5efd619c-0d6c-4bf6-a31b-d54ffda461c4/resourceGroups/EESSI-Test02-AP-Shared-RG/providers/Microsoft.Network/virtualNetworks/EESSI-Test02-AP-vNet/subnets/Database",
                        "attributes": {
                            "address_prefix": "10.86.13.32/27",
                            "id": "/subscriptions/5efd619c-0d6c-4bf6-a31b-d54ffda461c4/resourceGroups/EESSI-Test02-AP-Shared-RG/providers/Microsoft.Network/virtualNetworks/EESSI-Test02-AP-vNet/subnets/Database",
                            "ip_configurations.#": "3",
                            "ip_configurations.2223682521": "/subscriptions/5efd619c-0d6c-4bf6-a31b-d54ffda461c4/resourceGroups/EESSI-Test02-AP-SQL-RG/providers/Microsoft.Network/networkInterfaces/aztst02-apsql02461/ipConfigurations/ipconfig1",
                            "ip_configurations.2237026265": "/subscriptions/5efd619c-0d6c-4bf6-a31b-d54ffda461c4/resourceGroups/EESSI-Test02-AP-SQL-RG/providers/Microsoft.Network/networkInterfaces/aztst02-apsql01352/ipConfigurations/ipconfig1",
                            "ip_configurations.3587464134": "/subscriptions/5efd619c-0d6c-4bf6-a31b-d54ffda461c4/resourceGroups/EESSI-Test02-AP-SQL-RG/providers/Microsoft.Network/networkInterfaces/aztst02-apsql01765/ipConfigurations/ipconfig1",
                            "name": "Database",
                            "resource_group_name": "EESSI-Test02-AP-Shared-RG",
                            "service_endpoints.#": "0",
                            "virtual_network_name": "EESSI-Test02-AP-vNet"
                        },
                        "meta": {},
                        "tainted": false
                    },
                    "deposed": [],
                    "provider": "provider.azurerm"
                },
                "azurerm_subnet.EESSI-Test02-AP-Shared-RG__File-Server": {
                    "type": "azurerm_subnet",
                    "depends_on": [],
                    "primary": {
                        "id": "/subscriptions/5efd619c-0d6c-4bf6-a31b-d54ffda461c4/resourceGroups/EESSI-Test02-AP-Shared-RG/providers/Microsoft.Network/virtualNetworks/EESSI-Test02-AP-vNet/subnets/File-Server",
                        "attributes": {
                            "address_prefix": "10.86.13.64/28",
                            "id": "/subscriptions/5efd619c-0d6c-4bf6-a31b-d54ffda461c4/resourceGroups/EESSI-Test02-AP-Shared-RG/providers/Microsoft.Network/virtualNetworks/EESSI-Test02-AP-vNet/subnets/File-Server",
                            "ip_configurations.#": "3",
                            "ip_configurations.3515665866": "/subscriptions/5efd619c-0d6c-4bf6-a31b-d54ffda461c4/resourceGroups/EESSI-Test02-AP-FS-RG/providers/Microsoft.Network/loadBalancers/EESSI-Test02-AP-FS-ILB/frontendIPConfigurations/LoadBalancerFrontEnd",
                            "ip_configurations.406425441": "/subscriptions/5efd619c-0d6c-4bf6-a31b-d54ffda461c4/resourceGroups/EESSI-Test02-AP-FS-RG/providers/Microsoft.Network/networkInterfaces/aztst02-apfs02160/ipConfigurations/ipconfig1",
                            "ip_configurations.862431251": "/subscriptions/5efd619c-0d6c-4bf6-a31b-d54ffda461c4/resourceGroups/EESSI-Test02-AP-FS-RG/providers/Microsoft.Network/networkInterfaces/aztst02-apfs01960/ipConfigurations/ipconfig1",
                            "name": "File-Server",
                            "resource_group_name": "EESSI-Test02-AP-Shared-RG",
                            "service_endpoints.#": "1",
                            "service_endpoints.0": "Microsoft.Storage",
                            "virtual_network_name": "EESSI-Test02-AP-vNet"
                        },
                        "meta": {},
                        "tainted": false
                    },
                    "deposed": [],
                    "provider": "provider.azurerm"
                },
                "azurerm_subnet.EESSI-Test02-RINA-Shared-RG__Application": {
                    "type": "azurerm_subnet",
                    "depends_on": [],
                    "primary": {
                        "id": "/subscriptions/5efd619c-0d6c-4bf6-a31b-d54ffda461c4/resourceGroups/EESSI-Test02-RINA-Shared-RG/providers/Microsoft.Network/virtualNetworks/EESSI-Test02-RINA-vNet/subnets/Application",
                        "attributes": {
                            "address_prefix": "10.86.14.0/28",
                            "id": "/subscriptions/5efd619c-0d6c-4bf6-a31b-d54ffda461c4/resourceGroups/EESSI-Test02-RINA-Shared-RG/providers/Microsoft.Network/virtualNetworks/EESSI-Test02-RINA-vNet/subnets/Application",
                            "ip_configurations.#": "0",
                            "name": "Application",
                            "resource_group_name": "EESSI-Test02-RINA-Shared-RG",
                            "service_endpoints.#": "0",
                            "virtual_network_name": "EESSI-Test02-RINA-vNet"
                        },
                        "meta": {},
                        "tainted": false
                    },
                    "deposed": [],
                    "provider": "provider.azurerm"
                },
                "azurerm_subnet.EESSI-Test02-RINA-Shared-RG__Bonita": {
                    "type": "azurerm_subnet",
                    "depends_on": [],
                    "primary": {
                        "id": "/subscriptions/5efd619c-0d6c-4bf6-a31b-d54ffda461c4/resourceGroups/EESSI-Test02-RINA-Shared-RG/providers/Microsoft.Network/virtualNetworks/EESSI-Test02-RINA-vNet/subnets/Bonita",
                        "attributes": {
                            "address_prefix": "10.86.14.32/28",
                            "id": "/subscriptions/5efd619c-0d6c-4bf6-a31b-d54ffda461c4/resourceGroups/EESSI-Test02-RINA-Shared-RG/providers/Microsoft.Network/virtualNetworks/EESSI-Test02-RINA-vNet/subnets/Bonita",
                            "ip_configurations.#": "0",
                            "name": "Bonita",
                            "resource_group_name": "EESSI-Test02-RINA-Shared-RG",
                            "service_endpoints.#": "0",
                            "virtual_network_name": "EESSI-Test02-RINA-vNet"
                        },
                        "meta": {},
                        "tainted": false
                    },
                    "deposed": [],
                    "provider": "provider.azurerm"
                },
                "azurerm_subnet.EESSI-Test02-RINA-Shared-RG__Elastic-Search": {
                    "type": "azurerm_subnet",
                    "depends_on": [],
                    "primary": {
                        "id": "/subscriptions/5efd619c-0d6c-4bf6-a31b-d54ffda461c4/resourceGroups/EESSI-Test02-RINA-Shared-RG/providers/Microsoft.Network/virtualNetworks/EESSI-Test02-RINA-vNet/subnets/Elastic-Search",
                        "attributes": {
                            "address_prefix": "10.86.14.80/28",
                            "id": "/subscriptions/5efd619c-0d6c-4bf6-a31b-d54ffda461c4/resourceGroups/EESSI-Test02-RINA-Shared-RG/providers/Microsoft.Network/virtualNetworks/EESSI-Test02-RINA-vNet/subnets/Elastic-Search",
                            "ip_configurations.#": "0",
                            "name": "Elastic-Search",
                            "resource_group_name": "EESSI-Test02-RINA-Shared-RG",
                            "service_endpoints.#": "0",
                            "virtual_network_name": "EESSI-Test02-RINA-vNet"
                        },
                        "meta": {},
                        "tainted": false
                    },
                    "deposed": [],
                    "provider": "provider.azurerm"
                },
                "azurerm_subnet.EESSI-Test02-RINA-Shared-RG__File-Servers": {
                    "type": "azurerm_subnet",
                    "depends_on": [],
                    "primary": {
                        "id": "/subscriptions/5efd619c-0d6c-4bf6-a31b-d54ffda461c4/resourceGroups/EESSI-Test02-RINA-Shared-RG/providers/Microsoft.Network/virtualNetworks/EESSI-Test02-RINA-vNet/subnets/File-Servers",
                        "attributes": {
                            "address_prefix": "10.86.14.96/28",
                            "id": "/subscriptions/5efd619c-0d6c-4bf6-a31b-d54ffda461c4/resourceGroups/EESSI-Test02-RINA-Shared-RG/providers/Microsoft.Network/virtualNetworks/EESSI-Test02-RINA-vNet/subnets/File-Servers",
                            "ip_configurations.#": "0",
                            "name": "File-Servers",
                            "resource_group_name": "EESSI-Test02-RINA-Shared-RG",
                            "service_endpoints.#": "0",
                            "virtual_network_name": "EESSI-Test02-RINA-vNet"
                        },
                        "meta": {},
                        "tainted": false
                    },
                    "deposed": [],
                    "provider": "provider.azurerm"
                },
                "azurerm_subnet.EESSI-Test02-RINA-Shared-RG__Holodeck": {
                    "type": "azurerm_subnet",
                    "depends_on": [],
                    "primary": {
                        "id": "/subscriptions/5efd619c-0d6c-4bf6-a31b-d54ffda461c4/resourceGroups/EESSI-Test02-RINA-Shared-RG/providers/Microsoft.Network/virtualNetworks/EESSI-Test02-RINA-vNet/subnets/Holodeck",
                        "attributes": {
                            "address_prefix": "10.86.14.48/28",
                            "id": "/subscriptions/5efd619c-0d6c-4bf6-a31b-d54ffda461c4/resourceGroups/EESSI-Test02-RINA-Shared-RG/providers/Microsoft.Network/virtualNetworks/EESSI-Test02-RINA-vNet/subnets/Holodeck",
                            "ip_configurations.#": "0",
                            "name": "Holodeck",
                            "resource_group_name": "EESSI-Test02-RINA-Shared-RG",
                            "service_endpoints.#": "0",
                            "virtual_network_name": "EESSI-Test02-RINA-vNet"
                        },
                        "meta": {},
                        "tainted": false
                    },
                    "deposed": [],
                    "provider": "provider.azurerm"
                },
                "azurerm_subnet.EESSI-Test02-RINA-Shared-RG__PostgreSQL": {
                    "type": "azurerm_subnet",
                    "depends_on": [],
                    "primary": {
                        "id": "/subscriptions/5efd619c-0d6c-4bf6-a31b-d54ffda461c4/resourceGroups/EESSI-Test02-RINA-Shared-RG/providers/Microsoft.Network/virtualNetworks/EESSI-Test02-RINA-vNet/subnets/PostgreSQL",
                        "attributes": {
                            "address_prefix": "10.86.14.64/28",
                            "id": "/subscriptions/5efd619c-0d6c-4bf6-a31b-d54ffda461c4/resourceGroups/EESSI-Test02-RINA-Shared-RG/providers/Microsoft.Network/virtualNetworks/EESSI-Test02-RINA-vNet/subnets/PostgreSQL",
                            "ip_configurations.#": "0",
                            "name": "PostgreSQL",
                            "resource_group_name": "EESSI-Test02-RINA-Shared-RG",
                            "service_endpoints.#": "0",
                            "virtual_network_name": "EESSI-Test02-RINA-vNet"
                        },
                        "meta": {},
                        "tainted": false
                    },
                    "deposed": [],
                    "provider": "provider.azurerm"
                },
                "azurerm_subnet.EESSI-Test02-RINA-Shared-RG__REST": {
                    "type": "azurerm_subnet",
                    "depends_on": [],
                    "primary": {
                        "id": "/subscriptions/5efd619c-0d6c-4bf6-a31b-d54ffda461c4/resourceGroups/EESSI-Test02-RINA-Shared-RG/providers/Microsoft.Network/virtualNetworks/EESSI-Test02-RINA-vNet/subnets/REST",
                        "attributes": {
                            "address_prefix": "10.86.14.16/28",
                            "id": "/subscriptions/5efd619c-0d6c-4bf6-a31b-d54ffda461c4/resourceGroups/EESSI-Test02-RINA-Shared-RG/providers/Microsoft.Network/virtualNetworks/EESSI-Test02-RINA-vNet/subnets/REST",
                            "ip_configurations.#": "0",
                            "name": "REST",
                            "resource_group_name": "EESSI-Test02-RINA-Shared-RG",
                            "service_endpoints.#": "0",
                            "virtual_network_name": "EESSI-Test02-RINA-vNet"
                        },
                        "meta": {},
                        "tainted": false
                    },
                    "deposed": [],
                    "provider": "provider.azurerm"
                },
                "azurerm_subnet.RG-Rina2Rina-Playground__Rina2Rina-Subnet": {
                    "type": "azurerm_subnet",
                    "depends_on": [],
                    "primary": {
                        "id": "/subscriptions/5efd619c-0d6c-4bf6-a31b-d54ffda461c4/resourceGroups/RG-Rina2Rina-Playground/providers/Microsoft.Network/virtualNetworks/EESSI-Rina2Rina-vNet/subnets/Rina2Rina-Subnet",
                        "attributes": {
                            "address_prefix": "10.87.1.0/24",
                            "id": "/subscriptions/5efd619c-0d6c-4bf6-a31b-d54ffda461c4/resourceGroups/RG-Rina2Rina-Playground/providers/Microsoft.Network/virtualNetworks/EESSI-Rina2Rina-vNet/subnets/Rina2Rina-Subnet",
                            "ip_configurations.#": "3",
                            "ip_configurations.195583373": "/subscriptions/5efd619c-0d6c-4bf6-a31b-d54ffda461c4/resourceGroups/RG-Rina2Rina-Playground/providers/Microsoft.Network/networkInterfaces/r2rnode04VMNic/ipConfigurations/ipconfigr2rnode04",
                            "ip_configurations.2238281637": "/subscriptions/5efd619c-0d6c-4bf6-a31b-d54ffda461c4/resourceGroups/RG-Rina2Rina-Playground/providers/Microsoft.Network/networkInterfaces/r2rnode01VMNic/ipConfigurations/ipconfigr2rnode01",
                            "ip_configurations.4280914365": "/subscriptions/5efd619c-0d6c-4bf6-a31b-d54ffda461c4/resourceGroups/RG-Rina2Rina-Playground/providers/Microsoft.Network/networkInterfaces/r2rnode02VMNic/ipConfigurations/ipconfigr2rnode02",
                            "name": "Rina2Rina-Subnet",
                            "resource_group_name": "RG-Rina2Rina-Playground",
                            "service_endpoints.#": "0",
                            "virtual_network_name": "EESSI-Rina2Rina-vNet"
                        },
                        "meta": {},
                        "tainted": false
                    },
                    "deposed": [],
                    "provider": "provider.azurerm"
                },
                "azurerm_virtual_network.EESSI-Test-Shared-RG__EESSI-Test-Shared-vNet": {
                    "type": "azurerm_virtual_network",
                    "depends_on": [],
                    "primary": {
                        "id": "/subscriptions/5efd619c-0d6c-4bf6-a31b-d54ffda461c4/resourceGroups/EESSI-Test-Shared-RG/providers/Microsoft.Network/virtualNetworks/EESSI-Test-Shared-vNet",
                        "attributes": {
                            "address_space.#": "1",
                            "address_space.0": "10.86.4.0/24",
                            "dns_servers.#": "2",
                            "dns_servers.0": "10.86.4.4",
                            "dns_servers.1": "10.86.4.5",
                            "id": "/subscriptions/5efd619c-0d6c-4bf6-a31b-d54ffda461c4/resourceGroups/EESSI-Test-Shared-RG/providers/Microsoft.Network/virtualNetworks/EESSI-Test-Shared-vNet",
                            "location": "uksouth",
                            "name": "EESSI-Test-Shared-vNet",
                            "resource_group_name": "EESSI-Test-Shared-RG",
                            "subnet.#": "3",
                            "subnet.1595600592.address_prefix": "10.86.4.32/28",
                            "subnet.1595600592.name": "WSUS",
                            "subnet.1595600592.security_group": "",
                            "subnet.2035004196.address_prefix": "10.86.4.16/28",
                            "subnet.2035004196.name": "Backup",
                            "subnet.2035004196.security_group": "",
                            "subnet.2497409723.address_prefix": "10.86.4.0/28",
                            "subnet.2497409723.name": "Active-Directory",
                            "subnet.2497409723.security_group": "",
                            "tags.%": "0"
                        },
                        "meta": {},
                        "tainted": false
                    },
                    "deposed": [],
                    "provider": "provider.azurerm"
                },
                "azurerm_virtual_network.EESSI-Test-Transit-RG__EESSI-Test-Transit-vNet": {
                    "type": "azurerm_virtual_network",
                    "depends_on": [],
                    "primary": {
                        "id": "/subscriptions/5efd619c-0d6c-4bf6-a31b-d54ffda461c4/resourceGroups/EESSI-Test-Transit-RG/providers/Microsoft.Network/virtualNetworks/EESSI-Test-Transit-vNet",
                        "attributes": {
                            "address_space.#": "1",
                            "address_space.0": "10.80.22.0/23",
                            "id": "/subscriptions/5efd619c-0d6c-4bf6-a31b-d54ffda461c4/resourceGroups/EESSI-Test-Transit-RG/providers/Microsoft.Network/virtualNetworks/EESSI-Test-Transit-vNet",
                            "location": "uksouth",
                            "name": "EESSI-Test-Transit-vNet",
                            "resource_group_name": "EESSI-Test-Transit-RG",
                            "subnet.#": "6",
                            "subnet.2176261344.address_prefix": "10.80.22.224/27",
                            "subnet.2176261344.name": "Management",
                            "subnet.2176261344.security_group": "",
                            "subnet.2183430352.address_prefix": "10.80.22.64/28",
                            "subnet.2183430352.name": "Inside",
                            "subnet.2183430352.security_group": "",
                            "subnet.2992552764.address_prefix": "10.80.22.32/28",
                            "subnet.2992552764.name": "CSR1-Outside",
                            "subnet.2992552764.security_group": "",
                            "subnet.3674948712.address_prefix": "10.80.22.0/27",
                            "subnet.3674948712.name": "GatewaySubnet",
                            "subnet.3674948712.security_group": "",
                            "subnet.421969525.address_prefix": "10.80.22.48/28",
                            "subnet.421969525.name": "CSR2-Outside",
                            "subnet.421969525.security_group": "",
                            "subnet.60831610.address_prefix": "10.80.22.80/28",
                            "subnet.60831610.name": "Proxy",
                            "subnet.60831610.security_group": "",
                            "tags.%": "0"
                        },
                        "meta": {},
                        "tainted": false
                    },
                    "deposed": [],
                    "provider": "provider.azurerm"
                },
                "azurerm_virtual_network.EESSI-Test01-AP-Shared-RG__EESSI-Test01-AP-vNet": {
                    "type": "azurerm_virtual_network",
                    "depends_on": [],
                    "primary": {
                        "id": "/subscriptions/5efd619c-0d6c-4bf6-a31b-d54ffda461c4/resourceGroups/EESSI-Test01-AP-Shared-RG/providers/Microsoft.Network/virtualNetworks/EESSI-Test01-AP-vNet",
                        "attributes": {
                            "address_space.#": "1",
                            "address_space.0": "10.86.1.0/24",
                            "dns_servers.#": "2",
                            "dns_servers.0": "10.86.4.4",
                            "dns_servers.1": "10.86.4.5",
                            "id": "/subscriptions/5efd619c-0d6c-4bf6-a31b-d54ffda461c4/resourceGroups/EESSI-Test01-AP-Shared-RG/providers/Microsoft.Network/virtualNetworks/EESSI-Test01-AP-vNet",
                            "location": "uksouth",
                            "name": "EESSI-Test01-AP-vNet",
                            "resource_group_name": "EESSI-Test01-AP-Shared-RG",
                            "subnet.#": "3",
                            "subnet.1660779073.address_prefix": "10.86.1.32/27",
                            "subnet.1660779073.name": "Database",
                            "subnet.1660779073.security_group": "",
                            "subnet.2254601584.address_prefix": "10.86.1.0/28",
                            "subnet.2254601584.name": "Application",
                            "subnet.2254601584.security_group": "",
                            "subnet.2631363812.address_prefix": "10.86.1.64/28",
                            "subnet.2631363812.name": "File-Servers",
                            "subnet.2631363812.security_group": "",
                            "tags.%": "0"
                        },
                        "meta": {},
                        "tainted": false
                    },
                    "deposed": [],
                    "provider": "provider.azurerm"
                },
                "azurerm_virtual_network.EESSI-Test01-RINA-Shared-RG__EESSI-Test01-RINA-vNet": {
                    "type": "azurerm_virtual_network",
                    "depends_on": [],
                    "primary": {
                        "id": "/subscriptions/5efd619c-0d6c-4bf6-a31b-d54ffda461c4/resourceGroups/EESSI-Test01-RINA-Shared-RG/providers/Microsoft.Network/virtualNetworks/EESSI-Test01-RINA-vNet",
                        "attributes": {
                            "address_space.#": "1",
                            "address_space.0": "10.86.2.0/24",
                            "dns_servers.#": "2",
                            "dns_servers.0": "10.86.4.4",
                            "dns_servers.1": "10.86.4.5",
                            "id": "/subscriptions/5efd619c-0d6c-4bf6-a31b-d54ffda461c4/resourceGroups/EESSI-Test01-RINA-Shared-RG/providers/Microsoft.Network/virtualNetworks/EESSI-Test01-RINA-vNet",
                            "location": "uksouth",
                            "name": "EESSI-Test01-RINA-vNet",
                            "resource_group_name": "EESSI-Test01-RINA-Shared-RG",
                            "subnet.#": "7",
                            "subnet.16125918.address_prefix": "10.86.2.0/28",
                            "subnet.16125918.name": "Application",
                            "subnet.16125918.security_group": "",
                            "subnet.2005129364.address_prefix": "10.86.2.80/28",
                            "subnet.2005129364.name": "Elastic-Search",
                            "subnet.2005129364.security_group": "",
                            "subnet.2238064931.address_prefix": "10.86.2.96/28",
                            "subnet.2238064931.name": "File-Servers",
                            "subnet.2238064931.security_group": "",
                            "subnet.2560334021.address_prefix": "10.86.2.64/28",
                            "subnet.2560334021.name": "PostgreSQL",
                            "subnet.2560334021.security_group": "",
                            "subnet.3477592601.address_prefix": "10.86.2.16/28",
                            "subnet.3477592601.name": "REST",
                            "subnet.3477592601.security_group": "",
                            "subnet.3489006293.address_prefix": "10.86.2.48/28",
                            "subnet.3489006293.name": "Holodeck",
                            "subnet.3489006293.security_group": "",
                            "subnet.558682147.address_prefix": "10.86.2.32/28",
                            "subnet.558682147.name": "Bonita",
                            "subnet.558682147.security_group": "",
                            "tags.%": "0"
                        },
                        "meta": {},
                        "tainted": false
                    },
                    "deposed": [],
                    "provider": "provider.azurerm"
                },
                "azurerm_virtual_network.EESSI-Test02-AP-Biz-RG__EESSI-Test02-AP-Biz-RG-vnet": {
                    "type": "azurerm_virtual_network",
                    "depends_on": [],
                    "primary": {
                        "id": "/subscriptions/5efd619c-0d6c-4bf6-a31b-d54ffda461c4/resourceGroups/EESSI-Test02-AP-Biz-RG/providers/Microsoft.Network/virtualNetworks/EESSI-Test02-AP-Biz-RG-vnet",
                        "attributes": {
                            "address_space.#": "1",
                            "address_space.0": "10.0.0.0/24",
                            "id": "/subscriptions/5efd619c-0d6c-4bf6-a31b-d54ffda461c4/resourceGroups/EESSI-Test02-AP-Biz-RG/providers/Microsoft.Network/virtualNetworks/EESSI-Test02-AP-Biz-RG-vnet",
                            "location": "uksouth",
                            "name": "EESSI-Test02-AP-Biz-RG-vnet",
                            "resource_group_name": "EESSI-Test02-AP-Biz-RG",
                            "subnet.#": "1",
                            "subnet.3841033454.address_prefix": "10.0.0.0/24",
                            "subnet.3841033454.name": "default",
                            "subnet.3841033454.security_group": "",
                            "tags.%": "0"
                        },
                        "meta": {},
                        "tainted": false
                    },
                    "deposed": [],
                    "provider": "provider.azurerm"
                },
                "azurerm_virtual_network.EESSI-Test02-AP-Shared-RG__EESSI-Test02-AP-vNet": {
                    "type": "azurerm_virtual_network",
                    "depends_on": [],
                    "primary": {
                        "id": "/subscriptions/5efd619c-0d6c-4bf6-a31b-d54ffda461c4/resourceGroups/EESSI-Test02-AP-Shared-RG/providers/Microsoft.Network/virtualNetworks/EESSI-Test02-AP-vNet",
                        "attributes": {
                            "address_space.#": "1",
                            "address_space.0": "10.86.13.0/24",
                            "dns_servers.#": "2",
                            "dns_servers.0": "10.86.4.4",
                            "dns_servers.1": "10.86.4.5",
                            "id": "/subscriptions/5efd619c-0d6c-4bf6-a31b-d54ffda461c4/resourceGroups/EESSI-Test02-AP-Shared-RG/providers/Microsoft.Network/virtualNetworks/EESSI-Test02-AP-vNet",
                            "location": "uksouth",
                            "name": "EESSI-Test02-AP-vNet",
                            "resource_group_name": "EESSI-Test02-AP-Shared-RG",
                            "subnet.#": "3",
                            "subnet.2032751651.address_prefix": "10.86.13.64/28",
                            "subnet.2032751651.name": "File-Server",
                            "subnet.2032751651.security_group": "",
                            "subnet.618481697.address_prefix": "10.86.13.32/27",
                            "subnet.618481697.name": "Database",
                            "subnet.618481697.security_group": "",
                            "subnet.745595796.address_prefix": "10.86.13.0/28",
                            "subnet.745595796.name": "Application",
                            "subnet.745595796.security_group": "",
                            "tags.%": "0"
                        },
                        "meta": {},
                        "tainted": false
                    },
                    "deposed": [],
                    "provider": "provider.azurerm"
                },
                "azurerm_virtual_network.EESSI-Test02-RINA-Shared-RG__EESSI-Test02-RINA-vNet": {
                    "type": "azurerm_virtual_network",
                    "depends_on": [],
                    "primary": {
                        "id": "/subscriptions/5efd619c-0d6c-4bf6-a31b-d54ffda461c4/resourceGroups/EESSI-Test02-RINA-Shared-RG/providers/Microsoft.Network/virtualNetworks/EESSI-Test02-RINA-vNet",
                        "attributes": {
                            "address_space.#": "1",
                            "address_space.0": "10.86.14.0/24",
                            "dns_servers.#": "2",
                            "dns_servers.0": "10.86.4.4",
                            "dns_servers.1": "10.86.4.5",
                            "id": "/subscriptions/5efd619c-0d6c-4bf6-a31b-d54ffda461c4/resourceGroups/EESSI-Test02-RINA-Shared-RG/providers/Microsoft.Network/virtualNetworks/EESSI-Test02-RINA-vNet",
                            "location": "uksouth",
                            "name": "EESSI-Test02-RINA-vNet",
                            "resource_group_name": "EESSI-Test02-RINA-Shared-RG",
                            "subnet.#": "7",
                            "subnet.1134588626.address_prefix": "10.86.14.80/28",
                            "subnet.1134588626.name": "Elastic-Search",
                            "subnet.1134588626.security_group": "",
                            "subnet.1245765989.address_prefix": "10.86.14.96/28",
                            "subnet.1245765989.name": "File-Servers",
                            "subnet.1245765989.security_group": "",
                            "subnet.1344655496.address_prefix": "10.86.14.16/28",
                            "subnet.1344655496.name": "REST",
                            "subnet.1344655496.security_group": "",
                            "subnet.2700862838.address_prefix": "10.86.14.64/28",
                            "subnet.2700862838.name": "PostgreSQL",
                            "subnet.2700862838.security_group": "",
                            "subnet.3677209036.address_prefix": "10.86.14.32/28",
                            "subnet.3677209036.name": "Bonita",
                            "subnet.3677209036.security_group": "",
                            "subnet.829805356.address_prefix": "10.86.14.0/28",
                            "subnet.829805356.name": "Application",
                            "subnet.829805356.security_group": "",
                            "subnet.87373914.address_prefix": "10.86.14.48/28",
                            "subnet.87373914.name": "Holodeck",
                            "subnet.87373914.security_group": "",
                            "tags.%": "0"
                        },
                        "meta": {},
                        "tainted": false
                    },
                    "deposed": [],
                    "provider": "provider.azurerm"
                },
                "azurerm_virtual_network.RG-Rina2Rina-Playground__EESSI-Rina2Rina-vNet": {
                    "type": "azurerm_virtual_network",
                    "depends_on": [],
                    "primary": {
                        "id": "/subscriptions/5efd619c-0d6c-4bf6-a31b-d54ffda461c4/resourceGroups/RG-Rina2Rina-Playground/providers/Microsoft.Network/virtualNetworks/EESSI-Rina2Rina-vNet",
                        "attributes": {
                            "address_space.#": "1",
                            "address_space.0": "10.87.1.0/24",
                            "dns_servers.#": "2",
                            "dns_servers.0": "10.86.4.4",
                            "dns_servers.1": "10.86.4.5",
                            "id": "/subscriptions/5efd619c-0d6c-4bf6-a31b-d54ffda461c4/resourceGroups/RG-Rina2Rina-Playground/providers/Microsoft.Network/virtualNetworks/EESSI-Rina2Rina-vNet",
                            "location": "uksouth",
                            "name": "EESSI-Rina2Rina-vNet",
                            "resource_group_name": "RG-Rina2Rina-Playground",
                            "subnet.#": "1",
                            "subnet.1042433820.address_prefix": "10.87.1.0/24",
                            "subnet.1042433820.name": "Rina2Rina-Subnet",
                            "subnet.1042433820.security_group": "",
                            "tags.%": "0"
                        },
                        "meta": {},
                        "tainted": false
                    },
                    "deposed": [],
                    "provider": "provider.azurerm"
                }
            },
            "depends_on": []
        }
    ]
}
