{
    "version": 3,
    "terraform_version": "0.11.3",
    "serial": 1466,
    "lineage": "d3fcb5b8-357b-431a-b13f-f1f1e3782e44",
    "modules": [
        {
            "path": [
                "root"
            ],
            "outputs": {},
            "resources": {
                "azurerm_managed_disk.r2rnode01_OsDisk_1_17d34b2d37ae48d8b85edca04e890bed": {
                    "type": "azurerm_managed_disk",
                    "depends_on": [],
                    "primary": {
                        "id": "/subscriptions/5efd619c-0d6c-4bf6-a31b-d54ffda461c4/resourceGroups/RG-Rina2Rina-Playground/providers/Microsoft.Compute/disks/r2rnode01_OsDisk_1_17d34b2d37ae48d8b85edca04e890bed",
                        "attributes": {
                            "create_option": "FromImage",
                            "disk_size_gb": "127",
                            "id": "/subscriptions/5efd619c-0d6c-4bf6-a31b-d54ffda461c4/resourceGroups/RG-Rina2Rina-Playground/providers/Microsoft.Compute/disks/r2rnode01_OsDisk_1_17d34b2d37ae48d8b85edca04e890bed",
                            "image_reference_id": "/Subscriptions/5efd619c-0d6c-4bf6-a31b-d54ffda461c4/Providers/Microsoft.Compute/Locations/uksouth/Publishers/MicrosoftWindowsServer/ArtifactTypes/VMImage/Offers/WindowsServer/Skus/2016-Datacenter/Versions/2016.127.20171217",
                            "location": "uksouth",
                            "name": "r2rnode01_OsDisk_1_17d34b2d37ae48d8b85edca04e890bed",
                            "os_type": "Windows",
                            "resource_group_name": "RG-Rina2Rina-Playground",
                            "storage_account_type": "Premium_LRS",
                            "tags.%": "0",
                            "zones.#": "0"
                        },
                        "meta": {},
                        "tainted": false
                    },
                    "deposed": [],
                    "provider": "provider.azurerm"
                },
                "azurerm_managed_disk.r2rnode01_OsDisk_1_41de7c4230a4453cba557d884d0d2f2b": {
                    "type": "azurerm_managed_disk",
                    "depends_on": [],
                    "primary": {
                        "id": "/subscriptions/5efd619c-0d6c-4bf6-a31b-d54ffda461c4/resourceGroups/RG-Rina2Rina-Playground/providers/Microsoft.Compute/disks/r2rnode01_OsDisk_1_41de7c4230a4453cba557d884d0d2f2b",
                        "attributes": {
                            "create_option": "FromImage",
                            "disk_size_gb": "127",
                            "id": "/subscriptions/5efd619c-0d6c-4bf6-a31b-d54ffda461c4/resourceGroups/RG-Rina2Rina-Playground/providers/Microsoft.Compute/disks/r2rnode01_OsDisk_1_41de7c4230a4453cba557d884d0d2f2b",
                            "image_reference_id": "/Subscriptions/5efd619c-0d6c-4bf6-a31b-d54ffda461c4/Providers/Microsoft.Compute/Locations/uksouth/Publishers/MicrosoftWindowsServer/ArtifactTypes/VMImage/Offers/WindowsServer/Skus/2016-Datacenter/Versions/2016.127.20171217",
                            "location": "uksouth",
                            "name": "r2rnode01_OsDisk_1_41de7c4230a4453cba557d884d0d2f2b",
                            "os_type": "Windows",
                            "resource_group_name": "RG-Rina2Rina-Playground",
                            "storage_account_type": "Premium_LRS",
                            "tags.%": "0",
                            "zones.#": "0"
                        },
                        "meta": {},
                        "tainted": false
                    },
                    "deposed": [],
                    "provider": "provider.azurerm"
                },
                "azurerm_managed_disk.r2rnode02_OsDisk_1_4905941adb35486b90a68e6f6e1cd7b1": {
                    "type": "azurerm_managed_disk",
                    "depends_on": [],
                    "primary": {
                        "id": "/subscriptions/5efd619c-0d6c-4bf6-a31b-d54ffda461c4/resourceGroups/RG-Rina2Rina-Playground/providers/Microsoft.Compute/disks/r2rnode02_OsDisk_1_4905941adb35486b90a68e6f6e1cd7b1",
                        "attributes": {
                            "create_option": "FromImage",
                            "disk_size_gb": "127",
                            "id": "/subscriptions/5efd619c-0d6c-4bf6-a31b-d54ffda461c4/resourceGroups/RG-Rina2Rina-Playground/providers/Microsoft.Compute/disks/r2rnode02_OsDisk_1_4905941adb35486b90a68e6f6e1cd7b1",
                            "image_reference_id": "/Subscriptions/5efd619c-0d6c-4bf6-a31b-d54ffda461c4/Providers/Microsoft.Compute/Locations/uksouth/Publishers/MicrosoftWindowsServer/ArtifactTypes/VMImage/Offers/WindowsServer/Skus/2016-Datacenter/Versions/2016.127.20171217",
                            "location": "uksouth",
                            "name": "r2rnode02_OsDisk_1_4905941adb35486b90a68e6f6e1cd7b1",
                            "os_type": "Windows",
                            "resource_group_name": "RG-Rina2Rina-Playground",
                            "storage_account_type": "Premium_LRS",
                            "tags.%": "0",
                            "zones.#": "0"
                        },
                        "meta": {},
                        "tainted": false
                    },
                    "deposed": [],
                    "provider": "provider.azurerm"
                },
                "azurerm_managed_disk.r2rnode04_OsDisk_1_d29d1a0502814209a584b737bef33e22": {
                    "type": "azurerm_managed_disk",
                    "depends_on": [],
                    "primary": {
                        "id": "/subscriptions/5efd619c-0d6c-4bf6-a31b-d54ffda461c4/resourceGroups/RG-Rina2Rina-Playground/providers/Microsoft.Compute/disks/r2rnode04_OsDisk_1_d29d1a0502814209a584b737bef33e22",
                        "attributes": {
                            "create_option": "FromImage",
                            "disk_size_gb": "127",
                            "id": "/subscriptions/5efd619c-0d6c-4bf6-a31b-d54ffda461c4/resourceGroups/RG-Rina2Rina-Playground/providers/Microsoft.Compute/disks/r2rnode04_OsDisk_1_d29d1a0502814209a584b737bef33e22",
                            "image_reference_id": "/Subscriptions/5efd619c-0d6c-4bf6-a31b-d54ffda461c4/Providers/Microsoft.Compute/Locations/uksouth/Publishers/MicrosoftWindowsServer/ArtifactTypes/VMImage/Offers/WindowsServer/Skus/2016-Datacenter/Versions/2016.127.20171217",
                            "location": "uksouth",
                            "name": "r2rnode04_OsDisk_1_d29d1a0502814209a584b737bef33e22",
                            "os_type": "Windows",
                            "resource_group_name": "RG-Rina2Rina-Playground",
                            "storage_account_type": "Premium_LRS",
                            "tags.%": "0",
                            "zones.#": "0"
                        },
                        "meta": {},
                        "tainted": false
                    },
                    "deposed": [],
                    "provider": "provider.azurerm"
                },
                "azurerm_network_interface.r2rnode01VMNic": {
                    "type": "azurerm_network_interface",
                    "depends_on": [],
                    "primary": {
                        "id": "/subscriptions/5efd619c-0d6c-4bf6-a31b-d54ffda461c4/resourceGroups/RG-Rina2Rina-Playground/providers/Microsoft.Network/networkInterfaces/r2rnode01VMNic",
                        "attributes": {
                            "applied_dns_servers.#": "0",
                            "dns_servers.#": "0",
                            "enable_accelerated_networking": "false",
                            "enable_ip_forwarding": "false",
                            "id": "/subscriptions/5efd619c-0d6c-4bf6-a31b-d54ffda461c4/resourceGroups/RG-Rina2Rina-Playground/providers/Microsoft.Network/networkInterfaces/r2rnode01VMNic",
                            "internal_dns_name_label": "",
                            "internal_fqdn": "",
                            "ip_configuration.#": "1",
                            "ip_configuration.0.application_security_group_ids.#": "0",
                            "ip_configuration.0.load_balancer_backend_address_pools_ids.#": "0",
                            "ip_configuration.0.load_balancer_inbound_nat_rules_ids.#": "0",
                            "ip_configuration.0.name": "ipconfigr2rnode01",
                            "ip_configuration.0.primary": "true",
                            "ip_configuration.0.private_ip_address": "10.87.1.6",
                            "ip_configuration.0.private_ip_address_allocation": "static",
                            "ip_configuration.0.public_ip_address_id": "",
                            "ip_configuration.0.subnet_id": "/subscriptions/5efd619c-0d6c-4bf6-a31b-d54ffda461c4/resourceGroups/RG-Rina2Rina-Playground/providers/Microsoft.Network/virtualNetworks/EESSI-Rina2Rina-vNet/subnets/Rina2Rina-Subnet",
                            "location": "uksouth",
                            "mac_address": "00-22-48-07-58-E3",
                            "name": "r2rnode01VMNic",
                            "network_security_group_id": "/subscriptions/5efd619c-0d6c-4bf6-a31b-d54ffda461c4/resourceGroups/RG-Rina2Rina-Playground/providers/Microsoft.Network/networkSecurityGroups/r2rnode01NSG",
                            "private_ip_address": "10.87.1.6",
                            "private_ip_addresses.#": "1",
                            "private_ip_addresses.0": "10.87.1.6",
                            "resource_group_name": "RG-Rina2Rina-Playground",
                            "tags.%": "0",
                            "virtual_machine_id": "/subscriptions/5efd619c-0d6c-4bf6-a31b-d54ffda461c4/resourceGroups/RG-RINA2RINA-PLAYGROUND/providers/Microsoft.Compute/virtualMachines/r2rnode01"
                        },
                        "meta": {},
                        "tainted": false
                    },
                    "deposed": [],
                    "provider": "provider.azurerm"
                },
                "azurerm_network_interface.r2rnode02VMNic": {
                    "type": "azurerm_network_interface",
                    "depends_on": [],
                    "primary": {
                        "id": "/subscriptions/5efd619c-0d6c-4bf6-a31b-d54ffda461c4/resourceGroups/RG-Rina2Rina-Playground/providers/Microsoft.Network/networkInterfaces/r2rnode02VMNic",
                        "attributes": {
                            "applied_dns_servers.#": "0",
                            "dns_servers.#": "0",
                            "enable_accelerated_networking": "false",
                            "enable_ip_forwarding": "false",
                            "id": "/subscriptions/5efd619c-0d6c-4bf6-a31b-d54ffda461c4/resourceGroups/RG-Rina2Rina-Playground/providers/Microsoft.Network/networkInterfaces/r2rnode02VMNic",
                            "internal_dns_name_label": "",
                            "internal_fqdn": "",
                            "ip_configuration.#": "1",
                            "ip_configuration.0.application_security_group_ids.#": "0",
                            "ip_configuration.0.load_balancer_backend_address_pools_ids.#": "0",
                            "ip_configuration.0.load_balancer_inbound_nat_rules_ids.#": "0",
                            "ip_configuration.0.name": "ipconfigr2rnode02",
                            "ip_configuration.0.primary": "true",
                            "ip_configuration.0.private_ip_address": "10.87.1.5",
                            "ip_configuration.0.private_ip_address_allocation": "static",
                            "ip_configuration.0.public_ip_address_id": "",
                            "ip_configuration.0.subnet_id": "/subscriptions/5efd619c-0d6c-4bf6-a31b-d54ffda461c4/resourceGroups/RG-Rina2Rina-Playground/providers/Microsoft.Network/virtualNetworks/EESSI-Rina2Rina-vNet/subnets/Rina2Rina-Subnet",
                            "location": "uksouth",
                            "mac_address": "00-22-48-01-BE-85",
                            "name": "r2rnode02VMNic",
                            "network_security_group_id": "/subscriptions/5efd619c-0d6c-4bf6-a31b-d54ffda461c4/resourceGroups/RG-Rina2Rina-Playground/providers/Microsoft.Network/networkSecurityGroups/r2rnode02NSG",
                            "private_ip_address": "10.87.1.5",
                            "private_ip_addresses.#": "1",
                            "private_ip_addresses.0": "10.87.1.5",
                            "resource_group_name": "RG-Rina2Rina-Playground",
                            "tags.%": "0",
                            "virtual_machine_id": "/subscriptions/5efd619c-0d6c-4bf6-a31b-d54ffda461c4/resourceGroups/RG-RINA2RINA-PLAYGROUND/providers/Microsoft.Compute/virtualMachines/r2rnode02"
                        },
                        "meta": {},
                        "tainted": false
                    },
                    "deposed": [],
                    "provider": "provider.azurerm"
                },
                "azurerm_network_interface.r2rnode04VMNic": {
                    "type": "azurerm_network_interface",
                    "depends_on": [],
                    "primary": {
                        "id": "/subscriptions/5efd619c-0d6c-4bf6-a31b-d54ffda461c4/resourceGroups/RG-Rina2Rina-Playground/providers/Microsoft.Network/networkInterfaces/r2rnode04VMNic",
                        "attributes": {
                            "applied_dns_servers.#": "0",
                            "dns_servers.#": "0",
                            "enable_accelerated_networking": "false",
                            "enable_ip_forwarding": "false",
                            "id": "/subscriptions/5efd619c-0d6c-4bf6-a31b-d54ffda461c4/resourceGroups/RG-Rina2Rina-Playground/providers/Microsoft.Network/networkInterfaces/r2rnode04VMNic",
                            "internal_dns_name_label": "",
                            "internal_fqdn": "",
                            "ip_configuration.#": "1",
                            "ip_configuration.0.application_security_group_ids.#": "0",
                            "ip_configuration.0.load_balancer_backend_address_pools_ids.#": "0",
                            "ip_configuration.0.load_balancer_inbound_nat_rules_ids.#": "0",
                            "ip_configuration.0.name": "ipconfigr2rnode04",
                            "ip_configuration.0.primary": "true",
                            "ip_configuration.0.private_ip_address": "10.87.1.8",
                            "ip_configuration.0.private_ip_address_allocation": "static",
                            "ip_configuration.0.public_ip_address_id": "",
                            "ip_configuration.0.subnet_id": "/subscriptions/5efd619c-0d6c-4bf6-a31b-d54ffda461c4/resourceGroups/RG-Rina2Rina-Playground/providers/Microsoft.Network/virtualNetworks/EESSI-Rina2Rina-vNet/subnets/Rina2Rina-Subnet",
                            "location": "uksouth",
                            "mac_address": "00-22-48-01-26-B8",
                            "name": "r2rnode04VMNic",
                            "network_security_group_id": "/subscriptions/5efd619c-0d6c-4bf6-a31b-d54ffda461c4/resourceGroups/RG-Rina2Rina-Playground/providers/Microsoft.Network/networkSecurityGroups/r2rnode04NSG",
                            "private_ip_address": "10.87.1.8",
                            "private_ip_addresses.#": "1",
                            "private_ip_addresses.0": "10.87.1.8",
                            "resource_group_name": "RG-Rina2Rina-Playground",
                            "tags.%": "0",
                            "virtual_machine_id": "/subscriptions/5efd619c-0d6c-4bf6-a31b-d54ffda461c4/resourceGroups/RG-Rina2Rina-Playground/providers/Microsoft.Compute/virtualMachines/r2rnode04"
                        },
                        "meta": {},
                        "tainted": false
                    },
                    "deposed": [],
                    "provider": "provider.azurerm"
                },
                "azurerm_network_security_group.Rina2Rina-NSG": {
                    "type": "azurerm_network_security_group",
                    "depends_on": [],
                    "primary": {
                        "id": "/subscriptions/5efd619c-0d6c-4bf6-a31b-d54ffda461c4/resourceGroups/RG-Rina2Rina-Playground/providers/Microsoft.Network/networkSecurityGroups/Rina2Rina-NSG",
                        "attributes": {
                            "id": "/subscriptions/5efd619c-0d6c-4bf6-a31b-d54ffda461c4/resourceGroups/RG-Rina2Rina-Playground/providers/Microsoft.Network/networkSecurityGroups/Rina2Rina-NSG",
                            "location": "uksouth",
                            "name": "Rina2Rina-NSG",
                            "resource_group_name": "RG-Rina2Rina-Playground",
                            "security_rule.#": "3",
                            "security_rule.1587543010.access": "Deny",
                            "security_rule.1587543010.description": "",
                            "security_rule.1587543010.destination_address_prefix": "*",
                            "security_rule.1587543010.destination_address_prefixes.#": "0",
                            "security_rule.1587543010.destination_application_security_group_ids.#": "0",
                            "security_rule.1587543010.destination_port_range": "*",
                            "security_rule.1587543010.destination_port_ranges.#": "0",
                            "security_rule.1587543010.direction": "Inbound",
                            "security_rule.1587543010.name": "DenyAllInBound",
                            "security_rule.1587543010.priority": "4096",
                            "security_rule.1587543010.protocol": "*",
                            "security_rule.1587543010.source_address_prefix": "*",
                            "security_rule.1587543010.source_address_prefixes.#": "0",
                            "security_rule.1587543010.source_application_security_group_ids.#": "0",
                            "security_rule.1587543010.source_port_range": "*",
                            "security_rule.1587543010.source_port_ranges.#": "0",
                            "security_rule.2972012272.access": "Deny",
                            "security_rule.2972012272.description": "All traffic originating from the Point-to-Site VPN is to be denied",
                            "security_rule.2972012272.destination_address_prefix": "*",
                            "security_rule.2972012272.destination_address_prefixes.#": "0",
                            "security_rule.2972012272.destination_application_security_group_ids.#": "0",
                            "security_rule.2972012272.destination_port_range": "*",
                            "security_rule.2972012272.destination_port_ranges.#": "0",
                            "security_rule.2972012272.direction": "Inbound",
                            "security_rule.2972012272.name": "Deny-P2S-Traffic",
                            "security_rule.2972012272.priority": "4000",
                            "security_rule.2972012272.protocol": "*",
                            "security_rule.2972012272.source_address_prefix": "10.86.60.0/25",
                            "security_rule.2972012272.source_address_prefixes.#": "0",
                            "security_rule.2972012272.source_application_security_group_ids.#": "0",
                            "security_rule.2972012272.source_port_range": "*",
                            "security_rule.2972012272.source_port_ranges.#": "0",
                            "security_rule.4167390957.access": "Allow",
                            "security_rule.4167390957.description": "Allow Remote Desktop traffic from Jumpbox Session Host",
                            "security_rule.4167390957.destination_address_prefix": "*",
                            "security_rule.4167390957.destination_address_prefixes.#": "0",
                            "security_rule.4167390957.destination_application_security_group_ids.#": "0",
                            "security_rule.4167390957.destination_port_range": "3389",
                            "security_rule.4167390957.destination_port_ranges.#": "0",
                            "security_rule.4167390957.direction": "Inbound",
                            "security_rule.4167390957.name": "default-allow-rdp",
                            "security_rule.4167390957.priority": "1000",
                            "security_rule.4167390957.protocol": "TCP",
                            "security_rule.4167390957.source_address_prefix": "10.86.6.44/32",
                            "security_rule.4167390957.source_address_prefixes.#": "0",
                            "security_rule.4167390957.source_application_security_group_ids.#": "0",
                            "security_rule.4167390957.source_port_range": "*",
                            "security_rule.4167390957.source_port_ranges.#": "0",
                            "tags.%": "0"
                        },
                        "meta": {},
                        "tainted": false
                    },
                    "deposed": [],
                    "provider": "provider.azurerm"
                },
                "azurerm_network_security_group.r2rnode01NSG": {
                    "type": "azurerm_network_security_group",
                    "depends_on": [],
                    "primary": {
                        "id": "/subscriptions/5efd619c-0d6c-4bf6-a31b-d54ffda461c4/resourceGroups/RG-Rina2Rina-Playground/providers/Microsoft.Network/networkSecurityGroups/r2rnode01NSG",
                        "attributes": {
                            "id": "/subscriptions/5efd619c-0d6c-4bf6-a31b-d54ffda461c4/resourceGroups/RG-Rina2Rina-Playground/providers/Microsoft.Network/networkSecurityGroups/r2rnode01NSG",
                            "location": "uksouth",
                            "name": "r2rnode01NSG",
                            "resource_group_name": "RG-Rina2Rina-Playground",
                            "security_rule.#": "4",
                            "security_rule.1536389737.access": "Allow",
                            "security_rule.1536389737.description": "",
                            "security_rule.1536389737.destination_address_prefix": "*",
                            "security_rule.1536389737.destination_address_prefixes.#": "0",
                            "security_rule.1536389737.destination_application_security_group_ids.#": "0",
                            "security_rule.1536389737.destination_port_range": "3389",
                            "security_rule.1536389737.destination_port_ranges.#": "0",
                            "security_rule.1536389737.direction": "Inbound",
                            "security_rule.1536389737.name": "rdp",
                            "security_rule.1536389737.priority": "1000",
                            "security_rule.1536389737.protocol": "TCP",
                            "security_rule.1536389737.source_address_prefix": "10.86.6.44/32",
                            "security_rule.1536389737.source_address_prefixes.#": "0",
                            "security_rule.1536389737.source_application_security_group_ids.#": "0",
                            "security_rule.1536389737.source_port_range": "*",
                            "security_rule.1536389737.source_port_ranges.#": "0",
                            "security_rule.2972012272.access": "Deny",
                            "security_rule.2972012272.description": "All traffic originating from the Point-to-Site VPN is to be denied",
                            "security_rule.2972012272.destination_address_prefix": "*",
                            "security_rule.2972012272.destination_address_prefixes.#": "0",
                            "security_rule.2972012272.destination_application_security_group_ids.#": "0",
                            "security_rule.2972012272.destination_port_range": "*",
                            "security_rule.2972012272.destination_port_ranges.#": "0",
                            "security_rule.2972012272.direction": "Inbound",
                            "security_rule.2972012272.name": "Deny-P2S-Traffic",
                            "security_rule.2972012272.priority": "4000",
                            "security_rule.2972012272.protocol": "*",
                            "security_rule.2972012272.source_address_prefix": "10.86.60.0/25",
                            "security_rule.2972012272.source_address_prefixes.#": "0",
                            "security_rule.2972012272.source_application_security_group_ids.#": "0",
                            "security_rule.2972012272.source_port_range": "*",
                            "security_rule.2972012272.source_port_ranges.#": "0",
                            "security_rule.3782769863.access": "Allow",
                            "security_rule.3782769863.description": "",
                            "security_rule.3782769863.destination_address_prefix": "*",
                            "security_rule.3782769863.destination_address_prefixes.#": "0",
                            "security_rule.3782769863.destination_application_security_group_ids.#": "0",
                            "security_rule.3782769863.destination_port_range": "443",
                            "security_rule.3782769863.destination_port_ranges.#": "0",
                            "security_rule.3782769863.direction": "Inbound",
                            "security_rule.3782769863.name": "Allow-P2S-HTTPS",
                            "security_rule.3782769863.priority": "2000",
                            "security_rule.3782769863.protocol": "*",
                            "security_rule.3782769863.source_address_prefix": "10.86.60.0/25",
                            "security_rule.3782769863.source_address_prefixes.#": "0",
                            "security_rule.3782769863.source_application_security_group_ids.#": "0",
                            "security_rule.3782769863.source_port_range": "*",
                            "security_rule.3782769863.source_port_ranges.#": "0",
                            "security_rule.411065545.access": "Allow",
                            "security_rule.411065545.description": "",
                            "security_rule.411065545.destination_address_prefix": "*",
                            "security_rule.411065545.destination_address_prefixes.#": "0",
                            "security_rule.411065545.destination_application_security_group_ids.#": "0",
                            "security_rule.411065545.destination_port_range": "80",
                            "security_rule.411065545.destination_port_ranges.#": "0",
                            "security_rule.411065545.direction": "Inbound",
                            "security_rule.411065545.name": "Allow-P2S-HTTP",
                            "security_rule.411065545.priority": "2001",
                            "security_rule.411065545.protocol": "*",
                            "security_rule.411065545.source_address_prefix": "10.86.60.0/25",
                            "security_rule.411065545.source_address_prefixes.#": "0",
                            "security_rule.411065545.source_application_security_group_ids.#": "0",
                            "security_rule.411065545.source_port_range": "*",
                            "security_rule.411065545.source_port_ranges.#": "0",
                            "tags.%": "0"
                        },
                        "meta": {},
                        "tainted": false
                    },
                    "deposed": [],
                    "provider": "provider.azurerm"
                },
                "azurerm_network_security_group.r2rnode02NSG": {
                    "type": "azurerm_network_security_group",
                    "depends_on": [],
                    "primary": {
                        "id": "/subscriptions/5efd619c-0d6c-4bf6-a31b-d54ffda461c4/resourceGroups/RG-Rina2Rina-Playground/providers/Microsoft.Network/networkSecurityGroups/r2rnode02NSG",
                        "attributes": {
                            "id": "/subscriptions/5efd619c-0d6c-4bf6-a31b-d54ffda461c4/resourceGroups/RG-Rina2Rina-Playground/providers/Microsoft.Network/networkSecurityGroups/r2rnode02NSG",
                            "location": "uksouth",
                            "name": "r2rnode02NSG",
                            "resource_group_name": "RG-Rina2Rina-Playground",
                            "security_rule.#": "4",
                            "security_rule.1536389737.access": "Allow",
                            "security_rule.1536389737.description": "",
                            "security_rule.1536389737.destination_address_prefix": "*",
                            "security_rule.1536389737.destination_address_prefixes.#": "0",
                            "security_rule.1536389737.destination_application_security_group_ids.#": "0",
                            "security_rule.1536389737.destination_port_range": "3389",
                            "security_rule.1536389737.destination_port_ranges.#": "0",
                            "security_rule.1536389737.direction": "Inbound",
                            "security_rule.1536389737.name": "rdp",
                            "security_rule.1536389737.priority": "1000",
                            "security_rule.1536389737.protocol": "TCP",
                            "security_rule.1536389737.source_address_prefix": "10.86.6.44/32",
                            "security_rule.1536389737.source_address_prefixes.#": "0",
                            "security_rule.1536389737.source_application_security_group_ids.#": "0",
                            "security_rule.1536389737.source_port_range": "*",
                            "security_rule.1536389737.source_port_ranges.#": "0",
                            "security_rule.2972012272.access": "Deny",
                            "security_rule.2972012272.description": "All traffic originating from the Point-to-Site VPN is to be denied",
                            "security_rule.2972012272.destination_address_prefix": "*",
                            "security_rule.2972012272.destination_address_prefixes.#": "0",
                            "security_rule.2972012272.destination_application_security_group_ids.#": "0",
                            "security_rule.2972012272.destination_port_range": "*",
                            "security_rule.2972012272.destination_port_ranges.#": "0",
                            "security_rule.2972012272.direction": "Inbound",
                            "security_rule.2972012272.name": "Deny-P2S-Traffic",
                            "security_rule.2972012272.priority": "4000",
                            "security_rule.2972012272.protocol": "*",
                            "security_rule.2972012272.source_address_prefix": "10.86.60.0/25",
                            "security_rule.2972012272.source_address_prefixes.#": "0",
                            "security_rule.2972012272.source_application_security_group_ids.#": "0",
                            "security_rule.2972012272.source_port_range": "*",
                            "security_rule.2972012272.source_port_ranges.#": "0",
                            "security_rule.3782769863.access": "Allow",
                            "security_rule.3782769863.description": "",
                            "security_rule.3782769863.destination_address_prefix": "*",
                            "security_rule.3782769863.destination_address_prefixes.#": "0",
                            "security_rule.3782769863.destination_application_security_group_ids.#": "0",
                            "security_rule.3782769863.destination_port_range": "443",
                            "security_rule.3782769863.destination_port_ranges.#": "0",
                            "security_rule.3782769863.direction": "Inbound",
                            "security_rule.3782769863.name": "Allow-P2S-HTTPS",
                            "security_rule.3782769863.priority": "2000",
                            "security_rule.3782769863.protocol": "*",
                            "security_rule.3782769863.source_address_prefix": "10.86.60.0/25",
                            "security_rule.3782769863.source_address_prefixes.#": "0",
                            "security_rule.3782769863.source_application_security_group_ids.#": "0",
                            "security_rule.3782769863.source_port_range": "*",
                            "security_rule.3782769863.source_port_ranges.#": "0",
                            "security_rule.411065545.access": "Allow",
                            "security_rule.411065545.description": "",
                            "security_rule.411065545.destination_address_prefix": "*",
                            "security_rule.411065545.destination_address_prefixes.#": "0",
                            "security_rule.411065545.destination_application_security_group_ids.#": "0",
                            "security_rule.411065545.destination_port_range": "80",
                            "security_rule.411065545.destination_port_ranges.#": "0",
                            "security_rule.411065545.direction": "Inbound",
                            "security_rule.411065545.name": "Allow-P2S-HTTP",
                            "security_rule.411065545.priority": "2001",
                            "security_rule.411065545.protocol": "*",
                            "security_rule.411065545.source_address_prefix": "10.86.60.0/25",
                            "security_rule.411065545.source_address_prefixes.#": "0",
                            "security_rule.411065545.source_application_security_group_ids.#": "0",
                            "security_rule.411065545.source_port_range": "*",
                            "security_rule.411065545.source_port_ranges.#": "0",
                            "tags.%": "0"
                        },
                        "meta": {},
                        "tainted": false
                    },
                    "deposed": [],
                    "provider": "provider.azurerm"
                },
                "azurerm_network_security_group.r2rnode04NSG": {
                    "type": "azurerm_network_security_group",
                    "depends_on": [],
                    "primary": {
                        "id": "/subscriptions/5efd619c-0d6c-4bf6-a31b-d54ffda461c4/resourceGroups/RG-Rina2Rina-Playground/providers/Microsoft.Network/networkSecurityGroups/r2rnode04NSG",
                        "attributes": {
                            "id": "/subscriptions/5efd619c-0d6c-4bf6-a31b-d54ffda461c4/resourceGroups/RG-Rina2Rina-Playground/providers/Microsoft.Network/networkSecurityGroups/r2rnode04NSG",
                            "location": "uksouth",
                            "name": "r2rnode04NSG",
                            "resource_group_name": "RG-Rina2Rina-Playground",
                            "security_rule.#": "4",
                            "security_rule.1536389737.access": "Allow",
                            "security_rule.1536389737.description": "",
                            "security_rule.1536389737.destination_address_prefix": "*",
                            "security_rule.1536389737.destination_address_prefixes.#": "0",
                            "security_rule.1536389737.destination_application_security_group_ids.#": "0",
                            "security_rule.1536389737.destination_port_range": "3389",
                            "security_rule.1536389737.destination_port_ranges.#": "0",
                            "security_rule.1536389737.direction": "Inbound",
                            "security_rule.1536389737.name": "rdp",
                            "security_rule.1536389737.priority": "1000",
                            "security_rule.1536389737.protocol": "TCP",
                            "security_rule.1536389737.source_address_prefix": "10.86.6.44/32",
                            "security_rule.1536389737.source_address_prefixes.#": "0",
                            "security_rule.1536389737.source_application_security_group_ids.#": "0",
                            "security_rule.1536389737.source_port_range": "*",
                            "security_rule.1536389737.source_port_ranges.#": "0",
                            "security_rule.2972012272.access": "Deny",
                            "security_rule.2972012272.description": "All traffic originating from the Point-to-Site VPN is to be denied",
                            "security_rule.2972012272.destination_address_prefix": "*",
                            "security_rule.2972012272.destination_address_prefixes.#": "0",
                            "security_rule.2972012272.destination_application_security_group_ids.#": "0",
                            "security_rule.2972012272.destination_port_range": "*",
                            "security_rule.2972012272.destination_port_ranges.#": "0",
                            "security_rule.2972012272.direction": "Inbound",
                            "security_rule.2972012272.name": "Deny-P2S-Traffic",
                            "security_rule.2972012272.priority": "4000",
                            "security_rule.2972012272.protocol": "*",
                            "security_rule.2972012272.source_address_prefix": "10.86.60.0/25",
                            "security_rule.2972012272.source_address_prefixes.#": "0",
                            "security_rule.2972012272.source_application_security_group_ids.#": "0",
                            "security_rule.2972012272.source_port_range": "*",
                            "security_rule.2972012272.source_port_ranges.#": "0",
                            "security_rule.3782769863.access": "Allow",
                            "security_rule.3782769863.description": "",
                            "security_rule.3782769863.destination_address_prefix": "*",
                            "security_rule.3782769863.destination_address_prefixes.#": "0",
                            "security_rule.3782769863.destination_application_security_group_ids.#": "0",
                            "security_rule.3782769863.destination_port_range": "443",
                            "security_rule.3782769863.destination_port_ranges.#": "0",
                            "security_rule.3782769863.direction": "Inbound",
                            "security_rule.3782769863.name": "Allow-P2S-HTTPS",
                            "security_rule.3782769863.priority": "2000",
                            "security_rule.3782769863.protocol": "*",
                            "security_rule.3782769863.source_address_prefix": "10.86.60.0/25",
                            "security_rule.3782769863.source_address_prefixes.#": "0",
                            "security_rule.3782769863.source_application_security_group_ids.#": "0",
                            "security_rule.3782769863.source_port_range": "*",
                            "security_rule.3782769863.source_port_ranges.#": "0",
                            "security_rule.411065545.access": "Allow",
                            "security_rule.411065545.description": "",
                            "security_rule.411065545.destination_address_prefix": "*",
                            "security_rule.411065545.destination_address_prefixes.#": "0",
                            "security_rule.411065545.destination_application_security_group_ids.#": "0",
                            "security_rule.411065545.destination_port_range": "80",
                            "security_rule.411065545.destination_port_ranges.#": "0",
                            "security_rule.411065545.direction": "Inbound",
                            "security_rule.411065545.name": "Allow-P2S-HTTP",
                            "security_rule.411065545.priority": "2001",
                            "security_rule.411065545.protocol": "*",
                            "security_rule.411065545.source_address_prefix": "10.86.60.0/25",
                            "security_rule.411065545.source_address_prefixes.#": "0",
                            "security_rule.411065545.source_application_security_group_ids.#": "0",
                            "security_rule.411065545.source_port_range": "*",
                            "security_rule.411065545.source_port_ranges.#": "0",
                            "tags.%": "0"
                        },
                        "meta": {},
                        "tainted": false
                    },
                    "deposed": [],
                    "provider": "provider.azurerm"
                },
                "azurerm_resource_group.RG-Rina2Rina-Playground": {
                    "type": "azurerm_resource_group",
                    "depends_on": [],
                    "primary": {
                        "id": "/subscriptions/5efd619c-0d6c-4bf6-a31b-d54ffda461c4/resourceGroups/RG-Rina2Rina-Playground",
                        "attributes": {
                            "id": "/subscriptions/5efd619c-0d6c-4bf6-a31b-d54ffda461c4/resourceGroups/RG-Rina2Rina-Playground",
                            "location": "uksouth",
                            "name": "RG-Rina2Rina-Playground",
                            "tags.%": "0"
                        },
                        "meta": {},
                        "tainted": false
                    },
                    "deposed": [],
                    "provider": "provider.azurerm"
                },
                "azurerm_subnet.Rina2Rina-Subnet": {
                    "type": "azurerm_subnet",
                    "depends_on": [],
                    "primary": {
                        "id": "/subscriptions/5efd619c-0d6c-4bf6-a31b-d54ffda461c4/resourceGroups/RG-Rina2Rina-Playground/providers/Microsoft.Network/virtualNetworks/EESSI-Rina2Rina-vNet/subnets/Rina2Rina-Subnet",
                        "attributes": {
                            "address_prefix": "10.87.1.0/24",
                            "id": "/subscriptions/5efd619c-0d6c-4bf6-a31b-d54ffda461c4/resourceGroups/RG-Rina2Rina-Playground/providers/Microsoft.Network/virtualNetworks/EESSI-Rina2Rina-vNet/subnets/Rina2Rina-Subnet",
                            "ip_configurations.#": "3",
                            "ip_configurations.195583373": "/subscriptions/5efd619c-0d6c-4bf6-a31b-d54ffda461c4/resourceGroups/RG-Rina2Rina-Playground/providers/Microsoft.Network/networkInterfaces/r2rnode04VMNic/ipConfigurations/ipconfigr2rnode04",
                            "ip_configurations.2238281637": "/subscriptions/5efd619c-0d6c-4bf6-a31b-d54ffda461c4/resourceGroups/RG-Rina2Rina-Playground/providers/Microsoft.Network/networkInterfaces/r2rnode01VMNic/ipConfigurations/ipconfigr2rnode01",
                            "ip_configurations.4280914365": "/subscriptions/5efd619c-0d6c-4bf6-a31b-d54ffda461c4/resourceGroups/RG-Rina2Rina-Playground/providers/Microsoft.Network/networkInterfaces/r2rnode02VMNic/ipConfigurations/ipconfigr2rnode02",
                            "name": "Rina2Rina-Subnet",
                            "resource_group_name": "RG-Rina2Rina-Playground",
                            "service_endpoints.#": "0",
                            "virtual_network_name": "EESSI-Rina2Rina-vNet"
                        },
                        "meta": {},
                        "tainted": false
                    },
                    "deposed": [],
                    "provider": "provider.azurerm"
                },
                "azurerm_virtual_machine.r2rnode01": {
                    "type": "azurerm_virtual_machine",
                    "depends_on": [],
                    "primary": {
                        "id": "/subscriptions/5efd619c-0d6c-4bf6-a31b-d54ffda461c4/resourceGroups/RG-Rina2Rina-Playground/providers/Microsoft.Compute/virtualMachines/r2rnode01",
                        "attributes": {
                            "id": "/subscriptions/5efd619c-0d6c-4bf6-a31b-d54ffda461c4/resourceGroups/RG-Rina2Rina-Playground/providers/Microsoft.Compute/virtualMachines/r2rnode01",
                            "identity.#": "0",
                            "location": "uksouth",
                            "name": "r2rnode01",
                            "network_interface_ids.#": "1",
                            "network_interface_ids.0": "/subscriptions/5efd619c-0d6c-4bf6-a31b-d54ffda461c4/resourceGroups/RG-Rina2Rina-Playground/providers/Microsoft.Network/networkInterfaces/r2rnode01VMNic",
                            "os_profile.#": "1",
                            "os_profile.1806209621.admin_password": "",
                            "os_profile.1806209621.admin_username": "rina_adm",
                            "os_profile.1806209621.computer_name": "r2rnode01",
                            "os_profile.1806209621.custom_data": "",
                            "os_profile_secrets.#": "0",
                            "os_profile_windows_config.#": "1",
                            "os_profile_windows_config.2256145325.additional_unattend_config.#": "0",
                            "os_profile_windows_config.2256145325.enable_automatic_upgrades": "true",
                            "os_profile_windows_config.2256145325.provision_vm_agent": "true",
                            "os_profile_windows_config.2256145325.winrm.#": "0",
                            "resource_group_name": "RG-Rina2Rina-Playground",
                            "storage_data_disk.#": "0",
                            "storage_image_reference.#": "1",
                            "storage_image_reference.3904372903.id": "",
                            "storage_image_reference.3904372903.offer": "WindowsServer",
                            "storage_image_reference.3904372903.publisher": "MicrosoftWindowsServer",
                            "storage_image_reference.3904372903.sku": "2016-Datacenter",
                            "storage_image_reference.3904372903.version": "latest",
                            "storage_os_disk.#": "1",
                            "storage_os_disk.0.caching": "ReadWrite",
                            "storage_os_disk.0.create_option": "FromImage",
                            "storage_os_disk.0.disk_size_gb": "128",
                            "storage_os_disk.0.image_uri": "",
                            "storage_os_disk.0.managed_disk_id": "/subscriptions/5efd619c-0d6c-4bf6-a31b-d54ffda461c4/resourceGroups/RG-Rina2Rina-Playground/providers/Microsoft.Compute/disks/r2rnode01_OsDisk_1_17d34b2d37ae48d8b85edca04e890bed",
                            "storage_os_disk.0.managed_disk_type": "Premium_LRS",
                            "storage_os_disk.0.name": "r2rnode01_OsDisk_1_17d34b2d37ae48d8b85edca04e890bed",
                            "storage_os_disk.0.os_type": "Windows",
                            "storage_os_disk.0.vhd_uri": "",
                            "tags.%": "0",
                            "vm_size": "Standard_D8s_v3",
                            "zones.#": "0"
                        },
                        "meta": {},
                        "tainted": false
                    },
                    "deposed": [],
                    "provider": "provider.azurerm"
                },
                "azurerm_virtual_machine.r2rnode02": {
                    "type": "azurerm_virtual_machine",
                    "depends_on": [],
                    "primary": {
                        "id": "/subscriptions/5efd619c-0d6c-4bf6-a31b-d54ffda461c4/resourceGroups/RG-Rina2Rina-Playground/providers/Microsoft.Compute/virtualMachines/r2rnode02",
                        "attributes": {
                            "id": "/subscriptions/5efd619c-0d6c-4bf6-a31b-d54ffda461c4/resourceGroups/RG-Rina2Rina-Playground/providers/Microsoft.Compute/virtualMachines/r2rnode02",
                            "identity.#": "0",
                            "location": "uksouth",
                            "name": "r2rnode02",
                            "network_interface_ids.#": "1",
                            "network_interface_ids.0": "/subscriptions/5efd619c-0d6c-4bf6-a31b-d54ffda461c4/resourceGroups/RG-Rina2Rina-Playground/providers/Microsoft.Network/networkInterfaces/r2rnode02VMNic",
                            "os_profile.#": "1",
                            "os_profile.1082507670.admin_password": "",
                            "os_profile.1082507670.admin_username": "rina_adm",
                            "os_profile.1082507670.computer_name": "r2rnode02",
                            "os_profile.1082507670.custom_data": "",
                            "os_profile_secrets.#": "0",
                            "os_profile_windows_config.#": "1",
                            "os_profile_windows_config.2256145325.additional_unattend_config.#": "0",
                            "os_profile_windows_config.2256145325.enable_automatic_upgrades": "true",
                            "os_profile_windows_config.2256145325.provision_vm_agent": "true",
                            "os_profile_windows_config.2256145325.winrm.#": "0",
                            "resource_group_name": "RG-Rina2Rina-Playground",
                            "storage_data_disk.#": "0",
                            "storage_image_reference.#": "1",
                            "storage_image_reference.3904372903.id": "",
                            "storage_image_reference.3904372903.offer": "WindowsServer",
                            "storage_image_reference.3904372903.publisher": "MicrosoftWindowsServer",
                            "storage_image_reference.3904372903.sku": "2016-Datacenter",
                            "storage_image_reference.3904372903.version": "latest",
                            "storage_os_disk.#": "1",
                            "storage_os_disk.0.caching": "ReadWrite",
                            "storage_os_disk.0.create_option": "FromImage",
                            "storage_os_disk.0.disk_size_gb": "128",
                            "storage_os_disk.0.image_uri": "",
                            "storage_os_disk.0.managed_disk_id": "/subscriptions/5efd619c-0d6c-4bf6-a31b-d54ffda461c4/resourceGroups/RG-Rina2Rina-Playground/providers/Microsoft.Compute/disks/r2rnode02_OsDisk_1_4905941adb35486b90a68e6f6e1cd7b1",
                            "storage_os_disk.0.managed_disk_type": "Premium_LRS",
                            "storage_os_disk.0.name": "r2rnode02_OsDisk_1_4905941adb35486b90a68e6f6e1cd7b1",
                            "storage_os_disk.0.os_type": "Windows",
                            "storage_os_disk.0.vhd_uri": "",
                            "tags.%": "0",
                            "vm_size": "Standard_D8s_v3",
                            "zones.#": "0"
                        },
                        "meta": {},
                        "tainted": false
                    },
                    "deposed": [],
                    "provider": "provider.azurerm"
                },
                "azurerm_virtual_machine.r2rnode04": {
                    "type": "azurerm_virtual_machine",
                    "depends_on": [],
                    "primary": {
                        "id": "/subscriptions/5efd619c-0d6c-4bf6-a31b-d54ffda461c4/resourceGroups/RG-Rina2Rina-Playground/providers/Microsoft.Compute/virtualMachines/r2rnode04",
                        "attributes": {
                            "id": "/subscriptions/5efd619c-0d6c-4bf6-a31b-d54ffda461c4/resourceGroups/RG-Rina2Rina-Playground/providers/Microsoft.Compute/virtualMachines/r2rnode04",
                            "identity.#": "0",
                            "location": "uksouth",
                            "name": "r2rnode04",
                            "network_interface_ids.#": "1",
                            "network_interface_ids.0": "/subscriptions/5efd619c-0d6c-4bf6-a31b-d54ffda461c4/resourceGroups/RG-Rina2Rina-Playground/providers/Microsoft.Network/networkInterfaces/r2rnode04VMNic",
                            "os_profile.#": "1",
                            "os_profile.383739408.admin_password": "",
                            "os_profile.383739408.admin_username": "rina_adm",
                            "os_profile.383739408.computer_name": "r2rnode04",
                            "os_profile.383739408.custom_data": "",
                            "os_profile_secrets.#": "0",
                            "os_profile_windows_config.#": "1",
                            "os_profile_windows_config.2256145325.additional_unattend_config.#": "0",
                            "os_profile_windows_config.2256145325.enable_automatic_upgrades": "true",
                            "os_profile_windows_config.2256145325.provision_vm_agent": "true",
                            "os_profile_windows_config.2256145325.winrm.#": "0",
                            "resource_group_name": "RG-Rina2Rina-Playground",
                            "storage_data_disk.#": "0",
                            "storage_image_reference.#": "1",
                            "storage_image_reference.3904372903.id": "",
                            "storage_image_reference.3904372903.offer": "WindowsServer",
                            "storage_image_reference.3904372903.publisher": "MicrosoftWindowsServer",
                            "storage_image_reference.3904372903.sku": "2016-Datacenter",
                            "storage_image_reference.3904372903.version": "latest",
                            "storage_os_disk.#": "1",
                            "storage_os_disk.0.caching": "ReadWrite",
                            "storage_os_disk.0.create_option": "FromImage",
                            "storage_os_disk.0.disk_size_gb": "128",
                            "storage_os_disk.0.image_uri": "",
                            "storage_os_disk.0.managed_disk_id": "/subscriptions/5efd619c-0d6c-4bf6-a31b-d54ffda461c4/resourceGroups/RG-Rina2Rina-Playground/providers/Microsoft.Compute/disks/r2rnode04_OsDisk_1_d29d1a0502814209a584b737bef33e22",
                            "storage_os_disk.0.managed_disk_type": "Premium_LRS",
                            "storage_os_disk.0.name": "r2rnode04_OsDisk_1_d29d1a0502814209a584b737bef33e22",
                            "storage_os_disk.0.os_type": "Windows",
                            "storage_os_disk.0.vhd_uri": "",
                            "tags.%": "0",
                            "vm_size": "Standard_D8s_v3",
                            "zones.#": "0"
                        },
                        "meta": {},
                        "tainted": false
                    },
                    "deposed": [],
                    "provider": "provider.azurerm"
                },
                "azurerm_virtual_network.EESSI-Rina2Rina-vNet": {
                    "type": "azurerm_virtual_network",
                    "depends_on": [],
                    "primary": {
                        "id": "/subscriptions/5efd619c-0d6c-4bf6-a31b-d54ffda461c4/resourceGroups/RG-Rina2Rina-Playground/providers/Microsoft.Network/virtualNetworks/EESSI-Rina2Rina-vNet",
                        "attributes": {
                            "address_space.#": "1",
                            "address_space.0": "10.87.1.0/24",
                            "dns_servers.#": "2",
                            "dns_servers.0": "10.86.4.4",
                            "dns_servers.1": "10.86.4.5",
                            "id": "/subscriptions/5efd619c-0d6c-4bf6-a31b-d54ffda461c4/resourceGroups/RG-Rina2Rina-Playground/providers/Microsoft.Network/virtualNetworks/EESSI-Rina2Rina-vNet",
                            "location": "uksouth",
                            "name": "EESSI-Rina2Rina-vNet",
                            "resource_group_name": "RG-Rina2Rina-Playground",
                            "subnet.#": "1",
                            "subnet.1042433820.address_prefix": "10.87.1.0/24",
                            "subnet.1042433820.name": "Rina2Rina-Subnet",
                            "subnet.1042433820.security_group": "",
                            "tags.%": "0"
                        },
                        "meta": {},
                        "tainted": false
                    },
                    "deposed": [],
                    "provider": "provider.azurerm"
                }
            },
            "depends_on": []
        }
    ]
}
