{
    "version": 3,
    "terraform_version": "0.11.3",
    "serial": 2927,
    "lineage": "d3fcb5b8-357b-431a-b13f-f1f1e3782e44",
    "modules": [
        {
            "path": [
                "root"
            ],
            "outputs": {},
            "resources": {
                "azurerm_resource_group.DefaultResourceGroup-SUK": {
                    "type": "azurerm_resource_group",
                    "depends_on": [],
                    "primary": {
                        "id": "/subscriptions/5efd619c-0d6c-4bf6-a31b-d54ffda461c4/resourceGroups/DefaultResourceGroup-SUK",
                        "attributes": {
                            "id": "/subscriptions/5efd619c-0d6c-4bf6-a31b-d54ffda461c4/resourceGroups/DefaultResourceGroup-SUK",
                            "location": "uksouth",
                            "name": "DefaultResourceGroup-SUK",
                            "tags.%": "0"
                        },
                        "meta": {},
                        "tainted": false
                    },
                    "deposed": [],
                    "provider": "provider.azurerm"
                },
                "azurerm_resource_group.EESSI-Prod-Transit-RG": {
                    "type": "azurerm_resource_group",
                    "depends_on": [],
                    "primary": {
                        "id": "/subscriptions/5efd619c-0d6c-4bf6-a31b-d54ffda461c4/resourceGroups/EESSI-Prod-Transit-RG",
                        "attributes": {
                            "id": "/subscriptions/5efd619c-0d6c-4bf6-a31b-d54ffda461c4/resourceGroups/EESSI-Prod-Transit-RG",
                            "location": "uksouth",
                            "name": "EESSI-Prod-Transit-RG",
                            "tags.%": "0"
                        },
                        "meta": {},
                        "tainted": false
                    },
                    "deposed": [],
                    "provider": "provider.azurerm"
                },
                "azurerm_resource_group.EESSI-SharedResources-RG": {
                    "type": "azurerm_resource_group",
                    "depends_on": [],
                    "primary": {
                        "id": "/subscriptions/5efd619c-0d6c-4bf6-a31b-d54ffda461c4/resourceGroups/EESSI-SharedResources-RG",
                        "attributes": {
                            "id": "/subscriptions/5efd619c-0d6c-4bf6-a31b-d54ffda461c4/resourceGroups/EESSI-SharedResources-RG",
                            "location": "uksouth",
                            "name": "EESSI-SharedResources-RG",
                            "tags.%": "0"
                        },
                        "meta": {},
                        "tainted": false
                    },
                    "deposed": [],
                    "provider": "provider.azurerm"
                },
                "azurerm_resource_group.EESSI-TEST01-RINA-BPM-RG": {
                    "type": "azurerm_resource_group",
                    "depends_on": [],
                    "primary": {
                        "id": "/subscriptions/5efd619c-0d6c-4bf6-a31b-d54ffda461c4/resourceGroups/EESSI-TEST01-RINA-BPM-RG",
                        "attributes": {
                            "id": "/subscriptions/5efd619c-0d6c-4bf6-a31b-d54ffda461c4/resourceGroups/EESSI-TEST01-RINA-BPM-RG",
                            "location": "uksouth",
                            "name": "EESSI-TEST01-RINA-BPM-RG",
                            "tags.%": "0"
                        },
                        "meta": {},
                        "tainted": false
                    },
                    "deposed": [],
                    "provider": "provider.azurerm"
                },
                "azurerm_resource_group.EESSI-TEST01-RINA-ELAST-RG": {
                    "type": "azurerm_resource_group",
                    "depends_on": [],
                    "primary": {
                        "id": "/subscriptions/5efd619c-0d6c-4bf6-a31b-d54ffda461c4/resourceGroups/EESSI-TEST01-RINA-ELAST-RG",
                        "attributes": {
                            "id": "/subscriptions/5efd619c-0d6c-4bf6-a31b-d54ffda461c4/resourceGroups/EESSI-TEST01-RINA-ELAST-RG",
                            "location": "uksouth",
                            "name": "EESSI-TEST01-RINA-ELAST-RG",
                            "tags.%": "0"
                        },
                        "meta": {},
                        "tainted": false
                    },
                    "deposed": [],
                    "provider": "provider.azurerm"
                },
                "azurerm_resource_group.EESSI-TEST01-RINA-FSHARE-RG": {
                    "type": "azurerm_resource_group",
                    "depends_on": [],
                    "primary": {
                        "id": "/subscriptions/5efd619c-0d6c-4bf6-a31b-d54ffda461c4/resourceGroups/EESSI-TEST01-RINA-FSHARE-RG",
                        "attributes": {
                            "id": "/subscriptions/5efd619c-0d6c-4bf6-a31b-d54ffda461c4/resourceGroups/EESSI-TEST01-RINA-FSHARE-RG",
                            "location": "uksouth",
                            "name": "EESSI-TEST01-RINA-FSHARE-RG",
                            "tags.%": "0"
                        },
                        "meta": {},
                        "tainted": false
                    },
                    "deposed": [],
                    "provider": "provider.azurerm"
                },
                "azurerm_resource_group.EESSI-TEST01-RINA-HDK-RG": {
                    "type": "azurerm_resource_group",
                    "depends_on": [],
                    "primary": {
                        "id": "/subscriptions/5efd619c-0d6c-4bf6-a31b-d54ffda461c4/resourceGroups/EESSI-TEST01-RINA-HDK-RG",
                        "attributes": {
                            "id": "/subscriptions/5efd619c-0d6c-4bf6-a31b-d54ffda461c4/resourceGroups/EESSI-TEST01-RINA-HDK-RG",
                            "location": "uksouth",
                            "name": "EESSI-TEST01-RINA-HDK-RG",
                            "tags.%": "0"
                        },
                        "meta": {},
                        "tainted": false
                    },
                    "deposed": [],
                    "provider": "provider.azurerm"
                },
                "azurerm_resource_group.EESSI-TEST01-RINA-LB-RG": {
                    "type": "azurerm_resource_group",
                    "depends_on": [],
                    "primary": {
                        "id": "/subscriptions/5efd619c-0d6c-4bf6-a31b-d54ffda461c4/resourceGroups/EESSI-TEST01-RINA-LB-RG",
                        "attributes": {
                            "id": "/subscriptions/5efd619c-0d6c-4bf6-a31b-d54ffda461c4/resourceGroups/EESSI-TEST01-RINA-LB-RG",
                            "location": "uksouth",
                            "name": "EESSI-TEST01-RINA-LB-RG",
                            "tags.%": "0"
                        },
                        "meta": {},
                        "tainted": false
                    },
                    "deposed": [],
                    "provider": "provider.azurerm"
                },
                "azurerm_resource_group.EESSI-TEST01-RINA-POSTGRE-RG": {
                    "type": "azurerm_resource_group",
                    "depends_on": [],
                    "primary": {
                        "id": "/subscriptions/5efd619c-0d6c-4bf6-a31b-d54ffda461c4/resourceGroups/EESSI-TEST01-RINA-POSTGRE-RG",
                        "attributes": {
                            "id": "/subscriptions/5efd619c-0d6c-4bf6-a31b-d54ffda461c4/resourceGroups/EESSI-TEST01-RINA-POSTGRE-RG",
                            "location": "uksouth",
                            "name": "EESSI-TEST01-RINA-POSTGRE-RG",
                            "tags.%": "0"
                        },
                        "meta": {},
                        "tainted": false
                    },
                    "deposed": [],
                    "provider": "provider.azurerm"
                },
                "azurerm_resource_group.EESSI-TEST01-RINA-REST-RG": {
                    "type": "azurerm_resource_group",
                    "depends_on": [],
                    "primary": {
                        "id": "/subscriptions/5efd619c-0d6c-4bf6-a31b-d54ffda461c4/resourceGroups/EESSI-TEST01-RINA-REST-RG",
                        "attributes": {
                            "id": "/subscriptions/5efd619c-0d6c-4bf6-a31b-d54ffda461c4/resourceGroups/EESSI-TEST01-RINA-REST-RG",
                            "location": "uksouth",
                            "name": "EESSI-TEST01-RINA-REST-RG",
                            "tags.%": "0"
                        },
                        "meta": {},
                        "tainted": false
                    },
                    "deposed": [],
                    "provider": "provider.azurerm"
                },
                "azurerm_resource_group.EESSI-Test-Cisco01-RG": {
                    "type": "azurerm_resource_group",
                    "depends_on": [],
                    "primary": {
                        "id": "/subscriptions/5efd619c-0d6c-4bf6-a31b-d54ffda461c4/resourceGroups/EESSI-Test-Cisco01-RG",
                        "attributes": {
                            "id": "/subscriptions/5efd619c-0d6c-4bf6-a31b-d54ffda461c4/resourceGroups/EESSI-Test-Cisco01-RG",
                            "location": "uksouth",
                            "name": "EESSI-Test-Cisco01-RG",
                            "tags.%": "0"
                        },
                        "meta": {},
                        "tainted": false
                    },
                    "deposed": [],
                    "provider": "provider.azurerm"
                },
                "azurerm_resource_group.EESSI-Test-Cisco02-RG": {
                    "type": "azurerm_resource_group",
                    "depends_on": [],
                    "primary": {
                        "id": "/subscriptions/5efd619c-0d6c-4bf6-a31b-d54ffda461c4/resourceGroups/EESSI-Test-Cisco02-RG",
                        "attributes": {
                            "id": "/subscriptions/5efd619c-0d6c-4bf6-a31b-d54ffda461c4/resourceGroups/EESSI-Test-Cisco02-RG",
                            "location": "uksouth",
                            "name": "EESSI-Test-Cisco02-RG",
                            "tags.%": "0"
                        },
                        "meta": {},
                        "tainted": false
                    },
                    "deposed": [],
                    "provider": "provider.azurerm"
                },
                "azurerm_resource_group.EESSI-Test-KV-RG": {
                    "type": "azurerm_resource_group",
                    "depends_on": [],
                    "primary": {
                        "id": "/subscriptions/5efd619c-0d6c-4bf6-a31b-d54ffda461c4/resourceGroups/EESSI-Test-KV-RG",
                        "attributes": {
                            "id": "/subscriptions/5efd619c-0d6c-4bf6-a31b-d54ffda461c4/resourceGroups/EESSI-Test-KV-RG",
                            "location": "uksouth",
                            "name": "EESSI-Test-KV-RG",
                            "tags.%": "0"
                        },
                        "meta": {},
                        "tainted": false
                    },
                    "deposed": [],
                    "provider": "provider.azurerm"
                },
                "azurerm_resource_group.EESSI-Test-OMS-RG": {
                    "type": "azurerm_resource_group",
                    "depends_on": [],
                    "primary": {
                        "id": "/subscriptions/5efd619c-0d6c-4bf6-a31b-d54ffda461c4/resourceGroups/EESSI-Test-OMS-RG",
                        "attributes": {
                            "id": "/subscriptions/5efd619c-0d6c-4bf6-a31b-d54ffda461c4/resourceGroups/EESSI-Test-OMS-RG",
                            "location": "uksouth",
                            "name": "EESSI-Test-OMS-RG",
                            "tags.%": "0"
                        },
                        "meta": {},
                        "tainted": false
                    },
                    "deposed": [],
                    "provider": "provider.azurerm"
                },
                "azurerm_resource_group.EESSI-Test-Shared-AD-RG": {
                    "type": "azurerm_resource_group",
                    "depends_on": [],
                    "primary": {
                        "id": "/subscriptions/5efd619c-0d6c-4bf6-a31b-d54ffda461c4/resourceGroups/EESSI-Test-Shared-AD-RG",
                        "attributes": {
                            "id": "/subscriptions/5efd619c-0d6c-4bf6-a31b-d54ffda461c4/resourceGroups/EESSI-Test-Shared-AD-RG",
                            "location": "uksouth",
                            "name": "EESSI-Test-Shared-AD-RG",
                            "tags.%": "0"
                        },
                        "meta": {},
                        "tainted": false
                    },
                    "deposed": [],
                    "provider": "provider.azurerm"
                },
                "azurerm_resource_group.EESSI-Test-Shared-BKP-RG": {
                    "type": "azurerm_resource_group",
                    "depends_on": [],
                    "primary": {
                        "id": "/subscriptions/5efd619c-0d6c-4bf6-a31b-d54ffda461c4/resourceGroups/EESSI-Test-Shared-BKP-RG",
                        "attributes": {
                            "id": "/subscriptions/5efd619c-0d6c-4bf6-a31b-d54ffda461c4/resourceGroups/EESSI-Test-Shared-BKP-RG",
                            "location": "uksouth",
                            "name": "EESSI-Test-Shared-BKP-RG",
                            "tags.%": "0"
                        },
                        "meta": {},
                        "tainted": false
                    },
                    "deposed": [],
                    "provider": "provider.azurerm"
                },
                "azurerm_resource_group.EESSI-Test-Shared-RG": {
                    "type": "azurerm_resource_group",
                    "depends_on": [],
                    "primary": {
                        "id": "/subscriptions/5efd619c-0d6c-4bf6-a31b-d54ffda461c4/resourceGroups/EESSI-Test-Shared-RG",
                        "attributes": {
                            "id": "/subscriptions/5efd619c-0d6c-4bf6-a31b-d54ffda461c4/resourceGroups/EESSI-Test-Shared-RG",
                            "location": "uksouth",
                            "name": "EESSI-Test-Shared-RG",
                            "tags.%": "0"
                        },
                        "meta": {},
                        "tainted": false
                    },
                    "deposed": [],
                    "provider": "provider.azurerm"
                },
                "azurerm_resource_group.EESSI-Test-Shared-WSUS-RG": {
                    "type": "azurerm_resource_group",
                    "depends_on": [],
                    "primary": {
                        "id": "/subscriptions/5efd619c-0d6c-4bf6-a31b-d54ffda461c4/resourceGroups/EESSI-Test-Shared-WSUS-RG",
                        "attributes": {
                            "id": "/subscriptions/5efd619c-0d6c-4bf6-a31b-d54ffda461c4/resourceGroups/EESSI-Test-Shared-WSUS-RG",
                            "location": "uksouth",
                            "name": "EESSI-Test-Shared-WSUS-RG",
                            "tags.%": "0"
                        },
                        "meta": {},
                        "tainted": false
                    },
                    "deposed": [],
                    "provider": "provider.azurerm"
                },
                "azurerm_resource_group.EESSI-Test-Transit-RG": {
                    "type": "azurerm_resource_group",
                    "depends_on": [],
                    "primary": {
                        "id": "/subscriptions/5efd619c-0d6c-4bf6-a31b-d54ffda461c4/resourceGroups/EESSI-Test-Transit-RG",
                        "attributes": {
                            "id": "/subscriptions/5efd619c-0d6c-4bf6-a31b-d54ffda461c4/resourceGroups/EESSI-Test-Transit-RG",
                            "location": "uksouth",
                            "name": "EESSI-Test-Transit-RG",
                            "tags.%": "0"
                        },
                        "meta": {},
                        "tainted": false
                    },
                    "deposed": [],
                    "provider": "provider.azurerm"
                },
                "azurerm_resource_group.EESSI-Test01-AP-Biz-RG": {
                    "type": "azurerm_resource_group",
                    "depends_on": [],
                    "primary": {
                        "id": "/subscriptions/5efd619c-0d6c-4bf6-a31b-d54ffda461c4/resourceGroups/EESSI-Test01-AP-Biz-RG",
                        "attributes": {
                            "id": "/subscriptions/5efd619c-0d6c-4bf6-a31b-d54ffda461c4/resourceGroups/EESSI-Test01-AP-Biz-RG",
                            "location": "uksouth",
                            "name": "EESSI-Test01-AP-Biz-RG",
                            "tags.%": "0"
                        },
                        "meta": {},
                        "tainted": false
                    },
                    "deposed": [],
                    "provider": "provider.azurerm"
                },
                "azurerm_resource_group.EESSI-Test01-AP-FS-RG": {
                    "type": "azurerm_resource_group",
                    "depends_on": [],
                    "primary": {
                        "id": "/subscriptions/5efd619c-0d6c-4bf6-a31b-d54ffda461c4/resourceGroups/EESSI-Test01-AP-FS-RG",
                        "attributes": {
                            "id": "/subscriptions/5efd619c-0d6c-4bf6-a31b-d54ffda461c4/resourceGroups/EESSI-Test01-AP-FS-RG",
                            "location": "uksouth",
                            "name": "EESSI-Test01-AP-FS-RG",
                            "tags.%": "0"
                        },
                        "meta": {},
                        "tainted": false
                    },
                    "deposed": [],
                    "provider": "provider.azurerm"
                },
                "azurerm_resource_group.EESSI-Test01-AP-SQL-RG": {
                    "type": "azurerm_resource_group",
                    "depends_on": [],
                    "primary": {
                        "id": "/subscriptions/5efd619c-0d6c-4bf6-a31b-d54ffda461c4/resourceGroups/EESSI-Test01-AP-SQL-RG",
                        "attributes": {
                            "id": "/subscriptions/5efd619c-0d6c-4bf6-a31b-d54ffda461c4/resourceGroups/EESSI-Test01-AP-SQL-RG",
                            "location": "uksouth",
                            "name": "EESSI-Test01-AP-SQL-RG",
                            "tags.%": "0"
                        },
                        "meta": {},
                        "tainted": false
                    },
                    "deposed": [],
                    "provider": "provider.azurerm"
                },
                "azurerm_resource_group.EESSI-Test01-AP-Shared-RG": {
                    "type": "azurerm_resource_group",
                    "depends_on": [],
                    "primary": {
                        "id": "/subscriptions/5efd619c-0d6c-4bf6-a31b-d54ffda461c4/resourceGroups/EESSI-Test01-AP-Shared-RG",
                        "attributes": {
                            "id": "/subscriptions/5efd619c-0d6c-4bf6-a31b-d54ffda461c4/resourceGroups/EESSI-Test01-AP-Shared-RG",
                            "location": "uksouth",
                            "name": "EESSI-Test01-AP-Shared-RG",
                            "tags.%": "0"
                        },
                        "meta": {},
                        "tainted": false
                    },
                    "deposed": [],
                    "provider": "provider.azurerm"
                },
                "azurerm_resource_group.EESSI-Test01-RINA-App-RG": {
                    "type": "azurerm_resource_group",
                    "depends_on": [],
                    "primary": {
                        "id": "/subscriptions/5efd619c-0d6c-4bf6-a31b-d54ffda461c4/resourceGroups/EESSI-Test01-RINA-App-RG",
                        "attributes": {
                            "id": "/subscriptions/5efd619c-0d6c-4bf6-a31b-d54ffda461c4/resourceGroups/EESSI-Test01-RINA-App-RG",
                            "location": "uksouth",
                            "name": "EESSI-Test01-RINA-App-RG",
                            "tags.%": "0"
                        },
                        "meta": {},
                        "tainted": false
                    },
                    "deposed": [],
                    "provider": "provider.azurerm"
                },
                "azurerm_resource_group.EESSI-Test01-RINA-Shared-RG": {
                    "type": "azurerm_resource_group",
                    "depends_on": [],
                    "primary": {
                        "id": "/subscriptions/5efd619c-0d6c-4bf6-a31b-d54ffda461c4/resourceGroups/EESSI-Test01-RINA-Shared-RG",
                        "attributes": {
                            "id": "/subscriptions/5efd619c-0d6c-4bf6-a31b-d54ffda461c4/resourceGroups/EESSI-Test01-RINA-Shared-RG",
                            "location": "uksouth",
                            "name": "EESSI-Test01-RINA-Shared-RG",
                            "tags.%": "0"
                        },
                        "meta": {},
                        "tainted": false
                    },
                    "deposed": [],
                    "provider": "provider.azurerm"
                },
                "azurerm_resource_group.EESSI-Test02-AP-Biz-RG": {
                    "type": "azurerm_resource_group",
                    "depends_on": [],
                    "primary": {
                        "id": "/subscriptions/5efd619c-0d6c-4bf6-a31b-d54ffda461c4/resourceGroups/EESSI-Test02-AP-Biz-RG",
                        "attributes": {
                            "id": "/subscriptions/5efd619c-0d6c-4bf6-a31b-d54ffda461c4/resourceGroups/EESSI-Test02-AP-Biz-RG",
                            "location": "uksouth",
                            "name": "EESSI-Test02-AP-Biz-RG",
                            "tags.%": "0"
                        },
                        "meta": {},
                        "tainted": false
                    },
                    "deposed": [],
                    "provider": "provider.azurerm"
                },
                "azurerm_resource_group.EESSI-Test02-AP-FS-RG": {
                    "type": "azurerm_resource_group",
                    "depends_on": [],
                    "primary": {
                        "id": "/subscriptions/5efd619c-0d6c-4bf6-a31b-d54ffda461c4/resourceGroups/EESSI-Test02-AP-FS-RG",
                        "attributes": {
                            "id": "/subscriptions/5efd619c-0d6c-4bf6-a31b-d54ffda461c4/resourceGroups/EESSI-Test02-AP-FS-RG",
                            "location": "uksouth",
                            "name": "EESSI-Test02-AP-FS-RG",
                            "tags.%": "0"
                        },
                        "meta": {},
                        "tainted": false
                    },
                    "deposed": [],
                    "provider": "provider.azurerm"
                },
                "azurerm_resource_group.EESSI-Test02-AP-SQL-RG": {
                    "type": "azurerm_resource_group",
                    "depends_on": [],
                    "primary": {
                        "id": "/subscriptions/5efd619c-0d6c-4bf6-a31b-d54ffda461c4/resourceGroups/EESSI-Test02-AP-SQL-RG",
                        "attributes": {
                            "id": "/subscriptions/5efd619c-0d6c-4bf6-a31b-d54ffda461c4/resourceGroups/EESSI-Test02-AP-SQL-RG",
                            "location": "uksouth",
                            "name": "EESSI-Test02-AP-SQL-RG",
                            "tags.%": "0"
                        },
                        "meta": {},
                        "tainted": false
                    },
                    "deposed": [],
                    "provider": "provider.azurerm"
                },
                "azurerm_resource_group.EESSI-Test02-AP-Shared-RG": {
                    "type": "azurerm_resource_group",
                    "depends_on": [],
                    "primary": {
                        "id": "/subscriptions/5efd619c-0d6c-4bf6-a31b-d54ffda461c4/resourceGroups/EESSI-Test02-AP-Shared-RG",
                        "attributes": {
                            "id": "/subscriptions/5efd619c-0d6c-4bf6-a31b-d54ffda461c4/resourceGroups/EESSI-Test02-AP-Shared-RG",
                            "location": "uksouth",
                            "name": "EESSI-Test02-AP-Shared-RG",
                            "tags.%": "0"
                        },
                        "meta": {},
                        "tainted": false
                    },
                    "deposed": [],
                    "provider": "provider.azurerm"
                },
                "azurerm_resource_group.EESSI-Test02-RINA-BPM-RG": {
                    "type": "azurerm_resource_group",
                    "depends_on": [],
                    "primary": {
                        "id": "/subscriptions/5efd619c-0d6c-4bf6-a31b-d54ffda461c4/resourceGroups/EESSI-Test02-RINA-BPM-RG",
                        "attributes": {
                            "id": "/subscriptions/5efd619c-0d6c-4bf6-a31b-d54ffda461c4/resourceGroups/EESSI-Test02-RINA-BPM-RG",
                            "location": "uksouth",
                            "name": "EESSI-Test02-RINA-BPM-RG",
                            "tags.%": "0"
                        },
                        "meta": {},
                        "tainted": false
                    },
                    "deposed": [],
                    "provider": "provider.azurerm"
                },
                "azurerm_resource_group.EESSI-Test02-RINA-ELAST-RG": {
                    "type": "azurerm_resource_group",
                    "depends_on": [],
                    "primary": {
                        "id": "/subscriptions/5efd619c-0d6c-4bf6-a31b-d54ffda461c4/resourceGroups/EESSI-Test02-RINA-ELAST-RG",
                        "attributes": {
                            "id": "/subscriptions/5efd619c-0d6c-4bf6-a31b-d54ffda461c4/resourceGroups/EESSI-Test02-RINA-ELAST-RG",
                            "location": "uksouth",
                            "name": "EESSI-Test02-RINA-ELAST-RG",
                            "tags.%": "0"
                        },
                        "meta": {},
                        "tainted": false
                    },
                    "deposed": [],
                    "provider": "provider.azurerm"
                },
                "azurerm_resource_group.EESSI-Test02-RINA-FS-RG": {
                    "type": "azurerm_resource_group",
                    "depends_on": [],
                    "primary": {
                        "id": "/subscriptions/5efd619c-0d6c-4bf6-a31b-d54ffda461c4/resourceGroups/EESSI-Test02-RINA-FS-RG",
                        "attributes": {
                            "id": "/subscriptions/5efd619c-0d6c-4bf6-a31b-d54ffda461c4/resourceGroups/EESSI-Test02-RINA-FS-RG",
                            "location": "uksouth",
                            "name": "EESSI-Test02-RINA-FS-RG",
                            "tags.%": "0"
                        },
                        "meta": {},
                        "tainted": false
                    },
                    "deposed": [],
                    "provider": "provider.azurerm"
                },
                "azurerm_resource_group.EESSI-Test02-RINA-HOLO-RG": {
                    "type": "azurerm_resource_group",
                    "depends_on": [],
                    "primary": {
                        "id": "/subscriptions/5efd619c-0d6c-4bf6-a31b-d54ffda461c4/resourceGroups/EESSI-Test02-RINA-HOLO-RG",
                        "attributes": {
                            "id": "/subscriptions/5efd619c-0d6c-4bf6-a31b-d54ffda461c4/resourceGroups/EESSI-Test02-RINA-HOLO-RG",
                            "location": "uksouth",
                            "name": "EESSI-Test02-RINA-HOLO-RG",
                            "tags.%": "0"
                        },
                        "meta": {},
                        "tainted": false
                    },
                    "deposed": [],
                    "provider": "provider.azurerm"
                },
                "azurerm_resource_group.EESSI-Test02-RINA-LB-RG": {
                    "type": "azurerm_resource_group",
                    "depends_on": [],
                    "primary": {
                        "id": "/subscriptions/5efd619c-0d6c-4bf6-a31b-d54ffda461c4/resourceGroups/EESSI-Test02-RINA-LB-RG",
                        "attributes": {
                            "id": "/subscriptions/5efd619c-0d6c-4bf6-a31b-d54ffda461c4/resourceGroups/EESSI-Test02-RINA-LB-RG",
                            "location": "uksouth",
                            "name": "EESSI-Test02-RINA-LB-RG",
                            "tags.%": "0"
                        },
                        "meta": {},
                        "tainted": false
                    },
                    "deposed": [],
                    "provider": "provider.azurerm"
                },
                "azurerm_resource_group.EESSI-Test02-RINA-REST-RG": {
                    "type": "azurerm_resource_group",
                    "depends_on": [],
                    "primary": {
                        "id": "/subscriptions/5efd619c-0d6c-4bf6-a31b-d54ffda461c4/resourceGroups/EESSI-Test02-RINA-REST-RG",
                        "attributes": {
                            "id": "/subscriptions/5efd619c-0d6c-4bf6-a31b-d54ffda461c4/resourceGroups/EESSI-Test02-RINA-REST-RG",
                            "location": "uksouth",
                            "name": "EESSI-Test02-RINA-REST-RG",
                            "tags.%": "0"
                        },
                        "meta": {},
                        "tainted": false
                    },
                    "deposed": [],
                    "provider": "provider.azurerm"
                },
                "azurerm_resource_group.EESSI-Test02-RINA-SQL-RG": {
                    "type": "azurerm_resource_group",
                    "depends_on": [],
                    "primary": {
                        "id": "/subscriptions/5efd619c-0d6c-4bf6-a31b-d54ffda461c4/resourceGroups/EESSI-Test02-RINA-SQL-RG",
                        "attributes": {
                            "id": "/subscriptions/5efd619c-0d6c-4bf6-a31b-d54ffda461c4/resourceGroups/EESSI-Test02-RINA-SQL-RG",
                            "location": "uksouth",
                            "name": "EESSI-Test02-RINA-SQL-RG",
                            "tags.%": "0"
                        },
                        "meta": {},
                        "tainted": false
                    },
                    "deposed": [],
                    "provider": "provider.azurerm"
                },
                "azurerm_resource_group.EESSI-Test02-RINA-Shared-RG": {
                    "type": "azurerm_resource_group",
                    "depends_on": [],
                    "primary": {
                        "id": "/subscriptions/5efd619c-0d6c-4bf6-a31b-d54ffda461c4/resourceGroups/EESSI-Test02-RINA-Shared-RG",
                        "attributes": {
                            "id": "/subscriptions/5efd619c-0d6c-4bf6-a31b-d54ffda461c4/resourceGroups/EESSI-Test02-RINA-Shared-RG",
                            "location": "uksouth",
                            "name": "EESSI-Test02-RINA-Shared-RG",
                            "tags.%": "0"
                        },
                        "meta": {},
                        "tainted": false
                    },
                    "deposed": [],
                    "provider": "provider.azurerm"
                },
                "azurerm_resource_group.NetworkWatcherRG": {
                    "type": "azurerm_resource_group",
                    "depends_on": [],
                    "primary": {
                        "id": "/subscriptions/5efd619c-0d6c-4bf6-a31b-d54ffda461c4/resourceGroups/NetworkWatcherRG",
                        "attributes": {
                            "id": "/subscriptions/5efd619c-0d6c-4bf6-a31b-d54ffda461c4/resourceGroups/NetworkWatcherRG",
                            "location": "uksouth",
                            "name": "NetworkWatcherRG",
                            "tags.%": "0"
                        },
                        "meta": {},
                        "tainted": false
                    },
                    "deposed": [],
                    "provider": "provider.azurerm"
                },
                "azurerm_resource_group.RG-Auto": {
                    "type": "azurerm_resource_group",
                    "depends_on": [],
                    "primary": {
                        "id": "/subscriptions/5efd619c-0d6c-4bf6-a31b-d54ffda461c4/resourceGroups/RG-Auto",
                        "attributes": {
                            "id": "/subscriptions/5efd619c-0d6c-4bf6-a31b-d54ffda461c4/resourceGroups/RG-Auto",
                            "location": "uksouth",
                            "name": "RG-Auto",
                            "tags.%": "0"
                        },
                        "meta": {},
                        "tainted": false
                    },
                    "deposed": [],
                    "provider": "provider.azurerm"
                },
                "azurerm_resource_group.RG-OMS": {
                    "type": "azurerm_resource_group",
                    "depends_on": [],
                    "primary": {
                        "id": "/subscriptions/5efd619c-0d6c-4bf6-a31b-d54ffda461c4/resourceGroups/RG-OMS",
                        "attributes": {
                            "id": "/subscriptions/5efd619c-0d6c-4bf6-a31b-d54ffda461c4/resourceGroups/RG-OMS",
                            "location": "uksouth",
                            "name": "RG-OMS",
                            "tags.%": "0"
                        },
                        "meta": {},
                        "tainted": false
                    },
                    "deposed": [],
                    "provider": "provider.azurerm"
                },
                "azurerm_resource_group.RG-Rina2Rina-Playground": {
                    "type": "azurerm_resource_group",
                    "depends_on": [],
                    "primary": {
                        "id": "/subscriptions/5efd619c-0d6c-4bf6-a31b-d54ffda461c4/resourceGroups/RG-Rina2Rina-Playground",
                        "attributes": {
                            "id": "/subscriptions/5efd619c-0d6c-4bf6-a31b-d54ffda461c4/resourceGroups/RG-Rina2Rina-Playground",
                            "location": "uksouth",
                            "name": "RG-Rina2Rina-Playground",
                            "tags.%": "0"
                        },
                        "meta": {},
                        "tainted": false
                    },
                    "deposed": [],
                    "provider": "provider.azurerm"
                },
                "azurerm_resource_group.Testing_Sue": {
                    "type": "azurerm_resource_group",
                    "depends_on": [],
                    "primary": {
                        "id": "/subscriptions/5efd619c-0d6c-4bf6-a31b-d54ffda461c4/resourceGroups/Testing_Sue",
                        "attributes": {
                            "id": "/subscriptions/5efd619c-0d6c-4bf6-a31b-d54ffda461c4/resourceGroups/Testing_Sue",
                            "location": "uksouth",
                            "name": "Testing_Sue",
                            "tags.%": "0"
                        },
                        "meta": {},
                        "tainted": false
                    },
                    "deposed": [],
                    "provider": "provider.azurerm"
                },
                "azurerm_resource_group.bpdts-test-rg": {
                    "type": "azurerm_resource_group",
                    "depends_on": [],
                    "primary": {
                        "id": "/subscriptions/5efd619c-0d6c-4bf6-a31b-d54ffda461c4/resourceGroups/bpdts-test-rg",
                        "attributes": {
                            "id": "/subscriptions/5efd619c-0d6c-4bf6-a31b-d54ffda461c4/resourceGroups/bpdts-test-rg",
                            "location": "uksouth",
                            "name": "bpdts-test-rg",
                            "tags.%": "0"
                        },
                        "meta": {},
                        "tainted": false
                    },
                    "deposed": [],
                    "provider": "provider.azurerm"
                },
                "azurerm_resource_group.bpdts-testrg": {
                    "type": "azurerm_resource_group",
                    "depends_on": [],
                    "primary": {
                        "id": "/subscriptions/5efd619c-0d6c-4bf6-a31b-d54ffda461c4/resourceGroups/bpdts-testrg",
                        "attributes": {
                            "id": "/subscriptions/5efd619c-0d6c-4bf6-a31b-d54ffda461c4/resourceGroups/bpdts-testrg",
                            "location": "uksouth",
                            "name": "bpdts-testrg",
                            "tags.%": "0"
                        },
                        "meta": {},
                        "tainted": false
                    },
                    "deposed": [],
                    "provider": "provider.azurerm"
                },
                "azurerm_route_table.EESSI-Test-Cisco01-RG__Proxy-CSR-RouteTable": {
                    "type": "azurerm_route_table",
                    "depends_on": [],
                    "primary": {
                        "id": "/subscriptions/5efd619c-0d6c-4bf6-a31b-d54ffda461c4/resourceGroups/EESSI-Test-Cisco01-RG/providers/Microsoft.Network/routeTables/Proxy-CSR-RouteTable",
                        "attributes": {
                            "id": "/subscriptions/5efd619c-0d6c-4bf6-a31b-d54ffda461c4/resourceGroups/EESSI-Test-Cisco01-RG/providers/Microsoft.Network/routeTables/Proxy-CSR-RouteTable",
                            "location": "uksouth",
                            "name": "Proxy-CSR-RouteTable",
                            "resource_group_name": "EESSI-Test-Cisco01-RG",
                            "route.#": "0",
                            "subnets.#": "0",
                            "tags.%": "0"
                        },
                        "meta": {},
                        "tainted": false
                    },
                    "deposed": [],
                    "provider": "provider.azurerm"
                },
                "azurerm_route_table.EESSI-Test-Transit-RG__CSR1-Outside-CSR-RouteTable": {
                    "type": "azurerm_route_table",
                    "depends_on": [],
                    "primary": {
                        "id": "/subscriptions/5efd619c-0d6c-4bf6-a31b-d54ffda461c4/resourceGroups/EESSI-Test-Transit-RG/providers/Microsoft.Network/routeTables/CSR1-Outside-CSR-RouteTable",
                        "attributes": {
                            "id": "/subscriptions/5efd619c-0d6c-4bf6-a31b-d54ffda461c4/resourceGroups/EESSI-Test-Transit-RG/providers/Microsoft.Network/routeTables/CSR1-Outside-CSR-RouteTable",
                            "location": "uksouth",
                            "name": "CSR1-Outside-CSR-RouteTable",
                            "resource_group_name": "EESSI-Test-Transit-RG",
                            "route.#": "0",
                            "subnets.#": "1",
                            "subnets.3017663915": "/subscriptions/5efd619c-0d6c-4bf6-a31b-d54ffda461c4/resourceGroups/EESSI-Test-Transit-RG/providers/Microsoft.Network/virtualNetworks/EESSI-Test-Transit-vNet/subnets/CSR1-Outside",
                            "tags.%": "0"
                        },
                        "meta": {},
                        "tainted": false
                    },
                    "deposed": [],
                    "provider": "provider.azurerm"
                },
                "azurerm_route_table.EESSI-Test-Transit-RG__CSR2-Outside-CSR-RouteTable": {
                    "type": "azurerm_route_table",
                    "depends_on": [],
                    "primary": {
                        "id": "/subscriptions/5efd619c-0d6c-4bf6-a31b-d54ffda461c4/resourceGroups/EESSI-Test-Transit-RG/providers/Microsoft.Network/routeTables/CSR2-Outside-CSR-RouteTable",
                        "attributes": {
                            "id": "/subscriptions/5efd619c-0d6c-4bf6-a31b-d54ffda461c4/resourceGroups/EESSI-Test-Transit-RG/providers/Microsoft.Network/routeTables/CSR2-Outside-CSR-RouteTable",
                            "location": "uksouth",
                            "name": "CSR2-Outside-CSR-RouteTable",
                            "resource_group_name": "EESSI-Test-Transit-RG",
                            "route.#": "0",
                            "subnets.#": "1",
                            "subnets.2320554350": "/subscriptions/5efd619c-0d6c-4bf6-a31b-d54ffda461c4/resourceGroups/EESSI-Test-Transit-RG/providers/Microsoft.Network/virtualNetworks/EESSI-Test-Transit-vNet/subnets/CSR2-Outside",
                            "tags.%": "0"
                        },
                        "meta": {},
                        "tainted": false
                    },
                    "deposed": [],
                    "provider": "provider.azurerm"
                },
                "azurerm_route_table.EESSI-Test-Transit-RG__GatewaySubnet-CSR-RouteTable": {
                    "type": "azurerm_route_table",
                    "depends_on": [],
                    "primary": {
                        "id": "/subscriptions/5efd619c-0d6c-4bf6-a31b-d54ffda461c4/resourceGroups/EESSI-Test-Transit-RG/providers/Microsoft.Network/routeTables/GatewaySubnet-CSR-RouteTable",
                        "attributes": {
                            "id": "/subscriptions/5efd619c-0d6c-4bf6-a31b-d54ffda461c4/resourceGroups/EESSI-Test-Transit-RG/providers/Microsoft.Network/routeTables/GatewaySubnet-CSR-RouteTable",
                            "location": "uksouth",
                            "name": "GatewaySubnet-CSR-RouteTable",
                            "resource_group_name": "EESSI-Test-Transit-RG",
                            "route.#": "0",
                            "subnets.#": "1",
                            "subnets.2717863815": "/subscriptions/5efd619c-0d6c-4bf6-a31b-d54ffda461c4/resourceGroups/EESSI-Test-Transit-RG/providers/Microsoft.Network/virtualNetworks/EESSI-Test-Transit-vNet/subnets/GatewaySubnet",
                            "tags.%": "0"
                        },
                        "meta": {},
                        "tainted": false
                    },
                    "deposed": [],
                    "provider": "provider.azurerm"
                },
                "azurerm_route_table.EESSI-Test-Transit-RG__Inside-CSR-RouteTable": {
                    "type": "azurerm_route_table",
                    "depends_on": [],
                    "primary": {
                        "id": "/subscriptions/5efd619c-0d6c-4bf6-a31b-d54ffda461c4/resourceGroups/EESSI-Test-Transit-RG/providers/Microsoft.Network/routeTables/Inside-CSR-RouteTable",
                        "attributes": {
                            "id": "/subscriptions/5efd619c-0d6c-4bf6-a31b-d54ffda461c4/resourceGroups/EESSI-Test-Transit-RG/providers/Microsoft.Network/routeTables/Inside-CSR-RouteTable",
                            "location": "uksouth",
                            "name": "Inside-CSR-RouteTable",
                            "resource_group_name": "EESSI-Test-Transit-RG",
                            "route.#": "1",
                            "route.0.address_prefix": "0.0.0.0/0",
                            "route.0.name": "Default-Gateway",
                            "route.0.next_hop_in_ip_address": "10.80.22.68",
                            "route.0.next_hop_type": "VirtualAppliance",
                            "subnets.#": "1",
                            "subnets.4061770387": "/subscriptions/5efd619c-0d6c-4bf6-a31b-d54ffda461c4/resourceGroups/EESSI-Test-Transit-RG/providers/Microsoft.Network/virtualNetworks/EESSI-Test-Transit-vNet/subnets/Inside",
                            "tags.%": "0"
                        },
                        "meta": {},
                        "tainted": false
                    },
                    "deposed": [],
                    "provider": "provider.azurerm"
                },
                "azurerm_route_table.EESSI-Test-Transit-RG__Management-CSR-RouteTable": {
                    "type": "azurerm_route_table",
                    "depends_on": [],
                    "primary": {
                        "id": "/subscriptions/5efd619c-0d6c-4bf6-a31b-d54ffda461c4/resourceGroups/EESSI-Test-Transit-RG/providers/Microsoft.Network/routeTables/Management-CSR-RouteTable",
                        "attributes": {
                            "id": "/subscriptions/5efd619c-0d6c-4bf6-a31b-d54ffda461c4/resourceGroups/EESSI-Test-Transit-RG/providers/Microsoft.Network/routeTables/Management-CSR-RouteTable",
                            "location": "uksouth",
                            "name": "Management-CSR-RouteTable",
                            "resource_group_name": "EESSI-Test-Transit-RG",
                            "route.#": "0",
                            "subnets.#": "1",
                            "subnets.789128065": "/subscriptions/5efd619c-0d6c-4bf6-a31b-d54ffda461c4/resourceGroups/EESSI-Test-Transit-RG/providers/Microsoft.Network/virtualNetworks/EESSI-Test-Transit-vNet/subnets/Management",
                            "tags.%": "0"
                        },
                        "meta": {},
                        "tainted": false
                    },
                    "deposed": [],
                    "provider": "provider.azurerm"
                },
                "azurerm_route_table.EESSI-Test01-AP-Shared-RG__Test01-AP-to-CSR": {
                    "type": "azurerm_route_table",
                    "depends_on": [],
                    "primary": {
                        "id": "/subscriptions/5efd619c-0d6c-4bf6-a31b-d54ffda461c4/resourceGroups/EESSI-Test01-AP-Shared-RG/providers/Microsoft.Network/routeTables/Test01-AP-to-CSR",
                        "attributes": {
                            "id": "/subscriptions/5efd619c-0d6c-4bf6-a31b-d54ffda461c4/resourceGroups/EESSI-Test01-AP-Shared-RG/providers/Microsoft.Network/routeTables/Test01-AP-to-CSR",
                            "location": "uksouth",
                            "name": "Test01-AP-to-CSR",
                            "resource_group_name": "EESSI-Test01-AP-Shared-RG",
                            "route.#": "1",
                            "route.0.address_prefix": "0.0.0.0/0",
                            "route.0.name": "Default-Gateway",
                            "route.0.next_hop_in_ip_address": "10.80.22.68",
                            "route.0.next_hop_type": "VirtualAppliance",
                            "subnets.#": "1",
                            "subnets.2499044880": "/subscriptions/5efd619c-0d6c-4bf6-a31b-d54ffda461c4/resourceGroups/EESSI-Test01-AP-Shared-RG/providers/Microsoft.Network/virtualNetworks/EESSI-Test01-AP-vNet/subnets/Application",
                            "tags.%": "0"
                        },
                        "meta": {},
                        "tainted": false
                    },
                    "deposed": [],
                    "provider": "provider.azurerm"
                },
                "azurerm_subnet.EESSI-Test-Shared-RG__Active-Directory": {
                    "type": "azurerm_subnet",
                    "depends_on": [],
                    "primary": {
                        "id": "/subscriptions/5efd619c-0d6c-4bf6-a31b-d54ffda461c4/resourceGroups/EESSI-Test-Shared-RG/providers/Microsoft.Network/virtualNetworks/EESSI-Test-Shared-vNet/subnets/Active-Directory",
                        "attributes": {
                            "address_prefix": "10.86.4.0/28",
                            "id": "/subscriptions/5efd619c-0d6c-4bf6-a31b-d54ffda461c4/resourceGroups/EESSI-Test-Shared-RG/providers/Microsoft.Network/virtualNetworks/EESSI-Test-Shared-vNet/subnets/Active-Directory",
                            "ip_configurations.#": "2",
                            "ip_configurations.2597095645": "/subscriptions/5efd619c-0d6c-4bf6-a31b-d54ffda461c4/resourceGroups/EESSI-Test-Shared-AD-RG/providers/Microsoft.Network/networkInterfaces/aztst01-dc02417/ipConfigurations/ipconfig1",
                            "ip_configurations.818328376": "/subscriptions/5efd619c-0d6c-4bf6-a31b-d54ffda461c4/resourceGroups/EESSI-Test-Shared-AD-RG/providers/Microsoft.Network/networkInterfaces/aztst01-dc01240/ipConfigurations/ipconfig1",
                            "name": "Active-Directory",
                            "resource_group_name": "EESSI-Test-Shared-RG",
                            "service_endpoints.#": "0",
                            "virtual_network_name": "EESSI-Test-Shared-vNet"
                        },
                        "meta": {},
                        "tainted": false
                    },
                    "deposed": [],
                    "provider": "provider.azurerm"
                },
                "azurerm_subnet.EESSI-Test-Shared-RG__Backup": {
                    "type": "azurerm_subnet",
                    "depends_on": [],
                    "primary": {
                        "id": "/subscriptions/5efd619c-0d6c-4bf6-a31b-d54ffda461c4/resourceGroups/EESSI-Test-Shared-RG/providers/Microsoft.Network/virtualNetworks/EESSI-Test-Shared-vNet/subnets/Backup",
                        "attributes": {
                            "address_prefix": "10.86.4.16/28",
                            "id": "/subscriptions/5efd619c-0d6c-4bf6-a31b-d54ffda461c4/resourceGroups/EESSI-Test-Shared-RG/providers/Microsoft.Network/virtualNetworks/EESSI-Test-Shared-vNet/subnets/Backup",
                            "ip_configurations.#": "1",
                            "ip_configurations.2454047239": "/subscriptions/5efd619c-0d6c-4bf6-a31b-d54ffda461c4/resourceGroups/EESSI-Test-Shared-BKP-RG/providers/Microsoft.Network/networkInterfaces/aztst01-bkp01134/ipConfigurations/ipconfig1",
                            "name": "Backup",
                            "resource_group_name": "EESSI-Test-Shared-RG",
                            "service_endpoints.#": "0",
                            "virtual_network_name": "EESSI-Test-Shared-vNet"
                        },
                        "meta": {},
                        "tainted": false
                    },
                    "deposed": [],
                    "provider": "provider.azurerm"
                },
                "azurerm_subnet.EESSI-Test-Shared-RG__WSUS": {
                    "type": "azurerm_subnet",
                    "depends_on": [],
                    "primary": {
                        "id": "/subscriptions/5efd619c-0d6c-4bf6-a31b-d54ffda461c4/resourceGroups/EESSI-Test-Shared-RG/providers/Microsoft.Network/virtualNetworks/EESSI-Test-Shared-vNet/subnets/WSUS",
                        "attributes": {
                            "address_prefix": "10.86.4.32/28",
                            "id": "/subscriptions/5efd619c-0d6c-4bf6-a31b-d54ffda461c4/resourceGroups/EESSI-Test-Shared-RG/providers/Microsoft.Network/virtualNetworks/EESSI-Test-Shared-vNet/subnets/WSUS",
                            "ip_configurations.#": "1",
                            "ip_configurations.1440593468": "/subscriptions/5efd619c-0d6c-4bf6-a31b-d54ffda461c4/resourceGroups/EESSI-Test-Shared-WSUS-RG/providers/Microsoft.Network/networkInterfaces/aztst01-wsus01648/ipConfigurations/ipconfig1",
                            "name": "WSUS",
                            "resource_group_name": "EESSI-Test-Shared-RG",
                            "service_endpoints.#": "0",
                            "virtual_network_name": "EESSI-Test-Shared-vNet"
                        },
                        "meta": {},
                        "tainted": false
                    },
                    "deposed": [],
                    "provider": "provider.azurerm"
                },
                "azurerm_subnet.EESSI-Test-Transit-RG__CSR1-Outside": {
                    "type": "azurerm_subnet",
                    "depends_on": [],
                    "primary": {
                        "id": "/subscriptions/5efd619c-0d6c-4bf6-a31b-d54ffda461c4/resourceGroups/EESSI-Test-Transit-RG/providers/Microsoft.Network/virtualNetworks/EESSI-Test-Transit-vNet/subnets/CSR1-Outside",
                        "attributes": {
                            "address_prefix": "10.80.22.32/28",
                            "id": "/subscriptions/5efd619c-0d6c-4bf6-a31b-d54ffda461c4/resourceGroups/EESSI-Test-Transit-RG/providers/Microsoft.Network/virtualNetworks/EESSI-Test-Transit-vNet/subnets/CSR1-Outside",
                            "ip_configurations.#": "3",
                            "ip_configurations.1279876916": "/subscriptions/5efd619c-0d6c-4bf6-a31b-d54ffda461c4/resourceGroups/EESSI-Test-Cisco02-RG/providers/Microsoft.Network/networkInterfaces/AZUTSTRTR2-Nic3/ipConfigurations/ipconfig1",
                            "ip_configurations.3865524784": "/subscriptions/5efd619c-0d6c-4bf6-a31b-d54ffda461c4/resourceGroups/EESSI-Test-Cisco01-RG/providers/Microsoft.Network/networkInterfaces/AZUTSTRTR1-Nic1/ipConfigurations/ipconfig1",
                            "ip_configurations.797311860": "/subscriptions/5efd619c-0d6c-4bf6-a31b-d54ffda461c4/resourceGroups/EESSI-Test-Cisco01-RG/providers/Microsoft.Network/networkInterfaces/AZUTSTRTR1-Nic1/ipConfigurations/RTR1-FVRF-SEC",
                            "name": "CSR1-Outside",
                            "resource_group_name": "EESSI-Test-Transit-RG",
                            "route_table_id": "/subscriptions/5efd619c-0d6c-4bf6-a31b-d54ffda461c4/resourceGroups/EESSI-Test-Transit-RG/providers/Microsoft.Network/routeTables/CSR1-Outside-CSR-RouteTable",
                            "service_endpoints.#": "0",
                            "virtual_network_name": "EESSI-Test-Transit-vNet"
                        },
                        "meta": {},
                        "tainted": false
                    },
                    "deposed": [],
                    "provider": "provider.azurerm"
                },
                "azurerm_subnet.EESSI-Test-Transit-RG__CSR2-Outside": {
                    "type": "azurerm_subnet",
                    "depends_on": [],
                    "primary": {
                        "id": "/subscriptions/5efd619c-0d6c-4bf6-a31b-d54ffda461c4/resourceGroups/EESSI-Test-Transit-RG/providers/Microsoft.Network/virtualNetworks/EESSI-Test-Transit-vNet/subnets/CSR2-Outside",
                        "attributes": {
                            "address_prefix": "10.80.22.48/28",
                            "id": "/subscriptions/5efd619c-0d6c-4bf6-a31b-d54ffda461c4/resourceGroups/EESSI-Test-Transit-RG/providers/Microsoft.Network/virtualNetworks/EESSI-Test-Transit-vNet/subnets/CSR2-Outside",
                            "ip_configurations.#": "2",
                            "ip_configurations.1327670542": "/subscriptions/5efd619c-0d6c-4bf6-a31b-d54ffda461c4/resourceGroups/EESSI-Test-Cisco02-RG/providers/Microsoft.Network/networkInterfaces/AZUTSTRTR2-Nic1/ipConfigurations/ipconfig1",
                            "ip_configurations.3900912016": "/subscriptions/5efd619c-0d6c-4bf6-a31b-d54ffda461c4/resourceGroups/EESSI-Test-Cisco02-RG/providers/Microsoft.Network/networkInterfaces/AZUTSTRTR2-Nic1/ipConfigurations/RTR2-G2-SEC",
                            "name": "CSR2-Outside",
                            "resource_group_name": "EESSI-Test-Transit-RG",
                            "route_table_id": "/subscriptions/5efd619c-0d6c-4bf6-a31b-d54ffda461c4/resourceGroups/EESSI-Test-Transit-RG/providers/Microsoft.Network/routeTables/CSR2-Outside-CSR-RouteTable",
                            "service_endpoints.#": "0",
                            "virtual_network_name": "EESSI-Test-Transit-vNet"
                        },
                        "meta": {},
                        "tainted": false
                    },
                    "deposed": [],
                    "provider": "provider.azurerm"
                },
                "azurerm_subnet.EESSI-Test-Transit-RG__GatewaySubnet": {
                    "type": "azurerm_subnet",
                    "depends_on": [],
                    "primary": {
                        "id": "/subscriptions/5efd619c-0d6c-4bf6-a31b-d54ffda461c4/resourceGroups/EESSI-Test-Transit-RG/providers/Microsoft.Network/virtualNetworks/EESSI-Test-Transit-vNet/subnets/GatewaySubnet",
                        "attributes": {
                            "address_prefix": "10.80.22.0/27",
                            "id": "/subscriptions/5efd619c-0d6c-4bf6-a31b-d54ffda461c4/resourceGroups/EESSI-Test-Transit-RG/providers/Microsoft.Network/virtualNetworks/EESSI-Test-Transit-vNet/subnets/GatewaySubnet",
                            "ip_configurations.#": "1",
                            "ip_configurations.857333896": "/subscriptions/5efd619c-0d6c-4bf6-a31b-d54ffda461c4/resourceGroups/EESSI-Test-Transit-RG/providers/Microsoft.Network/virtualNetworkGateways/EESSI-Test-Transit-ERGW/ipConfigurations/default",
                            "name": "GatewaySubnet",
                            "resource_group_name": "EESSI-Test-Transit-RG",
                            "route_table_id": "/subscriptions/5efd619c-0d6c-4bf6-a31b-d54ffda461c4/resourceGroups/EESSI-Test-Transit-RG/providers/Microsoft.Network/routeTables/GatewaySubnet-CSR-RouteTable",
                            "service_endpoints.#": "0",
                            "virtual_network_name": "EESSI-Test-Transit-vNet"
                        },
                        "meta": {},
                        "tainted": false
                    },
                    "deposed": [],
                    "provider": "provider.azurerm"
                },
                "azurerm_subnet.EESSI-Test-Transit-RG__Inside": {
                    "type": "azurerm_subnet",
                    "depends_on": [],
                    "primary": {
                        "id": "/subscriptions/5efd619c-0d6c-4bf6-a31b-d54ffda461c4/resourceGroups/EESSI-Test-Transit-RG/providers/Microsoft.Network/virtualNetworks/EESSI-Test-Transit-vNet/subnets/Inside",
                        "attributes": {
                            "address_prefix": "10.80.22.64/28",
                            "id": "/subscriptions/5efd619c-0d6c-4bf6-a31b-d54ffda461c4/resourceGroups/EESSI-Test-Transit-RG/providers/Microsoft.Network/virtualNetworks/EESSI-Test-Transit-vNet/subnets/Inside",
                            "ip_configurations.#": "2",
                            "ip_configurations.1308402217": "/subscriptions/5efd619c-0d6c-4bf6-a31b-d54ffda461c4/resourceGroups/EESSI-Test-Cisco02-RG/providers/Microsoft.Network/networkInterfaces/AZUTSTRTR2-Nic2/ipConfigurations/ipconfig1",
                            "ip_configurations.3837345047": "/subscriptions/5efd619c-0d6c-4bf6-a31b-d54ffda461c4/resourceGroups/EESSI-Test-Cisco01-RG/providers/Microsoft.Network/networkInterfaces/AZUTSTRTR1-Nic2/ipConfigurations/ipconfig1",
                            "name": "Inside",
                            "resource_group_name": "EESSI-Test-Transit-RG",
                            "route_table_id": "/subscriptions/5efd619c-0d6c-4bf6-a31b-d54ffda461c4/resourceGroups/EESSI-Test-Transit-RG/providers/Microsoft.Network/routeTables/Inside-CSR-RouteTable",
                            "service_endpoints.#": "0",
                            "virtual_network_name": "EESSI-Test-Transit-vNet"
                        },
                        "meta": {},
                        "tainted": false
                    },
                    "deposed": [],
                    "provider": "provider.azurerm"
                },
                "azurerm_subnet.EESSI-Test-Transit-RG__Management": {
                    "type": "azurerm_subnet",
                    "depends_on": [],
                    "primary": {
                        "id": "/subscriptions/5efd619c-0d6c-4bf6-a31b-d54ffda461c4/resourceGroups/EESSI-Test-Transit-RG/providers/Microsoft.Network/virtualNetworks/EESSI-Test-Transit-vNet/subnets/Management",
                        "attributes": {
                            "address_prefix": "10.80.22.224/27",
                            "id": "/subscriptions/5efd619c-0d6c-4bf6-a31b-d54ffda461c4/resourceGroups/EESSI-Test-Transit-RG/providers/Microsoft.Network/virtualNetworks/EESSI-Test-Transit-vNet/subnets/Management",
                            "ip_configurations.#": "2",
                            "ip_configurations.1318541331": "/subscriptions/5efd619c-0d6c-4bf6-a31b-d54ffda461c4/resourceGroups/EESSI-Test-Cisco02-RG/providers/Microsoft.Network/networkInterfaces/AZUTSTRTR2-Nic0/ipConfigurations/ipconfig1",
                            "ip_configurations.3889350445": "/subscriptions/5efd619c-0d6c-4bf6-a31b-d54ffda461c4/resourceGroups/EESSI-Test-Cisco01-RG/providers/Microsoft.Network/networkInterfaces/AZUTSTRTR1-Nic0/ipConfigurations/ipconfig1",
                            "name": "Management",
                            "resource_group_name": "EESSI-Test-Transit-RG",
                            "route_table_id": "/subscriptions/5efd619c-0d6c-4bf6-a31b-d54ffda461c4/resourceGroups/EESSI-Test-Transit-RG/providers/Microsoft.Network/routeTables/Management-CSR-RouteTable",
                            "service_endpoints.#": "0",
                            "virtual_network_name": "EESSI-Test-Transit-vNet"
                        },
                        "meta": {},
                        "tainted": false
                    },
                    "deposed": [],
                    "provider": "provider.azurerm"
                },
                "azurerm_subnet.EESSI-Test-Transit-RG__Proxy": {
                    "type": "azurerm_subnet",
                    "depends_on": [],
                    "primary": {
                        "id": "/subscriptions/5efd619c-0d6c-4bf6-a31b-d54ffda461c4/resourceGroups/EESSI-Test-Transit-RG/providers/Microsoft.Network/virtualNetworks/EESSI-Test-Transit-vNet/subnets/Proxy",
                        "attributes": {
                            "address_prefix": "10.80.22.80/28",
                            "id": "/subscriptions/5efd619c-0d6c-4bf6-a31b-d54ffda461c4/resourceGroups/EESSI-Test-Transit-RG/providers/Microsoft.Network/virtualNetworks/EESSI-Test-Transit-vNet/subnets/Proxy",
                            "ip_configurations.#": "3",
                            "ip_configurations.1813257681": "/subscriptions/5efd619c-0d6c-4bf6-a31b-d54ffda461c4/resourceGroups/EESSI-Test-Transit-RG/providers/Microsoft.Network/networkInterfaces/aztst01-proxy01799/ipConfigurations/ipconfig1",
                            "ip_configurations.3107718287": "/subscriptions/5efd619c-0d6c-4bf6-a31b-d54ffda461c4/resourceGroups/EESSI-Test-Transit-RG/providers/Microsoft.Network/networkInterfaces/aztst-proxy01688/ipConfigurations/ipconfig1",
                            "ip_configurations.3842818058": "/subscriptions/5efd619c-0d6c-4bf6-a31b-d54ffda461c4/resourceGroups/EESSI-Test-Cisco01-RG/providers/Microsoft.Network/networkInterfaces/AZUTSTRTR1-Nic3/ipConfigurations/ipconfig1",
                            "name": "Proxy",
                            "resource_group_name": "EESSI-Test-Transit-RG",
                            "service_endpoints.#": "0",
                            "virtual_network_name": "EESSI-Test-Transit-vNet"
                        },
                        "meta": {},
                        "tainted": false
                    },
                    "deposed": [],
                    "provider": "provider.azurerm"
                },
                "azurerm_subnet.EESSI-Test01-AP-Shared-RG__Application": {
                    "type": "azurerm_subnet",
                    "depends_on": [],
                    "primary": {
                        "id": "/subscriptions/5efd619c-0d6c-4bf6-a31b-d54ffda461c4/resourceGroups/EESSI-Test01-AP-Shared-RG/providers/Microsoft.Network/virtualNetworks/EESSI-Test01-AP-vNet/subnets/Application",
                        "attributes": {
                            "address_prefix": "10.86.1.0/28",
                            "id": "/subscriptions/5efd619c-0d6c-4bf6-a31b-d54ffda461c4/resourceGroups/EESSI-Test01-AP-Shared-RG/providers/Microsoft.Network/virtualNetworks/EESSI-Test01-AP-vNet/subnets/Application",
                            "ip_configurations.#": "4",
                            "ip_configurations.1623105769": "/subscriptions/5efd619c-0d6c-4bf6-a31b-d54ffda461c4/resourceGroups/bpdts-testrg/providers/Microsoft.Network/networkInterfaces/bpdts-testsql740/ipConfigurations/ipconfig1",
                            "ip_configurations.1972357094": "/subscriptions/5efd619c-0d6c-4bf6-a31b-d54ffda461c4/resourceGroups/EESSI-Test01-AP-Biz-RG/providers/Microsoft.Network/networkInterfaces/aztst01-apbiz02396/ipConfigurations/ipconfig1",
                            "ip_configurations.3650698954": "/subscriptions/5efd619c-0d6c-4bf6-a31b-d54ffda461c4/resourceGroups/bpdts-testrg/providers/Microsoft.Network/networkInterfaces/bpdts-test140/ipConfigurations/ipconfig1",
                            "ip_configurations.611855786": "/subscriptions/5efd619c-0d6c-4bf6-a31b-d54ffda461c4/resourceGroups/EESSI-Test01-AP-Biz-RG/providers/Microsoft.Network/networkInterfaces/aztst01-apbiz01877/ipConfigurations/ipconfig1",
                            "name": "Application",
                            "resource_group_name": "EESSI-Test01-AP-Shared-RG",
                            "route_table_id": "/subscriptions/5efd619c-0d6c-4bf6-a31b-d54ffda461c4/resourceGroups/EESSI-Test01-AP-Shared-RG/providers/Microsoft.Network/routeTables/Test01-AP-to-CSR",
                            "service_endpoints.#": "0",
                            "virtual_network_name": "EESSI-Test01-AP-vNet"
                        },
                        "meta": {},
                        "tainted": false
                    },
                    "deposed": [],
                    "provider": "provider.azurerm"
                },
                "azurerm_subnet.EESSI-Test01-AP-Shared-RG__Database": {
                    "type": "azurerm_subnet",
                    "depends_on": [],
                    "primary": {
                        "id": "/subscriptions/5efd619c-0d6c-4bf6-a31b-d54ffda461c4/resourceGroups/EESSI-Test01-AP-Shared-RG/providers/Microsoft.Network/virtualNetworks/EESSI-Test01-AP-vNet/subnets/Database",
                        "attributes": {
                            "address_prefix": "10.86.1.32/27",
                            "id": "/subscriptions/5efd619c-0d6c-4bf6-a31b-d54ffda461c4/resourceGroups/EESSI-Test01-AP-Shared-RG/providers/Microsoft.Network/virtualNetworks/EESSI-Test01-AP-vNet/subnets/Database",
                            "ip_configurations.#": "1",
                            "ip_configurations.3285259942": "/subscriptions/5efd619c-0d6c-4bf6-a31b-d54ffda461c4/resourceGroups/EESSI-Test01-AP-SQL-RG/providers/Microsoft.Network/networkInterfaces/aztst01-apsql01126/ipConfigurations/ipconfig1",
                            "name": "Database",
                            "resource_group_name": "EESSI-Test01-AP-Shared-RG",
                            "service_endpoints.#": "0",
                            "virtual_network_name": "EESSI-Test01-AP-vNet"
                        },
                        "meta": {},
                        "tainted": false
                    },
                    "deposed": [],
                    "provider": "provider.azurerm"
                },
                "azurerm_subnet.EESSI-Test01-AP-Shared-RG__File-Servers": {
                    "type": "azurerm_subnet",
                    "depends_on": [],
                    "primary": {
                        "id": "/subscriptions/5efd619c-0d6c-4bf6-a31b-d54ffda461c4/resourceGroups/EESSI-Test01-AP-Shared-RG/providers/Microsoft.Network/virtualNetworks/EESSI-Test01-AP-vNet/subnets/File-Servers",
                        "attributes": {
                            "address_prefix": "10.86.1.64/28",
                            "id": "/subscriptions/5efd619c-0d6c-4bf6-a31b-d54ffda461c4/resourceGroups/EESSI-Test01-AP-Shared-RG/providers/Microsoft.Network/virtualNetworks/EESSI-Test01-AP-vNet/subnets/File-Servers",
                            "ip_configurations.#": "3",
                            "ip_configurations.1868955499": "/subscriptions/5efd619c-0d6c-4bf6-a31b-d54ffda461c4/resourceGroups/EESSI-Test01-AP-FS-RG/providers/Microsoft.Network/networkInterfaces/aztst01-apfs02641/ipConfigurations/ipconfig1",
                            "ip_configurations.370522239": "/subscriptions/5efd619c-0d6c-4bf6-a31b-d54ffda461c4/resourceGroups/EESSI-Test01-AP-FS-RG/providers/Microsoft.Network/loadBalancers/EESSI-Test01-AP-FS-ILB/frontendIPConfigurations/LoadBalancerFrontEnd",
                            "ip_configurations.706225779": "/subscriptions/5efd619c-0d6c-4bf6-a31b-d54ffda461c4/resourceGroups/EESSI-Test01-AP-FS-RG/providers/Microsoft.Network/networkInterfaces/aztst01-apfs01272/ipConfigurations/ipconfig1",
                            "name": "File-Servers",
                            "resource_group_name": "EESSI-Test01-AP-Shared-RG",
                            "service_endpoints.#": "1",
                            "service_endpoints.0": "Microsoft.Storage",
                            "virtual_network_name": "EESSI-Test01-AP-vNet"
                        },
                        "meta": {},
                        "tainted": false
                    },
                    "deposed": [],
                    "provider": "provider.azurerm"
                },
                "azurerm_subnet.EESSI-Test01-RINA-Shared-RG__Application": {
                    "type": "azurerm_subnet",
                    "depends_on": [],
                    "primary": {
                        "id": "/subscriptions/5efd619c-0d6c-4bf6-a31b-d54ffda461c4/resourceGroups/EESSI-Test01-RINA-Shared-RG/providers/Microsoft.Network/virtualNetworks/EESSI-Test01-RINA-vNet/subnets/Application",
                        "attributes": {
                            "address_prefix": "10.86.2.0/28",
                            "id": "/subscriptions/5efd619c-0d6c-4bf6-a31b-d54ffda461c4/resourceGroups/EESSI-Test01-RINA-Shared-RG/providers/Microsoft.Network/virtualNetworks/EESSI-Test01-RINA-vNet/subnets/Application",
                            "ip_configurations.#": "4",
                            "ip_configurations.2411949842": "/subscriptions/5efd619c-0d6c-4bf6-a31b-d54ffda461c4/resourceGroups/EESSI-TEST01-RINA-LB-RG/providers/Microsoft.Network/networkInterfaces/aztst01-rilb02815/ipConfigurations/ipconfig1",
                            "ip_configurations.2633283525": "/subscriptions/5efd619c-0d6c-4bf6-a31b-d54ffda461c4/resourceGroups/EESSI-Test01-RINA-App-RG/providers/Microsoft.Network/networkInterfaces/aztst01-rilb02981/ipConfigurations/ipconfig1",
                            "ip_configurations.3205874755": "/subscriptions/5efd619c-0d6c-4bf6-a31b-d54ffda461c4/resourceGroups/EESSI-Test01-RINA-App-RG/providers/Microsoft.Network/networkInterfaces/aztst01-rilb01133/ipConfigurations/ipconfig1",
                            "ip_configurations.499687946": "/subscriptions/5efd619c-0d6c-4bf6-a31b-d54ffda461c4/resourceGroups/EESSI-Test01-RINA-App-RG/providers/Microsoft.Network/networkInterfaces/aztst01-riapp01846/ipConfigurations/ipconfig1",
                            "name": "Application",
                            "resource_group_name": "EESSI-Test01-RINA-Shared-RG",
                            "service_endpoints.#": "0",
                            "virtual_network_name": "EESSI-Test01-RINA-vNet"
                        },
                        "meta": {},
                        "tainted": false
                    },
                    "deposed": [],
                    "provider": "provider.azurerm"
                },
                "azurerm_subnet.EESSI-Test01-RINA-Shared-RG__Bonita": {
                    "type": "azurerm_subnet",
                    "depends_on": [],
                    "primary": {
                        "id": "/subscriptions/5efd619c-0d6c-4bf6-a31b-d54ffda461c4/resourceGroups/EESSI-Test01-RINA-Shared-RG/providers/Microsoft.Network/virtualNetworks/EESSI-Test01-RINA-vNet/subnets/Bonita",
                        "attributes": {
                            "address_prefix": "10.86.2.32/28",
                            "id": "/subscriptions/5efd619c-0d6c-4bf6-a31b-d54ffda461c4/resourceGroups/EESSI-Test01-RINA-Shared-RG/providers/Microsoft.Network/virtualNetworks/EESSI-Test01-RINA-vNet/subnets/Bonita",
                            "ip_configurations.#": "2",
                            "ip_configurations.1423369897": "/subscriptions/5efd619c-0d6c-4bf6-a31b-d54ffda461c4/resourceGroups/EESSI-TEST01-RINA-BPM-RG/providers/Microsoft.Network/networkInterfaces/aztst01-ribon02931/ipConfigurations/ipconfig1",
                            "ip_configurations.3265474590": "/subscriptions/5efd619c-0d6c-4bf6-a31b-d54ffda461c4/resourceGroups/EESSI-TEST01-RINA-BPM-RG/providers/Microsoft.Network/networkInterfaces/aztst01-ribon01761/ipConfigurations/ipconfig1",
                            "name": "Bonita",
                            "resource_group_name": "EESSI-Test01-RINA-Shared-RG",
                            "service_endpoints.#": "0",
                            "virtual_network_name": "EESSI-Test01-RINA-vNet"
                        },
                        "meta": {},
                        "tainted": false
                    },
                    "deposed": [],
                    "provider": "provider.azurerm"
                },
                "azurerm_subnet.EESSI-Test01-RINA-Shared-RG__Elastic-Search": {
                    "type": "azurerm_subnet",
                    "depends_on": [],
                    "primary": {
                        "id": "/subscriptions/5efd619c-0d6c-4bf6-a31b-d54ffda461c4/resourceGroups/EESSI-Test01-RINA-Shared-RG/providers/Microsoft.Network/virtualNetworks/EESSI-Test01-RINA-vNet/subnets/Elastic-Search",
                        "attributes": {
                            "address_prefix": "10.86.2.80/28",
                            "id": "/subscriptions/5efd619c-0d6c-4bf6-a31b-d54ffda461c4/resourceGroups/EESSI-Test01-RINA-Shared-RG/providers/Microsoft.Network/virtualNetworks/EESSI-Test01-RINA-vNet/subnets/Elastic-Search",
                            "ip_configurations.#": "2",
                            "ip_configurations.1524113218": "/subscriptions/5efd619c-0d6c-4bf6-a31b-d54ffda461c4/resourceGroups/EESSI-TEST01-RINA-ELAST-RG/providers/Microsoft.Network/networkInterfaces/aztst01-ries01930/ipConfigurations/ipconfig1",
                            "ip_configurations.658680230": "/subscriptions/5efd619c-0d6c-4bf6-a31b-d54ffda461c4/resourceGroups/EESSI-TEST01-RINA-ELAST-RG/providers/Microsoft.Network/networkInterfaces/aztst01-ries02876/ipConfigurations/ipconfig1",
                            "name": "Elastic-Search",
                            "resource_group_name": "EESSI-Test01-RINA-Shared-RG",
                            "service_endpoints.#": "0",
                            "virtual_network_name": "EESSI-Test01-RINA-vNet"
                        },
                        "meta": {},
                        "tainted": false
                    },
                    "deposed": [],
                    "provider": "provider.azurerm"
                },
                "azurerm_subnet.EESSI-Test01-RINA-Shared-RG__File-Servers": {
                    "type": "azurerm_subnet",
                    "depends_on": [],
                    "primary": {
                        "id": "/subscriptions/5efd619c-0d6c-4bf6-a31b-d54ffda461c4/resourceGroups/EESSI-Test01-RINA-Shared-RG/providers/Microsoft.Network/virtualNetworks/EESSI-Test01-RINA-vNet/subnets/File-Servers",
                        "attributes": {
                            "address_prefix": "10.86.2.96/28",
                            "id": "/subscriptions/5efd619c-0d6c-4bf6-a31b-d54ffda461c4/resourceGroups/EESSI-Test01-RINA-Shared-RG/providers/Microsoft.Network/virtualNetworks/EESSI-Test01-RINA-vNet/subnets/File-Servers",
                            "ip_configurations.#": "3",
                            "ip_configurations.2640939885": "/subscriptions/5efd619c-0d6c-4bf6-a31b-d54ffda461c4/resourceGroups/EESSI-TEST01-RINA-FSHARE-RG/providers/Microsoft.Network/loadBalancers/EESSI-Test01-RINA-FS-ILB/frontendIPConfigurations/LoadBalancerFrontEnd",
                            "ip_configurations.4147451396": "/subscriptions/5efd619c-0d6c-4bf6-a31b-d54ffda461c4/resourceGroups/EESSI-TEST01-RINA-FSHARE-RG/providers/Microsoft.Network/networkInterfaces/aztst01-rifs02999/ipConfigurations/ipconfig1",
                            "ip_configurations.423809952": "/subscriptions/5efd619c-0d6c-4bf6-a31b-d54ffda461c4/resourceGroups/EESSI-TEST01-RINA-FSHARE-RG/providers/Microsoft.Network/networkInterfaces/aztst01-rifs0162/ipConfigurations/ipconfig1",
                            "name": "File-Servers",
                            "resource_group_name": "EESSI-Test01-RINA-Shared-RG",
                            "service_endpoints.#": "1",
                            "service_endpoints.0": "Microsoft.Storage",
                            "virtual_network_name": "EESSI-Test01-RINA-vNet"
                        },
                        "meta": {},
                        "tainted": false
                    },
                    "deposed": [],
                    "provider": "provider.azurerm"
                },
                "azurerm_subnet.EESSI-Test01-RINA-Shared-RG__Holodeck": {
                    "type": "azurerm_subnet",
                    "depends_on": [],
                    "primary": {
                        "id": "/subscriptions/5efd619c-0d6c-4bf6-a31b-d54ffda461c4/resourceGroups/EESSI-Test01-RINA-Shared-RG/providers/Microsoft.Network/virtualNetworks/EESSI-Test01-RINA-vNet/subnets/Holodeck",
                        "attributes": {
                            "address_prefix": "10.86.2.48/28",
                            "id": "/subscriptions/5efd619c-0d6c-4bf6-a31b-d54ffda461c4/resourceGroups/EESSI-Test01-RINA-Shared-RG/providers/Microsoft.Network/virtualNetworks/EESSI-Test01-RINA-vNet/subnets/Holodeck",
                            "ip_configurations.#": "2",
                            "ip_configurations.3356350731": "/subscriptions/5efd619c-0d6c-4bf6-a31b-d54ffda461c4/resourceGroups/EESSI-TEST01-RINA-HDK-RG/providers/Microsoft.Network/networkInterfaces/aztst01-rihol01468/ipConfigurations/ipconfig1",
                            "ip_configurations.969251267": "/subscriptions/5efd619c-0d6c-4bf6-a31b-d54ffda461c4/resourceGroups/EESSI-TEST01-RINA-HDK-RG/providers/Microsoft.Network/networkInterfaces/aztst01-rihol02394/ipConfigurations/ipconfig1",
                            "name": "Holodeck",
                            "resource_group_name": "EESSI-Test01-RINA-Shared-RG",
                            "service_endpoints.#": "0",
                            "virtual_network_name": "EESSI-Test01-RINA-vNet"
                        },
                        "meta": {},
                        "tainted": false
                    },
                    "deposed": [],
                    "provider": "provider.azurerm"
                },
                "azurerm_subnet.EESSI-Test01-RINA-Shared-RG__PostgreSQL": {
                    "type": "azurerm_subnet",
                    "depends_on": [],
                    "primary": {
                        "id": "/subscriptions/5efd619c-0d6c-4bf6-a31b-d54ffda461c4/resourceGroups/EESSI-Test01-RINA-Shared-RG/providers/Microsoft.Network/virtualNetworks/EESSI-Test01-RINA-vNet/subnets/PostgreSQL",
                        "attributes": {
                            "address_prefix": "10.86.2.64/28",
                            "id": "/subscriptions/5efd619c-0d6c-4bf6-a31b-d54ffda461c4/resourceGroups/EESSI-Test01-RINA-Shared-RG/providers/Microsoft.Network/virtualNetworks/EESSI-Test01-RINA-vNet/subnets/PostgreSQL",
                            "ip_configurations.#": "2",
                            "ip_configurations.2537106587": "/subscriptions/5efd619c-0d6c-4bf6-a31b-d54ffda461c4/resourceGroups/EESSI-TEST01-RINA-POSTGRE-RG/providers/Microsoft.Network/networkInterfaces/aztst01-risql02497/ipConfigurations/ipconfig1",
                            "ip_configurations.710713783": "/subscriptions/5efd619c-0d6c-4bf6-a31b-d54ffda461c4/resourceGroups/EESSI-TEST01-RINA-POSTGRE-RG/providers/Microsoft.Network/networkInterfaces/aztst01-risql01962/ipConfigurations/ipconfig1",
                            "name": "PostgreSQL",
                            "resource_group_name": "EESSI-Test01-RINA-Shared-RG",
                            "service_endpoints.#": "0",
                            "virtual_network_name": "EESSI-Test01-RINA-vNet"
                        },
                        "meta": {},
                        "tainted": false
                    },
                    "deposed": [],
                    "provider": "provider.azurerm"
                },
                "azurerm_subnet.EESSI-Test01-RINA-Shared-RG__REST": {
                    "type": "azurerm_subnet",
                    "depends_on": [],
                    "primary": {
                        "id": "/subscriptions/5efd619c-0d6c-4bf6-a31b-d54ffda461c4/resourceGroups/EESSI-Test01-RINA-Shared-RG/providers/Microsoft.Network/virtualNetworks/EESSI-Test01-RINA-vNet/subnets/REST",
                        "attributes": {
                            "address_prefix": "10.86.2.16/28",
                            "id": "/subscriptions/5efd619c-0d6c-4bf6-a31b-d54ffda461c4/resourceGroups/EESSI-Test01-RINA-Shared-RG/providers/Microsoft.Network/virtualNetworks/EESSI-Test01-RINA-vNet/subnets/REST",
                            "ip_configurations.#": "2",
                            "ip_configurations.1598178424": "/subscriptions/5efd619c-0d6c-4bf6-a31b-d54ffda461c4/resourceGroups/EESSI-TEST01-RINA-REST-RG/providers/Microsoft.Network/networkInterfaces/aztst01-ritom01671/ipConfigurations/ipconfig1",
                            "ip_configurations.2306886366": "/subscriptions/5efd619c-0d6c-4bf6-a31b-d54ffda461c4/resourceGroups/EESSI-TEST01-RINA-REST-RG/providers/Microsoft.Network/networkInterfaces/aztst01-ritom02221/ipConfigurations/ipconfig1",
                            "name": "REST",
                            "resource_group_name": "EESSI-Test01-RINA-Shared-RG",
                            "service_endpoints.#": "0",
                            "virtual_network_name": "EESSI-Test01-RINA-vNet"
                        },
                        "meta": {},
                        "tainted": false
                    },
                    "deposed": [],
                    "provider": "provider.azurerm"
                },
                "azurerm_subnet.EESSI-Test02-AP-Biz-RG__default": {
                    "type": "azurerm_subnet",
                    "depends_on": [],
                    "primary": {
                        "id": "/subscriptions/5efd619c-0d6c-4bf6-a31b-d54ffda461c4/resourceGroups/EESSI-Test02-AP-Biz-RG/providers/Microsoft.Network/virtualNetworks/EESSI-Test02-AP-Biz-RG-vnet/subnets/default",
                        "attributes": {
                            "address_prefix": "10.0.0.0/24",
                            "id": "/subscriptions/5efd619c-0d6c-4bf6-a31b-d54ffda461c4/resourceGroups/EESSI-Test02-AP-Biz-RG/providers/Microsoft.Network/virtualNetworks/EESSI-Test02-AP-Biz-RG-vnet/subnets/default",
                            "ip_configurations.#": "0",
                            "name": "default",
                            "resource_group_name": "EESSI-Test02-AP-Biz-RG",
                            "service_endpoints.#": "0",
                            "virtual_network_name": "EESSI-Test02-AP-Biz-RG-vnet"
                        },
                        "meta": {},
                        "tainted": false
                    },
                    "deposed": [],
                    "provider": "provider.azurerm"
                },
                "azurerm_subnet.EESSI-Test02-AP-Shared-RG__Application": {
                    "type": "azurerm_subnet",
                    "depends_on": [],
                    "primary": {
                        "id": "/subscriptions/5efd619c-0d6c-4bf6-a31b-d54ffda461c4/resourceGroups/EESSI-Test02-AP-Shared-RG/providers/Microsoft.Network/virtualNetworks/EESSI-Test02-AP-vNet/subnets/Application",
                        "attributes": {
                            "address_prefix": "10.86.13.0/28",
                            "id": "/subscriptions/5efd619c-0d6c-4bf6-a31b-d54ffda461c4/resourceGroups/EESSI-Test02-AP-Shared-RG/providers/Microsoft.Network/virtualNetworks/EESSI-Test02-AP-vNet/subnets/Application",
                            "ip_configurations.#": "2",
                            "ip_configurations.225710321": "/subscriptions/5efd619c-0d6c-4bf6-a31b-d54ffda461c4/resourceGroups/EESSI-Test01-AP-Biz-RG/providers/Microsoft.Network/networkInterfaces/aztst02-apbiz02310/ipConfigurations/ipconfig1",
                            "ip_configurations.3956692721": "/subscriptions/5efd619c-0d6c-4bf6-a31b-d54ffda461c4/resourceGroups/EESSI-Test01-AP-Biz-RG/providers/Microsoft.Network/networkInterfaces/aztst02-apbiz01717/ipConfigurations/ipconfig1",
                            "name": "Application",
                            "resource_group_name": "EESSI-Test02-AP-Shared-RG",
                            "service_endpoints.#": "0",
                            "virtual_network_name": "EESSI-Test02-AP-vNet"
                        },
                        "meta": {},
                        "tainted": false
                    },
                    "deposed": [],
                    "provider": "provider.azurerm"
                },
                "azurerm_subnet.EESSI-Test02-AP-Shared-RG__Database": {
                    "type": "azurerm_subnet",
                    "depends_on": [],
                    "primary": {
                        "id": "/subscriptions/5efd619c-0d6c-4bf6-a31b-d54ffda461c4/resourceGroups/EESSI-Test02-AP-Shared-RG/providers/Microsoft.Network/virtualNetworks/EESSI-Test02-AP-vNet/subnets/Database",
                        "attributes": {
                            "address_prefix": "10.86.13.32/27",
                            "id": "/subscriptions/5efd619c-0d6c-4bf6-a31b-d54ffda461c4/resourceGroups/EESSI-Test02-AP-Shared-RG/providers/Microsoft.Network/virtualNetworks/EESSI-Test02-AP-vNet/subnets/Database",
                            "ip_configurations.#": "3",
                            "ip_configurations.2223682521": "/subscriptions/5efd619c-0d6c-4bf6-a31b-d54ffda461c4/resourceGroups/EESSI-Test02-AP-SQL-RG/providers/Microsoft.Network/networkInterfaces/aztst02-apsql02461/ipConfigurations/ipconfig1",
                            "ip_configurations.2237026265": "/subscriptions/5efd619c-0d6c-4bf6-a31b-d54ffda461c4/resourceGroups/EESSI-Test02-AP-SQL-RG/providers/Microsoft.Network/networkInterfaces/aztst02-apsql01352/ipConfigurations/ipconfig1",
                            "ip_configurations.3587464134": "/subscriptions/5efd619c-0d6c-4bf6-a31b-d54ffda461c4/resourceGroups/EESSI-Test02-AP-SQL-RG/providers/Microsoft.Network/networkInterfaces/aztst02-apsql01765/ipConfigurations/ipconfig1",
                            "name": "Database",
                            "resource_group_name": "EESSI-Test02-AP-Shared-RG",
                            "service_endpoints.#": "0",
                            "virtual_network_name": "EESSI-Test02-AP-vNet"
                        },
                        "meta": {},
                        "tainted": false
                    },
                    "deposed": [],
                    "provider": "provider.azurerm"
                },
                "azurerm_subnet.EESSI-Test02-AP-Shared-RG__File-Server": {
                    "type": "azurerm_subnet",
                    "depends_on": [],
                    "primary": {
                        "id": "/subscriptions/5efd619c-0d6c-4bf6-a31b-d54ffda461c4/resourceGroups/EESSI-Test02-AP-Shared-RG/providers/Microsoft.Network/virtualNetworks/EESSI-Test02-AP-vNet/subnets/File-Server",
                        "attributes": {
                            "address_prefix": "10.86.13.64/28",
                            "id": "/subscriptions/5efd619c-0d6c-4bf6-a31b-d54ffda461c4/resourceGroups/EESSI-Test02-AP-Shared-RG/providers/Microsoft.Network/virtualNetworks/EESSI-Test02-AP-vNet/subnets/File-Server",
                            "ip_configurations.#": "3",
                            "ip_configurations.3515665866": "/subscriptions/5efd619c-0d6c-4bf6-a31b-d54ffda461c4/resourceGroups/EESSI-Test02-AP-FS-RG/providers/Microsoft.Network/loadBalancers/EESSI-Test02-AP-FS-ILB/frontendIPConfigurations/LoadBalancerFrontEnd",
                            "ip_configurations.406425441": "/subscriptions/5efd619c-0d6c-4bf6-a31b-d54ffda461c4/resourceGroups/EESSI-Test02-AP-FS-RG/providers/Microsoft.Network/networkInterfaces/aztst02-apfs02160/ipConfigurations/ipconfig1",
                            "ip_configurations.862431251": "/subscriptions/5efd619c-0d6c-4bf6-a31b-d54ffda461c4/resourceGroups/EESSI-Test02-AP-FS-RG/providers/Microsoft.Network/networkInterfaces/aztst02-apfs01960/ipConfigurations/ipconfig1",
                            "name": "File-Server",
                            "resource_group_name": "EESSI-Test02-AP-Shared-RG",
                            "service_endpoints.#": "1",
                            "service_endpoints.0": "Microsoft.Storage",
                            "virtual_network_name": "EESSI-Test02-AP-vNet"
                        },
                        "meta": {},
                        "tainted": false
                    },
                    "deposed": [],
                    "provider": "provider.azurerm"
                },
                "azurerm_subnet.EESSI-Test02-RINA-Shared-RG__Application": {
                    "type": "azurerm_subnet",
                    "depends_on": [],
                    "primary": {
                        "id": "/subscriptions/5efd619c-0d6c-4bf6-a31b-d54ffda461c4/resourceGroups/EESSI-Test02-RINA-Shared-RG/providers/Microsoft.Network/virtualNetworks/EESSI-Test02-RINA-vNet/subnets/Application",
                        "attributes": {
                            "address_prefix": "10.86.14.0/28",
                            "id": "/subscriptions/5efd619c-0d6c-4bf6-a31b-d54ffda461c4/resourceGroups/EESSI-Test02-RINA-Shared-RG/providers/Microsoft.Network/virtualNetworks/EESSI-Test02-RINA-vNet/subnets/Application",
                            "ip_configurations.#": "0",
                            "name": "Application",
                            "resource_group_name": "EESSI-Test02-RINA-Shared-RG",
                            "service_endpoints.#": "0",
                            "virtual_network_name": "EESSI-Test02-RINA-vNet"
                        },
                        "meta": {},
                        "tainted": false
                    },
                    "deposed": [],
                    "provider": "provider.azurerm"
                },
                "azurerm_subnet.EESSI-Test02-RINA-Shared-RG__Bonita": {
                    "type": "azurerm_subnet",
                    "depends_on": [],
                    "primary": {
                        "id": "/subscriptions/5efd619c-0d6c-4bf6-a31b-d54ffda461c4/resourceGroups/EESSI-Test02-RINA-Shared-RG/providers/Microsoft.Network/virtualNetworks/EESSI-Test02-RINA-vNet/subnets/Bonita",
                        "attributes": {
                            "address_prefix": "10.86.14.32/28",
                            "id": "/subscriptions/5efd619c-0d6c-4bf6-a31b-d54ffda461c4/resourceGroups/EESSI-Test02-RINA-Shared-RG/providers/Microsoft.Network/virtualNetworks/EESSI-Test02-RINA-vNet/subnets/Bonita",
                            "ip_configurations.#": "0",
                            "name": "Bonita",
                            "resource_group_name": "EESSI-Test02-RINA-Shared-RG",
                            "service_endpoints.#": "0",
                            "virtual_network_name": "EESSI-Test02-RINA-vNet"
                        },
                        "meta": {},
                        "tainted": false
                    },
                    "deposed": [],
                    "provider": "provider.azurerm"
                },
                "azurerm_subnet.EESSI-Test02-RINA-Shared-RG__Elastic-Search": {
                    "type": "azurerm_subnet",
                    "depends_on": [],
                    "primary": {
                        "id": "/subscriptions/5efd619c-0d6c-4bf6-a31b-d54ffda461c4/resourceGroups/EESSI-Test02-RINA-Shared-RG/providers/Microsoft.Network/virtualNetworks/EESSI-Test02-RINA-vNet/subnets/Elastic-Search",
                        "attributes": {
                            "address_prefix": "10.86.14.80/28",
                            "id": "/subscriptions/5efd619c-0d6c-4bf6-a31b-d54ffda461c4/resourceGroups/EESSI-Test02-RINA-Shared-RG/providers/Microsoft.Network/virtualNetworks/EESSI-Test02-RINA-vNet/subnets/Elastic-Search",
                            "ip_configurations.#": "0",
                            "name": "Elastic-Search",
                            "resource_group_name": "EESSI-Test02-RINA-Shared-RG",
                            "service_endpoints.#": "0",
                            "virtual_network_name": "EESSI-Test02-RINA-vNet"
                        },
                        "meta": {},
                        "tainted": false
                    },
                    "deposed": [],
                    "provider": "provider.azurerm"
                },
                "azurerm_subnet.EESSI-Test02-RINA-Shared-RG__File-Servers": {
                    "type": "azurerm_subnet",
                    "depends_on": [],
                    "primary": {
                        "id": "/subscriptions/5efd619c-0d6c-4bf6-a31b-d54ffda461c4/resourceGroups/EESSI-Test02-RINA-Shared-RG/providers/Microsoft.Network/virtualNetworks/EESSI-Test02-RINA-vNet/subnets/File-Servers",
                        "attributes": {
                            "address_prefix": "10.86.14.96/28",
                            "id": "/subscriptions/5efd619c-0d6c-4bf6-a31b-d54ffda461c4/resourceGroups/EESSI-Test02-RINA-Shared-RG/providers/Microsoft.Network/virtualNetworks/EESSI-Test02-RINA-vNet/subnets/File-Servers",
                            "ip_configurations.#": "0",
                            "name": "File-Servers",
                            "resource_group_name": "EESSI-Test02-RINA-Shared-RG",
                            "service_endpoints.#": "0",
                            "virtual_network_name": "EESSI-Test02-RINA-vNet"
                        },
                        "meta": {},
                        "tainted": false
                    },
                    "deposed": [],
                    "provider": "provider.azurerm"
                },
                "azurerm_subnet.EESSI-Test02-RINA-Shared-RG__Holodeck": {
                    "type": "azurerm_subnet",
                    "depends_on": [],
                    "primary": {
                        "id": "/subscriptions/5efd619c-0d6c-4bf6-a31b-d54ffda461c4/resourceGroups/EESSI-Test02-RINA-Shared-RG/providers/Microsoft.Network/virtualNetworks/EESSI-Test02-RINA-vNet/subnets/Holodeck",
                        "attributes": {
                            "address_prefix": "10.86.14.48/28",
                            "id": "/subscriptions/5efd619c-0d6c-4bf6-a31b-d54ffda461c4/resourceGroups/EESSI-Test02-RINA-Shared-RG/providers/Microsoft.Network/virtualNetworks/EESSI-Test02-RINA-vNet/subnets/Holodeck",
                            "ip_configurations.#": "0",
                            "name": "Holodeck",
                            "resource_group_name": "EESSI-Test02-RINA-Shared-RG",
                            "service_endpoints.#": "0",
                            "virtual_network_name": "EESSI-Test02-RINA-vNet"
                        },
                        "meta": {},
                        "tainted": false
                    },
                    "deposed": [],
                    "provider": "provider.azurerm"
                },
                "azurerm_subnet.EESSI-Test02-RINA-Shared-RG__PostgreSQL": {
                    "type": "azurerm_subnet",
                    "depends_on": [],
                    "primary": {
                        "id": "/subscriptions/5efd619c-0d6c-4bf6-a31b-d54ffda461c4/resourceGroups/EESSI-Test02-RINA-Shared-RG/providers/Microsoft.Network/virtualNetworks/EESSI-Test02-RINA-vNet/subnets/PostgreSQL",
                        "attributes": {
                            "address_prefix": "10.86.14.64/28",
                            "id": "/subscriptions/5efd619c-0d6c-4bf6-a31b-d54ffda461c4/resourceGroups/EESSI-Test02-RINA-Shared-RG/providers/Microsoft.Network/virtualNetworks/EESSI-Test02-RINA-vNet/subnets/PostgreSQL",
                            "ip_configurations.#": "0",
                            "name": "PostgreSQL",
                            "resource_group_name": "EESSI-Test02-RINA-Shared-RG",
                            "service_endpoints.#": "0",
                            "virtual_network_name": "EESSI-Test02-RINA-vNet"
                        },
                        "meta": {},
                        "tainted": false
                    },
                    "deposed": [],
                    "provider": "provider.azurerm"
                },
                "azurerm_subnet.EESSI-Test02-RINA-Shared-RG__REST": {
                    "type": "azurerm_subnet",
                    "depends_on": [],
                    "primary": {
                        "id": "/subscriptions/5efd619c-0d6c-4bf6-a31b-d54ffda461c4/resourceGroups/EESSI-Test02-RINA-Shared-RG/providers/Microsoft.Network/virtualNetworks/EESSI-Test02-RINA-vNet/subnets/REST",
                        "attributes": {
                            "address_prefix": "10.86.14.16/28",
                            "id": "/subscriptions/5efd619c-0d6c-4bf6-a31b-d54ffda461c4/resourceGroups/EESSI-Test02-RINA-Shared-RG/providers/Microsoft.Network/virtualNetworks/EESSI-Test02-RINA-vNet/subnets/REST",
                            "ip_configurations.#": "0",
                            "name": "REST",
                            "resource_group_name": "EESSI-Test02-RINA-Shared-RG",
                            "service_endpoints.#": "0",
                            "virtual_network_name": "EESSI-Test02-RINA-vNet"
                        },
                        "meta": {},
                        "tainted": false
                    },
                    "deposed": [],
                    "provider": "provider.azurerm"
                },
                "azurerm_subnet.RG-Rina2Rina-Playground__Rina2Rina-Subnet": {
                    "type": "azurerm_subnet",
                    "depends_on": [],
                    "primary": {
                        "id": "/subscriptions/5efd619c-0d6c-4bf6-a31b-d54ffda461c4/resourceGroups/RG-Rina2Rina-Playground/providers/Microsoft.Network/virtualNetworks/EESSI-Rina2Rina-vNet/subnets/Rina2Rina-Subnet",
                        "attributes": {
                            "address_prefix": "10.87.1.0/24",
                            "id": "/subscriptions/5efd619c-0d6c-4bf6-a31b-d54ffda461c4/resourceGroups/RG-Rina2Rina-Playground/providers/Microsoft.Network/virtualNetworks/EESSI-Rina2Rina-vNet/subnets/Rina2Rina-Subnet",
                            "ip_configurations.#": "3",
                            "ip_configurations.195583373": "/subscriptions/5efd619c-0d6c-4bf6-a31b-d54ffda461c4/resourceGroups/RG-Rina2Rina-Playground/providers/Microsoft.Network/networkInterfaces/r2rnode04VMNic/ipConfigurations/ipconfigr2rnode04",
                            "ip_configurations.2238281637": "/subscriptions/5efd619c-0d6c-4bf6-a31b-d54ffda461c4/resourceGroups/RG-Rina2Rina-Playground/providers/Microsoft.Network/networkInterfaces/r2rnode01VMNic/ipConfigurations/ipconfigr2rnode01",
                            "ip_configurations.4280914365": "/subscriptions/5efd619c-0d6c-4bf6-a31b-d54ffda461c4/resourceGroups/RG-Rina2Rina-Playground/providers/Microsoft.Network/networkInterfaces/r2rnode02VMNic/ipConfigurations/ipconfigr2rnode02",
                            "name": "Rina2Rina-Subnet",
                            "resource_group_name": "RG-Rina2Rina-Playground",
                            "service_endpoints.#": "0",
                            "virtual_network_name": "EESSI-Rina2Rina-vNet"
                        },
                        "meta": {},
                        "tainted": false
                    },
                    "deposed": [],
                    "provider": "provider.azurerm"
                }
            },
            "depends_on": []
        }
    ]
}
