{
    "version": 3,
    "terraform_version": "0.11.3",
    "serial": 477,
    "lineage": "d3fcb5b8-357b-431a-b13f-f1f1e3782e44",
    "modules": [
        {
            "path": [
                "root"
            ],
            "outputs": {},
            "resources": {
                "azurerm_network_interface.at-rh74l2g1-c436": {
                    "type": "azurerm_network_interface",
                    "depends_on": [],
                    "primary": {
                        "id": "/subscriptions/304e776d-6a37-425c-9304-cd3a77e4c6fe/resourceGroups/rg-Packer1/providers/Microsoft.Network/networkInterfaces/at-rh74l2g1-c436",
                        "attributes": {
                            "applied_dns_servers.#": "0",
                            "dns_servers.#": "0",
                            "enable_accelerated_networking": "false",
                            "enable_ip_forwarding": "false",
                            "id": "/subscriptions/304e776d-6a37-425c-9304-cd3a77e4c6fe/resourceGroups/rg-Packer1/providers/Microsoft.Network/networkInterfaces/at-rh74l2g1-c436",
                            "internal_dns_name_label": "",
                            "internal_fqdn": "",
                            "ip_configuration.#": "1",
                            "ip_configuration.0.application_security_group_ids.#": "0",
                            "ip_configuration.0.load_balancer_backend_address_pools_ids.#": "0",
                            "ip_configuration.0.load_balancer_inbound_nat_rules_ids.#": "0",
                            "ip_configuration.0.name": "ipconfig1",
                            "ip_configuration.0.primary": "true",
                            "ip_configuration.0.private_ip_address": "",
                            "ip_configuration.0.private_ip_address_allocation": "dynamic",
                            "ip_configuration.0.public_ip_address_id": "",
                            "ip_configuration.0.subnet_id": "/subscriptions/304e776d-6a37-425c-9304-cd3a77e4c6fe/resourceGroups/rg-Packer1/providers/Microsoft.Network/virtualNetworks/vnet-rh7-packer-at1/subnets/front",
                            "location": "uksouth",
                            "mac_address": "00-22-48-07-54-FD",
                            "name": "at-rh74l2g1-c436",
                            "network_security_group_id": "",
                            "private_ip_address": "192.168.9.68",
                            "private_ip_addresses.#": "1",
                            "private_ip_addresses.0": "192.168.9.68",
                            "resource_group_name": "rg-Packer1",
                            "tags.%": "0",
                            "virtual_machine_id": "/subscriptions/304e776d-6a37-425c-9304-cd3a77e4c6fe/resourceGroups/rg-Packer1/providers/Microsoft.Compute/virtualMachines/at-rh74L2g1-c"
                        },
                        "meta": {},
                        "tainted": false
                    },
                    "deposed": [],
                    "provider": "provider.azurerm"
                },
                "azurerm_network_interface.at-rh7at-c415": {
                    "type": "azurerm_network_interface",
                    "depends_on": [],
                    "primary": {
                        "id": "/subscriptions/304e776d-6a37-425c-9304-cd3a77e4c6fe/resourceGroups/rg-Packer1/providers/Microsoft.Network/networkInterfaces/at-rh7at-c415",
                        "attributes": {
                            "applied_dns_servers.#": "0",
                            "dns_servers.#": "0",
                            "enable_accelerated_networking": "false",
                            "enable_ip_forwarding": "false",
                            "id": "/subscriptions/304e776d-6a37-425c-9304-cd3a77e4c6fe/resourceGroups/rg-Packer1/providers/Microsoft.Network/networkInterfaces/at-rh7at-c415",
                            "internal_dns_name_label": "",
                            "internal_fqdn": "",
                            "ip_configuration.#": "1",
                            "ip_configuration.0.application_security_group_ids.#": "0",
                            "ip_configuration.0.load_balancer_backend_address_pools_ids.#": "0",
                            "ip_configuration.0.load_balancer_inbound_nat_rules_ids.#": "0",
                            "ip_configuration.0.name": "ipconfig1",
                            "ip_configuration.0.primary": "true",
                            "ip_configuration.0.private_ip_address": "",
                            "ip_configuration.0.private_ip_address_allocation": "dynamic",
                            "ip_configuration.0.public_ip_address_id": "",
                            "ip_configuration.0.subnet_id": "/subscriptions/304e776d-6a37-425c-9304-cd3a77e4c6fe/resourceGroups/rg-Packer1/providers/Microsoft.Network/virtualNetworks/vnet-rh7-packer-at1/subnets/front",
                            "location": "uksouth",
                            "mac_address": "00-22-48-07-3D-23",
                            "name": "at-rh7at-c415",
                            "network_security_group_id": "",
                            "private_ip_address": "192.168.9.69",
                            "private_ip_addresses.#": "1",
                            "private_ip_addresses.0": "192.168.9.69",
                            "resource_group_name": "rg-Packer1",
                            "tags.%": "0",
                            "virtual_machine_id": "/subscriptions/304e776d-6a37-425c-9304-cd3a77e4c6fe/resourceGroups/rg-Packer1/providers/Microsoft.Compute/virtualMachines/at-rh7at-c"
                        },
                        "meta": {},
                        "tainted": false
                    },
                    "deposed": [],
                    "provider": "provider.azurerm"
                },
                "azurerm_network_interface.at-win16326": {
                    "type": "azurerm_network_interface",
                    "depends_on": [],
                    "primary": {
                        "id": "/subscriptions/304e776d-6a37-425c-9304-cd3a77e4c6fe/resourceGroups/rg-Packer1/providers/Microsoft.Network/networkInterfaces/at-win16326",
                        "attributes": {
                            "applied_dns_servers.#": "0",
                            "dns_servers.#": "0",
                            "enable_accelerated_networking": "false",
                            "enable_ip_forwarding": "false",
                            "id": "/subscriptions/304e776d-6a37-425c-9304-cd3a77e4c6fe/resourceGroups/rg-Packer1/providers/Microsoft.Network/networkInterfaces/at-win16326",
                            "internal_dns_name_label": "",
                            "internal_fqdn": "",
                            "ip_configuration.#": "1",
                            "ip_configuration.0.application_security_group_ids.#": "0",
                            "ip_configuration.0.load_balancer_backend_address_pools_ids.#": "0",
                            "ip_configuration.0.load_balancer_inbound_nat_rules_ids.#": "0",
                            "ip_configuration.0.name": "ipconfig1",
                            "ip_configuration.0.primary": "true",
                            "ip_configuration.0.private_ip_address": "",
                            "ip_configuration.0.private_ip_address_allocation": "dynamic",
                            "ip_configuration.0.public_ip_address_id": "/subscriptions/304e776d-6a37-425c-9304-cd3a77e4c6fe/resourceGroups/rg-Packer1/providers/Microsoft.Network/publicIPAddresses/at-win16-ip",
                            "ip_configuration.0.subnet_id": "/subscriptions/304e776d-6a37-425c-9304-cd3a77e4c6fe/resourceGroups/rg-Packer1/providers/Microsoft.Network/virtualNetworks/vnet-rh7-packer-at1/subnets/front",
                            "location": "uksouth",
                            "mac_address": "00-22-48-07-A4-69",
                            "name": "at-win16326",
                            "network_security_group_id": "/subscriptions/304e776d-6a37-425c-9304-cd3a77e4c6fe/resourceGroups/rg-Packer1/providers/Microsoft.Network/networkSecurityGroups/at-win16-nsg",
                            "private_ip_address": "192.168.9.70",
                            "private_ip_addresses.#": "1",
                            "private_ip_addresses.0": "192.168.9.70",
                            "resource_group_name": "rg-Packer1",
                            "tags.%": "0",
                            "virtual_machine_id": "/subscriptions/304e776d-6a37-425c-9304-cd3a77e4c6fe/resourceGroups/rg-Packer1/providers/Microsoft.Compute/virtualMachines/at-win16"
                        },
                        "meta": {},
                        "tainted": false
                    },
                    "deposed": [],
                    "provider": "provider.azurerm"
                },
                "azurerm_network_security_group.at-win16-nsg": {
                    "type": "azurerm_network_security_group",
                    "depends_on": [],
                    "primary": {
                        "id": "/subscriptions/304e776d-6a37-425c-9304-cd3a77e4c6fe/resourceGroups/rg-Packer1/providers/Microsoft.Network/networkSecurityGroups/at-win16-nsg",
                        "attributes": {
                            "id": "/subscriptions/304e776d-6a37-425c-9304-cd3a77e4c6fe/resourceGroups/rg-Packer1/providers/Microsoft.Network/networkSecurityGroups/at-win16-nsg",
                            "location": "uksouth",
                            "name": "at-win16-nsg",
                            "resource_group_name": "rg-Packer1",
                            "security_rule.#": "1",
                            "security_rule.1656343434.access": "Allow",
                            "security_rule.1656343434.description": "",
                            "security_rule.1656343434.destination_address_prefix": "*",
                            "security_rule.1656343434.destination_address_prefixes.#": "0",
                            "security_rule.1656343434.destination_application_security_group_ids.#": "0",
                            "security_rule.1656343434.destination_port_range": "3389",
                            "security_rule.1656343434.destination_port_ranges.#": "0",
                            "security_rule.1656343434.direction": "Inbound",
                            "security_rule.1656343434.name": "default-allow-rdp",
                            "security_rule.1656343434.priority": "1000",
                            "security_rule.1656343434.protocol": "TCP",
                            "security_rule.1656343434.source_address_prefix": "*",
                            "security_rule.1656343434.source_address_prefixes.#": "0",
                            "security_rule.1656343434.source_application_security_group_ids.#": "0",
                            "security_rule.1656343434.source_port_range": "*",
                            "security_rule.1656343434.source_port_ranges.#": "0",
                            "tags.%": "0"
                        },
                        "meta": {},
                        "tainted": false
                    },
                    "deposed": [],
                    "provider": "provider.azurerm"
                },
                "azurerm_network_security_group.nsg-atfront": {
                    "type": "azurerm_network_security_group",
                    "depends_on": [],
                    "primary": {
                        "id": "/subscriptions/304e776d-6a37-425c-9304-cd3a77e4c6fe/resourceGroups/rg-Packer1/providers/Microsoft.Network/networkSecurityGroups/nsg-atfront",
                        "attributes": {
                            "id": "/subscriptions/304e776d-6a37-425c-9304-cd3a77e4c6fe/resourceGroups/rg-Packer1/providers/Microsoft.Network/networkSecurityGroups/nsg-atfront",
                            "location": "uksouth",
                            "name": "nsg-atfront",
                            "resource_group_name": "rg-Packer1",
                            "security_rule.#": "0",
                            "tags.%": "0"
                        },
                        "meta": {},
                        "tainted": false
                    },
                    "deposed": [],
                    "provider": "provider.azurerm"
                },
                "azurerm_public_ip.at-win16-ip": {
                    "type": "azurerm_public_ip",
                    "depends_on": [],
                    "primary": {
                        "id": "/subscriptions/304e776d-6a37-425c-9304-cd3a77e4c6fe/resourceGroups/rg-Packer1/providers/Microsoft.Network/publicIPAddresses/at-win16-ip",
                        "attributes": {
                            "id": "/subscriptions/304e776d-6a37-425c-9304-cd3a77e4c6fe/resourceGroups/rg-Packer1/providers/Microsoft.Network/publicIPAddresses/at-win16-ip",
                            "ip_address": "51.145.10.225",
                            "location": "uksouth",
                            "name": "at-win16-ip",
                            "public_ip_address_allocation": "dynamic",
                            "resource_group_name": "rg-Packer1",
                            "sku": "Basic",
                            "tags.%": "0",
                            "zones.#": "0"
                        },
                        "meta": {},
                        "tainted": false
                    },
                    "deposed": [],
                    "provider": "provider.azurerm"
                },
                "azurerm_resource_group.rg-Packer1": {
                    "type": "azurerm_resource_group",
                    "depends_on": [],
                    "primary": {
                        "id": "/subscriptions/304e776d-6a37-425c-9304-cd3a77e4c6fe/resourceGroups/rg-Packer1",
                        "attributes": {
                            "id": "/subscriptions/304e776d-6a37-425c-9304-cd3a77e4c6fe/resourceGroups/rg-Packer1",
                            "location": "uksouth",
                            "name": "rg-Packer1",
                            "tags.%": "0"
                        },
                        "meta": {},
                        "tainted": false
                    },
                    "deposed": [],
                    "provider": "provider.azurerm"
                },
                "azurerm_storage_account.diagcdsdevrh7": {
                    "type": "azurerm_storage_account",
                    "depends_on": [],
                    "primary": {
                        "id": "/subscriptions/304e776d-6a37-425c-9304-cd3a77e4c6fe/resourceGroups/rg-packer1/providers/Microsoft.Storage/storageAccounts/diagcdsdevrh7",
                        "attributes": {
                            "access_tier": "",
                            "account_encryption_source": "Microsoft.Storage",
                            "account_kind": "Storage",
                            "account_replication_type": "LRS",
                            "account_tier": "Standard",
                            "account_type": "Standard_LRS",
                            "enable_blob_encryption": "true",
                            "enable_file_encryption": "true",
                            "enable_https_traffic_only": "false",
                            "id": "/subscriptions/304e776d-6a37-425c-9304-cd3a77e4c6fe/resourceGroups/rg-packer1/providers/Microsoft.Storage/storageAccounts/diagcdsdevrh7",
                            "location": "uksouth",
                            "name": "diagcdsdevrh7",
                            "primary_access_key": "1xMc1uBn7C9YPJeiveSh0UWX1b+f30a6xCPhUVQKdsMZ3WOfGmtLy8WbwFPzE37p/U2iNJvlFHJ01ezKjW5Hkg==",
                            "primary_blob_connection_string": "DefaultEndpointsProtocol=https;BlobEndpoint=https://diagcdsdevrh7.blob.core.windows.net/;AccountName=diagcdsdevrh7;AccountKey=1xMc1uBn7C9YPJeiveSh0UWX1b+f30a6xCPhUVQKdsMZ3WOfGmtLy8WbwFPzE37p/U2iNJvlFHJ01ezKjW5Hkg==",
                            "primary_blob_endpoint": "https://diagcdsdevrh7.blob.core.windows.net/",
                            "primary_connection_string": "DefaultEndpointsProtocol=https;AccountName=diagcdsdevrh7;AccountKey=1xMc1uBn7C9YPJeiveSh0UWX1b+f30a6xCPhUVQKdsMZ3WOfGmtLy8WbwFPzE37p/U2iNJvlFHJ01ezKjW5Hkg==;EndpointSuffix=core.windows.net",
                            "primary_file_endpoint": "https://diagcdsdevrh7.file.core.windows.net/",
                            "primary_location": "uksouth",
                            "primary_queue_endpoint": "https://diagcdsdevrh7.queue.core.windows.net/",
                            "primary_table_endpoint": "https://diagcdsdevrh7.table.core.windows.net/",
                            "resource_group_name": "rg-packer1",
                            "secondary_access_key": "53YH5oWPcNSqcQpVHxHKjRzPKQmCs3DnvK7c6Z5WbCCol8GsqKyKVZLzNmTzWZ8MXXGqJvPLPCOB1HYmAIOpcQ==",
                            "secondary_connection_string": "DefaultEndpointsProtocol=https;AccountName=diagcdsdevrh7;AccountKey=53YH5oWPcNSqcQpVHxHKjRzPKQmCs3DnvK7c6Z5WbCCol8GsqKyKVZLzNmTzWZ8MXXGqJvPLPCOB1HYmAIOpcQ==;EndpointSuffix=core.windows.net",
                            "secondary_location": "",
                            "tags.%": "2",
                            "tags.environment": "Development",
                            "tags.owner": "andy.thomas"
                        },
                        "meta": {
                            "schema_version": "2"
                        },
                        "tainted": false
                    },
                    "deposed": [],
                    "provider": "provider.azurerm"
                },
                "azurerm_storage_account.diagcdsdevrh7at1": {
                    "type": "azurerm_storage_account",
                    "depends_on": [],
                    "primary": {
                        "id": "/subscriptions/304e776d-6a37-425c-9304-cd3a77e4c6fe/resourceGroups/rg-packer1/providers/Microsoft.Storage/storageAccounts/diagcdsdevrh7at1",
                        "attributes": {
                            "access_tier": "",
                            "account_encryption_source": "Microsoft.Storage",
                            "account_kind": "Storage",
                            "account_replication_type": "LRS",
                            "account_tier": "Standard",
                            "account_type": "Standard_LRS",
                            "enable_blob_encryption": "true",
                            "enable_file_encryption": "true",
                            "enable_https_traffic_only": "false",
                            "id": "/subscriptions/304e776d-6a37-425c-9304-cd3a77e4c6fe/resourceGroups/rg-packer1/providers/Microsoft.Storage/storageAccounts/diagcdsdevrh7at1",
                            "location": "uksouth",
                            "name": "diagcdsdevrh7at1",
                            "primary_access_key": "gJa4KDLBpeYpznox8ktv5GfO7MyvzSMd61k9B5EVV0SjL/CwxeiBd0aTqRZKdn3BXKlwgJbVPElqTjGKsoq88g==",
                            "primary_blob_connection_string": "DefaultEndpointsProtocol=https;BlobEndpoint=https://diagcdsdevrh7at1.blob.core.windows.net/;AccountName=diagcdsdevrh7at1;AccountKey=gJa4KDLBpeYpznox8ktv5GfO7MyvzSMd61k9B5EVV0SjL/CwxeiBd0aTqRZKdn3BXKlwgJbVPElqTjGKsoq88g==",
                            "primary_blob_endpoint": "https://diagcdsdevrh7at1.blob.core.windows.net/",
                            "primary_connection_string": "DefaultEndpointsProtocol=https;AccountName=diagcdsdevrh7at1;AccountKey=gJa4KDLBpeYpznox8ktv5GfO7MyvzSMd61k9B5EVV0SjL/CwxeiBd0aTqRZKdn3BXKlwgJbVPElqTjGKsoq88g==;EndpointSuffix=core.windows.net",
                            "primary_file_endpoint": "https://diagcdsdevrh7at1.file.core.windows.net/",
                            "primary_location": "uksouth",
                            "primary_queue_endpoint": "https://diagcdsdevrh7at1.queue.core.windows.net/",
                            "primary_table_endpoint": "https://diagcdsdevrh7at1.table.core.windows.net/",
                            "resource_group_name": "rg-packer1",
                            "secondary_access_key": "YldizF95vlKWwv7zh7oWI0nGwyv+TQ625Bp64X5U66aFUaQdMdZut7zgie0RpNdrVAAGBZkEfkoZDbKjTEDw1g==",
                            "secondary_connection_string": "DefaultEndpointsProtocol=https;AccountName=diagcdsdevrh7at1;AccountKey=YldizF95vlKWwv7zh7oWI0nGwyv+TQ625Bp64X5U66aFUaQdMdZut7zgie0RpNdrVAAGBZkEfkoZDbKjTEDw1g==;EndpointSuffix=core.windows.net",
                            "secondary_location": "",
                            "tags.%": "2",
                            "tags.environment": "Development",
                            "tags.owner": "andy.thomas"
                        },
                        "meta": {
                            "schema_version": "2"
                        },
                        "tainted": false
                    },
                    "deposed": [],
                    "provider": "provider.azurerm"
                },
                "azurerm_subnet.front": {
                    "type": "azurerm_subnet",
                    "depends_on": [],
                    "primary": {
                        "id": "/subscriptions/304e776d-6a37-425c-9304-cd3a77e4c6fe/resourceGroups/rg-Packer1/providers/Microsoft.Network/virtualNetworks/vnet-rh7-packer-at1/subnets/front",
                        "attributes": {
                            "address_prefix": "192.168.9.64/28",
                            "id": "/subscriptions/304e776d-6a37-425c-9304-cd3a77e4c6fe/resourceGroups/rg-Packer1/providers/Microsoft.Network/virtualNetworks/vnet-rh7-packer-at1/subnets/front",
                            "ip_configurations.#": "3",
                            "ip_configurations.4049201188": "/subscriptions/304e776d-6a37-425c-9304-cd3a77e4c6fe/resourceGroups/rg-Packer1/providers/Microsoft.Network/networkInterfaces/at-rh7at-c415/ipConfigurations/ipconfig1",
                            "ip_configurations.641658667": "/subscriptions/304e776d-6a37-425c-9304-cd3a77e4c6fe/resourceGroups/rg-Packer1/providers/Microsoft.Network/networkInterfaces/at-win16326/ipConfigurations/ipconfig1",
                            "ip_configurations.665791060": "/subscriptions/304e776d-6a37-425c-9304-cd3a77e4c6fe/resourceGroups/rg-Packer1/providers/Microsoft.Network/networkInterfaces/at-rh74l2g1-c436/ipConfigurations/ipconfig1",
                            "name": "front",
                            "network_security_group_id": "/subscriptions/304e776d-6a37-425c-9304-cd3a77e4c6fe/resourceGroups/rg-Packer1/providers/Microsoft.Network/networkSecurityGroups/nsg-atfront",
                            "resource_group_name": "rg-Packer1",
                            "service_endpoints.#": "0",
                            "virtual_network_name": "vnet-rh7-packer-at1"
                        },
                        "meta": {},
                        "tainted": false
                    },
                    "deposed": [],
                    "provider": "provider.azurerm"
                },
                "azurerm_virtual_machine.at-rh74L2g1-c": {
                    "type": "azurerm_virtual_machine",
                    "depends_on": [],
                    "primary": {
                        "id": "/subscriptions/304e776d-6a37-425c-9304-cd3a77e4c6fe/resourceGroups/rg-Packer1/providers/Microsoft.Compute/virtualMachines/at-rh74L2g1-c",
                        "attributes": {
                            "boot_diagnostics.#": "1",
                            "boot_diagnostics.0.enabled": "true",
                            "boot_diagnostics.0.storage_uri": "https://diagcdsdevrh7.blob.core.windows.net/",
                            "id": "/subscriptions/304e776d-6a37-425c-9304-cd3a77e4c6fe/resourceGroups/rg-Packer1/providers/Microsoft.Compute/virtualMachines/at-rh74L2g1-c",
                            "identity.#": "0",
                            "location": "uksouth",
                            "name": "at-rh74L2g1-c",
                            "network_interface_ids.#": "1",
                            "network_interface_ids.0": "/subscriptions/304e776d-6a37-425c-9304-cd3a77e4c6fe/resourceGroups/rg-Packer1/providers/Microsoft.Network/networkInterfaces/at-rh74l2g1-c436",
                            "os_profile.#": "1",
                            "os_profile.3669117158.admin_password": "",
                            "os_profile.3669117158.admin_username": "thomasa",
                            "os_profile.3669117158.computer_name": "at-rh74L2g1-c",
                            "os_profile.3669117158.custom_data": "",
                            "os_profile_linux_config.#": "1",
                            "os_profile_linux_config.69840937.disable_password_authentication": "true",
                            "os_profile_linux_config.69840937.ssh_keys.#": "1",
                            "os_profile_linux_config.69840937.ssh_keys.0.key_data": "ssh-rsa AAAAB3NzaC1yc2EAAAADAQABAAABAQCX13egiVvIQ+VxHE+0LLBkqFqnvrKcFijGz+rq3q/BzwIT/nhZe0y8H94UNLS0TeTGNec5mCXq91WKDkpWkQ7WFimoggUAzJTH1RyuPmaUbkv0ZvBrJksEHea3TZIRXD744cWMYcUsrcAc/88Um4/pi3aL0Etv/zkjKBY4hqzAxHqVivbXqa0dykp49Z7OZ9Hu+ncIH87TmuWwwlzifYNQ7hMEvQZnxam2k06mMLGBj6fT4Qb36I9cl6H4XUAGeJrjZDj4+iDfZ/j+U0cRBU1KnOKTgwKXiU8Sk7rH5NLR2mzi4nu5b5bthA//o8mnb4IoIN4o6dgCrJKR5Z/4nF4j",
                            "os_profile_linux_config.69840937.ssh_keys.0.path": "/home/thomasa/.ssh/authorized_keys",
                            "os_profile_secrets.#": "0",
                            "resource_group_name": "rg-Packer1",
                            "storage_data_disk.#": "0",
                            "storage_image_reference.#": "1",
                            "storage_image_reference.2324343604.id": "/subscriptions/304e776d-6a37-425c-9304-cd3a77e4c6fe/resourceGroups/rg-shared-images/providers/Microsoft.Compute/images/rhat74L2g1",
                            "storage_image_reference.2324343604.offer": "",
                            "storage_image_reference.2324343604.publisher": "",
                            "storage_image_reference.2324343604.sku": "",
                            "storage_image_reference.2324343604.version": "",
                            "storage_os_disk.#": "1",
                            "storage_os_disk.0.caching": "None",
                            "storage_os_disk.0.create_option": "FromImage",
                            "storage_os_disk.0.disk_size_gb": "64",
                            "storage_os_disk.0.image_uri": "",
                            "storage_os_disk.0.managed_disk_id": "/subscriptions/304e776d-6a37-425c-9304-cd3a77e4c6fe/resourceGroups/rg-Packer1/providers/Microsoft.Compute/disks/at-rh74L2g1-c_disk1_5a6b5bda6d394aae9225c98ec91f35f9",
                            "storage_os_disk.0.managed_disk_type": "Premium_LRS",
                            "storage_os_disk.0.name": "at-rh74L2g1-c_disk1_5a6b5bda6d394aae9225c98ec91f35f9",
                            "storage_os_disk.0.os_type": "Linux",
                            "storage_os_disk.0.vhd_uri": "",
                            "tags.%": "0",
                            "vm_size": "Standard_B2s",
                            "zones.#": "0"
                        },
                        "meta": {},
                        "tainted": false
                    },
                    "deposed": [],
                    "provider": "provider.azurerm"
                },
                "azurerm_virtual_machine.at-rh7at-c": {
                    "type": "azurerm_virtual_machine",
                    "depends_on": [],
                    "primary": {
                        "id": "/subscriptions/304e776d-6a37-425c-9304-cd3a77e4c6fe/resourceGroups/rg-Packer1/providers/Microsoft.Compute/virtualMachines/at-rh7at-c",
                        "attributes": {
                            "boot_diagnostics.#": "1",
                            "boot_diagnostics.0.enabled": "true",
                            "boot_diagnostics.0.storage_uri": "https://diagcdsdevrh7.blob.core.windows.net/",
                            "id": "/subscriptions/304e776d-6a37-425c-9304-cd3a77e4c6fe/resourceGroups/rg-Packer1/providers/Microsoft.Compute/virtualMachines/at-rh7at-c",
                            "identity.#": "0",
                            "location": "uksouth",
                            "name": "at-rh7at-c",
                            "network_interface_ids.#": "1",
                            "network_interface_ids.0": "/subscriptions/304e776d-6a37-425c-9304-cd3a77e4c6fe/resourceGroups/rg-Packer1/providers/Microsoft.Network/networkInterfaces/at-rh7at-c415",
                            "os_profile.#": "1",
                            "os_profile.803736506.admin_password": "",
                            "os_profile.803736506.admin_username": "thomasa",
                            "os_profile.803736506.computer_name": "at-rh7at-c",
                            "os_profile.803736506.custom_data": "",
                            "os_profile_linux_config.#": "1",
                            "os_profile_linux_config.69840937.disable_password_authentication": "true",
                            "os_profile_linux_config.69840937.ssh_keys.#": "1",
                            "os_profile_linux_config.69840937.ssh_keys.0.key_data": "ssh-rsa AAAAB3NzaC1yc2EAAAADAQABAAABAQCX13egiVvIQ+VxHE+0LLBkqFqnvrKcFijGz+rq3q/BzwIT/nhZe0y8H94UNLS0TeTGNec5mCXq91WKDkpWkQ7WFimoggUAzJTH1RyuPmaUbkv0ZvBrJksEHea3TZIRXD744cWMYcUsrcAc/88Um4/pi3aL0Etv/zkjKBY4hqzAxHqVivbXqa0dykp49Z7OZ9Hu+ncIH87TmuWwwlzifYNQ7hMEvQZnxam2k06mMLGBj6fT4Qb36I9cl6H4XUAGeJrjZDj4+iDfZ/j+U0cRBU1KnOKTgwKXiU8Sk7rH5NLR2mzi4nu5b5bthA//o8mnb4IoIN4o6dgCrJKR5Z/4nF4j",
                            "os_profile_linux_config.69840937.ssh_keys.0.path": "/home/thomasa/.ssh/authorized_keys",
                            "os_profile_secrets.#": "0",
                            "resource_group_name": "rg-Packer1",
                            "storage_data_disk.#": "0",
                            "storage_image_reference.#": "1",
                            "storage_image_reference.1570884073.id": "/subscriptions/304e776d-6a37-425c-9304-cd3a77e4c6fe/resourceGroups/rg-Images/providers/Microsoft.Compute/images/rh7at",
                            "storage_image_reference.1570884073.offer": "",
                            "storage_image_reference.1570884073.publisher": "",
                            "storage_image_reference.1570884073.sku": "",
                            "storage_image_reference.1570884073.version": "",
                            "storage_os_disk.#": "1",
                            "storage_os_disk.0.caching": "None",
                            "storage_os_disk.0.create_option": "FromImage",
                            "storage_os_disk.0.disk_size_gb": "64",
                            "storage_os_disk.0.image_uri": "",
                            "storage_os_disk.0.managed_disk_id": "/subscriptions/304e776d-6a37-425c-9304-cd3a77e4c6fe/resourceGroups/rg-Packer1/providers/Microsoft.Compute/disks/at-rh7at-c_disk1_6e2ab2ca09b54adbb188b976737a9369",
                            "storage_os_disk.0.managed_disk_type": "Premium_LRS",
                            "storage_os_disk.0.name": "at-rh7at-c_disk1_6e2ab2ca09b54adbb188b976737a9369",
                            "storage_os_disk.0.os_type": "Linux",
                            "storage_os_disk.0.vhd_uri": "",
                            "tags.%": "0",
                            "vm_size": "Standard_B2s",
                            "zones.#": "0"
                        },
                        "meta": {},
                        "tainted": false
                    },
                    "deposed": [],
                    "provider": "provider.azurerm"
                },
                "azurerm_virtual_machine.at-win16": {
                    "type": "azurerm_virtual_machine",
                    "depends_on": [],
                    "primary": {
                        "id": "/subscriptions/304e776d-6a37-425c-9304-cd3a77e4c6fe/resourceGroups/rg-Packer1/providers/Microsoft.Compute/virtualMachines/at-win16",
                        "attributes": {
                            "boot_diagnostics.#": "1",
                            "boot_diagnostics.0.enabled": "true",
                            "boot_diagnostics.0.storage_uri": "https://diagcdsdevrh7.blob.core.windows.net/",
                            "id": "/subscriptions/304e776d-6a37-425c-9304-cd3a77e4c6fe/resourceGroups/rg-Packer1/providers/Microsoft.Compute/virtualMachines/at-win16",
                            "identity.#": "0",
                            "location": "uksouth",
                            "name": "at-win16",
                            "network_interface_ids.#": "1",
                            "network_interface_ids.0": "/subscriptions/304e776d-6a37-425c-9304-cd3a77e4c6fe/resourceGroups/rg-Packer1/providers/Microsoft.Network/networkInterfaces/at-win16326",
                            "os_profile.#": "1",
                            "os_profile.1864784513.admin_password": "",
                            "os_profile.1864784513.admin_username": "thomasa",
                            "os_profile.1864784513.computer_name": "at-win16",
                            "os_profile.1864784513.custom_data": "",
                            "os_profile_secrets.#": "0",
                            "os_profile_windows_config.#": "1",
                            "os_profile_windows_config.2256145325.additional_unattend_config.#": "0",
                            "os_profile_windows_config.2256145325.enable_automatic_upgrades": "true",
                            "os_profile_windows_config.2256145325.provision_vm_agent": "true",
                            "os_profile_windows_config.2256145325.winrm.#": "0",
                            "resource_group_name": "rg-Packer1",
                            "storage_data_disk.#": "0",
                            "storage_image_reference.#": "1",
                            "storage_image_reference.3904372903.id": "",
                            "storage_image_reference.3904372903.offer": "WindowsServer",
                            "storage_image_reference.3904372903.publisher": "MicrosoftWindowsServer",
                            "storage_image_reference.3904372903.sku": "2016-Datacenter",
                            "storage_image_reference.3904372903.version": "latest",
                            "storage_os_disk.#": "1",
                            "storage_os_disk.0.caching": "ReadWrite",
                            "storage_os_disk.0.create_option": "FromImage",
                            "storage_os_disk.0.disk_size_gb": "128",
                            "storage_os_disk.0.image_uri": "",
                            "storage_os_disk.0.managed_disk_id": "/subscriptions/304e776d-6a37-425c-9304-cd3a77e4c6fe/resourceGroups/rg-Packer1/providers/Microsoft.Compute/disks/at-win16_OsDisk_1_dc6fee9104b246eb90ec78c9c478d0b4",
                            "storage_os_disk.0.managed_disk_type": "Premium_LRS",
                            "storage_os_disk.0.name": "at-win16_OsDisk_1_dc6fee9104b246eb90ec78c9c478d0b4",
                            "storage_os_disk.0.os_type": "Windows",
                            "storage_os_disk.0.vhd_uri": "",
                            "tags.%": "0",
                            "vm_size": "Standard_B2s",
                            "zones.#": "0"
                        },
                        "meta": {},
                        "tainted": false
                    },
                    "deposed": [],
                    "provider": "provider.azurerm"
                },
                "azurerm_virtual_network.vnet-rh7-packer-at1": {
                    "type": "azurerm_virtual_network",
                    "depends_on": [],
                    "primary": {
                        "id": "/subscriptions/304e776d-6a37-425c-9304-cd3a77e4c6fe/resourceGroups/rg-Packer1/providers/Microsoft.Network/virtualNetworks/vnet-rh7-packer-at1",
                        "attributes": {
                            "address_space.#": "1",
                            "address_space.0": "192.168.9.64/26",
                            "dns_servers.#": "0",
                            "id": "/subscriptions/304e776d-6a37-425c-9304-cd3a77e4c6fe/resourceGroups/rg-Packer1/providers/Microsoft.Network/virtualNetworks/vnet-rh7-packer-at1",
                            "location": "uksouth",
                            "name": "vnet-rh7-packer-at1",
                            "resource_group_name": "rg-Packer1",
                            "subnet.#": "1",
                            "subnet.3421701049.address_prefix": "192.168.9.64/28",
                            "subnet.3421701049.name": "front",
                            "subnet.3421701049.security_group": "/subscriptions/304e776d-6a37-425c-9304-cd3a77e4c6fe/resourceGroups/rg-Packer1/providers/Microsoft.Network/networkSecurityGroups/nsg-atfront",
                            "tags.%": "2",
                            "tags.environment": "Development",
                            "tags.owner": "andy.thomas"
                        },
                        "meta": {},
                        "tainted": false
                    },
                    "deposed": [],
                    "provider": "provider.azurerm"
                }
            },
            "depends_on": []
        }
    ]
}
