{
    "version": 3,
    "terraform_version": "0.11.3",
    "serial": 1177,
    "lineage": "d3fcb5b8-357b-431a-b13f-f1f1e3782e44",
    "modules": [
        {
            "path": [
                "root"
            ],
            "outputs": {},
            "resources": {
                "azurerm_availability_set.adAvailabiltySet": {
                    "type": "azurerm_availability_set",
                    "depends_on": [],
                    "primary": {
                        "id": "/subscriptions/bcbcf765-e12d-41da-b152-0ddb2a53b69f/resourceGroups/RG-EESSI-dev/providers/Microsoft.Compute/availabilitySets/adAvailabiltySet",
                        "attributes": {
                            "id": "/subscriptions/bcbcf765-e12d-41da-b152-0ddb2a53b69f/resourceGroups/RG-EESSI-dev/providers/Microsoft.Compute/availabilitySets/adAvailabiltySet",
                            "location": "uksouth",
                            "managed": "false",
                            "name": "adAvailabiltySet",
                            "platform_fault_domain_count": "3",
                            "platform_update_domain_count": "5",
                            "resource_group_name": "RG-EESSI-dev",
                            "tags.%": "0"
                        },
                        "meta": {},
                        "tainted": false
                    },
                    "deposed": [],
                    "provider": "provider.azurerm"
                },
                "azurerm_availability_set.avs2": {
                    "type": "azurerm_availability_set",
                    "depends_on": [],
                    "primary": {
                        "id": "/subscriptions/bcbcf765-e12d-41da-b152-0ddb2a53b69f/resourceGroups/RG-EESSI-dev/providers/Microsoft.Compute/availabilitySets/avs2",
                        "attributes": {
                            "id": "/subscriptions/bcbcf765-e12d-41da-b152-0ddb2a53b69f/resourceGroups/RG-EESSI-dev/providers/Microsoft.Compute/availabilitySets/avs2",
                            "location": "uksouth",
                            "managed": "true",
                            "name": "avs2",
                            "platform_fault_domain_count": "2",
                            "platform_update_domain_count": "5",
                            "resource_group_name": "RG-EESSI-dev",
                            "tags.%": "0"
                        },
                        "meta": {},
                        "tainted": false
                    },
                    "deposed": [],
                    "provider": "provider.azurerm"
                },
                "azurerm_network_security_group.nsg01-rdp": {
                    "type": "azurerm_network_security_group",
                    "depends_on": [],
                    "primary": {
                        "id": "/subscriptions/bcbcf765-e12d-41da-b152-0ddb2a53b69f/resourceGroups/RG-EESSI-dev/providers/Microsoft.Network/networkSecurityGroups/nsg01-rdp",
                        "attributes": {
                            "id": "/subscriptions/bcbcf765-e12d-41da-b152-0ddb2a53b69f/resourceGroups/RG-EESSI-dev/providers/Microsoft.Network/networkSecurityGroups/nsg01-rdp",
                            "location": "uksouth",
                            "name": "nsg01-rdp",
                            "resource_group_name": "RG-EESSI-dev",
                            "security_rule.#": "21",
                            "security_rule.1227196554.access": "Allow",
                            "security_rule.1227196554.description": "",
                            "security_rule.1227196554.destination_address_prefix": "*",
                            "security_rule.1227196554.destination_address_prefixes.#": "0",
                            "security_rule.1227196554.destination_application_security_group_ids.#": "0",
                            "security_rule.1227196554.destination_port_range": "8000",
                            "security_rule.1227196554.destination_port_ranges.#": "0",
                            "security_rule.1227196554.direction": "Inbound",
                            "security_rule.1227196554.name": "HolodeckDebugPeel",
                            "security_rule.1227196554.priority": "400",
                            "security_rule.1227196554.protocol": "TCP",
                            "security_rule.1227196554.source_address_prefix": "194.75.135.30",
                            "security_rule.1227196554.source_address_prefixes.#": "0",
                            "security_rule.1227196554.source_application_security_group_ids.#": "0",
                            "security_rule.1227196554.source_port_range": "*",
                            "security_rule.1227196554.source_port_ranges.#": "0",
                            "security_rule.1313058658.access": "Allow",
                            "security_rule.1313058658.description": "",
                            "security_rule.1313058658.destination_address_prefix": "*",
                            "security_rule.1313058658.destination_address_prefixes.#": "0",
                            "security_rule.1313058658.destination_application_security_group_ids.#": "0",
                            "security_rule.1313058658.destination_port_range": "9999",
                            "security_rule.1313058658.destination_port_ranges.#": "0",
                            "security_rule.1313058658.direction": "Inbound",
                            "security_rule.1313058658.name": "DebugHome",
                            "security_rule.1313058658.priority": "160",
                            "security_rule.1313058658.protocol": "*",
                            "security_rule.1313058658.source_address_prefix": "82.36.49.164",
                            "security_rule.1313058658.source_address_prefixes.#": "0",
                            "security_rule.1313058658.source_application_security_group_ids.#": "0",
                            "security_rule.1313058658.source_port_range": "*",
                            "security_rule.1313058658.source_port_ranges.#": "0",
                            "security_rule.1566842134.access": "Allow",
                            "security_rule.1566842134.description": "",
                            "security_rule.1566842134.destination_address_prefix": "*",
                            "security_rule.1566842134.destination_address_prefixes.#": "0",
                            "security_rule.1566842134.destination_application_security_group_ids.#": "0",
                            "security_rule.1566842134.destination_port_range": "4000",
                            "security_rule.1566842134.destination_port_ranges.#": "0",
                            "security_rule.1566842134.direction": "Inbound",
                            "security_rule.1566842134.name": "NodeTest",
                            "security_rule.1566842134.priority": "350",
                            "security_rule.1566842134.protocol": "*",
                            "security_rule.1566842134.source_address_prefix": "194.75.135.30",
                            "security_rule.1566842134.source_address_prefixes.#": "0",
                            "security_rule.1566842134.source_application_security_group_ids.#": "0",
                            "security_rule.1566842134.source_port_range": "*",
                            "security_rule.1566842134.source_port_ranges.#": "0",
                            "security_rule.1569068578.access": "Allow",
                            "security_rule.1569068578.description": "",
                            "security_rule.1569068578.destination_address_prefix": "*",
                            "security_rule.1569068578.destination_address_prefixes.#": "0",
                            "security_rule.1569068578.destination_application_security_group_ids.#": "0",
                            "security_rule.1569068578.destination_port_range": "443",
                            "security_rule.1569068578.destination_port_ranges.#": "0",
                            "security_rule.1569068578.direction": "Inbound",
                            "security_rule.1569068578.name": "HTTPS",
                            "security_rule.1569068578.priority": "390",
                            "security_rule.1569068578.protocol": "TCP",
                            "security_rule.1569068578.source_address_prefix": "194.75.135.30",
                            "security_rule.1569068578.source_address_prefixes.#": "0",
                            "security_rule.1569068578.source_application_security_group_ids.#": "0",
                            "security_rule.1569068578.source_port_range": "*",
                            "security_rule.1569068578.source_port_ranges.#": "0",
                            "security_rule.1790941511.access": "Allow",
                            "security_rule.1790941511.description": "",
                            "security_rule.1790941511.destination_address_prefix": "*",
                            "security_rule.1790941511.destination_address_prefixes.#": "0",
                            "security_rule.1790941511.destination_application_security_group_ids.#": "0",
                            "security_rule.1790941511.destination_port_range": "7778",
                            "security_rule.1790941511.destination_port_ranges.#": "0",
                            "security_rule.1790941511.direction": "Inbound",
                            "security_rule.1790941511.name": "Tomcat8Peel",
                            "security_rule.1790941511.priority": "500",
                            "security_rule.1790941511.protocol": "TCP",
                            "security_rule.1790941511.source_address_prefix": "194.75.135.30",
                            "security_rule.1790941511.source_address_prefixes.#": "0",
                            "security_rule.1790941511.source_application_security_group_ids.#": "0",
                            "security_rule.1790941511.source_port_range": "*",
                            "security_rule.1790941511.source_port_ranges.#": "0",
                            "security_rule.1857828858.access": "Allow",
                            "security_rule.1857828858.description": "",
                            "security_rule.1857828858.destination_address_prefix": "*",
                            "security_rule.1857828858.destination_address_prefixes.#": "0",
                            "security_rule.1857828858.destination_application_security_group_ids.#": "0",
                            "security_rule.1857828858.destination_port_range": "80",
                            "security_rule.1857828858.destination_port_ranges.#": "0",
                            "security_rule.1857828858.direction": "Inbound",
                            "security_rule.1857828858.name": "PeelParkWeb",
                            "security_rule.1857828858.priority": "320",
                            "security_rule.1857828858.protocol": "TCP",
                            "security_rule.1857828858.source_address_prefix": "194.75.135.30",
                            "security_rule.1857828858.source_address_prefixes.#": "0",
                            "security_rule.1857828858.source_application_security_group_ids.#": "0",
                            "security_rule.1857828858.source_port_range": "*",
                            "security_rule.1857828858.source_port_ranges.#": "0",
                            "security_rule.2034289413.access": "Allow",
                            "security_rule.2034289413.description": "",
                            "security_rule.2034289413.destination_address_prefix": "*",
                            "security_rule.2034289413.destination_address_prefixes.#": "0",
                            "security_rule.2034289413.destination_application_security_group_ids.#": "0",
                            "security_rule.2034289413.destination_port_range": "9998",
                            "security_rule.2034289413.destination_port_ranges.#": "0",
                            "security_rule.2034289413.direction": "Inbound",
                            "security_rule.2034289413.name": "DebugBonitaHome",
                            "security_rule.2034289413.priority": "360",
                            "security_rule.2034289413.protocol": "*",
                            "security_rule.2034289413.source_address_prefix": "82.36.49.164",
                            "security_rule.2034289413.source_address_prefixes.#": "0",
                            "security_rule.2034289413.source_application_security_group_ids.#": "0",
                            "security_rule.2034289413.source_port_range": "*",
                            "security_rule.2034289413.source_port_ranges.#": "0",
                            "security_rule.2089800597.access": "Allow",
                            "security_rule.2089800597.description": "",
                            "security_rule.2089800597.destination_address_prefix": "*",
                            "security_rule.2089800597.destination_address_prefixes.#": "0",
                            "security_rule.2089800597.destination_application_security_group_ids.#": "0",
                            "security_rule.2089800597.destination_port_range": "9998",
                            "security_rule.2089800597.destination_port_ranges.#": "0",
                            "security_rule.2089800597.direction": "Inbound",
                            "security_rule.2089800597.name": "DebugBonitaPeelPark",
                            "security_rule.2089800597.priority": "370",
                            "security_rule.2089800597.protocol": "*",
                            "security_rule.2089800597.source_address_prefix": "194.75.135.30",
                            "security_rule.2089800597.source_address_prefixes.#": "0",
                            "security_rule.2089800597.source_application_security_group_ids.#": "0",
                            "security_rule.2089800597.source_port_range": "*",
                            "security_rule.2089800597.source_port_ranges.#": "0",
                            "security_rule.2720701389.access": "Allow",
                            "security_rule.2720701389.description": "",
                            "security_rule.2720701389.destination_address_prefix": "*",
                            "security_rule.2720701389.destination_address_prefixes.#": "0",
                            "security_rule.2720701389.destination_application_security_group_ids.#": "0",
                            "security_rule.2720701389.destination_port_range": "3389",
                            "security_rule.2720701389.destination_port_ranges.#": "0",
                            "security_rule.2720701389.direction": "Inbound",
                            "security_rule.2720701389.name": "allow-rdp-andyt",
                            "security_rule.2720701389.priority": "100",
                            "security_rule.2720701389.protocol": "TCP",
                            "security_rule.2720701389.source_address_prefix": "86.29.197.58",
                            "security_rule.2720701389.source_address_prefixes.#": "0",
                            "security_rule.2720701389.source_application_security_group_ids.#": "0",
                            "security_rule.2720701389.source_port_range": "*",
                            "security_rule.2720701389.source_port_ranges.#": "0",
                            "security_rule.3081052414.access": "Allow",
                            "security_rule.3081052414.description": "",
                            "security_rule.3081052414.destination_address_prefix": "*",
                            "security_rule.3081052414.destination_address_prefixes.#": "0",
                            "security_rule.3081052414.destination_application_security_group_ids.#": "0",
                            "security_rule.3081052414.destination_port_range": "443",
                            "security_rule.3081052414.destination_port_ranges.#": "0",
                            "security_rule.3081052414.direction": "Inbound",
                            "security_rule.3081052414.name": "HTTPS_DWP",
                            "security_rule.3081052414.priority": "420",
                            "security_rule.3081052414.protocol": "TCP",
                            "security_rule.3081052414.source_address_prefix": "62.239.159.6",
                            "security_rule.3081052414.source_address_prefixes.#": "0",
                            "security_rule.3081052414.source_application_security_group_ids.#": "0",
                            "security_rule.3081052414.source_port_range": "*",
                            "security_rule.3081052414.source_port_ranges.#": "0",
                            "security_rule.3147289255.access": "Allow",
                            "security_rule.3147289255.description": "",
                            "security_rule.3147289255.destination_address_prefix": "*",
                            "security_rule.3147289255.destination_address_prefixes.#": "0",
                            "security_rule.3147289255.destination_application_security_group_ids.#": "0",
                            "security_rule.3147289255.destination_port_range": "80",
                            "security_rule.3147289255.destination_port_ranges.#": "0",
                            "security_rule.3147289255.direction": "Inbound",
                            "security_rule.3147289255.name": "PeelParkWebDWP",
                            "security_rule.3147289255.priority": "250",
                            "security_rule.3147289255.protocol": "TCP",
                            "security_rule.3147289255.source_address_prefix": "62.239.159.6",
                            "security_rule.3147289255.source_address_prefixes.#": "0",
                            "security_rule.3147289255.source_application_security_group_ids.#": "0",
                            "security_rule.3147289255.source_port_range": "*",
                            "security_rule.3147289255.source_port_ranges.#": "0",
                            "security_rule.3201762723.access": "Allow",
                            "security_rule.3201762723.description": "",
                            "security_rule.3201762723.destination_address_prefix": "*",
                            "security_rule.3201762723.destination_address_prefixes.#": "0",
                            "security_rule.3201762723.destination_application_security_group_ids.#": "0",
                            "security_rule.3201762723.destination_port_range": "3389",
                            "security_rule.3201762723.destination_port_ranges.#": "0",
                            "security_rule.3201762723.direction": "Inbound",
                            "security_rule.3201762723.name": "allow-rdp-peelpark",
                            "security_rule.3201762723.priority": "200",
                            "security_rule.3201762723.protocol": "TCP",
                            "security_rule.3201762723.source_address_prefix": "194.75.135.30",
                            "security_rule.3201762723.source_address_prefixes.#": "0",
                            "security_rule.3201762723.source_application_security_group_ids.#": "0",
                            "security_rule.3201762723.source_port_range": "*",
                            "security_rule.3201762723.source_port_ranges.#": "0",
                            "security_rule.3436479288.access": "Allow",
                            "security_rule.3436479288.description": "",
                            "security_rule.3436479288.destination_address_prefix": "*",
                            "security_rule.3436479288.destination_address_prefixes.#": "0",
                            "security_rule.3436479288.destination_application_security_group_ids.#": "0",
                            "security_rule.3436479288.destination_port_range": "9999",
                            "security_rule.3436479288.destination_port_ranges.#": "0",
                            "security_rule.3436479288.direction": "Inbound",
                            "security_rule.3436479288.name": "Debug",
                            "security_rule.3436479288.priority": "340",
                            "security_rule.3436479288.protocol": "*",
                            "security_rule.3436479288.source_address_prefix": "194.75.135.30",
                            "security_rule.3436479288.source_address_prefixes.#": "0",
                            "security_rule.3436479288.source_application_security_group_ids.#": "0",
                            "security_rule.3436479288.source_port_range": "*",
                            "security_rule.3436479288.source_port_ranges.#": "0",
                            "security_rule.3460847906.access": "Allow",
                            "security_rule.3460847906.description": "",
                            "security_rule.3460847906.destination_address_prefix": "*",
                            "security_rule.3460847906.destination_address_prefixes.#": "0",
                            "security_rule.3460847906.destination_application_security_group_ids.#": "0",
                            "security_rule.3460847906.destination_port_range": "80",
                            "security_rule.3460847906.destination_port_ranges.#": "0",
                            "security_rule.3460847906.direction": "Inbound",
                            "security_rule.3460847906.name": "Test80",
                            "security_rule.3460847906.priority": "310",
                            "security_rule.3460847906.protocol": "TCP",
                            "security_rule.3460847906.source_address_prefix": "82.36.49.164",
                            "security_rule.3460847906.source_address_prefixes.#": "0",
                            "security_rule.3460847906.source_application_security_group_ids.#": "0",
                            "security_rule.3460847906.source_port_range": "*",
                            "security_rule.3460847906.source_port_ranges.#": "0",
                            "security_rule.3612346982.access": "Allow",
                            "security_rule.3612346982.description": "",
                            "security_rule.3612346982.destination_address_prefix": "*",
                            "security_rule.3612346982.destination_address_prefixes.#": "0",
                            "security_rule.3612346982.destination_application_security_group_ids.#": "0",
                            "security_rule.3612346982.destination_port_range": "4000",
                            "security_rule.3612346982.destination_port_ranges.#": "0",
                            "security_rule.3612346982.direction": "Inbound",
                            "security_rule.3612346982.name": "DWP_4000_Test",
                            "security_rule.3612346982.priority": "501",
                            "security_rule.3612346982.protocol": "TCP",
                            "security_rule.3612346982.source_address_prefix": "62.239.159.6",
                            "security_rule.3612346982.source_address_prefixes.#": "0",
                            "security_rule.3612346982.source_application_security_group_ids.#": "0",
                            "security_rule.3612346982.source_port_range": "*",
                            "security_rule.3612346982.source_port_ranges.#": "0",
                            "security_rule.3751300419.access": "Allow",
                            "security_rule.3751300419.description": "",
                            "security_rule.3751300419.destination_address_prefix": "*",
                            "security_rule.3751300419.destination_address_prefixes.#": "0",
                            "security_rule.3751300419.destination_application_security_group_ids.#": "0",
                            "security_rule.3751300419.destination_port_range": "5433",
                            "security_rule.3751300419.destination_port_ranges.#": "0",
                            "security_rule.3751300419.direction": "Inbound",
                            "security_rule.3751300419.name": "TestAll",
                            "security_rule.3751300419.priority": "380",
                            "security_rule.3751300419.protocol": "TCP",
                            "security_rule.3751300419.source_address_prefix": "194.75.135.30",
                            "security_rule.3751300419.source_address_prefixes.#": "0",
                            "security_rule.3751300419.source_application_security_group_ids.#": "0",
                            "security_rule.3751300419.source_port_range": "*",
                            "security_rule.3751300419.source_port_ranges.#": "0",
                            "security_rule.3935091468.access": "Allow",
                            "security_rule.3935091468.description": "",
                            "security_rule.3935091468.destination_address_prefix": "*",
                            "security_rule.3935091468.destination_address_prefixes.#": "0",
                            "security_rule.3935091468.destination_application_security_group_ids.#": "0",
                            "security_rule.3935091468.destination_port_range": "5601",
                            "security_rule.3935091468.destination_port_ranges.#": "0",
                            "security_rule.3935091468.direction": "Inbound",
                            "security_rule.3935091468.name": "Kibana",
                            "security_rule.3935091468.priority": "410",
                            "security_rule.3935091468.protocol": "TCP",
                            "security_rule.3935091468.source_address_prefix": "194.75.135.30",
                            "security_rule.3935091468.source_address_prefixes.#": "0",
                            "security_rule.3935091468.source_application_security_group_ids.#": "0",
                            "security_rule.3935091468.source_port_range": "*",
                            "security_rule.3935091468.source_port_ranges.#": "0",
                            "security_rule.4195265691.access": "Allow",
                            "security_rule.4195265691.description": "",
                            "security_rule.4195265691.destination_address_prefix": "*",
                            "security_rule.4195265691.destination_address_prefixes.#": "0",
                            "security_rule.4195265691.destination_application_security_group_ids.#": "0",
                            "security_rule.4195265691.destination_port_range": "3389",
                            "security_rule.4195265691.destination_port_ranges.#": "0",
                            "security_rule.4195265691.direction": "Inbound",
                            "security_rule.4195265691.name": "allow-rdp-paula",
                            "security_rule.4195265691.priority": "300",
                            "security_rule.4195265691.protocol": "TCP",
                            "security_rule.4195265691.source_address_prefix": "82.36.49.164",
                            "security_rule.4195265691.source_address_prefixes.#": "0",
                            "security_rule.4195265691.source_application_security_group_ids.#": "0",
                            "security_rule.4195265691.source_port_range": "*",
                            "security_rule.4195265691.source_port_ranges.#": "0",
                            "security_rule.657305650.access": "Allow",
                            "security_rule.657305650.description": "",
                            "security_rule.657305650.destination_address_prefix": "*",
                            "security_rule.657305650.destination_address_prefixes.#": "0",
                            "security_rule.657305650.destination_application_security_group_ids.#": "0",
                            "security_rule.657305650.destination_port_range": "4200",
                            "security_rule.657305650.destination_port_ranges.#": "0",
                            "security_rule.657305650.direction": "Inbound",
                            "security_rule.657305650.name": "DWPIntegreation",
                            "security_rule.657305650.priority": "430",
                            "security_rule.657305650.protocol": "*",
                            "security_rule.657305650.source_address_prefix": "62.239.159.6",
                            "security_rule.657305650.source_address_prefixes.#": "0",
                            "security_rule.657305650.source_application_security_group_ids.#": "0",
                            "security_rule.657305650.source_port_range": "*",
                            "security_rule.657305650.source_port_ranges.#": "0",
                            "security_rule.672927307.access": "Allow",
                            "security_rule.672927307.description": "",
                            "security_rule.672927307.destination_address_prefix": "*",
                            "security_rule.672927307.destination_address_prefixes.#": "0",
                            "security_rule.672927307.destination_application_security_group_ids.#": "0",
                            "security_rule.672927307.destination_port_range": "4200",
                            "security_rule.672927307.destination_port_ranges.#": "0",
                            "security_rule.672927307.direction": "Inbound",
                            "security_rule.672927307.name": "RINADWPIntegrationPaul",
                            "security_rule.672927307.priority": "440",
                            "security_rule.672927307.protocol": "TCP",
                            "security_rule.672927307.source_address_prefix": "82.36.49.164",
                            "security_rule.672927307.source_address_prefixes.#": "0",
                            "security_rule.672927307.source_application_security_group_ids.#": "0",
                            "security_rule.672927307.source_port_range": "*",
                            "security_rule.672927307.source_port_ranges.#": "0",
                            "security_rule.786787163.access": "Allow",
                            "security_rule.786787163.description": "",
                            "security_rule.786787163.destination_address_prefix": "*",
                            "security_rule.786787163.destination_address_prefixes.#": "0",
                            "security_rule.786787163.destination_application_security_group_ids.#": "0",
                            "security_rule.786787163.destination_port_range": "7778",
                            "security_rule.786787163.destination_port_ranges.#": "0",
                            "security_rule.786787163.direction": "Inbound",
                            "security_rule.786787163.name": "Tomcat8Home",
                            "security_rule.786787163.priority": "450",
                            "security_rule.786787163.protocol": "TCP",
                            "security_rule.786787163.source_address_prefix": "82.36.49.164",
                            "security_rule.786787163.source_address_prefixes.#": "0",
                            "security_rule.786787163.source_application_security_group_ids.#": "0",
                            "security_rule.786787163.source_port_range": "*",
                            "security_rule.786787163.source_port_ranges.#": "0",
                            "tags.%": "0"
                        },
                        "meta": {},
                        "tainted": false
                    },
                    "deposed": [],
                    "provider": "provider.azurerm"
                },
                "azurerm_resource_group.RG-EESSI-dev": {
                    "type": "azurerm_resource_group",
                    "depends_on": [],
                    "primary": {
                        "id": "/subscriptions/bcbcf765-e12d-41da-b152-0ddb2a53b69f/resourceGroups/RG-EESSI-dev",
                        "attributes": {
                            "id": "/subscriptions/bcbcf765-e12d-41da-b152-0ddb2a53b69f/resourceGroups/RG-EESSI-dev",
                            "location": "uksouth",
                            "name": "RG-EESSI-dev",
                            "tags.%": "0"
                        },
                        "meta": {},
                        "tainted": false
                    },
                    "deposed": [],
                    "provider": "provider.azurerm"
                }
            },
            "depends_on": []
        }
    ]
}
