{
    "version": 3,
    "terraform_version": "0.11.3",
    "serial": 1495,
    "lineage": "d3fcb5b8-357b-431a-b13f-f1f1e3782e44",
    "modules": [
        {
            "path": [
                "root"
            ],
            "outputs": {},
            "resources": {
                "azurerm_availability_set.EESSI-TEST01-RINA-BPM-AS": {
                    "type": "azurerm_availability_set",
                    "depends_on": [],
                    "primary": {
                        "id": "/subscriptions/5efd619c-0d6c-4bf6-a31b-d54ffda461c4/resourceGroups/EESSI-TEST01-RINA-BPM-RG/providers/Microsoft.Compute/availabilitySets/EESSI-TEST01-RINA-BPM-AS",
                        "attributes": {
                            "id": "/subscriptions/5efd619c-0d6c-4bf6-a31b-d54ffda461c4/resourceGroups/EESSI-TEST01-RINA-BPM-RG/providers/Microsoft.Compute/availabilitySets/EESSI-TEST01-RINA-BPM-AS",
                            "location": "uksouth",
                            "managed": "true",
                            "name": "EESSI-TEST01-RINA-BPM-AS",
                            "platform_fault_domain_count": "2",
                            "platform_update_domain_count": "5",
                            "resource_group_name": "EESSI-TEST01-RINA-BPM-RG",
                            "tags.%": "0"
                        },
                        "meta": {},
                        "tainted": false
                    },
                    "deposed": [],
                    "provider": "provider.azurerm"
                },
                "azurerm_managed_disk.aztst01-ribon01_OsDisk_1_14a28c99425047f5846e3b0660a631e1": {
                    "type": "azurerm_managed_disk",
                    "depends_on": [],
                    "primary": {
                        "id": "/subscriptions/5efd619c-0d6c-4bf6-a31b-d54ffda461c4/resourceGroups/EESSI-TEST01-RINA-BPM-RG/providers/Microsoft.Compute/disks/aztst01-ribon01_OsDisk_1_14a28c99425047f5846e3b0660a631e1",
                        "attributes": {
                            "create_option": "FromImage",
                            "disk_size_gb": "127",
                            "encryption_settings.#": "1",
                            "encryption_settings.0.disk_encryption_key.#": "1",
                            "encryption_settings.0.disk_encryption_key.0.secret_url": "https://eessi-test01-rina-kv.vault.azure.net/secrets/312B53BB-1AA5-4C06-BAE2-9BDE27D8B4E6/392f5d68c4e64028b3dda7c3519bf10d",
                            "encryption_settings.0.disk_encryption_key.0.source_vault_id": "/subscriptions/5efd619c-0d6c-4bf6-a31b-d54ffda461c4/resourceGroups/EESSI-Test-KV-RG/providers/Microsoft.KeyVault/vaults/EESSI-Test01-RINA-KV",
                            "encryption_settings.0.enabled": "true",
                            "encryption_settings.0.key_encryption_key.#": "1",
                            "encryption_settings.0.key_encryption_key.0.key_url": "https://eessi-test01-rina-kv.vault.azure.net/keys/keyencryptionkey/fd3804a1ede74530b4df285efe8b44b0",
                            "encryption_settings.0.key_encryption_key.0.source_vault_id": "/subscriptions/5efd619c-0d6c-4bf6-a31b-d54ffda461c4/resourceGroups/EESSI-Test-KV-RG/providers/Microsoft.KeyVault/vaults/EESSI-Test01-RINA-KV",
                            "id": "/subscriptions/5efd619c-0d6c-4bf6-a31b-d54ffda461c4/resourceGroups/EESSI-TEST01-RINA-BPM-RG/providers/Microsoft.Compute/disks/aztst01-ribon01_OsDisk_1_14a28c99425047f5846e3b0660a631e1",
                            "image_reference_id": "/Subscriptions/5efd619c-0d6c-4bf6-a31b-d54ffda461c4/Providers/Microsoft.Compute/Locations/uksouth/Publishers/MicrosoftWindowsServer/ArtifactTypes/VMImage/Offers/WindowsServer/Skus/2016-Datacenter/Versions/2016.127.20171217",
                            "location": "uksouth",
                            "name": "aztst01-ribon01_OsDisk_1_14a28c99425047f5846e3b0660a631e1",
                            "os_type": "Windows",
                            "resource_group_name": "EESSI-TEST01-RINA-BPM-RG",
                            "storage_account_type": "Premium_LRS",
                            "tags.%": "0",
                            "zones.#": "0"
                        },
                        "meta": {},
                        "tainted": false
                    },
                    "deposed": [],
                    "provider": "provider.azurerm"
                },
                "azurerm_managed_disk.aztst01-ribon02_OsDisk_1_76f04f80d9fb4e35bcc075aad19dd5e5": {
                    "type": "azurerm_managed_disk",
                    "depends_on": [],
                    "primary": {
                        "id": "/subscriptions/5efd619c-0d6c-4bf6-a31b-d54ffda461c4/resourceGroups/EESSI-TEST01-RINA-BPM-RG/providers/Microsoft.Compute/disks/aztst01-ribon02_OsDisk_1_76f04f80d9fb4e35bcc075aad19dd5e5",
                        "attributes": {
                            "create_option": "FromImage",
                            "disk_size_gb": "127",
                            "encryption_settings.#": "1",
                            "encryption_settings.0.disk_encryption_key.#": "1",
                            "encryption_settings.0.disk_encryption_key.0.secret_url": "https://eessi-test01-rina-kv.vault.azure.net/secrets/D0EE4253-9DA4-473E-83DD-BDF4E2FB7C4D/5dd0fd21bfe240b1b2bad5f5fb14c547",
                            "encryption_settings.0.disk_encryption_key.0.source_vault_id": "/subscriptions/5efd619c-0d6c-4bf6-a31b-d54ffda461c4/resourceGroups/EESSI-Test-KV-RG/providers/Microsoft.KeyVault/vaults/EESSI-Test01-RINA-KV",
                            "encryption_settings.0.enabled": "true",
                            "encryption_settings.0.key_encryption_key.#": "1",
                            "encryption_settings.0.key_encryption_key.0.key_url": "https://eessi-test01-rina-kv.vault.azure.net/keys/keyencryptionkey/fd3804a1ede74530b4df285efe8b44b0",
                            "encryption_settings.0.key_encryption_key.0.source_vault_id": "/subscriptions/5efd619c-0d6c-4bf6-a31b-d54ffda461c4/resourceGroups/EESSI-Test-KV-RG/providers/Microsoft.KeyVault/vaults/EESSI-Test01-RINA-KV",
                            "id": "/subscriptions/5efd619c-0d6c-4bf6-a31b-d54ffda461c4/resourceGroups/EESSI-TEST01-RINA-BPM-RG/providers/Microsoft.Compute/disks/aztst01-ribon02_OsDisk_1_76f04f80d9fb4e35bcc075aad19dd5e5",
                            "image_reference_id": "/Subscriptions/5efd619c-0d6c-4bf6-a31b-d54ffda461c4/Providers/Microsoft.Compute/Locations/uksouth/Publishers/MicrosoftWindowsServer/ArtifactTypes/VMImage/Offers/WindowsServer/Skus/2016-Datacenter/Versions/2016.127.20171217",
                            "location": "uksouth",
                            "name": "aztst01-ribon02_OsDisk_1_76f04f80d9fb4e35bcc075aad19dd5e5",
                            "os_type": "Windows",
                            "resource_group_name": "EESSI-TEST01-RINA-BPM-RG",
                            "storage_account_type": "Premium_LRS",
                            "tags.%": "0",
                            "zones.#": "0"
                        },
                        "meta": {},
                        "tainted": false
                    },
                    "deposed": [],
                    "provider": "provider.azurerm"
                },
                "azurerm_managed_disk.r2rnode01_OsDisk_1_17d34b2d37ae48d8b85edca04e890bed": {
                    "type": "azurerm_managed_disk",
                    "depends_on": [],
                    "primary": {
                        "id": "/subscriptions/5efd619c-0d6c-4bf6-a31b-d54ffda461c4/resourceGroups/RG-Rina2Rina-Playground/providers/Microsoft.Compute/disks/r2rnode01_OsDisk_1_17d34b2d37ae48d8b85edca04e890bed",
                        "attributes": {
                            "create_option": "FromImage",
                            "disk_size_gb": "127",
                            "id": "/subscriptions/5efd619c-0d6c-4bf6-a31b-d54ffda461c4/resourceGroups/RG-Rina2Rina-Playground/providers/Microsoft.Compute/disks/r2rnode01_OsDisk_1_17d34b2d37ae48d8b85edca04e890bed",
                            "image_reference_id": "/Subscriptions/5efd619c-0d6c-4bf6-a31b-d54ffda461c4/Providers/Microsoft.Compute/Locations/uksouth/Publishers/MicrosoftWindowsServer/ArtifactTypes/VMImage/Offers/WindowsServer/Skus/2016-Datacenter/Versions/2016.127.20171217",
                            "location": "uksouth",
                            "name": "r2rnode01_OsDisk_1_17d34b2d37ae48d8b85edca04e890bed",
                            "os_type": "Windows",
                            "resource_group_name": "RG-Rina2Rina-Playground",
                            "storage_account_type": "Premium_LRS",
                            "tags.%": "0",
                            "zones.#": "0"
                        },
                        "meta": {},
                        "tainted": false
                    },
                    "deposed": [],
                    "provider": "provider.azurerm"
                },
                "azurerm_managed_disk.r2rnode01_OsDisk_1_41de7c4230a4453cba557d884d0d2f2b": {
                    "type": "azurerm_managed_disk",
                    "depends_on": [],
                    "primary": {
                        "id": "/subscriptions/5efd619c-0d6c-4bf6-a31b-d54ffda461c4/resourceGroups/RG-Rina2Rina-Playground/providers/Microsoft.Compute/disks/r2rnode01_OsDisk_1_41de7c4230a4453cba557d884d0d2f2b",
                        "attributes": {
                            "create_option": "FromImage",
                            "disk_size_gb": "127",
                            "id": "/subscriptions/5efd619c-0d6c-4bf6-a31b-d54ffda461c4/resourceGroups/RG-Rina2Rina-Playground/providers/Microsoft.Compute/disks/r2rnode01_OsDisk_1_41de7c4230a4453cba557d884d0d2f2b",
                            "image_reference_id": "/Subscriptions/5efd619c-0d6c-4bf6-a31b-d54ffda461c4/Providers/Microsoft.Compute/Locations/uksouth/Publishers/MicrosoftWindowsServer/ArtifactTypes/VMImage/Offers/WindowsServer/Skus/2016-Datacenter/Versions/2016.127.20171217",
                            "location": "uksouth",
                            "name": "r2rnode01_OsDisk_1_41de7c4230a4453cba557d884d0d2f2b",
                            "os_type": "Windows",
                            "resource_group_name": "RG-Rina2Rina-Playground",
                            "storage_account_type": "Premium_LRS",
                            "tags.%": "0",
                            "zones.#": "0"
                        },
                        "meta": {},
                        "tainted": false
                    },
                    "deposed": [],
                    "provider": "provider.azurerm"
                },
                "azurerm_managed_disk.r2rnode02_OsDisk_1_4905941adb35486b90a68e6f6e1cd7b1": {
                    "type": "azurerm_managed_disk",
                    "depends_on": [],
                    "primary": {
                        "id": "/subscriptions/5efd619c-0d6c-4bf6-a31b-d54ffda461c4/resourceGroups/RG-Rina2Rina-Playground/providers/Microsoft.Compute/disks/r2rnode02_OsDisk_1_4905941adb35486b90a68e6f6e1cd7b1",
                        "attributes": {
                            "create_option": "FromImage",
                            "disk_size_gb": "127",
                            "id": "/subscriptions/5efd619c-0d6c-4bf6-a31b-d54ffda461c4/resourceGroups/RG-Rina2Rina-Playground/providers/Microsoft.Compute/disks/r2rnode02_OsDisk_1_4905941adb35486b90a68e6f6e1cd7b1",
                            "image_reference_id": "/Subscriptions/5efd619c-0d6c-4bf6-a31b-d54ffda461c4/Providers/Microsoft.Compute/Locations/uksouth/Publishers/MicrosoftWindowsServer/ArtifactTypes/VMImage/Offers/WindowsServer/Skus/2016-Datacenter/Versions/2016.127.20171217",
                            "location": "uksouth",
                            "name": "r2rnode02_OsDisk_1_4905941adb35486b90a68e6f6e1cd7b1",
                            "os_type": "Windows",
                            "resource_group_name": "RG-Rina2Rina-Playground",
                            "storage_account_type": "Premium_LRS",
                            "tags.%": "0",
                            "zones.#": "0"
                        },
                        "meta": {},
                        "tainted": false
                    },
                    "deposed": [],
                    "provider": "provider.azurerm"
                },
                "azurerm_managed_disk.r2rnode04_OsDisk_1_d29d1a0502814209a584b737bef33e22": {
                    "type": "azurerm_managed_disk",
                    "depends_on": [],
                    "primary": {
                        "id": "/subscriptions/5efd619c-0d6c-4bf6-a31b-d54ffda461c4/resourceGroups/RG-Rina2Rina-Playground/providers/Microsoft.Compute/disks/r2rnode04_OsDisk_1_d29d1a0502814209a584b737bef33e22",
                        "attributes": {
                            "create_option": "FromImage",
                            "disk_size_gb": "127",
                            "id": "/subscriptions/5efd619c-0d6c-4bf6-a31b-d54ffda461c4/resourceGroups/RG-Rina2Rina-Playground/providers/Microsoft.Compute/disks/r2rnode04_OsDisk_1_d29d1a0502814209a584b737bef33e22",
                            "image_reference_id": "/Subscriptions/5efd619c-0d6c-4bf6-a31b-d54ffda461c4/Providers/Microsoft.Compute/Locations/uksouth/Publishers/MicrosoftWindowsServer/ArtifactTypes/VMImage/Offers/WindowsServer/Skus/2016-Datacenter/Versions/2016.127.20171217",
                            "location": "uksouth",
                            "name": "r2rnode04_OsDisk_1_d29d1a0502814209a584b737bef33e22",
                            "os_type": "Windows",
                            "resource_group_name": "RG-Rina2Rina-Playground",
                            "storage_account_type": "Premium_LRS",
                            "tags.%": "0",
                            "zones.#": "0"
                        },
                        "meta": {},
                        "tainted": false
                    },
                    "deposed": [],
                    "provider": "provider.azurerm"
                },
                "azurerm_network_security_group.aztst01-ribon01-nsg": {
                    "type": "azurerm_network_security_group",
                    "depends_on": [],
                    "primary": {
                        "id": "/subscriptions/5efd619c-0d6c-4bf6-a31b-d54ffda461c4/resourceGroups/EESSI-TEST01-RINA-BPM-RG/providers/Microsoft.Network/networkSecurityGroups/aztst01-ribon01-nsg",
                        "attributes": {
                            "id": "/subscriptions/5efd619c-0d6c-4bf6-a31b-d54ffda461c4/resourceGroups/EESSI-TEST01-RINA-BPM-RG/providers/Microsoft.Network/networkSecurityGroups/aztst01-ribon01-nsg",
                            "location": "uksouth",
                            "name": "aztst01-ribon01-nsg",
                            "resource_group_name": "EESSI-TEST01-RINA-BPM-RG",
                            "security_rule.#": "2",
                            "security_rule.2972012272.access": "Deny",
                            "security_rule.2972012272.description": "All traffic originating from the Point-to-Site VPN is to be denied",
                            "security_rule.2972012272.destination_address_prefix": "*",
                            "security_rule.2972012272.destination_address_prefixes.#": "0",
                            "security_rule.2972012272.destination_application_security_group_ids.#": "0",
                            "security_rule.2972012272.destination_port_range": "*",
                            "security_rule.2972012272.destination_port_ranges.#": "0",
                            "security_rule.2972012272.direction": "Inbound",
                            "security_rule.2972012272.name": "Deny-P2S-Traffic",
                            "security_rule.2972012272.priority": "4000",
                            "security_rule.2972012272.protocol": "*",
                            "security_rule.2972012272.source_address_prefix": "10.86.60.0/25",
                            "security_rule.2972012272.source_address_prefixes.#": "0",
                            "security_rule.2972012272.source_application_security_group_ids.#": "0",
                            "security_rule.2972012272.source_port_range": "*",
                            "security_rule.2972012272.source_port_ranges.#": "0",
                            "security_rule.4167390957.access": "Allow",
                            "security_rule.4167390957.description": "Allow Remote Desktop traffic from Jumpbox Session Host",
                            "security_rule.4167390957.destination_address_prefix": "*",
                            "security_rule.4167390957.destination_address_prefixes.#": "0",
                            "security_rule.4167390957.destination_application_security_group_ids.#": "0",
                            "security_rule.4167390957.destination_port_range": "3389",
                            "security_rule.4167390957.destination_port_ranges.#": "0",
                            "security_rule.4167390957.direction": "Inbound",
                            "security_rule.4167390957.name": "default-allow-rdp",
                            "security_rule.4167390957.priority": "1000",
                            "security_rule.4167390957.protocol": "TCP",
                            "security_rule.4167390957.source_address_prefix": "10.86.6.44/32",
                            "security_rule.4167390957.source_address_prefixes.#": "0",
                            "security_rule.4167390957.source_application_security_group_ids.#": "0",
                            "security_rule.4167390957.source_port_range": "*",
                            "security_rule.4167390957.source_port_ranges.#": "0",
                            "tags.%": "0"
                        },
                        "meta": {},
                        "tainted": false
                    },
                    "deposed": [],
                    "provider": "provider.azurerm"
                },
                "azurerm_network_security_group.aztst01-ribon02-nsg": {
                    "type": "azurerm_network_security_group",
                    "depends_on": [],
                    "primary": {
                        "id": "/subscriptions/5efd619c-0d6c-4bf6-a31b-d54ffda461c4/resourceGroups/EESSI-TEST01-RINA-BPM-RG/providers/Microsoft.Network/networkSecurityGroups/aztst01-ribon02-nsg",
                        "attributes": {
                            "id": "/subscriptions/5efd619c-0d6c-4bf6-a31b-d54ffda461c4/resourceGroups/EESSI-TEST01-RINA-BPM-RG/providers/Microsoft.Network/networkSecurityGroups/aztst01-ribon02-nsg",
                            "location": "uksouth",
                            "name": "aztst01-ribon02-nsg",
                            "resource_group_name": "EESSI-TEST01-RINA-BPM-RG",
                            "security_rule.#": "2",
                            "security_rule.2972012272.access": "Deny",
                            "security_rule.2972012272.description": "All traffic originating from the Point-to-Site VPN is to be denied",
                            "security_rule.2972012272.destination_address_prefix": "*",
                            "security_rule.2972012272.destination_address_prefixes.#": "0",
                            "security_rule.2972012272.destination_application_security_group_ids.#": "0",
                            "security_rule.2972012272.destination_port_range": "*",
                            "security_rule.2972012272.destination_port_ranges.#": "0",
                            "security_rule.2972012272.direction": "Inbound",
                            "security_rule.2972012272.name": "Deny-P2S-Traffic",
                            "security_rule.2972012272.priority": "4000",
                            "security_rule.2972012272.protocol": "*",
                            "security_rule.2972012272.source_address_prefix": "10.86.60.0/25",
                            "security_rule.2972012272.source_address_prefixes.#": "0",
                            "security_rule.2972012272.source_application_security_group_ids.#": "0",
                            "security_rule.2972012272.source_port_range": "*",
                            "security_rule.2972012272.source_port_ranges.#": "0",
                            "security_rule.4167390957.access": "Allow",
                            "security_rule.4167390957.description": "Allow Remote Desktop traffic from Jumpbox Session Host",
                            "security_rule.4167390957.destination_address_prefix": "*",
                            "security_rule.4167390957.destination_address_prefixes.#": "0",
                            "security_rule.4167390957.destination_application_security_group_ids.#": "0",
                            "security_rule.4167390957.destination_port_range": "3389",
                            "security_rule.4167390957.destination_port_ranges.#": "0",
                            "security_rule.4167390957.direction": "Inbound",
                            "security_rule.4167390957.name": "default-allow-rdp",
                            "security_rule.4167390957.priority": "1000",
                            "security_rule.4167390957.protocol": "TCP",
                            "security_rule.4167390957.source_address_prefix": "10.86.6.44/32",
                            "security_rule.4167390957.source_address_prefixes.#": "0",
                            "security_rule.4167390957.source_application_security_group_ids.#": "0",
                            "security_rule.4167390957.source_port_range": "*",
                            "security_rule.4167390957.source_port_ranges.#": "0",
                            "tags.%": "0"
                        },
                        "meta": {},
                        "tainted": false
                    },
                    "deposed": [],
                    "provider": "provider.azurerm"
                },
                "azurerm_resource_group.EESSI-TEST01-RINA-BPM-RG": {
                    "type": "azurerm_resource_group",
                    "depends_on": [],
                    "primary": {
                        "id": "/subscriptions/5efd619c-0d6c-4bf6-a31b-d54ffda461c4/resourceGroups/EESSI-TEST01-RINA-BPM-RG",
                        "attributes": {
                            "id": "/subscriptions/5efd619c-0d6c-4bf6-a31b-d54ffda461c4/resourceGroups/EESSI-TEST01-RINA-BPM-RG",
                            "location": "uksouth",
                            "name": "EESSI-TEST01-RINA-BPM-RG",
                            "tags.%": "0"
                        },
                        "meta": {},
                        "tainted": false
                    },
                    "deposed": [],
                    "provider": "provider.azurerm"
                },
                "azurerm_storage_account.eessitest01ribpmdiagsa": {
                    "type": "azurerm_storage_account",
                    "depends_on": [],
                    "primary": {
                        "id": "/subscriptions/5efd619c-0d6c-4bf6-a31b-d54ffda461c4/resourceGroups/EESSI-TEST01-RINA-BPM-RG/providers/Microsoft.Storage/storageAccounts/eessitest01ribpmdiagsa",
                        "attributes": {
                            "access_tier": "",
                            "account_encryption_source": "Microsoft.Storage",
                            "account_kind": "Storage",
                            "account_replication_type": "LRS",
                            "account_tier": "Standard",
                            "account_type": "Standard_LRS",
                            "enable_blob_encryption": "true",
                            "enable_file_encryption": "true",
                            "enable_https_traffic_only": "false",
                            "id": "/subscriptions/5efd619c-0d6c-4bf6-a31b-d54ffda461c4/resourceGroups/EESSI-TEST01-RINA-BPM-RG/providers/Microsoft.Storage/storageAccounts/eessitest01ribpmdiagsa",
                            "location": "uksouth",
                            "name": "eessitest01ribpmdiagsa",
                            "primary_access_key": "z6jNODSX86fL+v89Z7pIx1S8xfiBfo+h7bheMx+4y1TKFibQtUepmlmJY2zENk0NJdNoHL2I06VAgIisxFUCJQ==",
                            "primary_blob_connection_string": "DefaultEndpointsProtocol=https;BlobEndpoint=https://eessitest01ribpmdiagsa.blob.core.windows.net/;AccountName=eessitest01ribpmdiagsa;AccountKey=z6jNODSX86fL+v89Z7pIx1S8xfiBfo+h7bheMx+4y1TKFibQtUepmlmJY2zENk0NJdNoHL2I06VAgIisxFUCJQ==",
                            "primary_blob_endpoint": "https://eessitest01ribpmdiagsa.blob.core.windows.net/",
                            "primary_connection_string": "DefaultEndpointsProtocol=https;AccountName=eessitest01ribpmdiagsa;AccountKey=z6jNODSX86fL+v89Z7pIx1S8xfiBfo+h7bheMx+4y1TKFibQtUepmlmJY2zENk0NJdNoHL2I06VAgIisxFUCJQ==;EndpointSuffix=core.windows.net",
                            "primary_file_endpoint": "https://eessitest01ribpmdiagsa.file.core.windows.net/",
                            "primary_location": "uksouth",
                            "primary_queue_endpoint": "https://eessitest01ribpmdiagsa.queue.core.windows.net/",
                            "primary_table_endpoint": "https://eessitest01ribpmdiagsa.table.core.windows.net/",
                            "resource_group_name": "EESSI-TEST01-RINA-BPM-RG",
                            "secondary_access_key": "0THKbVLLXUpru+5SQOKRuo5h89cfOWNiyOflduhDWNU0djXB6wG2SEucgxy+TuIOuoGbWrzfEdNrsD9dGS53wQ==",
                            "secondary_connection_string": "DefaultEndpointsProtocol=https;AccountName=eessitest01ribpmdiagsa;AccountKey=0THKbVLLXUpru+5SQOKRuo5h89cfOWNiyOflduhDWNU0djXB6wG2SEucgxy+TuIOuoGbWrzfEdNrsD9dGS53wQ==;EndpointSuffix=core.windows.net",
                            "secondary_location": "",
                            "tags.%": "0"
                        },
                        "meta": {
                            "schema_version": "2"
                        },
                        "tainted": false
                    },
                    "deposed": [],
                    "provider": "provider.azurerm"
                },
                "azurerm_storage_account.eessitest01rinabpmrg798": {
                    "type": "azurerm_storage_account",
                    "depends_on": [],
                    "primary": {
                        "id": "/subscriptions/5efd619c-0d6c-4bf6-a31b-d54ffda461c4/resourceGroups/EESSI-TEST01-RINA-BPM-RG/providers/Microsoft.Storage/storageAccounts/eessitest01rinabpmrg798",
                        "attributes": {
                            "access_tier": "",
                            "account_encryption_source": "Microsoft.Storage",
                            "account_kind": "Storage",
                            "account_replication_type": "LRS",
                            "account_tier": "Standard",
                            "account_type": "Standard_LRS",
                            "enable_blob_encryption": "true",
                            "enable_file_encryption": "true",
                            "enable_https_traffic_only": "false",
                            "id": "/subscriptions/5efd619c-0d6c-4bf6-a31b-d54ffda461c4/resourceGroups/EESSI-TEST01-RINA-BPM-RG/providers/Microsoft.Storage/storageAccounts/eessitest01rinabpmrg798",
                            "location": "uksouth",
                            "name": "eessitest01rinabpmrg798",
                            "primary_access_key": "92uNzTMGwqxSbRzYIoKc1fhhgPVco+Lo1J5QX+o1seIHIyTDllnEjB/eK+luWSkRZmU1BJVecn9kVwCYSl4XOQ==",
                            "primary_blob_connection_string": "DefaultEndpointsProtocol=https;BlobEndpoint=https://eessitest01rinabpmrg798.blob.core.windows.net/;AccountName=eessitest01rinabpmrg798;AccountKey=92uNzTMGwqxSbRzYIoKc1fhhgPVco+Lo1J5QX+o1seIHIyTDllnEjB/eK+luWSkRZmU1BJVecn9kVwCYSl4XOQ==",
                            "primary_blob_endpoint": "https://eessitest01rinabpmrg798.blob.core.windows.net/",
                            "primary_connection_string": "DefaultEndpointsProtocol=https;AccountName=eessitest01rinabpmrg798;AccountKey=92uNzTMGwqxSbRzYIoKc1fhhgPVco+Lo1J5QX+o1seIHIyTDllnEjB/eK+luWSkRZmU1BJVecn9kVwCYSl4XOQ==;EndpointSuffix=core.windows.net",
                            "primary_file_endpoint": "https://eessitest01rinabpmrg798.file.core.windows.net/",
                            "primary_location": "uksouth",
                            "primary_queue_endpoint": "https://eessitest01rinabpmrg798.queue.core.windows.net/",
                            "primary_table_endpoint": "https://eessitest01rinabpmrg798.table.core.windows.net/",
                            "resource_group_name": "EESSI-TEST01-RINA-BPM-RG",
                            "secondary_access_key": "SV3eeeSHCtpje7GyfuQBGpkOvIzXnS1BmxIa2w1kz8HK+xNi3eNnOjYYNU0It41ZcLzTBKWCLNngnISYcghmXA==",
                            "secondary_connection_string": "DefaultEndpointsProtocol=https;AccountName=eessitest01rinabpmrg798;AccountKey=SV3eeeSHCtpje7GyfuQBGpkOvIzXnS1BmxIa2w1kz8HK+xNi3eNnOjYYNU0It41ZcLzTBKWCLNngnISYcghmXA==;EndpointSuffix=core.windows.net",
                            "secondary_location": "",
                            "tags.%": "0"
                        },
                        "meta": {
                            "schema_version": "2"
                        },
                        "tainted": false
                    },
                    "deposed": [],
                    "provider": "provider.azurerm"
                }
            },
            "depends_on": []
        }
    ]
}
